{
  "version": 4,
  "terraform_version": "1.15.2",
  "serial": 434,
  "lineage": "a38da09a-d7d0-7cc4-c4a0-60bc8789c532",
  "outputs": {
    "api_url": {
      "value": "https://hrxk7wkv57.execute-api.us-east-1.amazonaws.com/dev",
      "type": "string"
    },
    "app_client_id": {
      "value": "7ru1n597qu1lkgnk991sk27mog",
      "type": "string"
    },
    "cloudfront_domain": {
      "value": "d1pjlyh9uhgn34.cloudfront.net",
      "type": "string"
    },
    "dashboard_name": {
      "value": "cloudshop-overview",
      "type": "string"
    },
    "dynamodb_tables": {
      "value": {
        "audit": "cloudshop-audit",
        "carts": "cloudshop-carts",
        "orders": "cloudshop-orders",
        "products": "cloudshop-products",
        "stores": "cloudshop-stores"
      },
      "type": [
        "object",
        {
          "audit": "string",
          "carts": "string",
          "orders": "string",
          "products": "string",
          "stores": "string"
        }
      ]
    },
    "event_bus_name": {
      "value": "cloudshop-events",
      "type": "string"
    },
    "frontend_bucket_name": {
      "value": "cloudshop-frontend-n9elxo",
      "type": "string"
    },
    "frontend_url": {
      "value": "https://d1pjlyh9uhgn34.cloudfront.net",
      "type": "string"
    },
    "user_pool_id": {
      "value": "us-east-1_q1p8VOvHv",
      "type": "string"
    }
  },
  "resources": [
    {
      "mode": "data",
      "type": "aws_caller_identity",
      "name": "current",
      "provider": "provider[\"registry.terraform.io/hashicorp/aws\"]",
      "instances": [
        {
          "schema_version": 0,
          "attributes": {
            "account_id": "511949652182",
            "arn": "arn:aws:iam::511949652182:user/lab-user",
            "id": "511949652182",
            "user_id": "AIDAXOMUTYDLAAOZBTXWQ"
          },
          "sensitive_attributes": [],
          "identity_schema_version": 0
        }
      ]
    },
    {
      "mode": "managed",
      "type": "aws_ssm_parameter",
      "name": "cloudshop_eventbus_name",
      "provider": "provider[\"registry.terraform.io/hashicorp/aws\"]",
      "instances": [
        {
          "schema_version": 0,
          "attributes": {
            "allowed_pattern": "",
            "arn": "arn:aws:ssm:us-east-1:511949652182:parameter/cloudshop/eventbus/name",
            "data_type": "text",
            "description": "",
            "has_value_wo": null,
            "id": "/cloudshop/eventbus/name",
            "insecure_value": null,
            "key_id": "",
            "name": "/cloudshop/eventbus/name",
            "overwrite": null,
            "tags": {},
            "tags_all": {
              "Environment": "dev",
              "ManagedBy": "Terraform",
              "Project": "CloudShop"
            },
            "tier": "Standard",
            "type": "String",
            "value": "cloudshop-events",
            "value_wo": null,
            "value_wo_version": null,
            "version": 1
          },
          "sensitive_attributes": [
            [
              {
                "type": "get_attr",
                "value": "value"
              }
            ],
            [
              {
                "type": "get_attr",
                "value": "value_wo"
              }
            ]
          ],
          "identity_schema_version": 0,
          "private": "bnVsbA=="
        }
      ]
    },
    {
      "module": "module.api_gateway",
      "mode": "managed",
      "type": "aws_api_gateway_api_key",
      "name": "this",
      "provider": "provider[\"registry.terraform.io/hashicorp/aws\"]",
      "instances": [
        {
          "schema_version": 0,
          "attributes": {
            "arn": "arn:aws:apigateway:us-east-1::/apikeys/u9b9fv4q57",
            "created_date": "2026-07-26T06:45:31Z",
            "customer_id": "",
            "description": "Managed by Terraform",
            "enabled": true,
            "id": "u9b9fv4q57",
            "last_updated_date": "2026-07-26T06:45:31Z",
            "name": "cloudshop-api-key",
            "tags": {},
            "tags_all": {
              "Environment": "dev",
              "ManagedBy": "Terraform",
              "Project": "CloudShop"
            },
            "value": "Mq12w6nQrq6tkYtJj964X9rtViBj9pgc4HZpobjV"
          },
          "sensitive_attributes": [
            [
              {
                "type": "get_attr",
                "value": "value"
              }
            ]
          ],
          "identity_schema_version": 0,
          "private": "bnVsbA=="
        }
      ]
    },
    {
      "module": "module.api_gateway",
      "mode": "managed",
      "type": "aws_api_gateway_authorizer",
      "name": "cognito",
      "provider": "provider[\"registry.terraform.io/hashicorp/aws\"]",
      "instances": [
        {
          "schema_version": 0,
          "attributes": {
            "arn": "arn:aws:apigateway:us-east-1::/restapis/hrxk7wkv57/authorizers/k1r8js",
            "authorizer_credentials": "",
            "authorizer_result_ttl_in_seconds": 300,
            "authorizer_uri": "",
            "id": "k1r8js",
            "identity_source": "method.request.header.Authorization",
            "identity_validation_expression": "",
            "name": "cloudshop-cognito-authorizer",
            "provider_arns": [
              "arn:aws:cognito-idp:us-east-1:511949652182:userpool/us-east-1_q1p8VOvHv"
            ],
            "rest_api_id": "hrxk7wkv57",
            "type": "COGNITO_USER_POOLS"
          },
          "sensitive_attributes": [],
          "identity_schema_version": 0,
          "private": "bnVsbA==",
          "dependencies": [
            "module.api_gateway.aws_api_gateway_rest_api.this",
            "module.cognito.aws_cognito_user_pool.users"
          ],
          "create_before_destroy": true
        }
      ]
    },
    {
      "module": "module.api_gateway",
      "mode": "managed",
      "type": "aws_api_gateway_deployment",
      "name": "this",
      "provider": "provider[\"registry.terraform.io/hashicorp/aws\"]",
      "instances": [
        {
          "schema_version": 0,
          "attributes": {
            "canary_settings": [],
            "created_date": "2026-07-26T07:20:50Z",
            "description": "",
            "execution_arn": "arn:aws:execute-api:us-east-1:511949652182:hrxk7wkv57/",
            "id": "xnqy3n",
            "invoke_url": "https://hrxk7wkv57.execute-api.us-east-1.amazonaws.com/",
            "rest_api_id": "hrxk7wkv57",
            "stage_description": null,
            "stage_name": null,
            "triggers": {
              "redeployment": "920ed7f4e5d9a2f71c46b203273b221a79eb69b6"
            },
            "variables": null
          },
          "sensitive_attributes": [],
          "identity_schema_version": 0,
          "private": "bnVsbA==",
          "dependencies": [
            "module.api_gateway.aws_api_gateway_authorizer.cognito",
            "module.api_gateway.aws_api_gateway_gateway_response.cors_4xx",
            "module.api_gateway.aws_api_gateway_gateway_response.cors_5xx",
            "module.api_gateway.aws_api_gateway_integration.options",
            "module.api_gateway.aws_api_gateway_integration.route",
            "module.api_gateway.aws_api_gateway_integration_response.options",
            "module.api_gateway.aws_api_gateway_method.options",
            "module.api_gateway.aws_api_gateway_method.route",
            "module.api_gateway.aws_api_gateway_method_response.options",
            "module.api_gateway.aws_api_gateway_resource.audit",
            "module.api_gateway.aws_api_gateway_resource.carts",
            "module.api_gateway.aws_api_gateway_resource.carts_id",
            "module.api_gateway.aws_api_gateway_resource.carts_id_products",
            "module.api_gateway.aws_api_gateway_resource.carts_id_products_id",
            "module.api_gateway.aws_api_gateway_resource.dashboard",
            "module.api_gateway.aws_api_gateway_resource.orders",
            "module.api_gateway.aws_api_gateway_resource.orders_id",
            "module.api_gateway.aws_api_gateway_resource.products",
            "module.api_gateway.aws_api_gateway_resource.products_id",
            "module.api_gateway.aws_api_gateway_resource.registrations",
            "module.api_gateway.aws_api_gateway_resource.stores",
            "module.api_gateway.aws_api_gateway_resource.stores_id",
            "module.api_gateway.aws_api_gateway_resource.users",
            "module.api_gateway.aws_api_gateway_resource.users_id",
            "module.api_gateway.aws_api_gateway_rest_api.this",
            "module.cognito.aws_cognito_user_pool.users",
            "module.dynamodb.aws_dynamodb_table.audit",
            "module.dynamodb.aws_dynamodb_table.carts",
            "module.dynamodb.aws_dynamodb_table.orders",
            "module.dynamodb.aws_dynamodb_table.products",
            "module.dynamodb.aws_dynamodb_table.stores",
            "module.iam.aws_iam_role.audit",
            "module.iam.aws_iam_role.carts",
            "module.iam.aws_iam_role.dashboard",
            "module.iam.aws_iam_role.notifications",
            "module.iam.aws_iam_role.orders",
            "module.iam.aws_iam_role.products",
            "module.iam.aws_iam_role.stores",
            "module.iam.aws_iam_role.users",
            "module.iam.data.aws_iam_policy_document.lambda_assume_role",
            "module.lambdas.aws_cloudwatch_log_group.this",
            "module.lambdas.aws_lambda_function.this",
            "module.lambdas.data.archive_file.this"
          ],
          "create_before_destroy": true
        }
      ]
    },
    {
      "module": "module.api_gateway",
      "mode": "managed",
      "type": "aws_api_gateway_gateway_response",
      "name": "cors_4xx",
      "provider": "provider[\"registry.terraform.io/hashicorp/aws\"]",
      "instances": [
        {
          "schema_version": 0,
          "attributes": {
            "id": "aggr-hrxk7wkv57-DEFAULT_4XX",
            "response_parameters": {
              "gatewayresponse.header.Access-Control-Allow-Headers": "'Content-Type,X-Amz-Date,Authorization,X-Api-Key,X-Amz-Security-Token'",
              "gatewayresponse.header.Access-Control-Allow-Origin": "'*'"
            },
            "response_templates": {
              "application/json": "{\"message\":$context.error.messageString}"
            },
            "response_type": "DEFAULT_4XX",
            "rest_api_id": "hrxk7wkv57",
            "status_code": ""
          },
          "sensitive_attributes": [],
          "identity_schema_version": 0,
          "private": "bnVsbA==",
          "dependencies": [
            "module.api_gateway.aws_api_gateway_rest_api.this"
          ],
          "create_before_destroy": true
        }
      ]
    },
    {
      "module": "module.api_gateway",
      "mode": "managed",
      "type": "aws_api_gateway_gateway_response",
      "name": "cors_5xx",
      "provider": "provider[\"registry.terraform.io/hashicorp/aws\"]",
      "instances": [
        {
          "schema_version": 0,
          "attributes": {
            "id": "aggr-hrxk7wkv57-DEFAULT_5XX",
            "response_parameters": {
              "gatewayresponse.header.Access-Control-Allow-Headers": "'Content-Type,X-Amz-Date,Authorization,X-Api-Key,X-Amz-Security-Token'",
              "gatewayresponse.header.Access-Control-Allow-Origin": "'*'"
            },
            "response_templates": {
              "application/json": "{\"message\":$context.error.messageString}"
            },
            "response_type": "DEFAULT_5XX",
            "rest_api_id": "hrxk7wkv57",
            "status_code": ""
          },
          "sensitive_attributes": [],
          "identity_schema_version": 0,
          "private": "bnVsbA==",
          "dependencies": [
            "module.api_gateway.aws_api_gateway_rest_api.this"
          ],
          "create_before_destroy": true
        }
      ]
    },
    {
      "module": "module.api_gateway",
      "mode": "managed",
      "type": "aws_api_gateway_integration",
      "name": "options",
      "provider": "provider[\"registry.terraform.io/hashicorp/aws\"]",
      "instances": [
        {
          "index_key": "audit",
          "schema_version": 0,
          "attributes": {
            "cache_key_parameters": [],
            "cache_namespace": "ik4wkl",
            "connection_id": "",
            "connection_type": "INTERNET",
            "content_handling": "",
            "credentials": "",
            "http_method": "OPTIONS",
            "id": "agi-hrxk7wkv57-ik4wkl-OPTIONS",
            "integration_http_method": "",
            "passthrough_behavior": "WHEN_NO_MATCH",
            "request_parameters": {},
            "request_templates": {
              "application/json": "{\"statusCode\": 200}"
            },
            "resource_id": "ik4wkl",
            "rest_api_id": "hrxk7wkv57",
            "timeout_milliseconds": 29000,
            "tls_config": [],
            "type": "MOCK",
            "uri": ""
          },
          "sensitive_attributes": [],
          "identity_schema_version": 0,
          "private": "bnVsbA==",
          "dependencies": [
            "module.api_gateway.aws_api_gateway_method.options",
            "module.api_gateway.aws_api_gateway_resource.audit",
            "module.api_gateway.aws_api_gateway_resource.carts",
            "module.api_gateway.aws_api_gateway_resource.carts_id",
            "module.api_gateway.aws_api_gateway_resource.carts_id_products",
            "module.api_gateway.aws_api_gateway_resource.carts_id_products_id",
            "module.api_gateway.aws_api_gateway_resource.dashboard",
            "module.api_gateway.aws_api_gateway_resource.orders",
            "module.api_gateway.aws_api_gateway_resource.orders_id",
            "module.api_gateway.aws_api_gateway_resource.products",
            "module.api_gateway.aws_api_gateway_resource.products_id",
            "module.api_gateway.aws_api_gateway_resource.registrations",
            "module.api_gateway.aws_api_gateway_resource.stores",
            "module.api_gateway.aws_api_gateway_resource.stores_id",
            "module.api_gateway.aws_api_gateway_resource.users",
            "module.api_gateway.aws_api_gateway_resource.users_id",
            "module.api_gateway.aws_api_gateway_rest_api.this",
            "module.dynamodb.aws_dynamodb_table.audit",
            "module.dynamodb.aws_dynamodb_table.carts",
            "module.dynamodb.aws_dynamodb_table.orders",
            "module.dynamodb.aws_dynamodb_table.products",
            "module.dynamodb.aws_dynamodb_table.stores",
            "module.iam.aws_iam_role.audit",
            "module.iam.aws_iam_role.carts",
            "module.iam.aws_iam_role.dashboard",
            "module.iam.aws_iam_role.notifications",
            "module.iam.aws_iam_role.orders",
            "module.iam.aws_iam_role.products",
            "module.iam.aws_iam_role.stores",
            "module.iam.aws_iam_role.users",
            "module.iam.data.aws_iam_policy_document.lambda_assume_role",
            "module.lambdas.aws_cloudwatch_log_group.this",
            "module.lambdas.aws_lambda_function.this",
            "module.lambdas.data.archive_file.this"
          ],
          "create_before_destroy": true
        },
        {
          "index_key": "carts_id",
          "schema_version": 0,
          "attributes": {
            "cache_key_parameters": [],
            "cache_namespace": "wt2mfu",
            "connection_id": "",
            "connection_type": "INTERNET",
            "content_handling": "",
            "credentials": "",
            "http_method": "OPTIONS",
            "id": "agi-hrxk7wkv57-wt2mfu-OPTIONS",
            "integration_http_method": "",
            "passthrough_behavior": "WHEN_NO_MATCH",
            "request_parameters": {},
            "request_templates": {
              "application/json": "{\"statusCode\": 200}"
            },
            "resource_id": "wt2mfu",
            "rest_api_id": "hrxk7wkv57",
            "timeout_milliseconds": 29000,
            "tls_config": [],
            "type": "MOCK",
            "uri": ""
          },
          "sensitive_attributes": [],
          "identity_schema_version": 0,
          "private": "bnVsbA==",
          "dependencies": [
            "module.api_gateway.aws_api_gateway_method.options",
            "module.api_gateway.aws_api_gateway_resource.audit",
            "module.api_gateway.aws_api_gateway_resource.carts",
            "module.api_gateway.aws_api_gateway_resource.carts_id",
            "module.api_gateway.aws_api_gateway_resource.carts_id_products",
            "module.api_gateway.aws_api_gateway_resource.carts_id_products_id",
            "module.api_gateway.aws_api_gateway_resource.dashboard",
            "module.api_gateway.aws_api_gateway_resource.orders",
            "module.api_gateway.aws_api_gateway_resource.orders_id",
            "module.api_gateway.aws_api_gateway_resource.products",
            "module.api_gateway.aws_api_gateway_resource.products_id",
            "module.api_gateway.aws_api_gateway_resource.registrations",
            "module.api_gateway.aws_api_gateway_resource.stores",
            "module.api_gateway.aws_api_gateway_resource.stores_id",
            "module.api_gateway.aws_api_gateway_resource.users",
            "module.api_gateway.aws_api_gateway_resource.users_id",
            "module.api_gateway.aws_api_gateway_rest_api.this",
            "module.dynamodb.aws_dynamodb_table.audit",
            "module.dynamodb.aws_dynamodb_table.carts",
            "module.dynamodb.aws_dynamodb_table.orders",
            "module.dynamodb.aws_dynamodb_table.products",
            "module.dynamodb.aws_dynamodb_table.stores",
            "module.iam.aws_iam_role.audit",
            "module.iam.aws_iam_role.carts",
            "module.iam.aws_iam_role.dashboard",
            "module.iam.aws_iam_role.notifications",
            "module.iam.aws_iam_role.orders",
            "module.iam.aws_iam_role.products",
            "module.iam.aws_iam_role.stores",
            "module.iam.aws_iam_role.users",
            "module.iam.data.aws_iam_policy_document.lambda_assume_role",
            "module.lambdas.aws_cloudwatch_log_group.this",
            "module.lambdas.aws_lambda_function.this",
            "module.lambdas.data.archive_file.this"
          ],
          "create_before_destroy": true
        },
        {
          "index_key": "carts_id_products_id",
          "schema_version": 0,
          "attributes": {
            "cache_key_parameters": [],
            "cache_namespace": "yax2d0",
            "connection_id": "",
            "connection_type": "INTERNET",
            "content_handling": "",
            "credentials": "",
            "http_method": "OPTIONS",
            "id": "agi-hrxk7wkv57-yax2d0-OPTIONS",
            "integration_http_method": "",
            "passthrough_behavior": "WHEN_NO_MATCH",
            "request_parameters": {},
            "request_templates": {
              "application/json": "{\"statusCode\": 200}"
            },
            "resource_id": "yax2d0",
            "rest_api_id": "hrxk7wkv57",
            "timeout_milliseconds": 29000,
            "tls_config": [],
            "type": "MOCK",
            "uri": ""
          },
          "sensitive_attributes": [],
          "identity_schema_version": 0,
          "private": "bnVsbA==",
          "dependencies": [
            "module.api_gateway.aws_api_gateway_method.options",
            "module.api_gateway.aws_api_gateway_resource.audit",
            "module.api_gateway.aws_api_gateway_resource.carts",
            "module.api_gateway.aws_api_gateway_resource.carts_id",
            "module.api_gateway.aws_api_gateway_resource.carts_id_products",
            "module.api_gateway.aws_api_gateway_resource.carts_id_products_id",
            "module.api_gateway.aws_api_gateway_resource.dashboard",
            "module.api_gateway.aws_api_gateway_resource.orders",
            "module.api_gateway.aws_api_gateway_resource.orders_id",
            "module.api_gateway.aws_api_gateway_resource.products",
            "module.api_gateway.aws_api_gateway_resource.products_id",
            "module.api_gateway.aws_api_gateway_resource.registrations",
            "module.api_gateway.aws_api_gateway_resource.stores",
            "module.api_gateway.aws_api_gateway_resource.stores_id",
            "module.api_gateway.aws_api_gateway_resource.users",
            "module.api_gateway.aws_api_gateway_resource.users_id",
            "module.api_gateway.aws_api_gateway_rest_api.this",
            "module.dynamodb.aws_dynamodb_table.audit",
            "module.dynamodb.aws_dynamodb_table.carts",
            "module.dynamodb.aws_dynamodb_table.orders",
            "module.dynamodb.aws_dynamodb_table.products",
            "module.dynamodb.aws_dynamodb_table.stores",
            "module.iam.aws_iam_role.audit",
            "module.iam.aws_iam_role.carts",
            "module.iam.aws_iam_role.dashboard",
            "module.iam.aws_iam_role.notifications",
            "module.iam.aws_iam_role.orders",
            "module.iam.aws_iam_role.products",
            "module.iam.aws_iam_role.stores",
            "module.iam.aws_iam_role.users",
            "module.iam.data.aws_iam_policy_document.lambda_assume_role",
            "module.lambdas.aws_cloudwatch_log_group.this",
            "module.lambdas.aws_lambda_function.this",
            "module.lambdas.data.archive_file.this"
          ],
          "create_before_destroy": true
        },
        {
          "index_key": "dashboard",
          "schema_version": 0,
          "attributes": {
            "cache_key_parameters": [],
            "cache_namespace": "2unbe6",
            "connection_id": "",
            "connection_type": "INTERNET",
            "content_handling": "",
            "credentials": "",
            "http_method": "OPTIONS",
            "id": "agi-hrxk7wkv57-2unbe6-OPTIONS",
            "integration_http_method": "",
            "passthrough_behavior": "WHEN_NO_MATCH",
            "request_parameters": {},
            "request_templates": {
              "application/json": "{\"statusCode\": 200}"
            },
            "resource_id": "2unbe6",
            "rest_api_id": "hrxk7wkv57",
            "timeout_milliseconds": 29000,
            "tls_config": [],
            "type": "MOCK",
            "uri": ""
          },
          "sensitive_attributes": [],
          "identity_schema_version": 0,
          "private": "bnVsbA==",
          "dependencies": [
            "module.api_gateway.aws_api_gateway_method.options",
            "module.api_gateway.aws_api_gateway_resource.audit",
            "module.api_gateway.aws_api_gateway_resource.carts",
            "module.api_gateway.aws_api_gateway_resource.carts_id",
            "module.api_gateway.aws_api_gateway_resource.carts_id_products",
            "module.api_gateway.aws_api_gateway_resource.carts_id_products_id",
            "module.api_gateway.aws_api_gateway_resource.dashboard",
            "module.api_gateway.aws_api_gateway_resource.orders",
            "module.api_gateway.aws_api_gateway_resource.orders_id",
            "module.api_gateway.aws_api_gateway_resource.products",
            "module.api_gateway.aws_api_gateway_resource.products_id",
            "module.api_gateway.aws_api_gateway_resource.registrations",
            "module.api_gateway.aws_api_gateway_resource.stores",
            "module.api_gateway.aws_api_gateway_resource.stores_id",
            "module.api_gateway.aws_api_gateway_resource.users",
            "module.api_gateway.aws_api_gateway_resource.users_id",
            "module.api_gateway.aws_api_gateway_rest_api.this",
            "module.dynamodb.aws_dynamodb_table.audit",
            "module.dynamodb.aws_dynamodb_table.carts",
            "module.dynamodb.aws_dynamodb_table.orders",
            "module.dynamodb.aws_dynamodb_table.products",
            "module.dynamodb.aws_dynamodb_table.stores",
            "module.iam.aws_iam_role.audit",
            "module.iam.aws_iam_role.carts",
            "module.iam.aws_iam_role.dashboard",
            "module.iam.aws_iam_role.notifications",
            "module.iam.aws_iam_role.orders",
            "module.iam.aws_iam_role.products",
            "module.iam.aws_iam_role.stores",
            "module.iam.aws_iam_role.users",
            "module.iam.data.aws_iam_policy_document.lambda_assume_role",
            "module.lambdas.aws_cloudwatch_log_group.this",
            "module.lambdas.aws_lambda_function.this",
            "module.lambdas.data.archive_file.this"
          ],
          "create_before_destroy": true
        },
        {
          "index_key": "orders",
          "schema_version": 0,
          "attributes": {
            "cache_key_parameters": [],
            "cache_namespace": "15tf4y",
            "connection_id": "",
            "connection_type": "INTERNET",
            "content_handling": "",
            "credentials": "",
            "http_method": "OPTIONS",
            "id": "agi-hrxk7wkv57-15tf4y-OPTIONS",
            "integration_http_method": "",
            "passthrough_behavior": "WHEN_NO_MATCH",
            "request_parameters": {},
            "request_templates": {
              "application/json": "{\"statusCode\": 200}"
            },
            "resource_id": "15tf4y",
            "rest_api_id": "hrxk7wkv57",
            "timeout_milliseconds": 29000,
            "tls_config": [],
            "type": "MOCK",
            "uri": ""
          },
          "sensitive_attributes": [],
          "identity_schema_version": 0,
          "private": "bnVsbA==",
          "dependencies": [
            "module.api_gateway.aws_api_gateway_method.options",
            "module.api_gateway.aws_api_gateway_resource.audit",
            "module.api_gateway.aws_api_gateway_resource.carts",
            "module.api_gateway.aws_api_gateway_resource.carts_id",
            "module.api_gateway.aws_api_gateway_resource.carts_id_products",
            "module.api_gateway.aws_api_gateway_resource.carts_id_products_id",
            "module.api_gateway.aws_api_gateway_resource.dashboard",
            "module.api_gateway.aws_api_gateway_resource.orders",
            "module.api_gateway.aws_api_gateway_resource.orders_id",
            "module.api_gateway.aws_api_gateway_resource.products",
            "module.api_gateway.aws_api_gateway_resource.products_id",
            "module.api_gateway.aws_api_gateway_resource.registrations",
            "module.api_gateway.aws_api_gateway_resource.stores",
            "module.api_gateway.aws_api_gateway_resource.stores_id",
            "module.api_gateway.aws_api_gateway_resource.users",
            "module.api_gateway.aws_api_gateway_resource.users_id",
            "module.api_gateway.aws_api_gateway_rest_api.this",
            "module.dynamodb.aws_dynamodb_table.audit",
            "module.dynamodb.aws_dynamodb_table.carts",
            "module.dynamodb.aws_dynamodb_table.orders",
            "module.dynamodb.aws_dynamodb_table.products",
            "module.dynamodb.aws_dynamodb_table.stores",
            "module.iam.aws_iam_role.audit",
            "module.iam.aws_iam_role.carts",
            "module.iam.aws_iam_role.dashboard",
            "module.iam.aws_iam_role.notifications",
            "module.iam.aws_iam_role.orders",
            "module.iam.aws_iam_role.products",
            "module.iam.aws_iam_role.stores",
            "module.iam.aws_iam_role.users",
            "module.iam.data.aws_iam_policy_document.lambda_assume_role",
            "module.lambdas.aws_cloudwatch_log_group.this",
            "module.lambdas.aws_lambda_function.this",
            "module.lambdas.data.archive_file.this"
          ],
          "create_before_destroy": true
        },
        {
          "index_key": "orders_id",
          "schema_version": 0,
          "attributes": {
            "cache_key_parameters": [],
            "cache_namespace": "3bevf5",
            "connection_id": "",
            "connection_type": "INTERNET",
            "content_handling": "",
            "credentials": "",
            "http_method": "OPTIONS",
            "id": "agi-hrxk7wkv57-3bevf5-OPTIONS",
            "integration_http_method": "",
            "passthrough_behavior": "WHEN_NO_MATCH",
            "request_parameters": {},
            "request_templates": {
              "application/json": "{\"statusCode\": 200}"
            },
            "resource_id": "3bevf5",
            "rest_api_id": "hrxk7wkv57",
            "timeout_milliseconds": 29000,
            "tls_config": [],
            "type": "MOCK",
            "uri": ""
          },
          "sensitive_attributes": [],
          "identity_schema_version": 0,
          "private": "bnVsbA==",
          "dependencies": [
            "module.api_gateway.aws_api_gateway_method.options",
            "module.api_gateway.aws_api_gateway_resource.audit",
            "module.api_gateway.aws_api_gateway_resource.carts",
            "module.api_gateway.aws_api_gateway_resource.carts_id",
            "module.api_gateway.aws_api_gateway_resource.carts_id_products",
            "module.api_gateway.aws_api_gateway_resource.carts_id_products_id",
            "module.api_gateway.aws_api_gateway_resource.dashboard",
            "module.api_gateway.aws_api_gateway_resource.orders",
            "module.api_gateway.aws_api_gateway_resource.orders_id",
            "module.api_gateway.aws_api_gateway_resource.products",
            "module.api_gateway.aws_api_gateway_resource.products_id",
            "module.api_gateway.aws_api_gateway_resource.registrations",
            "module.api_gateway.aws_api_gateway_resource.stores",
            "module.api_gateway.aws_api_gateway_resource.stores_id",
            "module.api_gateway.aws_api_gateway_resource.users",
            "module.api_gateway.aws_api_gateway_resource.users_id",
            "module.api_gateway.aws_api_gateway_rest_api.this",
            "module.dynamodb.aws_dynamodb_table.audit",
            "module.dynamodb.aws_dynamodb_table.carts",
            "module.dynamodb.aws_dynamodb_table.orders",
            "module.dynamodb.aws_dynamodb_table.products",
            "module.dynamodb.aws_dynamodb_table.stores",
            "module.iam.aws_iam_role.audit",
            "module.iam.aws_iam_role.carts",
            "module.iam.aws_iam_role.dashboard",
            "module.iam.aws_iam_role.notifications",
            "module.iam.aws_iam_role.orders",
            "module.iam.aws_iam_role.products",
            "module.iam.aws_iam_role.stores",
            "module.iam.aws_iam_role.users",
            "module.iam.data.aws_iam_policy_document.lambda_assume_role",
            "module.lambdas.aws_cloudwatch_log_group.this",
            "module.lambdas.aws_lambda_function.this",
            "module.lambdas.data.archive_file.this"
          ],
          "create_before_destroy": true
        },
        {
          "index_key": "products",
          "schema_version": 0,
          "attributes": {
            "cache_key_parameters": [],
            "cache_namespace": "xxn8gn",
            "connection_id": "",
            "connection_type": "INTERNET",
            "content_handling": "",
            "credentials": "",
            "http_method": "OPTIONS",
            "id": "agi-hrxk7wkv57-xxn8gn-OPTIONS",
            "integration_http_method": "",
            "passthrough_behavior": "WHEN_NO_MATCH",
            "request_parameters": {},
            "request_templates": {
              "application/json": "{\"statusCode\": 200}"
            },
            "resource_id": "xxn8gn",
            "rest_api_id": "hrxk7wkv57",
            "timeout_milliseconds": 29000,
            "tls_config": [],
            "type": "MOCK",
            "uri": ""
          },
          "sensitive_attributes": [],
          "identity_schema_version": 0,
          "private": "bnVsbA==",
          "dependencies": [
            "module.api_gateway.aws_api_gateway_method.options",
            "module.api_gateway.aws_api_gateway_resource.audit",
            "module.api_gateway.aws_api_gateway_resource.carts",
            "module.api_gateway.aws_api_gateway_resource.carts_id",
            "module.api_gateway.aws_api_gateway_resource.carts_id_products",
            "module.api_gateway.aws_api_gateway_resource.carts_id_products_id",
            "module.api_gateway.aws_api_gateway_resource.dashboard",
            "module.api_gateway.aws_api_gateway_resource.orders",
            "module.api_gateway.aws_api_gateway_resource.orders_id",
            "module.api_gateway.aws_api_gateway_resource.products",
            "module.api_gateway.aws_api_gateway_resource.products_id",
            "module.api_gateway.aws_api_gateway_resource.registrations",
            "module.api_gateway.aws_api_gateway_resource.stores",
            "module.api_gateway.aws_api_gateway_resource.stores_id",
            "module.api_gateway.aws_api_gateway_resource.users",
            "module.api_gateway.aws_api_gateway_resource.users_id",
            "module.api_gateway.aws_api_gateway_rest_api.this",
            "module.dynamodb.aws_dynamodb_table.audit",
            "module.dynamodb.aws_dynamodb_table.carts",
            "module.dynamodb.aws_dynamodb_table.orders",
            "module.dynamodb.aws_dynamodb_table.products",
            "module.dynamodb.aws_dynamodb_table.stores",
            "module.iam.aws_iam_role.audit",
            "module.iam.aws_iam_role.carts",
            "module.iam.aws_iam_role.dashboard",
            "module.iam.aws_iam_role.notifications",
            "module.iam.aws_iam_role.orders",
            "module.iam.aws_iam_role.products",
            "module.iam.aws_iam_role.stores",
            "module.iam.aws_iam_role.users",
            "module.iam.data.aws_iam_policy_document.lambda_assume_role",
            "module.lambdas.aws_cloudwatch_log_group.this",
            "module.lambdas.aws_lambda_function.this",
            "module.lambdas.data.archive_file.this"
          ],
          "create_before_destroy": true
        },
        {
          "index_key": "products_id",
          "schema_version": 0,
          "attributes": {
            "cache_key_parameters": [],
            "cache_namespace": "558efg",
            "connection_id": "",
            "connection_type": "INTERNET",
            "content_handling": "",
            "credentials": "",
            "http_method": "OPTIONS",
            "id": "agi-hrxk7wkv57-558efg-OPTIONS",
            "integration_http_method": "",
            "passthrough_behavior": "WHEN_NO_MATCH",
            "request_parameters": {},
            "request_templates": {
              "application/json": "{\"statusCode\": 200}"
            },
            "resource_id": "558efg",
            "rest_api_id": "hrxk7wkv57",
            "timeout_milliseconds": 29000,
            "tls_config": [],
            "type": "MOCK",
            "uri": ""
          },
          "sensitive_attributes": [],
          "identity_schema_version": 0,
          "private": "bnVsbA==",
          "dependencies": [
            "module.api_gateway.aws_api_gateway_method.options",
            "module.api_gateway.aws_api_gateway_resource.audit",
            "module.api_gateway.aws_api_gateway_resource.carts",
            "module.api_gateway.aws_api_gateway_resource.carts_id",
            "module.api_gateway.aws_api_gateway_resource.carts_id_products",
            "module.api_gateway.aws_api_gateway_resource.carts_id_products_id",
            "module.api_gateway.aws_api_gateway_resource.dashboard",
            "module.api_gateway.aws_api_gateway_resource.orders",
            "module.api_gateway.aws_api_gateway_resource.orders_id",
            "module.api_gateway.aws_api_gateway_resource.products",
            "module.api_gateway.aws_api_gateway_resource.products_id",
            "module.api_gateway.aws_api_gateway_resource.registrations",
            "module.api_gateway.aws_api_gateway_resource.stores",
            "module.api_gateway.aws_api_gateway_resource.stores_id",
            "module.api_gateway.aws_api_gateway_resource.users",
            "module.api_gateway.aws_api_gateway_resource.users_id",
            "module.api_gateway.aws_api_gateway_rest_api.this",
            "module.dynamodb.aws_dynamodb_table.audit",
            "module.dynamodb.aws_dynamodb_table.carts",
            "module.dynamodb.aws_dynamodb_table.orders",
            "module.dynamodb.aws_dynamodb_table.products",
            "module.dynamodb.aws_dynamodb_table.stores",
            "module.iam.aws_iam_role.audit",
            "module.iam.aws_iam_role.carts",
            "module.iam.aws_iam_role.dashboard",
            "module.iam.aws_iam_role.notifications",
            "module.iam.aws_iam_role.orders",
            "module.iam.aws_iam_role.products",
            "module.iam.aws_iam_role.stores",
            "module.iam.aws_iam_role.users",
            "module.iam.data.aws_iam_policy_document.lambda_assume_role",
            "module.lambdas.aws_cloudwatch_log_group.this",
            "module.lambdas.aws_lambda_function.this",
            "module.lambdas.data.archive_file.this"
          ],
          "create_before_destroy": true
        },
        {
          "index_key": "registrations",
          "schema_version": 0,
          "attributes": {
            "cache_key_parameters": [],
            "cache_namespace": "npg67s",
            "connection_id": "",
            "connection_type": "INTERNET",
            "content_handling": "",
            "credentials": "",
            "http_method": "OPTIONS",
            "id": "agi-hrxk7wkv57-npg67s-OPTIONS",
            "integration_http_method": "",
            "passthrough_behavior": "WHEN_NO_MATCH",
            "request_parameters": {},
            "request_templates": {
              "application/json": "{\"statusCode\": 200}"
            },
            "resource_id": "npg67s",
            "rest_api_id": "hrxk7wkv57",
            "timeout_milliseconds": 29000,
            "tls_config": [],
            "type": "MOCK",
            "uri": ""
          },
          "sensitive_attributes": [],
          "identity_schema_version": 0,
          "private": "bnVsbA==",
          "dependencies": [
            "module.api_gateway.aws_api_gateway_method.options",
            "module.api_gateway.aws_api_gateway_resource.audit",
            "module.api_gateway.aws_api_gateway_resource.carts",
            "module.api_gateway.aws_api_gateway_resource.carts_id",
            "module.api_gateway.aws_api_gateway_resource.carts_id_products",
            "module.api_gateway.aws_api_gateway_resource.carts_id_products_id",
            "module.api_gateway.aws_api_gateway_resource.dashboard",
            "module.api_gateway.aws_api_gateway_resource.orders",
            "module.api_gateway.aws_api_gateway_resource.orders_id",
            "module.api_gateway.aws_api_gateway_resource.products",
            "module.api_gateway.aws_api_gateway_resource.products_id",
            "module.api_gateway.aws_api_gateway_resource.registrations",
            "module.api_gateway.aws_api_gateway_resource.stores",
            "module.api_gateway.aws_api_gateway_resource.stores_id",
            "module.api_gateway.aws_api_gateway_resource.users",
            "module.api_gateway.aws_api_gateway_resource.users_id",
            "module.api_gateway.aws_api_gateway_rest_api.this",
            "module.dynamodb.aws_dynamodb_table.audit",
            "module.dynamodb.aws_dynamodb_table.carts",
            "module.dynamodb.aws_dynamodb_table.orders",
            "module.dynamodb.aws_dynamodb_table.products",
            "module.dynamodb.aws_dynamodb_table.stores",
            "module.iam.aws_iam_role.audit",
            "module.iam.aws_iam_role.carts",
            "module.iam.aws_iam_role.dashboard",
            "module.iam.aws_iam_role.notifications",
            "module.iam.aws_iam_role.orders",
            "module.iam.aws_iam_role.products",
            "module.iam.aws_iam_role.stores",
            "module.iam.aws_iam_role.users",
            "module.iam.data.aws_iam_policy_document.lambda_assume_role",
            "module.lambdas.aws_cloudwatch_log_group.this",
            "module.lambdas.aws_lambda_function.this",
            "module.lambdas.data.archive_file.this"
          ],
          "create_before_destroy": true
        },
        {
          "index_key": "stores",
          "schema_version": 0,
          "attributes": {
            "cache_key_parameters": [],
            "cache_namespace": "1wy9is",
            "connection_id": "",
            "connection_type": "INTERNET",
            "content_handling": "",
            "credentials": "",
            "http_method": "OPTIONS",
            "id": "agi-hrxk7wkv57-1wy9is-OPTIONS",
            "integration_http_method": "",
            "passthrough_behavior": "WHEN_NO_MATCH",
            "request_parameters": {},
            "request_templates": {
              "application/json": "{\"statusCode\": 200}"
            },
            "resource_id": "1wy9is",
            "rest_api_id": "hrxk7wkv57",
            "timeout_milliseconds": 29000,
            "tls_config": [],
            "type": "MOCK",
            "uri": ""
          },
          "sensitive_attributes": [],
          "identity_schema_version": 0,
          "private": "bnVsbA==",
          "dependencies": [
            "module.api_gateway.aws_api_gateway_method.options",
            "module.api_gateway.aws_api_gateway_resource.audit",
            "module.api_gateway.aws_api_gateway_resource.carts",
            "module.api_gateway.aws_api_gateway_resource.carts_id",
            "module.api_gateway.aws_api_gateway_resource.carts_id_products",
            "module.api_gateway.aws_api_gateway_resource.carts_id_products_id",
            "module.api_gateway.aws_api_gateway_resource.dashboard",
            "module.api_gateway.aws_api_gateway_resource.orders",
            "module.api_gateway.aws_api_gateway_resource.orders_id",
            "module.api_gateway.aws_api_gateway_resource.products",
            "module.api_gateway.aws_api_gateway_resource.products_id",
            "module.api_gateway.aws_api_gateway_resource.registrations",
            "module.api_gateway.aws_api_gateway_resource.stores",
            "module.api_gateway.aws_api_gateway_resource.stores_id",
            "module.api_gateway.aws_api_gateway_resource.users",
            "module.api_gateway.aws_api_gateway_resource.users_id",
            "module.api_gateway.aws_api_gateway_rest_api.this",
            "module.dynamodb.aws_dynamodb_table.audit",
            "module.dynamodb.aws_dynamodb_table.carts",
            "module.dynamodb.aws_dynamodb_table.orders",
            "module.dynamodb.aws_dynamodb_table.products",
            "module.dynamodb.aws_dynamodb_table.stores",
            "module.iam.aws_iam_role.audit",
            "module.iam.aws_iam_role.carts",
            "module.iam.aws_iam_role.dashboard",
            "module.iam.aws_iam_role.notifications",
            "module.iam.aws_iam_role.orders",
            "module.iam.aws_iam_role.products",
            "module.iam.aws_iam_role.stores",
            "module.iam.aws_iam_role.users",
            "module.iam.data.aws_iam_policy_document.lambda_assume_role",
            "module.lambdas.aws_cloudwatch_log_group.this",
            "module.lambdas.aws_lambda_function.this",
            "module.lambdas.data.archive_file.this"
          ],
          "create_before_destroy": true
        },
        {
          "index_key": "stores_id",
          "schema_version": 0,
          "attributes": {
            "cache_key_parameters": [],
            "cache_namespace": "y9blxm",
            "connection_id": "",
            "connection_type": "INTERNET",
            "content_handling": "",
            "credentials": "",
            "http_method": "OPTIONS",
            "id": "agi-hrxk7wkv57-y9blxm-OPTIONS",
            "integration_http_method": "",
            "passthrough_behavior": "WHEN_NO_MATCH",
            "request_parameters": {},
            "request_templates": {
              "application/json": "{\"statusCode\": 200}"
            },
            "resource_id": "y9blxm",
            "rest_api_id": "hrxk7wkv57",
            "timeout_milliseconds": 29000,
            "tls_config": [],
            "type": "MOCK",
            "uri": ""
          },
          "sensitive_attributes": [],
          "identity_schema_version": 0,
          "private": "bnVsbA==",
          "dependencies": [
            "module.api_gateway.aws_api_gateway_method.options",
            "module.api_gateway.aws_api_gateway_resource.audit",
            "module.api_gateway.aws_api_gateway_resource.carts",
            "module.api_gateway.aws_api_gateway_resource.carts_id",
            "module.api_gateway.aws_api_gateway_resource.carts_id_products",
            "module.api_gateway.aws_api_gateway_resource.carts_id_products_id",
            "module.api_gateway.aws_api_gateway_resource.dashboard",
            "module.api_gateway.aws_api_gateway_resource.orders",
            "module.api_gateway.aws_api_gateway_resource.orders_id",
            "module.api_gateway.aws_api_gateway_resource.products",
            "module.api_gateway.aws_api_gateway_resource.products_id",
            "module.api_gateway.aws_api_gateway_resource.registrations",
            "module.api_gateway.aws_api_gateway_resource.stores",
            "module.api_gateway.aws_api_gateway_resource.stores_id",
            "module.api_gateway.aws_api_gateway_resource.users",
            "module.api_gateway.aws_api_gateway_resource.users_id",
            "module.api_gateway.aws_api_gateway_rest_api.this",
            "module.dynamodb.aws_dynamodb_table.audit",
            "module.dynamodb.aws_dynamodb_table.carts",
            "module.dynamodb.aws_dynamodb_table.orders",
            "module.dynamodb.aws_dynamodb_table.products",
            "module.dynamodb.aws_dynamodb_table.stores",
            "module.iam.aws_iam_role.audit",
            "module.iam.aws_iam_role.carts",
            "module.iam.aws_iam_role.dashboard",
            "module.iam.aws_iam_role.notifications",
            "module.iam.aws_iam_role.orders",
            "module.iam.aws_iam_role.products",
            "module.iam.aws_iam_role.stores",
            "module.iam.aws_iam_role.users",
            "module.iam.data.aws_iam_policy_document.lambda_assume_role",
            "module.lambdas.aws_cloudwatch_log_group.this",
            "module.lambdas.aws_lambda_function.this",
            "module.lambdas.data.archive_file.this"
          ],
          "create_before_destroy": true
        },
        {
          "index_key": "users",
          "schema_version": 0,
          "attributes": {
            "cache_key_parameters": [],
            "cache_namespace": "3ylmmg",
            "connection_id": "",
            "connection_type": "INTERNET",
            "content_handling": "",
            "credentials": "",
            "http_method": "OPTIONS",
            "id": "agi-hrxk7wkv57-3ylmmg-OPTIONS",
            "integration_http_method": "",
            "passthrough_behavior": "WHEN_NO_MATCH",
            "request_parameters": {},
            "request_templates": {
              "application/json": "{\"statusCode\": 200}"
            },
            "resource_id": "3ylmmg",
            "rest_api_id": "hrxk7wkv57",
            "timeout_milliseconds": 29000,
            "tls_config": [],
            "type": "MOCK",
            "uri": ""
          },
          "sensitive_attributes": [],
          "identity_schema_version": 0,
          "private": "bnVsbA==",
          "dependencies": [
            "module.api_gateway.aws_api_gateway_method.options",
            "module.api_gateway.aws_api_gateway_resource.audit",
            "module.api_gateway.aws_api_gateway_resource.carts",
            "module.api_gateway.aws_api_gateway_resource.carts_id",
            "module.api_gateway.aws_api_gateway_resource.carts_id_products",
            "module.api_gateway.aws_api_gateway_resource.carts_id_products_id",
            "module.api_gateway.aws_api_gateway_resource.dashboard",
            "module.api_gateway.aws_api_gateway_resource.orders",
            "module.api_gateway.aws_api_gateway_resource.orders_id",
            "module.api_gateway.aws_api_gateway_resource.products",
            "module.api_gateway.aws_api_gateway_resource.products_id",
            "module.api_gateway.aws_api_gateway_resource.registrations",
            "module.api_gateway.aws_api_gateway_resource.stores",
            "module.api_gateway.aws_api_gateway_resource.stores_id",
            "module.api_gateway.aws_api_gateway_resource.users",
            "module.api_gateway.aws_api_gateway_resource.users_id",
            "module.api_gateway.aws_api_gateway_rest_api.this",
            "module.dynamodb.aws_dynamodb_table.audit",
            "module.dynamodb.aws_dynamodb_table.carts",
            "module.dynamodb.aws_dynamodb_table.orders",
            "module.dynamodb.aws_dynamodb_table.products",
            "module.dynamodb.aws_dynamodb_table.stores",
            "module.iam.aws_iam_role.audit",
            "module.iam.aws_iam_role.carts",
            "module.iam.aws_iam_role.dashboard",
            "module.iam.aws_iam_role.notifications",
            "module.iam.aws_iam_role.orders",
            "module.iam.aws_iam_role.products",
            "module.iam.aws_iam_role.stores",
            "module.iam.aws_iam_role.users",
            "module.iam.data.aws_iam_policy_document.lambda_assume_role",
            "module.lambdas.aws_cloudwatch_log_group.this",
            "module.lambdas.aws_lambda_function.this",
            "module.lambdas.data.archive_file.this"
          ],
          "create_before_destroy": true
        },
        {
          "index_key": "users_id",
          "schema_version": 0,
          "attributes": {
            "cache_key_parameters": [],
            "cache_namespace": "aleyso",
            "connection_id": "",
            "connection_type": "INTERNET",
            "content_handling": "",
            "credentials": "",
            "http_method": "OPTIONS",
            "id": "agi-hrxk7wkv57-aleyso-OPTIONS",
            "integration_http_method": "",
            "passthrough_behavior": "WHEN_NO_MATCH",
            "request_parameters": {},
            "request_templates": {
              "application/json": "{\"statusCode\": 200}"
            },
            "resource_id": "aleyso",
            "rest_api_id": "hrxk7wkv57",
            "timeout_milliseconds": 29000,
            "tls_config": [],
            "type": "MOCK",
            "uri": ""
          },
          "sensitive_attributes": [],
          "identity_schema_version": 0,
          "private": "bnVsbA==",
          "dependencies": [
            "module.api_gateway.aws_api_gateway_method.options",
            "module.api_gateway.aws_api_gateway_resource.audit",
            "module.api_gateway.aws_api_gateway_resource.carts",
            "module.api_gateway.aws_api_gateway_resource.carts_id",
            "module.api_gateway.aws_api_gateway_resource.carts_id_products",
            "module.api_gateway.aws_api_gateway_resource.carts_id_products_id",
            "module.api_gateway.aws_api_gateway_resource.dashboard",
            "module.api_gateway.aws_api_gateway_resource.orders",
            "module.api_gateway.aws_api_gateway_resource.orders_id",
            "module.api_gateway.aws_api_gateway_resource.products",
            "module.api_gateway.aws_api_gateway_resource.products_id",
            "module.api_gateway.aws_api_gateway_resource.registrations",
            "module.api_gateway.aws_api_gateway_resource.stores",
            "module.api_gateway.aws_api_gateway_resource.stores_id",
            "module.api_gateway.aws_api_gateway_resource.users",
            "module.api_gateway.aws_api_gateway_resource.users_id",
            "module.api_gateway.aws_api_gateway_rest_api.this",
            "module.dynamodb.aws_dynamodb_table.audit",
            "module.dynamodb.aws_dynamodb_table.carts",
            "module.dynamodb.aws_dynamodb_table.orders",
            "module.dynamodb.aws_dynamodb_table.products",
            "module.dynamodb.aws_dynamodb_table.stores",
            "module.iam.aws_iam_role.audit",
            "module.iam.aws_iam_role.carts",
            "module.iam.aws_iam_role.dashboard",
            "module.iam.aws_iam_role.notifications",
            "module.iam.aws_iam_role.orders",
            "module.iam.aws_iam_role.products",
            "module.iam.aws_iam_role.stores",
            "module.iam.aws_iam_role.users",
            "module.iam.data.aws_iam_policy_document.lambda_assume_role",
            "module.lambdas.aws_cloudwatch_log_group.this",
            "module.lambdas.aws_lambda_function.this",
            "module.lambdas.data.archive_file.this"
          ],
          "create_before_destroy": true
        }
      ]
    },
    {
      "module": "module.api_gateway",
      "mode": "managed",
      "type": "aws_api_gateway_integration",
      "name": "route",
      "provider": "provider[\"registry.terraform.io/hashicorp/aws\"]",
      "instances": [
        {
          "index_key": "audit_get",
          "schema_version": 0,
          "attributes": {
            "cache_key_parameters": [],
            "cache_namespace": "ik4wkl",
            "connection_id": "",
            "connection_type": "INTERNET",
            "content_handling": "",
            "credentials": "",
            "http_method": "GET",
            "id": "agi-hrxk7wkv57-ik4wkl-GET",
            "integration_http_method": "POST",
            "passthrough_behavior": "WHEN_NO_MATCH",
            "request_parameters": {},
            "request_templates": {},
            "resource_id": "ik4wkl",
            "rest_api_id": "hrxk7wkv57",
            "timeout_milliseconds": 29000,
            "tls_config": [],
            "type": "AWS_PROXY",
            "uri": "arn:aws:apigateway:us-east-1:lambda:path/2015-03-31/functions/arn:aws:lambda:us-east-1:511949652182:function:cloudshop-audit-get/invocations"
          },
          "sensitive_attributes": [],
          "identity_schema_version": 0,
          "private": "bnVsbA==",
          "dependencies": [
            "module.api_gateway.aws_api_gateway_authorizer.cognito",
            "module.api_gateway.aws_api_gateway_method.route",
            "module.api_gateway.aws_api_gateway_resource.audit",
            "module.api_gateway.aws_api_gateway_resource.carts",
            "module.api_gateway.aws_api_gateway_resource.carts_id",
            "module.api_gateway.aws_api_gateway_resource.carts_id_products",
            "module.api_gateway.aws_api_gateway_resource.carts_id_products_id",
            "module.api_gateway.aws_api_gateway_resource.dashboard",
            "module.api_gateway.aws_api_gateway_resource.orders",
            "module.api_gateway.aws_api_gateway_resource.orders_id",
            "module.api_gateway.aws_api_gateway_resource.products",
            "module.api_gateway.aws_api_gateway_resource.products_id",
            "module.api_gateway.aws_api_gateway_resource.registrations",
            "module.api_gateway.aws_api_gateway_resource.stores",
            "module.api_gateway.aws_api_gateway_resource.stores_id",
            "module.api_gateway.aws_api_gateway_resource.users",
            "module.api_gateway.aws_api_gateway_resource.users_id",
            "module.api_gateway.aws_api_gateway_rest_api.this",
            "module.cognito.aws_cognito_user_pool.users",
            "module.dynamodb.aws_dynamodb_table.audit",
            "module.dynamodb.aws_dynamodb_table.carts",
            "module.dynamodb.aws_dynamodb_table.orders",
            "module.dynamodb.aws_dynamodb_table.products",
            "module.dynamodb.aws_dynamodb_table.stores",
            "module.iam.aws_iam_role.audit",
            "module.iam.aws_iam_role.carts",
            "module.iam.aws_iam_role.dashboard",
            "module.iam.aws_iam_role.notifications",
            "module.iam.aws_iam_role.orders",
            "module.iam.aws_iam_role.products",
            "module.iam.aws_iam_role.stores",
            "module.iam.aws_iam_role.users",
            "module.iam.data.aws_iam_policy_document.lambda_assume_role",
            "module.lambdas.aws_cloudwatch_log_group.this",
            "module.lambdas.aws_lambda_function.this",
            "module.lambdas.data.archive_file.this"
          ],
          "create_before_destroy": true
        },
        {
          "index_key": "carts_add_product",
          "schema_version": 0,
          "attributes": {
            "cache_key_parameters": [],
            "cache_namespace": "yax2d0",
            "connection_id": "",
            "connection_type": "INTERNET",
            "content_handling": "",
            "credentials": "",
            "http_method": "POST",
            "id": "agi-hrxk7wkv57-yax2d0-POST",
            "integration_http_method": "POST",
            "passthrough_behavior": "WHEN_NO_MATCH",
            "request_parameters": {},
            "request_templates": {},
            "resource_id": "yax2d0",
            "rest_api_id": "hrxk7wkv57",
            "timeout_milliseconds": 29000,
            "tls_config": [],
            "type": "AWS_PROXY",
            "uri": "arn:aws:apigateway:us-east-1:lambda:path/2015-03-31/functions/arn:aws:lambda:us-east-1:511949652182:function:cloudshop-carts-add-product/invocations"
          },
          "sensitive_attributes": [],
          "identity_schema_version": 0,
          "private": "bnVsbA==",
          "dependencies": [
            "module.api_gateway.aws_api_gateway_authorizer.cognito",
            "module.api_gateway.aws_api_gateway_method.route",
            "module.api_gateway.aws_api_gateway_resource.audit",
            "module.api_gateway.aws_api_gateway_resource.carts",
            "module.api_gateway.aws_api_gateway_resource.carts_id",
            "module.api_gateway.aws_api_gateway_resource.carts_id_products",
            "module.api_gateway.aws_api_gateway_resource.carts_id_products_id",
            "module.api_gateway.aws_api_gateway_resource.dashboard",
            "module.api_gateway.aws_api_gateway_resource.orders",
            "module.api_gateway.aws_api_gateway_resource.orders_id",
            "module.api_gateway.aws_api_gateway_resource.products",
            "module.api_gateway.aws_api_gateway_resource.products_id",
            "module.api_gateway.aws_api_gateway_resource.registrations",
            "module.api_gateway.aws_api_gateway_resource.stores",
            "module.api_gateway.aws_api_gateway_resource.stores_id",
            "module.api_gateway.aws_api_gateway_resource.users",
            "module.api_gateway.aws_api_gateway_resource.users_id",
            "module.api_gateway.aws_api_gateway_rest_api.this",
            "module.cognito.aws_cognito_user_pool.users",
            "module.dynamodb.aws_dynamodb_table.audit",
            "module.dynamodb.aws_dynamodb_table.carts",
            "module.dynamodb.aws_dynamodb_table.orders",
            "module.dynamodb.aws_dynamodb_table.products",
            "module.dynamodb.aws_dynamodb_table.stores",
            "module.iam.aws_iam_role.audit",
            "module.iam.aws_iam_role.carts",
            "module.iam.aws_iam_role.dashboard",
            "module.iam.aws_iam_role.notifications",
            "module.iam.aws_iam_role.orders",
            "module.iam.aws_iam_role.products",
            "module.iam.aws_iam_role.stores",
            "module.iam.aws_iam_role.users",
            "module.iam.data.aws_iam_policy_document.lambda_assume_role",
            "module.lambdas.aws_cloudwatch_log_group.this",
            "module.lambdas.aws_lambda_function.this",
            "module.lambdas.data.archive_file.this"
          ],
          "create_before_destroy": true
        },
        {
          "index_key": "carts_clear",
          "schema_version": 0,
          "attributes": {
            "cache_key_parameters": [],
            "cache_namespace": "wt2mfu",
            "connection_id": "",
            "connection_type": "INTERNET",
            "content_handling": "",
            "credentials": "",
            "http_method": "DELETE",
            "id": "agi-hrxk7wkv57-wt2mfu-DELETE",
            "integration_http_method": "POST",
            "passthrough_behavior": "WHEN_NO_MATCH",
            "request_parameters": {},
            "request_templates": {},
            "resource_id": "wt2mfu",
            "rest_api_id": "hrxk7wkv57",
            "timeout_milliseconds": 29000,
            "tls_config": [],
            "type": "AWS_PROXY",
            "uri": "arn:aws:apigateway:us-east-1:lambda:path/2015-03-31/functions/arn:aws:lambda:us-east-1:511949652182:function:cloudshop-carts-clear/invocations"
          },
          "sensitive_attributes": [],
          "identity_schema_version": 0,
          "private": "bnVsbA==",
          "dependencies": [
            "module.api_gateway.aws_api_gateway_authorizer.cognito",
            "module.api_gateway.aws_api_gateway_method.route",
            "module.api_gateway.aws_api_gateway_resource.audit",
            "module.api_gateway.aws_api_gateway_resource.carts",
            "module.api_gateway.aws_api_gateway_resource.carts_id",
            "module.api_gateway.aws_api_gateway_resource.carts_id_products",
            "module.api_gateway.aws_api_gateway_resource.carts_id_products_id",
            "module.api_gateway.aws_api_gateway_resource.dashboard",
            "module.api_gateway.aws_api_gateway_resource.orders",
            "module.api_gateway.aws_api_gateway_resource.orders_id",
            "module.api_gateway.aws_api_gateway_resource.products",
            "module.api_gateway.aws_api_gateway_resource.products_id",
            "module.api_gateway.aws_api_gateway_resource.registrations",
            "module.api_gateway.aws_api_gateway_resource.stores",
            "module.api_gateway.aws_api_gateway_resource.stores_id",
            "module.api_gateway.aws_api_gateway_resource.users",
            "module.api_gateway.aws_api_gateway_resource.users_id",
            "module.api_gateway.aws_api_gateway_rest_api.this",
            "module.cognito.aws_cognito_user_pool.users",
            "module.dynamodb.aws_dynamodb_table.audit",
            "module.dynamodb.aws_dynamodb_table.carts",
            "module.dynamodb.aws_dynamodb_table.orders",
            "module.dynamodb.aws_dynamodb_table.products",
            "module.dynamodb.aws_dynamodb_table.stores",
            "module.iam.aws_iam_role.audit",
            "module.iam.aws_iam_role.carts",
            "module.iam.aws_iam_role.dashboard",
            "module.iam.aws_iam_role.notifications",
            "module.iam.aws_iam_role.orders",
            "module.iam.aws_iam_role.products",
            "module.iam.aws_iam_role.stores",
            "module.iam.aws_iam_role.users",
            "module.iam.data.aws_iam_policy_document.lambda_assume_role",
            "module.lambdas.aws_cloudwatch_log_group.this",
            "module.lambdas.aws_lambda_function.this",
            "module.lambdas.data.archive_file.this"
          ],
          "create_before_destroy": true
        },
        {
          "index_key": "carts_get",
          "schema_version": 0,
          "attributes": {
            "cache_key_parameters": [],
            "cache_namespace": "wt2mfu",
            "connection_id": "",
            "connection_type": "INTERNET",
            "content_handling": "",
            "credentials": "",
            "http_method": "GET",
            "id": "agi-hrxk7wkv57-wt2mfu-GET",
            "integration_http_method": "POST",
            "passthrough_behavior": "WHEN_NO_MATCH",
            "request_parameters": {},
            "request_templates": {},
            "resource_id": "wt2mfu",
            "rest_api_id": "hrxk7wkv57",
            "timeout_milliseconds": 29000,
            "tls_config": [],
            "type": "AWS_PROXY",
            "uri": "arn:aws:apigateway:us-east-1:lambda:path/2015-03-31/functions/arn:aws:lambda:us-east-1:511949652182:function:cloudshop-carts-get/invocations"
          },
          "sensitive_attributes": [],
          "identity_schema_version": 0,
          "private": "bnVsbA==",
          "dependencies": [
            "module.api_gateway.aws_api_gateway_authorizer.cognito",
            "module.api_gateway.aws_api_gateway_method.route",
            "module.api_gateway.aws_api_gateway_resource.audit",
            "module.api_gateway.aws_api_gateway_resource.carts",
            "module.api_gateway.aws_api_gateway_resource.carts_id",
            "module.api_gateway.aws_api_gateway_resource.carts_id_products",
            "module.api_gateway.aws_api_gateway_resource.carts_id_products_id",
            "module.api_gateway.aws_api_gateway_resource.dashboard",
            "module.api_gateway.aws_api_gateway_resource.orders",
            "module.api_gateway.aws_api_gateway_resource.orders_id",
            "module.api_gateway.aws_api_gateway_resource.products",
            "module.api_gateway.aws_api_gateway_resource.products_id",
            "module.api_gateway.aws_api_gateway_resource.registrations",
            "module.api_gateway.aws_api_gateway_resource.stores",
            "module.api_gateway.aws_api_gateway_resource.stores_id",
            "module.api_gateway.aws_api_gateway_resource.users",
            "module.api_gateway.aws_api_gateway_resource.users_id",
            "module.api_gateway.aws_api_gateway_rest_api.this",
            "module.cognito.aws_cognito_user_pool.users",
            "module.dynamodb.aws_dynamodb_table.audit",
            "module.dynamodb.aws_dynamodb_table.carts",
            "module.dynamodb.aws_dynamodb_table.orders",
            "module.dynamodb.aws_dynamodb_table.products",
            "module.dynamodb.aws_dynamodb_table.stores",
            "module.iam.aws_iam_role.audit",
            "module.iam.aws_iam_role.carts",
            "module.iam.aws_iam_role.dashboard",
            "module.iam.aws_iam_role.notifications",
            "module.iam.aws_iam_role.orders",
            "module.iam.aws_iam_role.products",
            "module.iam.aws_iam_role.stores",
            "module.iam.aws_iam_role.users",
            "module.iam.data.aws_iam_policy_document.lambda_assume_role",
            "module.lambdas.aws_cloudwatch_log_group.this",
            "module.lambdas.aws_lambda_function.this",
            "module.lambdas.data.archive_file.this"
          ],
          "create_before_destroy": true
        },
        {
          "index_key": "carts_modify_quantity",
          "schema_version": 0,
          "attributes": {
            "cache_key_parameters": [],
            "cache_namespace": "yax2d0",
            "connection_id": "",
            "connection_type": "INTERNET",
            "content_handling": "",
            "credentials": "",
            "http_method": "PATCH",
            "id": "agi-hrxk7wkv57-yax2d0-PATCH",
            "integration_http_method": "POST",
            "passthrough_behavior": "WHEN_NO_MATCH",
            "request_parameters": {},
            "request_templates": {},
            "resource_id": "yax2d0",
            "rest_api_id": "hrxk7wkv57",
            "timeout_milliseconds": 29000,
            "tls_config": [],
            "type": "AWS_PROXY",
            "uri": "arn:aws:apigateway:us-east-1:lambda:path/2015-03-31/functions/arn:aws:lambda:us-east-1:511949652182:function:cloudshop-carts-modify-quantity/invocations"
          },
          "sensitive_attributes": [],
          "identity_schema_version": 0,
          "private": "bnVsbA==",
          "dependencies": [
            "module.api_gateway.aws_api_gateway_authorizer.cognito",
            "module.api_gateway.aws_api_gateway_method.route",
            "module.api_gateway.aws_api_gateway_resource.audit",
            "module.api_gateway.aws_api_gateway_resource.carts",
            "module.api_gateway.aws_api_gateway_resource.carts_id",
            "module.api_gateway.aws_api_gateway_resource.carts_id_products",
            "module.api_gateway.aws_api_gateway_resource.carts_id_products_id",
            "module.api_gateway.aws_api_gateway_resource.dashboard",
            "module.api_gateway.aws_api_gateway_resource.orders",
            "module.api_gateway.aws_api_gateway_resource.orders_id",
            "module.api_gateway.aws_api_gateway_resource.products",
            "module.api_gateway.aws_api_gateway_resource.products_id",
            "module.api_gateway.aws_api_gateway_resource.registrations",
            "module.api_gateway.aws_api_gateway_resource.stores",
            "module.api_gateway.aws_api_gateway_resource.stores_id",
            "module.api_gateway.aws_api_gateway_resource.users",
            "module.api_gateway.aws_api_gateway_resource.users_id",
            "module.api_gateway.aws_api_gateway_rest_api.this",
            "module.cognito.aws_cognito_user_pool.users",
            "module.dynamodb.aws_dynamodb_table.audit",
            "module.dynamodb.aws_dynamodb_table.carts",
            "module.dynamodb.aws_dynamodb_table.orders",
            "module.dynamodb.aws_dynamodb_table.products",
            "module.dynamodb.aws_dynamodb_table.stores",
            "module.iam.aws_iam_role.audit",
            "module.iam.aws_iam_role.carts",
            "module.iam.aws_iam_role.dashboard",
            "module.iam.aws_iam_role.notifications",
            "module.iam.aws_iam_role.orders",
            "module.iam.aws_iam_role.products",
            "module.iam.aws_iam_role.stores",
            "module.iam.aws_iam_role.users",
            "module.iam.data.aws_iam_policy_document.lambda_assume_role",
            "module.lambdas.aws_cloudwatch_log_group.this",
            "module.lambdas.aws_lambda_function.this",
            "module.lambdas.data.archive_file.this"
          ],
          "create_before_destroy": true
        },
        {
          "index_key": "carts_remove_product",
          "schema_version": 0,
          "attributes": {
            "cache_key_parameters": [],
            "cache_namespace": "yax2d0",
            "connection_id": "",
            "connection_type": "INTERNET",
            "content_handling": "",
            "credentials": "",
            "http_method": "DELETE",
            "id": "agi-hrxk7wkv57-yax2d0-DELETE",
            "integration_http_method": "POST",
            "passthrough_behavior": "WHEN_NO_MATCH",
            "request_parameters": {},
            "request_templates": {},
            "resource_id": "yax2d0",
            "rest_api_id": "hrxk7wkv57",
            "timeout_milliseconds": 29000,
            "tls_config": [],
            "type": "AWS_PROXY",
            "uri": "arn:aws:apigateway:us-east-1:lambda:path/2015-03-31/functions/arn:aws:lambda:us-east-1:511949652182:function:cloudshop-carts-remove-product/invocations"
          },
          "sensitive_attributes": [],
          "identity_schema_version": 0,
          "private": "bnVsbA==",
          "dependencies": [
            "module.api_gateway.aws_api_gateway_authorizer.cognito",
            "module.api_gateway.aws_api_gateway_method.route",
            "module.api_gateway.aws_api_gateway_resource.audit",
            "module.api_gateway.aws_api_gateway_resource.carts",
            "module.api_gateway.aws_api_gateway_resource.carts_id",
            "module.api_gateway.aws_api_gateway_resource.carts_id_products",
            "module.api_gateway.aws_api_gateway_resource.carts_id_products_id",
            "module.api_gateway.aws_api_gateway_resource.dashboard",
            "module.api_gateway.aws_api_gateway_resource.orders",
            "module.api_gateway.aws_api_gateway_resource.orders_id",
            "module.api_gateway.aws_api_gateway_resource.products",
            "module.api_gateway.aws_api_gateway_resource.products_id",
            "module.api_gateway.aws_api_gateway_resource.registrations",
            "module.api_gateway.aws_api_gateway_resource.stores",
            "module.api_gateway.aws_api_gateway_resource.stores_id",
            "module.api_gateway.aws_api_gateway_resource.users",
            "module.api_gateway.aws_api_gateway_resource.users_id",
            "module.api_gateway.aws_api_gateway_rest_api.this",
            "module.cognito.aws_cognito_user_pool.users",
            "module.dynamodb.aws_dynamodb_table.audit",
            "module.dynamodb.aws_dynamodb_table.carts",
            "module.dynamodb.aws_dynamodb_table.orders",
            "module.dynamodb.aws_dynamodb_table.products",
            "module.dynamodb.aws_dynamodb_table.stores",
            "module.iam.aws_iam_role.audit",
            "module.iam.aws_iam_role.carts",
            "module.iam.aws_iam_role.dashboard",
            "module.iam.aws_iam_role.notifications",
            "module.iam.aws_iam_role.orders",
            "module.iam.aws_iam_role.products",
            "module.iam.aws_iam_role.stores",
            "module.iam.aws_iam_role.users",
            "module.iam.data.aws_iam_policy_document.lambda_assume_role",
            "module.lambdas.aws_cloudwatch_log_group.this",
            "module.lambdas.aws_lambda_function.this",
            "module.lambdas.data.archive_file.this"
          ],
          "create_before_destroy": true
        },
        {
          "index_key": "dashboard_get",
          "schema_version": 0,
          "attributes": {
            "cache_key_parameters": [],
            "cache_namespace": "2unbe6",
            "connection_id": "",
            "connection_type": "INTERNET",
            "content_handling": "",
            "credentials": "",
            "http_method": "GET",
            "id": "agi-hrxk7wkv57-2unbe6-GET",
            "integration_http_method": "POST",
            "passthrough_behavior": "WHEN_NO_MATCH",
            "request_parameters": {},
            "request_templates": {},
            "resource_id": "2unbe6",
            "rest_api_id": "hrxk7wkv57",
            "timeout_milliseconds": 29000,
            "tls_config": [],
            "type": "AWS_PROXY",
            "uri": "arn:aws:apigateway:us-east-1:lambda:path/2015-03-31/functions/arn:aws:lambda:us-east-1:511949652182:function:cloudshop-dashboard-get/invocations"
          },
          "sensitive_attributes": [],
          "identity_schema_version": 0,
          "private": "bnVsbA==",
          "dependencies": [
            "module.api_gateway.aws_api_gateway_authorizer.cognito",
            "module.api_gateway.aws_api_gateway_method.route",
            "module.api_gateway.aws_api_gateway_resource.audit",
            "module.api_gateway.aws_api_gateway_resource.carts",
            "module.api_gateway.aws_api_gateway_resource.carts_id",
            "module.api_gateway.aws_api_gateway_resource.carts_id_products",
            "module.api_gateway.aws_api_gateway_resource.carts_id_products_id",
            "module.api_gateway.aws_api_gateway_resource.dashboard",
            "module.api_gateway.aws_api_gateway_resource.orders",
            "module.api_gateway.aws_api_gateway_resource.orders_id",
            "module.api_gateway.aws_api_gateway_resource.products",
            "module.api_gateway.aws_api_gateway_resource.products_id",
            "module.api_gateway.aws_api_gateway_resource.registrations",
            "module.api_gateway.aws_api_gateway_resource.stores",
            "module.api_gateway.aws_api_gateway_resource.stores_id",
            "module.api_gateway.aws_api_gateway_resource.users",
            "module.api_gateway.aws_api_gateway_resource.users_id",
            "module.api_gateway.aws_api_gateway_rest_api.this",
            "module.cognito.aws_cognito_user_pool.users",
            "module.dynamodb.aws_dynamodb_table.audit",
            "module.dynamodb.aws_dynamodb_table.carts",
            "module.dynamodb.aws_dynamodb_table.orders",
            "module.dynamodb.aws_dynamodb_table.products",
            "module.dynamodb.aws_dynamodb_table.stores",
            "module.iam.aws_iam_role.audit",
            "module.iam.aws_iam_role.carts",
            "module.iam.aws_iam_role.dashboard",
            "module.iam.aws_iam_role.notifications",
            "module.iam.aws_iam_role.orders",
            "module.iam.aws_iam_role.products",
            "module.iam.aws_iam_role.stores",
            "module.iam.aws_iam_role.users",
            "module.iam.data.aws_iam_policy_document.lambda_assume_role",
            "module.lambdas.aws_cloudwatch_log_group.this",
            "module.lambdas.aws_lambda_function.this",
            "module.lambdas.data.archive_file.this"
          ],
          "create_before_destroy": true
        },
        {
          "index_key": "orders_cancel",
          "schema_version": 0,
          "attributes": {
            "cache_key_parameters": [],
            "cache_namespace": "3bevf5",
            "connection_id": "",
            "connection_type": "INTERNET",
            "content_handling": "",
            "credentials": "",
            "http_method": "DELETE",
            "id": "agi-hrxk7wkv57-3bevf5-DELETE",
            "integration_http_method": "POST",
            "passthrough_behavior": "WHEN_NO_MATCH",
            "request_parameters": {},
            "request_templates": {},
            "resource_id": "3bevf5",
            "rest_api_id": "hrxk7wkv57",
            "timeout_milliseconds": 29000,
            "tls_config": [],
            "type": "AWS_PROXY",
            "uri": "arn:aws:apigateway:us-east-1:lambda:path/2015-03-31/functions/arn:aws:lambda:us-east-1:511949652182:function:cloudshop-orders-cancel/invocations"
          },
          "sensitive_attributes": [],
          "identity_schema_version": 0,
          "private": "bnVsbA==",
          "dependencies": [
            "module.api_gateway.aws_api_gateway_authorizer.cognito",
            "module.api_gateway.aws_api_gateway_method.route",
            "module.api_gateway.aws_api_gateway_resource.audit",
            "module.api_gateway.aws_api_gateway_resource.carts",
            "module.api_gateway.aws_api_gateway_resource.carts_id",
            "module.api_gateway.aws_api_gateway_resource.carts_id_products",
            "module.api_gateway.aws_api_gateway_resource.carts_id_products_id",
            "module.api_gateway.aws_api_gateway_resource.dashboard",
            "module.api_gateway.aws_api_gateway_resource.orders",
            "module.api_gateway.aws_api_gateway_resource.orders_id",
            "module.api_gateway.aws_api_gateway_resource.products",
            "module.api_gateway.aws_api_gateway_resource.products_id",
            "module.api_gateway.aws_api_gateway_resource.registrations",
            "module.api_gateway.aws_api_gateway_resource.stores",
            "module.api_gateway.aws_api_gateway_resource.stores_id",
            "module.api_gateway.aws_api_gateway_resource.users",
            "module.api_gateway.aws_api_gateway_resource.users_id",
            "module.api_gateway.aws_api_gateway_rest_api.this",
            "module.cognito.aws_cognito_user_pool.users",
            "module.dynamodb.aws_dynamodb_table.audit",
            "module.dynamodb.aws_dynamodb_table.carts",
            "module.dynamodb.aws_dynamodb_table.orders",
            "module.dynamodb.aws_dynamodb_table.products",
            "module.dynamodb.aws_dynamodb_table.stores",
            "module.iam.aws_iam_role.audit",
            "module.iam.aws_iam_role.carts",
            "module.iam.aws_iam_role.dashboard",
            "module.iam.aws_iam_role.notifications",
            "module.iam.aws_iam_role.orders",
            "module.iam.aws_iam_role.products",
            "module.iam.aws_iam_role.stores",
            "module.iam.aws_iam_role.users",
            "module.iam.data.aws_iam_policy_document.lambda_assume_role",
            "module.lambdas.aws_cloudwatch_log_group.this",
            "module.lambdas.aws_lambda_function.this",
            "module.lambdas.data.archive_file.this"
          ],
          "create_before_destroy": true
        },
        {
          "index_key": "orders_create",
          "schema_version": 0,
          "attributes": {
            "cache_key_parameters": [],
            "cache_namespace": "15tf4y",
            "connection_id": "",
            "connection_type": "INTERNET",
            "content_handling": "",
            "credentials": "",
            "http_method": "POST",
            "id": "agi-hrxk7wkv57-15tf4y-POST",
            "integration_http_method": "POST",
            "passthrough_behavior": "WHEN_NO_MATCH",
            "request_parameters": {},
            "request_templates": {},
            "resource_id": "15tf4y",
            "rest_api_id": "hrxk7wkv57",
            "timeout_milliseconds": 29000,
            "tls_config": [],
            "type": "AWS_PROXY",
            "uri": "arn:aws:apigateway:us-east-1:lambda:path/2015-03-31/functions/arn:aws:lambda:us-east-1:511949652182:function:cloudshop-orders-create/invocations"
          },
          "sensitive_attributes": [],
          "identity_schema_version": 0,
          "private": "bnVsbA==",
          "dependencies": [
            "module.api_gateway.aws_api_gateway_authorizer.cognito",
            "module.api_gateway.aws_api_gateway_method.route",
            "module.api_gateway.aws_api_gateway_resource.audit",
            "module.api_gateway.aws_api_gateway_resource.carts",
            "module.api_gateway.aws_api_gateway_resource.carts_id",
            "module.api_gateway.aws_api_gateway_resource.carts_id_products",
            "module.api_gateway.aws_api_gateway_resource.carts_id_products_id",
            "module.api_gateway.aws_api_gateway_resource.dashboard",
            "module.api_gateway.aws_api_gateway_resource.orders",
            "module.api_gateway.aws_api_gateway_resource.orders_id",
            "module.api_gateway.aws_api_gateway_resource.products",
            "module.api_gateway.aws_api_gateway_resource.products_id",
            "module.api_gateway.aws_api_gateway_resource.registrations",
            "module.api_gateway.aws_api_gateway_resource.stores",
            "module.api_gateway.aws_api_gateway_resource.stores_id",
            "module.api_gateway.aws_api_gateway_resource.users",
            "module.api_gateway.aws_api_gateway_resource.users_id",
            "module.api_gateway.aws_api_gateway_rest_api.this",
            "module.cognito.aws_cognito_user_pool.users",
            "module.dynamodb.aws_dynamodb_table.audit",
            "module.dynamodb.aws_dynamodb_table.carts",
            "module.dynamodb.aws_dynamodb_table.orders",
            "module.dynamodb.aws_dynamodb_table.products",
            "module.dynamodb.aws_dynamodb_table.stores",
            "module.iam.aws_iam_role.audit",
            "module.iam.aws_iam_role.carts",
            "module.iam.aws_iam_role.dashboard",
            "module.iam.aws_iam_role.notifications",
            "module.iam.aws_iam_role.orders",
            "module.iam.aws_iam_role.products",
            "module.iam.aws_iam_role.stores",
            "module.iam.aws_iam_role.users",
            "module.iam.data.aws_iam_policy_document.lambda_assume_role",
            "module.lambdas.aws_cloudwatch_log_group.this",
            "module.lambdas.aws_lambda_function.this",
            "module.lambdas.data.archive_file.this"
          ],
          "create_before_destroy": true
        },
        {
          "index_key": "orders_get",
          "schema_version": 0,
          "attributes": {
            "cache_key_parameters": [],
            "cache_namespace": "3bevf5",
            "connection_id": "",
            "connection_type": "INTERNET",
            "content_handling": "",
            "credentials": "",
            "http_method": "GET",
            "id": "agi-hrxk7wkv57-3bevf5-GET",
            "integration_http_method": "POST",
            "passthrough_behavior": "WHEN_NO_MATCH",
            "request_parameters": {},
            "request_templates": {},
            "resource_id": "3bevf5",
            "rest_api_id": "hrxk7wkv57",
            "timeout_milliseconds": 29000,
            "tls_config": [],
            "type": "AWS_PROXY",
            "uri": "arn:aws:apigateway:us-east-1:lambda:path/2015-03-31/functions/arn:aws:lambda:us-east-1:511949652182:function:cloudshop-orders-get/invocations"
          },
          "sensitive_attributes": [],
          "identity_schema_version": 0,
          "private": "bnVsbA==",
          "dependencies": [
            "module.api_gateway.aws_api_gateway_authorizer.cognito",
            "module.api_gateway.aws_api_gateway_method.route",
            "module.api_gateway.aws_api_gateway_resource.audit",
            "module.api_gateway.aws_api_gateway_resource.carts",
            "module.api_gateway.aws_api_gateway_resource.carts_id",
            "module.api_gateway.aws_api_gateway_resource.carts_id_products",
            "module.api_gateway.aws_api_gateway_resource.carts_id_products_id",
            "module.api_gateway.aws_api_gateway_resource.dashboard",
            "module.api_gateway.aws_api_gateway_resource.orders",
            "module.api_gateway.aws_api_gateway_resource.orders_id",
            "module.api_gateway.aws_api_gateway_resource.products",
            "module.api_gateway.aws_api_gateway_resource.products_id",
            "module.api_gateway.aws_api_gateway_resource.registrations",
            "module.api_gateway.aws_api_gateway_resource.stores",
            "module.api_gateway.aws_api_gateway_resource.stores_id",
            "module.api_gateway.aws_api_gateway_resource.users",
            "module.api_gateway.aws_api_gateway_resource.users_id",
            "module.api_gateway.aws_api_gateway_rest_api.this",
            "module.cognito.aws_cognito_user_pool.users",
            "module.dynamodb.aws_dynamodb_table.audit",
            "module.dynamodb.aws_dynamodb_table.carts",
            "module.dynamodb.aws_dynamodb_table.orders",
            "module.dynamodb.aws_dynamodb_table.products",
            "module.dynamodb.aws_dynamodb_table.stores",
            "module.iam.aws_iam_role.audit",
            "module.iam.aws_iam_role.carts",
            "module.iam.aws_iam_role.dashboard",
            "module.iam.aws_iam_role.notifications",
            "module.iam.aws_iam_role.orders",
            "module.iam.aws_iam_role.products",
            "module.iam.aws_iam_role.stores",
            "module.iam.aws_iam_role.users",
            "module.iam.data.aws_iam_policy_document.lambda_assume_role",
            "module.lambdas.aws_cloudwatch_log_group.this",
            "module.lambdas.aws_lambda_function.this",
            "module.lambdas.data.archive_file.this"
          ],
          "create_before_destroy": true
        },
        {
          "index_key": "orders_list",
          "schema_version": 0,
          "attributes": {
            "cache_key_parameters": [],
            "cache_namespace": "15tf4y",
            "connection_id": "",
            "connection_type": "INTERNET",
            "content_handling": "",
            "credentials": "",
            "http_method": "GET",
            "id": "agi-hrxk7wkv57-15tf4y-GET",
            "integration_http_method": "POST",
            "passthrough_behavior": "WHEN_NO_MATCH",
            "request_parameters": {},
            "request_templates": {},
            "resource_id": "15tf4y",
            "rest_api_id": "hrxk7wkv57",
            "timeout_milliseconds": 29000,
            "tls_config": [],
            "type": "AWS_PROXY",
            "uri": "arn:aws:apigateway:us-east-1:lambda:path/2015-03-31/functions/arn:aws:lambda:us-east-1:511949652182:function:cloudshop-orders-list/invocations"
          },
          "sensitive_attributes": [],
          "identity_schema_version": 0,
          "private": "bnVsbA==",
          "dependencies": [
            "module.api_gateway.aws_api_gateway_authorizer.cognito",
            "module.api_gateway.aws_api_gateway_method.route",
            "module.api_gateway.aws_api_gateway_resource.audit",
            "module.api_gateway.aws_api_gateway_resource.carts",
            "module.api_gateway.aws_api_gateway_resource.carts_id",
            "module.api_gateway.aws_api_gateway_resource.carts_id_products",
            "module.api_gateway.aws_api_gateway_resource.carts_id_products_id",
            "module.api_gateway.aws_api_gateway_resource.dashboard",
            "module.api_gateway.aws_api_gateway_resource.orders",
            "module.api_gateway.aws_api_gateway_resource.orders_id",
            "module.api_gateway.aws_api_gateway_resource.products",
            "module.api_gateway.aws_api_gateway_resource.products_id",
            "module.api_gateway.aws_api_gateway_resource.registrations",
            "module.api_gateway.aws_api_gateway_resource.stores",
            "module.api_gateway.aws_api_gateway_resource.stores_id",
            "module.api_gateway.aws_api_gateway_resource.users",
            "module.api_gateway.aws_api_gateway_resource.users_id",
            "module.api_gateway.aws_api_gateway_rest_api.this",
            "module.cognito.aws_cognito_user_pool.users",
            "module.dynamodb.aws_dynamodb_table.audit",
            "module.dynamodb.aws_dynamodb_table.carts",
            "module.dynamodb.aws_dynamodb_table.orders",
            "module.dynamodb.aws_dynamodb_table.products",
            "module.dynamodb.aws_dynamodb_table.stores",
            "module.iam.aws_iam_role.audit",
            "module.iam.aws_iam_role.carts",
            "module.iam.aws_iam_role.dashboard",
            "module.iam.aws_iam_role.notifications",
            "module.iam.aws_iam_role.orders",
            "module.iam.aws_iam_role.products",
            "module.iam.aws_iam_role.stores",
            "module.iam.aws_iam_role.users",
            "module.iam.data.aws_iam_policy_document.lambda_assume_role",
            "module.lambdas.aws_cloudwatch_log_group.this",
            "module.lambdas.aws_lambda_function.this",
            "module.lambdas.data.archive_file.this"
          ],
          "create_before_destroy": true
        },
        {
          "index_key": "orders_update_status",
          "schema_version": 0,
          "attributes": {
            "cache_key_parameters": [],
            "cache_namespace": "3bevf5",
            "connection_id": "",
            "connection_type": "INTERNET",
            "content_handling": "",
            "credentials": "",
            "http_method": "PATCH",
            "id": "agi-hrxk7wkv57-3bevf5-PATCH",
            "integration_http_method": "POST",
            "passthrough_behavior": "WHEN_NO_MATCH",
            "request_parameters": {},
            "request_templates": {},
            "resource_id": "3bevf5",
            "rest_api_id": "hrxk7wkv57",
            "timeout_milliseconds": 29000,
            "tls_config": [],
            "type": "AWS_PROXY",
            "uri": "arn:aws:apigateway:us-east-1:lambda:path/2015-03-31/functions/arn:aws:lambda:us-east-1:511949652182:function:cloudshop-orders-update-status/invocations"
          },
          "sensitive_attributes": [],
          "identity_schema_version": 0,
          "private": "bnVsbA==",
          "dependencies": [
            "module.api_gateway.aws_api_gateway_authorizer.cognito",
            "module.api_gateway.aws_api_gateway_method.route",
            "module.api_gateway.aws_api_gateway_resource.audit",
            "module.api_gateway.aws_api_gateway_resource.carts",
            "module.api_gateway.aws_api_gateway_resource.carts_id",
            "module.api_gateway.aws_api_gateway_resource.carts_id_products",
            "module.api_gateway.aws_api_gateway_resource.carts_id_products_id",
            "module.api_gateway.aws_api_gateway_resource.dashboard",
            "module.api_gateway.aws_api_gateway_resource.orders",
            "module.api_gateway.aws_api_gateway_resource.orders_id",
            "module.api_gateway.aws_api_gateway_resource.products",
            "module.api_gateway.aws_api_gateway_resource.products_id",
            "module.api_gateway.aws_api_gateway_resource.registrations",
            "module.api_gateway.aws_api_gateway_resource.stores",
            "module.api_gateway.aws_api_gateway_resource.stores_id",
            "module.api_gateway.aws_api_gateway_resource.users",
            "module.api_gateway.aws_api_gateway_resource.users_id",
            "module.api_gateway.aws_api_gateway_rest_api.this",
            "module.cognito.aws_cognito_user_pool.users",
            "module.dynamodb.aws_dynamodb_table.audit",
            "module.dynamodb.aws_dynamodb_table.carts",
            "module.dynamodb.aws_dynamodb_table.orders",
            "module.dynamodb.aws_dynamodb_table.products",
            "module.dynamodb.aws_dynamodb_table.stores",
            "module.iam.aws_iam_role.audit",
            "module.iam.aws_iam_role.carts",
            "module.iam.aws_iam_role.dashboard",
            "module.iam.aws_iam_role.notifications",
            "module.iam.aws_iam_role.orders",
            "module.iam.aws_iam_role.products",
            "module.iam.aws_iam_role.stores",
            "module.iam.aws_iam_role.users",
            "module.iam.data.aws_iam_policy_document.lambda_assume_role",
            "module.lambdas.aws_cloudwatch_log_group.this",
            "module.lambdas.aws_lambda_function.this",
            "module.lambdas.data.archive_file.this"
          ],
          "create_before_destroy": true
        },
        {
          "index_key": "products_create",
          "schema_version": 0,
          "attributes": {
            "cache_key_parameters": [],
            "cache_namespace": "xxn8gn",
            "connection_id": "",
            "connection_type": "INTERNET",
            "content_handling": "",
            "credentials": "",
            "http_method": "POST",
            "id": "agi-hrxk7wkv57-xxn8gn-POST",
            "integration_http_method": "POST",
            "passthrough_behavior": "WHEN_NO_MATCH",
            "request_parameters": {},
            "request_templates": {},
            "resource_id": "xxn8gn",
            "rest_api_id": "hrxk7wkv57",
            "timeout_milliseconds": 29000,
            "tls_config": [],
            "type": "AWS_PROXY",
            "uri": "arn:aws:apigateway:us-east-1:lambda:path/2015-03-31/functions/arn:aws:lambda:us-east-1:511949652182:function:cloudshop-products-create/invocations"
          },
          "sensitive_attributes": [],
          "identity_schema_version": 0,
          "private": "bnVsbA==",
          "dependencies": [
            "module.api_gateway.aws_api_gateway_authorizer.cognito",
            "module.api_gateway.aws_api_gateway_method.route",
            "module.api_gateway.aws_api_gateway_resource.audit",
            "module.api_gateway.aws_api_gateway_resource.carts",
            "module.api_gateway.aws_api_gateway_resource.carts_id",
            "module.api_gateway.aws_api_gateway_resource.carts_id_products",
            "module.api_gateway.aws_api_gateway_resource.carts_id_products_id",
            "module.api_gateway.aws_api_gateway_resource.dashboard",
            "module.api_gateway.aws_api_gateway_resource.orders",
            "module.api_gateway.aws_api_gateway_resource.orders_id",
            "module.api_gateway.aws_api_gateway_resource.products",
            "module.api_gateway.aws_api_gateway_resource.products_id",
            "module.api_gateway.aws_api_gateway_resource.registrations",
            "module.api_gateway.aws_api_gateway_resource.stores",
            "module.api_gateway.aws_api_gateway_resource.stores_id",
            "module.api_gateway.aws_api_gateway_resource.users",
            "module.api_gateway.aws_api_gateway_resource.users_id",
            "module.api_gateway.aws_api_gateway_rest_api.this",
            "module.cognito.aws_cognito_user_pool.users",
            "module.dynamodb.aws_dynamodb_table.audit",
            "module.dynamodb.aws_dynamodb_table.carts",
            "module.dynamodb.aws_dynamodb_table.orders",
            "module.dynamodb.aws_dynamodb_table.products",
            "module.dynamodb.aws_dynamodb_table.stores",
            "module.iam.aws_iam_role.audit",
            "module.iam.aws_iam_role.carts",
            "module.iam.aws_iam_role.dashboard",
            "module.iam.aws_iam_role.notifications",
            "module.iam.aws_iam_role.orders",
            "module.iam.aws_iam_role.products",
            "module.iam.aws_iam_role.stores",
            "module.iam.aws_iam_role.users",
            "module.iam.data.aws_iam_policy_document.lambda_assume_role",
            "module.lambdas.aws_cloudwatch_log_group.this",
            "module.lambdas.aws_lambda_function.this",
            "module.lambdas.data.archive_file.this"
          ],
          "create_before_destroy": true
        },
        {
          "index_key": "products_delete",
          "schema_version": 0,
          "attributes": {
            "cache_key_parameters": [],
            "cache_namespace": "558efg",
            "connection_id": "",
            "connection_type": "INTERNET",
            "content_handling": "",
            "credentials": "",
            "http_method": "DELETE",
            "id": "agi-hrxk7wkv57-558efg-DELETE",
            "integration_http_method": "POST",
            "passthrough_behavior": "WHEN_NO_MATCH",
            "request_parameters": {},
            "request_templates": {},
            "resource_id": "558efg",
            "rest_api_id": "hrxk7wkv57",
            "timeout_milliseconds": 29000,
            "tls_config": [],
            "type": "AWS_PROXY",
            "uri": "arn:aws:apigateway:us-east-1:lambda:path/2015-03-31/functions/arn:aws:lambda:us-east-1:511949652182:function:cloudshop-products-delete/invocations"
          },
          "sensitive_attributes": [],
          "identity_schema_version": 0,
          "private": "bnVsbA==",
          "dependencies": [
            "module.api_gateway.aws_api_gateway_authorizer.cognito",
            "module.api_gateway.aws_api_gateway_method.route",
            "module.api_gateway.aws_api_gateway_resource.audit",
            "module.api_gateway.aws_api_gateway_resource.carts",
            "module.api_gateway.aws_api_gateway_resource.carts_id",
            "module.api_gateway.aws_api_gateway_resource.carts_id_products",
            "module.api_gateway.aws_api_gateway_resource.carts_id_products_id",
            "module.api_gateway.aws_api_gateway_resource.dashboard",
            "module.api_gateway.aws_api_gateway_resource.orders",
            "module.api_gateway.aws_api_gateway_resource.orders_id",
            "module.api_gateway.aws_api_gateway_resource.products",
            "module.api_gateway.aws_api_gateway_resource.products_id",
            "module.api_gateway.aws_api_gateway_resource.registrations",
            "module.api_gateway.aws_api_gateway_resource.stores",
            "module.api_gateway.aws_api_gateway_resource.stores_id",
            "module.api_gateway.aws_api_gateway_resource.users",
            "module.api_gateway.aws_api_gateway_resource.users_id",
            "module.api_gateway.aws_api_gateway_rest_api.this",
            "module.cognito.aws_cognito_user_pool.users",
            "module.dynamodb.aws_dynamodb_table.audit",
            "module.dynamodb.aws_dynamodb_table.carts",
            "module.dynamodb.aws_dynamodb_table.orders",
            "module.dynamodb.aws_dynamodb_table.products",
            "module.dynamodb.aws_dynamodb_table.stores",
            "module.iam.aws_iam_role.audit",
            "module.iam.aws_iam_role.carts",
            "module.iam.aws_iam_role.dashboard",
            "module.iam.aws_iam_role.notifications",
            "module.iam.aws_iam_role.orders",
            "module.iam.aws_iam_role.products",
            "module.iam.aws_iam_role.stores",
            "module.iam.aws_iam_role.users",
            "module.iam.data.aws_iam_policy_document.lambda_assume_role",
            "module.lambdas.aws_cloudwatch_log_group.this",
            "module.lambdas.aws_lambda_function.this",
            "module.lambdas.data.archive_file.this"
          ],
          "create_before_destroy": true
        },
        {
          "index_key": "products_get",
          "schema_version": 0,
          "attributes": {
            "cache_key_parameters": [],
            "cache_namespace": "558efg",
            "connection_id": "",
            "connection_type": "INTERNET",
            "content_handling": "",
            "credentials": "",
            "http_method": "GET",
            "id": "agi-hrxk7wkv57-558efg-GET",
            "integration_http_method": "POST",
            "passthrough_behavior": "WHEN_NO_MATCH",
            "request_parameters": {},
            "request_templates": {},
            "resource_id": "558efg",
            "rest_api_id": "hrxk7wkv57",
            "timeout_milliseconds": 29000,
            "tls_config": [],
            "type": "AWS_PROXY",
            "uri": "arn:aws:apigateway:us-east-1:lambda:path/2015-03-31/functions/arn:aws:lambda:us-east-1:511949652182:function:cloudshop-products-get/invocations"
          },
          "sensitive_attributes": [],
          "identity_schema_version": 0,
          "private": "bnVsbA==",
          "dependencies": [
            "module.api_gateway.aws_api_gateway_authorizer.cognito",
            "module.api_gateway.aws_api_gateway_method.route",
            "module.api_gateway.aws_api_gateway_resource.audit",
            "module.api_gateway.aws_api_gateway_resource.carts",
            "module.api_gateway.aws_api_gateway_resource.carts_id",
            "module.api_gateway.aws_api_gateway_resource.carts_id_products",
            "module.api_gateway.aws_api_gateway_resource.carts_id_products_id",
            "module.api_gateway.aws_api_gateway_resource.dashboard",
            "module.api_gateway.aws_api_gateway_resource.orders",
            "module.api_gateway.aws_api_gateway_resource.orders_id",
            "module.api_gateway.aws_api_gateway_resource.products",
            "module.api_gateway.aws_api_gateway_resource.products_id",
            "module.api_gateway.aws_api_gateway_resource.registrations",
            "module.api_gateway.aws_api_gateway_resource.stores",
            "module.api_gateway.aws_api_gateway_resource.stores_id",
            "module.api_gateway.aws_api_gateway_resource.users",
            "module.api_gateway.aws_api_gateway_resource.users_id",
            "module.api_gateway.aws_api_gateway_rest_api.this",
            "module.cognito.aws_cognito_user_pool.users",
            "module.dynamodb.aws_dynamodb_table.audit",
            "module.dynamodb.aws_dynamodb_table.carts",
            "module.dynamodb.aws_dynamodb_table.orders",
            "module.dynamodb.aws_dynamodb_table.products",
            "module.dynamodb.aws_dynamodb_table.stores",
            "module.iam.aws_iam_role.audit",
            "module.iam.aws_iam_role.carts",
            "module.iam.aws_iam_role.dashboard",
            "module.iam.aws_iam_role.notifications",
            "module.iam.aws_iam_role.orders",
            "module.iam.aws_iam_role.products",
            "module.iam.aws_iam_role.stores",
            "module.iam.aws_iam_role.users",
            "module.iam.data.aws_iam_policy_document.lambda_assume_role",
            "module.lambdas.aws_cloudwatch_log_group.this",
            "module.lambdas.aws_lambda_function.this",
            "module.lambdas.data.archive_file.this"
          ],
          "create_before_destroy": true
        },
        {
          "index_key": "products_list",
          "schema_version": 0,
          "attributes": {
            "cache_key_parameters": [],
            "cache_namespace": "xxn8gn",
            "connection_id": "",
            "connection_type": "INTERNET",
            "content_handling": "",
            "credentials": "",
            "http_method": "GET",
            "id": "agi-hrxk7wkv57-xxn8gn-GET",
            "integration_http_method": "POST",
            "passthrough_behavior": "WHEN_NO_MATCH",
            "request_parameters": {},
            "request_templates": {},
            "resource_id": "xxn8gn",
            "rest_api_id": "hrxk7wkv57",
            "timeout_milliseconds": 29000,
            "tls_config": [],
            "type": "AWS_PROXY",
            "uri": "arn:aws:apigateway:us-east-1:lambda:path/2015-03-31/functions/arn:aws:lambda:us-east-1:511949652182:function:cloudshop-products-list/invocations"
          },
          "sensitive_attributes": [],
          "identity_schema_version": 0,
          "private": "bnVsbA==",
          "dependencies": [
            "module.api_gateway.aws_api_gateway_authorizer.cognito",
            "module.api_gateway.aws_api_gateway_method.route",
            "module.api_gateway.aws_api_gateway_resource.audit",
            "module.api_gateway.aws_api_gateway_resource.carts",
            "module.api_gateway.aws_api_gateway_resource.carts_id",
            "module.api_gateway.aws_api_gateway_resource.carts_id_products",
            "module.api_gateway.aws_api_gateway_resource.carts_id_products_id",
            "module.api_gateway.aws_api_gateway_resource.dashboard",
            "module.api_gateway.aws_api_gateway_resource.orders",
            "module.api_gateway.aws_api_gateway_resource.orders_id",
            "module.api_gateway.aws_api_gateway_resource.products",
            "module.api_gateway.aws_api_gateway_resource.products_id",
            "module.api_gateway.aws_api_gateway_resource.registrations",
            "module.api_gateway.aws_api_gateway_resource.stores",
            "module.api_gateway.aws_api_gateway_resource.stores_id",
            "module.api_gateway.aws_api_gateway_resource.users",
            "module.api_gateway.aws_api_gateway_resource.users_id",
            "module.api_gateway.aws_api_gateway_rest_api.this",
            "module.cognito.aws_cognito_user_pool.users",
            "module.dynamodb.aws_dynamodb_table.audit",
            "module.dynamodb.aws_dynamodb_table.carts",
            "module.dynamodb.aws_dynamodb_table.orders",
            "module.dynamodb.aws_dynamodb_table.products",
            "module.dynamodb.aws_dynamodb_table.stores",
            "module.iam.aws_iam_role.audit",
            "module.iam.aws_iam_role.carts",
            "module.iam.aws_iam_role.dashboard",
            "module.iam.aws_iam_role.notifications",
            "module.iam.aws_iam_role.orders",
            "module.iam.aws_iam_role.products",
            "module.iam.aws_iam_role.stores",
            "module.iam.aws_iam_role.users",
            "module.iam.data.aws_iam_policy_document.lambda_assume_role",
            "module.lambdas.aws_cloudwatch_log_group.this",
            "module.lambdas.aws_lambda_function.this",
            "module.lambdas.data.archive_file.this"
          ],
          "create_before_destroy": true
        },
        {
          "index_key": "products_update",
          "schema_version": 0,
          "attributes": {
            "cache_key_parameters": [],
            "cache_namespace": "558efg",
            "connection_id": "",
            "connection_type": "INTERNET",
            "content_handling": "",
            "credentials": "",
            "http_method": "PATCH",
            "id": "agi-hrxk7wkv57-558efg-PATCH",
            "integration_http_method": "POST",
            "passthrough_behavior": "WHEN_NO_MATCH",
            "request_parameters": {},
            "request_templates": {},
            "resource_id": "558efg",
            "rest_api_id": "hrxk7wkv57",
            "timeout_milliseconds": 29000,
            "tls_config": [],
            "type": "AWS_PROXY",
            "uri": "arn:aws:apigateway:us-east-1:lambda:path/2015-03-31/functions/arn:aws:lambda:us-east-1:511949652182:function:cloudshop-products-update/invocations"
          },
          "sensitive_attributes": [],
          "identity_schema_version": 0,
          "private": "bnVsbA==",
          "dependencies": [
            "module.api_gateway.aws_api_gateway_authorizer.cognito",
            "module.api_gateway.aws_api_gateway_method.route",
            "module.api_gateway.aws_api_gateway_resource.audit",
            "module.api_gateway.aws_api_gateway_resource.carts",
            "module.api_gateway.aws_api_gateway_resource.carts_id",
            "module.api_gateway.aws_api_gateway_resource.carts_id_products",
            "module.api_gateway.aws_api_gateway_resource.carts_id_products_id",
            "module.api_gateway.aws_api_gateway_resource.dashboard",
            "module.api_gateway.aws_api_gateway_resource.orders",
            "module.api_gateway.aws_api_gateway_resource.orders_id",
            "module.api_gateway.aws_api_gateway_resource.products",
            "module.api_gateway.aws_api_gateway_resource.products_id",
            "module.api_gateway.aws_api_gateway_resource.registrations",
            "module.api_gateway.aws_api_gateway_resource.stores",
            "module.api_gateway.aws_api_gateway_resource.stores_id",
            "module.api_gateway.aws_api_gateway_resource.users",
            "module.api_gateway.aws_api_gateway_resource.users_id",
            "module.api_gateway.aws_api_gateway_rest_api.this",
            "module.cognito.aws_cognito_user_pool.users",
            "module.dynamodb.aws_dynamodb_table.audit",
            "module.dynamodb.aws_dynamodb_table.carts",
            "module.dynamodb.aws_dynamodb_table.orders",
            "module.dynamodb.aws_dynamodb_table.products",
            "module.dynamodb.aws_dynamodb_table.stores",
            "module.iam.aws_iam_role.audit",
            "module.iam.aws_iam_role.carts",
            "module.iam.aws_iam_role.dashboard",
            "module.iam.aws_iam_role.notifications",
            "module.iam.aws_iam_role.orders",
            "module.iam.aws_iam_role.products",
            "module.iam.aws_iam_role.stores",
            "module.iam.aws_iam_role.users",
            "module.iam.data.aws_iam_policy_document.lambda_assume_role",
            "module.lambdas.aws_cloudwatch_log_group.this",
            "module.lambdas.aws_lambda_function.this",
            "module.lambdas.data.archive_file.this"
          ],
          "create_before_destroy": true
        },
        {
          "index_key": "register",
          "schema_version": 0,
          "attributes": {
            "cache_key_parameters": [],
            "cache_namespace": "npg67s",
            "connection_id": "",
            "connection_type": "INTERNET",
            "content_handling": "",
            "credentials": "",
            "http_method": "POST",
            "id": "agi-hrxk7wkv57-npg67s-POST",
            "integration_http_method": "POST",
            "passthrough_behavior": "WHEN_NO_MATCH",
            "request_parameters": {},
            "request_templates": {},
            "resource_id": "npg67s",
            "rest_api_id": "hrxk7wkv57",
            "timeout_milliseconds": 29000,
            "tls_config": [],
            "type": "AWS_PROXY",
            "uri": "arn:aws:apigateway:us-east-1:lambda:path/2015-03-31/functions/arn:aws:lambda:us-east-1:511949652182:function:cloudshop-users-register/invocations"
          },
          "sensitive_attributes": [],
          "identity_schema_version": 0,
          "private": "bnVsbA==",
          "dependencies": [
            "module.api_gateway.aws_api_gateway_authorizer.cognito",
            "module.api_gateway.aws_api_gateway_method.route",
            "module.api_gateway.aws_api_gateway_resource.audit",
            "module.api_gateway.aws_api_gateway_resource.carts",
            "module.api_gateway.aws_api_gateway_resource.carts_id",
            "module.api_gateway.aws_api_gateway_resource.carts_id_products",
            "module.api_gateway.aws_api_gateway_resource.carts_id_products_id",
            "module.api_gateway.aws_api_gateway_resource.dashboard",
            "module.api_gateway.aws_api_gateway_resource.orders",
            "module.api_gateway.aws_api_gateway_resource.orders_id",
            "module.api_gateway.aws_api_gateway_resource.products",
            "module.api_gateway.aws_api_gateway_resource.products_id",
            "module.api_gateway.aws_api_gateway_resource.registrations",
            "module.api_gateway.aws_api_gateway_resource.stores",
            "module.api_gateway.aws_api_gateway_resource.stores_id",
            "module.api_gateway.aws_api_gateway_resource.users",
            "module.api_gateway.aws_api_gateway_resource.users_id",
            "module.api_gateway.aws_api_gateway_rest_api.this",
            "module.cognito.aws_cognito_user_pool.users",
            "module.dynamodb.aws_dynamodb_table.audit",
            "module.dynamodb.aws_dynamodb_table.carts",
            "module.dynamodb.aws_dynamodb_table.orders",
            "module.dynamodb.aws_dynamodb_table.products",
            "module.dynamodb.aws_dynamodb_table.stores",
            "module.iam.aws_iam_role.audit",
            "module.iam.aws_iam_role.carts",
            "module.iam.aws_iam_role.dashboard",
            "module.iam.aws_iam_role.notifications",
            "module.iam.aws_iam_role.orders",
            "module.iam.aws_iam_role.products",
            "module.iam.aws_iam_role.stores",
            "module.iam.aws_iam_role.users",
            "module.iam.data.aws_iam_policy_document.lambda_assume_role",
            "module.lambdas.aws_cloudwatch_log_group.this",
            "module.lambdas.aws_lambda_function.this",
            "module.lambdas.data.archive_file.this"
          ],
          "create_before_destroy": true
        },
        {
          "index_key": "stores_create",
          "schema_version": 0,
          "attributes": {
            "cache_key_parameters": [],
            "cache_namespace": "1wy9is",
            "connection_id": "",
            "connection_type": "INTERNET",
            "content_handling": "",
            "credentials": "",
            "http_method": "POST",
            "id": "agi-hrxk7wkv57-1wy9is-POST",
            "integration_http_method": "POST",
            "passthrough_behavior": "WHEN_NO_MATCH",
            "request_parameters": {},
            "request_templates": {},
            "resource_id": "1wy9is",
            "rest_api_id": "hrxk7wkv57",
            "timeout_milliseconds": 29000,
            "tls_config": [],
            "type": "AWS_PROXY",
            "uri": "arn:aws:apigateway:us-east-1:lambda:path/2015-03-31/functions/arn:aws:lambda:us-east-1:511949652182:function:cloudshop-stores-create/invocations"
          },
          "sensitive_attributes": [],
          "identity_schema_version": 0,
          "private": "bnVsbA==",
          "dependencies": [
            "module.api_gateway.aws_api_gateway_authorizer.cognito",
            "module.api_gateway.aws_api_gateway_method.route",
            "module.api_gateway.aws_api_gateway_resource.audit",
            "module.api_gateway.aws_api_gateway_resource.carts",
            "module.api_gateway.aws_api_gateway_resource.carts_id",
            "module.api_gateway.aws_api_gateway_resource.carts_id_products",
            "module.api_gateway.aws_api_gateway_resource.carts_id_products_id",
            "module.api_gateway.aws_api_gateway_resource.dashboard",
            "module.api_gateway.aws_api_gateway_resource.orders",
            "module.api_gateway.aws_api_gateway_resource.orders_id",
            "module.api_gateway.aws_api_gateway_resource.products",
            "module.api_gateway.aws_api_gateway_resource.products_id",
            "module.api_gateway.aws_api_gateway_resource.registrations",
            "module.api_gateway.aws_api_gateway_resource.stores",
            "module.api_gateway.aws_api_gateway_resource.stores_id",
            "module.api_gateway.aws_api_gateway_resource.users",
            "module.api_gateway.aws_api_gateway_resource.users_id",
            "module.api_gateway.aws_api_gateway_rest_api.this",
            "module.cognito.aws_cognito_user_pool.users",
            "module.dynamodb.aws_dynamodb_table.audit",
            "module.dynamodb.aws_dynamodb_table.carts",
            "module.dynamodb.aws_dynamodb_table.orders",
            "module.dynamodb.aws_dynamodb_table.products",
            "module.dynamodb.aws_dynamodb_table.stores",
            "module.iam.aws_iam_role.audit",
            "module.iam.aws_iam_role.carts",
            "module.iam.aws_iam_role.dashboard",
            "module.iam.aws_iam_role.notifications",
            "module.iam.aws_iam_role.orders",
            "module.iam.aws_iam_role.products",
            "module.iam.aws_iam_role.stores",
            "module.iam.aws_iam_role.users",
            "module.iam.data.aws_iam_policy_document.lambda_assume_role",
            "module.lambdas.aws_cloudwatch_log_group.this",
            "module.lambdas.aws_lambda_function.this",
            "module.lambdas.data.archive_file.this"
          ],
          "create_before_destroy": true
        },
        {
          "index_key": "stores_delete",
          "schema_version": 0,
          "attributes": {
            "cache_key_parameters": [],
            "cache_namespace": "y9blxm",
            "connection_id": "",
            "connection_type": "INTERNET",
            "content_handling": "",
            "credentials": "",
            "http_method": "DELETE",
            "id": "agi-hrxk7wkv57-y9blxm-DELETE",
            "integration_http_method": "POST",
            "passthrough_behavior": "WHEN_NO_MATCH",
            "request_parameters": {},
            "request_templates": {},
            "resource_id": "y9blxm",
            "rest_api_id": "hrxk7wkv57",
            "timeout_milliseconds": 29000,
            "tls_config": [],
            "type": "AWS_PROXY",
            "uri": "arn:aws:apigateway:us-east-1:lambda:path/2015-03-31/functions/arn:aws:lambda:us-east-1:511949652182:function:cloudshop-stores-delete/invocations"
          },
          "sensitive_attributes": [],
          "identity_schema_version": 0,
          "private": "bnVsbA==",
          "dependencies": [
            "module.api_gateway.aws_api_gateway_authorizer.cognito",
            "module.api_gateway.aws_api_gateway_method.route",
            "module.api_gateway.aws_api_gateway_resource.audit",
            "module.api_gateway.aws_api_gateway_resource.carts",
            "module.api_gateway.aws_api_gateway_resource.carts_id",
            "module.api_gateway.aws_api_gateway_resource.carts_id_products",
            "module.api_gateway.aws_api_gateway_resource.carts_id_products_id",
            "module.api_gateway.aws_api_gateway_resource.dashboard",
            "module.api_gateway.aws_api_gateway_resource.orders",
            "module.api_gateway.aws_api_gateway_resource.orders_id",
            "module.api_gateway.aws_api_gateway_resource.products",
            "module.api_gateway.aws_api_gateway_resource.products_id",
            "module.api_gateway.aws_api_gateway_resource.registrations",
            "module.api_gateway.aws_api_gateway_resource.stores",
            "module.api_gateway.aws_api_gateway_resource.stores_id",
            "module.api_gateway.aws_api_gateway_resource.users",
            "module.api_gateway.aws_api_gateway_resource.users_id",
            "module.api_gateway.aws_api_gateway_rest_api.this",
            "module.cognito.aws_cognito_user_pool.users",
            "module.dynamodb.aws_dynamodb_table.audit",
            "module.dynamodb.aws_dynamodb_table.carts",
            "module.dynamodb.aws_dynamodb_table.orders",
            "module.dynamodb.aws_dynamodb_table.products",
            "module.dynamodb.aws_dynamodb_table.stores",
            "module.iam.aws_iam_role.audit",
            "module.iam.aws_iam_role.carts",
            "module.iam.aws_iam_role.dashboard",
            "module.iam.aws_iam_role.notifications",
            "module.iam.aws_iam_role.orders",
            "module.iam.aws_iam_role.products",
            "module.iam.aws_iam_role.stores",
            "module.iam.aws_iam_role.users",
            "module.iam.data.aws_iam_policy_document.lambda_assume_role",
            "module.lambdas.aws_cloudwatch_log_group.this",
            "module.lambdas.aws_lambda_function.this",
            "module.lambdas.data.archive_file.this"
          ],
          "create_before_destroy": true
        },
        {
          "index_key": "stores_get",
          "schema_version": 0,
          "attributes": {
            "cache_key_parameters": [],
            "cache_namespace": "y9blxm",
            "connection_id": "",
            "connection_type": "INTERNET",
            "content_handling": "",
            "credentials": "",
            "http_method": "GET",
            "id": "agi-hrxk7wkv57-y9blxm-GET",
            "integration_http_method": "POST",
            "passthrough_behavior": "WHEN_NO_MATCH",
            "request_parameters": {},
            "request_templates": {},
            "resource_id": "y9blxm",
            "rest_api_id": "hrxk7wkv57",
            "timeout_milliseconds": 29000,
            "tls_config": [],
            "type": "AWS_PROXY",
            "uri": "arn:aws:apigateway:us-east-1:lambda:path/2015-03-31/functions/arn:aws:lambda:us-east-1:511949652182:function:cloudshop-stores-get/invocations"
          },
          "sensitive_attributes": [],
          "identity_schema_version": 0,
          "private": "bnVsbA==",
          "dependencies": [
            "module.api_gateway.aws_api_gateway_authorizer.cognito",
            "module.api_gateway.aws_api_gateway_method.route",
            "module.api_gateway.aws_api_gateway_resource.audit",
            "module.api_gateway.aws_api_gateway_resource.carts",
            "module.api_gateway.aws_api_gateway_resource.carts_id",
            "module.api_gateway.aws_api_gateway_resource.carts_id_products",
            "module.api_gateway.aws_api_gateway_resource.carts_id_products_id",
            "module.api_gateway.aws_api_gateway_resource.dashboard",
            "module.api_gateway.aws_api_gateway_resource.orders",
            "module.api_gateway.aws_api_gateway_resource.orders_id",
            "module.api_gateway.aws_api_gateway_resource.products",
            "module.api_gateway.aws_api_gateway_resource.products_id",
            "module.api_gateway.aws_api_gateway_resource.registrations",
            "module.api_gateway.aws_api_gateway_resource.stores",
            "module.api_gateway.aws_api_gateway_resource.stores_id",
            "module.api_gateway.aws_api_gateway_resource.users",
            "module.api_gateway.aws_api_gateway_resource.users_id",
            "module.api_gateway.aws_api_gateway_rest_api.this",
            "module.cognito.aws_cognito_user_pool.users",
            "module.dynamodb.aws_dynamodb_table.audit",
            "module.dynamodb.aws_dynamodb_table.carts",
            "module.dynamodb.aws_dynamodb_table.orders",
            "module.dynamodb.aws_dynamodb_table.products",
            "module.dynamodb.aws_dynamodb_table.stores",
            "module.iam.aws_iam_role.audit",
            "module.iam.aws_iam_role.carts",
            "module.iam.aws_iam_role.dashboard",
            "module.iam.aws_iam_role.notifications",
            "module.iam.aws_iam_role.orders",
            "module.iam.aws_iam_role.products",
            "module.iam.aws_iam_role.stores",
            "module.iam.aws_iam_role.users",
            "module.iam.data.aws_iam_policy_document.lambda_assume_role",
            "module.lambdas.aws_cloudwatch_log_group.this",
            "module.lambdas.aws_lambda_function.this",
            "module.lambdas.data.archive_file.this"
          ],
          "create_before_destroy": true
        },
        {
          "index_key": "stores_list",
          "schema_version": 0,
          "attributes": {
            "cache_key_parameters": [],
            "cache_namespace": "1wy9is",
            "connection_id": "",
            "connection_type": "INTERNET",
            "content_handling": "",
            "credentials": "",
            "http_method": "GET",
            "id": "agi-hrxk7wkv57-1wy9is-GET",
            "integration_http_method": "POST",
            "passthrough_behavior": "WHEN_NO_MATCH",
            "request_parameters": {},
            "request_templates": {},
            "resource_id": "1wy9is",
            "rest_api_id": "hrxk7wkv57",
            "timeout_milliseconds": 29000,
            "tls_config": [],
            "type": "AWS_PROXY",
            "uri": "arn:aws:apigateway:us-east-1:lambda:path/2015-03-31/functions/arn:aws:lambda:us-east-1:511949652182:function:cloudshop-stores-list/invocations"
          },
          "sensitive_attributes": [],
          "identity_schema_version": 0,
          "private": "bnVsbA==",
          "dependencies": [
            "module.api_gateway.aws_api_gateway_authorizer.cognito",
            "module.api_gateway.aws_api_gateway_method.route",
            "module.api_gateway.aws_api_gateway_resource.audit",
            "module.api_gateway.aws_api_gateway_resource.carts",
            "module.api_gateway.aws_api_gateway_resource.carts_id",
            "module.api_gateway.aws_api_gateway_resource.carts_id_products",
            "module.api_gateway.aws_api_gateway_resource.carts_id_products_id",
            "module.api_gateway.aws_api_gateway_resource.dashboard",
            "module.api_gateway.aws_api_gateway_resource.orders",
            "module.api_gateway.aws_api_gateway_resource.orders_id",
            "module.api_gateway.aws_api_gateway_resource.products",
            "module.api_gateway.aws_api_gateway_resource.products_id",
            "module.api_gateway.aws_api_gateway_resource.registrations",
            "module.api_gateway.aws_api_gateway_resource.stores",
            "module.api_gateway.aws_api_gateway_resource.stores_id",
            "module.api_gateway.aws_api_gateway_resource.users",
            "module.api_gateway.aws_api_gateway_resource.users_id",
            "module.api_gateway.aws_api_gateway_rest_api.this",
            "module.cognito.aws_cognito_user_pool.users",
            "module.dynamodb.aws_dynamodb_table.audit",
            "module.dynamodb.aws_dynamodb_table.carts",
            "module.dynamodb.aws_dynamodb_table.orders",
            "module.dynamodb.aws_dynamodb_table.products",
            "module.dynamodb.aws_dynamodb_table.stores",
            "module.iam.aws_iam_role.audit",
            "module.iam.aws_iam_role.carts",
            "module.iam.aws_iam_role.dashboard",
            "module.iam.aws_iam_role.notifications",
            "module.iam.aws_iam_role.orders",
            "module.iam.aws_iam_role.products",
            "module.iam.aws_iam_role.stores",
            "module.iam.aws_iam_role.users",
            "module.iam.data.aws_iam_policy_document.lambda_assume_role",
            "module.lambdas.aws_cloudwatch_log_group.this",
            "module.lambdas.aws_lambda_function.this",
            "module.lambdas.data.archive_file.this"
          ],
          "create_before_destroy": true
        },
        {
          "index_key": "stores_update",
          "schema_version": 0,
          "attributes": {
            "cache_key_parameters": [],
            "cache_namespace": "y9blxm",
            "connection_id": "",
            "connection_type": "INTERNET",
            "content_handling": "",
            "credentials": "",
            "http_method": "PATCH",
            "id": "agi-hrxk7wkv57-y9blxm-PATCH",
            "integration_http_method": "POST",
            "passthrough_behavior": "WHEN_NO_MATCH",
            "request_parameters": {},
            "request_templates": {},
            "resource_id": "y9blxm",
            "rest_api_id": "hrxk7wkv57",
            "timeout_milliseconds": 29000,
            "tls_config": [],
            "type": "AWS_PROXY",
            "uri": "arn:aws:apigateway:us-east-1:lambda:path/2015-03-31/functions/arn:aws:lambda:us-east-1:511949652182:function:cloudshop-stores-update/invocations"
          },
          "sensitive_attributes": [],
          "identity_schema_version": 0,
          "private": "bnVsbA==",
          "dependencies": [
            "module.api_gateway.aws_api_gateway_authorizer.cognito",
            "module.api_gateway.aws_api_gateway_method.route",
            "module.api_gateway.aws_api_gateway_resource.audit",
            "module.api_gateway.aws_api_gateway_resource.carts",
            "module.api_gateway.aws_api_gateway_resource.carts_id",
            "module.api_gateway.aws_api_gateway_resource.carts_id_products",
            "module.api_gateway.aws_api_gateway_resource.carts_id_products_id",
            "module.api_gateway.aws_api_gateway_resource.dashboard",
            "module.api_gateway.aws_api_gateway_resource.orders",
            "module.api_gateway.aws_api_gateway_resource.orders_id",
            "module.api_gateway.aws_api_gateway_resource.products",
            "module.api_gateway.aws_api_gateway_resource.products_id",
            "module.api_gateway.aws_api_gateway_resource.registrations",
            "module.api_gateway.aws_api_gateway_resource.stores",
            "module.api_gateway.aws_api_gateway_resource.stores_id",
            "module.api_gateway.aws_api_gateway_resource.users",
            "module.api_gateway.aws_api_gateway_resource.users_id",
            "module.api_gateway.aws_api_gateway_rest_api.this",
            "module.cognito.aws_cognito_user_pool.users",
            "module.dynamodb.aws_dynamodb_table.audit",
            "module.dynamodb.aws_dynamodb_table.carts",
            "module.dynamodb.aws_dynamodb_table.orders",
            "module.dynamodb.aws_dynamodb_table.products",
            "module.dynamodb.aws_dynamodb_table.stores",
            "module.iam.aws_iam_role.audit",
            "module.iam.aws_iam_role.carts",
            "module.iam.aws_iam_role.dashboard",
            "module.iam.aws_iam_role.notifications",
            "module.iam.aws_iam_role.orders",
            "module.iam.aws_iam_role.products",
            "module.iam.aws_iam_role.stores",
            "module.iam.aws_iam_role.users",
            "module.iam.data.aws_iam_policy_document.lambda_assume_role",
            "module.lambdas.aws_cloudwatch_log_group.this",
            "module.lambdas.aws_lambda_function.this",
            "module.lambdas.data.archive_file.this"
          ],
          "create_before_destroy": true
        },
        {
          "index_key": "users_delete",
          "schema_version": 0,
          "attributes": {
            "cache_key_parameters": [],
            "cache_namespace": "aleyso",
            "connection_id": "",
            "connection_type": "INTERNET",
            "content_handling": "",
            "credentials": "",
            "http_method": "DELETE",
            "id": "agi-hrxk7wkv57-aleyso-DELETE",
            "integration_http_method": "POST",
            "passthrough_behavior": "WHEN_NO_MATCH",
            "request_parameters": {},
            "request_templates": {},
            "resource_id": "aleyso",
            "rest_api_id": "hrxk7wkv57",
            "timeout_milliseconds": 29000,
            "tls_config": [],
            "type": "AWS_PROXY",
            "uri": "arn:aws:apigateway:us-east-1:lambda:path/2015-03-31/functions/arn:aws:lambda:us-east-1:511949652182:function:cloudshop-users-delete/invocations"
          },
          "sensitive_attributes": [],
          "identity_schema_version": 0,
          "private": "bnVsbA==",
          "dependencies": [
            "module.api_gateway.aws_api_gateway_authorizer.cognito",
            "module.api_gateway.aws_api_gateway_method.route",
            "module.api_gateway.aws_api_gateway_resource.audit",
            "module.api_gateway.aws_api_gateway_resource.carts",
            "module.api_gateway.aws_api_gateway_resource.carts_id",
            "module.api_gateway.aws_api_gateway_resource.carts_id_products",
            "module.api_gateway.aws_api_gateway_resource.carts_id_products_id",
            "module.api_gateway.aws_api_gateway_resource.dashboard",
            "module.api_gateway.aws_api_gateway_resource.orders",
            "module.api_gateway.aws_api_gateway_resource.orders_id",
            "module.api_gateway.aws_api_gateway_resource.products",
            "module.api_gateway.aws_api_gateway_resource.products_id",
            "module.api_gateway.aws_api_gateway_resource.registrations",
            "module.api_gateway.aws_api_gateway_resource.stores",
            "module.api_gateway.aws_api_gateway_resource.stores_id",
            "module.api_gateway.aws_api_gateway_resource.users",
            "module.api_gateway.aws_api_gateway_resource.users_id",
            "module.api_gateway.aws_api_gateway_rest_api.this",
            "module.cognito.aws_cognito_user_pool.users",
            "module.dynamodb.aws_dynamodb_table.audit",
            "module.dynamodb.aws_dynamodb_table.carts",
            "module.dynamodb.aws_dynamodb_table.orders",
            "module.dynamodb.aws_dynamodb_table.products",
            "module.dynamodb.aws_dynamodb_table.stores",
            "module.iam.aws_iam_role.audit",
            "module.iam.aws_iam_role.carts",
            "module.iam.aws_iam_role.dashboard",
            "module.iam.aws_iam_role.notifications",
            "module.iam.aws_iam_role.orders",
            "module.iam.aws_iam_role.products",
            "module.iam.aws_iam_role.stores",
            "module.iam.aws_iam_role.users",
            "module.iam.data.aws_iam_policy_document.lambda_assume_role",
            "module.lambdas.aws_cloudwatch_log_group.this",
            "module.lambdas.aws_lambda_function.this",
            "module.lambdas.data.archive_file.this"
          ],
          "create_before_destroy": true
        },
        {
          "index_key": "users_list",
          "schema_version": 0,
          "attributes": {
            "cache_key_parameters": [],
            "cache_namespace": "3ylmmg",
            "connection_id": "",
            "connection_type": "INTERNET",
            "content_handling": "",
            "credentials": "",
            "http_method": "GET",
            "id": "agi-hrxk7wkv57-3ylmmg-GET",
            "integration_http_method": "POST",
            "passthrough_behavior": "WHEN_NO_MATCH",
            "request_parameters": {},
            "request_templates": {},
            "resource_id": "3ylmmg",
            "rest_api_id": "hrxk7wkv57",
            "timeout_milliseconds": 29000,
            "tls_config": [],
            "type": "AWS_PROXY",
            "uri": "arn:aws:apigateway:us-east-1:lambda:path/2015-03-31/functions/arn:aws:lambda:us-east-1:511949652182:function:cloudshop-users-list/invocations"
          },
          "sensitive_attributes": [],
          "identity_schema_version": 0,
          "private": "bnVsbA==",
          "dependencies": [
            "module.api_gateway.aws_api_gateway_authorizer.cognito",
            "module.api_gateway.aws_api_gateway_method.route",
            "module.api_gateway.aws_api_gateway_resource.audit",
            "module.api_gateway.aws_api_gateway_resource.carts",
            "module.api_gateway.aws_api_gateway_resource.carts_id",
            "module.api_gateway.aws_api_gateway_resource.carts_id_products",
            "module.api_gateway.aws_api_gateway_resource.carts_id_products_id",
            "module.api_gateway.aws_api_gateway_resource.dashboard",
            "module.api_gateway.aws_api_gateway_resource.orders",
            "module.api_gateway.aws_api_gateway_resource.orders_id",
            "module.api_gateway.aws_api_gateway_resource.products",
            "module.api_gateway.aws_api_gateway_resource.products_id",
            "module.api_gateway.aws_api_gateway_resource.registrations",
            "module.api_gateway.aws_api_gateway_resource.stores",
            "module.api_gateway.aws_api_gateway_resource.stores_id",
            "module.api_gateway.aws_api_gateway_resource.users",
            "module.api_gateway.aws_api_gateway_resource.users_id",
            "module.api_gateway.aws_api_gateway_rest_api.this",
            "module.cognito.aws_cognito_user_pool.users",
            "module.dynamodb.aws_dynamodb_table.audit",
            "module.dynamodb.aws_dynamodb_table.carts",
            "module.dynamodb.aws_dynamodb_table.orders",
            "module.dynamodb.aws_dynamodb_table.products",
            "module.dynamodb.aws_dynamodb_table.stores",
            "module.iam.aws_iam_role.audit",
            "module.iam.aws_iam_role.carts",
            "module.iam.aws_iam_role.dashboard",
            "module.iam.aws_iam_role.notifications",
            "module.iam.aws_iam_role.orders",
            "module.iam.aws_iam_role.products",
            "module.iam.aws_iam_role.stores",
            "module.iam.aws_iam_role.users",
            "module.iam.data.aws_iam_policy_document.lambda_assume_role",
            "module.lambdas.aws_cloudwatch_log_group.this",
            "module.lambdas.aws_lambda_function.this",
            "module.lambdas.data.archive_file.this"
          ],
          "create_before_destroy": true
        },
        {
          "index_key": "users_update",
          "schema_version": 0,
          "attributes": {
            "cache_key_parameters": [],
            "cache_namespace": "aleyso",
            "connection_id": "",
            "connection_type": "INTERNET",
            "content_handling": "",
            "credentials": "",
            "http_method": "PATCH",
            "id": "agi-hrxk7wkv57-aleyso-PATCH",
            "integration_http_method": "POST",
            "passthrough_behavior": "WHEN_NO_MATCH",
            "request_parameters": {},
            "request_templates": {},
            "resource_id": "aleyso",
            "rest_api_id": "hrxk7wkv57",
            "timeout_milliseconds": 29000,
            "tls_config": [],
            "type": "AWS_PROXY",
            "uri": "arn:aws:apigateway:us-east-1:lambda:path/2015-03-31/functions/arn:aws:lambda:us-east-1:511949652182:function:cloudshop-users-update/invocations"
          },
          "sensitive_attributes": [],
          "identity_schema_version": 0,
          "private": "bnVsbA==",
          "dependencies": [
            "module.api_gateway.aws_api_gateway_authorizer.cognito",
            "module.api_gateway.aws_api_gateway_method.route",
            "module.api_gateway.aws_api_gateway_resource.audit",
            "module.api_gateway.aws_api_gateway_resource.carts",
            "module.api_gateway.aws_api_gateway_resource.carts_id",
            "module.api_gateway.aws_api_gateway_resource.carts_id_products",
            "module.api_gateway.aws_api_gateway_resource.carts_id_products_id",
            "module.api_gateway.aws_api_gateway_resource.dashboard",
            "module.api_gateway.aws_api_gateway_resource.orders",
            "module.api_gateway.aws_api_gateway_resource.orders_id",
            "module.api_gateway.aws_api_gateway_resource.products",
            "module.api_gateway.aws_api_gateway_resource.products_id",
            "module.api_gateway.aws_api_gateway_resource.registrations",
            "module.api_gateway.aws_api_gateway_resource.stores",
            "module.api_gateway.aws_api_gateway_resource.stores_id",
            "module.api_gateway.aws_api_gateway_resource.users",
            "module.api_gateway.aws_api_gateway_resource.users_id",
            "module.api_gateway.aws_api_gateway_rest_api.this",
            "module.cognito.aws_cognito_user_pool.users",
            "module.dynamodb.aws_dynamodb_table.audit",
            "module.dynamodb.aws_dynamodb_table.carts",
            "module.dynamodb.aws_dynamodb_table.orders",
            "module.dynamodb.aws_dynamodb_table.products",
            "module.dynamodb.aws_dynamodb_table.stores",
            "module.iam.aws_iam_role.audit",
            "module.iam.aws_iam_role.carts",
            "module.iam.aws_iam_role.dashboard",
            "module.iam.aws_iam_role.notifications",
            "module.iam.aws_iam_role.orders",
            "module.iam.aws_iam_role.products",
            "module.iam.aws_iam_role.stores",
            "module.iam.aws_iam_role.users",
            "module.iam.data.aws_iam_policy_document.lambda_assume_role",
            "module.lambdas.aws_cloudwatch_log_group.this",
            "module.lambdas.aws_lambda_function.this",
            "module.lambdas.data.archive_file.this"
          ],
          "create_before_destroy": true
        }
      ]
    },
    {
      "module": "module.api_gateway",
      "mode": "managed",
      "type": "aws_api_gateway_integration_response",
      "name": "options",
      "provider": "provider[\"registry.terraform.io/hashicorp/aws\"]",
      "instances": [
        {
          "index_key": "audit",
          "schema_version": 0,
          "attributes": {
            "content_handling": "",
            "http_method": "OPTIONS",
            "id": "agir-hrxk7wkv57-ik4wkl-OPTIONS-200",
            "resource_id": "ik4wkl",
            "response_parameters": {
              "method.response.header.Access-Control-Allow-Headers": "'Content-Type,Authorization'",
              "method.response.header.Access-Control-Allow-Methods": "'OPTIONS,GET,POST,PATCH,DELETE'",
              "method.response.header.Access-Control-Allow-Origin": "'*'"
            },
            "response_templates": {},
            "rest_api_id": "hrxk7wkv57",
            "selection_pattern": "",
            "status_code": "200"
          },
          "sensitive_attributes": [],
          "identity_schema_version": 0,
          "private": "bnVsbA==",
          "dependencies": [
            "module.api_gateway.aws_api_gateway_integration.options",
            "module.api_gateway.aws_api_gateway_method.options",
            "module.api_gateway.aws_api_gateway_method_response.options",
            "module.api_gateway.aws_api_gateway_resource.audit",
            "module.api_gateway.aws_api_gateway_resource.carts",
            "module.api_gateway.aws_api_gateway_resource.carts_id",
            "module.api_gateway.aws_api_gateway_resource.carts_id_products",
            "module.api_gateway.aws_api_gateway_resource.carts_id_products_id",
            "module.api_gateway.aws_api_gateway_resource.dashboard",
            "module.api_gateway.aws_api_gateway_resource.orders",
            "module.api_gateway.aws_api_gateway_resource.orders_id",
            "module.api_gateway.aws_api_gateway_resource.products",
            "module.api_gateway.aws_api_gateway_resource.products_id",
            "module.api_gateway.aws_api_gateway_resource.registrations",
            "module.api_gateway.aws_api_gateway_resource.stores",
            "module.api_gateway.aws_api_gateway_resource.stores_id",
            "module.api_gateway.aws_api_gateway_resource.users",
            "module.api_gateway.aws_api_gateway_resource.users_id",
            "module.api_gateway.aws_api_gateway_rest_api.this",
            "module.dynamodb.aws_dynamodb_table.audit",
            "module.dynamodb.aws_dynamodb_table.carts",
            "module.dynamodb.aws_dynamodb_table.orders",
            "module.dynamodb.aws_dynamodb_table.products",
            "module.dynamodb.aws_dynamodb_table.stores",
            "module.iam.aws_iam_role.audit",
            "module.iam.aws_iam_role.carts",
            "module.iam.aws_iam_role.dashboard",
            "module.iam.aws_iam_role.notifications",
            "module.iam.aws_iam_role.orders",
            "module.iam.aws_iam_role.products",
            "module.iam.aws_iam_role.stores",
            "module.iam.aws_iam_role.users",
            "module.iam.data.aws_iam_policy_document.lambda_assume_role",
            "module.lambdas.aws_cloudwatch_log_group.this",
            "module.lambdas.aws_lambda_function.this",
            "module.lambdas.data.archive_file.this"
          ],
          "create_before_destroy": true
        },
        {
          "index_key": "carts_id",
          "schema_version": 0,
          "attributes": {
            "content_handling": "",
            "http_method": "OPTIONS",
            "id": "agir-hrxk7wkv57-wt2mfu-OPTIONS-200",
            "resource_id": "wt2mfu",
            "response_parameters": {
              "method.response.header.Access-Control-Allow-Headers": "'Content-Type,Authorization'",
              "method.response.header.Access-Control-Allow-Methods": "'OPTIONS,GET,POST,PATCH,DELETE'",
              "method.response.header.Access-Control-Allow-Origin": "'*'"
            },
            "response_templates": {},
            "rest_api_id": "hrxk7wkv57",
            "selection_pattern": "",
            "status_code": "200"
          },
          "sensitive_attributes": [],
          "identity_schema_version": 0,
          "private": "bnVsbA==",
          "dependencies": [
            "module.api_gateway.aws_api_gateway_integration.options",
            "module.api_gateway.aws_api_gateway_method.options",
            "module.api_gateway.aws_api_gateway_method_response.options",
            "module.api_gateway.aws_api_gateway_resource.audit",
            "module.api_gateway.aws_api_gateway_resource.carts",
            "module.api_gateway.aws_api_gateway_resource.carts_id",
            "module.api_gateway.aws_api_gateway_resource.carts_id_products",
            "module.api_gateway.aws_api_gateway_resource.carts_id_products_id",
            "module.api_gateway.aws_api_gateway_resource.dashboard",
            "module.api_gateway.aws_api_gateway_resource.orders",
            "module.api_gateway.aws_api_gateway_resource.orders_id",
            "module.api_gateway.aws_api_gateway_resource.products",
            "module.api_gateway.aws_api_gateway_resource.products_id",
            "module.api_gateway.aws_api_gateway_resource.registrations",
            "module.api_gateway.aws_api_gateway_resource.stores",
            "module.api_gateway.aws_api_gateway_resource.stores_id",
            "module.api_gateway.aws_api_gateway_resource.users",
            "module.api_gateway.aws_api_gateway_resource.users_id",
            "module.api_gateway.aws_api_gateway_rest_api.this",
            "module.dynamodb.aws_dynamodb_table.audit",
            "module.dynamodb.aws_dynamodb_table.carts",
            "module.dynamodb.aws_dynamodb_table.orders",
            "module.dynamodb.aws_dynamodb_table.products",
            "module.dynamodb.aws_dynamodb_table.stores",
            "module.iam.aws_iam_role.audit",
            "module.iam.aws_iam_role.carts",
            "module.iam.aws_iam_role.dashboard",
            "module.iam.aws_iam_role.notifications",
            "module.iam.aws_iam_role.orders",
            "module.iam.aws_iam_role.products",
            "module.iam.aws_iam_role.stores",
            "module.iam.aws_iam_role.users",
            "module.iam.data.aws_iam_policy_document.lambda_assume_role",
            "module.lambdas.aws_cloudwatch_log_group.this",
            "module.lambdas.aws_lambda_function.this",
            "module.lambdas.data.archive_file.this"
          ],
          "create_before_destroy": true
        },
        {
          "index_key": "carts_id_products_id",
          "schema_version": 0,
          "attributes": {
            "content_handling": "",
            "http_method": "OPTIONS",
            "id": "agir-hrxk7wkv57-yax2d0-OPTIONS-200",
            "resource_id": "yax2d0",
            "response_parameters": {
              "method.response.header.Access-Control-Allow-Headers": "'Content-Type,Authorization'",
              "method.response.header.Access-Control-Allow-Methods": "'OPTIONS,GET,POST,PATCH,DELETE'",
              "method.response.header.Access-Control-Allow-Origin": "'*'"
            },
            "response_templates": {},
            "rest_api_id": "hrxk7wkv57",
            "selection_pattern": "",
            "status_code": "200"
          },
          "sensitive_attributes": [],
          "identity_schema_version": 0,
          "private": "bnVsbA==",
          "dependencies": [
            "module.api_gateway.aws_api_gateway_integration.options",
            "module.api_gateway.aws_api_gateway_method.options",
            "module.api_gateway.aws_api_gateway_method_response.options",
            "module.api_gateway.aws_api_gateway_resource.audit",
            "module.api_gateway.aws_api_gateway_resource.carts",
            "module.api_gateway.aws_api_gateway_resource.carts_id",
            "module.api_gateway.aws_api_gateway_resource.carts_id_products",
            "module.api_gateway.aws_api_gateway_resource.carts_id_products_id",
            "module.api_gateway.aws_api_gateway_resource.dashboard",
            "module.api_gateway.aws_api_gateway_resource.orders",
            "module.api_gateway.aws_api_gateway_resource.orders_id",
            "module.api_gateway.aws_api_gateway_resource.products",
            "module.api_gateway.aws_api_gateway_resource.products_id",
            "module.api_gateway.aws_api_gateway_resource.registrations",
            "module.api_gateway.aws_api_gateway_resource.stores",
            "module.api_gateway.aws_api_gateway_resource.stores_id",
            "module.api_gateway.aws_api_gateway_resource.users",
            "module.api_gateway.aws_api_gateway_resource.users_id",
            "module.api_gateway.aws_api_gateway_rest_api.this",
            "module.dynamodb.aws_dynamodb_table.audit",
            "module.dynamodb.aws_dynamodb_table.carts",
            "module.dynamodb.aws_dynamodb_table.orders",
            "module.dynamodb.aws_dynamodb_table.products",
            "module.dynamodb.aws_dynamodb_table.stores",
            "module.iam.aws_iam_role.audit",
            "module.iam.aws_iam_role.carts",
            "module.iam.aws_iam_role.dashboard",
            "module.iam.aws_iam_role.notifications",
            "module.iam.aws_iam_role.orders",
            "module.iam.aws_iam_role.products",
            "module.iam.aws_iam_role.stores",
            "module.iam.aws_iam_role.users",
            "module.iam.data.aws_iam_policy_document.lambda_assume_role",
            "module.lambdas.aws_cloudwatch_log_group.this",
            "module.lambdas.aws_lambda_function.this",
            "module.lambdas.data.archive_file.this"
          ],
          "create_before_destroy": true
        },
        {
          "index_key": "dashboard",
          "schema_version": 0,
          "attributes": {
            "content_handling": "",
            "http_method": "OPTIONS",
            "id": "agir-hrxk7wkv57-2unbe6-OPTIONS-200",
            "resource_id": "2unbe6",
            "response_parameters": {
              "method.response.header.Access-Control-Allow-Headers": "'Content-Type,Authorization'",
              "method.response.header.Access-Control-Allow-Methods": "'OPTIONS,GET,POST,PATCH,DELETE'",
              "method.response.header.Access-Control-Allow-Origin": "'*'"
            },
            "response_templates": {},
            "rest_api_id": "hrxk7wkv57",
            "selection_pattern": "",
            "status_code": "200"
          },
          "sensitive_attributes": [],
          "identity_schema_version": 0,
          "private": "bnVsbA==",
          "dependencies": [
            "module.api_gateway.aws_api_gateway_integration.options",
            "module.api_gateway.aws_api_gateway_method.options",
            "module.api_gateway.aws_api_gateway_method_response.options",
            "module.api_gateway.aws_api_gateway_resource.audit",
            "module.api_gateway.aws_api_gateway_resource.carts",
            "module.api_gateway.aws_api_gateway_resource.carts_id",
            "module.api_gateway.aws_api_gateway_resource.carts_id_products",
            "module.api_gateway.aws_api_gateway_resource.carts_id_products_id",
            "module.api_gateway.aws_api_gateway_resource.dashboard",
            "module.api_gateway.aws_api_gateway_resource.orders",
            "module.api_gateway.aws_api_gateway_resource.orders_id",
            "module.api_gateway.aws_api_gateway_resource.products",
            "module.api_gateway.aws_api_gateway_resource.products_id",
            "module.api_gateway.aws_api_gateway_resource.registrations",
            "module.api_gateway.aws_api_gateway_resource.stores",
            "module.api_gateway.aws_api_gateway_resource.stores_id",
            "module.api_gateway.aws_api_gateway_resource.users",
            "module.api_gateway.aws_api_gateway_resource.users_id",
            "module.api_gateway.aws_api_gateway_rest_api.this",
            "module.dynamodb.aws_dynamodb_table.audit",
            "module.dynamodb.aws_dynamodb_table.carts",
            "module.dynamodb.aws_dynamodb_table.orders",
            "module.dynamodb.aws_dynamodb_table.products",
            "module.dynamodb.aws_dynamodb_table.stores",
            "module.iam.aws_iam_role.audit",
            "module.iam.aws_iam_role.carts",
            "module.iam.aws_iam_role.dashboard",
            "module.iam.aws_iam_role.notifications",
            "module.iam.aws_iam_role.orders",
            "module.iam.aws_iam_role.products",
            "module.iam.aws_iam_role.stores",
            "module.iam.aws_iam_role.users",
            "module.iam.data.aws_iam_policy_document.lambda_assume_role",
            "module.lambdas.aws_cloudwatch_log_group.this",
            "module.lambdas.aws_lambda_function.this",
            "module.lambdas.data.archive_file.this"
          ],
          "create_before_destroy": true
        },
        {
          "index_key": "orders",
          "schema_version": 0,
          "attributes": {
            "content_handling": "",
            "http_method": "OPTIONS",
            "id": "agir-hrxk7wkv57-15tf4y-OPTIONS-200",
            "resource_id": "15tf4y",
            "response_parameters": {
              "method.response.header.Access-Control-Allow-Headers": "'Content-Type,Authorization'",
              "method.response.header.Access-Control-Allow-Methods": "'OPTIONS,GET,POST,PATCH,DELETE'",
              "method.response.header.Access-Control-Allow-Origin": "'*'"
            },
            "response_templates": {},
            "rest_api_id": "hrxk7wkv57",
            "selection_pattern": "",
            "status_code": "200"
          },
          "sensitive_attributes": [],
          "identity_schema_version": 0,
          "private": "bnVsbA==",
          "dependencies": [
            "module.api_gateway.aws_api_gateway_integration.options",
            "module.api_gateway.aws_api_gateway_method.options",
            "module.api_gateway.aws_api_gateway_method_response.options",
            "module.api_gateway.aws_api_gateway_resource.audit",
            "module.api_gateway.aws_api_gateway_resource.carts",
            "module.api_gateway.aws_api_gateway_resource.carts_id",
            "module.api_gateway.aws_api_gateway_resource.carts_id_products",
            "module.api_gateway.aws_api_gateway_resource.carts_id_products_id",
            "module.api_gateway.aws_api_gateway_resource.dashboard",
            "module.api_gateway.aws_api_gateway_resource.orders",
            "module.api_gateway.aws_api_gateway_resource.orders_id",
            "module.api_gateway.aws_api_gateway_resource.products",
            "module.api_gateway.aws_api_gateway_resource.products_id",
            "module.api_gateway.aws_api_gateway_resource.registrations",
            "module.api_gateway.aws_api_gateway_resource.stores",
            "module.api_gateway.aws_api_gateway_resource.stores_id",
            "module.api_gateway.aws_api_gateway_resource.users",
            "module.api_gateway.aws_api_gateway_resource.users_id",
            "module.api_gateway.aws_api_gateway_rest_api.this",
            "module.dynamodb.aws_dynamodb_table.audit",
            "module.dynamodb.aws_dynamodb_table.carts",
            "module.dynamodb.aws_dynamodb_table.orders",
            "module.dynamodb.aws_dynamodb_table.products",
            "module.dynamodb.aws_dynamodb_table.stores",
            "module.iam.aws_iam_role.audit",
            "module.iam.aws_iam_role.carts",
            "module.iam.aws_iam_role.dashboard",
            "module.iam.aws_iam_role.notifications",
            "module.iam.aws_iam_role.orders",
            "module.iam.aws_iam_role.products",
            "module.iam.aws_iam_role.stores",
            "module.iam.aws_iam_role.users",
            "module.iam.data.aws_iam_policy_document.lambda_assume_role",
            "module.lambdas.aws_cloudwatch_log_group.this",
            "module.lambdas.aws_lambda_function.this",
            "module.lambdas.data.archive_file.this"
          ],
          "create_before_destroy": true
        },
        {
          "index_key": "orders_id",
          "schema_version": 0,
          "attributes": {
            "content_handling": "",
            "http_method": "OPTIONS",
            "id": "agir-hrxk7wkv57-3bevf5-OPTIONS-200",
            "resource_id": "3bevf5",
            "response_parameters": {
              "method.response.header.Access-Control-Allow-Headers": "'Content-Type,Authorization'",
              "method.response.header.Access-Control-Allow-Methods": "'OPTIONS,GET,POST,PATCH,DELETE'",
              "method.response.header.Access-Control-Allow-Origin": "'*'"
            },
            "response_templates": {},
            "rest_api_id": "hrxk7wkv57",
            "selection_pattern": "",
            "status_code": "200"
          },
          "sensitive_attributes": [],
          "identity_schema_version": 0,
          "private": "bnVsbA==",
          "dependencies": [
            "module.api_gateway.aws_api_gateway_integration.options",
            "module.api_gateway.aws_api_gateway_method.options",
            "module.api_gateway.aws_api_gateway_method_response.options",
            "module.api_gateway.aws_api_gateway_resource.audit",
            "module.api_gateway.aws_api_gateway_resource.carts",
            "module.api_gateway.aws_api_gateway_resource.carts_id",
            "module.api_gateway.aws_api_gateway_resource.carts_id_products",
            "module.api_gateway.aws_api_gateway_resource.carts_id_products_id",
            "module.api_gateway.aws_api_gateway_resource.dashboard",
            "module.api_gateway.aws_api_gateway_resource.orders",
            "module.api_gateway.aws_api_gateway_resource.orders_id",
            "module.api_gateway.aws_api_gateway_resource.products",
            "module.api_gateway.aws_api_gateway_resource.products_id",
            "module.api_gateway.aws_api_gateway_resource.registrations",
            "module.api_gateway.aws_api_gateway_resource.stores",
            "module.api_gateway.aws_api_gateway_resource.stores_id",
            "module.api_gateway.aws_api_gateway_resource.users",
            "module.api_gateway.aws_api_gateway_resource.users_id",
            "module.api_gateway.aws_api_gateway_rest_api.this",
            "module.dynamodb.aws_dynamodb_table.audit",
            "module.dynamodb.aws_dynamodb_table.carts",
            "module.dynamodb.aws_dynamodb_table.orders",
            "module.dynamodb.aws_dynamodb_table.products",
            "module.dynamodb.aws_dynamodb_table.stores",
            "module.iam.aws_iam_role.audit",
            "module.iam.aws_iam_role.carts",
            "module.iam.aws_iam_role.dashboard",
            "module.iam.aws_iam_role.notifications",
            "module.iam.aws_iam_role.orders",
            "module.iam.aws_iam_role.products",
            "module.iam.aws_iam_role.stores",
            "module.iam.aws_iam_role.users",
            "module.iam.data.aws_iam_policy_document.lambda_assume_role",
            "module.lambdas.aws_cloudwatch_log_group.this",
            "module.lambdas.aws_lambda_function.this",
            "module.lambdas.data.archive_file.this"
          ],
          "create_before_destroy": true
        },
        {
          "index_key": "products",
          "schema_version": 0,
          "attributes": {
            "content_handling": "",
            "http_method": "OPTIONS",
            "id": "agir-hrxk7wkv57-xxn8gn-OPTIONS-200",
            "resource_id": "xxn8gn",
            "response_parameters": {
              "method.response.header.Access-Control-Allow-Headers": "'Content-Type,Authorization'",
              "method.response.header.Access-Control-Allow-Methods": "'OPTIONS,GET,POST,PATCH,DELETE'",
              "method.response.header.Access-Control-Allow-Origin": "'*'"
            },
            "response_templates": {},
            "rest_api_id": "hrxk7wkv57",
            "selection_pattern": "",
            "status_code": "200"
          },
          "sensitive_attributes": [],
          "identity_schema_version": 0,
          "private": "bnVsbA==",
          "dependencies": [
            "module.api_gateway.aws_api_gateway_integration.options",
            "module.api_gateway.aws_api_gateway_method.options",
            "module.api_gateway.aws_api_gateway_method_response.options",
            "module.api_gateway.aws_api_gateway_resource.audit",
            "module.api_gateway.aws_api_gateway_resource.carts",
            "module.api_gateway.aws_api_gateway_resource.carts_id",
            "module.api_gateway.aws_api_gateway_resource.carts_id_products",
            "module.api_gateway.aws_api_gateway_resource.carts_id_products_id",
            "module.api_gateway.aws_api_gateway_resource.dashboard",
            "module.api_gateway.aws_api_gateway_resource.orders",
            "module.api_gateway.aws_api_gateway_resource.orders_id",
            "module.api_gateway.aws_api_gateway_resource.products",
            "module.api_gateway.aws_api_gateway_resource.products_id",
            "module.api_gateway.aws_api_gateway_resource.registrations",
            "module.api_gateway.aws_api_gateway_resource.stores",
            "module.api_gateway.aws_api_gateway_resource.stores_id",
            "module.api_gateway.aws_api_gateway_resource.users",
            "module.api_gateway.aws_api_gateway_resource.users_id",
            "module.api_gateway.aws_api_gateway_rest_api.this",
            "module.dynamodb.aws_dynamodb_table.audit",
            "module.dynamodb.aws_dynamodb_table.carts",
            "module.dynamodb.aws_dynamodb_table.orders",
            "module.dynamodb.aws_dynamodb_table.products",
            "module.dynamodb.aws_dynamodb_table.stores",
            "module.iam.aws_iam_role.audit",
            "module.iam.aws_iam_role.carts",
            "module.iam.aws_iam_role.dashboard",
            "module.iam.aws_iam_role.notifications",
            "module.iam.aws_iam_role.orders",
            "module.iam.aws_iam_role.products",
            "module.iam.aws_iam_role.stores",
            "module.iam.aws_iam_role.users",
            "module.iam.data.aws_iam_policy_document.lambda_assume_role",
            "module.lambdas.aws_cloudwatch_log_group.this",
            "module.lambdas.aws_lambda_function.this",
            "module.lambdas.data.archive_file.this"
          ],
          "create_before_destroy": true
        },
        {
          "index_key": "products_id",
          "schema_version": 0,
          "attributes": {
            "content_handling": "",
            "http_method": "OPTIONS",
            "id": "agir-hrxk7wkv57-558efg-OPTIONS-200",
            "resource_id": "558efg",
            "response_parameters": {
              "method.response.header.Access-Control-Allow-Headers": "'Content-Type,Authorization'",
              "method.response.header.Access-Control-Allow-Methods": "'OPTIONS,GET,POST,PATCH,DELETE'",
              "method.response.header.Access-Control-Allow-Origin": "'*'"
            },
            "response_templates": {},
            "rest_api_id": "hrxk7wkv57",
            "selection_pattern": "",
            "status_code": "200"
          },
          "sensitive_attributes": [],
          "identity_schema_version": 0,
          "private": "bnVsbA==",
          "dependencies": [
            "module.api_gateway.aws_api_gateway_integration.options",
            "module.api_gateway.aws_api_gateway_method.options",
            "module.api_gateway.aws_api_gateway_method_response.options",
            "module.api_gateway.aws_api_gateway_resource.audit",
            "module.api_gateway.aws_api_gateway_resource.carts",
            "module.api_gateway.aws_api_gateway_resource.carts_id",
            "module.api_gateway.aws_api_gateway_resource.carts_id_products",
            "module.api_gateway.aws_api_gateway_resource.carts_id_products_id",
            "module.api_gateway.aws_api_gateway_resource.dashboard",
            "module.api_gateway.aws_api_gateway_resource.orders",
            "module.api_gateway.aws_api_gateway_resource.orders_id",
            "module.api_gateway.aws_api_gateway_resource.products",
            "module.api_gateway.aws_api_gateway_resource.products_id",
            "module.api_gateway.aws_api_gateway_resource.registrations",
            "module.api_gateway.aws_api_gateway_resource.stores",
            "module.api_gateway.aws_api_gateway_resource.stores_id",
            "module.api_gateway.aws_api_gateway_resource.users",
            "module.api_gateway.aws_api_gateway_resource.users_id",
            "module.api_gateway.aws_api_gateway_rest_api.this",
            "module.dynamodb.aws_dynamodb_table.audit",
            "module.dynamodb.aws_dynamodb_table.carts",
            "module.dynamodb.aws_dynamodb_table.orders",
            "module.dynamodb.aws_dynamodb_table.products",
            "module.dynamodb.aws_dynamodb_table.stores",
            "module.iam.aws_iam_role.audit",
            "module.iam.aws_iam_role.carts",
            "module.iam.aws_iam_role.dashboard",
            "module.iam.aws_iam_role.notifications",
            "module.iam.aws_iam_role.orders",
            "module.iam.aws_iam_role.products",
            "module.iam.aws_iam_role.stores",
            "module.iam.aws_iam_role.users",
            "module.iam.data.aws_iam_policy_document.lambda_assume_role",
            "module.lambdas.aws_cloudwatch_log_group.this",
            "module.lambdas.aws_lambda_function.this",
            "module.lambdas.data.archive_file.this"
          ],
          "create_before_destroy": true
        },
        {
          "index_key": "registrations",
          "schema_version": 0,
          "attributes": {
            "content_handling": "",
            "http_method": "OPTIONS",
            "id": "agir-hrxk7wkv57-npg67s-OPTIONS-200",
            "resource_id": "npg67s",
            "response_parameters": {
              "method.response.header.Access-Control-Allow-Headers": "'Content-Type,Authorization'",
              "method.response.header.Access-Control-Allow-Methods": "'OPTIONS,GET,POST,PATCH,DELETE'",
              "method.response.header.Access-Control-Allow-Origin": "'*'"
            },
            "response_templates": {},
            "rest_api_id": "hrxk7wkv57",
            "selection_pattern": "",
            "status_code": "200"
          },
          "sensitive_attributes": [],
          "identity_schema_version": 0,
          "private": "bnVsbA==",
          "dependencies": [
            "module.api_gateway.aws_api_gateway_integration.options",
            "module.api_gateway.aws_api_gateway_method.options",
            "module.api_gateway.aws_api_gateway_method_response.options",
            "module.api_gateway.aws_api_gateway_resource.audit",
            "module.api_gateway.aws_api_gateway_resource.carts",
            "module.api_gateway.aws_api_gateway_resource.carts_id",
            "module.api_gateway.aws_api_gateway_resource.carts_id_products",
            "module.api_gateway.aws_api_gateway_resource.carts_id_products_id",
            "module.api_gateway.aws_api_gateway_resource.dashboard",
            "module.api_gateway.aws_api_gateway_resource.orders",
            "module.api_gateway.aws_api_gateway_resource.orders_id",
            "module.api_gateway.aws_api_gateway_resource.products",
            "module.api_gateway.aws_api_gateway_resource.products_id",
            "module.api_gateway.aws_api_gateway_resource.registrations",
            "module.api_gateway.aws_api_gateway_resource.stores",
            "module.api_gateway.aws_api_gateway_resource.stores_id",
            "module.api_gateway.aws_api_gateway_resource.users",
            "module.api_gateway.aws_api_gateway_resource.users_id",
            "module.api_gateway.aws_api_gateway_rest_api.this",
            "module.dynamodb.aws_dynamodb_table.audit",
            "module.dynamodb.aws_dynamodb_table.carts",
            "module.dynamodb.aws_dynamodb_table.orders",
            "module.dynamodb.aws_dynamodb_table.products",
            "module.dynamodb.aws_dynamodb_table.stores",
            "module.iam.aws_iam_role.audit",
            "module.iam.aws_iam_role.carts",
            "module.iam.aws_iam_role.dashboard",
            "module.iam.aws_iam_role.notifications",
            "module.iam.aws_iam_role.orders",
            "module.iam.aws_iam_role.products",
            "module.iam.aws_iam_role.stores",
            "module.iam.aws_iam_role.users",
            "module.iam.data.aws_iam_policy_document.lambda_assume_role",
            "module.lambdas.aws_cloudwatch_log_group.this",
            "module.lambdas.aws_lambda_function.this",
            "module.lambdas.data.archive_file.this"
          ],
          "create_before_destroy": true
        },
        {
          "index_key": "stores",
          "schema_version": 0,
          "attributes": {
            "content_handling": "",
            "http_method": "OPTIONS",
            "id": "agir-hrxk7wkv57-1wy9is-OPTIONS-200",
            "resource_id": "1wy9is",
            "response_parameters": {
              "method.response.header.Access-Control-Allow-Headers": "'Content-Type,Authorization'",
              "method.response.header.Access-Control-Allow-Methods": "'OPTIONS,GET,POST,PATCH,DELETE'",
              "method.response.header.Access-Control-Allow-Origin": "'*'"
            },
            "response_templates": {},
            "rest_api_id": "hrxk7wkv57",
            "selection_pattern": "",
            "status_code": "200"
          },
          "sensitive_attributes": [],
          "identity_schema_version": 0,
          "private": "bnVsbA==",
          "dependencies": [
            "module.api_gateway.aws_api_gateway_integration.options",
            "module.api_gateway.aws_api_gateway_method.options",
            "module.api_gateway.aws_api_gateway_method_response.options",
            "module.api_gateway.aws_api_gateway_resource.audit",
            "module.api_gateway.aws_api_gateway_resource.carts",
            "module.api_gateway.aws_api_gateway_resource.carts_id",
            "module.api_gateway.aws_api_gateway_resource.carts_id_products",
            "module.api_gateway.aws_api_gateway_resource.carts_id_products_id",
            "module.api_gateway.aws_api_gateway_resource.dashboard",
            "module.api_gateway.aws_api_gateway_resource.orders",
            "module.api_gateway.aws_api_gateway_resource.orders_id",
            "module.api_gateway.aws_api_gateway_resource.products",
            "module.api_gateway.aws_api_gateway_resource.products_id",
            "module.api_gateway.aws_api_gateway_resource.registrations",
            "module.api_gateway.aws_api_gateway_resource.stores",
            "module.api_gateway.aws_api_gateway_resource.stores_id",
            "module.api_gateway.aws_api_gateway_resource.users",
            "module.api_gateway.aws_api_gateway_resource.users_id",
            "module.api_gateway.aws_api_gateway_rest_api.this",
            "module.dynamodb.aws_dynamodb_table.audit",
            "module.dynamodb.aws_dynamodb_table.carts",
            "module.dynamodb.aws_dynamodb_table.orders",
            "module.dynamodb.aws_dynamodb_table.products",
            "module.dynamodb.aws_dynamodb_table.stores",
            "module.iam.aws_iam_role.audit",
            "module.iam.aws_iam_role.carts",
            "module.iam.aws_iam_role.dashboard",
            "module.iam.aws_iam_role.notifications",
            "module.iam.aws_iam_role.orders",
            "module.iam.aws_iam_role.products",
            "module.iam.aws_iam_role.stores",
            "module.iam.aws_iam_role.users",
            "module.iam.data.aws_iam_policy_document.lambda_assume_role",
            "module.lambdas.aws_cloudwatch_log_group.this",
            "module.lambdas.aws_lambda_function.this",
            "module.lambdas.data.archive_file.this"
          ],
          "create_before_destroy": true
        },
        {
          "index_key": "stores_id",
          "schema_version": 0,
          "attributes": {
            "content_handling": "",
            "http_method": "OPTIONS",
            "id": "agir-hrxk7wkv57-y9blxm-OPTIONS-200",
            "resource_id": "y9blxm",
            "response_parameters": {
              "method.response.header.Access-Control-Allow-Headers": "'Content-Type,Authorization'",
              "method.response.header.Access-Control-Allow-Methods": "'OPTIONS,GET,POST,PATCH,DELETE'",
              "method.response.header.Access-Control-Allow-Origin": "'*'"
            },
            "response_templates": {},
            "rest_api_id": "hrxk7wkv57",
            "selection_pattern": "",
            "status_code": "200"
          },
          "sensitive_attributes": [],
          "identity_schema_version": 0,
          "private": "bnVsbA==",
          "dependencies": [
            "module.api_gateway.aws_api_gateway_integration.options",
            "module.api_gateway.aws_api_gateway_method.options",
            "module.api_gateway.aws_api_gateway_method_response.options",
            "module.api_gateway.aws_api_gateway_resource.audit",
            "module.api_gateway.aws_api_gateway_resource.carts",
            "module.api_gateway.aws_api_gateway_resource.carts_id",
            "module.api_gateway.aws_api_gateway_resource.carts_id_products",
            "module.api_gateway.aws_api_gateway_resource.carts_id_products_id",
            "module.api_gateway.aws_api_gateway_resource.dashboard",
            "module.api_gateway.aws_api_gateway_resource.orders",
            "module.api_gateway.aws_api_gateway_resource.orders_id",
            "module.api_gateway.aws_api_gateway_resource.products",
            "module.api_gateway.aws_api_gateway_resource.products_id",
            "module.api_gateway.aws_api_gateway_resource.registrations",
            "module.api_gateway.aws_api_gateway_resource.stores",
            "module.api_gateway.aws_api_gateway_resource.stores_id",
            "module.api_gateway.aws_api_gateway_resource.users",
            "module.api_gateway.aws_api_gateway_resource.users_id",
            "module.api_gateway.aws_api_gateway_rest_api.this",
            "module.dynamodb.aws_dynamodb_table.audit",
            "module.dynamodb.aws_dynamodb_table.carts",
            "module.dynamodb.aws_dynamodb_table.orders",
            "module.dynamodb.aws_dynamodb_table.products",
            "module.dynamodb.aws_dynamodb_table.stores",
            "module.iam.aws_iam_role.audit",
            "module.iam.aws_iam_role.carts",
            "module.iam.aws_iam_role.dashboard",
            "module.iam.aws_iam_role.notifications",
            "module.iam.aws_iam_role.orders",
            "module.iam.aws_iam_role.products",
            "module.iam.aws_iam_role.stores",
            "module.iam.aws_iam_role.users",
            "module.iam.data.aws_iam_policy_document.lambda_assume_role",
            "module.lambdas.aws_cloudwatch_log_group.this",
            "module.lambdas.aws_lambda_function.this",
            "module.lambdas.data.archive_file.this"
          ],
          "create_before_destroy": true
        },
        {
          "index_key": "users",
          "schema_version": 0,
          "attributes": {
            "content_handling": "",
            "http_method": "OPTIONS",
            "id": "agir-hrxk7wkv57-3ylmmg-OPTIONS-200",
            "resource_id": "3ylmmg",
            "response_parameters": {
              "method.response.header.Access-Control-Allow-Headers": "'Content-Type,Authorization'",
              "method.response.header.Access-Control-Allow-Methods": "'OPTIONS,GET,POST,PATCH,DELETE'",
              "method.response.header.Access-Control-Allow-Origin": "'*'"
            },
            "response_templates": {},
            "rest_api_id": "hrxk7wkv57",
            "selection_pattern": "",
            "status_code": "200"
          },
          "sensitive_attributes": [],
          "identity_schema_version": 0,
          "private": "bnVsbA==",
          "dependencies": [
            "module.api_gateway.aws_api_gateway_integration.options",
            "module.api_gateway.aws_api_gateway_method.options",
            "module.api_gateway.aws_api_gateway_method_response.options",
            "module.api_gateway.aws_api_gateway_resource.audit",
            "module.api_gateway.aws_api_gateway_resource.carts",
            "module.api_gateway.aws_api_gateway_resource.carts_id",
            "module.api_gateway.aws_api_gateway_resource.carts_id_products",
            "module.api_gateway.aws_api_gateway_resource.carts_id_products_id",
            "module.api_gateway.aws_api_gateway_resource.dashboard",
            "module.api_gateway.aws_api_gateway_resource.orders",
            "module.api_gateway.aws_api_gateway_resource.orders_id",
            "module.api_gateway.aws_api_gateway_resource.products",
            "module.api_gateway.aws_api_gateway_resource.products_id",
            "module.api_gateway.aws_api_gateway_resource.registrations",
            "module.api_gateway.aws_api_gateway_resource.stores",
            "module.api_gateway.aws_api_gateway_resource.stores_id",
            "module.api_gateway.aws_api_gateway_resource.users",
            "module.api_gateway.aws_api_gateway_resource.users_id",
            "module.api_gateway.aws_api_gateway_rest_api.this",
            "module.dynamodb.aws_dynamodb_table.audit",
            "module.dynamodb.aws_dynamodb_table.carts",
            "module.dynamodb.aws_dynamodb_table.orders",
            "module.dynamodb.aws_dynamodb_table.products",
            "module.dynamodb.aws_dynamodb_table.stores",
            "module.iam.aws_iam_role.audit",
            "module.iam.aws_iam_role.carts",
            "module.iam.aws_iam_role.dashboard",
            "module.iam.aws_iam_role.notifications",
            "module.iam.aws_iam_role.orders",
            "module.iam.aws_iam_role.products",
            "module.iam.aws_iam_role.stores",
            "module.iam.aws_iam_role.users",
            "module.iam.data.aws_iam_policy_document.lambda_assume_role",
            "module.lambdas.aws_cloudwatch_log_group.this",
            "module.lambdas.aws_lambda_function.this",
            "module.lambdas.data.archive_file.this"
          ],
          "create_before_destroy": true
        },
        {
          "index_key": "users_id",
          "schema_version": 0,
          "attributes": {
            "content_handling": "",
            "http_method": "OPTIONS",
            "id": "agir-hrxk7wkv57-aleyso-OPTIONS-200",
            "resource_id": "aleyso",
            "response_parameters": {
              "method.response.header.Access-Control-Allow-Headers": "'Content-Type,Authorization'",
              "method.response.header.Access-Control-Allow-Methods": "'OPTIONS,GET,POST,PATCH,DELETE'",
              "method.response.header.Access-Control-Allow-Origin": "'*'"
            },
            "response_templates": {},
            "rest_api_id": "hrxk7wkv57",
            "selection_pattern": "",
            "status_code": "200"
          },
          "sensitive_attributes": [],
          "identity_schema_version": 0,
          "private": "bnVsbA==",
          "dependencies": [
            "module.api_gateway.aws_api_gateway_integration.options",
            "module.api_gateway.aws_api_gateway_method.options",
            "module.api_gateway.aws_api_gateway_method_response.options",
            "module.api_gateway.aws_api_gateway_resource.audit",
            "module.api_gateway.aws_api_gateway_resource.carts",
            "module.api_gateway.aws_api_gateway_resource.carts_id",
            "module.api_gateway.aws_api_gateway_resource.carts_id_products",
            "module.api_gateway.aws_api_gateway_resource.carts_id_products_id",
            "module.api_gateway.aws_api_gateway_resource.dashboard",
            "module.api_gateway.aws_api_gateway_resource.orders",
            "module.api_gateway.aws_api_gateway_resource.orders_id",
            "module.api_gateway.aws_api_gateway_resource.products",
            "module.api_gateway.aws_api_gateway_resource.products_id",
            "module.api_gateway.aws_api_gateway_resource.registrations",
            "module.api_gateway.aws_api_gateway_resource.stores",
            "module.api_gateway.aws_api_gateway_resource.stores_id",
            "module.api_gateway.aws_api_gateway_resource.users",
            "module.api_gateway.aws_api_gateway_resource.users_id",
            "module.api_gateway.aws_api_gateway_rest_api.this",
            "module.dynamodb.aws_dynamodb_table.audit",
            "module.dynamodb.aws_dynamodb_table.carts",
            "module.dynamodb.aws_dynamodb_table.orders",
            "module.dynamodb.aws_dynamodb_table.products",
            "module.dynamodb.aws_dynamodb_table.stores",
            "module.iam.aws_iam_role.audit",
            "module.iam.aws_iam_role.carts",
            "module.iam.aws_iam_role.dashboard",
            "module.iam.aws_iam_role.notifications",
            "module.iam.aws_iam_role.orders",
            "module.iam.aws_iam_role.products",
            "module.iam.aws_iam_role.stores",
            "module.iam.aws_iam_role.users",
            "module.iam.data.aws_iam_policy_document.lambda_assume_role",
            "module.lambdas.aws_cloudwatch_log_group.this",
            "module.lambdas.aws_lambda_function.this",
            "module.lambdas.data.archive_file.this"
          ],
          "create_before_destroy": true
        }
      ]
    },
    {
      "module": "module.api_gateway",
      "mode": "managed",
      "type": "aws_api_gateway_method",
      "name": "options",
      "provider": "provider[\"registry.terraform.io/hashicorp/aws\"]",
      "instances": [
        {
          "index_key": "audit",
          "schema_version": 0,
          "attributes": {
            "api_key_required": false,
            "authorization": "NONE",
            "authorization_scopes": [],
            "authorizer_id": "",
            "http_method": "OPTIONS",
            "id": "agm-hrxk7wkv57-ik4wkl-OPTIONS",
            "operation_name": "",
            "request_models": {},
            "request_parameters": {},
            "request_validator_id": "",
            "resource_id": "ik4wkl",
            "rest_api_id": "hrxk7wkv57"
          },
          "sensitive_attributes": [],
          "identity_schema_version": 0,
          "private": "bnVsbA==",
          "dependencies": [
            "module.api_gateway.aws_api_gateway_resource.audit",
            "module.api_gateway.aws_api_gateway_resource.carts",
            "module.api_gateway.aws_api_gateway_resource.carts_id",
            "module.api_gateway.aws_api_gateway_resource.carts_id_products",
            "module.api_gateway.aws_api_gateway_resource.carts_id_products_id",
            "module.api_gateway.aws_api_gateway_resource.dashboard",
            "module.api_gateway.aws_api_gateway_resource.orders",
            "module.api_gateway.aws_api_gateway_resource.orders_id",
            "module.api_gateway.aws_api_gateway_resource.products",
            "module.api_gateway.aws_api_gateway_resource.products_id",
            "module.api_gateway.aws_api_gateway_resource.registrations",
            "module.api_gateway.aws_api_gateway_resource.stores",
            "module.api_gateway.aws_api_gateway_resource.stores_id",
            "module.api_gateway.aws_api_gateway_resource.users",
            "module.api_gateway.aws_api_gateway_resource.users_id",
            "module.api_gateway.aws_api_gateway_rest_api.this",
            "module.dynamodb.aws_dynamodb_table.audit",
            "module.dynamodb.aws_dynamodb_table.carts",
            "module.dynamodb.aws_dynamodb_table.orders",
            "module.dynamodb.aws_dynamodb_table.products",
            "module.dynamodb.aws_dynamodb_table.stores",
            "module.iam.aws_iam_role.audit",
            "module.iam.aws_iam_role.carts",
            "module.iam.aws_iam_role.dashboard",
            "module.iam.aws_iam_role.notifications",
            "module.iam.aws_iam_role.orders",
            "module.iam.aws_iam_role.products",
            "module.iam.aws_iam_role.stores",
            "module.iam.aws_iam_role.users",
            "module.iam.data.aws_iam_policy_document.lambda_assume_role",
            "module.lambdas.aws_cloudwatch_log_group.this",
            "module.lambdas.aws_lambda_function.this",
            "module.lambdas.data.archive_file.this"
          ],
          "create_before_destroy": true
        },
        {
          "index_key": "carts_id",
          "schema_version": 0,
          "attributes": {
            "api_key_required": false,
            "authorization": "NONE",
            "authorization_scopes": [],
            "authorizer_id": "",
            "http_method": "OPTIONS",
            "id": "agm-hrxk7wkv57-wt2mfu-OPTIONS",
            "operation_name": "",
            "request_models": {},
            "request_parameters": {},
            "request_validator_id": "",
            "resource_id": "wt2mfu",
            "rest_api_id": "hrxk7wkv57"
          },
          "sensitive_attributes": [],
          "identity_schema_version": 0,
          "private": "bnVsbA==",
          "dependencies": [
            "module.api_gateway.aws_api_gateway_resource.audit",
            "module.api_gateway.aws_api_gateway_resource.carts",
            "module.api_gateway.aws_api_gateway_resource.carts_id",
            "module.api_gateway.aws_api_gateway_resource.carts_id_products",
            "module.api_gateway.aws_api_gateway_resource.carts_id_products_id",
            "module.api_gateway.aws_api_gateway_resource.dashboard",
            "module.api_gateway.aws_api_gateway_resource.orders",
            "module.api_gateway.aws_api_gateway_resource.orders_id",
            "module.api_gateway.aws_api_gateway_resource.products",
            "module.api_gateway.aws_api_gateway_resource.products_id",
            "module.api_gateway.aws_api_gateway_resource.registrations",
            "module.api_gateway.aws_api_gateway_resource.stores",
            "module.api_gateway.aws_api_gateway_resource.stores_id",
            "module.api_gateway.aws_api_gateway_resource.users",
            "module.api_gateway.aws_api_gateway_resource.users_id",
            "module.api_gateway.aws_api_gateway_rest_api.this",
            "module.dynamodb.aws_dynamodb_table.audit",
            "module.dynamodb.aws_dynamodb_table.carts",
            "module.dynamodb.aws_dynamodb_table.orders",
            "module.dynamodb.aws_dynamodb_table.products",
            "module.dynamodb.aws_dynamodb_table.stores",
            "module.iam.aws_iam_role.audit",
            "module.iam.aws_iam_role.carts",
            "module.iam.aws_iam_role.dashboard",
            "module.iam.aws_iam_role.notifications",
            "module.iam.aws_iam_role.orders",
            "module.iam.aws_iam_role.products",
            "module.iam.aws_iam_role.stores",
            "module.iam.aws_iam_role.users",
            "module.iam.data.aws_iam_policy_document.lambda_assume_role",
            "module.lambdas.aws_cloudwatch_log_group.this",
            "module.lambdas.aws_lambda_function.this",
            "module.lambdas.data.archive_file.this"
          ],
          "create_before_destroy": true
        },
        {
          "index_key": "carts_id_products_id",
          "schema_version": 0,
          "attributes": {
            "api_key_required": false,
            "authorization": "NONE",
            "authorization_scopes": [],
            "authorizer_id": "",
            "http_method": "OPTIONS",
            "id": "agm-hrxk7wkv57-yax2d0-OPTIONS",
            "operation_name": "",
            "request_models": {},
            "request_parameters": {},
            "request_validator_id": "",
            "resource_id": "yax2d0",
            "rest_api_id": "hrxk7wkv57"
          },
          "sensitive_attributes": [],
          "identity_schema_version": 0,
          "private": "bnVsbA==",
          "dependencies": [
            "module.api_gateway.aws_api_gateway_resource.audit",
            "module.api_gateway.aws_api_gateway_resource.carts",
            "module.api_gateway.aws_api_gateway_resource.carts_id",
            "module.api_gateway.aws_api_gateway_resource.carts_id_products",
            "module.api_gateway.aws_api_gateway_resource.carts_id_products_id",
            "module.api_gateway.aws_api_gateway_resource.dashboard",
            "module.api_gateway.aws_api_gateway_resource.orders",
            "module.api_gateway.aws_api_gateway_resource.orders_id",
            "module.api_gateway.aws_api_gateway_resource.products",
            "module.api_gateway.aws_api_gateway_resource.products_id",
            "module.api_gateway.aws_api_gateway_resource.registrations",
            "module.api_gateway.aws_api_gateway_resource.stores",
            "module.api_gateway.aws_api_gateway_resource.stores_id",
            "module.api_gateway.aws_api_gateway_resource.users",
            "module.api_gateway.aws_api_gateway_resource.users_id",
            "module.api_gateway.aws_api_gateway_rest_api.this",
            "module.dynamodb.aws_dynamodb_table.audit",
            "module.dynamodb.aws_dynamodb_table.carts",
            "module.dynamodb.aws_dynamodb_table.orders",
            "module.dynamodb.aws_dynamodb_table.products",
            "module.dynamodb.aws_dynamodb_table.stores",
            "module.iam.aws_iam_role.audit",
            "module.iam.aws_iam_role.carts",
            "module.iam.aws_iam_role.dashboard",
            "module.iam.aws_iam_role.notifications",
            "module.iam.aws_iam_role.orders",
            "module.iam.aws_iam_role.products",
            "module.iam.aws_iam_role.stores",
            "module.iam.aws_iam_role.users",
            "module.iam.data.aws_iam_policy_document.lambda_assume_role",
            "module.lambdas.aws_cloudwatch_log_group.this",
            "module.lambdas.aws_lambda_function.this",
            "module.lambdas.data.archive_file.this"
          ],
          "create_before_destroy": true
        },
        {
          "index_key": "dashboard",
          "schema_version": 0,
          "attributes": {
            "api_key_required": false,
            "authorization": "NONE",
            "authorization_scopes": [],
            "authorizer_id": "",
            "http_method": "OPTIONS",
            "id": "agm-hrxk7wkv57-2unbe6-OPTIONS",
            "operation_name": "",
            "request_models": {},
            "request_parameters": {},
            "request_validator_id": "",
            "resource_id": "2unbe6",
            "rest_api_id": "hrxk7wkv57"
          },
          "sensitive_attributes": [],
          "identity_schema_version": 0,
          "private": "bnVsbA==",
          "dependencies": [
            "module.api_gateway.aws_api_gateway_resource.audit",
            "module.api_gateway.aws_api_gateway_resource.carts",
            "module.api_gateway.aws_api_gateway_resource.carts_id",
            "module.api_gateway.aws_api_gateway_resource.carts_id_products",
            "module.api_gateway.aws_api_gateway_resource.carts_id_products_id",
            "module.api_gateway.aws_api_gateway_resource.dashboard",
            "module.api_gateway.aws_api_gateway_resource.orders",
            "module.api_gateway.aws_api_gateway_resource.orders_id",
            "module.api_gateway.aws_api_gateway_resource.products",
            "module.api_gateway.aws_api_gateway_resource.products_id",
            "module.api_gateway.aws_api_gateway_resource.registrations",
            "module.api_gateway.aws_api_gateway_resource.stores",
            "module.api_gateway.aws_api_gateway_resource.stores_id",
            "module.api_gateway.aws_api_gateway_resource.users",
            "module.api_gateway.aws_api_gateway_resource.users_id",
            "module.api_gateway.aws_api_gateway_rest_api.this",
            "module.dynamodb.aws_dynamodb_table.audit",
            "module.dynamodb.aws_dynamodb_table.carts",
            "module.dynamodb.aws_dynamodb_table.orders",
            "module.dynamodb.aws_dynamodb_table.products",
            "module.dynamodb.aws_dynamodb_table.stores",
            "module.iam.aws_iam_role.audit",
            "module.iam.aws_iam_role.carts",
            "module.iam.aws_iam_role.dashboard",
            "module.iam.aws_iam_role.notifications",
            "module.iam.aws_iam_role.orders",
            "module.iam.aws_iam_role.products",
            "module.iam.aws_iam_role.stores",
            "module.iam.aws_iam_role.users",
            "module.iam.data.aws_iam_policy_document.lambda_assume_role",
            "module.lambdas.aws_cloudwatch_log_group.this",
            "module.lambdas.aws_lambda_function.this",
            "module.lambdas.data.archive_file.this"
          ],
          "create_before_destroy": true
        },
        {
          "index_key": "orders",
          "schema_version": 0,
          "attributes": {
            "api_key_required": false,
            "authorization": "NONE",
            "authorization_scopes": [],
            "authorizer_id": "",
            "http_method": "OPTIONS",
            "id": "agm-hrxk7wkv57-15tf4y-OPTIONS",
            "operation_name": "",
            "request_models": {},
            "request_parameters": {},
            "request_validator_id": "",
            "resource_id": "15tf4y",
            "rest_api_id": "hrxk7wkv57"
          },
          "sensitive_attributes": [],
          "identity_schema_version": 0,
          "private": "bnVsbA==",
          "dependencies": [
            "module.api_gateway.aws_api_gateway_resource.audit",
            "module.api_gateway.aws_api_gateway_resource.carts",
            "module.api_gateway.aws_api_gateway_resource.carts_id",
            "module.api_gateway.aws_api_gateway_resource.carts_id_products",
            "module.api_gateway.aws_api_gateway_resource.carts_id_products_id",
            "module.api_gateway.aws_api_gateway_resource.dashboard",
            "module.api_gateway.aws_api_gateway_resource.orders",
            "module.api_gateway.aws_api_gateway_resource.orders_id",
            "module.api_gateway.aws_api_gateway_resource.products",
            "module.api_gateway.aws_api_gateway_resource.products_id",
            "module.api_gateway.aws_api_gateway_resource.registrations",
            "module.api_gateway.aws_api_gateway_resource.stores",
            "module.api_gateway.aws_api_gateway_resource.stores_id",
            "module.api_gateway.aws_api_gateway_resource.users",
            "module.api_gateway.aws_api_gateway_resource.users_id",
            "module.api_gateway.aws_api_gateway_rest_api.this",
            "module.dynamodb.aws_dynamodb_table.audit",
            "module.dynamodb.aws_dynamodb_table.carts",
            "module.dynamodb.aws_dynamodb_table.orders",
            "module.dynamodb.aws_dynamodb_table.products",
            "module.dynamodb.aws_dynamodb_table.stores",
            "module.iam.aws_iam_role.audit",
            "module.iam.aws_iam_role.carts",
            "module.iam.aws_iam_role.dashboard",
            "module.iam.aws_iam_role.notifications",
            "module.iam.aws_iam_role.orders",
            "module.iam.aws_iam_role.products",
            "module.iam.aws_iam_role.stores",
            "module.iam.aws_iam_role.users",
            "module.iam.data.aws_iam_policy_document.lambda_assume_role",
            "module.lambdas.aws_cloudwatch_log_group.this",
            "module.lambdas.aws_lambda_function.this",
            "module.lambdas.data.archive_file.this"
          ],
          "create_before_destroy": true
        },
        {
          "index_key": "orders_id",
          "schema_version": 0,
          "attributes": {
            "api_key_required": false,
            "authorization": "NONE",
            "authorization_scopes": [],
            "authorizer_id": "",
            "http_method": "OPTIONS",
            "id": "agm-hrxk7wkv57-3bevf5-OPTIONS",
            "operation_name": "",
            "request_models": {},
            "request_parameters": {},
            "request_validator_id": "",
            "resource_id": "3bevf5",
            "rest_api_id": "hrxk7wkv57"
          },
          "sensitive_attributes": [],
          "identity_schema_version": 0,
          "private": "bnVsbA==",
          "dependencies": [
            "module.api_gateway.aws_api_gateway_resource.audit",
            "module.api_gateway.aws_api_gateway_resource.carts",
            "module.api_gateway.aws_api_gateway_resource.carts_id",
            "module.api_gateway.aws_api_gateway_resource.carts_id_products",
            "module.api_gateway.aws_api_gateway_resource.carts_id_products_id",
            "module.api_gateway.aws_api_gateway_resource.dashboard",
            "module.api_gateway.aws_api_gateway_resource.orders",
            "module.api_gateway.aws_api_gateway_resource.orders_id",
            "module.api_gateway.aws_api_gateway_resource.products",
            "module.api_gateway.aws_api_gateway_resource.products_id",
            "module.api_gateway.aws_api_gateway_resource.registrations",
            "module.api_gateway.aws_api_gateway_resource.stores",
            "module.api_gateway.aws_api_gateway_resource.stores_id",
            "module.api_gateway.aws_api_gateway_resource.users",
            "module.api_gateway.aws_api_gateway_resource.users_id",
            "module.api_gateway.aws_api_gateway_rest_api.this",
            "module.dynamodb.aws_dynamodb_table.audit",
            "module.dynamodb.aws_dynamodb_table.carts",
            "module.dynamodb.aws_dynamodb_table.orders",
            "module.dynamodb.aws_dynamodb_table.products",
            "module.dynamodb.aws_dynamodb_table.stores",
            "module.iam.aws_iam_role.audit",
            "module.iam.aws_iam_role.carts",
            "module.iam.aws_iam_role.dashboard",
            "module.iam.aws_iam_role.notifications",
            "module.iam.aws_iam_role.orders",
            "module.iam.aws_iam_role.products",
            "module.iam.aws_iam_role.stores",
            "module.iam.aws_iam_role.users",
            "module.iam.data.aws_iam_policy_document.lambda_assume_role",
            "module.lambdas.aws_cloudwatch_log_group.this",
            "module.lambdas.aws_lambda_function.this",
            "module.lambdas.data.archive_file.this"
          ],
          "create_before_destroy": true
        },
        {
          "index_key": "products",
          "schema_version": 0,
          "attributes": {
            "api_key_required": false,
            "authorization": "NONE",
            "authorization_scopes": [],
            "authorizer_id": "",
            "http_method": "OPTIONS",
            "id": "agm-hrxk7wkv57-xxn8gn-OPTIONS",
            "operation_name": "",
            "request_models": {},
            "request_parameters": {},
            "request_validator_id": "",
            "resource_id": "xxn8gn",
            "rest_api_id": "hrxk7wkv57"
          },
          "sensitive_attributes": [],
          "identity_schema_version": 0,
          "private": "bnVsbA==",
          "dependencies": [
            "module.api_gateway.aws_api_gateway_resource.audit",
            "module.api_gateway.aws_api_gateway_resource.carts",
            "module.api_gateway.aws_api_gateway_resource.carts_id",
            "module.api_gateway.aws_api_gateway_resource.carts_id_products",
            "module.api_gateway.aws_api_gateway_resource.carts_id_products_id",
            "module.api_gateway.aws_api_gateway_resource.dashboard",
            "module.api_gateway.aws_api_gateway_resource.orders",
            "module.api_gateway.aws_api_gateway_resource.orders_id",
            "module.api_gateway.aws_api_gateway_resource.products",
            "module.api_gateway.aws_api_gateway_resource.products_id",
            "module.api_gateway.aws_api_gateway_resource.registrations",
            "module.api_gateway.aws_api_gateway_resource.stores",
            "module.api_gateway.aws_api_gateway_resource.stores_id",
            "module.api_gateway.aws_api_gateway_resource.users",
            "module.api_gateway.aws_api_gateway_resource.users_id",
            "module.api_gateway.aws_api_gateway_rest_api.this",
            "module.dynamodb.aws_dynamodb_table.audit",
            "module.dynamodb.aws_dynamodb_table.carts",
            "module.dynamodb.aws_dynamodb_table.orders",
            "module.dynamodb.aws_dynamodb_table.products",
            "module.dynamodb.aws_dynamodb_table.stores",
            "module.iam.aws_iam_role.audit",
            "module.iam.aws_iam_role.carts",
            "module.iam.aws_iam_role.dashboard",
            "module.iam.aws_iam_role.notifications",
            "module.iam.aws_iam_role.orders",
            "module.iam.aws_iam_role.products",
            "module.iam.aws_iam_role.stores",
            "module.iam.aws_iam_role.users",
            "module.iam.data.aws_iam_policy_document.lambda_assume_role",
            "module.lambdas.aws_cloudwatch_log_group.this",
            "module.lambdas.aws_lambda_function.this",
            "module.lambdas.data.archive_file.this"
          ],
          "create_before_destroy": true
        },
        {
          "index_key": "products_id",
          "schema_version": 0,
          "attributes": {
            "api_key_required": false,
            "authorization": "NONE",
            "authorization_scopes": [],
            "authorizer_id": "",
            "http_method": "OPTIONS",
            "id": "agm-hrxk7wkv57-558efg-OPTIONS",
            "operation_name": "",
            "request_models": {},
            "request_parameters": {},
            "request_validator_id": "",
            "resource_id": "558efg",
            "rest_api_id": "hrxk7wkv57"
          },
          "sensitive_attributes": [],
          "identity_schema_version": 0,
          "private": "bnVsbA==",
          "dependencies": [
            "module.api_gateway.aws_api_gateway_resource.audit",
            "module.api_gateway.aws_api_gateway_resource.carts",
            "module.api_gateway.aws_api_gateway_resource.carts_id",
            "module.api_gateway.aws_api_gateway_resource.carts_id_products",
            "module.api_gateway.aws_api_gateway_resource.carts_id_products_id",
            "module.api_gateway.aws_api_gateway_resource.dashboard",
            "module.api_gateway.aws_api_gateway_resource.orders",
            "module.api_gateway.aws_api_gateway_resource.orders_id",
            "module.api_gateway.aws_api_gateway_resource.products",
            "module.api_gateway.aws_api_gateway_resource.products_id",
            "module.api_gateway.aws_api_gateway_resource.registrations",
            "module.api_gateway.aws_api_gateway_resource.stores",
            "module.api_gateway.aws_api_gateway_resource.stores_id",
            "module.api_gateway.aws_api_gateway_resource.users",
            "module.api_gateway.aws_api_gateway_resource.users_id",
            "module.api_gateway.aws_api_gateway_rest_api.this",
            "module.dynamodb.aws_dynamodb_table.audit",
            "module.dynamodb.aws_dynamodb_table.carts",
            "module.dynamodb.aws_dynamodb_table.orders",
            "module.dynamodb.aws_dynamodb_table.products",
            "module.dynamodb.aws_dynamodb_table.stores",
            "module.iam.aws_iam_role.audit",
            "module.iam.aws_iam_role.carts",
            "module.iam.aws_iam_role.dashboard",
            "module.iam.aws_iam_role.notifications",
            "module.iam.aws_iam_role.orders",
            "module.iam.aws_iam_role.products",
            "module.iam.aws_iam_role.stores",
            "module.iam.aws_iam_role.users",
            "module.iam.data.aws_iam_policy_document.lambda_assume_role",
            "module.lambdas.aws_cloudwatch_log_group.this",
            "module.lambdas.aws_lambda_function.this",
            "module.lambdas.data.archive_file.this"
          ],
          "create_before_destroy": true
        },
        {
          "index_key": "registrations",
          "schema_version": 0,
          "attributes": {
            "api_key_required": false,
            "authorization": "NONE",
            "authorization_scopes": [],
            "authorizer_id": "",
            "http_method": "OPTIONS",
            "id": "agm-hrxk7wkv57-npg67s-OPTIONS",
            "operation_name": "",
            "request_models": {},
            "request_parameters": {},
            "request_validator_id": "",
            "resource_id": "npg67s",
            "rest_api_id": "hrxk7wkv57"
          },
          "sensitive_attributes": [],
          "identity_schema_version": 0,
          "private": "bnVsbA==",
          "dependencies": [
            "module.api_gateway.aws_api_gateway_resource.audit",
            "module.api_gateway.aws_api_gateway_resource.carts",
            "module.api_gateway.aws_api_gateway_resource.carts_id",
            "module.api_gateway.aws_api_gateway_resource.carts_id_products",
            "module.api_gateway.aws_api_gateway_resource.carts_id_products_id",
            "module.api_gateway.aws_api_gateway_resource.dashboard",
            "module.api_gateway.aws_api_gateway_resource.orders",
            "module.api_gateway.aws_api_gateway_resource.orders_id",
            "module.api_gateway.aws_api_gateway_resource.products",
            "module.api_gateway.aws_api_gateway_resource.products_id",
            "module.api_gateway.aws_api_gateway_resource.registrations",
            "module.api_gateway.aws_api_gateway_resource.stores",
            "module.api_gateway.aws_api_gateway_resource.stores_id",
            "module.api_gateway.aws_api_gateway_resource.users",
            "module.api_gateway.aws_api_gateway_resource.users_id",
            "module.api_gateway.aws_api_gateway_rest_api.this",
            "module.dynamodb.aws_dynamodb_table.audit",
            "module.dynamodb.aws_dynamodb_table.carts",
            "module.dynamodb.aws_dynamodb_table.orders",
            "module.dynamodb.aws_dynamodb_table.products",
            "module.dynamodb.aws_dynamodb_table.stores",
            "module.iam.aws_iam_role.audit",
            "module.iam.aws_iam_role.carts",
            "module.iam.aws_iam_role.dashboard",
            "module.iam.aws_iam_role.notifications",
            "module.iam.aws_iam_role.orders",
            "module.iam.aws_iam_role.products",
            "module.iam.aws_iam_role.stores",
            "module.iam.aws_iam_role.users",
            "module.iam.data.aws_iam_policy_document.lambda_assume_role",
            "module.lambdas.aws_cloudwatch_log_group.this",
            "module.lambdas.aws_lambda_function.this",
            "module.lambdas.data.archive_file.this"
          ],
          "create_before_destroy": true
        },
        {
          "index_key": "stores",
          "schema_version": 0,
          "attributes": {
            "api_key_required": false,
            "authorization": "NONE",
            "authorization_scopes": [],
            "authorizer_id": "",
            "http_method": "OPTIONS",
            "id": "agm-hrxk7wkv57-1wy9is-OPTIONS",
            "operation_name": "",
            "request_models": {},
            "request_parameters": {},
            "request_validator_id": "",
            "resource_id": "1wy9is",
            "rest_api_id": "hrxk7wkv57"
          },
          "sensitive_attributes": [],
          "identity_schema_version": 0,
          "private": "bnVsbA==",
          "dependencies": [
            "module.api_gateway.aws_api_gateway_resource.audit",
            "module.api_gateway.aws_api_gateway_resource.carts",
            "module.api_gateway.aws_api_gateway_resource.carts_id",
            "module.api_gateway.aws_api_gateway_resource.carts_id_products",
            "module.api_gateway.aws_api_gateway_resource.carts_id_products_id",
            "module.api_gateway.aws_api_gateway_resource.dashboard",
            "module.api_gateway.aws_api_gateway_resource.orders",
            "module.api_gateway.aws_api_gateway_resource.orders_id",
            "module.api_gateway.aws_api_gateway_resource.products",
            "module.api_gateway.aws_api_gateway_resource.products_id",
            "module.api_gateway.aws_api_gateway_resource.registrations",
            "module.api_gateway.aws_api_gateway_resource.stores",
            "module.api_gateway.aws_api_gateway_resource.stores_id",
            "module.api_gateway.aws_api_gateway_resource.users",
            "module.api_gateway.aws_api_gateway_resource.users_id",
            "module.api_gateway.aws_api_gateway_rest_api.this",
            "module.dynamodb.aws_dynamodb_table.audit",
            "module.dynamodb.aws_dynamodb_table.carts",
            "module.dynamodb.aws_dynamodb_table.orders",
            "module.dynamodb.aws_dynamodb_table.products",
            "module.dynamodb.aws_dynamodb_table.stores",
            "module.iam.aws_iam_role.audit",
            "module.iam.aws_iam_role.carts",
            "module.iam.aws_iam_role.dashboard",
            "module.iam.aws_iam_role.notifications",
            "module.iam.aws_iam_role.orders",
            "module.iam.aws_iam_role.products",
            "module.iam.aws_iam_role.stores",
            "module.iam.aws_iam_role.users",
            "module.iam.data.aws_iam_policy_document.lambda_assume_role",
            "module.lambdas.aws_cloudwatch_log_group.this",
            "module.lambdas.aws_lambda_function.this",
            "module.lambdas.data.archive_file.this"
          ],
          "create_before_destroy": true
        },
        {
          "index_key": "stores_id",
          "schema_version": 0,
          "attributes": {
            "api_key_required": false,
            "authorization": "NONE",
            "authorization_scopes": [],
            "authorizer_id": "",
            "http_method": "OPTIONS",
            "id": "agm-hrxk7wkv57-y9blxm-OPTIONS",
            "operation_name": "",
            "request_models": {},
            "request_parameters": {},
            "request_validator_id": "",
            "resource_id": "y9blxm",
            "rest_api_id": "hrxk7wkv57"
          },
          "sensitive_attributes": [],
          "identity_schema_version": 0,
          "private": "bnVsbA==",
          "dependencies": [
            "module.api_gateway.aws_api_gateway_resource.audit",
            "module.api_gateway.aws_api_gateway_resource.carts",
            "module.api_gateway.aws_api_gateway_resource.carts_id",
            "module.api_gateway.aws_api_gateway_resource.carts_id_products",
            "module.api_gateway.aws_api_gateway_resource.carts_id_products_id",
            "module.api_gateway.aws_api_gateway_resource.dashboard",
            "module.api_gateway.aws_api_gateway_resource.orders",
            "module.api_gateway.aws_api_gateway_resource.orders_id",
            "module.api_gateway.aws_api_gateway_resource.products",
            "module.api_gateway.aws_api_gateway_resource.products_id",
            "module.api_gateway.aws_api_gateway_resource.registrations",
            "module.api_gateway.aws_api_gateway_resource.stores",
            "module.api_gateway.aws_api_gateway_resource.stores_id",
            "module.api_gateway.aws_api_gateway_resource.users",
            "module.api_gateway.aws_api_gateway_resource.users_id",
            "module.api_gateway.aws_api_gateway_rest_api.this",
            "module.dynamodb.aws_dynamodb_table.audit",
            "module.dynamodb.aws_dynamodb_table.carts",
            "module.dynamodb.aws_dynamodb_table.orders",
            "module.dynamodb.aws_dynamodb_table.products",
            "module.dynamodb.aws_dynamodb_table.stores",
            "module.iam.aws_iam_role.audit",
            "module.iam.aws_iam_role.carts",
            "module.iam.aws_iam_role.dashboard",
            "module.iam.aws_iam_role.notifications",
            "module.iam.aws_iam_role.orders",
            "module.iam.aws_iam_role.products",
            "module.iam.aws_iam_role.stores",
            "module.iam.aws_iam_role.users",
            "module.iam.data.aws_iam_policy_document.lambda_assume_role",
            "module.lambdas.aws_cloudwatch_log_group.this",
            "module.lambdas.aws_lambda_function.this",
            "module.lambdas.data.archive_file.this"
          ],
          "create_before_destroy": true
        },
        {
          "index_key": "users",
          "schema_version": 0,
          "attributes": {
            "api_key_required": false,
            "authorization": "NONE",
            "authorization_scopes": [],
            "authorizer_id": "",
            "http_method": "OPTIONS",
            "id": "agm-hrxk7wkv57-3ylmmg-OPTIONS",
            "operation_name": "",
            "request_models": {},
            "request_parameters": {},
            "request_validator_id": "",
            "resource_id": "3ylmmg",
            "rest_api_id": "hrxk7wkv57"
          },
          "sensitive_attributes": [],
          "identity_schema_version": 0,
          "private": "bnVsbA==",
          "dependencies": [
            "module.api_gateway.aws_api_gateway_resource.audit",
            "module.api_gateway.aws_api_gateway_resource.carts",
            "module.api_gateway.aws_api_gateway_resource.carts_id",
            "module.api_gateway.aws_api_gateway_resource.carts_id_products",
            "module.api_gateway.aws_api_gateway_resource.carts_id_products_id",
            "module.api_gateway.aws_api_gateway_resource.dashboard",
            "module.api_gateway.aws_api_gateway_resource.orders",
            "module.api_gateway.aws_api_gateway_resource.orders_id",
            "module.api_gateway.aws_api_gateway_resource.products",
            "module.api_gateway.aws_api_gateway_resource.products_id",
            "module.api_gateway.aws_api_gateway_resource.registrations",
            "module.api_gateway.aws_api_gateway_resource.stores",
            "module.api_gateway.aws_api_gateway_resource.stores_id",
            "module.api_gateway.aws_api_gateway_resource.users",
            "module.api_gateway.aws_api_gateway_resource.users_id",
            "module.api_gateway.aws_api_gateway_rest_api.this",
            "module.dynamodb.aws_dynamodb_table.audit",
            "module.dynamodb.aws_dynamodb_table.carts",
            "module.dynamodb.aws_dynamodb_table.orders",
            "module.dynamodb.aws_dynamodb_table.products",
            "module.dynamodb.aws_dynamodb_table.stores",
            "module.iam.aws_iam_role.audit",
            "module.iam.aws_iam_role.carts",
            "module.iam.aws_iam_role.dashboard",
            "module.iam.aws_iam_role.notifications",
            "module.iam.aws_iam_role.orders",
            "module.iam.aws_iam_role.products",
            "module.iam.aws_iam_role.stores",
            "module.iam.aws_iam_role.users",
            "module.iam.data.aws_iam_policy_document.lambda_assume_role",
            "module.lambdas.aws_cloudwatch_log_group.this",
            "module.lambdas.aws_lambda_function.this",
            "module.lambdas.data.archive_file.this"
          ],
          "create_before_destroy": true
        },
        {
          "index_key": "users_id",
          "schema_version": 0,
          "attributes": {
            "api_key_required": false,
            "authorization": "NONE",
            "authorization_scopes": [],
            "authorizer_id": "",
            "http_method": "OPTIONS",
            "id": "agm-hrxk7wkv57-aleyso-OPTIONS",
            "operation_name": "",
            "request_models": {},
            "request_parameters": {},
            "request_validator_id": "",
            "resource_id": "aleyso",
            "rest_api_id": "hrxk7wkv57"
          },
          "sensitive_attributes": [],
          "identity_schema_version": 0,
          "private": "bnVsbA==",
          "dependencies": [
            "module.api_gateway.aws_api_gateway_resource.audit",
            "module.api_gateway.aws_api_gateway_resource.carts",
            "module.api_gateway.aws_api_gateway_resource.carts_id",
            "module.api_gateway.aws_api_gateway_resource.carts_id_products",
            "module.api_gateway.aws_api_gateway_resource.carts_id_products_id",
            "module.api_gateway.aws_api_gateway_resource.dashboard",
            "module.api_gateway.aws_api_gateway_resource.orders",
            "module.api_gateway.aws_api_gateway_resource.orders_id",
            "module.api_gateway.aws_api_gateway_resource.products",
            "module.api_gateway.aws_api_gateway_resource.products_id",
            "module.api_gateway.aws_api_gateway_resource.registrations",
            "module.api_gateway.aws_api_gateway_resource.stores",
            "module.api_gateway.aws_api_gateway_resource.stores_id",
            "module.api_gateway.aws_api_gateway_resource.users",
            "module.api_gateway.aws_api_gateway_resource.users_id",
            "module.api_gateway.aws_api_gateway_rest_api.this",
            "module.dynamodb.aws_dynamodb_table.audit",
            "module.dynamodb.aws_dynamodb_table.carts",
            "module.dynamodb.aws_dynamodb_table.orders",
            "module.dynamodb.aws_dynamodb_table.products",
            "module.dynamodb.aws_dynamodb_table.stores",
            "module.iam.aws_iam_role.audit",
            "module.iam.aws_iam_role.carts",
            "module.iam.aws_iam_role.dashboard",
            "module.iam.aws_iam_role.notifications",
            "module.iam.aws_iam_role.orders",
            "module.iam.aws_iam_role.products",
            "module.iam.aws_iam_role.stores",
            "module.iam.aws_iam_role.users",
            "module.iam.data.aws_iam_policy_document.lambda_assume_role",
            "module.lambdas.aws_cloudwatch_log_group.this",
            "module.lambdas.aws_lambda_function.this",
            "module.lambdas.data.archive_file.this"
          ],
          "create_before_destroy": true
        }
      ]
    },
    {
      "module": "module.api_gateway",
      "mode": "managed",
      "type": "aws_api_gateway_method",
      "name": "route",
      "provider": "provider[\"registry.terraform.io/hashicorp/aws\"]",
      "instances": [
        {
          "index_key": "audit_get",
          "schema_version": 0,
          "attributes": {
            "api_key_required": false,
            "authorization": "COGNITO_USER_POOLS",
            "authorization_scopes": [],
            "authorizer_id": "k1r8js",
            "http_method": "GET",
            "id": "agm-hrxk7wkv57-ik4wkl-GET",
            "operation_name": "",
            "request_models": {},
            "request_parameters": {},
            "request_validator_id": "",
            "resource_id": "ik4wkl",
            "rest_api_id": "hrxk7wkv57"
          },
          "sensitive_attributes": [],
          "identity_schema_version": 0,
          "private": "bnVsbA==",
          "dependencies": [
            "module.api_gateway.aws_api_gateway_authorizer.cognito",
            "module.api_gateway.aws_api_gateway_resource.audit",
            "module.api_gateway.aws_api_gateway_resource.carts",
            "module.api_gateway.aws_api_gateway_resource.carts_id",
            "module.api_gateway.aws_api_gateway_resource.carts_id_products",
            "module.api_gateway.aws_api_gateway_resource.carts_id_products_id",
            "module.api_gateway.aws_api_gateway_resource.dashboard",
            "module.api_gateway.aws_api_gateway_resource.orders",
            "module.api_gateway.aws_api_gateway_resource.orders_id",
            "module.api_gateway.aws_api_gateway_resource.products",
            "module.api_gateway.aws_api_gateway_resource.products_id",
            "module.api_gateway.aws_api_gateway_resource.registrations",
            "module.api_gateway.aws_api_gateway_resource.stores",
            "module.api_gateway.aws_api_gateway_resource.stores_id",
            "module.api_gateway.aws_api_gateway_resource.users",
            "module.api_gateway.aws_api_gateway_resource.users_id",
            "module.api_gateway.aws_api_gateway_rest_api.this",
            "module.cognito.aws_cognito_user_pool.users",
            "module.dynamodb.aws_dynamodb_table.audit",
            "module.dynamodb.aws_dynamodb_table.carts",
            "module.dynamodb.aws_dynamodb_table.orders",
            "module.dynamodb.aws_dynamodb_table.products",
            "module.dynamodb.aws_dynamodb_table.stores",
            "module.iam.aws_iam_role.audit",
            "module.iam.aws_iam_role.carts",
            "module.iam.aws_iam_role.dashboard",
            "module.iam.aws_iam_role.notifications",
            "module.iam.aws_iam_role.orders",
            "module.iam.aws_iam_role.products",
            "module.iam.aws_iam_role.stores",
            "module.iam.aws_iam_role.users",
            "module.iam.data.aws_iam_policy_document.lambda_assume_role",
            "module.lambdas.aws_cloudwatch_log_group.this",
            "module.lambdas.aws_lambda_function.this",
            "module.lambdas.data.archive_file.this"
          ],
          "create_before_destroy": true
        },
        {
          "index_key": "carts_add_product",
          "schema_version": 0,
          "attributes": {
            "api_key_required": false,
            "authorization": "COGNITO_USER_POOLS",
            "authorization_scopes": [],
            "authorizer_id": "k1r8js",
            "http_method": "POST",
            "id": "agm-hrxk7wkv57-yax2d0-POST",
            "operation_name": "",
            "request_models": {},
            "request_parameters": {},
            "request_validator_id": "",
            "resource_id": "yax2d0",
            "rest_api_id": "hrxk7wkv57"
          },
          "sensitive_attributes": [],
          "identity_schema_version": 0,
          "private": "bnVsbA==",
          "dependencies": [
            "module.api_gateway.aws_api_gateway_authorizer.cognito",
            "module.api_gateway.aws_api_gateway_resource.audit",
            "module.api_gateway.aws_api_gateway_resource.carts",
            "module.api_gateway.aws_api_gateway_resource.carts_id",
            "module.api_gateway.aws_api_gateway_resource.carts_id_products",
            "module.api_gateway.aws_api_gateway_resource.carts_id_products_id",
            "module.api_gateway.aws_api_gateway_resource.dashboard",
            "module.api_gateway.aws_api_gateway_resource.orders",
            "module.api_gateway.aws_api_gateway_resource.orders_id",
            "module.api_gateway.aws_api_gateway_resource.products",
            "module.api_gateway.aws_api_gateway_resource.products_id",
            "module.api_gateway.aws_api_gateway_resource.registrations",
            "module.api_gateway.aws_api_gateway_resource.stores",
            "module.api_gateway.aws_api_gateway_resource.stores_id",
            "module.api_gateway.aws_api_gateway_resource.users",
            "module.api_gateway.aws_api_gateway_resource.users_id",
            "module.api_gateway.aws_api_gateway_rest_api.this",
            "module.cognito.aws_cognito_user_pool.users",
            "module.dynamodb.aws_dynamodb_table.audit",
            "module.dynamodb.aws_dynamodb_table.carts",
            "module.dynamodb.aws_dynamodb_table.orders",
            "module.dynamodb.aws_dynamodb_table.products",
            "module.dynamodb.aws_dynamodb_table.stores",
            "module.iam.aws_iam_role.audit",
            "module.iam.aws_iam_role.carts",
            "module.iam.aws_iam_role.dashboard",
            "module.iam.aws_iam_role.notifications",
            "module.iam.aws_iam_role.orders",
            "module.iam.aws_iam_role.products",
            "module.iam.aws_iam_role.stores",
            "module.iam.aws_iam_role.users",
            "module.iam.data.aws_iam_policy_document.lambda_assume_role",
            "module.lambdas.aws_cloudwatch_log_group.this",
            "module.lambdas.aws_lambda_function.this",
            "module.lambdas.data.archive_file.this"
          ],
          "create_before_destroy": true
        },
        {
          "index_key": "carts_clear",
          "schema_version": 0,
          "attributes": {
            "api_key_required": false,
            "authorization": "COGNITO_USER_POOLS",
            "authorization_scopes": [],
            "authorizer_id": "k1r8js",
            "http_method": "DELETE",
            "id": "agm-hrxk7wkv57-wt2mfu-DELETE",
            "operation_name": "",
            "request_models": {},
            "request_parameters": {},
            "request_validator_id": "",
            "resource_id": "wt2mfu",
            "rest_api_id": "hrxk7wkv57"
          },
          "sensitive_attributes": [],
          "identity_schema_version": 0,
          "private": "bnVsbA==",
          "dependencies": [
            "module.api_gateway.aws_api_gateway_authorizer.cognito",
            "module.api_gateway.aws_api_gateway_resource.audit",
            "module.api_gateway.aws_api_gateway_resource.carts",
            "module.api_gateway.aws_api_gateway_resource.carts_id",
            "module.api_gateway.aws_api_gateway_resource.carts_id_products",
            "module.api_gateway.aws_api_gateway_resource.carts_id_products_id",
            "module.api_gateway.aws_api_gateway_resource.dashboard",
            "module.api_gateway.aws_api_gateway_resource.orders",
            "module.api_gateway.aws_api_gateway_resource.orders_id",
            "module.api_gateway.aws_api_gateway_resource.products",
            "module.api_gateway.aws_api_gateway_resource.products_id",
            "module.api_gateway.aws_api_gateway_resource.registrations",
            "module.api_gateway.aws_api_gateway_resource.stores",
            "module.api_gateway.aws_api_gateway_resource.stores_id",
            "module.api_gateway.aws_api_gateway_resource.users",
            "module.api_gateway.aws_api_gateway_resource.users_id",
            "module.api_gateway.aws_api_gateway_rest_api.this",
            "module.cognito.aws_cognito_user_pool.users",
            "module.dynamodb.aws_dynamodb_table.audit",
            "module.dynamodb.aws_dynamodb_table.carts",
            "module.dynamodb.aws_dynamodb_table.orders",
            "module.dynamodb.aws_dynamodb_table.products",
            "module.dynamodb.aws_dynamodb_table.stores",
            "module.iam.aws_iam_role.audit",
            "module.iam.aws_iam_role.carts",
            "module.iam.aws_iam_role.dashboard",
            "module.iam.aws_iam_role.notifications",
            "module.iam.aws_iam_role.orders",
            "module.iam.aws_iam_role.products",
            "module.iam.aws_iam_role.stores",
            "module.iam.aws_iam_role.users",
            "module.iam.data.aws_iam_policy_document.lambda_assume_role",
            "module.lambdas.aws_cloudwatch_log_group.this",
            "module.lambdas.aws_lambda_function.this",
            "module.lambdas.data.archive_file.this"
          ],
          "create_before_destroy": true
        },
        {
          "index_key": "carts_get",
          "schema_version": 0,
          "attributes": {
            "api_key_required": false,
            "authorization": "COGNITO_USER_POOLS",
            "authorization_scopes": [],
            "authorizer_id": "k1r8js",
            "http_method": "GET",
            "id": "agm-hrxk7wkv57-wt2mfu-GET",
            "operation_name": "",
            "request_models": {},
            "request_parameters": {},
            "request_validator_id": "",
            "resource_id": "wt2mfu",
            "rest_api_id": "hrxk7wkv57"
          },
          "sensitive_attributes": [],
          "identity_schema_version": 0,
          "private": "bnVsbA==",
          "dependencies": [
            "module.api_gateway.aws_api_gateway_authorizer.cognito",
            "module.api_gateway.aws_api_gateway_resource.audit",
            "module.api_gateway.aws_api_gateway_resource.carts",
            "module.api_gateway.aws_api_gateway_resource.carts_id",
            "module.api_gateway.aws_api_gateway_resource.carts_id_products",
            "module.api_gateway.aws_api_gateway_resource.carts_id_products_id",
            "module.api_gateway.aws_api_gateway_resource.dashboard",
            "module.api_gateway.aws_api_gateway_resource.orders",
            "module.api_gateway.aws_api_gateway_resource.orders_id",
            "module.api_gateway.aws_api_gateway_resource.products",
            "module.api_gateway.aws_api_gateway_resource.products_id",
            "module.api_gateway.aws_api_gateway_resource.registrations",
            "module.api_gateway.aws_api_gateway_resource.stores",
            "module.api_gateway.aws_api_gateway_resource.stores_id",
            "module.api_gateway.aws_api_gateway_resource.users",
            "module.api_gateway.aws_api_gateway_resource.users_id",
            "module.api_gateway.aws_api_gateway_rest_api.this",
            "module.cognito.aws_cognito_user_pool.users",
            "module.dynamodb.aws_dynamodb_table.audit",
            "module.dynamodb.aws_dynamodb_table.carts",
            "module.dynamodb.aws_dynamodb_table.orders",
            "module.dynamodb.aws_dynamodb_table.products",
            "module.dynamodb.aws_dynamodb_table.stores",
            "module.iam.aws_iam_role.audit",
            "module.iam.aws_iam_role.carts",
            "module.iam.aws_iam_role.dashboard",
            "module.iam.aws_iam_role.notifications",
            "module.iam.aws_iam_role.orders",
            "module.iam.aws_iam_role.products",
            "module.iam.aws_iam_role.stores",
            "module.iam.aws_iam_role.users",
            "module.iam.data.aws_iam_policy_document.lambda_assume_role",
            "module.lambdas.aws_cloudwatch_log_group.this",
            "module.lambdas.aws_lambda_function.this",
            "module.lambdas.data.archive_file.this"
          ],
          "create_before_destroy": true
        },
        {
          "index_key": "carts_modify_quantity",
          "schema_version": 0,
          "attributes": {
            "api_key_required": false,
            "authorization": "COGNITO_USER_POOLS",
            "authorization_scopes": [],
            "authorizer_id": "k1r8js",
            "http_method": "PATCH",
            "id": "agm-hrxk7wkv57-yax2d0-PATCH",
            "operation_name": "",
            "request_models": {},
            "request_parameters": {},
            "request_validator_id": "",
            "resource_id": "yax2d0",
            "rest_api_id": "hrxk7wkv57"
          },
          "sensitive_attributes": [],
          "identity_schema_version": 0,
          "private": "bnVsbA==",
          "dependencies": [
            "module.api_gateway.aws_api_gateway_authorizer.cognito",
            "module.api_gateway.aws_api_gateway_resource.audit",
            "module.api_gateway.aws_api_gateway_resource.carts",
            "module.api_gateway.aws_api_gateway_resource.carts_id",
            "module.api_gateway.aws_api_gateway_resource.carts_id_products",
            "module.api_gateway.aws_api_gateway_resource.carts_id_products_id",
            "module.api_gateway.aws_api_gateway_resource.dashboard",
            "module.api_gateway.aws_api_gateway_resource.orders",
            "module.api_gateway.aws_api_gateway_resource.orders_id",
            "module.api_gateway.aws_api_gateway_resource.products",
            "module.api_gateway.aws_api_gateway_resource.products_id",
            "module.api_gateway.aws_api_gateway_resource.registrations",
            "module.api_gateway.aws_api_gateway_resource.stores",
            "module.api_gateway.aws_api_gateway_resource.stores_id",
            "module.api_gateway.aws_api_gateway_resource.users",
            "module.api_gateway.aws_api_gateway_resource.users_id",
            "module.api_gateway.aws_api_gateway_rest_api.this",
            "module.cognito.aws_cognito_user_pool.users",
            "module.dynamodb.aws_dynamodb_table.audit",
            "module.dynamodb.aws_dynamodb_table.carts",
            "module.dynamodb.aws_dynamodb_table.orders",
            "module.dynamodb.aws_dynamodb_table.products",
            "module.dynamodb.aws_dynamodb_table.stores",
            "module.iam.aws_iam_role.audit",
            "module.iam.aws_iam_role.carts",
            "module.iam.aws_iam_role.dashboard",
            "module.iam.aws_iam_role.notifications",
            "module.iam.aws_iam_role.orders",
            "module.iam.aws_iam_role.products",
            "module.iam.aws_iam_role.stores",
            "module.iam.aws_iam_role.users",
            "module.iam.data.aws_iam_policy_document.lambda_assume_role",
            "module.lambdas.aws_cloudwatch_log_group.this",
            "module.lambdas.aws_lambda_function.this",
            "module.lambdas.data.archive_file.this"
          ],
          "create_before_destroy": true
        },
        {
          "index_key": "carts_remove_product",
          "schema_version": 0,
          "attributes": {
            "api_key_required": false,
            "authorization": "COGNITO_USER_POOLS",
            "authorization_scopes": [],
            "authorizer_id": "k1r8js",
            "http_method": "DELETE",
            "id": "agm-hrxk7wkv57-yax2d0-DELETE",
            "operation_name": "",
            "request_models": {},
            "request_parameters": {},
            "request_validator_id": "",
            "resource_id": "yax2d0",
            "rest_api_id": "hrxk7wkv57"
          },
          "sensitive_attributes": [],
          "identity_schema_version": 0,
          "private": "bnVsbA==",
          "dependencies": [
            "module.api_gateway.aws_api_gateway_authorizer.cognito",
            "module.api_gateway.aws_api_gateway_resource.audit",
            "module.api_gateway.aws_api_gateway_resource.carts",
            "module.api_gateway.aws_api_gateway_resource.carts_id",
            "module.api_gateway.aws_api_gateway_resource.carts_id_products",
            "module.api_gateway.aws_api_gateway_resource.carts_id_products_id",
            "module.api_gateway.aws_api_gateway_resource.dashboard",
            "module.api_gateway.aws_api_gateway_resource.orders",
            "module.api_gateway.aws_api_gateway_resource.orders_id",
            "module.api_gateway.aws_api_gateway_resource.products",
            "module.api_gateway.aws_api_gateway_resource.products_id",
            "module.api_gateway.aws_api_gateway_resource.registrations",
            "module.api_gateway.aws_api_gateway_resource.stores",
            "module.api_gateway.aws_api_gateway_resource.stores_id",
            "module.api_gateway.aws_api_gateway_resource.users",
            "module.api_gateway.aws_api_gateway_resource.users_id",
            "module.api_gateway.aws_api_gateway_rest_api.this",
            "module.cognito.aws_cognito_user_pool.users",
            "module.dynamodb.aws_dynamodb_table.audit",
            "module.dynamodb.aws_dynamodb_table.carts",
            "module.dynamodb.aws_dynamodb_table.orders",
            "module.dynamodb.aws_dynamodb_table.products",
            "module.dynamodb.aws_dynamodb_table.stores",
            "module.iam.aws_iam_role.audit",
            "module.iam.aws_iam_role.carts",
            "module.iam.aws_iam_role.dashboard",
            "module.iam.aws_iam_role.notifications",
            "module.iam.aws_iam_role.orders",
            "module.iam.aws_iam_role.products",
            "module.iam.aws_iam_role.stores",
            "module.iam.aws_iam_role.users",
            "module.iam.data.aws_iam_policy_document.lambda_assume_role",
            "module.lambdas.aws_cloudwatch_log_group.this",
            "module.lambdas.aws_lambda_function.this",
            "module.lambdas.data.archive_file.this"
          ],
          "create_before_destroy": true
        },
        {
          "index_key": "dashboard_get",
          "schema_version": 0,
          "attributes": {
            "api_key_required": false,
            "authorization": "COGNITO_USER_POOLS",
            "authorization_scopes": [],
            "authorizer_id": "k1r8js",
            "http_method": "GET",
            "id": "agm-hrxk7wkv57-2unbe6-GET",
            "operation_name": "",
            "request_models": {},
            "request_parameters": {},
            "request_validator_id": "",
            "resource_id": "2unbe6",
            "rest_api_id": "hrxk7wkv57"
          },
          "sensitive_attributes": [],
          "identity_schema_version": 0,
          "private": "bnVsbA==",
          "dependencies": [
            "module.api_gateway.aws_api_gateway_authorizer.cognito",
            "module.api_gateway.aws_api_gateway_resource.audit",
            "module.api_gateway.aws_api_gateway_resource.carts",
            "module.api_gateway.aws_api_gateway_resource.carts_id",
            "module.api_gateway.aws_api_gateway_resource.carts_id_products",
            "module.api_gateway.aws_api_gateway_resource.carts_id_products_id",
            "module.api_gateway.aws_api_gateway_resource.dashboard",
            "module.api_gateway.aws_api_gateway_resource.orders",
            "module.api_gateway.aws_api_gateway_resource.orders_id",
            "module.api_gateway.aws_api_gateway_resource.products",
            "module.api_gateway.aws_api_gateway_resource.products_id",
            "module.api_gateway.aws_api_gateway_resource.registrations",
            "module.api_gateway.aws_api_gateway_resource.stores",
            "module.api_gateway.aws_api_gateway_resource.stores_id",
            "module.api_gateway.aws_api_gateway_resource.users",
            "module.api_gateway.aws_api_gateway_resource.users_id",
            "module.api_gateway.aws_api_gateway_rest_api.this",
            "module.cognito.aws_cognito_user_pool.users",
            "module.dynamodb.aws_dynamodb_table.audit",
            "module.dynamodb.aws_dynamodb_table.carts",
            "module.dynamodb.aws_dynamodb_table.orders",
            "module.dynamodb.aws_dynamodb_table.products",
            "module.dynamodb.aws_dynamodb_table.stores",
            "module.iam.aws_iam_role.audit",
            "module.iam.aws_iam_role.carts",
            "module.iam.aws_iam_role.dashboard",
            "module.iam.aws_iam_role.notifications",
            "module.iam.aws_iam_role.orders",
            "module.iam.aws_iam_role.products",
            "module.iam.aws_iam_role.stores",
            "module.iam.aws_iam_role.users",
            "module.iam.data.aws_iam_policy_document.lambda_assume_role",
            "module.lambdas.aws_cloudwatch_log_group.this",
            "module.lambdas.aws_lambda_function.this",
            "module.lambdas.data.archive_file.this"
          ],
          "create_before_destroy": true
        },
        {
          "index_key": "orders_cancel",
          "schema_version": 0,
          "attributes": {
            "api_key_required": false,
            "authorization": "COGNITO_USER_POOLS",
            "authorization_scopes": [],
            "authorizer_id": "k1r8js",
            "http_method": "DELETE",
            "id": "agm-hrxk7wkv57-3bevf5-DELETE",
            "operation_name": "",
            "request_models": {},
            "request_parameters": {},
            "request_validator_id": "",
            "resource_id": "3bevf5",
            "rest_api_id": "hrxk7wkv57"
          },
          "sensitive_attributes": [],
          "identity_schema_version": 0,
          "private": "bnVsbA==",
          "dependencies": [
            "module.api_gateway.aws_api_gateway_authorizer.cognito",
            "module.api_gateway.aws_api_gateway_resource.audit",
            "module.api_gateway.aws_api_gateway_resource.carts",
            "module.api_gateway.aws_api_gateway_resource.carts_id",
            "module.api_gateway.aws_api_gateway_resource.carts_id_products",
            "module.api_gateway.aws_api_gateway_resource.carts_id_products_id",
            "module.api_gateway.aws_api_gateway_resource.dashboard",
            "module.api_gateway.aws_api_gateway_resource.orders",
            "module.api_gateway.aws_api_gateway_resource.orders_id",
            "module.api_gateway.aws_api_gateway_resource.products",
            "module.api_gateway.aws_api_gateway_resource.products_id",
            "module.api_gateway.aws_api_gateway_resource.registrations",
            "module.api_gateway.aws_api_gateway_resource.stores",
            "module.api_gateway.aws_api_gateway_resource.stores_id",
            "module.api_gateway.aws_api_gateway_resource.users",
            "module.api_gateway.aws_api_gateway_resource.users_id",
            "module.api_gateway.aws_api_gateway_rest_api.this",
            "module.cognito.aws_cognito_user_pool.users",
            "module.dynamodb.aws_dynamodb_table.audit",
            "module.dynamodb.aws_dynamodb_table.carts",
            "module.dynamodb.aws_dynamodb_table.orders",
            "module.dynamodb.aws_dynamodb_table.products",
            "module.dynamodb.aws_dynamodb_table.stores",
            "module.iam.aws_iam_role.audit",
            "module.iam.aws_iam_role.carts",
            "module.iam.aws_iam_role.dashboard",
            "module.iam.aws_iam_role.notifications",
            "module.iam.aws_iam_role.orders",
            "module.iam.aws_iam_role.products",
            "module.iam.aws_iam_role.stores",
            "module.iam.aws_iam_role.users",
            "module.iam.data.aws_iam_policy_document.lambda_assume_role",
            "module.lambdas.aws_cloudwatch_log_group.this",
            "module.lambdas.aws_lambda_function.this",
            "module.lambdas.data.archive_file.this"
          ],
          "create_before_destroy": true
        },
        {
          "index_key": "orders_create",
          "schema_version": 0,
          "attributes": {
            "api_key_required": false,
            "authorization": "COGNITO_USER_POOLS",
            "authorization_scopes": [],
            "authorizer_id": "k1r8js",
            "http_method": "POST",
            "id": "agm-hrxk7wkv57-15tf4y-POST",
            "operation_name": "",
            "request_models": {},
            "request_parameters": {},
            "request_validator_id": "",
            "resource_id": "15tf4y",
            "rest_api_id": "hrxk7wkv57"
          },
          "sensitive_attributes": [],
          "identity_schema_version": 0,
          "private": "bnVsbA==",
          "dependencies": [
            "module.api_gateway.aws_api_gateway_authorizer.cognito",
            "module.api_gateway.aws_api_gateway_resource.audit",
            "module.api_gateway.aws_api_gateway_resource.carts",
            "module.api_gateway.aws_api_gateway_resource.carts_id",
            "module.api_gateway.aws_api_gateway_resource.carts_id_products",
            "module.api_gateway.aws_api_gateway_resource.carts_id_products_id",
            "module.api_gateway.aws_api_gateway_resource.dashboard",
            "module.api_gateway.aws_api_gateway_resource.orders",
            "module.api_gateway.aws_api_gateway_resource.orders_id",
            "module.api_gateway.aws_api_gateway_resource.products",
            "module.api_gateway.aws_api_gateway_resource.products_id",
            "module.api_gateway.aws_api_gateway_resource.registrations",
            "module.api_gateway.aws_api_gateway_resource.stores",
            "module.api_gateway.aws_api_gateway_resource.stores_id",
            "module.api_gateway.aws_api_gateway_resource.users",
            "module.api_gateway.aws_api_gateway_resource.users_id",
            "module.api_gateway.aws_api_gateway_rest_api.this",
            "module.cognito.aws_cognito_user_pool.users",
            "module.dynamodb.aws_dynamodb_table.audit",
            "module.dynamodb.aws_dynamodb_table.carts",
            "module.dynamodb.aws_dynamodb_table.orders",
            "module.dynamodb.aws_dynamodb_table.products",
            "module.dynamodb.aws_dynamodb_table.stores",
            "module.iam.aws_iam_role.audit",
            "module.iam.aws_iam_role.carts",
            "module.iam.aws_iam_role.dashboard",
            "module.iam.aws_iam_role.notifications",
            "module.iam.aws_iam_role.orders",
            "module.iam.aws_iam_role.products",
            "module.iam.aws_iam_role.stores",
            "module.iam.aws_iam_role.users",
            "module.iam.data.aws_iam_policy_document.lambda_assume_role",
            "module.lambdas.aws_cloudwatch_log_group.this",
            "module.lambdas.aws_lambda_function.this",
            "module.lambdas.data.archive_file.this"
          ],
          "create_before_destroy": true
        },
        {
          "index_key": "orders_get",
          "schema_version": 0,
          "attributes": {
            "api_key_required": false,
            "authorization": "COGNITO_USER_POOLS",
            "authorization_scopes": [],
            "authorizer_id": "k1r8js",
            "http_method": "GET",
            "id": "agm-hrxk7wkv57-3bevf5-GET",
            "operation_name": "",
            "request_models": {},
            "request_parameters": {},
            "request_validator_id": "",
            "resource_id": "3bevf5",
            "rest_api_id": "hrxk7wkv57"
          },
          "sensitive_attributes": [],
          "identity_schema_version": 0,
          "private": "bnVsbA==",
          "dependencies": [
            "module.api_gateway.aws_api_gateway_authorizer.cognito",
            "module.api_gateway.aws_api_gateway_resource.audit",
            "module.api_gateway.aws_api_gateway_resource.carts",
            "module.api_gateway.aws_api_gateway_resource.carts_id",
            "module.api_gateway.aws_api_gateway_resource.carts_id_products",
            "module.api_gateway.aws_api_gateway_resource.carts_id_products_id",
            "module.api_gateway.aws_api_gateway_resource.dashboard",
            "module.api_gateway.aws_api_gateway_resource.orders",
            "module.api_gateway.aws_api_gateway_resource.orders_id",
            "module.api_gateway.aws_api_gateway_resource.products",
            "module.api_gateway.aws_api_gateway_resource.products_id",
            "module.api_gateway.aws_api_gateway_resource.registrations",
            "module.api_gateway.aws_api_gateway_resource.stores",
            "module.api_gateway.aws_api_gateway_resource.stores_id",
            "module.api_gateway.aws_api_gateway_resource.users",
            "module.api_gateway.aws_api_gateway_resource.users_id",
            "module.api_gateway.aws_api_gateway_rest_api.this",
            "module.cognito.aws_cognito_user_pool.users",
            "module.dynamodb.aws_dynamodb_table.audit",
            "module.dynamodb.aws_dynamodb_table.carts",
            "module.dynamodb.aws_dynamodb_table.orders",
            "module.dynamodb.aws_dynamodb_table.products",
            "module.dynamodb.aws_dynamodb_table.stores",
            "module.iam.aws_iam_role.audit",
            "module.iam.aws_iam_role.carts",
            "module.iam.aws_iam_role.dashboard",
            "module.iam.aws_iam_role.notifications",
            "module.iam.aws_iam_role.orders",
            "module.iam.aws_iam_role.products",
            "module.iam.aws_iam_role.stores",
            "module.iam.aws_iam_role.users",
            "module.iam.data.aws_iam_policy_document.lambda_assume_role",
            "module.lambdas.aws_cloudwatch_log_group.this",
            "module.lambdas.aws_lambda_function.this",
            "module.lambdas.data.archive_file.this"
          ],
          "create_before_destroy": true
        },
        {
          "index_key": "orders_list",
          "schema_version": 0,
          "attributes": {
            "api_key_required": false,
            "authorization": "COGNITO_USER_POOLS",
            "authorization_scopes": [],
            "authorizer_id": "k1r8js",
            "http_method": "GET",
            "id": "agm-hrxk7wkv57-15tf4y-GET",
            "operation_name": "",
            "request_models": {},
            "request_parameters": {},
            "request_validator_id": "",
            "resource_id": "15tf4y",
            "rest_api_id": "hrxk7wkv57"
          },
          "sensitive_attributes": [],
          "identity_schema_version": 0,
          "private": "bnVsbA==",
          "dependencies": [
            "module.api_gateway.aws_api_gateway_authorizer.cognito",
            "module.api_gateway.aws_api_gateway_resource.audit",
            "module.api_gateway.aws_api_gateway_resource.carts",
            "module.api_gateway.aws_api_gateway_resource.carts_id",
            "module.api_gateway.aws_api_gateway_resource.carts_id_products",
            "module.api_gateway.aws_api_gateway_resource.carts_id_products_id",
            "module.api_gateway.aws_api_gateway_resource.dashboard",
            "module.api_gateway.aws_api_gateway_resource.orders",
            "module.api_gateway.aws_api_gateway_resource.orders_id",
            "module.api_gateway.aws_api_gateway_resource.products",
            "module.api_gateway.aws_api_gateway_resource.products_id",
            "module.api_gateway.aws_api_gateway_resource.registrations",
            "module.api_gateway.aws_api_gateway_resource.stores",
            "module.api_gateway.aws_api_gateway_resource.stores_id",
            "module.api_gateway.aws_api_gateway_resource.users",
            "module.api_gateway.aws_api_gateway_resource.users_id",
            "module.api_gateway.aws_api_gateway_rest_api.this",
            "module.cognito.aws_cognito_user_pool.users",
            "module.dynamodb.aws_dynamodb_table.audit",
            "module.dynamodb.aws_dynamodb_table.carts",
            "module.dynamodb.aws_dynamodb_table.orders",
            "module.dynamodb.aws_dynamodb_table.products",
            "module.dynamodb.aws_dynamodb_table.stores",
            "module.iam.aws_iam_role.audit",
            "module.iam.aws_iam_role.carts",
            "module.iam.aws_iam_role.dashboard",
            "module.iam.aws_iam_role.notifications",
            "module.iam.aws_iam_role.orders",
            "module.iam.aws_iam_role.products",
            "module.iam.aws_iam_role.stores",
            "module.iam.aws_iam_role.users",
            "module.iam.data.aws_iam_policy_document.lambda_assume_role",
            "module.lambdas.aws_cloudwatch_log_group.this",
            "module.lambdas.aws_lambda_function.this",
            "module.lambdas.data.archive_file.this"
          ],
          "create_before_destroy": true
        },
        {
          "index_key": "orders_update_status",
          "schema_version": 0,
          "attributes": {
            "api_key_required": false,
            "authorization": "COGNITO_USER_POOLS",
            "authorization_scopes": [],
            "authorizer_id": "k1r8js",
            "http_method": "PATCH",
            "id": "agm-hrxk7wkv57-3bevf5-PATCH",
            "operation_name": "",
            "request_models": {},
            "request_parameters": {},
            "request_validator_id": "",
            "resource_id": "3bevf5",
            "rest_api_id": "hrxk7wkv57"
          },
          "sensitive_attributes": [],
          "identity_schema_version": 0,
          "private": "bnVsbA==",
          "dependencies": [
            "module.api_gateway.aws_api_gateway_authorizer.cognito",
            "module.api_gateway.aws_api_gateway_resource.audit",
            "module.api_gateway.aws_api_gateway_resource.carts",
            "module.api_gateway.aws_api_gateway_resource.carts_id",
            "module.api_gateway.aws_api_gateway_resource.carts_id_products",
            "module.api_gateway.aws_api_gateway_resource.carts_id_products_id",
            "module.api_gateway.aws_api_gateway_resource.dashboard",
            "module.api_gateway.aws_api_gateway_resource.orders",
            "module.api_gateway.aws_api_gateway_resource.orders_id",
            "module.api_gateway.aws_api_gateway_resource.products",
            "module.api_gateway.aws_api_gateway_resource.products_id",
            "module.api_gateway.aws_api_gateway_resource.registrations",
            "module.api_gateway.aws_api_gateway_resource.stores",
            "module.api_gateway.aws_api_gateway_resource.stores_id",
            "module.api_gateway.aws_api_gateway_resource.users",
            "module.api_gateway.aws_api_gateway_resource.users_id",
            "module.api_gateway.aws_api_gateway_rest_api.this",
            "module.cognito.aws_cognito_user_pool.users",
            "module.dynamodb.aws_dynamodb_table.audit",
            "module.dynamodb.aws_dynamodb_table.carts",
            "module.dynamodb.aws_dynamodb_table.orders",
            "module.dynamodb.aws_dynamodb_table.products",
            "module.dynamodb.aws_dynamodb_table.stores",
            "module.iam.aws_iam_role.audit",
            "module.iam.aws_iam_role.carts",
            "module.iam.aws_iam_role.dashboard",
            "module.iam.aws_iam_role.notifications",
            "module.iam.aws_iam_role.orders",
            "module.iam.aws_iam_role.products",
            "module.iam.aws_iam_role.stores",
            "module.iam.aws_iam_role.users",
            "module.iam.data.aws_iam_policy_document.lambda_assume_role",
            "module.lambdas.aws_cloudwatch_log_group.this",
            "module.lambdas.aws_lambda_function.this",
            "module.lambdas.data.archive_file.this"
          ],
          "create_before_destroy": true
        },
        {
          "index_key": "products_create",
          "schema_version": 0,
          "attributes": {
            "api_key_required": false,
            "authorization": "COGNITO_USER_POOLS",
            "authorization_scopes": [],
            "authorizer_id": "k1r8js",
            "http_method": "POST",
            "id": "agm-hrxk7wkv57-xxn8gn-POST",
            "operation_name": "",
            "request_models": {},
            "request_parameters": {},
            "request_validator_id": "",
            "resource_id": "xxn8gn",
            "rest_api_id": "hrxk7wkv57"
          },
          "sensitive_attributes": [],
          "identity_schema_version": 0,
          "private": "bnVsbA==",
          "dependencies": [
            "module.api_gateway.aws_api_gateway_authorizer.cognito",
            "module.api_gateway.aws_api_gateway_resource.audit",
            "module.api_gateway.aws_api_gateway_resource.carts",
            "module.api_gateway.aws_api_gateway_resource.carts_id",
            "module.api_gateway.aws_api_gateway_resource.carts_id_products",
            "module.api_gateway.aws_api_gateway_resource.carts_id_products_id",
            "module.api_gateway.aws_api_gateway_resource.dashboard",
            "module.api_gateway.aws_api_gateway_resource.orders",
            "module.api_gateway.aws_api_gateway_resource.orders_id",
            "module.api_gateway.aws_api_gateway_resource.products",
            "module.api_gateway.aws_api_gateway_resource.products_id",
            "module.api_gateway.aws_api_gateway_resource.registrations",
            "module.api_gateway.aws_api_gateway_resource.stores",
            "module.api_gateway.aws_api_gateway_resource.stores_id",
            "module.api_gateway.aws_api_gateway_resource.users",
            "module.api_gateway.aws_api_gateway_resource.users_id",
            "module.api_gateway.aws_api_gateway_rest_api.this",
            "module.cognito.aws_cognito_user_pool.users",
            "module.dynamodb.aws_dynamodb_table.audit",
            "module.dynamodb.aws_dynamodb_table.carts",
            "module.dynamodb.aws_dynamodb_table.orders",
            "module.dynamodb.aws_dynamodb_table.products",
            "module.dynamodb.aws_dynamodb_table.stores",
            "module.iam.aws_iam_role.audit",
            "module.iam.aws_iam_role.carts",
            "module.iam.aws_iam_role.dashboard",
            "module.iam.aws_iam_role.notifications",
            "module.iam.aws_iam_role.orders",
            "module.iam.aws_iam_role.products",
            "module.iam.aws_iam_role.stores",
            "module.iam.aws_iam_role.users",
            "module.iam.data.aws_iam_policy_document.lambda_assume_role",
            "module.lambdas.aws_cloudwatch_log_group.this",
            "module.lambdas.aws_lambda_function.this",
            "module.lambdas.data.archive_file.this"
          ],
          "create_before_destroy": true
        },
        {
          "index_key": "products_delete",
          "schema_version": 0,
          "attributes": {
            "api_key_required": false,
            "authorization": "COGNITO_USER_POOLS",
            "authorization_scopes": [],
            "authorizer_id": "k1r8js",
            "http_method": "DELETE",
            "id": "agm-hrxk7wkv57-558efg-DELETE",
            "operation_name": "",
            "request_models": {},
            "request_parameters": {},
            "request_validator_id": "",
            "resource_id": "558efg",
            "rest_api_id": "hrxk7wkv57"
          },
          "sensitive_attributes": [],
          "identity_schema_version": 0,
          "private": "bnVsbA==",
          "dependencies": [
            "module.api_gateway.aws_api_gateway_authorizer.cognito",
            "module.api_gateway.aws_api_gateway_resource.audit",
            "module.api_gateway.aws_api_gateway_resource.carts",
            "module.api_gateway.aws_api_gateway_resource.carts_id",
            "module.api_gateway.aws_api_gateway_resource.carts_id_products",
            "module.api_gateway.aws_api_gateway_resource.carts_id_products_id",
            "module.api_gateway.aws_api_gateway_resource.dashboard",
            "module.api_gateway.aws_api_gateway_resource.orders",
            "module.api_gateway.aws_api_gateway_resource.orders_id",
            "module.api_gateway.aws_api_gateway_resource.products",
            "module.api_gateway.aws_api_gateway_resource.products_id",
            "module.api_gateway.aws_api_gateway_resource.registrations",
            "module.api_gateway.aws_api_gateway_resource.stores",
            "module.api_gateway.aws_api_gateway_resource.stores_id",
            "module.api_gateway.aws_api_gateway_resource.users",
            "module.api_gateway.aws_api_gateway_resource.users_id",
            "module.api_gateway.aws_api_gateway_rest_api.this",
            "module.cognito.aws_cognito_user_pool.users",
            "module.dynamodb.aws_dynamodb_table.audit",
            "module.dynamodb.aws_dynamodb_table.carts",
            "module.dynamodb.aws_dynamodb_table.orders",
            "module.dynamodb.aws_dynamodb_table.products",
            "module.dynamodb.aws_dynamodb_table.stores",
            "module.iam.aws_iam_role.audit",
            "module.iam.aws_iam_role.carts",
            "module.iam.aws_iam_role.dashboard",
            "module.iam.aws_iam_role.notifications",
            "module.iam.aws_iam_role.orders",
            "module.iam.aws_iam_role.products",
            "module.iam.aws_iam_role.stores",
            "module.iam.aws_iam_role.users",
            "module.iam.data.aws_iam_policy_document.lambda_assume_role",
            "module.lambdas.aws_cloudwatch_log_group.this",
            "module.lambdas.aws_lambda_function.this",
            "module.lambdas.data.archive_file.this"
          ],
          "create_before_destroy": true
        },
        {
          "index_key": "products_get",
          "schema_version": 0,
          "attributes": {
            "api_key_required": false,
            "authorization": "COGNITO_USER_POOLS",
            "authorization_scopes": [],
            "authorizer_id": "k1r8js",
            "http_method": "GET",
            "id": "agm-hrxk7wkv57-558efg-GET",
            "operation_name": "",
            "request_models": {},
            "request_parameters": {},
            "request_validator_id": "",
            "resource_id": "558efg",
            "rest_api_id": "hrxk7wkv57"
          },
          "sensitive_attributes": [],
          "identity_schema_version": 0,
          "private": "bnVsbA==",
          "dependencies": [
            "module.api_gateway.aws_api_gateway_authorizer.cognito",
            "module.api_gateway.aws_api_gateway_resource.audit",
            "module.api_gateway.aws_api_gateway_resource.carts",
            "module.api_gateway.aws_api_gateway_resource.carts_id",
            "module.api_gateway.aws_api_gateway_resource.carts_id_products",
            "module.api_gateway.aws_api_gateway_resource.carts_id_products_id",
            "module.api_gateway.aws_api_gateway_resource.dashboard",
            "module.api_gateway.aws_api_gateway_resource.orders",
            "module.api_gateway.aws_api_gateway_resource.orders_id",
            "module.api_gateway.aws_api_gateway_resource.products",
            "module.api_gateway.aws_api_gateway_resource.products_id",
            "module.api_gateway.aws_api_gateway_resource.registrations",
            "module.api_gateway.aws_api_gateway_resource.stores",
            "module.api_gateway.aws_api_gateway_resource.stores_id",
            "module.api_gateway.aws_api_gateway_resource.users",
            "module.api_gateway.aws_api_gateway_resource.users_id",
            "module.api_gateway.aws_api_gateway_rest_api.this",
            "module.cognito.aws_cognito_user_pool.users",
            "module.dynamodb.aws_dynamodb_table.audit",
            "module.dynamodb.aws_dynamodb_table.carts",
            "module.dynamodb.aws_dynamodb_table.orders",
            "module.dynamodb.aws_dynamodb_table.products",
            "module.dynamodb.aws_dynamodb_table.stores",
            "module.iam.aws_iam_role.audit",
            "module.iam.aws_iam_role.carts",
            "module.iam.aws_iam_role.dashboard",
            "module.iam.aws_iam_role.notifications",
            "module.iam.aws_iam_role.orders",
            "module.iam.aws_iam_role.products",
            "module.iam.aws_iam_role.stores",
            "module.iam.aws_iam_role.users",
            "module.iam.data.aws_iam_policy_document.lambda_assume_role",
            "module.lambdas.aws_cloudwatch_log_group.this",
            "module.lambdas.aws_lambda_function.this",
            "module.lambdas.data.archive_file.this"
          ],
          "create_before_destroy": true
        },
        {
          "index_key": "products_list",
          "schema_version": 0,
          "attributes": {
            "api_key_required": false,
            "authorization": "COGNITO_USER_POOLS",
            "authorization_scopes": [],
            "authorizer_id": "k1r8js",
            "http_method": "GET",
            "id": "agm-hrxk7wkv57-xxn8gn-GET",
            "operation_name": "",
            "request_models": {},
            "request_parameters": {},
            "request_validator_id": "",
            "resource_id": "xxn8gn",
            "rest_api_id": "hrxk7wkv57"
          },
          "sensitive_attributes": [],
          "identity_schema_version": 0,
          "private": "bnVsbA==",
          "dependencies": [
            "module.api_gateway.aws_api_gateway_authorizer.cognito",
            "module.api_gateway.aws_api_gateway_resource.audit",
            "module.api_gateway.aws_api_gateway_resource.carts",
            "module.api_gateway.aws_api_gateway_resource.carts_id",
            "module.api_gateway.aws_api_gateway_resource.carts_id_products",
            "module.api_gateway.aws_api_gateway_resource.carts_id_products_id",
            "module.api_gateway.aws_api_gateway_resource.dashboard",
            "module.api_gateway.aws_api_gateway_resource.orders",
            "module.api_gateway.aws_api_gateway_resource.orders_id",
            "module.api_gateway.aws_api_gateway_resource.products",
            "module.api_gateway.aws_api_gateway_resource.products_id",
            "module.api_gateway.aws_api_gateway_resource.registrations",
            "module.api_gateway.aws_api_gateway_resource.stores",
            "module.api_gateway.aws_api_gateway_resource.stores_id",
            "module.api_gateway.aws_api_gateway_resource.users",
            "module.api_gateway.aws_api_gateway_resource.users_id",
            "module.api_gateway.aws_api_gateway_rest_api.this",
            "module.cognito.aws_cognito_user_pool.users",
            "module.dynamodb.aws_dynamodb_table.audit",
            "module.dynamodb.aws_dynamodb_table.carts",
            "module.dynamodb.aws_dynamodb_table.orders",
            "module.dynamodb.aws_dynamodb_table.products",
            "module.dynamodb.aws_dynamodb_table.stores",
            "module.iam.aws_iam_role.audit",
            "module.iam.aws_iam_role.carts",
            "module.iam.aws_iam_role.dashboard",
            "module.iam.aws_iam_role.notifications",
            "module.iam.aws_iam_role.orders",
            "module.iam.aws_iam_role.products",
            "module.iam.aws_iam_role.stores",
            "module.iam.aws_iam_role.users",
            "module.iam.data.aws_iam_policy_document.lambda_assume_role",
            "module.lambdas.aws_cloudwatch_log_group.this",
            "module.lambdas.aws_lambda_function.this",
            "module.lambdas.data.archive_file.this"
          ],
          "create_before_destroy": true
        },
        {
          "index_key": "products_update",
          "schema_version": 0,
          "attributes": {
            "api_key_required": false,
            "authorization": "COGNITO_USER_POOLS",
            "authorization_scopes": [],
            "authorizer_id": "k1r8js",
            "http_method": "PATCH",
            "id": "agm-hrxk7wkv57-558efg-PATCH",
            "operation_name": "",
            "request_models": {},
            "request_parameters": {},
            "request_validator_id": "",
            "resource_id": "558efg",
            "rest_api_id": "hrxk7wkv57"
          },
          "sensitive_attributes": [],
          "identity_schema_version": 0,
          "private": "bnVsbA==",
          "dependencies": [
            "module.api_gateway.aws_api_gateway_authorizer.cognito",
            "module.api_gateway.aws_api_gateway_resource.audit",
            "module.api_gateway.aws_api_gateway_resource.carts",
            "module.api_gateway.aws_api_gateway_resource.carts_id",
            "module.api_gateway.aws_api_gateway_resource.carts_id_products",
            "module.api_gateway.aws_api_gateway_resource.carts_id_products_id",
            "module.api_gateway.aws_api_gateway_resource.dashboard",
            "module.api_gateway.aws_api_gateway_resource.orders",
            "module.api_gateway.aws_api_gateway_resource.orders_id",
            "module.api_gateway.aws_api_gateway_resource.products",
            "module.api_gateway.aws_api_gateway_resource.products_id",
            "module.api_gateway.aws_api_gateway_resource.registrations",
            "module.api_gateway.aws_api_gateway_resource.stores",
            "module.api_gateway.aws_api_gateway_resource.stores_id",
            "module.api_gateway.aws_api_gateway_resource.users",
            "module.api_gateway.aws_api_gateway_resource.users_id",
            "module.api_gateway.aws_api_gateway_rest_api.this",
            "module.cognito.aws_cognito_user_pool.users",
            "module.dynamodb.aws_dynamodb_table.audit",
            "module.dynamodb.aws_dynamodb_table.carts",
            "module.dynamodb.aws_dynamodb_table.orders",
            "module.dynamodb.aws_dynamodb_table.products",
            "module.dynamodb.aws_dynamodb_table.stores",
            "module.iam.aws_iam_role.audit",
            "module.iam.aws_iam_role.carts",
            "module.iam.aws_iam_role.dashboard",
            "module.iam.aws_iam_role.notifications",
            "module.iam.aws_iam_role.orders",
            "module.iam.aws_iam_role.products",
            "module.iam.aws_iam_role.stores",
            "module.iam.aws_iam_role.users",
            "module.iam.data.aws_iam_policy_document.lambda_assume_role",
            "module.lambdas.aws_cloudwatch_log_group.this",
            "module.lambdas.aws_lambda_function.this",
            "module.lambdas.data.archive_file.this"
          ],
          "create_before_destroy": true
        },
        {
          "index_key": "register",
          "schema_version": 0,
          "attributes": {
            "api_key_required": false,
            "authorization": "NONE",
            "authorization_scopes": [],
            "authorizer_id": "",
            "http_method": "POST",
            "id": "agm-hrxk7wkv57-npg67s-POST",
            "operation_name": "",
            "request_models": {},
            "request_parameters": {},
            "request_validator_id": "",
            "resource_id": "npg67s",
            "rest_api_id": "hrxk7wkv57"
          },
          "sensitive_attributes": [],
          "identity_schema_version": 0,
          "private": "bnVsbA==",
          "dependencies": [
            "module.api_gateway.aws_api_gateway_authorizer.cognito",
            "module.api_gateway.aws_api_gateway_resource.audit",
            "module.api_gateway.aws_api_gateway_resource.carts",
            "module.api_gateway.aws_api_gateway_resource.carts_id",
            "module.api_gateway.aws_api_gateway_resource.carts_id_products",
            "module.api_gateway.aws_api_gateway_resource.carts_id_products_id",
            "module.api_gateway.aws_api_gateway_resource.dashboard",
            "module.api_gateway.aws_api_gateway_resource.orders",
            "module.api_gateway.aws_api_gateway_resource.orders_id",
            "module.api_gateway.aws_api_gateway_resource.products",
            "module.api_gateway.aws_api_gateway_resource.products_id",
            "module.api_gateway.aws_api_gateway_resource.registrations",
            "module.api_gateway.aws_api_gateway_resource.stores",
            "module.api_gateway.aws_api_gateway_resource.stores_id",
            "module.api_gateway.aws_api_gateway_resource.users",
            "module.api_gateway.aws_api_gateway_resource.users_id",
            "module.api_gateway.aws_api_gateway_rest_api.this",
            "module.cognito.aws_cognito_user_pool.users",
            "module.dynamodb.aws_dynamodb_table.audit",
            "module.dynamodb.aws_dynamodb_table.carts",
            "module.dynamodb.aws_dynamodb_table.orders",
            "module.dynamodb.aws_dynamodb_table.products",
            "module.dynamodb.aws_dynamodb_table.stores",
            "module.iam.aws_iam_role.audit",
            "module.iam.aws_iam_role.carts",
            "module.iam.aws_iam_role.dashboard",
            "module.iam.aws_iam_role.notifications",
            "module.iam.aws_iam_role.orders",
            "module.iam.aws_iam_role.products",
            "module.iam.aws_iam_role.stores",
            "module.iam.aws_iam_role.users",
            "module.iam.data.aws_iam_policy_document.lambda_assume_role",
            "module.lambdas.aws_cloudwatch_log_group.this",
            "module.lambdas.aws_lambda_function.this",
            "module.lambdas.data.archive_file.this"
          ],
          "create_before_destroy": true
        },
        {
          "index_key": "stores_create",
          "schema_version": 0,
          "attributes": {
            "api_key_required": false,
            "authorization": "COGNITO_USER_POOLS",
            "authorization_scopes": [],
            "authorizer_id": "k1r8js",
            "http_method": "POST",
            "id": "agm-hrxk7wkv57-1wy9is-POST",
            "operation_name": "",
            "request_models": {},
            "request_parameters": {},
            "request_validator_id": "",
            "resource_id": "1wy9is",
            "rest_api_id": "hrxk7wkv57"
          },
          "sensitive_attributes": [],
          "identity_schema_version": 0,
          "private": "bnVsbA==",
          "dependencies": [
            "module.api_gateway.aws_api_gateway_authorizer.cognito",
            "module.api_gateway.aws_api_gateway_resource.audit",
            "module.api_gateway.aws_api_gateway_resource.carts",
            "module.api_gateway.aws_api_gateway_resource.carts_id",
            "module.api_gateway.aws_api_gateway_resource.carts_id_products",
            "module.api_gateway.aws_api_gateway_resource.carts_id_products_id",
            "module.api_gateway.aws_api_gateway_resource.dashboard",
            "module.api_gateway.aws_api_gateway_resource.orders",
            "module.api_gateway.aws_api_gateway_resource.orders_id",
            "module.api_gateway.aws_api_gateway_resource.products",
            "module.api_gateway.aws_api_gateway_resource.products_id",
            "module.api_gateway.aws_api_gateway_resource.registrations",
            "module.api_gateway.aws_api_gateway_resource.stores",
            "module.api_gateway.aws_api_gateway_resource.stores_id",
            "module.api_gateway.aws_api_gateway_resource.users",
            "module.api_gateway.aws_api_gateway_resource.users_id",
            "module.api_gateway.aws_api_gateway_rest_api.this",
            "module.cognito.aws_cognito_user_pool.users",
            "module.dynamodb.aws_dynamodb_table.audit",
            "module.dynamodb.aws_dynamodb_table.carts",
            "module.dynamodb.aws_dynamodb_table.orders",
            "module.dynamodb.aws_dynamodb_table.products",
            "module.dynamodb.aws_dynamodb_table.stores",
            "module.iam.aws_iam_role.audit",
            "module.iam.aws_iam_role.carts",
            "module.iam.aws_iam_role.dashboard",
            "module.iam.aws_iam_role.notifications",
            "module.iam.aws_iam_role.orders",
            "module.iam.aws_iam_role.products",
            "module.iam.aws_iam_role.stores",
            "module.iam.aws_iam_role.users",
            "module.iam.data.aws_iam_policy_document.lambda_assume_role",
            "module.lambdas.aws_cloudwatch_log_group.this",
            "module.lambdas.aws_lambda_function.this",
            "module.lambdas.data.archive_file.this"
          ],
          "create_before_destroy": true
        },
        {
          "index_key": "stores_delete",
          "schema_version": 0,
          "attributes": {
            "api_key_required": false,
            "authorization": "COGNITO_USER_POOLS",
            "authorization_scopes": [],
            "authorizer_id": "k1r8js",
            "http_method": "DELETE",
            "id": "agm-hrxk7wkv57-y9blxm-DELETE",
            "operation_name": "",
            "request_models": {},
            "request_parameters": {},
            "request_validator_id": "",
            "resource_id": "y9blxm",
            "rest_api_id": "hrxk7wkv57"
          },
          "sensitive_attributes": [],
          "identity_schema_version": 0,
          "private": "bnVsbA==",
          "dependencies": [
            "module.api_gateway.aws_api_gateway_authorizer.cognito",
            "module.api_gateway.aws_api_gateway_resource.audit",
            "module.api_gateway.aws_api_gateway_resource.carts",
            "module.api_gateway.aws_api_gateway_resource.carts_id",
            "module.api_gateway.aws_api_gateway_resource.carts_id_products",
            "module.api_gateway.aws_api_gateway_resource.carts_id_products_id",
            "module.api_gateway.aws_api_gateway_resource.dashboard",
            "module.api_gateway.aws_api_gateway_resource.orders",
            "module.api_gateway.aws_api_gateway_resource.orders_id",
            "module.api_gateway.aws_api_gateway_resource.products",
            "module.api_gateway.aws_api_gateway_resource.products_id",
            "module.api_gateway.aws_api_gateway_resource.registrations",
            "module.api_gateway.aws_api_gateway_resource.stores",
            "module.api_gateway.aws_api_gateway_resource.stores_id",
            "module.api_gateway.aws_api_gateway_resource.users",
            "module.api_gateway.aws_api_gateway_resource.users_id",
            "module.api_gateway.aws_api_gateway_rest_api.this",
            "module.cognito.aws_cognito_user_pool.users",
            "module.dynamodb.aws_dynamodb_table.audit",
            "module.dynamodb.aws_dynamodb_table.carts",
            "module.dynamodb.aws_dynamodb_table.orders",
            "module.dynamodb.aws_dynamodb_table.products",
            "module.dynamodb.aws_dynamodb_table.stores",
            "module.iam.aws_iam_role.audit",
            "module.iam.aws_iam_role.carts",
            "module.iam.aws_iam_role.dashboard",
            "module.iam.aws_iam_role.notifications",
            "module.iam.aws_iam_role.orders",
            "module.iam.aws_iam_role.products",
            "module.iam.aws_iam_role.stores",
            "module.iam.aws_iam_role.users",
            "module.iam.data.aws_iam_policy_document.lambda_assume_role",
            "module.lambdas.aws_cloudwatch_log_group.this",
            "module.lambdas.aws_lambda_function.this",
            "module.lambdas.data.archive_file.this"
          ],
          "create_before_destroy": true
        },
        {
          "index_key": "stores_get",
          "schema_version": 0,
          "attributes": {
            "api_key_required": false,
            "authorization": "COGNITO_USER_POOLS",
            "authorization_scopes": [],
            "authorizer_id": "k1r8js",
            "http_method": "GET",
            "id": "agm-hrxk7wkv57-y9blxm-GET",
            "operation_name": "",
            "request_models": {},
            "request_parameters": {},
            "request_validator_id": "",
            "resource_id": "y9blxm",
            "rest_api_id": "hrxk7wkv57"
          },
          "sensitive_attributes": [],
          "identity_schema_version": 0,
          "private": "bnVsbA==",
          "dependencies": [
            "module.api_gateway.aws_api_gateway_authorizer.cognito",
            "module.api_gateway.aws_api_gateway_resource.audit",
            "module.api_gateway.aws_api_gateway_resource.carts",
            "module.api_gateway.aws_api_gateway_resource.carts_id",
            "module.api_gateway.aws_api_gateway_resource.carts_id_products",
            "module.api_gateway.aws_api_gateway_resource.carts_id_products_id",
            "module.api_gateway.aws_api_gateway_resource.dashboard",
            "module.api_gateway.aws_api_gateway_resource.orders",
            "module.api_gateway.aws_api_gateway_resource.orders_id",
            "module.api_gateway.aws_api_gateway_resource.products",
            "module.api_gateway.aws_api_gateway_resource.products_id",
            "module.api_gateway.aws_api_gateway_resource.registrations",
            "module.api_gateway.aws_api_gateway_resource.stores",
            "module.api_gateway.aws_api_gateway_resource.stores_id",
            "module.api_gateway.aws_api_gateway_resource.users",
            "module.api_gateway.aws_api_gateway_resource.users_id",
            "module.api_gateway.aws_api_gateway_rest_api.this",
            "module.cognito.aws_cognito_user_pool.users",
            "module.dynamodb.aws_dynamodb_table.audit",
            "module.dynamodb.aws_dynamodb_table.carts",
            "module.dynamodb.aws_dynamodb_table.orders",
            "module.dynamodb.aws_dynamodb_table.products",
            "module.dynamodb.aws_dynamodb_table.stores",
            "module.iam.aws_iam_role.audit",
            "module.iam.aws_iam_role.carts",
            "module.iam.aws_iam_role.dashboard",
            "module.iam.aws_iam_role.notifications",
            "module.iam.aws_iam_role.orders",
            "module.iam.aws_iam_role.products",
            "module.iam.aws_iam_role.stores",
            "module.iam.aws_iam_role.users",
            "module.iam.data.aws_iam_policy_document.lambda_assume_role",
            "module.lambdas.aws_cloudwatch_log_group.this",
            "module.lambdas.aws_lambda_function.this",
            "module.lambdas.data.archive_file.this"
          ],
          "create_before_destroy": true
        },
        {
          "index_key": "stores_list",
          "schema_version": 0,
          "attributes": {
            "api_key_required": false,
            "authorization": "COGNITO_USER_POOLS",
            "authorization_scopes": [],
            "authorizer_id": "k1r8js",
            "http_method": "GET",
            "id": "agm-hrxk7wkv57-1wy9is-GET",
            "operation_name": "",
            "request_models": {},
            "request_parameters": {},
            "request_validator_id": "",
            "resource_id": "1wy9is",
            "rest_api_id": "hrxk7wkv57"
          },
          "sensitive_attributes": [],
          "identity_schema_version": 0,
          "private": "bnVsbA==",
          "dependencies": [
            "module.api_gateway.aws_api_gateway_authorizer.cognito",
            "module.api_gateway.aws_api_gateway_resource.audit",
            "module.api_gateway.aws_api_gateway_resource.carts",
            "module.api_gateway.aws_api_gateway_resource.carts_id",
            "module.api_gateway.aws_api_gateway_resource.carts_id_products",
            "module.api_gateway.aws_api_gateway_resource.carts_id_products_id",
            "module.api_gateway.aws_api_gateway_resource.dashboard",
            "module.api_gateway.aws_api_gateway_resource.orders",
            "module.api_gateway.aws_api_gateway_resource.orders_id",
            "module.api_gateway.aws_api_gateway_resource.products",
            "module.api_gateway.aws_api_gateway_resource.products_id",
            "module.api_gateway.aws_api_gateway_resource.registrations",
            "module.api_gateway.aws_api_gateway_resource.stores",
            "module.api_gateway.aws_api_gateway_resource.stores_id",
            "module.api_gateway.aws_api_gateway_resource.users",
            "module.api_gateway.aws_api_gateway_resource.users_id",
            "module.api_gateway.aws_api_gateway_rest_api.this",
            "module.cognito.aws_cognito_user_pool.users",
            "module.dynamodb.aws_dynamodb_table.audit",
            "module.dynamodb.aws_dynamodb_table.carts",
            "module.dynamodb.aws_dynamodb_table.orders",
            "module.dynamodb.aws_dynamodb_table.products",
            "module.dynamodb.aws_dynamodb_table.stores",
            "module.iam.aws_iam_role.audit",
            "module.iam.aws_iam_role.carts",
            "module.iam.aws_iam_role.dashboard",
            "module.iam.aws_iam_role.notifications",
            "module.iam.aws_iam_role.orders",
            "module.iam.aws_iam_role.products",
            "module.iam.aws_iam_role.stores",
            "module.iam.aws_iam_role.users",
            "module.iam.data.aws_iam_policy_document.lambda_assume_role",
            "module.lambdas.aws_cloudwatch_log_group.this",
            "module.lambdas.aws_lambda_function.this",
            "module.lambdas.data.archive_file.this"
          ],
          "create_before_destroy": true
        },
        {
          "index_key": "stores_update",
          "schema_version": 0,
          "attributes": {
            "api_key_required": false,
            "authorization": "COGNITO_USER_POOLS",
            "authorization_scopes": [],
            "authorizer_id": "k1r8js",
            "http_method": "PATCH",
            "id": "agm-hrxk7wkv57-y9blxm-PATCH",
            "operation_name": "",
            "request_models": {},
            "request_parameters": {},
            "request_validator_id": "",
            "resource_id": "y9blxm",
            "rest_api_id": "hrxk7wkv57"
          },
          "sensitive_attributes": [],
          "identity_schema_version": 0,
          "private": "bnVsbA==",
          "dependencies": [
            "module.api_gateway.aws_api_gateway_authorizer.cognito",
            "module.api_gateway.aws_api_gateway_resource.audit",
            "module.api_gateway.aws_api_gateway_resource.carts",
            "module.api_gateway.aws_api_gateway_resource.carts_id",
            "module.api_gateway.aws_api_gateway_resource.carts_id_products",
            "module.api_gateway.aws_api_gateway_resource.carts_id_products_id",
            "module.api_gateway.aws_api_gateway_resource.dashboard",
            "module.api_gateway.aws_api_gateway_resource.orders",
            "module.api_gateway.aws_api_gateway_resource.orders_id",
            "module.api_gateway.aws_api_gateway_resource.products",
            "module.api_gateway.aws_api_gateway_resource.products_id",
            "module.api_gateway.aws_api_gateway_resource.registrations",
            "module.api_gateway.aws_api_gateway_resource.stores",
            "module.api_gateway.aws_api_gateway_resource.stores_id",
            "module.api_gateway.aws_api_gateway_resource.users",
            "module.api_gateway.aws_api_gateway_resource.users_id",
            "module.api_gateway.aws_api_gateway_rest_api.this",
            "module.cognito.aws_cognito_user_pool.users",
            "module.dynamodb.aws_dynamodb_table.audit",
            "module.dynamodb.aws_dynamodb_table.carts",
            "module.dynamodb.aws_dynamodb_table.orders",
            "module.dynamodb.aws_dynamodb_table.products",
            "module.dynamodb.aws_dynamodb_table.stores",
            "module.iam.aws_iam_role.audit",
            "module.iam.aws_iam_role.carts",
            "module.iam.aws_iam_role.dashboard",
            "module.iam.aws_iam_role.notifications",
            "module.iam.aws_iam_role.orders",
            "module.iam.aws_iam_role.products",
            "module.iam.aws_iam_role.stores",
            "module.iam.aws_iam_role.users",
            "module.iam.data.aws_iam_policy_document.lambda_assume_role",
            "module.lambdas.aws_cloudwatch_log_group.this",
            "module.lambdas.aws_lambda_function.this",
            "module.lambdas.data.archive_file.this"
          ],
          "create_before_destroy": true
        },
        {
          "index_key": "users_delete",
          "schema_version": 0,
          "attributes": {
            "api_key_required": false,
            "authorization": "COGNITO_USER_POOLS",
            "authorization_scopes": [],
            "authorizer_id": "k1r8js",
            "http_method": "DELETE",
            "id": "agm-hrxk7wkv57-aleyso-DELETE",
            "operation_name": "",
            "request_models": {},
            "request_parameters": {},
            "request_validator_id": "",
            "resource_id": "aleyso",
            "rest_api_id": "hrxk7wkv57"
          },
          "sensitive_attributes": [],
          "identity_schema_version": 0,
          "private": "bnVsbA==",
          "dependencies": [
            "module.api_gateway.aws_api_gateway_authorizer.cognito",
            "module.api_gateway.aws_api_gateway_resource.audit",
            "module.api_gateway.aws_api_gateway_resource.carts",
            "module.api_gateway.aws_api_gateway_resource.carts_id",
            "module.api_gateway.aws_api_gateway_resource.carts_id_products",
            "module.api_gateway.aws_api_gateway_resource.carts_id_products_id",
            "module.api_gateway.aws_api_gateway_resource.dashboard",
            "module.api_gateway.aws_api_gateway_resource.orders",
            "module.api_gateway.aws_api_gateway_resource.orders_id",
            "module.api_gateway.aws_api_gateway_resource.products",
            "module.api_gateway.aws_api_gateway_resource.products_id",
            "module.api_gateway.aws_api_gateway_resource.registrations",
            "module.api_gateway.aws_api_gateway_resource.stores",
            "module.api_gateway.aws_api_gateway_resource.stores_id",
            "module.api_gateway.aws_api_gateway_resource.users",
            "module.api_gateway.aws_api_gateway_resource.users_id",
            "module.api_gateway.aws_api_gateway_rest_api.this",
            "module.cognito.aws_cognito_user_pool.users",
            "module.dynamodb.aws_dynamodb_table.audit",
            "module.dynamodb.aws_dynamodb_table.carts",
            "module.dynamodb.aws_dynamodb_table.orders",
            "module.dynamodb.aws_dynamodb_table.products",
            "module.dynamodb.aws_dynamodb_table.stores",
            "module.iam.aws_iam_role.audit",
            "module.iam.aws_iam_role.carts",
            "module.iam.aws_iam_role.dashboard",
            "module.iam.aws_iam_role.notifications",
            "module.iam.aws_iam_role.orders",
            "module.iam.aws_iam_role.products",
            "module.iam.aws_iam_role.stores",
            "module.iam.aws_iam_role.users",
            "module.iam.data.aws_iam_policy_document.lambda_assume_role",
            "module.lambdas.aws_cloudwatch_log_group.this",
            "module.lambdas.aws_lambda_function.this",
            "module.lambdas.data.archive_file.this"
          ],
          "create_before_destroy": true
        },
        {
          "index_key": "users_list",
          "schema_version": 0,
          "attributes": {
            "api_key_required": false,
            "authorization": "COGNITO_USER_POOLS",
            "authorization_scopes": [],
            "authorizer_id": "k1r8js",
            "http_method": "GET",
            "id": "agm-hrxk7wkv57-3ylmmg-GET",
            "operation_name": "",
            "request_models": {},
            "request_parameters": {},
            "request_validator_id": "",
            "resource_id": "3ylmmg",
            "rest_api_id": "hrxk7wkv57"
          },
          "sensitive_attributes": [],
          "identity_schema_version": 0,
          "private": "bnVsbA==",
          "dependencies": [
            "module.api_gateway.aws_api_gateway_authorizer.cognito",
            "module.api_gateway.aws_api_gateway_resource.audit",
            "module.api_gateway.aws_api_gateway_resource.carts",
            "module.api_gateway.aws_api_gateway_resource.carts_id",
            "module.api_gateway.aws_api_gateway_resource.carts_id_products",
            "module.api_gateway.aws_api_gateway_resource.carts_id_products_id",
            "module.api_gateway.aws_api_gateway_resource.dashboard",
            "module.api_gateway.aws_api_gateway_resource.orders",
            "module.api_gateway.aws_api_gateway_resource.orders_id",
            "module.api_gateway.aws_api_gateway_resource.products",
            "module.api_gateway.aws_api_gateway_resource.products_id",
            "module.api_gateway.aws_api_gateway_resource.registrations",
            "module.api_gateway.aws_api_gateway_resource.stores",
            "module.api_gateway.aws_api_gateway_resource.stores_id",
            "module.api_gateway.aws_api_gateway_resource.users",
            "module.api_gateway.aws_api_gateway_resource.users_id",
            "module.api_gateway.aws_api_gateway_rest_api.this",
            "module.cognito.aws_cognito_user_pool.users",
            "module.dynamodb.aws_dynamodb_table.audit",
            "module.dynamodb.aws_dynamodb_table.carts",
            "module.dynamodb.aws_dynamodb_table.orders",
            "module.dynamodb.aws_dynamodb_table.products",
            "module.dynamodb.aws_dynamodb_table.stores",
            "module.iam.aws_iam_role.audit",
            "module.iam.aws_iam_role.carts",
            "module.iam.aws_iam_role.dashboard",
            "module.iam.aws_iam_role.notifications",
            "module.iam.aws_iam_role.orders",
            "module.iam.aws_iam_role.products",
            "module.iam.aws_iam_role.stores",
            "module.iam.aws_iam_role.users",
            "module.iam.data.aws_iam_policy_document.lambda_assume_role",
            "module.lambdas.aws_cloudwatch_log_group.this",
            "module.lambdas.aws_lambda_function.this",
            "module.lambdas.data.archive_file.this"
          ],
          "create_before_destroy": true
        },
        {
          "index_key": "users_update",
          "schema_version": 0,
          "attributes": {
            "api_key_required": false,
            "authorization": "COGNITO_USER_POOLS",
            "authorization_scopes": [],
            "authorizer_id": "k1r8js",
            "http_method": "PATCH",
            "id": "agm-hrxk7wkv57-aleyso-PATCH",
            "operation_name": "",
            "request_models": {},
            "request_parameters": {},
            "request_validator_id": "",
            "resource_id": "aleyso",
            "rest_api_id": "hrxk7wkv57"
          },
          "sensitive_attributes": [],
          "identity_schema_version": 0,
          "private": "bnVsbA==",
          "dependencies": [
            "module.api_gateway.aws_api_gateway_authorizer.cognito",
            "module.api_gateway.aws_api_gateway_resource.audit",
            "module.api_gateway.aws_api_gateway_resource.carts",
            "module.api_gateway.aws_api_gateway_resource.carts_id",
            "module.api_gateway.aws_api_gateway_resource.carts_id_products",
            "module.api_gateway.aws_api_gateway_resource.carts_id_products_id",
            "module.api_gateway.aws_api_gateway_resource.dashboard",
            "module.api_gateway.aws_api_gateway_resource.orders",
            "module.api_gateway.aws_api_gateway_resource.orders_id",
            "module.api_gateway.aws_api_gateway_resource.products",
            "module.api_gateway.aws_api_gateway_resource.products_id",
            "module.api_gateway.aws_api_gateway_resource.registrations",
            "module.api_gateway.aws_api_gateway_resource.stores",
            "module.api_gateway.aws_api_gateway_resource.stores_id",
            "module.api_gateway.aws_api_gateway_resource.users",
            "module.api_gateway.aws_api_gateway_resource.users_id",
            "module.api_gateway.aws_api_gateway_rest_api.this",
            "module.cognito.aws_cognito_user_pool.users",
            "module.dynamodb.aws_dynamodb_table.audit",
            "module.dynamodb.aws_dynamodb_table.carts",
            "module.dynamodb.aws_dynamodb_table.orders",
            "module.dynamodb.aws_dynamodb_table.products",
            "module.dynamodb.aws_dynamodb_table.stores",
            "module.iam.aws_iam_role.audit",
            "module.iam.aws_iam_role.carts",
            "module.iam.aws_iam_role.dashboard",
            "module.iam.aws_iam_role.notifications",
            "module.iam.aws_iam_role.orders",
            "module.iam.aws_iam_role.products",
            "module.iam.aws_iam_role.stores",
            "module.iam.aws_iam_role.users",
            "module.iam.data.aws_iam_policy_document.lambda_assume_role",
            "module.lambdas.aws_cloudwatch_log_group.this",
            "module.lambdas.aws_lambda_function.this",
            "module.lambdas.data.archive_file.this"
          ],
          "create_before_destroy": true
        }
      ]
    },
    {
      "module": "module.api_gateway",
      "mode": "managed",
      "type": "aws_api_gateway_method_response",
      "name": "options",
      "provider": "provider[\"registry.terraform.io/hashicorp/aws\"]",
      "instances": [
        {
          "index_key": "audit",
          "schema_version": 0,
          "attributes": {
            "http_method": "OPTIONS",
            "id": "agmr-hrxk7wkv57-ik4wkl-OPTIONS-200",
            "resource_id": "ik4wkl",
            "response_models": {},
            "response_parameters": {
              "method.response.header.Access-Control-Allow-Headers": true,
              "method.response.header.Access-Control-Allow-Methods": true,
              "method.response.header.Access-Control-Allow-Origin": true
            },
            "rest_api_id": "hrxk7wkv57",
            "status_code": "200"
          },
          "sensitive_attributes": [],
          "identity_schema_version": 0,
          "private": "bnVsbA==",
          "dependencies": [
            "module.api_gateway.aws_api_gateway_method.options",
            "module.api_gateway.aws_api_gateway_resource.audit",
            "module.api_gateway.aws_api_gateway_resource.carts",
            "module.api_gateway.aws_api_gateway_resource.carts_id",
            "module.api_gateway.aws_api_gateway_resource.carts_id_products",
            "module.api_gateway.aws_api_gateway_resource.carts_id_products_id",
            "module.api_gateway.aws_api_gateway_resource.dashboard",
            "module.api_gateway.aws_api_gateway_resource.orders",
            "module.api_gateway.aws_api_gateway_resource.orders_id",
            "module.api_gateway.aws_api_gateway_resource.products",
            "module.api_gateway.aws_api_gateway_resource.products_id",
            "module.api_gateway.aws_api_gateway_resource.registrations",
            "module.api_gateway.aws_api_gateway_resource.stores",
            "module.api_gateway.aws_api_gateway_resource.stores_id",
            "module.api_gateway.aws_api_gateway_resource.users",
            "module.api_gateway.aws_api_gateway_resource.users_id",
            "module.api_gateway.aws_api_gateway_rest_api.this",
            "module.dynamodb.aws_dynamodb_table.audit",
            "module.dynamodb.aws_dynamodb_table.carts",
            "module.dynamodb.aws_dynamodb_table.orders",
            "module.dynamodb.aws_dynamodb_table.products",
            "module.dynamodb.aws_dynamodb_table.stores",
            "module.iam.aws_iam_role.audit",
            "module.iam.aws_iam_role.carts",
            "module.iam.aws_iam_role.dashboard",
            "module.iam.aws_iam_role.notifications",
            "module.iam.aws_iam_role.orders",
            "module.iam.aws_iam_role.products",
            "module.iam.aws_iam_role.stores",
            "module.iam.aws_iam_role.users",
            "module.iam.data.aws_iam_policy_document.lambda_assume_role",
            "module.lambdas.aws_cloudwatch_log_group.this",
            "module.lambdas.aws_lambda_function.this",
            "module.lambdas.data.archive_file.this"
          ],
          "create_before_destroy": true
        },
        {
          "index_key": "carts_id",
          "schema_version": 0,
          "attributes": {
            "http_method": "OPTIONS",
            "id": "agmr-hrxk7wkv57-wt2mfu-OPTIONS-200",
            "resource_id": "wt2mfu",
            "response_models": {},
            "response_parameters": {
              "method.response.header.Access-Control-Allow-Headers": true,
              "method.response.header.Access-Control-Allow-Methods": true,
              "method.response.header.Access-Control-Allow-Origin": true
            },
            "rest_api_id": "hrxk7wkv57",
            "status_code": "200"
          },
          "sensitive_attributes": [],
          "identity_schema_version": 0,
          "private": "bnVsbA==",
          "dependencies": [
            "module.api_gateway.aws_api_gateway_method.options",
            "module.api_gateway.aws_api_gateway_resource.audit",
            "module.api_gateway.aws_api_gateway_resource.carts",
            "module.api_gateway.aws_api_gateway_resource.carts_id",
            "module.api_gateway.aws_api_gateway_resource.carts_id_products",
            "module.api_gateway.aws_api_gateway_resource.carts_id_products_id",
            "module.api_gateway.aws_api_gateway_resource.dashboard",
            "module.api_gateway.aws_api_gateway_resource.orders",
            "module.api_gateway.aws_api_gateway_resource.orders_id",
            "module.api_gateway.aws_api_gateway_resource.products",
            "module.api_gateway.aws_api_gateway_resource.products_id",
            "module.api_gateway.aws_api_gateway_resource.registrations",
            "module.api_gateway.aws_api_gateway_resource.stores",
            "module.api_gateway.aws_api_gateway_resource.stores_id",
            "module.api_gateway.aws_api_gateway_resource.users",
            "module.api_gateway.aws_api_gateway_resource.users_id",
            "module.api_gateway.aws_api_gateway_rest_api.this",
            "module.dynamodb.aws_dynamodb_table.audit",
            "module.dynamodb.aws_dynamodb_table.carts",
            "module.dynamodb.aws_dynamodb_table.orders",
            "module.dynamodb.aws_dynamodb_table.products",
            "module.dynamodb.aws_dynamodb_table.stores",
            "module.iam.aws_iam_role.audit",
            "module.iam.aws_iam_role.carts",
            "module.iam.aws_iam_role.dashboard",
            "module.iam.aws_iam_role.notifications",
            "module.iam.aws_iam_role.orders",
            "module.iam.aws_iam_role.products",
            "module.iam.aws_iam_role.stores",
            "module.iam.aws_iam_role.users",
            "module.iam.data.aws_iam_policy_document.lambda_assume_role",
            "module.lambdas.aws_cloudwatch_log_group.this",
            "module.lambdas.aws_lambda_function.this",
            "module.lambdas.data.archive_file.this"
          ],
          "create_before_destroy": true
        },
        {
          "index_key": "carts_id_products_id",
          "schema_version": 0,
          "attributes": {
            "http_method": "OPTIONS",
            "id": "agmr-hrxk7wkv57-yax2d0-OPTIONS-200",
            "resource_id": "yax2d0",
            "response_models": {},
            "response_parameters": {
              "method.response.header.Access-Control-Allow-Headers": true,
              "method.response.header.Access-Control-Allow-Methods": true,
              "method.response.header.Access-Control-Allow-Origin": true
            },
            "rest_api_id": "hrxk7wkv57",
            "status_code": "200"
          },
          "sensitive_attributes": [],
          "identity_schema_version": 0,
          "private": "bnVsbA==",
          "dependencies": [
            "module.api_gateway.aws_api_gateway_method.options",
            "module.api_gateway.aws_api_gateway_resource.audit",
            "module.api_gateway.aws_api_gateway_resource.carts",
            "module.api_gateway.aws_api_gateway_resource.carts_id",
            "module.api_gateway.aws_api_gateway_resource.carts_id_products",
            "module.api_gateway.aws_api_gateway_resource.carts_id_products_id",
            "module.api_gateway.aws_api_gateway_resource.dashboard",
            "module.api_gateway.aws_api_gateway_resource.orders",
            "module.api_gateway.aws_api_gateway_resource.orders_id",
            "module.api_gateway.aws_api_gateway_resource.products",
            "module.api_gateway.aws_api_gateway_resource.products_id",
            "module.api_gateway.aws_api_gateway_resource.registrations",
            "module.api_gateway.aws_api_gateway_resource.stores",
            "module.api_gateway.aws_api_gateway_resource.stores_id",
            "module.api_gateway.aws_api_gateway_resource.users",
            "module.api_gateway.aws_api_gateway_resource.users_id",
            "module.api_gateway.aws_api_gateway_rest_api.this",
            "module.dynamodb.aws_dynamodb_table.audit",
            "module.dynamodb.aws_dynamodb_table.carts",
            "module.dynamodb.aws_dynamodb_table.orders",
            "module.dynamodb.aws_dynamodb_table.products",
            "module.dynamodb.aws_dynamodb_table.stores",
            "module.iam.aws_iam_role.audit",
            "module.iam.aws_iam_role.carts",
            "module.iam.aws_iam_role.dashboard",
            "module.iam.aws_iam_role.notifications",
            "module.iam.aws_iam_role.orders",
            "module.iam.aws_iam_role.products",
            "module.iam.aws_iam_role.stores",
            "module.iam.aws_iam_role.users",
            "module.iam.data.aws_iam_policy_document.lambda_assume_role",
            "module.lambdas.aws_cloudwatch_log_group.this",
            "module.lambdas.aws_lambda_function.this",
            "module.lambdas.data.archive_file.this"
          ],
          "create_before_destroy": true
        },
        {
          "index_key": "dashboard",
          "schema_version": 0,
          "attributes": {
            "http_method": "OPTIONS",
            "id": "agmr-hrxk7wkv57-2unbe6-OPTIONS-200",
            "resource_id": "2unbe6",
            "response_models": {},
            "response_parameters": {
              "method.response.header.Access-Control-Allow-Headers": true,
              "method.response.header.Access-Control-Allow-Methods": true,
              "method.response.header.Access-Control-Allow-Origin": true
            },
            "rest_api_id": "hrxk7wkv57",
            "status_code": "200"
          },
          "sensitive_attributes": [],
          "identity_schema_version": 0,
          "private": "bnVsbA==",
          "dependencies": [
            "module.api_gateway.aws_api_gateway_method.options",
            "module.api_gateway.aws_api_gateway_resource.audit",
            "module.api_gateway.aws_api_gateway_resource.carts",
            "module.api_gateway.aws_api_gateway_resource.carts_id",
            "module.api_gateway.aws_api_gateway_resource.carts_id_products",
            "module.api_gateway.aws_api_gateway_resource.carts_id_products_id",
            "module.api_gateway.aws_api_gateway_resource.dashboard",
            "module.api_gateway.aws_api_gateway_resource.orders",
            "module.api_gateway.aws_api_gateway_resource.orders_id",
            "module.api_gateway.aws_api_gateway_resource.products",
            "module.api_gateway.aws_api_gateway_resource.products_id",
            "module.api_gateway.aws_api_gateway_resource.registrations",
            "module.api_gateway.aws_api_gateway_resource.stores",
            "module.api_gateway.aws_api_gateway_resource.stores_id",
            "module.api_gateway.aws_api_gateway_resource.users",
            "module.api_gateway.aws_api_gateway_resource.users_id",
            "module.api_gateway.aws_api_gateway_rest_api.this",
            "module.dynamodb.aws_dynamodb_table.audit",
            "module.dynamodb.aws_dynamodb_table.carts",
            "module.dynamodb.aws_dynamodb_table.orders",
            "module.dynamodb.aws_dynamodb_table.products",
            "module.dynamodb.aws_dynamodb_table.stores",
            "module.iam.aws_iam_role.audit",
            "module.iam.aws_iam_role.carts",
            "module.iam.aws_iam_role.dashboard",
            "module.iam.aws_iam_role.notifications",
            "module.iam.aws_iam_role.orders",
            "module.iam.aws_iam_role.products",
            "module.iam.aws_iam_role.stores",
            "module.iam.aws_iam_role.users",
            "module.iam.data.aws_iam_policy_document.lambda_assume_role",
            "module.lambdas.aws_cloudwatch_log_group.this",
            "module.lambdas.aws_lambda_function.this",
            "module.lambdas.data.archive_file.this"
          ],
          "create_before_destroy": true
        },
        {
          "index_key": "orders",
          "schema_version": 0,
          "attributes": {
            "http_method": "OPTIONS",
            "id": "agmr-hrxk7wkv57-15tf4y-OPTIONS-200",
            "resource_id": "15tf4y",
            "response_models": {},
            "response_parameters": {
              "method.response.header.Access-Control-Allow-Headers": true,
              "method.response.header.Access-Control-Allow-Methods": true,
              "method.response.header.Access-Control-Allow-Origin": true
            },
            "rest_api_id": "hrxk7wkv57",
            "status_code": "200"
          },
          "sensitive_attributes": [],
          "identity_schema_version": 0,
          "private": "bnVsbA==",
          "dependencies": [
            "module.api_gateway.aws_api_gateway_method.options",
            "module.api_gateway.aws_api_gateway_resource.audit",
            "module.api_gateway.aws_api_gateway_resource.carts",
            "module.api_gateway.aws_api_gateway_resource.carts_id",
            "module.api_gateway.aws_api_gateway_resource.carts_id_products",
            "module.api_gateway.aws_api_gateway_resource.carts_id_products_id",
            "module.api_gateway.aws_api_gateway_resource.dashboard",
            "module.api_gateway.aws_api_gateway_resource.orders",
            "module.api_gateway.aws_api_gateway_resource.orders_id",
            "module.api_gateway.aws_api_gateway_resource.products",
            "module.api_gateway.aws_api_gateway_resource.products_id",
            "module.api_gateway.aws_api_gateway_resource.registrations",
            "module.api_gateway.aws_api_gateway_resource.stores",
            "module.api_gateway.aws_api_gateway_resource.stores_id",
            "module.api_gateway.aws_api_gateway_resource.users",
            "module.api_gateway.aws_api_gateway_resource.users_id",
            "module.api_gateway.aws_api_gateway_rest_api.this",
            "module.dynamodb.aws_dynamodb_table.audit",
            "module.dynamodb.aws_dynamodb_table.carts",
            "module.dynamodb.aws_dynamodb_table.orders",
            "module.dynamodb.aws_dynamodb_table.products",
            "module.dynamodb.aws_dynamodb_table.stores",
            "module.iam.aws_iam_role.audit",
            "module.iam.aws_iam_role.carts",
            "module.iam.aws_iam_role.dashboard",
            "module.iam.aws_iam_role.notifications",
            "module.iam.aws_iam_role.orders",
            "module.iam.aws_iam_role.products",
            "module.iam.aws_iam_role.stores",
            "module.iam.aws_iam_role.users",
            "module.iam.data.aws_iam_policy_document.lambda_assume_role",
            "module.lambdas.aws_cloudwatch_log_group.this",
            "module.lambdas.aws_lambda_function.this",
            "module.lambdas.data.archive_file.this"
          ],
          "create_before_destroy": true
        },
        {
          "index_key": "orders_id",
          "schema_version": 0,
          "attributes": {
            "http_method": "OPTIONS",
            "id": "agmr-hrxk7wkv57-3bevf5-OPTIONS-200",
            "resource_id": "3bevf5",
            "response_models": {},
            "response_parameters": {
              "method.response.header.Access-Control-Allow-Headers": true,
              "method.response.header.Access-Control-Allow-Methods": true,
              "method.response.header.Access-Control-Allow-Origin": true
            },
            "rest_api_id": "hrxk7wkv57",
            "status_code": "200"
          },
          "sensitive_attributes": [],
          "identity_schema_version": 0,
          "private": "bnVsbA==",
          "dependencies": [
            "module.api_gateway.aws_api_gateway_method.options",
            "module.api_gateway.aws_api_gateway_resource.audit",
            "module.api_gateway.aws_api_gateway_resource.carts",
            "module.api_gateway.aws_api_gateway_resource.carts_id",
            "module.api_gateway.aws_api_gateway_resource.carts_id_products",
            "module.api_gateway.aws_api_gateway_resource.carts_id_products_id",
            "module.api_gateway.aws_api_gateway_resource.dashboard",
            "module.api_gateway.aws_api_gateway_resource.orders",
            "module.api_gateway.aws_api_gateway_resource.orders_id",
            "module.api_gateway.aws_api_gateway_resource.products",
            "module.api_gateway.aws_api_gateway_resource.products_id",
            "module.api_gateway.aws_api_gateway_resource.registrations",
            "module.api_gateway.aws_api_gateway_resource.stores",
            "module.api_gateway.aws_api_gateway_resource.stores_id",
            "module.api_gateway.aws_api_gateway_resource.users",
            "module.api_gateway.aws_api_gateway_resource.users_id",
            "module.api_gateway.aws_api_gateway_rest_api.this",
            "module.dynamodb.aws_dynamodb_table.audit",
            "module.dynamodb.aws_dynamodb_table.carts",
            "module.dynamodb.aws_dynamodb_table.orders",
            "module.dynamodb.aws_dynamodb_table.products",
            "module.dynamodb.aws_dynamodb_table.stores",
            "module.iam.aws_iam_role.audit",
            "module.iam.aws_iam_role.carts",
            "module.iam.aws_iam_role.dashboard",
            "module.iam.aws_iam_role.notifications",
            "module.iam.aws_iam_role.orders",
            "module.iam.aws_iam_role.products",
            "module.iam.aws_iam_role.stores",
            "module.iam.aws_iam_role.users",
            "module.iam.data.aws_iam_policy_document.lambda_assume_role",
            "module.lambdas.aws_cloudwatch_log_group.this",
            "module.lambdas.aws_lambda_function.this",
            "module.lambdas.data.archive_file.this"
          ],
          "create_before_destroy": true
        },
        {
          "index_key": "products",
          "schema_version": 0,
          "attributes": {
            "http_method": "OPTIONS",
            "id": "agmr-hrxk7wkv57-xxn8gn-OPTIONS-200",
            "resource_id": "xxn8gn",
            "response_models": {},
            "response_parameters": {
              "method.response.header.Access-Control-Allow-Headers": true,
              "method.response.header.Access-Control-Allow-Methods": true,
              "method.response.header.Access-Control-Allow-Origin": true
            },
            "rest_api_id": "hrxk7wkv57",
            "status_code": "200"
          },
          "sensitive_attributes": [],
          "identity_schema_version": 0,
          "private": "bnVsbA==",
          "dependencies": [
            "module.api_gateway.aws_api_gateway_method.options",
            "module.api_gateway.aws_api_gateway_resource.audit",
            "module.api_gateway.aws_api_gateway_resource.carts",
            "module.api_gateway.aws_api_gateway_resource.carts_id",
            "module.api_gateway.aws_api_gateway_resource.carts_id_products",
            "module.api_gateway.aws_api_gateway_resource.carts_id_products_id",
            "module.api_gateway.aws_api_gateway_resource.dashboard",
            "module.api_gateway.aws_api_gateway_resource.orders",
            "module.api_gateway.aws_api_gateway_resource.orders_id",
            "module.api_gateway.aws_api_gateway_resource.products",
            "module.api_gateway.aws_api_gateway_resource.products_id",
            "module.api_gateway.aws_api_gateway_resource.registrations",
            "module.api_gateway.aws_api_gateway_resource.stores",
            "module.api_gateway.aws_api_gateway_resource.stores_id",
            "module.api_gateway.aws_api_gateway_resource.users",
            "module.api_gateway.aws_api_gateway_resource.users_id",
            "module.api_gateway.aws_api_gateway_rest_api.this",
            "module.dynamodb.aws_dynamodb_table.audit",
            "module.dynamodb.aws_dynamodb_table.carts",
            "module.dynamodb.aws_dynamodb_table.orders",
            "module.dynamodb.aws_dynamodb_table.products",
            "module.dynamodb.aws_dynamodb_table.stores",
            "module.iam.aws_iam_role.audit",
            "module.iam.aws_iam_role.carts",
            "module.iam.aws_iam_role.dashboard",
            "module.iam.aws_iam_role.notifications",
            "module.iam.aws_iam_role.orders",
            "module.iam.aws_iam_role.products",
            "module.iam.aws_iam_role.stores",
            "module.iam.aws_iam_role.users",
            "module.iam.data.aws_iam_policy_document.lambda_assume_role",
            "module.lambdas.aws_cloudwatch_log_group.this",
            "module.lambdas.aws_lambda_function.this",
            "module.lambdas.data.archive_file.this"
          ],
          "create_before_destroy": true
        },
        {
          "index_key": "products_id",
          "schema_version": 0,
          "attributes": {
            "http_method": "OPTIONS",
            "id": "agmr-hrxk7wkv57-558efg-OPTIONS-200",
            "resource_id": "558efg",
            "response_models": {},
            "response_parameters": {
              "method.response.header.Access-Control-Allow-Headers": true,
              "method.response.header.Access-Control-Allow-Methods": true,
              "method.response.header.Access-Control-Allow-Origin": true
            },
            "rest_api_id": "hrxk7wkv57",
            "status_code": "200"
          },
          "sensitive_attributes": [],
          "identity_schema_version": 0,
          "private": "bnVsbA==",
          "dependencies": [
            "module.api_gateway.aws_api_gateway_method.options",
            "module.api_gateway.aws_api_gateway_resource.audit",
            "module.api_gateway.aws_api_gateway_resource.carts",
            "module.api_gateway.aws_api_gateway_resource.carts_id",
            "module.api_gateway.aws_api_gateway_resource.carts_id_products",
            "module.api_gateway.aws_api_gateway_resource.carts_id_products_id",
            "module.api_gateway.aws_api_gateway_resource.dashboard",
            "module.api_gateway.aws_api_gateway_resource.orders",
            "module.api_gateway.aws_api_gateway_resource.orders_id",
            "module.api_gateway.aws_api_gateway_resource.products",
            "module.api_gateway.aws_api_gateway_resource.products_id",
            "module.api_gateway.aws_api_gateway_resource.registrations",
            "module.api_gateway.aws_api_gateway_resource.stores",
            "module.api_gateway.aws_api_gateway_resource.stores_id",
            "module.api_gateway.aws_api_gateway_resource.users",
            "module.api_gateway.aws_api_gateway_resource.users_id",
            "module.api_gateway.aws_api_gateway_rest_api.this",
            "module.dynamodb.aws_dynamodb_table.audit",
            "module.dynamodb.aws_dynamodb_table.carts",
            "module.dynamodb.aws_dynamodb_table.orders",
            "module.dynamodb.aws_dynamodb_table.products",
            "module.dynamodb.aws_dynamodb_table.stores",
            "module.iam.aws_iam_role.audit",
            "module.iam.aws_iam_role.carts",
            "module.iam.aws_iam_role.dashboard",
            "module.iam.aws_iam_role.notifications",
            "module.iam.aws_iam_role.orders",
            "module.iam.aws_iam_role.products",
            "module.iam.aws_iam_role.stores",
            "module.iam.aws_iam_role.users",
            "module.iam.data.aws_iam_policy_document.lambda_assume_role",
            "module.lambdas.aws_cloudwatch_log_group.this",
            "module.lambdas.aws_lambda_function.this",
            "module.lambdas.data.archive_file.this"
          ],
          "create_before_destroy": true
        },
        {
          "index_key": "registrations",
          "schema_version": 0,
          "attributes": {
            "http_method": "OPTIONS",
            "id": "agmr-hrxk7wkv57-npg67s-OPTIONS-200",
            "resource_id": "npg67s",
            "response_models": {},
            "response_parameters": {
              "method.response.header.Access-Control-Allow-Headers": true,
              "method.response.header.Access-Control-Allow-Methods": true,
              "method.response.header.Access-Control-Allow-Origin": true
            },
            "rest_api_id": "hrxk7wkv57",
            "status_code": "200"
          },
          "sensitive_attributes": [],
          "identity_schema_version": 0,
          "private": "bnVsbA==",
          "dependencies": [
            "module.api_gateway.aws_api_gateway_method.options",
            "module.api_gateway.aws_api_gateway_resource.audit",
            "module.api_gateway.aws_api_gateway_resource.carts",
            "module.api_gateway.aws_api_gateway_resource.carts_id",
            "module.api_gateway.aws_api_gateway_resource.carts_id_products",
            "module.api_gateway.aws_api_gateway_resource.carts_id_products_id",
            "module.api_gateway.aws_api_gateway_resource.dashboard",
            "module.api_gateway.aws_api_gateway_resource.orders",
            "module.api_gateway.aws_api_gateway_resource.orders_id",
            "module.api_gateway.aws_api_gateway_resource.products",
            "module.api_gateway.aws_api_gateway_resource.products_id",
            "module.api_gateway.aws_api_gateway_resource.registrations",
            "module.api_gateway.aws_api_gateway_resource.stores",
            "module.api_gateway.aws_api_gateway_resource.stores_id",
            "module.api_gateway.aws_api_gateway_resource.users",
            "module.api_gateway.aws_api_gateway_resource.users_id",
            "module.api_gateway.aws_api_gateway_rest_api.this",
            "module.dynamodb.aws_dynamodb_table.audit",
            "module.dynamodb.aws_dynamodb_table.carts",
            "module.dynamodb.aws_dynamodb_table.orders",
            "module.dynamodb.aws_dynamodb_table.products",
            "module.dynamodb.aws_dynamodb_table.stores",
            "module.iam.aws_iam_role.audit",
            "module.iam.aws_iam_role.carts",
            "module.iam.aws_iam_role.dashboard",
            "module.iam.aws_iam_role.notifications",
            "module.iam.aws_iam_role.orders",
            "module.iam.aws_iam_role.products",
            "module.iam.aws_iam_role.stores",
            "module.iam.aws_iam_role.users",
            "module.iam.data.aws_iam_policy_document.lambda_assume_role",
            "module.lambdas.aws_cloudwatch_log_group.this",
            "module.lambdas.aws_lambda_function.this",
            "module.lambdas.data.archive_file.this"
          ],
          "create_before_destroy": true
        },
        {
          "index_key": "stores",
          "schema_version": 0,
          "attributes": {
            "http_method": "OPTIONS",
            "id": "agmr-hrxk7wkv57-1wy9is-OPTIONS-200",
            "resource_id": "1wy9is",
            "response_models": {},
            "response_parameters": {
              "method.response.header.Access-Control-Allow-Headers": true,
              "method.response.header.Access-Control-Allow-Methods": true,
              "method.response.header.Access-Control-Allow-Origin": true
            },
            "rest_api_id": "hrxk7wkv57",
            "status_code": "200"
          },
          "sensitive_attributes": [],
          "identity_schema_version": 0,
          "private": "bnVsbA==",
          "dependencies": [
            "module.api_gateway.aws_api_gateway_method.options",
            "module.api_gateway.aws_api_gateway_resource.audit",
            "module.api_gateway.aws_api_gateway_resource.carts",
            "module.api_gateway.aws_api_gateway_resource.carts_id",
            "module.api_gateway.aws_api_gateway_resource.carts_id_products",
            "module.api_gateway.aws_api_gateway_resource.carts_id_products_id",
            "module.api_gateway.aws_api_gateway_resource.dashboard",
            "module.api_gateway.aws_api_gateway_resource.orders",
            "module.api_gateway.aws_api_gateway_resource.orders_id",
            "module.api_gateway.aws_api_gateway_resource.products",
            "module.api_gateway.aws_api_gateway_resource.products_id",
            "module.api_gateway.aws_api_gateway_resource.registrations",
            "module.api_gateway.aws_api_gateway_resource.stores",
            "module.api_gateway.aws_api_gateway_resource.stores_id",
            "module.api_gateway.aws_api_gateway_resource.users",
            "module.api_gateway.aws_api_gateway_resource.users_id",
            "module.api_gateway.aws_api_gateway_rest_api.this",
            "module.dynamodb.aws_dynamodb_table.audit",
            "module.dynamodb.aws_dynamodb_table.carts",
            "module.dynamodb.aws_dynamodb_table.orders",
            "module.dynamodb.aws_dynamodb_table.products",
            "module.dynamodb.aws_dynamodb_table.stores",
            "module.iam.aws_iam_role.audit",
            "module.iam.aws_iam_role.carts",
            "module.iam.aws_iam_role.dashboard",
            "module.iam.aws_iam_role.notifications",
            "module.iam.aws_iam_role.orders",
            "module.iam.aws_iam_role.products",
            "module.iam.aws_iam_role.stores",
            "module.iam.aws_iam_role.users",
            "module.iam.data.aws_iam_policy_document.lambda_assume_role",
            "module.lambdas.aws_cloudwatch_log_group.this",
            "module.lambdas.aws_lambda_function.this",
            "module.lambdas.data.archive_file.this"
          ],
          "create_before_destroy": true
        },
        {
          "index_key": "stores_id",
          "schema_version": 0,
          "attributes": {
            "http_method": "OPTIONS",
            "id": "agmr-hrxk7wkv57-y9blxm-OPTIONS-200",
            "resource_id": "y9blxm",
            "response_models": {},
            "response_parameters": {
              "method.response.header.Access-Control-Allow-Headers": true,
              "method.response.header.Access-Control-Allow-Methods": true,
              "method.response.header.Access-Control-Allow-Origin": true
            },
            "rest_api_id": "hrxk7wkv57",
            "status_code": "200"
          },
          "sensitive_attributes": [],
          "identity_schema_version": 0,
          "private": "bnVsbA==",
          "dependencies": [
            "module.api_gateway.aws_api_gateway_method.options",
            "module.api_gateway.aws_api_gateway_resource.audit",
            "module.api_gateway.aws_api_gateway_resource.carts",
            "module.api_gateway.aws_api_gateway_resource.carts_id",
            "module.api_gateway.aws_api_gateway_resource.carts_id_products",
            "module.api_gateway.aws_api_gateway_resource.carts_id_products_id",
            "module.api_gateway.aws_api_gateway_resource.dashboard",
            "module.api_gateway.aws_api_gateway_resource.orders",
            "module.api_gateway.aws_api_gateway_resource.orders_id",
            "module.api_gateway.aws_api_gateway_resource.products",
            "module.api_gateway.aws_api_gateway_resource.products_id",
            "module.api_gateway.aws_api_gateway_resource.registrations",
            "module.api_gateway.aws_api_gateway_resource.stores",
            "module.api_gateway.aws_api_gateway_resource.stores_id",
            "module.api_gateway.aws_api_gateway_resource.users",
            "module.api_gateway.aws_api_gateway_resource.users_id",
            "module.api_gateway.aws_api_gateway_rest_api.this",
            "module.dynamodb.aws_dynamodb_table.audit",
            "module.dynamodb.aws_dynamodb_table.carts",
            "module.dynamodb.aws_dynamodb_table.orders",
            "module.dynamodb.aws_dynamodb_table.products",
            "module.dynamodb.aws_dynamodb_table.stores",
            "module.iam.aws_iam_role.audit",
            "module.iam.aws_iam_role.carts",
            "module.iam.aws_iam_role.dashboard",
            "module.iam.aws_iam_role.notifications",
            "module.iam.aws_iam_role.orders",
            "module.iam.aws_iam_role.products",
            "module.iam.aws_iam_role.stores",
            "module.iam.aws_iam_role.users",
            "module.iam.data.aws_iam_policy_document.lambda_assume_role",
            "module.lambdas.aws_cloudwatch_log_group.this",
            "module.lambdas.aws_lambda_function.this",
            "module.lambdas.data.archive_file.this"
          ],
          "create_before_destroy": true
        },
        {
          "index_key": "users",
          "schema_version": 0,
          "attributes": {
            "http_method": "OPTIONS",
            "id": "agmr-hrxk7wkv57-3ylmmg-OPTIONS-200",
            "resource_id": "3ylmmg",
            "response_models": {},
            "response_parameters": {
              "method.response.header.Access-Control-Allow-Headers": true,
              "method.response.header.Access-Control-Allow-Methods": true,
              "method.response.header.Access-Control-Allow-Origin": true
            },
            "rest_api_id": "hrxk7wkv57",
            "status_code": "200"
          },
          "sensitive_attributes": [],
          "identity_schema_version": 0,
          "private": "bnVsbA==",
          "dependencies": [
            "module.api_gateway.aws_api_gateway_method.options",
            "module.api_gateway.aws_api_gateway_resource.audit",
            "module.api_gateway.aws_api_gateway_resource.carts",
            "module.api_gateway.aws_api_gateway_resource.carts_id",
            "module.api_gateway.aws_api_gateway_resource.carts_id_products",
            "module.api_gateway.aws_api_gateway_resource.carts_id_products_id",
            "module.api_gateway.aws_api_gateway_resource.dashboard",
            "module.api_gateway.aws_api_gateway_resource.orders",
            "module.api_gateway.aws_api_gateway_resource.orders_id",
            "module.api_gateway.aws_api_gateway_resource.products",
            "module.api_gateway.aws_api_gateway_resource.products_id",
            "module.api_gateway.aws_api_gateway_resource.registrations",
            "module.api_gateway.aws_api_gateway_resource.stores",
            "module.api_gateway.aws_api_gateway_resource.stores_id",
            "module.api_gateway.aws_api_gateway_resource.users",
            "module.api_gateway.aws_api_gateway_resource.users_id",
            "module.api_gateway.aws_api_gateway_rest_api.this",
            "module.dynamodb.aws_dynamodb_table.audit",
            "module.dynamodb.aws_dynamodb_table.carts",
            "module.dynamodb.aws_dynamodb_table.orders",
            "module.dynamodb.aws_dynamodb_table.products",
            "module.dynamodb.aws_dynamodb_table.stores",
            "module.iam.aws_iam_role.audit",
            "module.iam.aws_iam_role.carts",
            "module.iam.aws_iam_role.dashboard",
            "module.iam.aws_iam_role.notifications",
            "module.iam.aws_iam_role.orders",
            "module.iam.aws_iam_role.products",
            "module.iam.aws_iam_role.stores",
            "module.iam.aws_iam_role.users",
            "module.iam.data.aws_iam_policy_document.lambda_assume_role",
            "module.lambdas.aws_cloudwatch_log_group.this",
            "module.lambdas.aws_lambda_function.this",
            "module.lambdas.data.archive_file.this"
          ],
          "create_before_destroy": true
        },
        {
          "index_key": "users_id",
          "schema_version": 0,
          "attributes": {
            "http_method": "OPTIONS",
            "id": "agmr-hrxk7wkv57-aleyso-OPTIONS-200",
            "resource_id": "aleyso",
            "response_models": {},
            "response_parameters": {
              "method.response.header.Access-Control-Allow-Headers": true,
              "method.response.header.Access-Control-Allow-Methods": true,
              "method.response.header.Access-Control-Allow-Origin": true
            },
            "rest_api_id": "hrxk7wkv57",
            "status_code": "200"
          },
          "sensitive_attributes": [],
          "identity_schema_version": 0,
          "private": "bnVsbA==",
          "dependencies": [
            "module.api_gateway.aws_api_gateway_method.options",
            "module.api_gateway.aws_api_gateway_resource.audit",
            "module.api_gateway.aws_api_gateway_resource.carts",
            "module.api_gateway.aws_api_gateway_resource.carts_id",
            "module.api_gateway.aws_api_gateway_resource.carts_id_products",
            "module.api_gateway.aws_api_gateway_resource.carts_id_products_id",
            "module.api_gateway.aws_api_gateway_resource.dashboard",
            "module.api_gateway.aws_api_gateway_resource.orders",
            "module.api_gateway.aws_api_gateway_resource.orders_id",
            "module.api_gateway.aws_api_gateway_resource.products",
            "module.api_gateway.aws_api_gateway_resource.products_id",
            "module.api_gateway.aws_api_gateway_resource.registrations",
            "module.api_gateway.aws_api_gateway_resource.stores",
            "module.api_gateway.aws_api_gateway_resource.stores_id",
            "module.api_gateway.aws_api_gateway_resource.users",
            "module.api_gateway.aws_api_gateway_resource.users_id",
            "module.api_gateway.aws_api_gateway_rest_api.this",
            "module.dynamodb.aws_dynamodb_table.audit",
            "module.dynamodb.aws_dynamodb_table.carts",
            "module.dynamodb.aws_dynamodb_table.orders",
            "module.dynamodb.aws_dynamodb_table.products",
            "module.dynamodb.aws_dynamodb_table.stores",
            "module.iam.aws_iam_role.audit",
            "module.iam.aws_iam_role.carts",
            "module.iam.aws_iam_role.dashboard",
            "module.iam.aws_iam_role.notifications",
            "module.iam.aws_iam_role.orders",
            "module.iam.aws_iam_role.products",
            "module.iam.aws_iam_role.stores",
            "module.iam.aws_iam_role.users",
            "module.iam.data.aws_iam_policy_document.lambda_assume_role",
            "module.lambdas.aws_cloudwatch_log_group.this",
            "module.lambdas.aws_lambda_function.this",
            "module.lambdas.data.archive_file.this"
          ],
          "create_before_destroy": true
        }
      ]
    },
    {
      "module": "module.api_gateway",
      "mode": "managed",
      "type": "aws_api_gateway_resource",
      "name": "audit",
      "provider": "provider[\"registry.terraform.io/hashicorp/aws\"]",
      "instances": [
        {
          "schema_version": 0,
          "attributes": {
            "id": "ik4wkl",
            "parent_id": "gmu0yhv2sj",
            "path": "/audit",
            "path_part": "audit",
            "rest_api_id": "hrxk7wkv57"
          },
          "sensitive_attributes": [],
          "identity_schema_version": 0,
          "private": "bnVsbA==",
          "dependencies": [
            "module.api_gateway.aws_api_gateway_rest_api.this"
          ],
          "create_before_destroy": true
        }
      ]
    },
    {
      "module": "module.api_gateway",
      "mode": "managed",
      "type": "aws_api_gateway_resource",
      "name": "carts",
      "provider": "provider[\"registry.terraform.io/hashicorp/aws\"]",
      "instances": [
        {
          "schema_version": 0,
          "attributes": {
            "id": "rc46yd",
            "parent_id": "gmu0yhv2sj",
            "path": "/carts",
            "path_part": "carts",
            "rest_api_id": "hrxk7wkv57"
          },
          "sensitive_attributes": [],
          "identity_schema_version": 0,
          "private": "bnVsbA==",
          "dependencies": [
            "module.api_gateway.aws_api_gateway_rest_api.this"
          ],
          "create_before_destroy": true
        }
      ]
    },
    {
      "module": "module.api_gateway",
      "mode": "managed",
      "type": "aws_api_gateway_resource",
      "name": "carts_id",
      "provider": "provider[\"registry.terraform.io/hashicorp/aws\"]",
      "instances": [
        {
          "schema_version": 0,
          "attributes": {
            "id": "wt2mfu",
            "parent_id": "rc46yd",
            "path": "/carts/{id}",
            "path_part": "{id}",
            "rest_api_id": "hrxk7wkv57"
          },
          "sensitive_attributes": [],
          "identity_schema_version": 0,
          "private": "bnVsbA==",
          "dependencies": [
            "module.api_gateway.aws_api_gateway_resource.carts",
            "module.api_gateway.aws_api_gateway_rest_api.this"
          ],
          "create_before_destroy": true
        }
      ]
    },
    {
      "module": "module.api_gateway",
      "mode": "managed",
      "type": "aws_api_gateway_resource",
      "name": "carts_id_products",
      "provider": "provider[\"registry.terraform.io/hashicorp/aws\"]",
      "instances": [
        {
          "schema_version": 0,
          "attributes": {
            "id": "2c76hc",
            "parent_id": "wt2mfu",
            "path": "/carts/{id}/products",
            "path_part": "products",
            "rest_api_id": "hrxk7wkv57"
          },
          "sensitive_attributes": [],
          "identity_schema_version": 0,
          "private": "bnVsbA==",
          "dependencies": [
            "module.api_gateway.aws_api_gateway_resource.carts",
            "module.api_gateway.aws_api_gateway_resource.carts_id",
            "module.api_gateway.aws_api_gateway_rest_api.this"
          ],
          "create_before_destroy": true
        }
      ]
    },
    {
      "module": "module.api_gateway",
      "mode": "managed",
      "type": "aws_api_gateway_resource",
      "name": "carts_id_products_id",
      "provider": "provider[\"registry.terraform.io/hashicorp/aws\"]",
      "instances": [
        {
          "schema_version": 0,
          "attributes": {
            "id": "yax2d0",
            "parent_id": "2c76hc",
            "path": "/carts/{id}/products/{productId}",
            "path_part": "{productId}",
            "rest_api_id": "hrxk7wkv57"
          },
          "sensitive_attributes": [],
          "identity_schema_version": 0,
          "private": "bnVsbA==",
          "dependencies": [
            "module.api_gateway.aws_api_gateway_resource.carts",
            "module.api_gateway.aws_api_gateway_resource.carts_id",
            "module.api_gateway.aws_api_gateway_resource.carts_id_products",
            "module.api_gateway.aws_api_gateway_rest_api.this"
          ],
          "create_before_destroy": true
        }
      ]
    },
    {
      "module": "module.api_gateway",
      "mode": "managed",
      "type": "aws_api_gateway_resource",
      "name": "dashboard",
      "provider": "provider[\"registry.terraform.io/hashicorp/aws\"]",
      "instances": [
        {
          "schema_version": 0,
          "attributes": {
            "id": "2unbe6",
            "parent_id": "gmu0yhv2sj",
            "path": "/dashboard",
            "path_part": "dashboard",
            "rest_api_id": "hrxk7wkv57"
          },
          "sensitive_attributes": [],
          "identity_schema_version": 0,
          "private": "bnVsbA==",
          "dependencies": [
            "module.api_gateway.aws_api_gateway_rest_api.this"
          ],
          "create_before_destroy": true
        }
      ]
    },
    {
      "module": "module.api_gateway",
      "mode": "managed",
      "type": "aws_api_gateway_resource",
      "name": "orders",
      "provider": "provider[\"registry.terraform.io/hashicorp/aws\"]",
      "instances": [
        {
          "schema_version": 0,
          "attributes": {
            "id": "15tf4y",
            "parent_id": "gmu0yhv2sj",
            "path": "/orders",
            "path_part": "orders",
            "rest_api_id": "hrxk7wkv57"
          },
          "sensitive_attributes": [],
          "identity_schema_version": 0,
          "private": "bnVsbA==",
          "dependencies": [
            "module.api_gateway.aws_api_gateway_rest_api.this"
          ],
          "create_before_destroy": true
        }
      ]
    },
    {
      "module": "module.api_gateway",
      "mode": "managed",
      "type": "aws_api_gateway_resource",
      "name": "orders_id",
      "provider": "provider[\"registry.terraform.io/hashicorp/aws\"]",
      "instances": [
        {
          "schema_version": 0,
          "attributes": {
            "id": "3bevf5",
            "parent_id": "15tf4y",
            "path": "/orders/{id}",
            "path_part": "{id}",
            "rest_api_id": "hrxk7wkv57"
          },
          "sensitive_attributes": [],
          "identity_schema_version": 0,
          "private": "bnVsbA==",
          "dependencies": [
            "module.api_gateway.aws_api_gateway_resource.orders",
            "module.api_gateway.aws_api_gateway_rest_api.this"
          ],
          "create_before_destroy": true
        }
      ]
    },
    {
      "module": "module.api_gateway",
      "mode": "managed",
      "type": "aws_api_gateway_resource",
      "name": "products",
      "provider": "provider[\"registry.terraform.io/hashicorp/aws\"]",
      "instances": [
        {
          "schema_version": 0,
          "attributes": {
            "id": "xxn8gn",
            "parent_id": "gmu0yhv2sj",
            "path": "/products",
            "path_part": "products",
            "rest_api_id": "hrxk7wkv57"
          },
          "sensitive_attributes": [],
          "identity_schema_version": 0,
          "private": "bnVsbA==",
          "dependencies": [
            "module.api_gateway.aws_api_gateway_rest_api.this"
          ],
          "create_before_destroy": true
        }
      ]
    },
    {
      "module": "module.api_gateway",
      "mode": "managed",
      "type": "aws_api_gateway_resource",
      "name": "products_id",
      "provider": "provider[\"registry.terraform.io/hashicorp/aws\"]",
      "instances": [
        {
          "schema_version": 0,
          "attributes": {
            "id": "558efg",
            "parent_id": "xxn8gn",
            "path": "/products/{id}",
            "path_part": "{id}",
            "rest_api_id": "hrxk7wkv57"
          },
          "sensitive_attributes": [],
          "identity_schema_version": 0,
          "private": "bnVsbA==",
          "dependencies": [
            "module.api_gateway.aws_api_gateway_resource.products",
            "module.api_gateway.aws_api_gateway_rest_api.this"
          ],
          "create_before_destroy": true
        }
      ]
    },
    {
      "module": "module.api_gateway",
      "mode": "managed",
      "type": "aws_api_gateway_resource",
      "name": "registrations",
      "provider": "provider[\"registry.terraform.io/hashicorp/aws\"]",
      "instances": [
        {
          "schema_version": 0,
          "attributes": {
            "id": "npg67s",
            "parent_id": "gmu0yhv2sj",
            "path": "/registrations",
            "path_part": "registrations",
            "rest_api_id": "hrxk7wkv57"
          },
          "sensitive_attributes": [],
          "identity_schema_version": 0,
          "private": "bnVsbA==",
          "dependencies": [
            "module.api_gateway.aws_api_gateway_rest_api.this"
          ],
          "create_before_destroy": true
        }
      ]
    },
    {
      "module": "module.api_gateway",
      "mode": "managed",
      "type": "aws_api_gateway_resource",
      "name": "stores",
      "provider": "provider[\"registry.terraform.io/hashicorp/aws\"]",
      "instances": [
        {
          "schema_version": 0,
          "attributes": {
            "id": "1wy9is",
            "parent_id": "gmu0yhv2sj",
            "path": "/stores",
            "path_part": "stores",
            "rest_api_id": "hrxk7wkv57"
          },
          "sensitive_attributes": [],
          "identity_schema_version": 0,
          "private": "bnVsbA==",
          "dependencies": [
            "module.api_gateway.aws_api_gateway_rest_api.this"
          ],
          "create_before_destroy": true
        }
      ]
    },
    {
      "module": "module.api_gateway",
      "mode": "managed",
      "type": "aws_api_gateway_resource",
      "name": "stores_id",
      "provider": "provider[\"registry.terraform.io/hashicorp/aws\"]",
      "instances": [
        {
          "schema_version": 0,
          "attributes": {
            "id": "y9blxm",
            "parent_id": "1wy9is",
            "path": "/stores/{id}",
            "path_part": "{id}",
            "rest_api_id": "hrxk7wkv57"
          },
          "sensitive_attributes": [],
          "identity_schema_version": 0,
          "private": "bnVsbA==",
          "dependencies": [
            "module.api_gateway.aws_api_gateway_resource.stores",
            "module.api_gateway.aws_api_gateway_rest_api.this"
          ],
          "create_before_destroy": true
        }
      ]
    },
    {
      "module": "module.api_gateway",
      "mode": "managed",
      "type": "aws_api_gateway_resource",
      "name": "users",
      "provider": "provider[\"registry.terraform.io/hashicorp/aws\"]",
      "instances": [
        {
          "schema_version": 0,
          "attributes": {
            "id": "3ylmmg",
            "parent_id": "gmu0yhv2sj",
            "path": "/users",
            "path_part": "users",
            "rest_api_id": "hrxk7wkv57"
          },
          "sensitive_attributes": [],
          "identity_schema_version": 0,
          "private": "bnVsbA==",
          "dependencies": [
            "module.api_gateway.aws_api_gateway_rest_api.this"
          ],
          "create_before_destroy": true
        }
      ]
    },
    {
      "module": "module.api_gateway",
      "mode": "managed",
      "type": "aws_api_gateway_resource",
      "name": "users_id",
      "provider": "provider[\"registry.terraform.io/hashicorp/aws\"]",
      "instances": [
        {
          "schema_version": 0,
          "attributes": {
            "id": "aleyso",
            "parent_id": "3ylmmg",
            "path": "/users/{id}",
            "path_part": "{id}",
            "rest_api_id": "hrxk7wkv57"
          },
          "sensitive_attributes": [],
          "identity_schema_version": 0,
          "private": "bnVsbA==",
          "dependencies": [
            "module.api_gateway.aws_api_gateway_resource.users",
            "module.api_gateway.aws_api_gateway_rest_api.this"
          ],
          "create_before_destroy": true
        }
      ]
    },
    {
      "module": "module.api_gateway",
      "mode": "managed",
      "type": "aws_api_gateway_rest_api",
      "name": "this",
      "provider": "provider[\"registry.terraform.io/hashicorp/aws\"]",
      "instances": [
        {
          "schema_version": 0,
          "attributes": {
            "api_key_source": "HEADER",
            "arn": "arn:aws:apigateway:us-east-1::/restapis/hrxk7wkv57",
            "binary_media_types": [],
            "body": null,
            "created_date": "2026-07-26T06:45:32Z",
            "description": "API REST de CloudShop Marketplace.",
            "disable_execute_api_endpoint": false,
            "endpoint_configuration": [
              {
                "ip_address_type": "ipv4",
                "types": [
                  "EDGE"
                ],
                "vpc_endpoint_ids": []
              }
            ],
            "execution_arn": "arn:aws:execute-api:us-east-1:511949652182:hrxk7wkv57",
            "fail_on_warnings": null,
            "id": "hrxk7wkv57",
            "minimum_compression_size": "",
            "name": "cloudshop-api",
            "parameters": null,
            "policy": "",
            "put_rest_api_mode": null,
            "root_resource_id": "gmu0yhv2sj",
            "tags": {},
            "tags_all": {
              "Environment": "dev",
              "ManagedBy": "Terraform",
              "Project": "CloudShop"
            }
          },
          "sensitive_attributes": [],
          "identity_schema_version": 0,
          "private": "bnVsbA==",
          "create_before_destroy": true
        }
      ]
    },
    {
      "module": "module.api_gateway",
      "mode": "managed",
      "type": "aws_api_gateway_stage",
      "name": "this",
      "provider": "provider[\"registry.terraform.io/hashicorp/aws\"]",
      "instances": [
        {
          "schema_version": 0,
          "attributes": {
            "access_log_settings": [],
            "arn": "arn:aws:apigateway:us-east-1::/restapis/hrxk7wkv57/stages/dev",
            "cache_cluster_enabled": false,
            "cache_cluster_size": "",
            "canary_settings": [],
            "client_certificate_id": "",
            "deployment_id": "xnqy3n",
            "description": "",
            "documentation_version": "",
            "execution_arn": "arn:aws:execute-api:us-east-1:511949652182:hrxk7wkv57/dev",
            "id": "ags-hrxk7wkv57-dev",
            "invoke_url": "https://hrxk7wkv57.execute-api.us-east-1.amazonaws.com/dev",
            "rest_api_id": "hrxk7wkv57",
            "stage_name": "dev",
            "tags": {},
            "tags_all": {
              "Environment": "dev",
              "ManagedBy": "Terraform",
              "Project": "CloudShop"
            },
            "variables": {},
            "web_acl_arn": "arn:aws:wafv2:us-east-1:511949652182:regional/webacl/cloudshop-api-waf/b77c93d5-46a1-4b10-88b7-14e60a07f31d",
            "xray_tracing_enabled": false
          },
          "sensitive_attributes": [],
          "identity_schema_version": 0,
          "private": "bnVsbA==",
          "dependencies": [
            "module.api_gateway.aws_api_gateway_authorizer.cognito",
            "module.api_gateway.aws_api_gateway_deployment.this",
            "module.api_gateway.aws_api_gateway_gateway_response.cors_4xx",
            "module.api_gateway.aws_api_gateway_gateway_response.cors_5xx",
            "module.api_gateway.aws_api_gateway_integration.options",
            "module.api_gateway.aws_api_gateway_integration.route",
            "module.api_gateway.aws_api_gateway_integration_response.options",
            "module.api_gateway.aws_api_gateway_method.options",
            "module.api_gateway.aws_api_gateway_method.route",
            "module.api_gateway.aws_api_gateway_method_response.options",
            "module.api_gateway.aws_api_gateway_resource.audit",
            "module.api_gateway.aws_api_gateway_resource.carts",
            "module.api_gateway.aws_api_gateway_resource.carts_id",
            "module.api_gateway.aws_api_gateway_resource.carts_id_products",
            "module.api_gateway.aws_api_gateway_resource.carts_id_products_id",
            "module.api_gateway.aws_api_gateway_resource.dashboard",
            "module.api_gateway.aws_api_gateway_resource.orders",
            "module.api_gateway.aws_api_gateway_resource.orders_id",
            "module.api_gateway.aws_api_gateway_resource.products",
            "module.api_gateway.aws_api_gateway_resource.products_id",
            "module.api_gateway.aws_api_gateway_resource.registrations",
            "module.api_gateway.aws_api_gateway_resource.stores",
            "module.api_gateway.aws_api_gateway_resource.stores_id",
            "module.api_gateway.aws_api_gateway_resource.users",
            "module.api_gateway.aws_api_gateway_resource.users_id",
            "module.api_gateway.aws_api_gateway_rest_api.this",
            "module.cognito.aws_cognito_user_pool.users",
            "module.dynamodb.aws_dynamodb_table.audit",
            "module.dynamodb.aws_dynamodb_table.carts",
            "module.dynamodb.aws_dynamodb_table.orders",
            "module.dynamodb.aws_dynamodb_table.products",
            "module.dynamodb.aws_dynamodb_table.stores",
            "module.iam.aws_iam_role.audit",
            "module.iam.aws_iam_role.carts",
            "module.iam.aws_iam_role.dashboard",
            "module.iam.aws_iam_role.notifications",
            "module.iam.aws_iam_role.orders",
            "module.iam.aws_iam_role.products",
            "module.iam.aws_iam_role.stores",
            "module.iam.aws_iam_role.users",
            "module.iam.data.aws_iam_policy_document.lambda_assume_role",
            "module.lambdas.aws_cloudwatch_log_group.this",
            "module.lambdas.aws_lambda_function.this",
            "module.lambdas.data.archive_file.this"
          ]
        }
      ]
    },
    {
      "module": "module.api_gateway",
      "mode": "managed",
      "type": "aws_api_gateway_usage_plan",
      "name": "this",
      "provider": "provider[\"registry.terraform.io/hashicorp/aws\"]",
      "instances": [
        {
          "schema_version": 0,
          "attributes": {
            "api_stages": [
              {
                "api_id": "hrxk7wkv57",
                "stage": "dev",
                "throttle": []
              }
            ],
            "arn": "arn:aws:apigateway:us-east-1::/usageplans/jzsot4",
            "description": "",
            "id": "jzsot4",
            "name": "cloudshop-usage-plan",
            "product_code": "",
            "quota_settings": [],
            "tags": {},
            "tags_all": {
              "Environment": "dev",
              "ManagedBy": "Terraform",
              "Project": "CloudShop"
            },
            "throttle_settings": [
              {
                "burst_limit": 20,
                "rate_limit": 10
              }
            ]
          },
          "sensitive_attributes": [],
          "identity_schema_version": 0,
          "private": "bnVsbA==",
          "dependencies": [
            "module.api_gateway.aws_api_gateway_authorizer.cognito",
            "module.api_gateway.aws_api_gateway_deployment.this",
            "module.api_gateway.aws_api_gateway_gateway_response.cors_4xx",
            "module.api_gateway.aws_api_gateway_gateway_response.cors_5xx",
            "module.api_gateway.aws_api_gateway_integration.options",
            "module.api_gateway.aws_api_gateway_integration.route",
            "module.api_gateway.aws_api_gateway_integration_response.options",
            "module.api_gateway.aws_api_gateway_method.options",
            "module.api_gateway.aws_api_gateway_method.route",
            "module.api_gateway.aws_api_gateway_method_response.options",
            "module.api_gateway.aws_api_gateway_resource.audit",
            "module.api_gateway.aws_api_gateway_resource.carts",
            "module.api_gateway.aws_api_gateway_resource.carts_id",
            "module.api_gateway.aws_api_gateway_resource.carts_id_products",
            "module.api_gateway.aws_api_gateway_resource.carts_id_products_id",
            "module.api_gateway.aws_api_gateway_resource.dashboard",
            "module.api_gateway.aws_api_gateway_resource.orders",
            "module.api_gateway.aws_api_gateway_resource.orders_id",
            "module.api_gateway.aws_api_gateway_resource.products",
            "module.api_gateway.aws_api_gateway_resource.products_id",
            "module.api_gateway.aws_api_gateway_resource.registrations",
            "module.api_gateway.aws_api_gateway_resource.stores",
            "module.api_gateway.aws_api_gateway_resource.stores_id",
            "module.api_gateway.aws_api_gateway_resource.users",
            "module.api_gateway.aws_api_gateway_resource.users_id",
            "module.api_gateway.aws_api_gateway_rest_api.this",
            "module.api_gateway.aws_api_gateway_stage.this",
            "module.cognito.aws_cognito_user_pool.users",
            "module.dynamodb.aws_dynamodb_table.audit",
            "module.dynamodb.aws_dynamodb_table.carts",
            "module.dynamodb.aws_dynamodb_table.orders",
            "module.dynamodb.aws_dynamodb_table.products",
            "module.dynamodb.aws_dynamodb_table.stores",
            "module.iam.aws_iam_role.audit",
            "module.iam.aws_iam_role.carts",
            "module.iam.aws_iam_role.dashboard",
            "module.iam.aws_iam_role.notifications",
            "module.iam.aws_iam_role.orders",
            "module.iam.aws_iam_role.products",
            "module.iam.aws_iam_role.stores",
            "module.iam.aws_iam_role.users",
            "module.iam.data.aws_iam_policy_document.lambda_assume_role",
            "module.lambdas.aws_cloudwatch_log_group.this",
            "module.lambdas.aws_lambda_function.this",
            "module.lambdas.data.archive_file.this"
          ]
        }
      ]
    },
    {
      "module": "module.api_gateway",
      "mode": "managed",
      "type": "aws_api_gateway_usage_plan_key",
      "name": "this",
      "provider": "provider[\"registry.terraform.io/hashicorp/aws\"]",
      "instances": [
        {
          "schema_version": 0,
          "attributes": {
            "id": "u9b9fv4q57",
            "key_id": "u9b9fv4q57",
            "key_type": "API_KEY",
            "name": "cloudshop-api-key",
            "usage_plan_id": "jzsot4",
            "value": "Mq12w6nQrq6tkYtJj964X9rtViBj9pgc4HZpobjV"
          },
          "sensitive_attributes": [],
          "identity_schema_version": 0,
          "private": "bnVsbA==",
          "dependencies": [
            "module.api_gateway.aws_api_gateway_api_key.this",
            "module.api_gateway.aws_api_gateway_authorizer.cognito",
            "module.api_gateway.aws_api_gateway_deployment.this",
            "module.api_gateway.aws_api_gateway_gateway_response.cors_4xx",
            "module.api_gateway.aws_api_gateway_gateway_response.cors_5xx",
            "module.api_gateway.aws_api_gateway_integration.options",
            "module.api_gateway.aws_api_gateway_integration.route",
            "module.api_gateway.aws_api_gateway_integration_response.options",
            "module.api_gateway.aws_api_gateway_method.options",
            "module.api_gateway.aws_api_gateway_method.route",
            "module.api_gateway.aws_api_gateway_method_response.options",
            "module.api_gateway.aws_api_gateway_resource.audit",
            "module.api_gateway.aws_api_gateway_resource.carts",
            "module.api_gateway.aws_api_gateway_resource.carts_id",
            "module.api_gateway.aws_api_gateway_resource.carts_id_products",
            "module.api_gateway.aws_api_gateway_resource.carts_id_products_id",
            "module.api_gateway.aws_api_gateway_resource.dashboard",
            "module.api_gateway.aws_api_gateway_resource.orders",
            "module.api_gateway.aws_api_gateway_resource.orders_id",
            "module.api_gateway.aws_api_gateway_resource.products",
            "module.api_gateway.aws_api_gateway_resource.products_id",
            "module.api_gateway.aws_api_gateway_resource.registrations",
            "module.api_gateway.aws_api_gateway_resource.stores",
            "module.api_gateway.aws_api_gateway_resource.stores_id",
            "module.api_gateway.aws_api_gateway_resource.users",
            "module.api_gateway.aws_api_gateway_resource.users_id",
            "module.api_gateway.aws_api_gateway_rest_api.this",
            "module.api_gateway.aws_api_gateway_stage.this",
            "module.api_gateway.aws_api_gateway_usage_plan.this",
            "module.cognito.aws_cognito_user_pool.users",
            "module.dynamodb.aws_dynamodb_table.audit",
            "module.dynamodb.aws_dynamodb_table.carts",
            "module.dynamodb.aws_dynamodb_table.orders",
            "module.dynamodb.aws_dynamodb_table.products",
            "module.dynamodb.aws_dynamodb_table.stores",
            "module.iam.aws_iam_role.audit",
            "module.iam.aws_iam_role.carts",
            "module.iam.aws_iam_role.dashboard",
            "module.iam.aws_iam_role.notifications",
            "module.iam.aws_iam_role.orders",
            "module.iam.aws_iam_role.products",
            "module.iam.aws_iam_role.stores",
            "module.iam.aws_iam_role.users",
            "module.iam.data.aws_iam_policy_document.lambda_assume_role",
            "module.lambdas.aws_cloudwatch_log_group.this",
            "module.lambdas.aws_lambda_function.this",
            "module.lambdas.data.archive_file.this"
          ]
        }
      ]
    },
    {
      "module": "module.api_gateway",
      "mode": "managed",
      "type": "aws_lambda_permission",
      "name": "route",
      "provider": "provider[\"registry.terraform.io/hashicorp/aws\"]",
      "instances": [
        {
          "index_key": "audit_get",
          "schema_version": 0,
          "attributes": {
            "action": "lambda:InvokeFunction",
            "event_source_token": null,
            "function_name": "cloudshop-audit-get",
            "function_url_auth_type": null,
            "id": "AllowAPIGatewayaudit_get",
            "principal": "apigateway.amazonaws.com",
            "principal_org_id": null,
            "qualifier": "",
            "source_account": null,
            "source_arn": "arn:aws:execute-api:us-east-1:511949652182:hrxk7wkv57/*/*",
            "statement_id": "AllowAPIGatewayaudit_get",
            "statement_id_prefix": ""
          },
          "sensitive_attributes": [],
          "identity_schema_version": 0,
          "private": "bnVsbA==",
          "dependencies": [
            "module.api_gateway.aws_api_gateway_rest_api.this",
            "module.dynamodb.aws_dynamodb_table.audit",
            "module.dynamodb.aws_dynamodb_table.carts",
            "module.dynamodb.aws_dynamodb_table.orders",
            "module.dynamodb.aws_dynamodb_table.products",
            "module.dynamodb.aws_dynamodb_table.stores",
            "module.iam.aws_iam_role.audit",
            "module.iam.aws_iam_role.carts",
            "module.iam.aws_iam_role.dashboard",
            "module.iam.aws_iam_role.notifications",
            "module.iam.aws_iam_role.orders",
            "module.iam.aws_iam_role.products",
            "module.iam.aws_iam_role.stores",
            "module.iam.aws_iam_role.users",
            "module.iam.data.aws_iam_policy_document.lambda_assume_role",
            "module.lambdas.aws_cloudwatch_log_group.this",
            "module.lambdas.aws_lambda_function.this",
            "module.lambdas.data.archive_file.this"
          ]
        },
        {
          "index_key": "carts_add_product",
          "schema_version": 0,
          "attributes": {
            "action": "lambda:InvokeFunction",
            "event_source_token": null,
            "function_name": "cloudshop-carts-add-product",
            "function_url_auth_type": null,
            "id": "AllowAPIGatewaycarts_add_product",
            "principal": "apigateway.amazonaws.com",
            "principal_org_id": null,
            "qualifier": "",
            "source_account": null,
            "source_arn": "arn:aws:execute-api:us-east-1:511949652182:hrxk7wkv57/*/*",
            "statement_id": "AllowAPIGatewaycarts_add_product",
            "statement_id_prefix": ""
          },
          "sensitive_attributes": [],
          "identity_schema_version": 0,
          "private": "bnVsbA==",
          "dependencies": [
            "module.api_gateway.aws_api_gateway_rest_api.this",
            "module.dynamodb.aws_dynamodb_table.audit",
            "module.dynamodb.aws_dynamodb_table.carts",
            "module.dynamodb.aws_dynamodb_table.orders",
            "module.dynamodb.aws_dynamodb_table.products",
            "module.dynamodb.aws_dynamodb_table.stores",
            "module.iam.aws_iam_role.audit",
            "module.iam.aws_iam_role.carts",
            "module.iam.aws_iam_role.dashboard",
            "module.iam.aws_iam_role.notifications",
            "module.iam.aws_iam_role.orders",
            "module.iam.aws_iam_role.products",
            "module.iam.aws_iam_role.stores",
            "module.iam.aws_iam_role.users",
            "module.iam.data.aws_iam_policy_document.lambda_assume_role",
            "module.lambdas.aws_cloudwatch_log_group.this",
            "module.lambdas.aws_lambda_function.this",
            "module.lambdas.data.archive_file.this"
          ]
        },
        {
          "index_key": "carts_clear",
          "schema_version": 0,
          "attributes": {
            "action": "lambda:InvokeFunction",
            "event_source_token": null,
            "function_name": "cloudshop-carts-clear",
            "function_url_auth_type": null,
            "id": "AllowAPIGatewaycarts_clear",
            "principal": "apigateway.amazonaws.com",
            "principal_org_id": null,
            "qualifier": "",
            "source_account": null,
            "source_arn": "arn:aws:execute-api:us-east-1:511949652182:hrxk7wkv57/*/*",
            "statement_id": "AllowAPIGatewaycarts_clear",
            "statement_id_prefix": ""
          },
          "sensitive_attributes": [],
          "identity_schema_version": 0,
          "private": "bnVsbA==",
          "dependencies": [
            "module.api_gateway.aws_api_gateway_rest_api.this",
            "module.dynamodb.aws_dynamodb_table.audit",
            "module.dynamodb.aws_dynamodb_table.carts",
            "module.dynamodb.aws_dynamodb_table.orders",
            "module.dynamodb.aws_dynamodb_table.products",
            "module.dynamodb.aws_dynamodb_table.stores",
            "module.iam.aws_iam_role.audit",
            "module.iam.aws_iam_role.carts",
            "module.iam.aws_iam_role.dashboard",
            "module.iam.aws_iam_role.notifications",
            "module.iam.aws_iam_role.orders",
            "module.iam.aws_iam_role.products",
            "module.iam.aws_iam_role.stores",
            "module.iam.aws_iam_role.users",
            "module.iam.data.aws_iam_policy_document.lambda_assume_role",
            "module.lambdas.aws_cloudwatch_log_group.this",
            "module.lambdas.aws_lambda_function.this",
            "module.lambdas.data.archive_file.this"
          ]
        },
        {
          "index_key": "carts_get",
          "schema_version": 0,
          "attributes": {
            "action": "lambda:InvokeFunction",
            "event_source_token": null,
            "function_name": "cloudshop-carts-get",
            "function_url_auth_type": null,
            "id": "AllowAPIGatewaycarts_get",
            "principal": "apigateway.amazonaws.com",
            "principal_org_id": null,
            "qualifier": "",
            "source_account": null,
            "source_arn": "arn:aws:execute-api:us-east-1:511949652182:hrxk7wkv57/*/*",
            "statement_id": "AllowAPIGatewaycarts_get",
            "statement_id_prefix": ""
          },
          "sensitive_attributes": [],
          "identity_schema_version": 0,
          "private": "bnVsbA==",
          "dependencies": [
            "module.api_gateway.aws_api_gateway_rest_api.this",
            "module.dynamodb.aws_dynamodb_table.audit",
            "module.dynamodb.aws_dynamodb_table.carts",
            "module.dynamodb.aws_dynamodb_table.orders",
            "module.dynamodb.aws_dynamodb_table.products",
            "module.dynamodb.aws_dynamodb_table.stores",
            "module.iam.aws_iam_role.audit",
            "module.iam.aws_iam_role.carts",
            "module.iam.aws_iam_role.dashboard",
            "module.iam.aws_iam_role.notifications",
            "module.iam.aws_iam_role.orders",
            "module.iam.aws_iam_role.products",
            "module.iam.aws_iam_role.stores",
            "module.iam.aws_iam_role.users",
            "module.iam.data.aws_iam_policy_document.lambda_assume_role",
            "module.lambdas.aws_cloudwatch_log_group.this",
            "module.lambdas.aws_lambda_function.this",
            "module.lambdas.data.archive_file.this"
          ]
        },
        {
          "index_key": "carts_modify_quantity",
          "schema_version": 0,
          "attributes": {
            "action": "lambda:InvokeFunction",
            "event_source_token": null,
            "function_name": "cloudshop-carts-modify-quantity",
            "function_url_auth_type": null,
            "id": "AllowAPIGatewaycarts_modify_quantity",
            "principal": "apigateway.amazonaws.com",
            "principal_org_id": null,
            "qualifier": "",
            "source_account": null,
            "source_arn": "arn:aws:execute-api:us-east-1:511949652182:hrxk7wkv57/*/*",
            "statement_id": "AllowAPIGatewaycarts_modify_quantity",
            "statement_id_prefix": ""
          },
          "sensitive_attributes": [],
          "identity_schema_version": 0,
          "private": "bnVsbA==",
          "dependencies": [
            "module.api_gateway.aws_api_gateway_rest_api.this",
            "module.dynamodb.aws_dynamodb_table.audit",
            "module.dynamodb.aws_dynamodb_table.carts",
            "module.dynamodb.aws_dynamodb_table.orders",
            "module.dynamodb.aws_dynamodb_table.products",
            "module.dynamodb.aws_dynamodb_table.stores",
            "module.iam.aws_iam_role.audit",
            "module.iam.aws_iam_role.carts",
            "module.iam.aws_iam_role.dashboard",
            "module.iam.aws_iam_role.notifications",
            "module.iam.aws_iam_role.orders",
            "module.iam.aws_iam_role.products",
            "module.iam.aws_iam_role.stores",
            "module.iam.aws_iam_role.users",
            "module.iam.data.aws_iam_policy_document.lambda_assume_role",
            "module.lambdas.aws_cloudwatch_log_group.this",
            "module.lambdas.aws_lambda_function.this",
            "module.lambdas.data.archive_file.this"
          ]
        },
        {
          "index_key": "carts_remove_product",
          "schema_version": 0,
          "attributes": {
            "action": "lambda:InvokeFunction",
            "event_source_token": null,
            "function_name": "cloudshop-carts-remove-product",
            "function_url_auth_type": null,
            "id": "AllowAPIGatewaycarts_remove_product",
            "principal": "apigateway.amazonaws.com",
            "principal_org_id": null,
            "qualifier": "",
            "source_account": null,
            "source_arn": "arn:aws:execute-api:us-east-1:511949652182:hrxk7wkv57/*/*",
            "statement_id": "AllowAPIGatewaycarts_remove_product",
            "statement_id_prefix": ""
          },
          "sensitive_attributes": [],
          "identity_schema_version": 0,
          "private": "bnVsbA==",
          "dependencies": [
            "module.api_gateway.aws_api_gateway_rest_api.this",
            "module.dynamodb.aws_dynamodb_table.audit",
            "module.dynamodb.aws_dynamodb_table.carts",
            "module.dynamodb.aws_dynamodb_table.orders",
            "module.dynamodb.aws_dynamodb_table.products",
            "module.dynamodb.aws_dynamodb_table.stores",
            "module.iam.aws_iam_role.audit",
            "module.iam.aws_iam_role.carts",
            "module.iam.aws_iam_role.dashboard",
            "module.iam.aws_iam_role.notifications",
            "module.iam.aws_iam_role.orders",
            "module.iam.aws_iam_role.products",
            "module.iam.aws_iam_role.stores",
            "module.iam.aws_iam_role.users",
            "module.iam.data.aws_iam_policy_document.lambda_assume_role",
            "module.lambdas.aws_cloudwatch_log_group.this",
            "module.lambdas.aws_lambda_function.this",
            "module.lambdas.data.archive_file.this"
          ]
        },
        {
          "index_key": "dashboard_get",
          "schema_version": 0,
          "attributes": {
            "action": "lambda:InvokeFunction",
            "event_source_token": null,
            "function_name": "cloudshop-dashboard-get",
            "function_url_auth_type": null,
            "id": "AllowAPIGatewaydashboard_get",
            "principal": "apigateway.amazonaws.com",
            "principal_org_id": null,
            "qualifier": "",
            "source_account": null,
            "source_arn": "arn:aws:execute-api:us-east-1:511949652182:hrxk7wkv57/*/*",
            "statement_id": "AllowAPIGatewaydashboard_get",
            "statement_id_prefix": ""
          },
          "sensitive_attributes": [],
          "identity_schema_version": 0,
          "private": "bnVsbA==",
          "dependencies": [
            "module.api_gateway.aws_api_gateway_rest_api.this",
            "module.dynamodb.aws_dynamodb_table.audit",
            "module.dynamodb.aws_dynamodb_table.carts",
            "module.dynamodb.aws_dynamodb_table.orders",
            "module.dynamodb.aws_dynamodb_table.products",
            "module.dynamodb.aws_dynamodb_table.stores",
            "module.iam.aws_iam_role.audit",
            "module.iam.aws_iam_role.carts",
            "module.iam.aws_iam_role.dashboard",
            "module.iam.aws_iam_role.notifications",
            "module.iam.aws_iam_role.orders",
            "module.iam.aws_iam_role.products",
            "module.iam.aws_iam_role.stores",
            "module.iam.aws_iam_role.users",
            "module.iam.data.aws_iam_policy_document.lambda_assume_role",
            "module.lambdas.aws_cloudwatch_log_group.this",
            "module.lambdas.aws_lambda_function.this",
            "module.lambdas.data.archive_file.this"
          ]
        },
        {
          "index_key": "orders_cancel",
          "schema_version": 0,
          "attributes": {
            "action": "lambda:InvokeFunction",
            "event_source_token": null,
            "function_name": "cloudshop-orders-cancel",
            "function_url_auth_type": null,
            "id": "AllowAPIGatewayorders_cancel",
            "principal": "apigateway.amazonaws.com",
            "principal_org_id": null,
            "qualifier": "",
            "source_account": null,
            "source_arn": "arn:aws:execute-api:us-east-1:511949652182:hrxk7wkv57/*/*",
            "statement_id": "AllowAPIGatewayorders_cancel",
            "statement_id_prefix": ""
          },
          "sensitive_attributes": [],
          "identity_schema_version": 0,
          "private": "bnVsbA==",
          "dependencies": [
            "module.api_gateway.aws_api_gateway_rest_api.this",
            "module.dynamodb.aws_dynamodb_table.audit",
            "module.dynamodb.aws_dynamodb_table.carts",
            "module.dynamodb.aws_dynamodb_table.orders",
            "module.dynamodb.aws_dynamodb_table.products",
            "module.dynamodb.aws_dynamodb_table.stores",
            "module.iam.aws_iam_role.audit",
            "module.iam.aws_iam_role.carts",
            "module.iam.aws_iam_role.dashboard",
            "module.iam.aws_iam_role.notifications",
            "module.iam.aws_iam_role.orders",
            "module.iam.aws_iam_role.products",
            "module.iam.aws_iam_role.stores",
            "module.iam.aws_iam_role.users",
            "module.iam.data.aws_iam_policy_document.lambda_assume_role",
            "module.lambdas.aws_cloudwatch_log_group.this",
            "module.lambdas.aws_lambda_function.this",
            "module.lambdas.data.archive_file.this"
          ]
        },
        {
          "index_key": "orders_create",
          "schema_version": 0,
          "attributes": {
            "action": "lambda:InvokeFunction",
            "event_source_token": null,
            "function_name": "cloudshop-orders-create",
            "function_url_auth_type": null,
            "id": "AllowAPIGatewayorders_create",
            "principal": "apigateway.amazonaws.com",
            "principal_org_id": null,
            "qualifier": "",
            "source_account": null,
            "source_arn": "arn:aws:execute-api:us-east-1:511949652182:hrxk7wkv57/*/*",
            "statement_id": "AllowAPIGatewayorders_create",
            "statement_id_prefix": ""
          },
          "sensitive_attributes": [],
          "identity_schema_version": 0,
          "private": "bnVsbA==",
          "dependencies": [
            "module.api_gateway.aws_api_gateway_rest_api.this",
            "module.dynamodb.aws_dynamodb_table.audit",
            "module.dynamodb.aws_dynamodb_table.carts",
            "module.dynamodb.aws_dynamodb_table.orders",
            "module.dynamodb.aws_dynamodb_table.products",
            "module.dynamodb.aws_dynamodb_table.stores",
            "module.iam.aws_iam_role.audit",
            "module.iam.aws_iam_role.carts",
            "module.iam.aws_iam_role.dashboard",
            "module.iam.aws_iam_role.notifications",
            "module.iam.aws_iam_role.orders",
            "module.iam.aws_iam_role.products",
            "module.iam.aws_iam_role.stores",
            "module.iam.aws_iam_role.users",
            "module.iam.data.aws_iam_policy_document.lambda_assume_role",
            "module.lambdas.aws_cloudwatch_log_group.this",
            "module.lambdas.aws_lambda_function.this",
            "module.lambdas.data.archive_file.this"
          ]
        },
        {
          "index_key": "orders_get",
          "schema_version": 0,
          "attributes": {
            "action": "lambda:InvokeFunction",
            "event_source_token": null,
            "function_name": "cloudshop-orders-get",
            "function_url_auth_type": null,
            "id": "AllowAPIGatewayorders_get",
            "principal": "apigateway.amazonaws.com",
            "principal_org_id": null,
            "qualifier": "",
            "source_account": null,
            "source_arn": "arn:aws:execute-api:us-east-1:511949652182:hrxk7wkv57/*/*",
            "statement_id": "AllowAPIGatewayorders_get",
            "statement_id_prefix": ""
          },
          "sensitive_attributes": [],
          "identity_schema_version": 0,
          "private": "bnVsbA==",
          "dependencies": [
            "module.api_gateway.aws_api_gateway_rest_api.this",
            "module.dynamodb.aws_dynamodb_table.audit",
            "module.dynamodb.aws_dynamodb_table.carts",
            "module.dynamodb.aws_dynamodb_table.orders",
            "module.dynamodb.aws_dynamodb_table.products",
            "module.dynamodb.aws_dynamodb_table.stores",
            "module.iam.aws_iam_role.audit",
            "module.iam.aws_iam_role.carts",
            "module.iam.aws_iam_role.dashboard",
            "module.iam.aws_iam_role.notifications",
            "module.iam.aws_iam_role.orders",
            "module.iam.aws_iam_role.products",
            "module.iam.aws_iam_role.stores",
            "module.iam.aws_iam_role.users",
            "module.iam.data.aws_iam_policy_document.lambda_assume_role",
            "module.lambdas.aws_cloudwatch_log_group.this",
            "module.lambdas.aws_lambda_function.this",
            "module.lambdas.data.archive_file.this"
          ]
        },
        {
          "index_key": "orders_list",
          "schema_version": 0,
          "attributes": {
            "action": "lambda:InvokeFunction",
            "event_source_token": null,
            "function_name": "cloudshop-orders-list",
            "function_url_auth_type": null,
            "id": "AllowAPIGatewayorders_list",
            "principal": "apigateway.amazonaws.com",
            "principal_org_id": null,
            "qualifier": "",
            "source_account": null,
            "source_arn": "arn:aws:execute-api:us-east-1:511949652182:hrxk7wkv57/*/*",
            "statement_id": "AllowAPIGatewayorders_list",
            "statement_id_prefix": ""
          },
          "sensitive_attributes": [],
          "identity_schema_version": 0,
          "private": "bnVsbA==",
          "dependencies": [
            "module.api_gateway.aws_api_gateway_rest_api.this",
            "module.dynamodb.aws_dynamodb_table.audit",
            "module.dynamodb.aws_dynamodb_table.carts",
            "module.dynamodb.aws_dynamodb_table.orders",
            "module.dynamodb.aws_dynamodb_table.products",
            "module.dynamodb.aws_dynamodb_table.stores",
            "module.iam.aws_iam_role.audit",
            "module.iam.aws_iam_role.carts",
            "module.iam.aws_iam_role.dashboard",
            "module.iam.aws_iam_role.notifications",
            "module.iam.aws_iam_role.orders",
            "module.iam.aws_iam_role.products",
            "module.iam.aws_iam_role.stores",
            "module.iam.aws_iam_role.users",
            "module.iam.data.aws_iam_policy_document.lambda_assume_role",
            "module.lambdas.aws_cloudwatch_log_group.this",
            "module.lambdas.aws_lambda_function.this",
            "module.lambdas.data.archive_file.this"
          ]
        },
        {
          "index_key": "orders_update_status",
          "schema_version": 0,
          "attributes": {
            "action": "lambda:InvokeFunction",
            "event_source_token": null,
            "function_name": "cloudshop-orders-update-status",
            "function_url_auth_type": null,
            "id": "AllowAPIGatewayorders_update_status",
            "principal": "apigateway.amazonaws.com",
            "principal_org_id": null,
            "qualifier": "",
            "source_account": null,
            "source_arn": "arn:aws:execute-api:us-east-1:511949652182:hrxk7wkv57/*/*",
            "statement_id": "AllowAPIGatewayorders_update_status",
            "statement_id_prefix": ""
          },
          "sensitive_attributes": [],
          "identity_schema_version": 0,
          "private": "bnVsbA==",
          "dependencies": [
            "module.api_gateway.aws_api_gateway_rest_api.this",
            "module.dynamodb.aws_dynamodb_table.audit",
            "module.dynamodb.aws_dynamodb_table.carts",
            "module.dynamodb.aws_dynamodb_table.orders",
            "module.dynamodb.aws_dynamodb_table.products",
            "module.dynamodb.aws_dynamodb_table.stores",
            "module.iam.aws_iam_role.audit",
            "module.iam.aws_iam_role.carts",
            "module.iam.aws_iam_role.dashboard",
            "module.iam.aws_iam_role.notifications",
            "module.iam.aws_iam_role.orders",
            "module.iam.aws_iam_role.products",
            "module.iam.aws_iam_role.stores",
            "module.iam.aws_iam_role.users",
            "module.iam.data.aws_iam_policy_document.lambda_assume_role",
            "module.lambdas.aws_cloudwatch_log_group.this",
            "module.lambdas.aws_lambda_function.this",
            "module.lambdas.data.archive_file.this"
          ]
        },
        {
          "index_key": "products_create",
          "schema_version": 0,
          "attributes": {
            "action": "lambda:InvokeFunction",
            "event_source_token": null,
            "function_name": "cloudshop-products-create",
            "function_url_auth_type": null,
            "id": "AllowAPIGatewayproducts_create",
            "principal": "apigateway.amazonaws.com",
            "principal_org_id": null,
            "qualifier": "",
            "source_account": null,
            "source_arn": "arn:aws:execute-api:us-east-1:511949652182:hrxk7wkv57/*/*",
            "statement_id": "AllowAPIGatewayproducts_create",
            "statement_id_prefix": ""
          },
          "sensitive_attributes": [],
          "identity_schema_version": 0,
          "private": "bnVsbA==",
          "dependencies": [
            "module.api_gateway.aws_api_gateway_rest_api.this",
            "module.dynamodb.aws_dynamodb_table.audit",
            "module.dynamodb.aws_dynamodb_table.carts",
            "module.dynamodb.aws_dynamodb_table.orders",
            "module.dynamodb.aws_dynamodb_table.products",
            "module.dynamodb.aws_dynamodb_table.stores",
            "module.iam.aws_iam_role.audit",
            "module.iam.aws_iam_role.carts",
            "module.iam.aws_iam_role.dashboard",
            "module.iam.aws_iam_role.notifications",
            "module.iam.aws_iam_role.orders",
            "module.iam.aws_iam_role.products",
            "module.iam.aws_iam_role.stores",
            "module.iam.aws_iam_role.users",
            "module.iam.data.aws_iam_policy_document.lambda_assume_role",
            "module.lambdas.aws_cloudwatch_log_group.this",
            "module.lambdas.aws_lambda_function.this",
            "module.lambdas.data.archive_file.this"
          ]
        },
        {
          "index_key": "products_delete",
          "schema_version": 0,
          "attributes": {
            "action": "lambda:InvokeFunction",
            "event_source_token": null,
            "function_name": "cloudshop-products-delete",
            "function_url_auth_type": null,
            "id": "AllowAPIGatewayproducts_delete",
            "principal": "apigateway.amazonaws.com",
            "principal_org_id": null,
            "qualifier": "",
            "source_account": null,
            "source_arn": "arn:aws:execute-api:us-east-1:511949652182:hrxk7wkv57/*/*",
            "statement_id": "AllowAPIGatewayproducts_delete",
            "statement_id_prefix": ""
          },
          "sensitive_attributes": [],
          "identity_schema_version": 0,
          "private": "bnVsbA==",
          "dependencies": [
            "module.api_gateway.aws_api_gateway_rest_api.this",
            "module.dynamodb.aws_dynamodb_table.audit",
            "module.dynamodb.aws_dynamodb_table.carts",
            "module.dynamodb.aws_dynamodb_table.orders",
            "module.dynamodb.aws_dynamodb_table.products",
            "module.dynamodb.aws_dynamodb_table.stores",
            "module.iam.aws_iam_role.audit",
            "module.iam.aws_iam_role.carts",
            "module.iam.aws_iam_role.dashboard",
            "module.iam.aws_iam_role.notifications",
            "module.iam.aws_iam_role.orders",
            "module.iam.aws_iam_role.products",
            "module.iam.aws_iam_role.stores",
            "module.iam.aws_iam_role.users",
            "module.iam.data.aws_iam_policy_document.lambda_assume_role",
            "module.lambdas.aws_cloudwatch_log_group.this",
            "module.lambdas.aws_lambda_function.this",
            "module.lambdas.data.archive_file.this"
          ]
        },
        {
          "index_key": "products_get",
          "schema_version": 0,
          "attributes": {
            "action": "lambda:InvokeFunction",
            "event_source_token": null,
            "function_name": "cloudshop-products-get",
            "function_url_auth_type": null,
            "id": "AllowAPIGatewayproducts_get",
            "principal": "apigateway.amazonaws.com",
            "principal_org_id": null,
            "qualifier": "",
            "source_account": null,
            "source_arn": "arn:aws:execute-api:us-east-1:511949652182:hrxk7wkv57/*/*",
            "statement_id": "AllowAPIGatewayproducts_get",
            "statement_id_prefix": ""
          },
          "sensitive_attributes": [],
          "identity_schema_version": 0,
          "private": "bnVsbA==",
          "dependencies": [
            "module.api_gateway.aws_api_gateway_rest_api.this",
            "module.dynamodb.aws_dynamodb_table.audit",
            "module.dynamodb.aws_dynamodb_table.carts",
            "module.dynamodb.aws_dynamodb_table.orders",
            "module.dynamodb.aws_dynamodb_table.products",
            "module.dynamodb.aws_dynamodb_table.stores",
            "module.iam.aws_iam_role.audit",
            "module.iam.aws_iam_role.carts",
            "module.iam.aws_iam_role.dashboard",
            "module.iam.aws_iam_role.notifications",
            "module.iam.aws_iam_role.orders",
            "module.iam.aws_iam_role.products",
            "module.iam.aws_iam_role.stores",
            "module.iam.aws_iam_role.users",
            "module.iam.data.aws_iam_policy_document.lambda_assume_role",
            "module.lambdas.aws_cloudwatch_log_group.this",
            "module.lambdas.aws_lambda_function.this",
            "module.lambdas.data.archive_file.this"
          ]
        },
        {
          "index_key": "products_list",
          "schema_version": 0,
          "attributes": {
            "action": "lambda:InvokeFunction",
            "event_source_token": null,
            "function_name": "cloudshop-products-list",
            "function_url_auth_type": null,
            "id": "AllowAPIGatewayproducts_list",
            "principal": "apigateway.amazonaws.com",
            "principal_org_id": null,
            "qualifier": "",
            "source_account": null,
            "source_arn": "arn:aws:execute-api:us-east-1:511949652182:hrxk7wkv57/*/*",
            "statement_id": "AllowAPIGatewayproducts_list",
            "statement_id_prefix": ""
          },
          "sensitive_attributes": [],
          "identity_schema_version": 0,
          "private": "bnVsbA==",
          "dependencies": [
            "module.api_gateway.aws_api_gateway_rest_api.this",
            "module.dynamodb.aws_dynamodb_table.audit",
            "module.dynamodb.aws_dynamodb_table.carts",
            "module.dynamodb.aws_dynamodb_table.orders",
            "module.dynamodb.aws_dynamodb_table.products",
            "module.dynamodb.aws_dynamodb_table.stores",
            "module.iam.aws_iam_role.audit",
            "module.iam.aws_iam_role.carts",
            "module.iam.aws_iam_role.dashboard",
            "module.iam.aws_iam_role.notifications",
            "module.iam.aws_iam_role.orders",
            "module.iam.aws_iam_role.products",
            "module.iam.aws_iam_role.stores",
            "module.iam.aws_iam_role.users",
            "module.iam.data.aws_iam_policy_document.lambda_assume_role",
            "module.lambdas.aws_cloudwatch_log_group.this",
            "module.lambdas.aws_lambda_function.this",
            "module.lambdas.data.archive_file.this"
          ]
        },
        {
          "index_key": "products_update",
          "schema_version": 0,
          "attributes": {
            "action": "lambda:InvokeFunction",
            "event_source_token": null,
            "function_name": "cloudshop-products-update",
            "function_url_auth_type": null,
            "id": "AllowAPIGatewayproducts_update",
            "principal": "apigateway.amazonaws.com",
            "principal_org_id": null,
            "qualifier": "",
            "source_account": null,
            "source_arn": "arn:aws:execute-api:us-east-1:511949652182:hrxk7wkv57/*/*",
            "statement_id": "AllowAPIGatewayproducts_update",
            "statement_id_prefix": ""
          },
          "sensitive_attributes": [],
          "identity_schema_version": 0,
          "private": "bnVsbA==",
          "dependencies": [
            "module.api_gateway.aws_api_gateway_rest_api.this",
            "module.dynamodb.aws_dynamodb_table.audit",
            "module.dynamodb.aws_dynamodb_table.carts",
            "module.dynamodb.aws_dynamodb_table.orders",
            "module.dynamodb.aws_dynamodb_table.products",
            "module.dynamodb.aws_dynamodb_table.stores",
            "module.iam.aws_iam_role.audit",
            "module.iam.aws_iam_role.carts",
            "module.iam.aws_iam_role.dashboard",
            "module.iam.aws_iam_role.notifications",
            "module.iam.aws_iam_role.orders",
            "module.iam.aws_iam_role.products",
            "module.iam.aws_iam_role.stores",
            "module.iam.aws_iam_role.users",
            "module.iam.data.aws_iam_policy_document.lambda_assume_role",
            "module.lambdas.aws_cloudwatch_log_group.this",
            "module.lambdas.aws_lambda_function.this",
            "module.lambdas.data.archive_file.this"
          ]
        },
        {
          "index_key": "register",
          "schema_version": 0,
          "attributes": {
            "action": "lambda:InvokeFunction",
            "event_source_token": null,
            "function_name": "cloudshop-users-register",
            "function_url_auth_type": null,
            "id": "AllowAPIGatewayregister",
            "principal": "apigateway.amazonaws.com",
            "principal_org_id": null,
            "qualifier": "",
            "source_account": null,
            "source_arn": "arn:aws:execute-api:us-east-1:511949652182:hrxk7wkv57/*/*",
            "statement_id": "AllowAPIGatewayregister",
            "statement_id_prefix": ""
          },
          "sensitive_attributes": [],
          "identity_schema_version": 0,
          "private": "bnVsbA==",
          "dependencies": [
            "module.api_gateway.aws_api_gateway_rest_api.this",
            "module.dynamodb.aws_dynamodb_table.audit",
            "module.dynamodb.aws_dynamodb_table.carts",
            "module.dynamodb.aws_dynamodb_table.orders",
            "module.dynamodb.aws_dynamodb_table.products",
            "module.dynamodb.aws_dynamodb_table.stores",
            "module.iam.aws_iam_role.audit",
            "module.iam.aws_iam_role.carts",
            "module.iam.aws_iam_role.dashboard",
            "module.iam.aws_iam_role.notifications",
            "module.iam.aws_iam_role.orders",
            "module.iam.aws_iam_role.products",
            "module.iam.aws_iam_role.stores",
            "module.iam.aws_iam_role.users",
            "module.iam.data.aws_iam_policy_document.lambda_assume_role",
            "module.lambdas.aws_cloudwatch_log_group.this",
            "module.lambdas.aws_lambda_function.this",
            "module.lambdas.data.archive_file.this"
          ]
        },
        {
          "index_key": "stores_create",
          "schema_version": 0,
          "attributes": {
            "action": "lambda:InvokeFunction",
            "event_source_token": null,
            "function_name": "cloudshop-stores-create",
            "function_url_auth_type": null,
            "id": "AllowAPIGatewaystores_create",
            "principal": "apigateway.amazonaws.com",
            "principal_org_id": null,
            "qualifier": "",
            "source_account": null,
            "source_arn": "arn:aws:execute-api:us-east-1:511949652182:hrxk7wkv57/*/*",
            "statement_id": "AllowAPIGatewaystores_create",
            "statement_id_prefix": ""
          },
          "sensitive_attributes": [],
          "identity_schema_version": 0,
          "private": "bnVsbA==",
          "dependencies": [
            "module.api_gateway.aws_api_gateway_rest_api.this",
            "module.dynamodb.aws_dynamodb_table.audit",
            "module.dynamodb.aws_dynamodb_table.carts",
            "module.dynamodb.aws_dynamodb_table.orders",
            "module.dynamodb.aws_dynamodb_table.products",
            "module.dynamodb.aws_dynamodb_table.stores",
            "module.iam.aws_iam_role.audit",
            "module.iam.aws_iam_role.carts",
            "module.iam.aws_iam_role.dashboard",
            "module.iam.aws_iam_role.notifications",
            "module.iam.aws_iam_role.orders",
            "module.iam.aws_iam_role.products",
            "module.iam.aws_iam_role.stores",
            "module.iam.aws_iam_role.users",
            "module.iam.data.aws_iam_policy_document.lambda_assume_role",
            "module.lambdas.aws_cloudwatch_log_group.this",
            "module.lambdas.aws_lambda_function.this",
            "module.lambdas.data.archive_file.this"
          ]
        },
        {
          "index_key": "stores_delete",
          "schema_version": 0,
          "attributes": {
            "action": "lambda:InvokeFunction",
            "event_source_token": null,
            "function_name": "cloudshop-stores-delete",
            "function_url_auth_type": null,
            "id": "AllowAPIGatewaystores_delete",
            "principal": "apigateway.amazonaws.com",
            "principal_org_id": null,
            "qualifier": "",
            "source_account": null,
            "source_arn": "arn:aws:execute-api:us-east-1:511949652182:hrxk7wkv57/*/*",
            "statement_id": "AllowAPIGatewaystores_delete",
            "statement_id_prefix": ""
          },
          "sensitive_attributes": [],
          "identity_schema_version": 0,
          "private": "bnVsbA==",
          "dependencies": [
            "module.api_gateway.aws_api_gateway_rest_api.this",
            "module.dynamodb.aws_dynamodb_table.audit",
            "module.dynamodb.aws_dynamodb_table.carts",
            "module.dynamodb.aws_dynamodb_table.orders",
            "module.dynamodb.aws_dynamodb_table.products",
            "module.dynamodb.aws_dynamodb_table.stores",
            "module.iam.aws_iam_role.audit",
            "module.iam.aws_iam_role.carts",
            "module.iam.aws_iam_role.dashboard",
            "module.iam.aws_iam_role.notifications",
            "module.iam.aws_iam_role.orders",
            "module.iam.aws_iam_role.products",
            "module.iam.aws_iam_role.stores",
            "module.iam.aws_iam_role.users",
            "module.iam.data.aws_iam_policy_document.lambda_assume_role",
            "module.lambdas.aws_cloudwatch_log_group.this",
            "module.lambdas.aws_lambda_function.this",
            "module.lambdas.data.archive_file.this"
          ]
        },
        {
          "index_key": "stores_get",
          "schema_version": 0,
          "attributes": {
            "action": "lambda:InvokeFunction",
            "event_source_token": null,
            "function_name": "cloudshop-stores-get",
            "function_url_auth_type": null,
            "id": "AllowAPIGatewaystores_get",
            "principal": "apigateway.amazonaws.com",
            "principal_org_id": null,
            "qualifier": "",
            "source_account": null,
            "source_arn": "arn:aws:execute-api:us-east-1:511949652182:hrxk7wkv57/*/*",
            "statement_id": "AllowAPIGatewaystores_get",
            "statement_id_prefix": ""
          },
          "sensitive_attributes": [],
          "identity_schema_version": 0,
          "private": "bnVsbA==",
          "dependencies": [
            "module.api_gateway.aws_api_gateway_rest_api.this",
            "module.dynamodb.aws_dynamodb_table.audit",
            "module.dynamodb.aws_dynamodb_table.carts",
            "module.dynamodb.aws_dynamodb_table.orders",
            "module.dynamodb.aws_dynamodb_table.products",
            "module.dynamodb.aws_dynamodb_table.stores",
            "module.iam.aws_iam_role.audit",
            "module.iam.aws_iam_role.carts",
            "module.iam.aws_iam_role.dashboard",
            "module.iam.aws_iam_role.notifications",
            "module.iam.aws_iam_role.orders",
            "module.iam.aws_iam_role.products",
            "module.iam.aws_iam_role.stores",
            "module.iam.aws_iam_role.users",
            "module.iam.data.aws_iam_policy_document.lambda_assume_role",
            "module.lambdas.aws_cloudwatch_log_group.this",
            "module.lambdas.aws_lambda_function.this",
            "module.lambdas.data.archive_file.this"
          ]
        },
        {
          "index_key": "stores_list",
          "schema_version": 0,
          "attributes": {
            "action": "lambda:InvokeFunction",
            "event_source_token": null,
            "function_name": "cloudshop-stores-list",
            "function_url_auth_type": null,
            "id": "AllowAPIGatewaystores_list",
            "principal": "apigateway.amazonaws.com",
            "principal_org_id": null,
            "qualifier": "",
            "source_account": null,
            "source_arn": "arn:aws:execute-api:us-east-1:511949652182:hrxk7wkv57/*/*",
            "statement_id": "AllowAPIGatewaystores_list",
            "statement_id_prefix": ""
          },
          "sensitive_attributes": [],
          "identity_schema_version": 0,
          "private": "bnVsbA==",
          "dependencies": [
            "module.api_gateway.aws_api_gateway_rest_api.this",
            "module.dynamodb.aws_dynamodb_table.audit",
            "module.dynamodb.aws_dynamodb_table.carts",
            "module.dynamodb.aws_dynamodb_table.orders",
            "module.dynamodb.aws_dynamodb_table.products",
            "module.dynamodb.aws_dynamodb_table.stores",
            "module.iam.aws_iam_role.audit",
            "module.iam.aws_iam_role.carts",
            "module.iam.aws_iam_role.dashboard",
            "module.iam.aws_iam_role.notifications",
            "module.iam.aws_iam_role.orders",
            "module.iam.aws_iam_role.products",
            "module.iam.aws_iam_role.stores",
            "module.iam.aws_iam_role.users",
            "module.iam.data.aws_iam_policy_document.lambda_assume_role",
            "module.lambdas.aws_cloudwatch_log_group.this",
            "module.lambdas.aws_lambda_function.this",
            "module.lambdas.data.archive_file.this"
          ]
        },
        {
          "index_key": "stores_update",
          "schema_version": 0,
          "attributes": {
            "action": "lambda:InvokeFunction",
            "event_source_token": null,
            "function_name": "cloudshop-stores-update",
            "function_url_auth_type": null,
            "id": "AllowAPIGatewaystores_update",
            "principal": "apigateway.amazonaws.com",
            "principal_org_id": null,
            "qualifier": "",
            "source_account": null,
            "source_arn": "arn:aws:execute-api:us-east-1:511949652182:hrxk7wkv57/*/*",
            "statement_id": "AllowAPIGatewaystores_update",
            "statement_id_prefix": ""
          },
          "sensitive_attributes": [],
          "identity_schema_version": 0,
          "private": "bnVsbA==",
          "dependencies": [
            "module.api_gateway.aws_api_gateway_rest_api.this",
            "module.dynamodb.aws_dynamodb_table.audit",
            "module.dynamodb.aws_dynamodb_table.carts",
            "module.dynamodb.aws_dynamodb_table.orders",
            "module.dynamodb.aws_dynamodb_table.products",
            "module.dynamodb.aws_dynamodb_table.stores",
            "module.iam.aws_iam_role.audit",
            "module.iam.aws_iam_role.carts",
            "module.iam.aws_iam_role.dashboard",
            "module.iam.aws_iam_role.notifications",
            "module.iam.aws_iam_role.orders",
            "module.iam.aws_iam_role.products",
            "module.iam.aws_iam_role.stores",
            "module.iam.aws_iam_role.users",
            "module.iam.data.aws_iam_policy_document.lambda_assume_role",
            "module.lambdas.aws_cloudwatch_log_group.this",
            "module.lambdas.aws_lambda_function.this",
            "module.lambdas.data.archive_file.this"
          ]
        },
        {
          "index_key": "users_delete",
          "schema_version": 0,
          "attributes": {
            "action": "lambda:InvokeFunction",
            "event_source_token": null,
            "function_name": "cloudshop-users-delete",
            "function_url_auth_type": null,
            "id": "AllowAPIGatewayusers_delete",
            "principal": "apigateway.amazonaws.com",
            "principal_org_id": null,
            "qualifier": "",
            "source_account": null,
            "source_arn": "arn:aws:execute-api:us-east-1:511949652182:hrxk7wkv57/*/*",
            "statement_id": "AllowAPIGatewayusers_delete",
            "statement_id_prefix": ""
          },
          "sensitive_attributes": [],
          "identity_schema_version": 0,
          "private": "bnVsbA==",
          "dependencies": [
            "module.api_gateway.aws_api_gateway_rest_api.this",
            "module.dynamodb.aws_dynamodb_table.audit",
            "module.dynamodb.aws_dynamodb_table.carts",
            "module.dynamodb.aws_dynamodb_table.orders",
            "module.dynamodb.aws_dynamodb_table.products",
            "module.dynamodb.aws_dynamodb_table.stores",
            "module.iam.aws_iam_role.audit",
            "module.iam.aws_iam_role.carts",
            "module.iam.aws_iam_role.dashboard",
            "module.iam.aws_iam_role.notifications",
            "module.iam.aws_iam_role.orders",
            "module.iam.aws_iam_role.products",
            "module.iam.aws_iam_role.stores",
            "module.iam.aws_iam_role.users",
            "module.iam.data.aws_iam_policy_document.lambda_assume_role",
            "module.lambdas.aws_cloudwatch_log_group.this",
            "module.lambdas.aws_lambda_function.this",
            "module.lambdas.data.archive_file.this"
          ]
        },
        {
          "index_key": "users_list",
          "schema_version": 0,
          "attributes": {
            "action": "lambda:InvokeFunction",
            "event_source_token": null,
            "function_name": "cloudshop-users-list",
            "function_url_auth_type": null,
            "id": "AllowAPIGatewayusers_list",
            "principal": "apigateway.amazonaws.com",
            "principal_org_id": null,
            "qualifier": "",
            "source_account": null,
            "source_arn": "arn:aws:execute-api:us-east-1:511949652182:hrxk7wkv57/*/*",
            "statement_id": "AllowAPIGatewayusers_list",
            "statement_id_prefix": ""
          },
          "sensitive_attributes": [],
          "identity_schema_version": 0,
          "private": "bnVsbA==",
          "dependencies": [
            "module.api_gateway.aws_api_gateway_rest_api.this",
            "module.dynamodb.aws_dynamodb_table.audit",
            "module.dynamodb.aws_dynamodb_table.carts",
            "module.dynamodb.aws_dynamodb_table.orders",
            "module.dynamodb.aws_dynamodb_table.products",
            "module.dynamodb.aws_dynamodb_table.stores",
            "module.iam.aws_iam_role.audit",
            "module.iam.aws_iam_role.carts",
            "module.iam.aws_iam_role.dashboard",
            "module.iam.aws_iam_role.notifications",
            "module.iam.aws_iam_role.orders",
            "module.iam.aws_iam_role.products",
            "module.iam.aws_iam_role.stores",
            "module.iam.aws_iam_role.users",
            "module.iam.data.aws_iam_policy_document.lambda_assume_role",
            "module.lambdas.aws_cloudwatch_log_group.this",
            "module.lambdas.aws_lambda_function.this",
            "module.lambdas.data.archive_file.this"
          ]
        },
        {
          "index_key": "users_update",
          "schema_version": 0,
          "attributes": {
            "action": "lambda:InvokeFunction",
            "event_source_token": null,
            "function_name": "cloudshop-users-update",
            "function_url_auth_type": null,
            "id": "AllowAPIGatewayusers_update",
            "principal": "apigateway.amazonaws.com",
            "principal_org_id": null,
            "qualifier": "",
            "source_account": null,
            "source_arn": "arn:aws:execute-api:us-east-1:511949652182:hrxk7wkv57/*/*",
            "statement_id": "AllowAPIGatewayusers_update",
            "statement_id_prefix": ""
          },
          "sensitive_attributes": [],
          "identity_schema_version": 0,
          "private": "bnVsbA==",
          "dependencies": [
            "module.api_gateway.aws_api_gateway_rest_api.this",
            "module.dynamodb.aws_dynamodb_table.audit",
            "module.dynamodb.aws_dynamodb_table.carts",
            "module.dynamodb.aws_dynamodb_table.orders",
            "module.dynamodb.aws_dynamodb_table.products",
            "module.dynamodb.aws_dynamodb_table.stores",
            "module.iam.aws_iam_role.audit",
            "module.iam.aws_iam_role.carts",
            "module.iam.aws_iam_role.dashboard",
            "module.iam.aws_iam_role.notifications",
            "module.iam.aws_iam_role.orders",
            "module.iam.aws_iam_role.products",
            "module.iam.aws_iam_role.stores",
            "module.iam.aws_iam_role.users",
            "module.iam.data.aws_iam_policy_document.lambda_assume_role",
            "module.lambdas.aws_cloudwatch_log_group.this",
            "module.lambdas.aws_lambda_function.this",
            "module.lambdas.data.archive_file.this"
          ]
        }
      ]
    },
    {
      "module": "module.cloudfront",
      "mode": "data",
      "type": "aws_iam_policy_document",
      "name": "frontend_oac",
      "provider": "provider[\"registry.terraform.io/hashicorp/aws\"]",
      "instances": [
        {
          "schema_version": 0,
          "attributes": {
            "id": "3802635736",
            "json": "{\n  \"Version\": \"2012-10-17\",\n  \"Statement\": [\n    {\n      \"Sid\": \"AllowCloudFrontServicePrincipalReadOnly\",\n      \"Effect\": \"Allow\",\n      \"Action\": \"s3:GetObject\",\n      \"Resource\": \"arn:aws:s3:::cloudshop-frontend-n9elxo/*\",\n      \"Principal\": {\n        \"Service\": \"cloudfront.amazonaws.com\"\n      },\n      \"Condition\": {\n        \"StringEquals\": {\n          \"AWS:SourceArn\": \"arn:aws:cloudfront::511949652182:distribution/ED9XRPMENJK2Z\"\n        }\n      }\n    }\n  ]\n}",
            "minified_json": "{\"Version\":\"2012-10-17\",\"Statement\":[{\"Sid\":\"AllowCloudFrontServicePrincipalReadOnly\",\"Effect\":\"Allow\",\"Action\":\"s3:GetObject\",\"Resource\":\"arn:aws:s3:::cloudshop-frontend-n9elxo/*\",\"Principal\":{\"Service\":\"cloudfront.amazonaws.com\"},\"Condition\":{\"StringEquals\":{\"AWS:SourceArn\":\"arn:aws:cloudfront::511949652182:distribution/ED9XRPMENJK2Z\"}}}]}",
            "override_json": null,
            "override_policy_documents": null,
            "policy_id": null,
            "source_json": null,
            "source_policy_documents": null,
            "statement": [
              {
                "actions": [
                  "s3:GetObject"
                ],
                "condition": [
                  {
                    "test": "StringEquals",
                    "values": [
                      "arn:aws:cloudfront::511949652182:distribution/ED9XRPMENJK2Z"
                    ],
                    "variable": "AWS:SourceArn"
                  }
                ],
                "effect": "Allow",
                "not_actions": [],
                "not_principals": [],
                "not_resources": [],
                "principals": [
                  {
                    "identifiers": [
                      "cloudfront.amazonaws.com"
                    ],
                    "type": "Service"
                  }
                ],
                "resources": [
                  "arn:aws:s3:::cloudshop-frontend-n9elxo/*"
                ],
                "sid": "AllowCloudFrontServicePrincipalReadOnly"
              }
            ],
            "version": "2012-10-17"
          },
          "sensitive_attributes": [],
          "identity_schema_version": 0
        }
      ]
    },
    {
      "module": "module.cloudfront",
      "mode": "managed",
      "type": "aws_cloudfront_distribution",
      "name": "frontend",
      "provider": "provider[\"registry.terraform.io/hashicorp/aws\"]",
      "instances": [
        {
          "schema_version": 1,
          "attributes": {
            "aliases": [],
            "arn": "arn:aws:cloudfront::511949652182:distribution/ED9XRPMENJK2Z",
            "caller_reference": "terraform-20260726064536739900000001",
            "comment": null,
            "continuous_deployment_policy_id": "",
            "custom_error_response": [
              {
                "error_caching_min_ttl": 0,
                "error_code": 403,
                "response_code": 200,
                "response_page_path": "/index.html"
              },
              {
                "error_caching_min_ttl": 0,
                "error_code": 404,
                "response_code": 200,
                "response_page_path": "/index.html"
              }
            ],
            "default_cache_behavior": [
              {
                "allowed_methods": [
                  "GET",
                  "HEAD"
                ],
                "cache_policy_id": "",
                "cached_methods": [
                  "GET",
                  "HEAD"
                ],
                "compress": false,
                "default_ttl": 0,
                "field_level_encryption_id": "",
                "forwarded_values": [
                  {
                    "cookies": [
                      {
                        "forward": "none",
                        "whitelisted_names": []
                      }
                    ],
                    "headers": [],
                    "query_string": false,
                    "query_string_cache_keys": []
                  }
                ],
                "function_association": [],
                "grpc_config": [
                  {
                    "enabled": false
                  }
                ],
                "lambda_function_association": [],
                "max_ttl": 0,
                "min_ttl": 0,
                "origin_request_policy_id": "",
                "realtime_log_config_arn": "",
                "response_headers_policy_id": "",
                "smooth_streaming": false,
                "target_origin_id": "frontend-origin",
                "trusted_key_groups": [],
                "trusted_signers": [],
                "viewer_protocol_policy": "redirect-to-https"
              }
            ],
            "default_root_object": "index.html",
            "domain_name": "d1pjlyh9uhgn34.cloudfront.net",
            "enabled": true,
            "etag": "E23ZP02F085DFQ",
            "hosted_zone_id": "Z2FDTNDATAQYW2",
            "http_version": "http2",
            "id": "ED9XRPMENJK2Z",
            "in_progress_validation_batches": 0,
            "is_ipv6_enabled": false,
            "last_modified_time": "2026-07-26 06:45:36.305 +0000 UTC",
            "logging_config": [],
            "ordered_cache_behavior": [],
            "origin": [
              {
                "connection_attempts": 3,
                "connection_timeout": 10,
                "custom_header": [],
                "custom_origin_config": [],
                "domain_name": "cloudshop-frontend-n9elxo.s3.us-east-1.amazonaws.com",
                "origin_access_control_id": "E28SECKXCAVNKT",
                "origin_id": "frontend-origin",
                "origin_path": "",
                "origin_shield": [],
                "s3_origin_config": [],
                "vpc_origin_config": []
              }
            ],
            "origin_group": [],
            "price_class": "PriceClass_All",
            "restrictions": [
              {
                "geo_restriction": [
                  {
                    "locations": [],
                    "restriction_type": "none"
                  }
                ]
              }
            ],
            "retain_on_delete": false,
            "staging": false,
            "status": "Deployed",
            "tags": {},
            "tags_all": {
              "Environment": "dev",
              "ManagedBy": "Terraform",
              "Project": "CloudShop"
            },
            "trusted_key_groups": [
              {
                "enabled": false,
                "items": []
              }
            ],
            "trusted_signers": [
              {
                "enabled": false,
                "items": []
              }
            ],
            "viewer_certificate": [
              {
                "acm_certificate_arn": "",
                "cloudfront_default_certificate": true,
                "iam_certificate_id": "",
                "minimum_protocol_version": "TLSv1",
                "ssl_support_method": ""
              }
            ],
            "wait_for_deployment": true,
            "web_acl_id": "arn:aws:wafv2:us-east-1:511949652182:global/webacl/cloudshop-cdn-waf/fc89cd1a-9bda-476a-8f34-57e7eba1bf62"
          },
          "sensitive_attributes": [],
          "identity_schema_version": 0,
          "private": "eyJzY2hlbWFfdmVyc2lvbiI6IjEifQ==",
          "dependencies": [
            "module.cloudfront.aws_cloudfront_origin_access_control.frontend",
            "module.s3.aws_s3_bucket.frontend",
            "module.s3.random_string.suffix",
            "module.waf.aws_wafv2_web_acl.cdn"
          ]
        }
      ]
    },
    {
      "module": "module.cloudfront",
      "mode": "managed",
      "type": "aws_cloudfront_origin_access_control",
      "name": "frontend",
      "provider": "provider[\"registry.terraform.io/hashicorp/aws\"]",
      "instances": [
        {
          "schema_version": 0,
          "attributes": {
            "arn": "arn:aws:cloudfront::511949652182:origin-access-control/E28SECKXCAVNKT",
            "description": "Managed by Terraform",
            "etag": "ETVPDKIKX0DER",
            "id": "E28SECKXCAVNKT",
            "name": "cloudshop-frontend-oac",
            "origin_access_control_origin_type": "s3",
            "signing_behavior": "always",
            "signing_protocol": "sigv4"
          },
          "sensitive_attributes": [],
          "identity_schema_version": 0,
          "private": "bnVsbA=="
        }
      ]
    },
    {
      "module": "module.cloudfront",
      "mode": "managed",
      "type": "aws_s3_bucket_policy",
      "name": "frontend",
      "provider": "provider[\"registry.terraform.io/hashicorp/aws\"]",
      "instances": [
        {
          "schema_version": 0,
          "attributes": {
            "bucket": "cloudshop-frontend-n9elxo",
            "id": "cloudshop-frontend-n9elxo",
            "policy": "{\"Statement\":[{\"Action\":\"s3:GetObject\",\"Condition\":{\"StringEquals\":{\"AWS:SourceArn\":\"arn:aws:cloudfront::511949652182:distribution/ED9XRPMENJK2Z\"}},\"Effect\":\"Allow\",\"Principal\":{\"Service\":\"cloudfront.amazonaws.com\"},\"Resource\":\"arn:aws:s3:::cloudshop-frontend-n9elxo/*\",\"Sid\":\"AllowCloudFrontServicePrincipalReadOnly\"}],\"Version\":\"2012-10-17\"}"
          },
          "sensitive_attributes": [],
          "identity_schema_version": 0,
          "private": "bnVsbA==",
          "dependencies": [
            "module.cloudfront.aws_cloudfront_distribution.frontend",
            "module.cloudfront.aws_cloudfront_origin_access_control.frontend",
            "module.cloudfront.data.aws_iam_policy_document.frontend_oac",
            "module.s3.aws_s3_bucket.frontend",
            "module.s3.random_string.suffix",
            "module.waf.aws_wafv2_web_acl.cdn"
          ]
        }
      ]
    },
    {
      "module": "module.cloudwatch",
      "mode": "managed",
      "type": "aws_cloudwatch_dashboard",
      "name": "this",
      "provider": "provider[\"registry.terraform.io/hashicorp/aws\"]",
      "instances": [
        {
          "schema_version": 0,
          "attributes": {
            "dashboard_arn": "arn:aws:cloudwatch::511949652182:dashboard/cloudshop-overview",
            "dashboard_body": "{\"widgets\":[{\"height\":6,\"properties\":{\"metrics\":[[\"AWS/ApiGateway\",\"Count\",\"ApiName\",\"cloudshop-api\",\"Stage\",\"dev\"],[\"AWS/ApiGateway\",\"5XXError\",\"ApiName\",\"cloudshop-api\",\"Stage\",\"dev\"]],\"period\":300,\"region\":\"us-east-1\",\"stat\":\"Sum\",\"title\":\"API Gateway - Requests \u0026 5XX\"},\"type\":\"metric\",\"width\":12,\"x\":0,\"y\":0},{\"height\":6,\"properties\":{\"metrics\":[[\"AWS/ApiGateway\",\"Latency\",\"ApiName\",\"cloudshop-api\",\"Stage\",\"dev\"]],\"period\":300,\"region\":\"us-east-1\",\"stat\":\"Average\",\"title\":\"API Gateway - Latencia\"},\"type\":\"metric\",\"width\":12,\"x\":12,\"y\":0},{\"height\":6,\"properties\":{\"metrics\":[[\"AWS/Lambda\",\"Errors\",\"FunctionName\",\"cloudshop-audit-get\"],[\"AWS/Lambda\",\"Errors\",\"FunctionName\",\"cloudshop-carts-add-product\"],[\"AWS/Lambda\",\"Errors\",\"FunctionName\",\"cloudshop-carts-clear\"],[\"AWS/Lambda\",\"Errors\",\"FunctionName\",\"cloudshop-carts-get\"],[\"AWS/Lambda\",\"Errors\",\"FunctionName\",\"cloudshop-carts-modify-quantity\"],[\"AWS/Lambda\",\"Errors\",\"FunctionName\",\"cloudshop-carts-remove-product\"],[\"AWS/Lambda\",\"Errors\",\"FunctionName\",\"cloudshop-dashboard-get\"],[\"AWS/Lambda\",\"Errors\",\"FunctionName\",\"cloudshop-events-audit\"],[\"AWS/Lambda\",\"Errors\",\"FunctionName\",\"cloudshop-notifications-send-order\"],[\"AWS/Lambda\",\"Errors\",\"FunctionName\",\"cloudshop-orders-cancel\"],[\"AWS/Lambda\",\"Errors\",\"FunctionName\",\"cloudshop-orders-create\"],[\"AWS/Lambda\",\"Errors\",\"FunctionName\",\"cloudshop-orders-get\"],[\"AWS/Lambda\",\"Errors\",\"FunctionName\",\"cloudshop-orders-list\"],[\"AWS/Lambda\",\"Errors\",\"FunctionName\",\"cloudshop-orders-update-status\"],[\"AWS/Lambda\",\"Errors\",\"FunctionName\",\"cloudshop-products-create\"],[\"AWS/Lambda\",\"Errors\",\"FunctionName\",\"cloudshop-products-delete\"],[\"AWS/Lambda\",\"Errors\",\"FunctionName\",\"cloudshop-products-get\"],[\"AWS/Lambda\",\"Errors\",\"FunctionName\",\"cloudshop-products-list\"],[\"AWS/Lambda\",\"Errors\",\"FunctionName\",\"cloudshop-products-update\"],[\"AWS/Lambda\",\"Errors\",\"FunctionName\",\"cloudshop-stores-create\"],[\"AWS/Lambda\",\"Errors\",\"FunctionName\",\"cloudshop-stores-delete\"],[\"AWS/Lambda\",\"Errors\",\"FunctionName\",\"cloudshop-stores-get\"],[\"AWS/Lambda\",\"Errors\",\"FunctionName\",\"cloudshop-stores-list\"],[\"AWS/Lambda\",\"Errors\",\"FunctionName\",\"cloudshop-stores-update\"],[\"AWS/Lambda\",\"Errors\",\"FunctionName\",\"cloudshop-users-delete\"],[\"AWS/Lambda\",\"Errors\",\"FunctionName\",\"cloudshop-users-list\"],[\"AWS/Lambda\",\"Errors\",\"FunctionName\",\"cloudshop-users-register\"],[\"AWS/Lambda\",\"Errors\",\"FunctionName\",\"cloudshop-users-update\"]],\"period\":300,\"region\":\"us-east-1\",\"stat\":\"Sum\",\"title\":\"Lambda - Errores por función\"},\"type\":\"metric\",\"width\":24,\"x\":0,\"y\":6}]}",
            "dashboard_name": "cloudshop-overview",
            "id": "cloudshop-overview"
          },
          "sensitive_attributes": [],
          "identity_schema_version": 0,
          "private": "bnVsbA==",
          "dependencies": [
            "module.dynamodb.aws_dynamodb_table.audit",
            "module.dynamodb.aws_dynamodb_table.carts",
            "module.dynamodb.aws_dynamodb_table.orders",
            "module.dynamodb.aws_dynamodb_table.products",
            "module.dynamodb.aws_dynamodb_table.stores",
            "module.iam.aws_iam_role.audit",
            "module.iam.aws_iam_role.carts",
            "module.iam.aws_iam_role.dashboard",
            "module.iam.aws_iam_role.notifications",
            "module.iam.aws_iam_role.orders",
            "module.iam.aws_iam_role.products",
            "module.iam.aws_iam_role.stores",
            "module.iam.aws_iam_role.users",
            "module.iam.data.aws_iam_policy_document.lambda_assume_role",
            "module.lambdas.aws_cloudwatch_log_group.this",
            "module.lambdas.aws_lambda_function.this",
            "module.lambdas.data.archive_file.this"
          ]
        }
      ]
    },
    {
      "module": "module.cloudwatch",
      "mode": "managed",
      "type": "aws_cloudwatch_metric_alarm",
      "name": "api_5xx",
      "provider": "provider[\"registry.terraform.io/hashicorp/aws\"]",
      "instances": [
        {
          "schema_version": 1,
          "attributes": {
            "actions_enabled": true,
            "alarm_actions": [],
            "alarm_description": "",
            "alarm_name": "cloudshop-api-5xx",
            "arn": "arn:aws:cloudwatch:us-east-1:511949652182:alarm:cloudshop-api-5xx",
            "comparison_operator": "GreaterThanThreshold",
            "datapoints_to_alarm": 0,
            "dimensions": {
              "ApiName": "cloudshop-api",
              "Stage": "dev"
            },
            "evaluate_low_sample_count_percentiles": "",
            "evaluation_periods": 1,
            "extended_statistic": "",
            "id": "cloudshop-api-5xx",
            "insufficient_data_actions": [],
            "metric_name": "5XXError",
            "metric_query": [],
            "namespace": "AWS/ApiGateway",
            "ok_actions": [],
            "period": 300,
            "statistic": "Sum",
            "tags": {},
            "tags_all": {
              "Environment": "dev",
              "ManagedBy": "Terraform",
              "Project": "CloudShop"
            },
            "threshold": 0,
            "threshold_metric_id": "",
            "treat_missing_data": "notBreaching",
            "unit": ""
          },
          "sensitive_attributes": [],
          "identity_schema_version": 0,
          "private": "eyJzY2hlbWFfdmVyc2lvbiI6IjEifQ=="
        }
      ]
    },
    {
      "module": "module.cloudwatch",
      "mode": "managed",
      "type": "aws_cloudwatch_metric_alarm",
      "name": "api_latency",
      "provider": "provider[\"registry.terraform.io/hashicorp/aws\"]",
      "instances": [
        {
          "schema_version": 1,
          "attributes": {
            "actions_enabled": true,
            "alarm_actions": [],
            "alarm_description": "",
            "alarm_name": "cloudshop-api-latency",
            "arn": "arn:aws:cloudwatch:us-east-1:511949652182:alarm:cloudshop-api-latency",
            "comparison_operator": "GreaterThanThreshold",
            "datapoints_to_alarm": 0,
            "dimensions": {
              "ApiName": "cloudshop-api",
              "Stage": "dev"
            },
            "evaluate_low_sample_count_percentiles": "",
            "evaluation_periods": 3,
            "extended_statistic": "",
            "id": "cloudshop-api-latency",
            "insufficient_data_actions": [],
            "metric_name": "Latency",
            "metric_query": [],
            "namespace": "AWS/ApiGateway",
            "ok_actions": [],
            "period": 300,
            "statistic": "Average",
            "tags": {},
            "tags_all": {
              "Environment": "dev",
              "ManagedBy": "Terraform",
              "Project": "CloudShop"
            },
            "threshold": 2000,
            "threshold_metric_id": "",
            "treat_missing_data": "notBreaching",
            "unit": ""
          },
          "sensitive_attributes": [],
          "identity_schema_version": 0,
          "private": "eyJzY2hlbWFfdmVyc2lvbiI6IjEifQ=="
        }
      ]
    },
    {
      "module": "module.cloudwatch",
      "mode": "managed",
      "type": "aws_cloudwatch_metric_alarm",
      "name": "lambda_errors",
      "provider": "provider[\"registry.terraform.io/hashicorp/aws\"]",
      "instances": [
        {
          "index_key": "audit_get",
          "schema_version": 1,
          "attributes": {
            "actions_enabled": true,
            "alarm_actions": [],
            "alarm_description": "",
            "alarm_name": "cloudshop-audit_get-errors",
            "arn": "arn:aws:cloudwatch:us-east-1:511949652182:alarm:cloudshop-audit_get-errors",
            "comparison_operator": "GreaterThanThreshold",
            "datapoints_to_alarm": 0,
            "dimensions": {
              "FunctionName": "cloudshop-audit-get"
            },
            "evaluate_low_sample_count_percentiles": "",
            "evaluation_periods": 1,
            "extended_statistic": "",
            "id": "cloudshop-audit_get-errors",
            "insufficient_data_actions": [],
            "metric_name": "Errors",
            "metric_query": [],
            "namespace": "AWS/Lambda",
            "ok_actions": [],
            "period": 300,
            "statistic": "Sum",
            "tags": {},
            "tags_all": {
              "Environment": "dev",
              "ManagedBy": "Terraform",
              "Project": "CloudShop"
            },
            "threshold": 0,
            "threshold_metric_id": "",
            "treat_missing_data": "notBreaching",
            "unit": ""
          },
          "sensitive_attributes": [],
          "identity_schema_version": 0,
          "private": "eyJzY2hlbWFfdmVyc2lvbiI6IjEifQ==",
          "dependencies": [
            "module.dynamodb.aws_dynamodb_table.audit",
            "module.dynamodb.aws_dynamodb_table.carts",
            "module.dynamodb.aws_dynamodb_table.orders",
            "module.dynamodb.aws_dynamodb_table.products",
            "module.dynamodb.aws_dynamodb_table.stores",
            "module.iam.aws_iam_role.audit",
            "module.iam.aws_iam_role.carts",
            "module.iam.aws_iam_role.dashboard",
            "module.iam.aws_iam_role.notifications",
            "module.iam.aws_iam_role.orders",
            "module.iam.aws_iam_role.products",
            "module.iam.aws_iam_role.stores",
            "module.iam.aws_iam_role.users",
            "module.iam.data.aws_iam_policy_document.lambda_assume_role",
            "module.lambdas.aws_cloudwatch_log_group.this",
            "module.lambdas.aws_lambda_function.this",
            "module.lambdas.data.archive_file.this"
          ]
        },
        {
          "index_key": "carts_add_product",
          "schema_version": 1,
          "attributes": {
            "actions_enabled": true,
            "alarm_actions": [],
            "alarm_description": "",
            "alarm_name": "cloudshop-carts_add_product-errors",
            "arn": "arn:aws:cloudwatch:us-east-1:511949652182:alarm:cloudshop-carts_add_product-errors",
            "comparison_operator": "GreaterThanThreshold",
            "datapoints_to_alarm": 0,
            "dimensions": {
              "FunctionName": "cloudshop-carts-add-product"
            },
            "evaluate_low_sample_count_percentiles": "",
            "evaluation_periods": 1,
            "extended_statistic": "",
            "id": "cloudshop-carts_add_product-errors",
            "insufficient_data_actions": [],
            "metric_name": "Errors",
            "metric_query": [],
            "namespace": "AWS/Lambda",
            "ok_actions": [],
            "period": 300,
            "statistic": "Sum",
            "tags": {},
            "tags_all": {
              "Environment": "dev",
              "ManagedBy": "Terraform",
              "Project": "CloudShop"
            },
            "threshold": 0,
            "threshold_metric_id": "",
            "treat_missing_data": "notBreaching",
            "unit": ""
          },
          "sensitive_attributes": [],
          "identity_schema_version": 0,
          "private": "eyJzY2hlbWFfdmVyc2lvbiI6IjEifQ==",
          "dependencies": [
            "module.dynamodb.aws_dynamodb_table.audit",
            "module.dynamodb.aws_dynamodb_table.carts",
            "module.dynamodb.aws_dynamodb_table.orders",
            "module.dynamodb.aws_dynamodb_table.products",
            "module.dynamodb.aws_dynamodb_table.stores",
            "module.iam.aws_iam_role.audit",
            "module.iam.aws_iam_role.carts",
            "module.iam.aws_iam_role.dashboard",
            "module.iam.aws_iam_role.notifications",
            "module.iam.aws_iam_role.orders",
            "module.iam.aws_iam_role.products",
            "module.iam.aws_iam_role.stores",
            "module.iam.aws_iam_role.users",
            "module.iam.data.aws_iam_policy_document.lambda_assume_role",
            "module.lambdas.aws_cloudwatch_log_group.this",
            "module.lambdas.aws_lambda_function.this",
            "module.lambdas.data.archive_file.this"
          ]
        },
        {
          "index_key": "carts_clear",
          "schema_version": 1,
          "attributes": {
            "actions_enabled": true,
            "alarm_actions": [],
            "alarm_description": "",
            "alarm_name": "cloudshop-carts_clear-errors",
            "arn": "arn:aws:cloudwatch:us-east-1:511949652182:alarm:cloudshop-carts_clear-errors",
            "comparison_operator": "GreaterThanThreshold",
            "datapoints_to_alarm": 0,
            "dimensions": {
              "FunctionName": "cloudshop-carts-clear"
            },
            "evaluate_low_sample_count_percentiles": "",
            "evaluation_periods": 1,
            "extended_statistic": "",
            "id": "cloudshop-carts_clear-errors",
            "insufficient_data_actions": [],
            "metric_name": "Errors",
            "metric_query": [],
            "namespace": "AWS/Lambda",
            "ok_actions": [],
            "period": 300,
            "statistic": "Sum",
            "tags": {},
            "tags_all": {
              "Environment": "dev",
              "ManagedBy": "Terraform",
              "Project": "CloudShop"
            },
            "threshold": 0,
            "threshold_metric_id": "",
            "treat_missing_data": "notBreaching",
            "unit": ""
          },
          "sensitive_attributes": [],
          "identity_schema_version": 0,
          "private": "eyJzY2hlbWFfdmVyc2lvbiI6IjEifQ==",
          "dependencies": [
            "module.dynamodb.aws_dynamodb_table.audit",
            "module.dynamodb.aws_dynamodb_table.carts",
            "module.dynamodb.aws_dynamodb_table.orders",
            "module.dynamodb.aws_dynamodb_table.products",
            "module.dynamodb.aws_dynamodb_table.stores",
            "module.iam.aws_iam_role.audit",
            "module.iam.aws_iam_role.carts",
            "module.iam.aws_iam_role.dashboard",
            "module.iam.aws_iam_role.notifications",
            "module.iam.aws_iam_role.orders",
            "module.iam.aws_iam_role.products",
            "module.iam.aws_iam_role.stores",
            "module.iam.aws_iam_role.users",
            "module.iam.data.aws_iam_policy_document.lambda_assume_role",
            "module.lambdas.aws_cloudwatch_log_group.this",
            "module.lambdas.aws_lambda_function.this",
            "module.lambdas.data.archive_file.this"
          ]
        },
        {
          "index_key": "carts_get",
          "schema_version": 1,
          "attributes": {
            "actions_enabled": true,
            "alarm_actions": [],
            "alarm_description": "",
            "alarm_name": "cloudshop-carts_get-errors",
            "arn": "arn:aws:cloudwatch:us-east-1:511949652182:alarm:cloudshop-carts_get-errors",
            "comparison_operator": "GreaterThanThreshold",
            "datapoints_to_alarm": 0,
            "dimensions": {
              "FunctionName": "cloudshop-carts-get"
            },
            "evaluate_low_sample_count_percentiles": "",
            "evaluation_periods": 1,
            "extended_statistic": "",
            "id": "cloudshop-carts_get-errors",
            "insufficient_data_actions": [],
            "metric_name": "Errors",
            "metric_query": [],
            "namespace": "AWS/Lambda",
            "ok_actions": [],
            "period": 300,
            "statistic": "Sum",
            "tags": {},
            "tags_all": {
              "Environment": "dev",
              "ManagedBy": "Terraform",
              "Project": "CloudShop"
            },
            "threshold": 0,
            "threshold_metric_id": "",
            "treat_missing_data": "notBreaching",
            "unit": ""
          },
          "sensitive_attributes": [],
          "identity_schema_version": 0,
          "private": "eyJzY2hlbWFfdmVyc2lvbiI6IjEifQ==",
          "dependencies": [
            "module.dynamodb.aws_dynamodb_table.audit",
            "module.dynamodb.aws_dynamodb_table.carts",
            "module.dynamodb.aws_dynamodb_table.orders",
            "module.dynamodb.aws_dynamodb_table.products",
            "module.dynamodb.aws_dynamodb_table.stores",
            "module.iam.aws_iam_role.audit",
            "module.iam.aws_iam_role.carts",
            "module.iam.aws_iam_role.dashboard",
            "module.iam.aws_iam_role.notifications",
            "module.iam.aws_iam_role.orders",
            "module.iam.aws_iam_role.products",
            "module.iam.aws_iam_role.stores",
            "module.iam.aws_iam_role.users",
            "module.iam.data.aws_iam_policy_document.lambda_assume_role",
            "module.lambdas.aws_cloudwatch_log_group.this",
            "module.lambdas.aws_lambda_function.this",
            "module.lambdas.data.archive_file.this"
          ]
        },
        {
          "index_key": "carts_modify_quantity",
          "schema_version": 1,
          "attributes": {
            "actions_enabled": true,
            "alarm_actions": [],
            "alarm_description": "",
            "alarm_name": "cloudshop-carts_modify_quantity-errors",
            "arn": "arn:aws:cloudwatch:us-east-1:511949652182:alarm:cloudshop-carts_modify_quantity-errors",
            "comparison_operator": "GreaterThanThreshold",
            "datapoints_to_alarm": 0,
            "dimensions": {
              "FunctionName": "cloudshop-carts-modify-quantity"
            },
            "evaluate_low_sample_count_percentiles": "",
            "evaluation_periods": 1,
            "extended_statistic": "",
            "id": "cloudshop-carts_modify_quantity-errors",
            "insufficient_data_actions": [],
            "metric_name": "Errors",
            "metric_query": [],
            "namespace": "AWS/Lambda",
            "ok_actions": [],
            "period": 300,
            "statistic": "Sum",
            "tags": {},
            "tags_all": {
              "Environment": "dev",
              "ManagedBy": "Terraform",
              "Project": "CloudShop"
            },
            "threshold": 0,
            "threshold_metric_id": "",
            "treat_missing_data": "notBreaching",
            "unit": ""
          },
          "sensitive_attributes": [],
          "identity_schema_version": 0,
          "private": "eyJzY2hlbWFfdmVyc2lvbiI6IjEifQ==",
          "dependencies": [
            "module.dynamodb.aws_dynamodb_table.audit",
            "module.dynamodb.aws_dynamodb_table.carts",
            "module.dynamodb.aws_dynamodb_table.orders",
            "module.dynamodb.aws_dynamodb_table.products",
            "module.dynamodb.aws_dynamodb_table.stores",
            "module.iam.aws_iam_role.audit",
            "module.iam.aws_iam_role.carts",
            "module.iam.aws_iam_role.dashboard",
            "module.iam.aws_iam_role.notifications",
            "module.iam.aws_iam_role.orders",
            "module.iam.aws_iam_role.products",
            "module.iam.aws_iam_role.stores",
            "module.iam.aws_iam_role.users",
            "module.iam.data.aws_iam_policy_document.lambda_assume_role",
            "module.lambdas.aws_cloudwatch_log_group.this",
            "module.lambdas.aws_lambda_function.this",
            "module.lambdas.data.archive_file.this"
          ]
        },
        {
          "index_key": "carts_remove_product",
          "schema_version": 1,
          "attributes": {
            "actions_enabled": true,
            "alarm_actions": [],
            "alarm_description": "",
            "alarm_name": "cloudshop-carts_remove_product-errors",
            "arn": "arn:aws:cloudwatch:us-east-1:511949652182:alarm:cloudshop-carts_remove_product-errors",
            "comparison_operator": "GreaterThanThreshold",
            "datapoints_to_alarm": 0,
            "dimensions": {
              "FunctionName": "cloudshop-carts-remove-product"
            },
            "evaluate_low_sample_count_percentiles": "",
            "evaluation_periods": 1,
            "extended_statistic": "",
            "id": "cloudshop-carts_remove_product-errors",
            "insufficient_data_actions": [],
            "metric_name": "Errors",
            "metric_query": [],
            "namespace": "AWS/Lambda",
            "ok_actions": [],
            "period": 300,
            "statistic": "Sum",
            "tags": {},
            "tags_all": {
              "Environment": "dev",
              "ManagedBy": "Terraform",
              "Project": "CloudShop"
            },
            "threshold": 0,
            "threshold_metric_id": "",
            "treat_missing_data": "notBreaching",
            "unit": ""
          },
          "sensitive_attributes": [],
          "identity_schema_version": 0,
          "private": "eyJzY2hlbWFfdmVyc2lvbiI6IjEifQ==",
          "dependencies": [
            "module.dynamodb.aws_dynamodb_table.audit",
            "module.dynamodb.aws_dynamodb_table.carts",
            "module.dynamodb.aws_dynamodb_table.orders",
            "module.dynamodb.aws_dynamodb_table.products",
            "module.dynamodb.aws_dynamodb_table.stores",
            "module.iam.aws_iam_role.audit",
            "module.iam.aws_iam_role.carts",
            "module.iam.aws_iam_role.dashboard",
            "module.iam.aws_iam_role.notifications",
            "module.iam.aws_iam_role.orders",
            "module.iam.aws_iam_role.products",
            "module.iam.aws_iam_role.stores",
            "module.iam.aws_iam_role.users",
            "module.iam.data.aws_iam_policy_document.lambda_assume_role",
            "module.lambdas.aws_cloudwatch_log_group.this",
            "module.lambdas.aws_lambda_function.this",
            "module.lambdas.data.archive_file.this"
          ]
        },
        {
          "index_key": "dashboard_get",
          "schema_version": 1,
          "attributes": {
            "actions_enabled": true,
            "alarm_actions": [],
            "alarm_description": "",
            "alarm_name": "cloudshop-dashboard_get-errors",
            "arn": "arn:aws:cloudwatch:us-east-1:511949652182:alarm:cloudshop-dashboard_get-errors",
            "comparison_operator": "GreaterThanThreshold",
            "datapoints_to_alarm": 0,
            "dimensions": {
              "FunctionName": "cloudshop-dashboard-get"
            },
            "evaluate_low_sample_count_percentiles": "",
            "evaluation_periods": 1,
            "extended_statistic": "",
            "id": "cloudshop-dashboard_get-errors",
            "insufficient_data_actions": [],
            "metric_name": "Errors",
            "metric_query": [],
            "namespace": "AWS/Lambda",
            "ok_actions": [],
            "period": 300,
            "statistic": "Sum",
            "tags": {},
            "tags_all": {
              "Environment": "dev",
              "ManagedBy": "Terraform",
              "Project": "CloudShop"
            },
            "threshold": 0,
            "threshold_metric_id": "",
            "treat_missing_data": "notBreaching",
            "unit": ""
          },
          "sensitive_attributes": [],
          "identity_schema_version": 0,
          "private": "eyJzY2hlbWFfdmVyc2lvbiI6IjEifQ==",
          "dependencies": [
            "module.dynamodb.aws_dynamodb_table.audit",
            "module.dynamodb.aws_dynamodb_table.carts",
            "module.dynamodb.aws_dynamodb_table.orders",
            "module.dynamodb.aws_dynamodb_table.products",
            "module.dynamodb.aws_dynamodb_table.stores",
            "module.iam.aws_iam_role.audit",
            "module.iam.aws_iam_role.carts",
            "module.iam.aws_iam_role.dashboard",
            "module.iam.aws_iam_role.notifications",
            "module.iam.aws_iam_role.orders",
            "module.iam.aws_iam_role.products",
            "module.iam.aws_iam_role.stores",
            "module.iam.aws_iam_role.users",
            "module.iam.data.aws_iam_policy_document.lambda_assume_role",
            "module.lambdas.aws_cloudwatch_log_group.this",
            "module.lambdas.aws_lambda_function.this",
            "module.lambdas.data.archive_file.this"
          ]
        },
        {
          "index_key": "events_audit",
          "schema_version": 1,
          "attributes": {
            "actions_enabled": true,
            "alarm_actions": [],
            "alarm_description": "",
            "alarm_name": "cloudshop-events_audit-errors",
            "arn": "arn:aws:cloudwatch:us-east-1:511949652182:alarm:cloudshop-events_audit-errors",
            "comparison_operator": "GreaterThanThreshold",
            "datapoints_to_alarm": 0,
            "dimensions": {
              "FunctionName": "cloudshop-events-audit"
            },
            "evaluate_low_sample_count_percentiles": "",
            "evaluation_periods": 1,
            "extended_statistic": "",
            "id": "cloudshop-events_audit-errors",
            "insufficient_data_actions": [],
            "metric_name": "Errors",
            "metric_query": [],
            "namespace": "AWS/Lambda",
            "ok_actions": [],
            "period": 300,
            "statistic": "Sum",
            "tags": {},
            "tags_all": {
              "Environment": "dev",
              "ManagedBy": "Terraform",
              "Project": "CloudShop"
            },
            "threshold": 0,
            "threshold_metric_id": "",
            "treat_missing_data": "notBreaching",
            "unit": ""
          },
          "sensitive_attributes": [],
          "identity_schema_version": 0,
          "private": "eyJzY2hlbWFfdmVyc2lvbiI6IjEifQ==",
          "dependencies": [
            "module.dynamodb.aws_dynamodb_table.audit",
            "module.dynamodb.aws_dynamodb_table.carts",
            "module.dynamodb.aws_dynamodb_table.orders",
            "module.dynamodb.aws_dynamodb_table.products",
            "module.dynamodb.aws_dynamodb_table.stores",
            "module.iam.aws_iam_role.audit",
            "module.iam.aws_iam_role.carts",
            "module.iam.aws_iam_role.dashboard",
            "module.iam.aws_iam_role.notifications",
            "module.iam.aws_iam_role.orders",
            "module.iam.aws_iam_role.products",
            "module.iam.aws_iam_role.stores",
            "module.iam.aws_iam_role.users",
            "module.iam.data.aws_iam_policy_document.lambda_assume_role",
            "module.lambdas.aws_cloudwatch_log_group.this",
            "module.lambdas.aws_lambda_function.this",
            "module.lambdas.data.archive_file.this"
          ]
        },
        {
          "index_key": "notifications_send_order",
          "schema_version": 1,
          "attributes": {
            "actions_enabled": true,
            "alarm_actions": [],
            "alarm_description": "",
            "alarm_name": "cloudshop-notifications_send_order-errors",
            "arn": "arn:aws:cloudwatch:us-east-1:511949652182:alarm:cloudshop-notifications_send_order-errors",
            "comparison_operator": "GreaterThanThreshold",
            "datapoints_to_alarm": 0,
            "dimensions": {
              "FunctionName": "cloudshop-notifications-send-order"
            },
            "evaluate_low_sample_count_percentiles": "",
            "evaluation_periods": 1,
            "extended_statistic": "",
            "id": "cloudshop-notifications_send_order-errors",
            "insufficient_data_actions": [],
            "metric_name": "Errors",
            "metric_query": [],
            "namespace": "AWS/Lambda",
            "ok_actions": [],
            "period": 300,
            "statistic": "Sum",
            "tags": {},
            "tags_all": {
              "Environment": "dev",
              "ManagedBy": "Terraform",
              "Project": "CloudShop"
            },
            "threshold": 0,
            "threshold_metric_id": "",
            "treat_missing_data": "notBreaching",
            "unit": ""
          },
          "sensitive_attributes": [],
          "identity_schema_version": 0,
          "private": "eyJzY2hlbWFfdmVyc2lvbiI6IjEifQ==",
          "dependencies": [
            "module.dynamodb.aws_dynamodb_table.audit",
            "module.dynamodb.aws_dynamodb_table.carts",
            "module.dynamodb.aws_dynamodb_table.orders",
            "module.dynamodb.aws_dynamodb_table.products",
            "module.dynamodb.aws_dynamodb_table.stores",
            "module.iam.aws_iam_role.audit",
            "module.iam.aws_iam_role.carts",
            "module.iam.aws_iam_role.dashboard",
            "module.iam.aws_iam_role.notifications",
            "module.iam.aws_iam_role.orders",
            "module.iam.aws_iam_role.products",
            "module.iam.aws_iam_role.stores",
            "module.iam.aws_iam_role.users",
            "module.iam.data.aws_iam_policy_document.lambda_assume_role",
            "module.lambdas.aws_cloudwatch_log_group.this",
            "module.lambdas.aws_lambda_function.this",
            "module.lambdas.data.archive_file.this"
          ]
        },
        {
          "index_key": "orders_cancel",
          "schema_version": 1,
          "attributes": {
            "actions_enabled": true,
            "alarm_actions": [],
            "alarm_description": "",
            "alarm_name": "cloudshop-orders_cancel-errors",
            "arn": "arn:aws:cloudwatch:us-east-1:511949652182:alarm:cloudshop-orders_cancel-errors",
            "comparison_operator": "GreaterThanThreshold",
            "datapoints_to_alarm": 0,
            "dimensions": {
              "FunctionName": "cloudshop-orders-cancel"
            },
            "evaluate_low_sample_count_percentiles": "",
            "evaluation_periods": 1,
            "extended_statistic": "",
            "id": "cloudshop-orders_cancel-errors",
            "insufficient_data_actions": [],
            "metric_name": "Errors",
            "metric_query": [],
            "namespace": "AWS/Lambda",
            "ok_actions": [],
            "period": 300,
            "statistic": "Sum",
            "tags": {},
            "tags_all": {
              "Environment": "dev",
              "ManagedBy": "Terraform",
              "Project": "CloudShop"
            },
            "threshold": 0,
            "threshold_metric_id": "",
            "treat_missing_data": "notBreaching",
            "unit": ""
          },
          "sensitive_attributes": [],
          "identity_schema_version": 0,
          "private": "eyJzY2hlbWFfdmVyc2lvbiI6IjEifQ==",
          "dependencies": [
            "module.dynamodb.aws_dynamodb_table.audit",
            "module.dynamodb.aws_dynamodb_table.carts",
            "module.dynamodb.aws_dynamodb_table.orders",
            "module.dynamodb.aws_dynamodb_table.products",
            "module.dynamodb.aws_dynamodb_table.stores",
            "module.iam.aws_iam_role.audit",
            "module.iam.aws_iam_role.carts",
            "module.iam.aws_iam_role.dashboard",
            "module.iam.aws_iam_role.notifications",
            "module.iam.aws_iam_role.orders",
            "module.iam.aws_iam_role.products",
            "module.iam.aws_iam_role.stores",
            "module.iam.aws_iam_role.users",
            "module.iam.data.aws_iam_policy_document.lambda_assume_role",
            "module.lambdas.aws_cloudwatch_log_group.this",
            "module.lambdas.aws_lambda_function.this",
            "module.lambdas.data.archive_file.this"
          ]
        },
        {
          "index_key": "orders_create",
          "schema_version": 1,
          "attributes": {
            "actions_enabled": true,
            "alarm_actions": [],
            "alarm_description": "",
            "alarm_name": "cloudshop-orders_create-errors",
            "arn": "arn:aws:cloudwatch:us-east-1:511949652182:alarm:cloudshop-orders_create-errors",
            "comparison_operator": "GreaterThanThreshold",
            "datapoints_to_alarm": 0,
            "dimensions": {
              "FunctionName": "cloudshop-orders-create"
            },
            "evaluate_low_sample_count_percentiles": "",
            "evaluation_periods": 1,
            "extended_statistic": "",
            "id": "cloudshop-orders_create-errors",
            "insufficient_data_actions": [],
            "metric_name": "Errors",
            "metric_query": [],
            "namespace": "AWS/Lambda",
            "ok_actions": [],
            "period": 300,
            "statistic": "Sum",
            "tags": {},
            "tags_all": {
              "Environment": "dev",
              "ManagedBy": "Terraform",
              "Project": "CloudShop"
            },
            "threshold": 0,
            "threshold_metric_id": "",
            "treat_missing_data": "notBreaching",
            "unit": ""
          },
          "sensitive_attributes": [],
          "identity_schema_version": 0,
          "private": "eyJzY2hlbWFfdmVyc2lvbiI6IjEifQ==",
          "dependencies": [
            "module.dynamodb.aws_dynamodb_table.audit",
            "module.dynamodb.aws_dynamodb_table.carts",
            "module.dynamodb.aws_dynamodb_table.orders",
            "module.dynamodb.aws_dynamodb_table.products",
            "module.dynamodb.aws_dynamodb_table.stores",
            "module.iam.aws_iam_role.audit",
            "module.iam.aws_iam_role.carts",
            "module.iam.aws_iam_role.dashboard",
            "module.iam.aws_iam_role.notifications",
            "module.iam.aws_iam_role.orders",
            "module.iam.aws_iam_role.products",
            "module.iam.aws_iam_role.stores",
            "module.iam.aws_iam_role.users",
            "module.iam.data.aws_iam_policy_document.lambda_assume_role",
            "module.lambdas.aws_cloudwatch_log_group.this",
            "module.lambdas.aws_lambda_function.this",
            "module.lambdas.data.archive_file.this"
          ]
        },
        {
          "index_key": "orders_get",
          "schema_version": 1,
          "attributes": {
            "actions_enabled": true,
            "alarm_actions": [],
            "alarm_description": "",
            "alarm_name": "cloudshop-orders_get-errors",
            "arn": "arn:aws:cloudwatch:us-east-1:511949652182:alarm:cloudshop-orders_get-errors",
            "comparison_operator": "GreaterThanThreshold",
            "datapoints_to_alarm": 0,
            "dimensions": {
              "FunctionName": "cloudshop-orders-get"
            },
            "evaluate_low_sample_count_percentiles": "",
            "evaluation_periods": 1,
            "extended_statistic": "",
            "id": "cloudshop-orders_get-errors",
            "insufficient_data_actions": [],
            "metric_name": "Errors",
            "metric_query": [],
            "namespace": "AWS/Lambda",
            "ok_actions": [],
            "period": 300,
            "statistic": "Sum",
            "tags": {},
            "tags_all": {
              "Environment": "dev",
              "ManagedBy": "Terraform",
              "Project": "CloudShop"
            },
            "threshold": 0,
            "threshold_metric_id": "",
            "treat_missing_data": "notBreaching",
            "unit": ""
          },
          "sensitive_attributes": [],
          "identity_schema_version": 0,
          "private": "eyJzY2hlbWFfdmVyc2lvbiI6IjEifQ==",
          "dependencies": [
            "module.dynamodb.aws_dynamodb_table.audit",
            "module.dynamodb.aws_dynamodb_table.carts",
            "module.dynamodb.aws_dynamodb_table.orders",
            "module.dynamodb.aws_dynamodb_table.products",
            "module.dynamodb.aws_dynamodb_table.stores",
            "module.iam.aws_iam_role.audit",
            "module.iam.aws_iam_role.carts",
            "module.iam.aws_iam_role.dashboard",
            "module.iam.aws_iam_role.notifications",
            "module.iam.aws_iam_role.orders",
            "module.iam.aws_iam_role.products",
            "module.iam.aws_iam_role.stores",
            "module.iam.aws_iam_role.users",
            "module.iam.data.aws_iam_policy_document.lambda_assume_role",
            "module.lambdas.aws_cloudwatch_log_group.this",
            "module.lambdas.aws_lambda_function.this",
            "module.lambdas.data.archive_file.this"
          ]
        },
        {
          "index_key": "orders_list",
          "schema_version": 1,
          "attributes": {
            "actions_enabled": true,
            "alarm_actions": [],
            "alarm_description": "",
            "alarm_name": "cloudshop-orders_list-errors",
            "arn": "arn:aws:cloudwatch:us-east-1:511949652182:alarm:cloudshop-orders_list-errors",
            "comparison_operator": "GreaterThanThreshold",
            "datapoints_to_alarm": 0,
            "dimensions": {
              "FunctionName": "cloudshop-orders-list"
            },
            "evaluate_low_sample_count_percentiles": "",
            "evaluation_periods": 1,
            "extended_statistic": "",
            "id": "cloudshop-orders_list-errors",
            "insufficient_data_actions": [],
            "metric_name": "Errors",
            "metric_query": [],
            "namespace": "AWS/Lambda",
            "ok_actions": [],
            "period": 300,
            "statistic": "Sum",
            "tags": {},
            "tags_all": {
              "Environment": "dev",
              "ManagedBy": "Terraform",
              "Project": "CloudShop"
            },
            "threshold": 0,
            "threshold_metric_id": "",
            "treat_missing_data": "notBreaching",
            "unit": ""
          },
          "sensitive_attributes": [],
          "identity_schema_version": 0,
          "private": "eyJzY2hlbWFfdmVyc2lvbiI6IjEifQ==",
          "dependencies": [
            "module.dynamodb.aws_dynamodb_table.audit",
            "module.dynamodb.aws_dynamodb_table.carts",
            "module.dynamodb.aws_dynamodb_table.orders",
            "module.dynamodb.aws_dynamodb_table.products",
            "module.dynamodb.aws_dynamodb_table.stores",
            "module.iam.aws_iam_role.audit",
            "module.iam.aws_iam_role.carts",
            "module.iam.aws_iam_role.dashboard",
            "module.iam.aws_iam_role.notifications",
            "module.iam.aws_iam_role.orders",
            "module.iam.aws_iam_role.products",
            "module.iam.aws_iam_role.stores",
            "module.iam.aws_iam_role.users",
            "module.iam.data.aws_iam_policy_document.lambda_assume_role",
            "module.lambdas.aws_cloudwatch_log_group.this",
            "module.lambdas.aws_lambda_function.this",
            "module.lambdas.data.archive_file.this"
          ]
        },
        {
          "index_key": "orders_update_status",
          "schema_version": 1,
          "attributes": {
            "actions_enabled": true,
            "alarm_actions": [],
            "alarm_description": "",
            "alarm_name": "cloudshop-orders_update_status-errors",
            "arn": "arn:aws:cloudwatch:us-east-1:511949652182:alarm:cloudshop-orders_update_status-errors",
            "comparison_operator": "GreaterThanThreshold",
            "datapoints_to_alarm": 0,
            "dimensions": {
              "FunctionName": "cloudshop-orders-update-status"
            },
            "evaluate_low_sample_count_percentiles": "",
            "evaluation_periods": 1,
            "extended_statistic": "",
            "id": "cloudshop-orders_update_status-errors",
            "insufficient_data_actions": [],
            "metric_name": "Errors",
            "metric_query": [],
            "namespace": "AWS/Lambda",
            "ok_actions": [],
            "period": 300,
            "statistic": "Sum",
            "tags": {},
            "tags_all": {
              "Environment": "dev",
              "ManagedBy": "Terraform",
              "Project": "CloudShop"
            },
            "threshold": 0,
            "threshold_metric_id": "",
            "treat_missing_data": "notBreaching",
            "unit": ""
          },
          "sensitive_attributes": [],
          "identity_schema_version": 0,
          "private": "eyJzY2hlbWFfdmVyc2lvbiI6IjEifQ==",
          "dependencies": [
            "module.dynamodb.aws_dynamodb_table.audit",
            "module.dynamodb.aws_dynamodb_table.carts",
            "module.dynamodb.aws_dynamodb_table.orders",
            "module.dynamodb.aws_dynamodb_table.products",
            "module.dynamodb.aws_dynamodb_table.stores",
            "module.iam.aws_iam_role.audit",
            "module.iam.aws_iam_role.carts",
            "module.iam.aws_iam_role.dashboard",
            "module.iam.aws_iam_role.notifications",
            "module.iam.aws_iam_role.orders",
            "module.iam.aws_iam_role.products",
            "module.iam.aws_iam_role.stores",
            "module.iam.aws_iam_role.users",
            "module.iam.data.aws_iam_policy_document.lambda_assume_role",
            "module.lambdas.aws_cloudwatch_log_group.this",
            "module.lambdas.aws_lambda_function.this",
            "module.lambdas.data.archive_file.this"
          ]
        },
        {
          "index_key": "products_create",
          "schema_version": 1,
          "attributes": {
            "actions_enabled": true,
            "alarm_actions": [],
            "alarm_description": "",
            "alarm_name": "cloudshop-products_create-errors",
            "arn": "arn:aws:cloudwatch:us-east-1:511949652182:alarm:cloudshop-products_create-errors",
            "comparison_operator": "GreaterThanThreshold",
            "datapoints_to_alarm": 0,
            "dimensions": {
              "FunctionName": "cloudshop-products-create"
            },
            "evaluate_low_sample_count_percentiles": "",
            "evaluation_periods": 1,
            "extended_statistic": "",
            "id": "cloudshop-products_create-errors",
            "insufficient_data_actions": [],
            "metric_name": "Errors",
            "metric_query": [],
            "namespace": "AWS/Lambda",
            "ok_actions": [],
            "period": 300,
            "statistic": "Sum",
            "tags": {},
            "tags_all": {
              "Environment": "dev",
              "ManagedBy": "Terraform",
              "Project": "CloudShop"
            },
            "threshold": 0,
            "threshold_metric_id": "",
            "treat_missing_data": "notBreaching",
            "unit": ""
          },
          "sensitive_attributes": [],
          "identity_schema_version": 0,
          "private": "eyJzY2hlbWFfdmVyc2lvbiI6IjEifQ==",
          "dependencies": [
            "module.dynamodb.aws_dynamodb_table.audit",
            "module.dynamodb.aws_dynamodb_table.carts",
            "module.dynamodb.aws_dynamodb_table.orders",
            "module.dynamodb.aws_dynamodb_table.products",
            "module.dynamodb.aws_dynamodb_table.stores",
            "module.iam.aws_iam_role.audit",
            "module.iam.aws_iam_role.carts",
            "module.iam.aws_iam_role.dashboard",
            "module.iam.aws_iam_role.notifications",
            "module.iam.aws_iam_role.orders",
            "module.iam.aws_iam_role.products",
            "module.iam.aws_iam_role.stores",
            "module.iam.aws_iam_role.users",
            "module.iam.data.aws_iam_policy_document.lambda_assume_role",
            "module.lambdas.aws_cloudwatch_log_group.this",
            "module.lambdas.aws_lambda_function.this",
            "module.lambdas.data.archive_file.this"
          ]
        },
        {
          "index_key": "products_delete",
          "schema_version": 1,
          "attributes": {
            "actions_enabled": true,
            "alarm_actions": [],
            "alarm_description": "",
            "alarm_name": "cloudshop-products_delete-errors",
            "arn": "arn:aws:cloudwatch:us-east-1:511949652182:alarm:cloudshop-products_delete-errors",
            "comparison_operator": "GreaterThanThreshold",
            "datapoints_to_alarm": 0,
            "dimensions": {
              "FunctionName": "cloudshop-products-delete"
            },
            "evaluate_low_sample_count_percentiles": "",
            "evaluation_periods": 1,
            "extended_statistic": "",
            "id": "cloudshop-products_delete-errors",
            "insufficient_data_actions": [],
            "metric_name": "Errors",
            "metric_query": [],
            "namespace": "AWS/Lambda",
            "ok_actions": [],
            "period": 300,
            "statistic": "Sum",
            "tags": {},
            "tags_all": {
              "Environment": "dev",
              "ManagedBy": "Terraform",
              "Project": "CloudShop"
            },
            "threshold": 0,
            "threshold_metric_id": "",
            "treat_missing_data": "notBreaching",
            "unit": ""
          },
          "sensitive_attributes": [],
          "identity_schema_version": 0,
          "private": "eyJzY2hlbWFfdmVyc2lvbiI6IjEifQ==",
          "dependencies": [
            "module.dynamodb.aws_dynamodb_table.audit",
            "module.dynamodb.aws_dynamodb_table.carts",
            "module.dynamodb.aws_dynamodb_table.orders",
            "module.dynamodb.aws_dynamodb_table.products",
            "module.dynamodb.aws_dynamodb_table.stores",
            "module.iam.aws_iam_role.audit",
            "module.iam.aws_iam_role.carts",
            "module.iam.aws_iam_role.dashboard",
            "module.iam.aws_iam_role.notifications",
            "module.iam.aws_iam_role.orders",
            "module.iam.aws_iam_role.products",
            "module.iam.aws_iam_role.stores",
            "module.iam.aws_iam_role.users",
            "module.iam.data.aws_iam_policy_document.lambda_assume_role",
            "module.lambdas.aws_cloudwatch_log_group.this",
            "module.lambdas.aws_lambda_function.this",
            "module.lambdas.data.archive_file.this"
          ]
        },
        {
          "index_key": "products_get",
          "schema_version": 1,
          "attributes": {
            "actions_enabled": true,
            "alarm_actions": [],
            "alarm_description": "",
            "alarm_name": "cloudshop-products_get-errors",
            "arn": "arn:aws:cloudwatch:us-east-1:511949652182:alarm:cloudshop-products_get-errors",
            "comparison_operator": "GreaterThanThreshold",
            "datapoints_to_alarm": 0,
            "dimensions": {
              "FunctionName": "cloudshop-products-get"
            },
            "evaluate_low_sample_count_percentiles": "",
            "evaluation_periods": 1,
            "extended_statistic": "",
            "id": "cloudshop-products_get-errors",
            "insufficient_data_actions": [],
            "metric_name": "Errors",
            "metric_query": [],
            "namespace": "AWS/Lambda",
            "ok_actions": [],
            "period": 300,
            "statistic": "Sum",
            "tags": {},
            "tags_all": {
              "Environment": "dev",
              "ManagedBy": "Terraform",
              "Project": "CloudShop"
            },
            "threshold": 0,
            "threshold_metric_id": "",
            "treat_missing_data": "notBreaching",
            "unit": ""
          },
          "sensitive_attributes": [],
          "identity_schema_version": 0,
          "private": "eyJzY2hlbWFfdmVyc2lvbiI6IjEifQ==",
          "dependencies": [
            "module.dynamodb.aws_dynamodb_table.audit",
            "module.dynamodb.aws_dynamodb_table.carts",
            "module.dynamodb.aws_dynamodb_table.orders",
            "module.dynamodb.aws_dynamodb_table.products",
            "module.dynamodb.aws_dynamodb_table.stores",
            "module.iam.aws_iam_role.audit",
            "module.iam.aws_iam_role.carts",
            "module.iam.aws_iam_role.dashboard",
            "module.iam.aws_iam_role.notifications",
            "module.iam.aws_iam_role.orders",
            "module.iam.aws_iam_role.products",
            "module.iam.aws_iam_role.stores",
            "module.iam.aws_iam_role.users",
            "module.iam.data.aws_iam_policy_document.lambda_assume_role",
            "module.lambdas.aws_cloudwatch_log_group.this",
            "module.lambdas.aws_lambda_function.this",
            "module.lambdas.data.archive_file.this"
          ]
        },
        {
          "index_key": "products_list",
          "schema_version": 1,
          "attributes": {
            "actions_enabled": true,
            "alarm_actions": [],
            "alarm_description": "",
            "alarm_name": "cloudshop-products_list-errors",
            "arn": "arn:aws:cloudwatch:us-east-1:511949652182:alarm:cloudshop-products_list-errors",
            "comparison_operator": "GreaterThanThreshold",
            "datapoints_to_alarm": 0,
            "dimensions": {
              "FunctionName": "cloudshop-products-list"
            },
            "evaluate_low_sample_count_percentiles": "",
            "evaluation_periods": 1,
            "extended_statistic": "",
            "id": "cloudshop-products_list-errors",
            "insufficient_data_actions": [],
            "metric_name": "Errors",
            "metric_query": [],
            "namespace": "AWS/Lambda",
            "ok_actions": [],
            "period": 300,
            "statistic": "Sum",
            "tags": {},
            "tags_all": {
              "Environment": "dev",
              "ManagedBy": "Terraform",
              "Project": "CloudShop"
            },
            "threshold": 0,
            "threshold_metric_id": "",
            "treat_missing_data": "notBreaching",
            "unit": ""
          },
          "sensitive_attributes": [],
          "identity_schema_version": 0,
          "private": "eyJzY2hlbWFfdmVyc2lvbiI6IjEifQ==",
          "dependencies": [
            "module.dynamodb.aws_dynamodb_table.audit",
            "module.dynamodb.aws_dynamodb_table.carts",
            "module.dynamodb.aws_dynamodb_table.orders",
            "module.dynamodb.aws_dynamodb_table.products",
            "module.dynamodb.aws_dynamodb_table.stores",
            "module.iam.aws_iam_role.audit",
            "module.iam.aws_iam_role.carts",
            "module.iam.aws_iam_role.dashboard",
            "module.iam.aws_iam_role.notifications",
            "module.iam.aws_iam_role.orders",
            "module.iam.aws_iam_role.products",
            "module.iam.aws_iam_role.stores",
            "module.iam.aws_iam_role.users",
            "module.iam.data.aws_iam_policy_document.lambda_assume_role",
            "module.lambdas.aws_cloudwatch_log_group.this",
            "module.lambdas.aws_lambda_function.this",
            "module.lambdas.data.archive_file.this"
          ]
        },
        {
          "index_key": "products_update",
          "schema_version": 1,
          "attributes": {
            "actions_enabled": true,
            "alarm_actions": [],
            "alarm_description": "",
            "alarm_name": "cloudshop-products_update-errors",
            "arn": "arn:aws:cloudwatch:us-east-1:511949652182:alarm:cloudshop-products_update-errors",
            "comparison_operator": "GreaterThanThreshold",
            "datapoints_to_alarm": 0,
            "dimensions": {
              "FunctionName": "cloudshop-products-update"
            },
            "evaluate_low_sample_count_percentiles": "",
            "evaluation_periods": 1,
            "extended_statistic": "",
            "id": "cloudshop-products_update-errors",
            "insufficient_data_actions": [],
            "metric_name": "Errors",
            "metric_query": [],
            "namespace": "AWS/Lambda",
            "ok_actions": [],
            "period": 300,
            "statistic": "Sum",
            "tags": {},
            "tags_all": {
              "Environment": "dev",
              "ManagedBy": "Terraform",
              "Project": "CloudShop"
            },
            "threshold": 0,
            "threshold_metric_id": "",
            "treat_missing_data": "notBreaching",
            "unit": ""
          },
          "sensitive_attributes": [],
          "identity_schema_version": 0,
          "private": "eyJzY2hlbWFfdmVyc2lvbiI6IjEifQ==",
          "dependencies": [
            "module.dynamodb.aws_dynamodb_table.audit",
            "module.dynamodb.aws_dynamodb_table.carts",
            "module.dynamodb.aws_dynamodb_table.orders",
            "module.dynamodb.aws_dynamodb_table.products",
            "module.dynamodb.aws_dynamodb_table.stores",
            "module.iam.aws_iam_role.audit",
            "module.iam.aws_iam_role.carts",
            "module.iam.aws_iam_role.dashboard",
            "module.iam.aws_iam_role.notifications",
            "module.iam.aws_iam_role.orders",
            "module.iam.aws_iam_role.products",
            "module.iam.aws_iam_role.stores",
            "module.iam.aws_iam_role.users",
            "module.iam.data.aws_iam_policy_document.lambda_assume_role",
            "module.lambdas.aws_cloudwatch_log_group.this",
            "module.lambdas.aws_lambda_function.this",
            "module.lambdas.data.archive_file.this"
          ]
        },
        {
          "index_key": "stores_create",
          "schema_version": 1,
          "attributes": {
            "actions_enabled": true,
            "alarm_actions": [],
            "alarm_description": "",
            "alarm_name": "cloudshop-stores_create-errors",
            "arn": "arn:aws:cloudwatch:us-east-1:511949652182:alarm:cloudshop-stores_create-errors",
            "comparison_operator": "GreaterThanThreshold",
            "datapoints_to_alarm": 0,
            "dimensions": {
              "FunctionName": "cloudshop-stores-create"
            },
            "evaluate_low_sample_count_percentiles": "",
            "evaluation_periods": 1,
            "extended_statistic": "",
            "id": "cloudshop-stores_create-errors",
            "insufficient_data_actions": [],
            "metric_name": "Errors",
            "metric_query": [],
            "namespace": "AWS/Lambda",
            "ok_actions": [],
            "period": 300,
            "statistic": "Sum",
            "tags": {},
            "tags_all": {
              "Environment": "dev",
              "ManagedBy": "Terraform",
              "Project": "CloudShop"
            },
            "threshold": 0,
            "threshold_metric_id": "",
            "treat_missing_data": "notBreaching",
            "unit": ""
          },
          "sensitive_attributes": [],
          "identity_schema_version": 0,
          "private": "eyJzY2hlbWFfdmVyc2lvbiI6IjEifQ==",
          "dependencies": [
            "module.dynamodb.aws_dynamodb_table.audit",
            "module.dynamodb.aws_dynamodb_table.carts",
            "module.dynamodb.aws_dynamodb_table.orders",
            "module.dynamodb.aws_dynamodb_table.products",
            "module.dynamodb.aws_dynamodb_table.stores",
            "module.iam.aws_iam_role.audit",
            "module.iam.aws_iam_role.carts",
            "module.iam.aws_iam_role.dashboard",
            "module.iam.aws_iam_role.notifications",
            "module.iam.aws_iam_role.orders",
            "module.iam.aws_iam_role.products",
            "module.iam.aws_iam_role.stores",
            "module.iam.aws_iam_role.users",
            "module.iam.data.aws_iam_policy_document.lambda_assume_role",
            "module.lambdas.aws_cloudwatch_log_group.this",
            "module.lambdas.aws_lambda_function.this",
            "module.lambdas.data.archive_file.this"
          ]
        },
        {
          "index_key": "stores_delete",
          "schema_version": 1,
          "attributes": {
            "actions_enabled": true,
            "alarm_actions": [],
            "alarm_description": "",
            "alarm_name": "cloudshop-stores_delete-errors",
            "arn": "arn:aws:cloudwatch:us-east-1:511949652182:alarm:cloudshop-stores_delete-errors",
            "comparison_operator": "GreaterThanThreshold",
            "datapoints_to_alarm": 0,
            "dimensions": {
              "FunctionName": "cloudshop-stores-delete"
            },
            "evaluate_low_sample_count_percentiles": "",
            "evaluation_periods": 1,
            "extended_statistic": "",
            "id": "cloudshop-stores_delete-errors",
            "insufficient_data_actions": [],
            "metric_name": "Errors",
            "metric_query": [],
            "namespace": "AWS/Lambda",
            "ok_actions": [],
            "period": 300,
            "statistic": "Sum",
            "tags": {},
            "tags_all": {
              "Environment": "dev",
              "ManagedBy": "Terraform",
              "Project": "CloudShop"
            },
            "threshold": 0,
            "threshold_metric_id": "",
            "treat_missing_data": "notBreaching",
            "unit": ""
          },
          "sensitive_attributes": [],
          "identity_schema_version": 0,
          "private": "eyJzY2hlbWFfdmVyc2lvbiI6IjEifQ==",
          "dependencies": [
            "module.dynamodb.aws_dynamodb_table.audit",
            "module.dynamodb.aws_dynamodb_table.carts",
            "module.dynamodb.aws_dynamodb_table.orders",
            "module.dynamodb.aws_dynamodb_table.products",
            "module.dynamodb.aws_dynamodb_table.stores",
            "module.iam.aws_iam_role.audit",
            "module.iam.aws_iam_role.carts",
            "module.iam.aws_iam_role.dashboard",
            "module.iam.aws_iam_role.notifications",
            "module.iam.aws_iam_role.orders",
            "module.iam.aws_iam_role.products",
            "module.iam.aws_iam_role.stores",
            "module.iam.aws_iam_role.users",
            "module.iam.data.aws_iam_policy_document.lambda_assume_role",
            "module.lambdas.aws_cloudwatch_log_group.this",
            "module.lambdas.aws_lambda_function.this",
            "module.lambdas.data.archive_file.this"
          ]
        },
        {
          "index_key": "stores_get",
          "schema_version": 1,
          "attributes": {
            "actions_enabled": true,
            "alarm_actions": [],
            "alarm_description": "",
            "alarm_name": "cloudshop-stores_get-errors",
            "arn": "arn:aws:cloudwatch:us-east-1:511949652182:alarm:cloudshop-stores_get-errors",
            "comparison_operator": "GreaterThanThreshold",
            "datapoints_to_alarm": 0,
            "dimensions": {
              "FunctionName": "cloudshop-stores-get"
            },
            "evaluate_low_sample_count_percentiles": "",
            "evaluation_periods": 1,
            "extended_statistic": "",
            "id": "cloudshop-stores_get-errors",
            "insufficient_data_actions": [],
            "metric_name": "Errors",
            "metric_query": [],
            "namespace": "AWS/Lambda",
            "ok_actions": [],
            "period": 300,
            "statistic": "Sum",
            "tags": {},
            "tags_all": {
              "Environment": "dev",
              "ManagedBy": "Terraform",
              "Project": "CloudShop"
            },
            "threshold": 0,
            "threshold_metric_id": "",
            "treat_missing_data": "notBreaching",
            "unit": ""
          },
          "sensitive_attributes": [],
          "identity_schema_version": 0,
          "private": "eyJzY2hlbWFfdmVyc2lvbiI6IjEifQ==",
          "dependencies": [
            "module.dynamodb.aws_dynamodb_table.audit",
            "module.dynamodb.aws_dynamodb_table.carts",
            "module.dynamodb.aws_dynamodb_table.orders",
            "module.dynamodb.aws_dynamodb_table.products",
            "module.dynamodb.aws_dynamodb_table.stores",
            "module.iam.aws_iam_role.audit",
            "module.iam.aws_iam_role.carts",
            "module.iam.aws_iam_role.dashboard",
            "module.iam.aws_iam_role.notifications",
            "module.iam.aws_iam_role.orders",
            "module.iam.aws_iam_role.products",
            "module.iam.aws_iam_role.stores",
            "module.iam.aws_iam_role.users",
            "module.iam.data.aws_iam_policy_document.lambda_assume_role",
            "module.lambdas.aws_cloudwatch_log_group.this",
            "module.lambdas.aws_lambda_function.this",
            "module.lambdas.data.archive_file.this"
          ]
        },
        {
          "index_key": "stores_list",
          "schema_version": 1,
          "attributes": {
            "actions_enabled": true,
            "alarm_actions": [],
            "alarm_description": "",
            "alarm_name": "cloudshop-stores_list-errors",
            "arn": "arn:aws:cloudwatch:us-east-1:511949652182:alarm:cloudshop-stores_list-errors",
            "comparison_operator": "GreaterThanThreshold",
            "datapoints_to_alarm": 0,
            "dimensions": {
              "FunctionName": "cloudshop-stores-list"
            },
            "evaluate_low_sample_count_percentiles": "",
            "evaluation_periods": 1,
            "extended_statistic": "",
            "id": "cloudshop-stores_list-errors",
            "insufficient_data_actions": [],
            "metric_name": "Errors",
            "metric_query": [],
            "namespace": "AWS/Lambda",
            "ok_actions": [],
            "period": 300,
            "statistic": "Sum",
            "tags": {},
            "tags_all": {
              "Environment": "dev",
              "ManagedBy": "Terraform",
              "Project": "CloudShop"
            },
            "threshold": 0,
            "threshold_metric_id": "",
            "treat_missing_data": "notBreaching",
            "unit": ""
          },
          "sensitive_attributes": [],
          "identity_schema_version": 0,
          "private": "eyJzY2hlbWFfdmVyc2lvbiI6IjEifQ==",
          "dependencies": [
            "module.dynamodb.aws_dynamodb_table.audit",
            "module.dynamodb.aws_dynamodb_table.carts",
            "module.dynamodb.aws_dynamodb_table.orders",
            "module.dynamodb.aws_dynamodb_table.products",
            "module.dynamodb.aws_dynamodb_table.stores",
            "module.iam.aws_iam_role.audit",
            "module.iam.aws_iam_role.carts",
            "module.iam.aws_iam_role.dashboard",
            "module.iam.aws_iam_role.notifications",
            "module.iam.aws_iam_role.orders",
            "module.iam.aws_iam_role.products",
            "module.iam.aws_iam_role.stores",
            "module.iam.aws_iam_role.users",
            "module.iam.data.aws_iam_policy_document.lambda_assume_role",
            "module.lambdas.aws_cloudwatch_log_group.this",
            "module.lambdas.aws_lambda_function.this",
            "module.lambdas.data.archive_file.this"
          ]
        },
        {
          "index_key": "stores_update",
          "schema_version": 1,
          "attributes": {
            "actions_enabled": true,
            "alarm_actions": [],
            "alarm_description": "",
            "alarm_name": "cloudshop-stores_update-errors",
            "arn": "arn:aws:cloudwatch:us-east-1:511949652182:alarm:cloudshop-stores_update-errors",
            "comparison_operator": "GreaterThanThreshold",
            "datapoints_to_alarm": 0,
            "dimensions": {
              "FunctionName": "cloudshop-stores-update"
            },
            "evaluate_low_sample_count_percentiles": "",
            "evaluation_periods": 1,
            "extended_statistic": "",
            "id": "cloudshop-stores_update-errors",
            "insufficient_data_actions": [],
            "metric_name": "Errors",
            "metric_query": [],
            "namespace": "AWS/Lambda",
            "ok_actions": [],
            "period": 300,
            "statistic": "Sum",
            "tags": {},
            "tags_all": {
              "Environment": "dev",
              "ManagedBy": "Terraform",
              "Project": "CloudShop"
            },
            "threshold": 0,
            "threshold_metric_id": "",
            "treat_missing_data": "notBreaching",
            "unit": ""
          },
          "sensitive_attributes": [],
          "identity_schema_version": 0,
          "private": "eyJzY2hlbWFfdmVyc2lvbiI6IjEifQ==",
          "dependencies": [
            "module.dynamodb.aws_dynamodb_table.audit",
            "module.dynamodb.aws_dynamodb_table.carts",
            "module.dynamodb.aws_dynamodb_table.orders",
            "module.dynamodb.aws_dynamodb_table.products",
            "module.dynamodb.aws_dynamodb_table.stores",
            "module.iam.aws_iam_role.audit",
            "module.iam.aws_iam_role.carts",
            "module.iam.aws_iam_role.dashboard",
            "module.iam.aws_iam_role.notifications",
            "module.iam.aws_iam_role.orders",
            "module.iam.aws_iam_role.products",
            "module.iam.aws_iam_role.stores",
            "module.iam.aws_iam_role.users",
            "module.iam.data.aws_iam_policy_document.lambda_assume_role",
            "module.lambdas.aws_cloudwatch_log_group.this",
            "module.lambdas.aws_lambda_function.this",
            "module.lambdas.data.archive_file.this"
          ]
        },
        {
          "index_key": "users_delete",
          "schema_version": 1,
          "attributes": {
            "actions_enabled": true,
            "alarm_actions": [],
            "alarm_description": "",
            "alarm_name": "cloudshop-users_delete-errors",
            "arn": "arn:aws:cloudwatch:us-east-1:511949652182:alarm:cloudshop-users_delete-errors",
            "comparison_operator": "GreaterThanThreshold",
            "datapoints_to_alarm": 0,
            "dimensions": {
              "FunctionName": "cloudshop-users-delete"
            },
            "evaluate_low_sample_count_percentiles": "",
            "evaluation_periods": 1,
            "extended_statistic": "",
            "id": "cloudshop-users_delete-errors",
            "insufficient_data_actions": [],
            "metric_name": "Errors",
            "metric_query": [],
            "namespace": "AWS/Lambda",
            "ok_actions": [],
            "period": 300,
            "statistic": "Sum",
            "tags": {},
            "tags_all": {
              "Environment": "dev",
              "ManagedBy": "Terraform",
              "Project": "CloudShop"
            },
            "threshold": 0,
            "threshold_metric_id": "",
            "treat_missing_data": "notBreaching",
            "unit": ""
          },
          "sensitive_attributes": [],
          "identity_schema_version": 0,
          "private": "eyJzY2hlbWFfdmVyc2lvbiI6IjEifQ==",
          "dependencies": [
            "module.dynamodb.aws_dynamodb_table.audit",
            "module.dynamodb.aws_dynamodb_table.carts",
            "module.dynamodb.aws_dynamodb_table.orders",
            "module.dynamodb.aws_dynamodb_table.products",
            "module.dynamodb.aws_dynamodb_table.stores",
            "module.iam.aws_iam_role.audit",
            "module.iam.aws_iam_role.carts",
            "module.iam.aws_iam_role.dashboard",
            "module.iam.aws_iam_role.notifications",
            "module.iam.aws_iam_role.orders",
            "module.iam.aws_iam_role.products",
            "module.iam.aws_iam_role.stores",
            "module.iam.aws_iam_role.users",
            "module.iam.data.aws_iam_policy_document.lambda_assume_role",
            "module.lambdas.aws_cloudwatch_log_group.this",
            "module.lambdas.aws_lambda_function.this",
            "module.lambdas.data.archive_file.this"
          ]
        },
        {
          "index_key": "users_list",
          "schema_version": 1,
          "attributes": {
            "actions_enabled": true,
            "alarm_actions": [],
            "alarm_description": "",
            "alarm_name": "cloudshop-users_list-errors",
            "arn": "arn:aws:cloudwatch:us-east-1:511949652182:alarm:cloudshop-users_list-errors",
            "comparison_operator": "GreaterThanThreshold",
            "datapoints_to_alarm": 0,
            "dimensions": {
              "FunctionName": "cloudshop-users-list"
            },
            "evaluate_low_sample_count_percentiles": "",
            "evaluation_periods": 1,
            "extended_statistic": "",
            "id": "cloudshop-users_list-errors",
            "insufficient_data_actions": [],
            "metric_name": "Errors",
            "metric_query": [],
            "namespace": "AWS/Lambda",
            "ok_actions": [],
            "period": 300,
            "statistic": "Sum",
            "tags": {},
            "tags_all": {
              "Environment": "dev",
              "ManagedBy": "Terraform",
              "Project": "CloudShop"
            },
            "threshold": 0,
            "threshold_metric_id": "",
            "treat_missing_data": "notBreaching",
            "unit": ""
          },
          "sensitive_attributes": [],
          "identity_schema_version": 0,
          "private": "eyJzY2hlbWFfdmVyc2lvbiI6IjEifQ==",
          "dependencies": [
            "module.dynamodb.aws_dynamodb_table.audit",
            "module.dynamodb.aws_dynamodb_table.carts",
            "module.dynamodb.aws_dynamodb_table.orders",
            "module.dynamodb.aws_dynamodb_table.products",
            "module.dynamodb.aws_dynamodb_table.stores",
            "module.iam.aws_iam_role.audit",
            "module.iam.aws_iam_role.carts",
            "module.iam.aws_iam_role.dashboard",
            "module.iam.aws_iam_role.notifications",
            "module.iam.aws_iam_role.orders",
            "module.iam.aws_iam_role.products",
            "module.iam.aws_iam_role.stores",
            "module.iam.aws_iam_role.users",
            "module.iam.data.aws_iam_policy_document.lambda_assume_role",
            "module.lambdas.aws_cloudwatch_log_group.this",
            "module.lambdas.aws_lambda_function.this",
            "module.lambdas.data.archive_file.this"
          ]
        },
        {
          "index_key": "users_register",
          "schema_version": 1,
          "attributes": {
            "actions_enabled": true,
            "alarm_actions": [],
            "alarm_description": "",
            "alarm_name": "cloudshop-users_register-errors",
            "arn": "arn:aws:cloudwatch:us-east-1:511949652182:alarm:cloudshop-users_register-errors",
            "comparison_operator": "GreaterThanThreshold",
            "datapoints_to_alarm": 0,
            "dimensions": {
              "FunctionName": "cloudshop-users-register"
            },
            "evaluate_low_sample_count_percentiles": "",
            "evaluation_periods": 1,
            "extended_statistic": "",
            "id": "cloudshop-users_register-errors",
            "insufficient_data_actions": [],
            "metric_name": "Errors",
            "metric_query": [],
            "namespace": "AWS/Lambda",
            "ok_actions": [],
            "period": 300,
            "statistic": "Sum",
            "tags": {},
            "tags_all": {
              "Environment": "dev",
              "ManagedBy": "Terraform",
              "Project": "CloudShop"
            },
            "threshold": 0,
            "threshold_metric_id": "",
            "treat_missing_data": "notBreaching",
            "unit": ""
          },
          "sensitive_attributes": [],
          "identity_schema_version": 0,
          "private": "eyJzY2hlbWFfdmVyc2lvbiI6IjEifQ==",
          "dependencies": [
            "module.dynamodb.aws_dynamodb_table.audit",
            "module.dynamodb.aws_dynamodb_table.carts",
            "module.dynamodb.aws_dynamodb_table.orders",
            "module.dynamodb.aws_dynamodb_table.products",
            "module.dynamodb.aws_dynamodb_table.stores",
            "module.iam.aws_iam_role.audit",
            "module.iam.aws_iam_role.carts",
            "module.iam.aws_iam_role.dashboard",
            "module.iam.aws_iam_role.notifications",
            "module.iam.aws_iam_role.orders",
            "module.iam.aws_iam_role.products",
            "module.iam.aws_iam_role.stores",
            "module.iam.aws_iam_role.users",
            "module.iam.data.aws_iam_policy_document.lambda_assume_role",
            "module.lambdas.aws_cloudwatch_log_group.this",
            "module.lambdas.aws_lambda_function.this",
            "module.lambdas.data.archive_file.this"
          ]
        },
        {
          "index_key": "users_update",
          "schema_version": 1,
          "attributes": {
            "actions_enabled": true,
            "alarm_actions": [],
            "alarm_description": "",
            "alarm_name": "cloudshop-users_update-errors",
            "arn": "arn:aws:cloudwatch:us-east-1:511949652182:alarm:cloudshop-users_update-errors",
            "comparison_operator": "GreaterThanThreshold",
            "datapoints_to_alarm": 0,
            "dimensions": {
              "FunctionName": "cloudshop-users-update"
            },
            "evaluate_low_sample_count_percentiles": "",
            "evaluation_periods": 1,
            "extended_statistic": "",
            "id": "cloudshop-users_update-errors",
            "insufficient_data_actions": [],
            "metric_name": "Errors",
            "metric_query": [],
            "namespace": "AWS/Lambda",
            "ok_actions": [],
            "period": 300,
            "statistic": "Sum",
            "tags": {},
            "tags_all": {
              "Environment": "dev",
              "ManagedBy": "Terraform",
              "Project": "CloudShop"
            },
            "threshold": 0,
            "threshold_metric_id": "",
            "treat_missing_data": "notBreaching",
            "unit": ""
          },
          "sensitive_attributes": [],
          "identity_schema_version": 0,
          "private": "eyJzY2hlbWFfdmVyc2lvbiI6IjEifQ==",
          "dependencies": [
            "module.dynamodb.aws_dynamodb_table.audit",
            "module.dynamodb.aws_dynamodb_table.carts",
            "module.dynamodb.aws_dynamodb_table.orders",
            "module.dynamodb.aws_dynamodb_table.products",
            "module.dynamodb.aws_dynamodb_table.stores",
            "module.iam.aws_iam_role.audit",
            "module.iam.aws_iam_role.carts",
            "module.iam.aws_iam_role.dashboard",
            "module.iam.aws_iam_role.notifications",
            "module.iam.aws_iam_role.orders",
            "module.iam.aws_iam_role.products",
            "module.iam.aws_iam_role.stores",
            "module.iam.aws_iam_role.users",
            "module.iam.data.aws_iam_policy_document.lambda_assume_role",
            "module.lambdas.aws_cloudwatch_log_group.this",
            "module.lambdas.aws_lambda_function.this",
            "module.lambdas.data.archive_file.this"
          ]
        }
      ]
    },
    {
      "module": "module.cognito",
      "mode": "managed",
      "type": "aws_cognito_user_group",
      "name": "admin",
      "provider": "provider[\"registry.terraform.io/hashicorp/aws\"]",
      "instances": [
        {
          "schema_version": 0,
          "attributes": {
            "description": "Administrador: gestiona usuarios, tiendas, productos y consulta reportes.",
            "id": "us-east-1_q1p8VOvHv/admin",
            "name": "admin",
            "precedence": 0,
            "role_arn": "",
            "user_pool_id": "us-east-1_q1p8VOvHv"
          },
          "sensitive_attributes": [],
          "identity_schema_version": 0,
          "private": "bnVsbA==",
          "dependencies": [
            "module.cognito.aws_cognito_user_pool.users"
          ]
        }
      ]
    },
    {
      "module": "module.cognito",
      "mode": "managed",
      "type": "aws_cognito_user_group",
      "name": "cliente",
      "provider": "provider[\"registry.terraform.io/hashicorp/aws\"]",
      "instances": [
        {
          "schema_version": 0,
          "attributes": {
            "description": "Cliente: compra productos y consulta sus propios pedidos.",
            "id": "us-east-1_q1p8VOvHv/cliente",
            "name": "cliente",
            "precedence": 0,
            "role_arn": "",
            "user_pool_id": "us-east-1_q1p8VOvHv"
          },
          "sensitive_attributes": [],
          "identity_schema_version": 0,
          "private": "bnVsbA==",
          "dependencies": [
            "module.cognito.aws_cognito_user_pool.users"
          ]
        }
      ]
    },
    {
      "module": "module.cognito",
      "mode": "managed",
      "type": "aws_cognito_user_group",
      "name": "operator",
      "provider": "provider[\"registry.terraform.io/hashicorp/aws\"]",
      "instances": [
        {
          "schema_version": 0,
          "attributes": {
            "description": "Operador: gestiona inventario y pedidos.",
            "id": "us-east-1_q1p8VOvHv/operator",
            "name": "operator",
            "precedence": 0,
            "role_arn": "",
            "user_pool_id": "us-east-1_q1p8VOvHv"
          },
          "sensitive_attributes": [],
          "identity_schema_version": 0,
          "private": "bnVsbA==",
          "dependencies": [
            "module.cognito.aws_cognito_user_pool.users"
          ]
        }
      ]
    },
    {
      "module": "module.cognito",
      "mode": "managed",
      "type": "aws_cognito_user_pool",
      "name": "users",
      "provider": "provider[\"registry.terraform.io/hashicorp/aws\"]",
      "instances": [
        {
          "schema_version": 0,
          "attributes": {
            "account_recovery_setting": [
              {
                "recovery_mechanism": [
                  {
                    "name": "verified_email",
                    "priority": 1
                  },
                  {
                    "name": "verified_phone_number",
                    "priority": 2
                  }
                ]
              }
            ],
            "admin_create_user_config": [
              {
                "allow_admin_create_user_only": false,
                "invite_message_template": []
              }
            ],
            "alias_attributes": null,
            "arn": "arn:aws:cognito-idp:us-east-1:511949652182:userpool/us-east-1_q1p8VOvHv",
            "auto_verified_attributes": [
              "email"
            ],
            "creation_date": "2026-07-26T06:45:31Z",
            "custom_domain": "",
            "deletion_protection": "INACTIVE",
            "device_configuration": [],
            "domain": "",
            "email_configuration": [
              {
                "configuration_set": "",
                "email_sending_account": "COGNITO_DEFAULT",
                "from_email_address": "",
                "reply_to_email_address": "",
                "source_arn": ""
              }
            ],
            "email_mfa_configuration": [],
            "email_verification_message": "",
            "email_verification_subject": "",
            "endpoint": "cognito-idp.us-east-1.amazonaws.com/us-east-1_q1p8VOvHv",
            "estimated_number_of_users": 1,
            "id": "us-east-1_q1p8VOvHv",
            "lambda_config": [],
            "last_modified_date": "2026-07-26T06:45:31Z",
            "mfa_configuration": "OFF",
            "name": "cloudshop-users",
            "password_policy": [
              {
                "minimum_length": 8,
                "password_history_size": 0,
                "require_lowercase": true,
                "require_numbers": true,
                "require_symbols": true,
                "require_uppercase": true,
                "temporary_password_validity_days": 7
              }
            ],
            "schema": [],
            "sign_in_policy": [
              {
                "allowed_first_auth_factors": [
                  "PASSWORD"
                ]
              }
            ],
            "sms_authentication_message": "",
            "sms_configuration": [],
            "sms_verification_message": "",
            "software_token_mfa_configuration": [],
            "tags": {},
            "tags_all": {
              "Environment": "dev",
              "ManagedBy": "Terraform",
              "Project": "CloudShop"
            },
            "user_attribute_update_settings": [],
            "user_pool_add_ons": [],
            "user_pool_tier": "ESSENTIALS",
            "username_attributes": [
              "email"
            ],
            "username_configuration": [],
            "verification_message_template": [
              {
                "default_email_option": "CONFIRM_WITH_CODE",
                "email_message": "",
                "email_message_by_link": "",
                "email_subject": "",
                "email_subject_by_link": "",
                "sms_message": ""
              }
            ],
            "web_authn_configuration": []
          },
          "sensitive_attributes": [],
          "identity_schema_version": 0,
          "private": "bnVsbA==",
          "create_before_destroy": true
        }
      ]
    },
    {
      "module": "module.cognito",
      "mode": "managed",
      "type": "aws_cognito_user_pool_client",
      "name": "web",
      "provider": "provider[\"registry.terraform.io/hashicorp/aws\"]",
      "instances": [
        {
          "schema_version": 0,
          "attributes": {
            "access_token_validity": 0,
            "allowed_oauth_flows": [],
            "allowed_oauth_flows_user_pool_client": false,
            "allowed_oauth_scopes": [],
            "analytics_configuration": [],
            "auth_session_validity": 3,
            "callback_urls": [],
            "client_secret": "",
            "default_redirect_uri": "",
            "enable_propagate_additional_user_context_data": false,
            "enable_token_revocation": true,
            "explicit_auth_flows": [
              "ALLOW_REFRESH_TOKEN_AUTH",
              "ALLOW_USER_PASSWORD_AUTH",
              "ALLOW_USER_SRP_AUTH"
            ],
            "generate_secret": false,
            "id": "7ru1n597qu1lkgnk991sk27mog",
            "id_token_validity": 0,
            "logout_urls": [],
            "name": "cloudshop-web",
            "prevent_user_existence_errors": "",
            "read_attributes": [],
            "refresh_token_rotation": [],
            "refresh_token_validity": 30,
            "supported_identity_providers": [],
            "token_validity_units": [],
            "user_pool_id": "us-east-1_q1p8VOvHv",
            "write_attributes": []
          },
          "sensitive_attributes": [
            [
              {
                "type": "get_attr",
                "value": "client_secret"
              }
            ]
          ],
          "identity_schema_version": 0,
          "dependencies": [
            "module.cognito.aws_cognito_user_pool.users"
          ]
        }
      ]
    },
    {
      "module": "module.dynamodb",
      "mode": "managed",
      "type": "aws_dynamodb_table",
      "name": "audit",
      "provider": "provider[\"registry.terraform.io/hashicorp/aws\"]",
      "instances": [
        {
          "schema_version": 1,
          "attributes": {
            "arn": "arn:aws:dynamodb:us-east-1:511949652182:table/cloudshop-audit",
            "attribute": [
              {
                "name": "Timestamp",
                "type": "S"
              },
              {
                "name": "UserId",
                "type": "S"
              }
            ],
            "billing_mode": "PAY_PER_REQUEST",
            "deletion_protection_enabled": false,
            "global_secondary_index": [],
            "hash_key": "UserId",
            "id": "cloudshop-audit",
            "import_table": [],
            "local_secondary_index": [],
            "name": "cloudshop-audit",
            "on_demand_throughput": [],
            "point_in_time_recovery": [
              {
                "enabled": true,
                "recovery_period_in_days": 35
              }
            ],
            "range_key": "Timestamp",
            "read_capacity": 0,
            "replica": [],
            "restore_date_time": null,
            "restore_source_name": null,
            "restore_source_table_arn": null,
            "restore_to_latest_time": null,
            "server_side_encryption": [
              {
                "enabled": true,
                "kms_key_arn": ""
              }
            ],
            "stream_arn": "",
            "stream_enabled": false,
            "stream_label": "",
            "stream_view_type": "",
            "table_class": "STANDARD",
            "tags": {},
            "tags_all": {
              "Environment": "dev",
              "ManagedBy": "Terraform",
              "Project": "CloudShop"
            },
            "timeouts": null,
            "ttl": [
              {
                "attribute_name": "",
                "enabled": false
              }
            ],
            "write_capacity": 0
          },
          "sensitive_attributes": [],
          "identity_schema_version": 0,
          "private": "eyJlMmJmYjczMC1lY2FhLTExZTYtOGY4OC0zNDM2M2JjN2M0YzAiOnsiY3JlYXRlIjoxODAwMDAwMDAwMDAwLCJkZWxldGUiOjYwMDAwMDAwMDAwMCwidXBkYXRlIjozNjAwMDAwMDAwMDAwfSwic2NoZW1hX3ZlcnNpb24iOiIxIn0=",
          "create_before_destroy": true
        }
      ]
    },
    {
      "module": "module.dynamodb",
      "mode": "managed",
      "type": "aws_dynamodb_table",
      "name": "carts",
      "provider": "provider[\"registry.terraform.io/hashicorp/aws\"]",
      "instances": [
        {
          "schema_version": 1,
          "attributes": {
            "arn": "arn:aws:dynamodb:us-east-1:511949652182:table/cloudshop-carts",
            "attribute": [
              {
                "name": "ClientId",
                "type": "S"
              }
            ],
            "billing_mode": "PAY_PER_REQUEST",
            "deletion_protection_enabled": false,
            "global_secondary_index": [],
            "hash_key": "ClientId",
            "id": "cloudshop-carts",
            "import_table": [],
            "local_secondary_index": [],
            "name": "cloudshop-carts",
            "on_demand_throughput": [],
            "point_in_time_recovery": [
              {
                "enabled": true,
                "recovery_period_in_days": 35
              }
            ],
            "range_key": null,
            "read_capacity": 0,
            "replica": [],
            "restore_date_time": null,
            "restore_source_name": null,
            "restore_source_table_arn": null,
            "restore_to_latest_time": null,
            "server_side_encryption": [
              {
                "enabled": true,
                "kms_key_arn": ""
              }
            ],
            "stream_arn": "",
            "stream_enabled": false,
            "stream_label": "",
            "stream_view_type": "",
            "table_class": "STANDARD",
            "tags": {},
            "tags_all": {
              "Environment": "dev",
              "ManagedBy": "Terraform",
              "Project": "CloudShop"
            },
            "timeouts": null,
            "ttl": [
              {
                "attribute_name": "",
                "enabled": false
              }
            ],
            "write_capacity": 0
          },
          "sensitive_attributes": [],
          "identity_schema_version": 0,
          "private": "eyJlMmJmYjczMC1lY2FhLTExZTYtOGY4OC0zNDM2M2JjN2M0YzAiOnsiY3JlYXRlIjoxODAwMDAwMDAwMDAwLCJkZWxldGUiOjYwMDAwMDAwMDAwMCwidXBkYXRlIjozNjAwMDAwMDAwMDAwfSwic2NoZW1hX3ZlcnNpb24iOiIxIn0=",
          "create_before_destroy": true
        }
      ]
    },
    {
      "module": "module.dynamodb",
      "mode": "managed",
      "type": "aws_dynamodb_table",
      "name": "orders",
      "provider": "provider[\"registry.terraform.io/hashicorp/aws\"]",
      "instances": [
        {
          "schema_version": 1,
          "attributes": {
            "arn": "arn:aws:dynamodb:us-east-1:511949652182:table/cloudshop-orders",
            "attribute": [
              {
                "name": "CustomerId",
                "type": "S"
              },
              {
                "name": "OrderId",
                "type": "S"
              },
              {
                "name": "StoreId",
                "type": "S"
              }
            ],
            "billing_mode": "PAY_PER_REQUEST",
            "deletion_protection_enabled": false,
            "global_secondary_index": [
              {
                "hash_key": "StoreId",
                "name": "StoreIdIndex",
                "non_key_attributes": [],
                "on_demand_throughput": [],
                "projection_type": "ALL",
                "range_key": "",
                "read_capacity": 0,
                "write_capacity": 0
              }
            ],
            "hash_key": "CustomerId",
            "id": "cloudshop-orders",
            "import_table": [],
            "local_secondary_index": [],
            "name": "cloudshop-orders",
            "on_demand_throughput": [],
            "point_in_time_recovery": [
              {
                "enabled": true,
                "recovery_period_in_days": 35
              }
            ],
            "range_key": "OrderId",
            "read_capacity": 0,
            "replica": [],
            "restore_date_time": null,
            "restore_source_name": null,
            "restore_source_table_arn": null,
            "restore_to_latest_time": null,
            "server_side_encryption": [
              {
                "enabled": true,
                "kms_key_arn": ""
              }
            ],
            "stream_arn": "",
            "stream_enabled": false,
            "stream_label": "",
            "stream_view_type": "",
            "table_class": "STANDARD",
            "tags": {},
            "tags_all": {
              "Environment": "dev",
              "ManagedBy": "Terraform",
              "Project": "CloudShop"
            },
            "timeouts": null,
            "ttl": [
              {
                "attribute_name": "",
                "enabled": false
              }
            ],
            "write_capacity": 0
          },
          "sensitive_attributes": [],
          "identity_schema_version": 0,
          "private": "eyJlMmJmYjczMC1lY2FhLTExZTYtOGY4OC0zNDM2M2JjN2M0YzAiOnsiY3JlYXRlIjoxODAwMDAwMDAwMDAwLCJkZWxldGUiOjYwMDAwMDAwMDAwMCwidXBkYXRlIjozNjAwMDAwMDAwMDAwfSwic2NoZW1hX3ZlcnNpb24iOiIxIn0=",
          "create_before_destroy": true
        }
      ]
    },
    {
      "module": "module.dynamodb",
      "mode": "managed",
      "type": "aws_dynamodb_table",
      "name": "products",
      "provider": "provider[\"registry.terraform.io/hashicorp/aws\"]",
      "instances": [
        {
          "schema_version": 1,
          "attributes": {
            "arn": "arn:aws:dynamodb:us-east-1:511949652182:table/cloudshop-products",
            "attribute": [
              {
                "name": "ProductId",
                "type": "S"
              },
              {
                "name": "StoreId",
                "type": "S"
              }
            ],
            "billing_mode": "PAY_PER_REQUEST",
            "deletion_protection_enabled": false,
            "global_secondary_index": [],
            "hash_key": "StoreId",
            "id": "cloudshop-products",
            "import_table": [],
            "local_secondary_index": [],
            "name": "cloudshop-products",
            "on_demand_throughput": [],
            "point_in_time_recovery": [
              {
                "enabled": true,
                "recovery_period_in_days": 35
              }
            ],
            "range_key": "ProductId",
            "read_capacity": 0,
            "replica": [],
            "restore_date_time": null,
            "restore_source_name": null,
            "restore_source_table_arn": null,
            "restore_to_latest_time": null,
            "server_side_encryption": [
              {
                "enabled": true,
                "kms_key_arn": ""
              }
            ],
            "stream_arn": "",
            "stream_enabled": false,
            "stream_label": "",
            "stream_view_type": "",
            "table_class": "STANDARD",
            "tags": {},
            "tags_all": {
              "Environment": "dev",
              "ManagedBy": "Terraform",
              "Project": "CloudShop"
            },
            "timeouts": null,
            "ttl": [
              {
                "attribute_name": "",
                "enabled": false
              }
            ],
            "write_capacity": 0
          },
          "sensitive_attributes": [],
          "identity_schema_version": 0,
          "private": "eyJlMmJmYjczMC1lY2FhLTExZTYtOGY4OC0zNDM2M2JjN2M0YzAiOnsiY3JlYXRlIjoxODAwMDAwMDAwMDAwLCJkZWxldGUiOjYwMDAwMDAwMDAwMCwidXBkYXRlIjozNjAwMDAwMDAwMDAwfSwic2NoZW1hX3ZlcnNpb24iOiIxIn0=",
          "create_before_destroy": true
        }
      ]
    },
    {
      "module": "module.dynamodb",
      "mode": "managed",
      "type": "aws_dynamodb_table",
      "name": "stores",
      "provider": "provider[\"registry.terraform.io/hashicorp/aws\"]",
      "instances": [
        {
          "schema_version": 1,
          "attributes": {
            "arn": "arn:aws:dynamodb:us-east-1:511949652182:table/cloudshop-stores",
            "attribute": [
              {
                "name": "StoreId",
                "type": "S"
              }
            ],
            "billing_mode": "PAY_PER_REQUEST",
            "deletion_protection_enabled": false,
            "global_secondary_index": [],
            "hash_key": "StoreId",
            "id": "cloudshop-stores",
            "import_table": [],
            "local_secondary_index": [],
            "name": "cloudshop-stores",
            "on_demand_throughput": [],
            "point_in_time_recovery": [
              {
                "enabled": true,
                "recovery_period_in_days": 35
              }
            ],
            "range_key": null,
            "read_capacity": 0,
            "replica": [],
            "restore_date_time": null,
            "restore_source_name": null,
            "restore_source_table_arn": null,
            "restore_to_latest_time": null,
            "server_side_encryption": [
              {
                "enabled": true,
                "kms_key_arn": ""
              }
            ],
            "stream_arn": "",
            "stream_enabled": false,
            "stream_label": "",
            "stream_view_type": "",
            "table_class": "STANDARD",
            "tags": {},
            "tags_all": {
              "Environment": "dev",
              "ManagedBy": "Terraform",
              "Project": "CloudShop"
            },
            "timeouts": null,
            "ttl": [
              {
                "attribute_name": "",
                "enabled": false
              }
            ],
            "write_capacity": 0
          },
          "sensitive_attributes": [],
          "identity_schema_version": 0,
          "private": "eyJlMmJmYjczMC1lY2FhLTExZTYtOGY4OC0zNDM2M2JjN2M0YzAiOnsiY3JlYXRlIjoxODAwMDAwMDAwMDAwLCJkZWxldGUiOjYwMDAwMDAwMDAwMCwidXBkYXRlIjozNjAwMDAwMDAwMDAwfSwic2NoZW1hX3ZlcnNpb24iOiIxIn0=",
          "create_before_destroy": true
        }
      ]
    },
    {
      "module": "module.eventbridge",
      "mode": "managed",
      "type": "aws_cloudwatch_event_bus",
      "name": "this",
      "provider": "provider[\"registry.terraform.io/hashicorp/aws\"]",
      "instances": [
        {
          "schema_version": 0,
          "attributes": {
            "arn": "arn:aws:events:us-east-1:511949652182:event-bus/cloudshop-events",
            "dead_letter_config": [],
            "description": "",
            "event_source_name": null,
            "id": "cloudshop-events",
            "kms_key_identifier": "",
            "name": "cloudshop-events",
            "tags": {},
            "tags_all": {
              "Environment": "dev",
              "ManagedBy": "Terraform",
              "Project": "CloudShop"
            }
          },
          "sensitive_attributes": [],
          "identity_schema_version": 0,
          "private": "bnVsbA=="
        }
      ]
    },
    {
      "module": "module.eventbridge",
      "mode": "managed",
      "type": "aws_cloudwatch_event_rule",
      "name": "order_cancelled",
      "provider": "provider[\"registry.terraform.io/hashicorp/aws\"]",
      "instances": [
        {
          "schema_version": 1,
          "attributes": {
            "arn": "arn:aws:events:us-east-1:511949652182:rule/cloudshop-events/cloudshop-order-cancelled",
            "description": "",
            "event_bus_name": "cloudshop-events",
            "event_pattern": "{\"detail-type\":[\"OrderCancelled\"],\"source\":[\"cloudshop.orders\"]}",
            "force_destroy": false,
            "id": "cloudshop-events/cloudshop-order-cancelled",
            "is_enabled": true,
            "name": "cloudshop-order-cancelled",
            "name_prefix": "",
            "role_arn": "",
            "schedule_expression": "",
            "state": "ENABLED",
            "tags": {},
            "tags_all": {
              "Environment": "dev",
              "ManagedBy": "Terraform",
              "Project": "CloudShop"
            }
          },
          "sensitive_attributes": [],
          "identity_schema_version": 0,
          "private": "eyJzY2hlbWFfdmVyc2lvbiI6IjEifQ==",
          "dependencies": [
            "module.eventbridge.aws_cloudwatch_event_bus.this"
          ]
        }
      ]
    },
    {
      "module": "module.eventbridge",
      "mode": "managed",
      "type": "aws_cloudwatch_event_rule",
      "name": "order_created",
      "provider": "provider[\"registry.terraform.io/hashicorp/aws\"]",
      "instances": [
        {
          "schema_version": 1,
          "attributes": {
            "arn": "arn:aws:events:us-east-1:511949652182:rule/cloudshop-events/cloudshop-order-created",
            "description": "",
            "event_bus_name": "cloudshop-events",
            "event_pattern": "{\"detail-type\":[\"OrderCreated\"],\"source\":[\"cloudshop.orders\"]}",
            "force_destroy": false,
            "id": "cloudshop-events/cloudshop-order-created",
            "is_enabled": true,
            "name": "cloudshop-order-created",
            "name_prefix": "",
            "role_arn": "",
            "schedule_expression": "",
            "state": "ENABLED",
            "tags": {},
            "tags_all": {
              "Environment": "dev",
              "ManagedBy": "Terraform",
              "Project": "CloudShop"
            }
          },
          "sensitive_attributes": [],
          "identity_schema_version": 0,
          "private": "eyJzY2hlbWFfdmVyc2lvbiI6IjEifQ==",
          "dependencies": [
            "module.eventbridge.aws_cloudwatch_event_bus.this"
          ]
        }
      ]
    },
    {
      "module": "module.eventbridge",
      "mode": "managed",
      "type": "aws_cloudwatch_event_rule",
      "name": "order_status_changed",
      "provider": "provider[\"registry.terraform.io/hashicorp/aws\"]",
      "instances": [
        {
          "schema_version": 1,
          "attributes": {
            "arn": "arn:aws:events:us-east-1:511949652182:rule/cloudshop-events/cloudshop-order-status-changed",
            "description": "",
            "event_bus_name": "cloudshop-events",
            "event_pattern": "{\"detail-type\":[\"OrderStatusChanged\"],\"source\":[\"cloudshop.orders\"]}",
            "force_destroy": false,
            "id": "cloudshop-events/cloudshop-order-status-changed",
            "is_enabled": true,
            "name": "cloudshop-order-status-changed",
            "name_prefix": "",
            "role_arn": "",
            "schedule_expression": "",
            "state": "ENABLED",
            "tags": {},
            "tags_all": {
              "Environment": "dev",
              "ManagedBy": "Terraform",
              "Project": "CloudShop"
            }
          },
          "sensitive_attributes": [],
          "identity_schema_version": 0,
          "private": "eyJzY2hlbWFfdmVyc2lvbiI6IjEifQ==",
          "dependencies": [
            "module.eventbridge.aws_cloudwatch_event_bus.this"
          ]
        }
      ]
    },
    {
      "module": "module.eventbridge",
      "mode": "managed",
      "type": "aws_cloudwatch_event_target",
      "name": "audit",
      "provider": "provider[\"registry.terraform.io/hashicorp/aws\"]",
      "instances": [
        {
          "index_key": "order_cancelled",
          "schema_version": 1,
          "attributes": {
            "appsync_target": [],
            "arn": "arn:aws:lambda:us-east-1:511949652182:function:cloudshop-events-audit",
            "batch_target": [],
            "dead_letter_config": [],
            "ecs_target": [],
            "event_bus_name": "cloudshop-events",
            "force_destroy": false,
            "http_target": [],
            "id": "cloudshop-events-cloudshop-order-cancelled-audit",
            "input": "",
            "input_path": "",
            "input_transformer": [],
            "kinesis_target": [],
            "redshift_target": [],
            "retry_policy": [],
            "role_arn": "",
            "rule": "cloudshop-order-cancelled",
            "run_command_targets": [],
            "sagemaker_pipeline_target": [],
            "sqs_target": [],
            "target_id": "audit"
          },
          "sensitive_attributes": [],
          "identity_schema_version": 0,
          "private": "eyJzY2hlbWFfdmVyc2lvbiI6IjEifQ==",
          "dependencies": [
            "module.dynamodb.aws_dynamodb_table.audit",
            "module.dynamodb.aws_dynamodb_table.carts",
            "module.dynamodb.aws_dynamodb_table.orders",
            "module.dynamodb.aws_dynamodb_table.products",
            "module.dynamodb.aws_dynamodb_table.stores",
            "module.eventbridge.aws_cloudwatch_event_bus.this",
            "module.eventbridge.aws_cloudwatch_event_rule.order_cancelled",
            "module.eventbridge.aws_cloudwatch_event_rule.order_created",
            "module.eventbridge.aws_cloudwatch_event_rule.order_status_changed",
            "module.iam.aws_iam_role.audit",
            "module.iam.aws_iam_role.carts",
            "module.iam.aws_iam_role.dashboard",
            "module.iam.aws_iam_role.notifications",
            "module.iam.aws_iam_role.orders",
            "module.iam.aws_iam_role.products",
            "module.iam.aws_iam_role.stores",
            "module.iam.aws_iam_role.users",
            "module.iam.data.aws_iam_policy_document.lambda_assume_role",
            "module.lambdas.aws_cloudwatch_log_group.this",
            "module.lambdas.aws_lambda_function.this",
            "module.lambdas.data.archive_file.this"
          ]
        },
        {
          "index_key": "order_created",
          "schema_version": 1,
          "attributes": {
            "appsync_target": [],
            "arn": "arn:aws:lambda:us-east-1:511949652182:function:cloudshop-events-audit",
            "batch_target": [],
            "dead_letter_config": [],
            "ecs_target": [],
            "event_bus_name": "cloudshop-events",
            "force_destroy": false,
            "http_target": [],
            "id": "cloudshop-events-cloudshop-order-created-audit",
            "input": "",
            "input_path": "",
            "input_transformer": [],
            "kinesis_target": [],
            "redshift_target": [],
            "retry_policy": [],
            "role_arn": "",
            "rule": "cloudshop-order-created",
            "run_command_targets": [],
            "sagemaker_pipeline_target": [],
            "sqs_target": [],
            "target_id": "audit"
          },
          "sensitive_attributes": [],
          "identity_schema_version": 0,
          "private": "eyJzY2hlbWFfdmVyc2lvbiI6IjEifQ==",
          "dependencies": [
            "module.dynamodb.aws_dynamodb_table.audit",
            "module.dynamodb.aws_dynamodb_table.carts",
            "module.dynamodb.aws_dynamodb_table.orders",
            "module.dynamodb.aws_dynamodb_table.products",
            "module.dynamodb.aws_dynamodb_table.stores",
            "module.eventbridge.aws_cloudwatch_event_bus.this",
            "module.eventbridge.aws_cloudwatch_event_rule.order_cancelled",
            "module.eventbridge.aws_cloudwatch_event_rule.order_created",
            "module.eventbridge.aws_cloudwatch_event_rule.order_status_changed",
            "module.iam.aws_iam_role.audit",
            "module.iam.aws_iam_role.carts",
            "module.iam.aws_iam_role.dashboard",
            "module.iam.aws_iam_role.notifications",
            "module.iam.aws_iam_role.orders",
            "module.iam.aws_iam_role.products",
            "module.iam.aws_iam_role.stores",
            "module.iam.aws_iam_role.users",
            "module.iam.data.aws_iam_policy_document.lambda_assume_role",
            "module.lambdas.aws_cloudwatch_log_group.this",
            "module.lambdas.aws_lambda_function.this",
            "module.lambdas.data.archive_file.this"
          ]
        },
        {
          "index_key": "order_status_changed",
          "schema_version": 1,
          "attributes": {
            "appsync_target": [],
            "arn": "arn:aws:lambda:us-east-1:511949652182:function:cloudshop-events-audit",
            "batch_target": [],
            "dead_letter_config": [],
            "ecs_target": [],
            "event_bus_name": "cloudshop-events",
            "force_destroy": false,
            "http_target": [],
            "id": "cloudshop-events-cloudshop-order-status-changed-audit",
            "input": "",
            "input_path": "",
            "input_transformer": [],
            "kinesis_target": [],
            "redshift_target": [],
            "retry_policy": [],
            "role_arn": "",
            "rule": "cloudshop-order-status-changed",
            "run_command_targets": [],
            "sagemaker_pipeline_target": [],
            "sqs_target": [],
            "target_id": "audit"
          },
          "sensitive_attributes": [],
          "identity_schema_version": 0,
          "private": "eyJzY2hlbWFfdmVyc2lvbiI6IjEifQ==",
          "dependencies": [
            "module.dynamodb.aws_dynamodb_table.audit",
            "module.dynamodb.aws_dynamodb_table.carts",
            "module.dynamodb.aws_dynamodb_table.orders",
            "module.dynamodb.aws_dynamodb_table.products",
            "module.dynamodb.aws_dynamodb_table.stores",
            "module.eventbridge.aws_cloudwatch_event_bus.this",
            "module.eventbridge.aws_cloudwatch_event_rule.order_cancelled",
            "module.eventbridge.aws_cloudwatch_event_rule.order_created",
            "module.eventbridge.aws_cloudwatch_event_rule.order_status_changed",
            "module.iam.aws_iam_role.audit",
            "module.iam.aws_iam_role.carts",
            "module.iam.aws_iam_role.dashboard",
            "module.iam.aws_iam_role.notifications",
            "module.iam.aws_iam_role.orders",
            "module.iam.aws_iam_role.products",
            "module.iam.aws_iam_role.stores",
            "module.iam.aws_iam_role.users",
            "module.iam.data.aws_iam_policy_document.lambda_assume_role",
            "module.lambdas.aws_cloudwatch_log_group.this",
            "module.lambdas.aws_lambda_function.this",
            "module.lambdas.data.archive_file.this"
          ]
        }
      ]
    },
    {
      "module": "module.eventbridge",
      "mode": "managed",
      "type": "aws_cloudwatch_event_target",
      "name": "notifications_order_created",
      "provider": "provider[\"registry.terraform.io/hashicorp/aws\"]",
      "instances": [
        {
          "schema_version": 1,
          "attributes": {
            "appsync_target": [],
            "arn": "arn:aws:lambda:us-east-1:511949652182:function:cloudshop-notifications-send-order",
            "batch_target": [],
            "dead_letter_config": [],
            "ecs_target": [],
            "event_bus_name": "cloudshop-events",
            "force_destroy": false,
            "http_target": [],
            "id": "cloudshop-events-cloudshop-order-created-notifications",
            "input": "",
            "input_path": "",
            "input_transformer": [
              {
                "input_paths": {
                  "customer_email": "$.detail.Email",
                  "customer_id": "$.detail.CustomerId",
                  "items": "$.detail.Items",
                  "order_id": "$.detail.OrderId",
                  "status": "$.detail.Status",
                  "total": "$.detail.Total"
                },
                "input_template": "{\r\n  \"body\": \"{\\\"order_id\\\": \\\"\u003corder_id\u003e\\\", \\\"customer_id\\\": \\\"\u003ccustomer_id\u003e\\\", \\\"customer_email\\\": \\\"\u003ccustomer_email\u003e\\\", \\\"items\\\": \u003citems\u003e, \\\"status\\\": \\\"\u003cstatus\u003e\\\", \\\"total\\\": \u003ctotal\u003e}\"\r\n}\r\n"
              }
            ],
            "kinesis_target": [],
            "redshift_target": [],
            "retry_policy": [],
            "role_arn": "",
            "rule": "cloudshop-order-created",
            "run_command_targets": [],
            "sagemaker_pipeline_target": [],
            "sqs_target": [],
            "target_id": "notifications"
          },
          "sensitive_attributes": [],
          "identity_schema_version": 0,
          "private": "eyJzY2hlbWFfdmVyc2lvbiI6IjEifQ==",
          "dependencies": [
            "module.dynamodb.aws_dynamodb_table.audit",
            "module.dynamodb.aws_dynamodb_table.carts",
            "module.dynamodb.aws_dynamodb_table.orders",
            "module.dynamodb.aws_dynamodb_table.products",
            "module.dynamodb.aws_dynamodb_table.stores",
            "module.eventbridge.aws_cloudwatch_event_bus.this",
            "module.eventbridge.aws_cloudwatch_event_rule.order_created",
            "module.iam.aws_iam_role.audit",
            "module.iam.aws_iam_role.carts",
            "module.iam.aws_iam_role.dashboard",
            "module.iam.aws_iam_role.notifications",
            "module.iam.aws_iam_role.orders",
            "module.iam.aws_iam_role.products",
            "module.iam.aws_iam_role.stores",
            "module.iam.aws_iam_role.users",
            "module.iam.data.aws_iam_policy_document.lambda_assume_role",
            "module.lambdas.aws_cloudwatch_log_group.this",
            "module.lambdas.aws_lambda_function.this",
            "module.lambdas.data.archive_file.this"
          ]
        }
      ]
    },
    {
      "module": "module.eventbridge",
      "mode": "managed",
      "type": "aws_lambda_permission",
      "name": "audit",
      "provider": "provider[\"registry.terraform.io/hashicorp/aws\"]",
      "instances": [
        {
          "index_key": "order_cancelled",
          "schema_version": 0,
          "attributes": {
            "action": "lambda:InvokeFunction",
            "event_source_token": null,
            "function_name": "cloudshop-events-audit",
            "function_url_auth_type": null,
            "id": "AllowEventBridgeorder_cancelledAudit",
            "principal": "events.amazonaws.com",
            "principal_org_id": null,
            "qualifier": "",
            "source_account": null,
            "source_arn": "arn:aws:events:us-east-1:511949652182:rule/cloudshop-events/cloudshop-order-cancelled",
            "statement_id": "AllowEventBridgeorder_cancelledAudit",
            "statement_id_prefix": ""
          },
          "sensitive_attributes": [],
          "identity_schema_version": 0,
          "private": "bnVsbA==",
          "dependencies": [
            "module.dynamodb.aws_dynamodb_table.audit",
            "module.dynamodb.aws_dynamodb_table.carts",
            "module.dynamodb.aws_dynamodb_table.orders",
            "module.dynamodb.aws_dynamodb_table.products",
            "module.dynamodb.aws_dynamodb_table.stores",
            "module.eventbridge.aws_cloudwatch_event_bus.this",
            "module.eventbridge.aws_cloudwatch_event_rule.order_cancelled",
            "module.eventbridge.aws_cloudwatch_event_rule.order_created",
            "module.eventbridge.aws_cloudwatch_event_rule.order_status_changed",
            "module.iam.aws_iam_role.audit",
            "module.iam.aws_iam_role.carts",
            "module.iam.aws_iam_role.dashboard",
            "module.iam.aws_iam_role.notifications",
            "module.iam.aws_iam_role.orders",
            "module.iam.aws_iam_role.products",
            "module.iam.aws_iam_role.stores",
            "module.iam.aws_iam_role.users",
            "module.iam.data.aws_iam_policy_document.lambda_assume_role",
            "module.lambdas.aws_cloudwatch_log_group.this",
            "module.lambdas.aws_lambda_function.this",
            "module.lambdas.data.archive_file.this"
          ]
        },
        {
          "index_key": "order_created",
          "schema_version": 0,
          "attributes": {
            "action": "lambda:InvokeFunction",
            "event_source_token": null,
            "function_name": "cloudshop-events-audit",
            "function_url_auth_type": null,
            "id": "AllowEventBridgeorder_createdAudit",
            "principal": "events.amazonaws.com",
            "principal_org_id": null,
            "qualifier": "",
            "source_account": null,
            "source_arn": "arn:aws:events:us-east-1:511949652182:rule/cloudshop-events/cloudshop-order-created",
            "statement_id": "AllowEventBridgeorder_createdAudit",
            "statement_id_prefix": ""
          },
          "sensitive_attributes": [],
          "identity_schema_version": 0,
          "private": "bnVsbA==",
          "dependencies": [
            "module.dynamodb.aws_dynamodb_table.audit",
            "module.dynamodb.aws_dynamodb_table.carts",
            "module.dynamodb.aws_dynamodb_table.orders",
            "module.dynamodb.aws_dynamodb_table.products",
            "module.dynamodb.aws_dynamodb_table.stores",
            "module.eventbridge.aws_cloudwatch_event_bus.this",
            "module.eventbridge.aws_cloudwatch_event_rule.order_cancelled",
            "module.eventbridge.aws_cloudwatch_event_rule.order_created",
            "module.eventbridge.aws_cloudwatch_event_rule.order_status_changed",
            "module.iam.aws_iam_role.audit",
            "module.iam.aws_iam_role.carts",
            "module.iam.aws_iam_role.dashboard",
            "module.iam.aws_iam_role.notifications",
            "module.iam.aws_iam_role.orders",
            "module.iam.aws_iam_role.products",
            "module.iam.aws_iam_role.stores",
            "module.iam.aws_iam_role.users",
            "module.iam.data.aws_iam_policy_document.lambda_assume_role",
            "module.lambdas.aws_cloudwatch_log_group.this",
            "module.lambdas.aws_lambda_function.this",
            "module.lambdas.data.archive_file.this"
          ]
        },
        {
          "index_key": "order_status_changed",
          "schema_version": 0,
          "attributes": {
            "action": "lambda:InvokeFunction",
            "event_source_token": null,
            "function_name": "cloudshop-events-audit",
            "function_url_auth_type": null,
            "id": "AllowEventBridgeorder_status_changedAudit",
            "principal": "events.amazonaws.com",
            "principal_org_id": null,
            "qualifier": "",
            "source_account": null,
            "source_arn": "arn:aws:events:us-east-1:511949652182:rule/cloudshop-events/cloudshop-order-status-changed",
            "statement_id": "AllowEventBridgeorder_status_changedAudit",
            "statement_id_prefix": ""
          },
          "sensitive_attributes": [],
          "identity_schema_version": 0,
          "private": "bnVsbA==",
          "dependencies": [
            "module.dynamodb.aws_dynamodb_table.audit",
            "module.dynamodb.aws_dynamodb_table.carts",
            "module.dynamodb.aws_dynamodb_table.orders",
            "module.dynamodb.aws_dynamodb_table.products",
            "module.dynamodb.aws_dynamodb_table.stores",
            "module.eventbridge.aws_cloudwatch_event_bus.this",
            "module.eventbridge.aws_cloudwatch_event_rule.order_cancelled",
            "module.eventbridge.aws_cloudwatch_event_rule.order_created",
            "module.eventbridge.aws_cloudwatch_event_rule.order_status_changed",
            "module.iam.aws_iam_role.audit",
            "module.iam.aws_iam_role.carts",
            "module.iam.aws_iam_role.dashboard",
            "module.iam.aws_iam_role.notifications",
            "module.iam.aws_iam_role.orders",
            "module.iam.aws_iam_role.products",
            "module.iam.aws_iam_role.stores",
            "module.iam.aws_iam_role.users",
            "module.iam.data.aws_iam_policy_document.lambda_assume_role",
            "module.lambdas.aws_cloudwatch_log_group.this",
            "module.lambdas.aws_lambda_function.this",
            "module.lambdas.data.archive_file.this"
          ]
        }
      ]
    },
    {
      "module": "module.eventbridge",
      "mode": "managed",
      "type": "aws_lambda_permission",
      "name": "notifications_order_created",
      "provider": "provider[\"registry.terraform.io/hashicorp/aws\"]",
      "instances": [
        {
          "schema_version": 0,
          "attributes": {
            "action": "lambda:InvokeFunction",
            "event_source_token": null,
            "function_name": "cloudshop-notifications-send-order",
            "function_url_auth_type": null,
            "id": "AllowEventBridgeOrderCreatedNotifications",
            "principal": "events.amazonaws.com",
            "principal_org_id": null,
            "qualifier": "",
            "source_account": null,
            "source_arn": "arn:aws:events:us-east-1:511949652182:rule/cloudshop-events/cloudshop-order-created",
            "statement_id": "AllowEventBridgeOrderCreatedNotifications",
            "statement_id_prefix": ""
          },
          "sensitive_attributes": [],
          "identity_schema_version": 0,
          "private": "bnVsbA==",
          "dependencies": [
            "module.dynamodb.aws_dynamodb_table.audit",
            "module.dynamodb.aws_dynamodb_table.carts",
            "module.dynamodb.aws_dynamodb_table.orders",
            "module.dynamodb.aws_dynamodb_table.products",
            "module.dynamodb.aws_dynamodb_table.stores",
            "module.eventbridge.aws_cloudwatch_event_bus.this",
            "module.eventbridge.aws_cloudwatch_event_rule.order_created",
            "module.iam.aws_iam_role.audit",
            "module.iam.aws_iam_role.carts",
            "module.iam.aws_iam_role.dashboard",
            "module.iam.aws_iam_role.notifications",
            "module.iam.aws_iam_role.orders",
            "module.iam.aws_iam_role.products",
            "module.iam.aws_iam_role.stores",
            "module.iam.aws_iam_role.users",
            "module.iam.data.aws_iam_policy_document.lambda_assume_role",
            "module.lambdas.aws_cloudwatch_log_group.this",
            "module.lambdas.aws_lambda_function.this",
            "module.lambdas.data.archive_file.this"
          ]
        }
      ]
    },
    {
      "module": "module.frontend_deploy",
      "mode": "managed",
      "type": "local_file",
      "name": "env_production",
      "provider": "provider[\"registry.terraform.io/hashicorp/local\"]",
      "instances": [
        {
          "schema_version": 0,
          "attributes": {
            "content": "VITE_API_URL=https://hrxk7wkv57.execute-api.us-east-1.amazonaws.com/dev\r\nVITE_COGNITO_USER_POOL_ID=us-east-1_q1p8VOvHv\r\nVITE_COGNITO_CLIENT_ID=7ru1n597qu1lkgnk991sk27mog\r\nVITE_AWS_REGION=us-east-1\r\n",
            "content_base64": null,
            "content_base64sha256": "hWNyvTqJxb8d7yHQaxKy7gayrFqL4oLcglXbohiZxyI=",
            "content_base64sha512": "8Mf6Qy1pHDU7kyg/6TP7RDd72ZemlfmvRq/LKtDh2o6pfA11r+TgeAZxfTNOVbBa0jyAZCCm2CL2c20DHCF5vg==",
            "content_md5": "947fe714a6c5960424e13ccfc04273d8",
            "content_sha1": "6ce2e5c834cb71d42b29d7148a02b3e50d00a015",
            "content_sha256": "856372bd3a89c5bf1def21d06b12b2ee06b2ac5a8be282dc8255dba21899c722",
            "content_sha512": "f0c7fa432d691c353b93283fe933fb44377bd997a695f9af46afcb2ad0e1da8ea97c0d75afe4e07806717d334e55b05ad23c806420a6d822f6736d031c2179be",
            "directory_permission": "0777",
            "file_permission": "0777",
            "filename": "./frontend/.env.production",
            "id": "6ce2e5c834cb71d42b29d7148a02b3e50d00a015",
            "sensitive_content": null,
            "source": null
          },
          "sensitive_attributes": [
            [
              {
                "type": "get_attr",
                "value": "sensitive_content"
              }
            ]
          ],
          "identity_schema_version": 0,
          "dependencies": [
            "module.api_gateway.aws_api_gateway_api_key.this",
            "module.api_gateway.aws_api_gateway_authorizer.cognito",
            "module.api_gateway.aws_api_gateway_deployment.this",
            "module.api_gateway.aws_api_gateway_gateway_response.cors_4xx",
            "module.api_gateway.aws_api_gateway_gateway_response.cors_5xx",
            "module.api_gateway.aws_api_gateway_integration.options",
            "module.api_gateway.aws_api_gateway_integration.route",
            "module.api_gateway.aws_api_gateway_integration_response.options",
            "module.api_gateway.aws_api_gateway_method.options",
            "module.api_gateway.aws_api_gateway_method.route",
            "module.api_gateway.aws_api_gateway_method_response.options",
            "module.api_gateway.aws_api_gateway_resource.audit",
            "module.api_gateway.aws_api_gateway_resource.carts",
            "module.api_gateway.aws_api_gateway_resource.carts_id",
            "module.api_gateway.aws_api_gateway_resource.carts_id_products",
            "module.api_gateway.aws_api_gateway_resource.carts_id_products_id",
            "module.api_gateway.aws_api_gateway_resource.dashboard",
            "module.api_gateway.aws_api_gateway_resource.orders",
            "module.api_gateway.aws_api_gateway_resource.orders_id",
            "module.api_gateway.aws_api_gateway_resource.products",
            "module.api_gateway.aws_api_gateway_resource.products_id",
            "module.api_gateway.aws_api_gateway_resource.registrations",
            "module.api_gateway.aws_api_gateway_resource.stores",
            "module.api_gateway.aws_api_gateway_resource.stores_id",
            "module.api_gateway.aws_api_gateway_resource.users",
            "module.api_gateway.aws_api_gateway_resource.users_id",
            "module.api_gateway.aws_api_gateway_rest_api.this",
            "module.api_gateway.aws_api_gateway_stage.this",
            "module.api_gateway.aws_api_gateway_usage_plan.this",
            "module.api_gateway.aws_api_gateway_usage_plan_key.this",
            "module.api_gateway.aws_lambda_permission.route",
            "module.cloudfront.aws_cloudfront_distribution.frontend",
            "module.cloudfront.aws_cloudfront_origin_access_control.frontend",
            "module.cloudfront.aws_s3_bucket_policy.frontend",
            "module.cloudfront.data.aws_iam_policy_document.frontend_oac",
            "module.cognito.aws_cognito_user_group.admin",
            "module.cognito.aws_cognito_user_group.cliente",
            "module.cognito.aws_cognito_user_group.operator",
            "module.cognito.aws_cognito_user_pool.users",
            "module.cognito.aws_cognito_user_pool_client.web",
            "module.dynamodb.aws_dynamodb_table.audit",
            "module.dynamodb.aws_dynamodb_table.carts",
            "module.dynamodb.aws_dynamodb_table.orders",
            "module.dynamodb.aws_dynamodb_table.products",
            "module.dynamodb.aws_dynamodb_table.stores",
            "module.iam.aws_iam_role.audit",
            "module.iam.aws_iam_role.carts",
            "module.iam.aws_iam_role.dashboard",
            "module.iam.aws_iam_role.notifications",
            "module.iam.aws_iam_role.orders",
            "module.iam.aws_iam_role.products",
            "module.iam.aws_iam_role.stores",
            "module.iam.aws_iam_role.users",
            "module.iam.data.aws_iam_policy_document.lambda_assume_role",
            "module.lambdas.aws_cloudwatch_log_group.this",
            "module.lambdas.aws_lambda_function.this",
            "module.lambdas.data.archive_file.this",
            "module.s3.aws_s3_bucket.frontend",
            "module.s3.aws_s3_bucket_public_access_block.frontend",
            "module.s3.aws_s3_bucket_server_side_encryption_configuration.frontend",
            "module.s3.aws_s3_bucket_versioning.frontend",
            "module.s3.random_string.suffix",
            "module.waf.aws_wafv2_web_acl.cdn"
          ]
        }
      ]
    },
    {
      "module": "module.frontend_deploy",
      "mode": "managed",
      "type": "null_resource",
      "name": "cloudfront_invalidation",
      "provider": "provider[\"registry.terraform.io/hashicorp/null\"]",
      "instances": [
        {
          "schema_version": 0,
          "attributes": {
            "id": "3262806346032070135",
            "triggers": {
              "invalidation_trigger": "2026-07-26T08:18:00Z"
            }
          },
          "sensitive_attributes": [],
          "identity_schema_version": 0,
          "dependencies": [
            "module.api_gateway.aws_api_gateway_api_key.this",
            "module.api_gateway.aws_api_gateway_authorizer.cognito",
            "module.api_gateway.aws_api_gateway_deployment.this",
            "module.api_gateway.aws_api_gateway_gateway_response.cors_4xx",
            "module.api_gateway.aws_api_gateway_gateway_response.cors_5xx",
            "module.api_gateway.aws_api_gateway_integration.options",
            "module.api_gateway.aws_api_gateway_integration.route",
            "module.api_gateway.aws_api_gateway_integration_response.options",
            "module.api_gateway.aws_api_gateway_method.options",
            "module.api_gateway.aws_api_gateway_method.route",
            "module.api_gateway.aws_api_gateway_method_response.options",
            "module.api_gateway.aws_api_gateway_resource.audit",
            "module.api_gateway.aws_api_gateway_resource.carts",
            "module.api_gateway.aws_api_gateway_resource.carts_id",
            "module.api_gateway.aws_api_gateway_resource.carts_id_products",
            "module.api_gateway.aws_api_gateway_resource.carts_id_products_id",
            "module.api_gateway.aws_api_gateway_resource.dashboard",
            "module.api_gateway.aws_api_gateway_resource.orders",
            "module.api_gateway.aws_api_gateway_resource.orders_id",
            "module.api_gateway.aws_api_gateway_resource.products",
            "module.api_gateway.aws_api_gateway_resource.products_id",
            "module.api_gateway.aws_api_gateway_resource.registrations",
            "module.api_gateway.aws_api_gateway_resource.stores",
            "module.api_gateway.aws_api_gateway_resource.stores_id",
            "module.api_gateway.aws_api_gateway_resource.users",
            "module.api_gateway.aws_api_gateway_resource.users_id",
            "module.api_gateway.aws_api_gateway_rest_api.this",
            "module.api_gateway.aws_api_gateway_stage.this",
            "module.api_gateway.aws_api_gateway_usage_plan.this",
            "module.api_gateway.aws_api_gateway_usage_plan_key.this",
            "module.api_gateway.aws_lambda_permission.route",
            "module.cloudfront.aws_cloudfront_distribution.frontend",
            "module.cloudfront.aws_cloudfront_origin_access_control.frontend",
            "module.cloudfront.aws_s3_bucket_policy.frontend",
            "module.cloudfront.data.aws_iam_policy_document.frontend_oac",
            "module.cognito.aws_cognito_user_group.admin",
            "module.cognito.aws_cognito_user_group.cliente",
            "module.cognito.aws_cognito_user_group.operator",
            "module.cognito.aws_cognito_user_pool.users",
            "module.cognito.aws_cognito_user_pool_client.web",
            "module.dynamodb.aws_dynamodb_table.audit",
            "module.dynamodb.aws_dynamodb_table.carts",
            "module.dynamodb.aws_dynamodb_table.orders",
            "module.dynamodb.aws_dynamodb_table.products",
            "module.dynamodb.aws_dynamodb_table.stores",
            "module.frontend_deploy.local_file.env_production",
            "module.frontend_deploy.null_resource.frontend_build",
            "module.frontend_deploy.null_resource.s3_sync",
            "module.iam.aws_iam_role.audit",
            "module.iam.aws_iam_role.carts",
            "module.iam.aws_iam_role.dashboard",
            "module.iam.aws_iam_role.notifications",
            "module.iam.aws_iam_role.orders",
            "module.iam.aws_iam_role.products",
            "module.iam.aws_iam_role.stores",
            "module.iam.aws_iam_role.users",
            "module.iam.data.aws_iam_policy_document.lambda_assume_role",
            "module.lambdas.aws_cloudwatch_log_group.this",
            "module.lambdas.aws_lambda_function.this",
            "module.lambdas.data.archive_file.this",
            "module.s3.aws_s3_bucket.frontend",
            "module.s3.aws_s3_bucket_public_access_block.frontend",
            "module.s3.aws_s3_bucket_server_side_encryption_configuration.frontend",
            "module.s3.aws_s3_bucket_versioning.frontend",
            "module.s3.random_string.suffix",
            "module.waf.aws_wafv2_web_acl.cdn"
          ]
        }
      ]
    },
    {
      "module": "module.frontend_deploy",
      "mode": "managed",
      "type": "null_resource",
      "name": "frontend_build",
      "provider": "provider[\"registry.terraform.io/hashicorp/null\"]",
      "instances": [
        {
          "schema_version": 0,
          "attributes": {
            "id": "5141093575607032536",
            "triggers": {
              "env_hash": "856372bd3a89c5bf1def21d06b12b2ee06b2ac5a8be282dc8255dba21899c722"
            }
          },
          "sensitive_attributes": [],
          "identity_schema_version": 0,
          "dependencies": [
            "module.api_gateway.aws_api_gateway_api_key.this",
            "module.api_gateway.aws_api_gateway_authorizer.cognito",
            "module.api_gateway.aws_api_gateway_deployment.this",
            "module.api_gateway.aws_api_gateway_gateway_response.cors_4xx",
            "module.api_gateway.aws_api_gateway_gateway_response.cors_5xx",
            "module.api_gateway.aws_api_gateway_integration.options",
            "module.api_gateway.aws_api_gateway_integration.route",
            "module.api_gateway.aws_api_gateway_integration_response.options",
            "module.api_gateway.aws_api_gateway_method.options",
            "module.api_gateway.aws_api_gateway_method.route",
            "module.api_gateway.aws_api_gateway_method_response.options",
            "module.api_gateway.aws_api_gateway_resource.audit",
            "module.api_gateway.aws_api_gateway_resource.carts",
            "module.api_gateway.aws_api_gateway_resource.carts_id",
            "module.api_gateway.aws_api_gateway_resource.carts_id_products",
            "module.api_gateway.aws_api_gateway_resource.carts_id_products_id",
            "module.api_gateway.aws_api_gateway_resource.dashboard",
            "module.api_gateway.aws_api_gateway_resource.orders",
            "module.api_gateway.aws_api_gateway_resource.orders_id",
            "module.api_gateway.aws_api_gateway_resource.products",
            "module.api_gateway.aws_api_gateway_resource.products_id",
            "module.api_gateway.aws_api_gateway_resource.registrations",
            "module.api_gateway.aws_api_gateway_resource.stores",
            "module.api_gateway.aws_api_gateway_resource.stores_id",
            "module.api_gateway.aws_api_gateway_resource.users",
            "module.api_gateway.aws_api_gateway_resource.users_id",
            "module.api_gateway.aws_api_gateway_rest_api.this",
            "module.api_gateway.aws_api_gateway_stage.this",
            "module.api_gateway.aws_api_gateway_usage_plan.this",
            "module.api_gateway.aws_api_gateway_usage_plan_key.this",
            "module.api_gateway.aws_lambda_permission.route",
            "module.cloudfront.aws_cloudfront_distribution.frontend",
            "module.cloudfront.aws_cloudfront_origin_access_control.frontend",
            "module.cloudfront.aws_s3_bucket_policy.frontend",
            "module.cloudfront.data.aws_iam_policy_document.frontend_oac",
            "module.cognito.aws_cognito_user_group.admin",
            "module.cognito.aws_cognito_user_group.cliente",
            "module.cognito.aws_cognito_user_group.operator",
            "module.cognito.aws_cognito_user_pool.users",
            "module.cognito.aws_cognito_user_pool_client.web",
            "module.dynamodb.aws_dynamodb_table.audit",
            "module.dynamodb.aws_dynamodb_table.carts",
            "module.dynamodb.aws_dynamodb_table.orders",
            "module.dynamodb.aws_dynamodb_table.products",
            "module.dynamodb.aws_dynamodb_table.stores",
            "module.frontend_deploy.local_file.env_production",
            "module.iam.aws_iam_role.audit",
            "module.iam.aws_iam_role.carts",
            "module.iam.aws_iam_role.dashboard",
            "module.iam.aws_iam_role.notifications",
            "module.iam.aws_iam_role.orders",
            "module.iam.aws_iam_role.products",
            "module.iam.aws_iam_role.stores",
            "module.iam.aws_iam_role.users",
            "module.iam.data.aws_iam_policy_document.lambda_assume_role",
            "module.lambdas.aws_cloudwatch_log_group.this",
            "module.lambdas.aws_lambda_function.this",
            "module.lambdas.data.archive_file.this",
            "module.s3.aws_s3_bucket.frontend",
            "module.s3.aws_s3_bucket_public_access_block.frontend",
            "module.s3.aws_s3_bucket_server_side_encryption_configuration.frontend",
            "module.s3.aws_s3_bucket_versioning.frontend",
            "module.s3.random_string.suffix",
            "module.waf.aws_wafv2_web_acl.cdn"
          ]
        }
      ]
    },
    {
      "module": "module.frontend_deploy",
      "mode": "managed",
      "type": "null_resource",
      "name": "s3_sync",
      "provider": "provider[\"registry.terraform.io/hashicorp/null\"]",
      "instances": [
        {
          "schema_version": 0,
          "attributes": {
            "id": "626026449040718430",
            "triggers": {
              "build_timestamp": "2026-07-26T08:18:00Z"
            }
          },
          "sensitive_attributes": [],
          "identity_schema_version": 0,
          "dependencies": [
            "module.api_gateway.aws_api_gateway_api_key.this",
            "module.api_gateway.aws_api_gateway_authorizer.cognito",
            "module.api_gateway.aws_api_gateway_deployment.this",
            "module.api_gateway.aws_api_gateway_gateway_response.cors_4xx",
            "module.api_gateway.aws_api_gateway_gateway_response.cors_5xx",
            "module.api_gateway.aws_api_gateway_integration.options",
            "module.api_gateway.aws_api_gateway_integration.route",
            "module.api_gateway.aws_api_gateway_integration_response.options",
            "module.api_gateway.aws_api_gateway_method.options",
            "module.api_gateway.aws_api_gateway_method.route",
            "module.api_gateway.aws_api_gateway_method_response.options",
            "module.api_gateway.aws_api_gateway_resource.audit",
            "module.api_gateway.aws_api_gateway_resource.carts",
            "module.api_gateway.aws_api_gateway_resource.carts_id",
            "module.api_gateway.aws_api_gateway_resource.carts_id_products",
            "module.api_gateway.aws_api_gateway_resource.carts_id_products_id",
            "module.api_gateway.aws_api_gateway_resource.dashboard",
            "module.api_gateway.aws_api_gateway_resource.orders",
            "module.api_gateway.aws_api_gateway_resource.orders_id",
            "module.api_gateway.aws_api_gateway_resource.products",
            "module.api_gateway.aws_api_gateway_resource.products_id",
            "module.api_gateway.aws_api_gateway_resource.registrations",
            "module.api_gateway.aws_api_gateway_resource.stores",
            "module.api_gateway.aws_api_gateway_resource.stores_id",
            "module.api_gateway.aws_api_gateway_resource.users",
            "module.api_gateway.aws_api_gateway_resource.users_id",
            "module.api_gateway.aws_api_gateway_rest_api.this",
            "module.api_gateway.aws_api_gateway_stage.this",
            "module.api_gateway.aws_api_gateway_usage_plan.this",
            "module.api_gateway.aws_api_gateway_usage_plan_key.this",
            "module.api_gateway.aws_lambda_permission.route",
            "module.cloudfront.aws_cloudfront_distribution.frontend",
            "module.cloudfront.aws_cloudfront_origin_access_control.frontend",
            "module.cloudfront.aws_s3_bucket_policy.frontend",
            "module.cloudfront.data.aws_iam_policy_document.frontend_oac",
            "module.cognito.aws_cognito_user_group.admin",
            "module.cognito.aws_cognito_user_group.cliente",
            "module.cognito.aws_cognito_user_group.operator",
            "module.cognito.aws_cognito_user_pool.users",
            "module.cognito.aws_cognito_user_pool_client.web",
            "module.dynamodb.aws_dynamodb_table.audit",
            "module.dynamodb.aws_dynamodb_table.carts",
            "module.dynamodb.aws_dynamodb_table.orders",
            "module.dynamodb.aws_dynamodb_table.products",
            "module.dynamodb.aws_dynamodb_table.stores",
            "module.frontend_deploy.local_file.env_production",
            "module.frontend_deploy.null_resource.frontend_build",
            "module.iam.aws_iam_role.audit",
            "module.iam.aws_iam_role.carts",
            "module.iam.aws_iam_role.dashboard",
            "module.iam.aws_iam_role.notifications",
            "module.iam.aws_iam_role.orders",
            "module.iam.aws_iam_role.products",
            "module.iam.aws_iam_role.stores",
            "module.iam.aws_iam_role.users",
            "module.iam.data.aws_iam_policy_document.lambda_assume_role",
            "module.lambdas.aws_cloudwatch_log_group.this",
            "module.lambdas.aws_lambda_function.this",
            "module.lambdas.data.archive_file.this",
            "module.s3.aws_s3_bucket.frontend",
            "module.s3.aws_s3_bucket_public_access_block.frontend",
            "module.s3.aws_s3_bucket_server_side_encryption_configuration.frontend",
            "module.s3.aws_s3_bucket_versioning.frontend",
            "module.s3.random_string.suffix",
            "module.waf.aws_wafv2_web_acl.cdn"
          ]
        }
      ]
    },
    {
      "module": "module.iam",
      "mode": "data",
      "type": "aws_iam_policy_document",
      "name": "lambda_assume_role",
      "provider": "provider[\"registry.terraform.io/hashicorp/aws\"]",
      "instances": [
        {
          "schema_version": 0,
          "attributes": {
            "id": "2690255455",
            "json": "{\n  \"Version\": \"2012-10-17\",\n  \"Statement\": [\n    {\n      \"Effect\": \"Allow\",\n      \"Action\": \"sts:AssumeRole\",\n      \"Principal\": {\n        \"Service\": \"lambda.amazonaws.com\"\n      }\n    }\n  ]\n}",
            "minified_json": "{\"Version\":\"2012-10-17\",\"Statement\":[{\"Effect\":\"Allow\",\"Action\":\"sts:AssumeRole\",\"Principal\":{\"Service\":\"lambda.amazonaws.com\"}}]}",
            "override_json": null,
            "override_policy_documents": null,
            "policy_id": null,
            "source_json": null,
            "source_policy_documents": null,
            "statement": [
              {
                "actions": [
                  "sts:AssumeRole"
                ],
                "condition": [],
                "effect": "Allow",
                "not_actions": [],
                "not_principals": [],
                "not_resources": [],
                "principals": [
                  {
                    "identifiers": [
                      "lambda.amazonaws.com"
                    ],
                    "type": "Service"
                  }
                ],
                "resources": [],
                "sid": ""
              }
            ],
            "version": "2012-10-17"
          },
          "sensitive_attributes": [],
          "identity_schema_version": 0
        }
      ]
    },
    {
      "module": "module.iam",
      "mode": "managed",
      "type": "aws_iam_role",
      "name": "audit",
      "provider": "provider[\"registry.terraform.io/hashicorp/aws\"]",
      "instances": [
        {
          "schema_version": 0,
          "attributes": {
            "arn": "arn:aws:iam::511949652182:role/cloudshop/cloudshop-lambda-audit",
            "assume_role_policy": "{\"Statement\":[{\"Action\":\"sts:AssumeRole\",\"Effect\":\"Allow\",\"Principal\":{\"Service\":\"lambda.amazonaws.com\"}}],\"Version\":\"2012-10-17\"}",
            "create_date": "2026-07-26T06:51:19Z",
            "description": "",
            "force_detach_policies": false,
            "id": "cloudshop-lambda-audit",
            "inline_policy": [
              {
                "name": "cloudshop-audit-policy",
                "policy": "{\"Version\":\"2012-10-17\",\"Statement\":[{\"Action\":[\"dynamodb:PutItem\",\"dynamodb:Query\",\"dynamodb:Scan\"],\"Effect\":\"Allow\",\"Resource\":[\"arn:aws:dynamodb:us-east-1:511949652182:table/cloudshop-audit\"]}]}"
              }
            ],
            "managed_policy_arns": [
              "arn:aws:iam::aws:policy/service-role/AWSLambdaBasicExecutionRole"
            ],
            "max_session_duration": 3600,
            "name": "cloudshop-lambda-audit",
            "name_prefix": "",
            "path": "/cloudshop/",
            "permissions_boundary": "arn:aws:iam::511949652182:policy/cicd/CloudShopWorkloadBoundary",
            "tags": {},
            "tags_all": {
              "Environment": "dev",
              "ManagedBy": "Terraform",
              "Project": "CloudShop"
            },
            "unique_id": "AROAXOMUTYDLASHKIVYPG"
          },
          "sensitive_attributes": [],
          "identity_schema_version": 0,
          "private": "bnVsbA==",
          "dependencies": [
            "module.iam.data.aws_iam_policy_document.lambda_assume_role"
          ],
          "create_before_destroy": true
        }
      ]
    },
    {
      "module": "module.iam",
      "mode": "managed",
      "type": "aws_iam_role",
      "name": "carts",
      "provider": "provider[\"registry.terraform.io/hashicorp/aws\"]",
      "instances": [
        {
          "schema_version": 0,
          "attributes": {
            "arn": "arn:aws:iam::511949652182:role/cloudshop/cloudshop-lambda-carts",
            "assume_role_policy": "{\"Statement\":[{\"Action\":\"sts:AssumeRole\",\"Effect\":\"Allow\",\"Principal\":{\"Service\":\"lambda.amazonaws.com\"}}],\"Version\":\"2012-10-17\"}",
            "create_date": "2026-07-26T06:51:19Z",
            "description": "",
            "force_detach_policies": false,
            "id": "cloudshop-lambda-carts",
            "inline_policy": [
              {
                "name": "cloudshop-carts-policy",
                "policy": "{\"Version\":\"2012-10-17\",\"Statement\":[{\"Action\":[\"dynamodb:GetItem\",\"dynamodb:PutItem\",\"dynamodb:UpdateItem\",\"dynamodb:DeleteItem\"],\"Effect\":\"Allow\",\"Resource\":[\"arn:aws:dynamodb:us-east-1:511949652182:table/cloudshop-carts\"]},{\"Action\":[\"ssm:GetParameter\"],\"Effect\":\"Allow\",\"Resource\":[\"arn:aws:ssm:us-east-1:*:parameter/cloudshop/eventbus/name\"]}]}"
              }
            ],
            "managed_policy_arns": [
              "arn:aws:iam::aws:policy/service-role/AWSLambdaBasicExecutionRole"
            ],
            "max_session_duration": 3600,
            "name": "cloudshop-lambda-carts",
            "name_prefix": "",
            "path": "/cloudshop/",
            "permissions_boundary": "arn:aws:iam::511949652182:policy/cicd/CloudShopWorkloadBoundary",
            "tags": {},
            "tags_all": {
              "Environment": "dev",
              "ManagedBy": "Terraform",
              "Project": "CloudShop"
            },
            "unique_id": "AROAXOMUTYDLAVT7MRUDJ"
          },
          "sensitive_attributes": [],
          "identity_schema_version": 0,
          "private": "bnVsbA==",
          "dependencies": [
            "module.iam.data.aws_iam_policy_document.lambda_assume_role"
          ],
          "create_before_destroy": true
        }
      ]
    },
    {
      "module": "module.iam",
      "mode": "managed",
      "type": "aws_iam_role",
      "name": "dashboard",
      "provider": "provider[\"registry.terraform.io/hashicorp/aws\"]",
      "instances": [
        {
          "schema_version": 0,
          "attributes": {
            "arn": "arn:aws:iam::511949652182:role/cloudshop/cloudshop-lambda-dashboard",
            "assume_role_policy": "{\"Statement\":[{\"Action\":\"sts:AssumeRole\",\"Effect\":\"Allow\",\"Principal\":{\"Service\":\"lambda.amazonaws.com\"}}],\"Version\":\"2012-10-17\"}",
            "create_date": "2026-07-26T06:51:19Z",
            "description": "",
            "force_detach_policies": false,
            "id": "cloudshop-lambda-dashboard",
            "inline_policy": [
              {
                "name": "cloudshop-dashboard-policy",
                "policy": "{\"Version\":\"2012-10-17\",\"Statement\":[{\"Action\":[\"dynamodb:GetItem\",\"dynamodb:Query\",\"dynamodb:Scan\"],\"Effect\":\"Allow\",\"Resource\":[\"arn:aws:dynamodb:us-east-1:511949652182:table/cloudshop-orders\",\"arn:aws:dynamodb:us-east-1:511949652182:table/cloudshop-orders/index/*\",\"arn:aws:dynamodb:us-east-1:511949652182:table/cloudshop-products\"]}]}"
              }
            ],
            "managed_policy_arns": [
              "arn:aws:iam::aws:policy/service-role/AWSLambdaBasicExecutionRole"
            ],
            "max_session_duration": 3600,
            "name": "cloudshop-lambda-dashboard",
            "name_prefix": "",
            "path": "/cloudshop/",
            "permissions_boundary": "arn:aws:iam::511949652182:policy/cicd/CloudShopWorkloadBoundary",
            "tags": {},
            "tags_all": {
              "Environment": "dev",
              "ManagedBy": "Terraform",
              "Project": "CloudShop"
            },
            "unique_id": "AROAXOMUTYDLJTDWZF3UF"
          },
          "sensitive_attributes": [],
          "identity_schema_version": 0,
          "private": "bnVsbA==",
          "dependencies": [
            "module.iam.data.aws_iam_policy_document.lambda_assume_role"
          ],
          "create_before_destroy": true
        }
      ]
    },
    {
      "module": "module.iam",
      "mode": "managed",
      "type": "aws_iam_role",
      "name": "notifications",
      "provider": "provider[\"registry.terraform.io/hashicorp/aws\"]",
      "instances": [
        {
          "schema_version": 0,
          "attributes": {
            "arn": "arn:aws:iam::511949652182:role/cloudshop/cloudshop-lambda-notifications",
            "assume_role_policy": "{\"Statement\":[{\"Action\":\"sts:AssumeRole\",\"Effect\":\"Allow\",\"Principal\":{\"Service\":\"lambda.amazonaws.com\"}}],\"Version\":\"2012-10-17\"}",
            "create_date": "2026-07-26T06:51:19Z",
            "description": "",
            "force_detach_policies": false,
            "id": "cloudshop-lambda-notifications",
            "inline_policy": [
              {
                "name": "cloudshop-notifications-policy",
                "policy": "{\"Version\":\"2012-10-17\",\"Statement\":[{\"Action\":[\"ssm:GetParameter\",\"ssm:GetParameters\"],\"Effect\":\"Allow\",\"Resource\":[\"arn:aws:ssm:us-east-1:*:parameter/app/ses/*\"]},{\"Action\":[\"ses:SendTemplatedEmail\"],\"Effect\":\"Allow\",\"Resource\":[\"*\"]}]}"
              }
            ],
            "managed_policy_arns": [
              "arn:aws:iam::aws:policy/service-role/AWSLambdaBasicExecutionRole"
            ],
            "max_session_duration": 3600,
            "name": "cloudshop-lambda-notifications",
            "name_prefix": "",
            "path": "/cloudshop/",
            "permissions_boundary": "arn:aws:iam::511949652182:policy/cicd/CloudShopWorkloadBoundary",
            "tags": {},
            "tags_all": {
              "Environment": "dev",
              "ManagedBy": "Terraform",
              "Project": "CloudShop"
            },
            "unique_id": "AROAXOMUTYDLLEBMKMPMJ"
          },
          "sensitive_attributes": [],
          "identity_schema_version": 0,
          "private": "bnVsbA==",
          "dependencies": [
            "module.iam.data.aws_iam_policy_document.lambda_assume_role"
          ],
          "create_before_destroy": true
        }
      ]
    },
    {
      "module": "module.iam",
      "mode": "managed",
      "type": "aws_iam_role",
      "name": "orders",
      "provider": "provider[\"registry.terraform.io/hashicorp/aws\"]",
      "instances": [
        {
          "schema_version": 0,
          "attributes": {
            "arn": "arn:aws:iam::511949652182:role/cloudshop/cloudshop-lambda-orders",
            "assume_role_policy": "{\"Statement\":[{\"Action\":\"sts:AssumeRole\",\"Effect\":\"Allow\",\"Principal\":{\"Service\":\"lambda.amazonaws.com\"}}],\"Version\":\"2012-10-17\"}",
            "create_date": "2026-07-26T06:51:20Z",
            "description": "",
            "force_detach_policies": false,
            "id": "cloudshop-lambda-orders",
            "inline_policy": [
              {
                "name": "cloudshop-orders-policy",
                "policy": "{\"Version\":\"2012-10-17\",\"Statement\":[{\"Action\":[\"dynamodb:GetItem\",\"dynamodb:PutItem\",\"dynamodb:UpdateItem\",\"dynamodb:DeleteItem\",\"dynamodb:Query\",\"dynamodb:Scan\"],\"Effect\":\"Allow\",\"Resource\":[\"arn:aws:dynamodb:us-east-1:511949652182:table/cloudshop-orders\",\"arn:aws:dynamodb:us-east-1:511949652182:table/cloudshop-orders/index/*\",\"arn:aws:dynamodb:us-east-1:511949652182:table/cloudshop-products\",\"arn:aws:dynamodb:us-east-1:511949652182:table/cloudshop-carts\"]},{\"Action\":[\"events:PutEvents\"],\"Effect\":\"Allow\",\"Resource\":[\"arn:aws:events:us-east-1:511949652182:event-bus/cloudshop-events\"]}]}"
              }
            ],
            "managed_policy_arns": [
              "arn:aws:iam::aws:policy/service-role/AWSLambdaBasicExecutionRole"
            ],
            "max_session_duration": 3600,
            "name": "cloudshop-lambda-orders",
            "name_prefix": "",
            "path": "/cloudshop/",
            "permissions_boundary": "arn:aws:iam::511949652182:policy/cicd/CloudShopWorkloadBoundary",
            "tags": {},
            "tags_all": {
              "Environment": "dev",
              "ManagedBy": "Terraform",
              "Project": "CloudShop"
            },
            "unique_id": "AROAXOMUTYDLFMAD6A6I7"
          },
          "sensitive_attributes": [],
          "identity_schema_version": 0,
          "private": "bnVsbA==",
          "dependencies": [
            "module.iam.data.aws_iam_policy_document.lambda_assume_role"
          ],
          "create_before_destroy": true
        }
      ]
    },
    {
      "module": "module.iam",
      "mode": "managed",
      "type": "aws_iam_role",
      "name": "products",
      "provider": "provider[\"registry.terraform.io/hashicorp/aws\"]",
      "instances": [
        {
          "schema_version": 0,
          "attributes": {
            "arn": "arn:aws:iam::511949652182:role/cloudshop/cloudshop-lambda-products",
            "assume_role_policy": "{\"Statement\":[{\"Action\":\"sts:AssumeRole\",\"Effect\":\"Allow\",\"Principal\":{\"Service\":\"lambda.amazonaws.com\"}}],\"Version\":\"2012-10-17\"}",
            "create_date": "2026-07-26T06:51:19Z",
            "description": "",
            "force_detach_policies": false,
            "id": "cloudshop-lambda-products",
            "inline_policy": [
              {
                "name": "cloudshop-products-policy",
                "policy": "{\"Version\":\"2012-10-17\",\"Statement\":[{\"Action\":[\"dynamodb:GetItem\",\"dynamodb:PutItem\",\"dynamodb:UpdateItem\",\"dynamodb:DeleteItem\",\"dynamodb:Query\",\"dynamodb:Scan\"],\"Effect\":\"Allow\",\"Resource\":[\"arn:aws:dynamodb:us-east-1:511949652182:table/cloudshop-products\"]},{\"Action\":[\"ssm:GetParameter\"],\"Effect\":\"Allow\",\"Resource\":[\"arn:aws:ssm:us-east-1:*:parameter/cloudshop/eventbus/name\"]}]}"
              }
            ],
            "managed_policy_arns": [
              "arn:aws:iam::aws:policy/service-role/AWSLambdaBasicExecutionRole"
            ],
            "max_session_duration": 3600,
            "name": "cloudshop-lambda-products",
            "name_prefix": "",
            "path": "/cloudshop/",
            "permissions_boundary": "arn:aws:iam::511949652182:policy/cicd/CloudShopWorkloadBoundary",
            "tags": {},
            "tags_all": {
              "Environment": "dev",
              "ManagedBy": "Terraform",
              "Project": "CloudShop"
            },
            "unique_id": "AROAXOMUTYDLOQ6UKLPX5"
          },
          "sensitive_attributes": [],
          "identity_schema_version": 0,
          "private": "bnVsbA==",
          "dependencies": [
            "module.iam.data.aws_iam_policy_document.lambda_assume_role"
          ],
          "create_before_destroy": true
        }
      ]
    },
    {
      "module": "module.iam",
      "mode": "managed",
      "type": "aws_iam_role",
      "name": "stores",
      "provider": "provider[\"registry.terraform.io/hashicorp/aws\"]",
      "instances": [
        {
          "schema_version": 0,
          "attributes": {
            "arn": "arn:aws:iam::511949652182:role/cloudshop/cloudshop-lambda-stores",
            "assume_role_policy": "{\"Statement\":[{\"Action\":\"sts:AssumeRole\",\"Effect\":\"Allow\",\"Principal\":{\"Service\":\"lambda.amazonaws.com\"}}],\"Version\":\"2012-10-17\"}",
            "create_date": "2026-07-26T06:51:19Z",
            "description": "",
            "force_detach_policies": false,
            "id": "cloudshop-lambda-stores",
            "inline_policy": [
              {
                "name": "cloudshop-stores-policy",
                "policy": "{\"Version\":\"2012-10-17\",\"Statement\":[{\"Action\":[\"dynamodb:GetItem\",\"dynamodb:PutItem\",\"dynamodb:UpdateItem\",\"dynamodb:DeleteItem\",\"dynamodb:Query\",\"dynamodb:Scan\"],\"Effect\":\"Allow\",\"Resource\":[\"arn:aws:dynamodb:us-east-1:511949652182:table/cloudshop-stores\"]},{\"Action\":[\"ssm:GetParameter\"],\"Effect\":\"Allow\",\"Resource\":[\"arn:aws:ssm:us-east-1:*:parameter/cloudshop/eventbus/name\"]}]}"
              }
            ],
            "managed_policy_arns": [
              "arn:aws:iam::aws:policy/service-role/AWSLambdaBasicExecutionRole"
            ],
            "max_session_duration": 3600,
            "name": "cloudshop-lambda-stores",
            "name_prefix": "",
            "path": "/cloudshop/",
            "permissions_boundary": "arn:aws:iam::511949652182:policy/cicd/CloudShopWorkloadBoundary",
            "tags": {},
            "tags_all": {
              "Environment": "dev",
              "ManagedBy": "Terraform",
              "Project": "CloudShop"
            },
            "unique_id": "AROAXOMUTYDLKSX4J4UBY"
          },
          "sensitive_attributes": [],
          "identity_schema_version": 0,
          "private": "bnVsbA==",
          "dependencies": [
            "module.iam.data.aws_iam_policy_document.lambda_assume_role"
          ],
          "create_before_destroy": true
        }
      ]
    },
    {
      "module": "module.iam",
      "mode": "managed",
      "type": "aws_iam_role",
      "name": "users",
      "provider": "provider[\"registry.terraform.io/hashicorp/aws\"]",
      "instances": [
        {
          "schema_version": 0,
          "attributes": {
            "arn": "arn:aws:iam::511949652182:role/cloudshop/cloudshop-lambda-users",
            "assume_role_policy": "{\"Statement\":[{\"Action\":\"sts:AssumeRole\",\"Effect\":\"Allow\",\"Principal\":{\"Service\":\"lambda.amazonaws.com\"}}],\"Version\":\"2012-10-17\"}",
            "create_date": "2026-07-26T06:51:19Z",
            "description": "",
            "force_detach_policies": false,
            "id": "cloudshop-lambda-users",
            "inline_policy": [
              {
                "name": "cloudshop-users-policy",
                "policy": "{\"Version\":\"2012-10-17\",\"Statement\":[{\"Action\":[\"ssm:GetParameter\",\"ssm:GetParameters\"],\"Effect\":\"Allow\",\"Resource\":[\"arn:aws:ssm:us-east-1:*:parameter/app/cognito/*\"]},{\"Action\":[\"ssm:GetParameter\"],\"Effect\":\"Allow\",\"Resource\":[\"arn:aws:ssm:us-east-1:*:parameter/cloudshop/eventbus/name\"]},{\"Action\":[\"cognito-idp:AdminCreateUser\",\"cognito-idp:AdminGetUser\",\"cognito-idp:AdminUpdateUserAttributes\",\"cognito-idp:AdminSetUserPassword\",\"cognito-idp:AdminDisableUser\",\"cognito-idp:AdminDeleteUser\",\"cognito-idp:AdminAddUserToGroup\",\"cognito-idp:ListUsers\"],\"Effect\":\"Allow\",\"Resource\":[\"arn:aws:cognito-idp:us-east-1:511949652182:userpool/us-east-1_q1p8VOvHv\"]}]}"
              }
            ],
            "managed_policy_arns": [
              "arn:aws:iam::aws:policy/service-role/AWSLambdaBasicExecutionRole"
            ],
            "max_session_duration": 3600,
            "name": "cloudshop-lambda-users",
            "name_prefix": "",
            "path": "/cloudshop/",
            "permissions_boundary": "arn:aws:iam::511949652182:policy/cicd/CloudShopWorkloadBoundary",
            "tags": {},
            "tags_all": {
              "Environment": "dev",
              "ManagedBy": "Terraform",
              "Project": "CloudShop"
            },
            "unique_id": "AROAXOMUTYDLK4USNRE4G"
          },
          "sensitive_attributes": [],
          "identity_schema_version": 0,
          "private": "bnVsbA==",
          "dependencies": [
            "module.iam.data.aws_iam_policy_document.lambda_assume_role"
          ],
          "create_before_destroy": true
        }
      ]
    },
    {
      "module": "module.iam",
      "mode": "managed",
      "type": "aws_iam_role_policy",
      "name": "audit",
      "provider": "provider[\"registry.terraform.io/hashicorp/aws\"]",
      "instances": [
        {
          "schema_version": 0,
          "attributes": {
            "id": "cloudshop-lambda-audit:cloudshop-audit-policy",
            "name": "cloudshop-audit-policy",
            "name_prefix": "",
            "policy": "{\"Version\":\"2012-10-17\",\"Statement\":[{\"Action\":[\"dynamodb:PutItem\",\"dynamodb:Query\",\"dynamodb:Scan\"],\"Effect\":\"Allow\",\"Resource\":[\"arn:aws:dynamodb:us-east-1:511949652182:table/cloudshop-audit\"]}]}",
            "role": "cloudshop-lambda-audit"
          },
          "sensitive_attributes": [],
          "identity_schema_version": 0,
          "private": "bnVsbA==",
          "dependencies": [
            "module.dynamodb.aws_dynamodb_table.audit",
            "module.dynamodb.aws_dynamodb_table.carts",
            "module.dynamodb.aws_dynamodb_table.orders",
            "module.dynamodb.aws_dynamodb_table.products",
            "module.dynamodb.aws_dynamodb_table.stores",
            "module.iam.aws_iam_role.audit",
            "module.iam.data.aws_iam_policy_document.lambda_assume_role"
          ]
        }
      ]
    },
    {
      "module": "module.iam",
      "mode": "managed",
      "type": "aws_iam_role_policy",
      "name": "carts",
      "provider": "provider[\"registry.terraform.io/hashicorp/aws\"]",
      "instances": [
        {
          "schema_version": 0,
          "attributes": {
            "id": "cloudshop-lambda-carts:cloudshop-carts-policy",
            "name": "cloudshop-carts-policy",
            "name_prefix": "",
            "policy": "{\"Version\":\"2012-10-17\",\"Statement\":[{\"Action\":[\"dynamodb:GetItem\",\"dynamodb:PutItem\",\"dynamodb:UpdateItem\",\"dynamodb:DeleteItem\"],\"Effect\":\"Allow\",\"Resource\":[\"arn:aws:dynamodb:us-east-1:511949652182:table/cloudshop-carts\"]},{\"Action\":[\"ssm:GetParameter\"],\"Effect\":\"Allow\",\"Resource\":[\"arn:aws:ssm:us-east-1:*:parameter/cloudshop/eventbus/name\"]}]}",
            "role": "cloudshop-lambda-carts"
          },
          "sensitive_attributes": [],
          "identity_schema_version": 0,
          "private": "bnVsbA==",
          "dependencies": [
            "module.dynamodb.aws_dynamodb_table.audit",
            "module.dynamodb.aws_dynamodb_table.carts",
            "module.dynamodb.aws_dynamodb_table.orders",
            "module.dynamodb.aws_dynamodb_table.products",
            "module.dynamodb.aws_dynamodb_table.stores",
            "module.iam.aws_iam_role.carts",
            "module.iam.data.aws_iam_policy_document.lambda_assume_role"
          ]
        }
      ]
    },
    {
      "module": "module.iam",
      "mode": "managed",
      "type": "aws_iam_role_policy",
      "name": "dashboard",
      "provider": "provider[\"registry.terraform.io/hashicorp/aws\"]",
      "instances": [
        {
          "schema_version": 0,
          "attributes": {
            "id": "cloudshop-lambda-dashboard:cloudshop-dashboard-policy",
            "name": "cloudshop-dashboard-policy",
            "name_prefix": "",
            "policy": "{\"Version\":\"2012-10-17\",\"Statement\":[{\"Action\":[\"dynamodb:GetItem\",\"dynamodb:Query\",\"dynamodb:Scan\"],\"Effect\":\"Allow\",\"Resource\":[\"arn:aws:dynamodb:us-east-1:511949652182:table/cloudshop-orders\",\"arn:aws:dynamodb:us-east-1:511949652182:table/cloudshop-orders/index/*\",\"arn:aws:dynamodb:us-east-1:511949652182:table/cloudshop-products\"]}]}",
            "role": "cloudshop-lambda-dashboard"
          },
          "sensitive_attributes": [],
          "identity_schema_version": 0,
          "private": "bnVsbA==",
          "dependencies": [
            "module.dynamodb.aws_dynamodb_table.audit",
            "module.dynamodb.aws_dynamodb_table.carts",
            "module.dynamodb.aws_dynamodb_table.orders",
            "module.dynamodb.aws_dynamodb_table.products",
            "module.dynamodb.aws_dynamodb_table.stores",
            "module.iam.aws_iam_role.dashboard",
            "module.iam.data.aws_iam_policy_document.lambda_assume_role"
          ]
        }
      ]
    },
    {
      "module": "module.iam",
      "mode": "managed",
      "type": "aws_iam_role_policy",
      "name": "notifications",
      "provider": "provider[\"registry.terraform.io/hashicorp/aws\"]",
      "instances": [
        {
          "schema_version": 0,
          "attributes": {
            "id": "cloudshop-lambda-notifications:cloudshop-notifications-policy",
            "name": "cloudshop-notifications-policy",
            "name_prefix": "",
            "policy": "{\"Version\":\"2012-10-17\",\"Statement\":[{\"Action\":[\"ssm:GetParameter\",\"ssm:GetParameters\"],\"Effect\":\"Allow\",\"Resource\":[\"arn:aws:ssm:us-east-1:*:parameter/app/ses/*\"]},{\"Action\":[\"ses:SendTemplatedEmail\"],\"Effect\":\"Allow\",\"Resource\":[\"*\"]}]}",
            "role": "cloudshop-lambda-notifications"
          },
          "sensitive_attributes": [],
          "identity_schema_version": 0,
          "private": "bnVsbA==",
          "dependencies": [
            "module.iam.aws_iam_role.notifications",
            "module.iam.data.aws_iam_policy_document.lambda_assume_role"
          ]
        }
      ]
    },
    {
      "module": "module.iam",
      "mode": "managed",
      "type": "aws_iam_role_policy",
      "name": "orders",
      "provider": "provider[\"registry.terraform.io/hashicorp/aws\"]",
      "instances": [
        {
          "schema_version": 0,
          "attributes": {
            "id": "cloudshop-lambda-orders:cloudshop-orders-policy",
            "name": "cloudshop-orders-policy",
            "name_prefix": "",
            "policy": "{\"Version\":\"2012-10-17\",\"Statement\":[{\"Action\":[\"dynamodb:GetItem\",\"dynamodb:PutItem\",\"dynamodb:UpdateItem\",\"dynamodb:DeleteItem\",\"dynamodb:Query\",\"dynamodb:Scan\"],\"Effect\":\"Allow\",\"Resource\":[\"arn:aws:dynamodb:us-east-1:511949652182:table/cloudshop-orders\",\"arn:aws:dynamodb:us-east-1:511949652182:table/cloudshop-orders/index/*\",\"arn:aws:dynamodb:us-east-1:511949652182:table/cloudshop-products\",\"arn:aws:dynamodb:us-east-1:511949652182:table/cloudshop-carts\"]},{\"Action\":[\"events:PutEvents\"],\"Effect\":\"Allow\",\"Resource\":[\"arn:aws:events:us-east-1:511949652182:event-bus/cloudshop-events\"]}]}",
            "role": "cloudshop-lambda-orders"
          },
          "sensitive_attributes": [],
          "identity_schema_version": 0,
          "private": "bnVsbA==",
          "dependencies": [
            "data.aws_caller_identity.current",
            "module.dynamodb.aws_dynamodb_table.audit",
            "module.dynamodb.aws_dynamodb_table.carts",
            "module.dynamodb.aws_dynamodb_table.orders",
            "module.dynamodb.aws_dynamodb_table.products",
            "module.dynamodb.aws_dynamodb_table.stores",
            "module.iam.aws_iam_role.orders",
            "module.iam.data.aws_iam_policy_document.lambda_assume_role"
          ]
        }
      ]
    },
    {
      "module": "module.iam",
      "mode": "managed",
      "type": "aws_iam_role_policy",
      "name": "products",
      "provider": "provider[\"registry.terraform.io/hashicorp/aws\"]",
      "instances": [
        {
          "schema_version": 0,
          "attributes": {
            "id": "cloudshop-lambda-products:cloudshop-products-policy",
            "name": "cloudshop-products-policy",
            "name_prefix": "",
            "policy": "{\"Version\":\"2012-10-17\",\"Statement\":[{\"Action\":[\"dynamodb:GetItem\",\"dynamodb:PutItem\",\"dynamodb:UpdateItem\",\"dynamodb:DeleteItem\",\"dynamodb:Query\",\"dynamodb:Scan\"],\"Effect\":\"Allow\",\"Resource\":[\"arn:aws:dynamodb:us-east-1:511949652182:table/cloudshop-products\"]},{\"Action\":[\"ssm:GetParameter\"],\"Effect\":\"Allow\",\"Resource\":[\"arn:aws:ssm:us-east-1:*:parameter/cloudshop/eventbus/name\"]}]}",
            "role": "cloudshop-lambda-products"
          },
          "sensitive_attributes": [],
          "identity_schema_version": 0,
          "private": "bnVsbA==",
          "dependencies": [
            "module.dynamodb.aws_dynamodb_table.audit",
            "module.dynamodb.aws_dynamodb_table.carts",
            "module.dynamodb.aws_dynamodb_table.orders",
            "module.dynamodb.aws_dynamodb_table.products",
            "module.dynamodb.aws_dynamodb_table.stores",
            "module.iam.aws_iam_role.products",
            "module.iam.data.aws_iam_policy_document.lambda_assume_role"
          ]
        }
      ]
    },
    {
      "module": "module.iam",
      "mode": "managed",
      "type": "aws_iam_role_policy",
      "name": "stores",
      "provider": "provider[\"registry.terraform.io/hashicorp/aws\"]",
      "instances": [
        {
          "schema_version": 0,
          "attributes": {
            "id": "cloudshop-lambda-stores:cloudshop-stores-policy",
            "name": "cloudshop-stores-policy",
            "name_prefix": "",
            "policy": "{\"Version\":\"2012-10-17\",\"Statement\":[{\"Action\":[\"dynamodb:GetItem\",\"dynamodb:PutItem\",\"dynamodb:UpdateItem\",\"dynamodb:DeleteItem\",\"dynamodb:Query\",\"dynamodb:Scan\"],\"Effect\":\"Allow\",\"Resource\":[\"arn:aws:dynamodb:us-east-1:511949652182:table/cloudshop-stores\"]},{\"Action\":[\"ssm:GetParameter\"],\"Effect\":\"Allow\",\"Resource\":[\"arn:aws:ssm:us-east-1:*:parameter/cloudshop/eventbus/name\"]}]}",
            "role": "cloudshop-lambda-stores"
          },
          "sensitive_attributes": [],
          "identity_schema_version": 0,
          "private": "bnVsbA==",
          "dependencies": [
            "module.dynamodb.aws_dynamodb_table.audit",
            "module.dynamodb.aws_dynamodb_table.carts",
            "module.dynamodb.aws_dynamodb_table.orders",
            "module.dynamodb.aws_dynamodb_table.products",
            "module.dynamodb.aws_dynamodb_table.stores",
            "module.iam.aws_iam_role.stores",
            "module.iam.data.aws_iam_policy_document.lambda_assume_role"
          ]
        }
      ]
    },
    {
      "module": "module.iam",
      "mode": "managed",
      "type": "aws_iam_role_policy",
      "name": "users",
      "provider": "provider[\"registry.terraform.io/hashicorp/aws\"]",
      "instances": [
        {
          "schema_version": 0,
          "attributes": {
            "id": "cloudshop-lambda-users:cloudshop-users-policy",
            "name": "cloudshop-users-policy",
            "name_prefix": "",
            "policy": "{\"Version\":\"2012-10-17\",\"Statement\":[{\"Action\":[\"ssm:GetParameter\",\"ssm:GetParameters\"],\"Effect\":\"Allow\",\"Resource\":[\"arn:aws:ssm:us-east-1:*:parameter/app/cognito/*\"]},{\"Action\":[\"ssm:GetParameter\"],\"Effect\":\"Allow\",\"Resource\":[\"arn:aws:ssm:us-east-1:*:parameter/cloudshop/eventbus/name\"]},{\"Action\":[\"cognito-idp:AdminCreateUser\",\"cognito-idp:AdminGetUser\",\"cognito-idp:AdminUpdateUserAttributes\",\"cognito-idp:AdminSetUserPassword\",\"cognito-idp:AdminDisableUser\",\"cognito-idp:AdminDeleteUser\",\"cognito-idp:AdminAddUserToGroup\",\"cognito-idp:ListUsers\"],\"Effect\":\"Allow\",\"Resource\":[\"arn:aws:cognito-idp:us-east-1:511949652182:userpool/us-east-1_q1p8VOvHv\"]}]}",
            "role": "cloudshop-lambda-users"
          },
          "sensitive_attributes": [],
          "identity_schema_version": 0,
          "private": "bnVsbA==",
          "dependencies": [
            "module.cognito.aws_cognito_user_pool.users",
            "module.iam.aws_iam_role.users",
            "module.iam.data.aws_iam_policy_document.lambda_assume_role"
          ]
        }
      ]
    },
    {
      "module": "module.iam",
      "mode": "managed",
      "type": "aws_iam_role_policy_attachment",
      "name": "logs",
      "provider": "provider[\"registry.terraform.io/hashicorp/aws\"]",
      "instances": [
        {
          "index_key": "audit",
          "schema_version": 0,
          "attributes": {
            "id": "cloudshop-lambda-audit-20260726065121528200000002",
            "policy_arn": "arn:aws:iam::aws:policy/service-role/AWSLambdaBasicExecutionRole",
            "role": "cloudshop-lambda-audit"
          },
          "sensitive_attributes": [],
          "identity_schema_version": 0,
          "private": "bnVsbA==",
          "dependencies": [
            "module.iam.aws_iam_role.audit",
            "module.iam.aws_iam_role.carts",
            "module.iam.aws_iam_role.dashboard",
            "module.iam.aws_iam_role.notifications",
            "module.iam.aws_iam_role.orders",
            "module.iam.aws_iam_role.products",
            "module.iam.aws_iam_role.stores",
            "module.iam.aws_iam_role.users",
            "module.iam.data.aws_iam_policy_document.lambda_assume_role"
          ]
        },
        {
          "index_key": "carts",
          "schema_version": 0,
          "attributes": {
            "id": "cloudshop-lambda-carts-20260726065121511300000001",
            "policy_arn": "arn:aws:iam::aws:policy/service-role/AWSLambdaBasicExecutionRole",
            "role": "cloudshop-lambda-carts"
          },
          "sensitive_attributes": [],
          "identity_schema_version": 0,
          "private": "bnVsbA==",
          "dependencies": [
            "module.iam.aws_iam_role.audit",
            "module.iam.aws_iam_role.carts",
            "module.iam.aws_iam_role.dashboard",
            "module.iam.aws_iam_role.notifications",
            "module.iam.aws_iam_role.orders",
            "module.iam.aws_iam_role.products",
            "module.iam.aws_iam_role.stores",
            "module.iam.aws_iam_role.users",
            "module.iam.data.aws_iam_policy_document.lambda_assume_role"
          ]
        },
        {
          "index_key": "dashboard",
          "schema_version": 0,
          "attributes": {
            "id": "cloudshop-lambda-dashboard-20260726065121550400000007",
            "policy_arn": "arn:aws:iam::aws:policy/service-role/AWSLambdaBasicExecutionRole",
            "role": "cloudshop-lambda-dashboard"
          },
          "sensitive_attributes": [],
          "identity_schema_version": 0,
          "private": "bnVsbA==",
          "dependencies": [
            "module.iam.aws_iam_role.audit",
            "module.iam.aws_iam_role.carts",
            "module.iam.aws_iam_role.dashboard",
            "module.iam.aws_iam_role.notifications",
            "module.iam.aws_iam_role.orders",
            "module.iam.aws_iam_role.products",
            "module.iam.aws_iam_role.stores",
            "module.iam.aws_iam_role.users",
            "module.iam.data.aws_iam_policy_document.lambda_assume_role"
          ]
        },
        {
          "index_key": "notifications",
          "schema_version": 0,
          "attributes": {
            "id": "cloudshop-lambda-notifications-20260726065121528200000004",
            "policy_arn": "arn:aws:iam::aws:policy/service-role/AWSLambdaBasicExecutionRole",
            "role": "cloudshop-lambda-notifications"
          },
          "sensitive_attributes": [],
          "identity_schema_version": 0,
          "private": "bnVsbA==",
          "dependencies": [
            "module.iam.aws_iam_role.audit",
            "module.iam.aws_iam_role.carts",
            "module.iam.aws_iam_role.dashboard",
            "module.iam.aws_iam_role.notifications",
            "module.iam.aws_iam_role.orders",
            "module.iam.aws_iam_role.products",
            "module.iam.aws_iam_role.stores",
            "module.iam.aws_iam_role.users",
            "module.iam.data.aws_iam_policy_document.lambda_assume_role"
          ]
        },
        {
          "index_key": "orders",
          "schema_version": 0,
          "attributes": {
            "id": "cloudshop-lambda-orders-20260726065121652800000008",
            "policy_arn": "arn:aws:iam::aws:policy/service-role/AWSLambdaBasicExecutionRole",
            "role": "cloudshop-lambda-orders"
          },
          "sensitive_attributes": [],
          "identity_schema_version": 0,
          "private": "bnVsbA==",
          "dependencies": [
            "module.iam.aws_iam_role.audit",
            "module.iam.aws_iam_role.carts",
            "module.iam.aws_iam_role.dashboard",
            "module.iam.aws_iam_role.notifications",
            "module.iam.aws_iam_role.orders",
            "module.iam.aws_iam_role.products",
            "module.iam.aws_iam_role.stores",
            "module.iam.aws_iam_role.users",
            "module.iam.data.aws_iam_policy_document.lambda_assume_role"
          ]
        },
        {
          "index_key": "products",
          "schema_version": 0,
          "attributes": {
            "id": "cloudshop-lambda-products-20260726065121537400000006",
            "policy_arn": "arn:aws:iam::aws:policy/service-role/AWSLambdaBasicExecutionRole",
            "role": "cloudshop-lambda-products"
          },
          "sensitive_attributes": [],
          "identity_schema_version": 0,
          "private": "bnVsbA==",
          "dependencies": [
            "module.iam.aws_iam_role.audit",
            "module.iam.aws_iam_role.carts",
            "module.iam.aws_iam_role.dashboard",
            "module.iam.aws_iam_role.notifications",
            "module.iam.aws_iam_role.orders",
            "module.iam.aws_iam_role.products",
            "module.iam.aws_iam_role.stores",
            "module.iam.aws_iam_role.users",
            "module.iam.data.aws_iam_policy_document.lambda_assume_role"
          ]
        },
        {
          "index_key": "stores",
          "schema_version": 0,
          "attributes": {
            "id": "cloudshop-lambda-stores-20260726065121528200000005",
            "policy_arn": "arn:aws:iam::aws:policy/service-role/AWSLambdaBasicExecutionRole",
            "role": "cloudshop-lambda-stores"
          },
          "sensitive_attributes": [],
          "identity_schema_version": 0,
          "private": "bnVsbA==",
          "dependencies": [
            "module.iam.aws_iam_role.audit",
            "module.iam.aws_iam_role.carts",
            "module.iam.aws_iam_role.dashboard",
            "module.iam.aws_iam_role.notifications",
            "module.iam.aws_iam_role.orders",
            "module.iam.aws_iam_role.products",
            "module.iam.aws_iam_role.stores",
            "module.iam.aws_iam_role.users",
            "module.iam.data.aws_iam_policy_document.lambda_assume_role"
          ]
        },
        {
          "index_key": "users",
          "schema_version": 0,
          "attributes": {
            "id": "cloudshop-lambda-users-20260726065121528200000003",
            "policy_arn": "arn:aws:iam::aws:policy/service-role/AWSLambdaBasicExecutionRole",
            "role": "cloudshop-lambda-users"
          },
          "sensitive_attributes": [],
          "identity_schema_version": 0,
          "private": "bnVsbA==",
          "dependencies": [
            "module.iam.aws_iam_role.audit",
            "module.iam.aws_iam_role.carts",
            "module.iam.aws_iam_role.dashboard",
            "module.iam.aws_iam_role.notifications",
            "module.iam.aws_iam_role.orders",
            "module.iam.aws_iam_role.products",
            "module.iam.aws_iam_role.stores",
            "module.iam.aws_iam_role.users",
            "module.iam.data.aws_iam_policy_document.lambda_assume_role"
          ]
        }
      ]
    },
    {
      "module": "module.lambdas",
      "mode": "data",
      "type": "archive_file",
      "name": "this",
      "provider": "provider[\"registry.terraform.io/hashicorp/archive\"]",
      "instances": [
        {
          "index_key": "audit_get",
          "schema_version": 0,
          "attributes": {
            "exclude_symlink_directories": null,
            "excludes": null,
            "id": "528e151cbd4b36c45bbad109b8a52bf77be107b2",
            "output_base64sha256": "wuVCeiI1MpW4tNa9ZGHd/LqgXWrfiZv3m2INQ6loRUA=",
            "output_base64sha512": "u5M3SDeV+Ge3L0j8EXMCbXDNNQ6W/GE2iMI3QcHz1sJngG++mWnHri+3yjl3q9l+IrBKoX38LoIS6TLCsmSGrg==",
            "output_file_mode": null,
            "output_md5": "77a858806054ec8fdc7cb9e4015cdff9",
            "output_path": "./.terraform-build/audit_get.zip",
            "output_sha": "528e151cbd4b36c45bbad109b8a52bf77be107b2",
            "output_sha256": "c2e5427a22353295b8b4d6bd6461ddfcbaa05d6adf899bf79b620d43a9684540",
            "output_sha512": "bb9337483795f867b72f48fc1173026d70cd350e96fc613688c23741c1f3d6c267806fbe9969c7ae2fb7ca3977abd97e22b04aa17dfc2e8212e932c2b26486ae",
            "output_size": 2880,
            "source": [],
            "source_content": null,
            "source_content_filename": null,
            "source_dir": "./backend/lambdas/audit/get_audit_logs",
            "source_file": null,
            "type": "zip"
          },
          "sensitive_attributes": [],
          "identity_schema_version": 0
        },
        {
          "index_key": "carts_add_product",
          "schema_version": 0,
          "attributes": {
            "exclude_symlink_directories": null,
            "excludes": null,
            "id": "1cbd85226a2f9c2fcaf43f70ac176f521fb957bb",
            "output_base64sha256": "Qs5NXwGvP54tFxpaAo0J/tJs9r5M+HxNIgNBS1ctty8=",
            "output_base64sha512": "UuUAQB+92dW2lHNgRJ99AjkZkpQgxVndVNgAEI4qMAYL9c34DEOdeZgdMFNBFginbUTkJ0c76uqbeoB5K3cxZA==",
            "output_file_mode": null,
            "output_md5": "9f790c4b089d950521bff188c5bf92c1",
            "output_path": "./.terraform-build/carts_add_product.zip",
            "output_sha": "1cbd85226a2f9c2fcaf43f70ac176f521fb957bb",
            "output_sha256": "42ce4d5f01af3f9e2d171a5a028d09fed26cf6be4cf87c4d2203414b572db72f",
            "output_sha512": "52e500401fbdd9d5b6947360449f7d023919929420c559dd54d800108e2a30060bf5cdf80c439d79981d3053411608a76d44e427473beaea9b7a80792b773164",
            "output_size": 8336,
            "source": [],
            "source_content": null,
            "source_content_filename": null,
            "source_dir": "./backend/lambdas/carts/add_product",
            "source_file": null,
            "type": "zip"
          },
          "sensitive_attributes": [],
          "identity_schema_version": 0
        },
        {
          "index_key": "carts_clear",
          "schema_version": 0,
          "attributes": {
            "exclude_symlink_directories": null,
            "excludes": null,
            "id": "97e55117d7cfef7932b74961fd09b86dfaf2ae40",
            "output_base64sha256": "js1kMgQYSdUDgRVzMWq7cjw/H3SYXSMR89rAhP8ydXs=",
            "output_base64sha512": "DqwEGgMEE63zVGSCzrcCtfVQ4a4stK2fhFRC8ffwdQFzslcFgvl0Kn5SB82PkBUhOof3iY/z3viG4uS2qRuO4g==",
            "output_file_mode": null,
            "output_md5": "67b6b7bc220c8a12ba45fcdfe4eb638f",
            "output_path": "./.terraform-build/carts_clear.zip",
            "output_sha": "97e55117d7cfef7932b74961fd09b86dfaf2ae40",
            "output_sha256": "8ecd6432041849d503811573316abb723c3f1f74985d2311f3dac084ff32757b",
            "output_sha512": "0eac041a030413adf3546482ceb702b5f550e1ae2cb4ad9f845442f1f7f0750173b2570582f9742a7e5207cd8f9015213a87f7898ff3def886e2e4b6a91b8ee2",
            "output_size": 7049,
            "source": [],
            "source_content": null,
            "source_content_filename": null,
            "source_dir": "./backend/lambdas/carts/clear_cart",
            "source_file": null,
            "type": "zip"
          },
          "sensitive_attributes": [],
          "identity_schema_version": 0
        },
        {
          "index_key": "carts_get",
          "schema_version": 0,
          "attributes": {
            "exclude_symlink_directories": null,
            "excludes": null,
            "id": "8c46d76742795b62cb0e85d3a9c94d8a9ab9e354",
            "output_base64sha256": "j+X/JY8I2uExEPGmnjQDH/epUqTnQ/TrIA8TZejsxBc=",
            "output_base64sha512": "2uzbKixcV2Zs1NANIKFCnx0Hb+Slq/PFkH3982tfhXaTfxXRr9XgyC9ekEHEC5pkssHeG5NQppHH7Ybq2xeHdA==",
            "output_file_mode": null,
            "output_md5": "0f4ecde79fd20ec8001815cce4e45bea",
            "output_path": "./.terraform-build/carts_get.zip",
            "output_sha": "8c46d76742795b62cb0e85d3a9c94d8a9ab9e354",
            "output_sha256": "8fe5ff258f08dae13110f1a69e34031ff7a952a4e743f4eb200f1365e8ecc417",
            "output_sha512": "daecdb2a2c5c57666cd4d00d20a1429f1d076fe4a5abf3c5907dfdf36b5f8576937f15d1afd5e0c82f5e9041c40b9a64b2c1de1b9350a691c7ed86eadb178774",
            "output_size": 2126,
            "source": [],
            "source_content": null,
            "source_content_filename": null,
            "source_dir": "./backend/lambdas/carts/get_cart",
            "source_file": null,
            "type": "zip"
          },
          "sensitive_attributes": [],
          "identity_schema_version": 0
        },
        {
          "index_key": "carts_modify_quantity",
          "schema_version": 0,
          "attributes": {
            "exclude_symlink_directories": null,
            "excludes": null,
            "id": "2a1deb7f4b8abd841337ff97e672d2becb29e6d5",
            "output_base64sha256": "RrFLyS94o0rqwbJVdmDmT813nlCrpwEa8G90ecZH5Uw=",
            "output_base64sha512": "Gqfp0O/j+yZkL+4GBg7YO+/c0uuT1bKNi63NalXxiPXkM7ly+SxoimtNXg12+eeVSq3K0bISsgRse0euMUQFuA==",
            "output_file_mode": null,
            "output_md5": "8398f6810894c38cc34641c33e170ace",
            "output_path": "./.terraform-build/carts_modify_quantity.zip",
            "output_sha": "2a1deb7f4b8abd841337ff97e672d2becb29e6d5",
            "output_sha256": "46b14bc92f78a34aeac1b2557660e64fcd779e50aba7011af06f7479c647e54c",
            "output_sha512": "1aa7e9d0efe3fb26642fee06060ed83befdcd2eb93d5b28d8badcd6a55f188f5e433b972f92c688a6b4d5e0d76f9e7954aadcad1b212b2046c7b47ae314405b8",
            "output_size": 8200,
            "source": [],
            "source_content": null,
            "source_content_filename": null,
            "source_dir": "./backend/lambdas/carts/modify_quantity",
            "source_file": null,
            "type": "zip"
          },
          "sensitive_attributes": [],
          "identity_schema_version": 0
        },
        {
          "index_key": "carts_remove_product",
          "schema_version": 0,
          "attributes": {
            "exclude_symlink_directories": null,
            "excludes": null,
            "id": "585d4644debf8f62f0dc67eaeb0d10afe1d5f826",
            "output_base64sha256": "ShQ4fx9LUB3sIUcNxLF+B6ApJXKmeTWg/KJblbGKYVY=",
            "output_base64sha512": "KmoL7xd66rcUXzIMYjYgwroWZMg6REEjnMMc5vNsbIvRJkvM+bDWHh6AmcwqNKHlWBXVFpvQTfR51GkTJEptLQ==",
            "output_file_mode": null,
            "output_md5": "ea6a9390a47a226b46c8ad1976bfe349",
            "output_path": "./.terraform-build/carts_remove_product.zip",
            "output_sha": "585d4644debf8f62f0dc67eaeb0d10afe1d5f826",
            "output_sha256": "4a14387f1f4b501dec21470dc4b17e07a0292572a67935a0fca25b95b18a6156",
            "output_sha512": "2a6a0bef177aeab7145f320c623620c2ba1664c83a4441239cc31ce6f36c6c8bd1264bccf9b0d61e1e8099cc2a34a1e55815d5169bd04df479d46913244a6d2d",
            "output_size": 8244,
            "source": [],
            "source_content": null,
            "source_content_filename": null,
            "source_dir": "./backend/lambdas/carts/remove_product",
            "source_file": null,
            "type": "zip"
          },
          "sensitive_attributes": [],
          "identity_schema_version": 0
        },
        {
          "index_key": "dashboard_get",
          "schema_version": 0,
          "attributes": {
            "exclude_symlink_directories": null,
            "excludes": null,
            "id": "b9c9f4248e7af3bfe22db7270015986eef19d1b1",
            "output_base64sha256": "03TImZOXPAttEaQldXfy+EEjPXXjv9HtET2m/+OVg1I=",
            "output_base64sha512": "gDc9Q5jZoDH8kz1X1Py+D750M7B45MTqZPrxs/HRTbQU8+QnN4Hr2Ab+ix61GrNw1/8o0618ZhFU8bd4XX+WFQ==",
            "output_file_mode": null,
            "output_md5": "c72dbaa65dd3f6c4ddfb69a724e91048",
            "output_path": "./.terraform-build/dashboard_get.zip",
            "output_sha": "b9c9f4248e7af3bfe22db7270015986eef19d1b1",
            "output_sha256": "d374c89993973c0b6d11a4257577f2f841233d75e3bfd1ed113da6ffe3958352",
            "output_sha512": "80373d4398d9a031fc933d57d4fcbe0fbe7433b078e4c4ea64faf1b3f1d14db414f3e4273781ebd806fe8b1eb51ab370d7ff28d3ad7c661154f1b7785d7f9615",
            "output_size": 3173,
            "source": [],
            "source_content": null,
            "source_content_filename": null,
            "source_dir": "./backend/lambdas/dashboard/get_dashboard",
            "source_file": null,
            "type": "zip"
          },
          "sensitive_attributes": [],
          "identity_schema_version": 0
        },
        {
          "index_key": "events_audit",
          "schema_version": 0,
          "attributes": {
            "exclude_symlink_directories": null,
            "excludes": null,
            "id": "cc548071af7e75392fd0a7443e498c6b0ae42d3b",
            "output_base64sha256": "B6iF7L62/BSGbDkNpFYF/o1MYBW/zFtfzlY0i3Pspw4=",
            "output_base64sha512": "PVkaFbtQhCDWI6tg40rCzzzKSci02CLTBD5S8oGBPEfAjj35ZFaaNIecRuuQQbLIl9KAGGvnkqv4pLKEMwYHvA==",
            "output_file_mode": null,
            "output_md5": "4ae6097709e35167258a7119c93142e5",
            "output_path": "./.terraform-build/events_audit.zip",
            "output_sha": "cc548071af7e75392fd0a7443e498c6b0ae42d3b",
            "output_sha256": "07a885ecbeb6fc14866c390da45605fe8d4c6015bfcc5b5fce56348b73eca70e",
            "output_sha512": "3d591a15bb508420d623ab60e34ac2cf3cca49c8b4d822d3043e52f281813c47c08e3df964569a34879c46eb9041b2c897d280186be792abf8a4b284330607bc",
            "output_size": 6237,
            "source": [],
            "source_content": null,
            "source_content_filename": null,
            "source_dir": "./backend/lambdas/events/audit_handler",
            "source_file": null,
            "type": "zip"
          },
          "sensitive_attributes": [],
          "identity_schema_version": 0
        },
        {
          "index_key": "notifications_send_order",
          "schema_version": 0,
          "attributes": {
            "exclude_symlink_directories": null,
            "excludes": null,
            "id": "f0cd5af1501b61f8acdce167142fd13ad91c2b73",
            "output_base64sha256": "cuUf+ZDJxbSb/bZNXgRXrI2XPZo+22vHiKtuGoGoDXI=",
            "output_base64sha512": "H8gKoFar/yftpDM/xdW+LnDKV9RXDbvzglgcaNFUSDpwsBzF3HMpligaaVa05qYBn3GzkJE0zn/48X2vN1E6rw==",
            "output_file_mode": null,
            "output_md5": "79f6dc46ab0f1bbfdf4a8888b4d68709",
            "output_path": "./.terraform-build/notifications_send_order.zip",
            "output_sha": "f0cd5af1501b61f8acdce167142fd13ad91c2b73",
            "output_sha256": "72e51ff990c9c5b49bfdb64d5e0457ac8d973d9a3edb6bc788ab6e1a81a80d72",
            "output_sha512": "1fc80aa056abff27eda4333fc5d5be2e70ca57d4570dbbf382581c68d154483a70b01cc5dc732996281a6956b4e6a6019f71b3909134ce7ff8f17daf37513aaf",
            "output_size": 5906,
            "source": [],
            "source_content": null,
            "source_content_filename": null,
            "source_dir": "./backend/lambdas/notifications/send-order-notification",
            "source_file": null,
            "type": "zip"
          },
          "sensitive_attributes": [],
          "identity_schema_version": 0
        },
        {
          "index_key": "orders_cancel",
          "schema_version": 0,
          "attributes": {
            "exclude_symlink_directories": null,
            "excludes": null,
            "id": "12e8c843c356c8cf76de85556f6ae06aacbb1a72",
            "output_base64sha256": "JeI1nGTBCS8B2yENjgU9qrP4mF/tE+Q1nWsR/Xz2aWk=",
            "output_base64sha512": "WO/BniEtVcoFlNpWv8FkHPYUdyIP20kP5fVf2tlxOxGAQmhEBZKwa75JgvcFei7IxhqshyIdtMU+DWT4Hs/zBw==",
            "output_file_mode": null,
            "output_md5": "4088511bce964ebada89987a468550b8",
            "output_path": "./.terraform-build/orders_cancel.zip",
            "output_sha": "12e8c843c356c8cf76de85556f6ae06aacbb1a72",
            "output_sha256": "25e2359c64c1092f01db210d8e053daab3f8985fed13e4359d6b11fd7cf66969",
            "output_sha512": "58efc19e212d55ca0594da56bfc1641cf61477220fdb490fe5f55fdad9713b11804268440592b06bbe4982f7057a2ec8c61aac87221db4c53e0d64f81ecff307",
            "output_size": 6468,
            "source": [],
            "source_content": null,
            "source_content_filename": null,
            "source_dir": "./backend/lambdas/orders/cancel_order",
            "source_file": null,
            "type": "zip"
          },
          "sensitive_attributes": [],
          "identity_schema_version": 0
        },
        {
          "index_key": "orders_create",
          "schema_version": 0,
          "attributes": {
            "exclude_symlink_directories": null,
            "excludes": null,
            "id": "14ff15c39328e0f5325203614eaeac6d571c520e",
            "output_base64sha256": "XjdJlFCZRpLbRZSZRtQ+UcahnDxFQ9WARyVkknoXnvw=",
            "output_base64sha512": "x52x7chnMPDcFhLYVQeakW06WW/yCXCU9UxsYHf8B1reQ07ETClyE6uq/sBNFsEwdc0HO7pMC2ONxQN3AtwdmQ==",
            "output_file_mode": null,
            "output_md5": "82af30057644cbef1d91c3da5c79a337",
            "output_path": "./.terraform-build/orders_create.zip",
            "output_sha": "14ff15c39328e0f5325203614eaeac6d571c520e",
            "output_sha256": "5e37499450994692db45949946d43e51c6a19c3c4543d580472564927a179efc",
            "output_sha512": "c79db1edc86730f0dc1612d855079a916d3a596ff2097094f54c6c6077fc075ade434ec44c297213abaafec04d16c13075cd073bba4c0b638dc5037702dc1d99",
            "output_size": 10547,
            "source": [],
            "source_content": null,
            "source_content_filename": null,
            "source_dir": "./backend/lambdas/orders/create_order",
            "source_file": null,
            "type": "zip"
          },
          "sensitive_attributes": [],
          "identity_schema_version": 0
        },
        {
          "index_key": "orders_get",
          "schema_version": 0,
          "attributes": {
            "exclude_symlink_directories": null,
            "excludes": null,
            "id": "9406d1b02c85f6d3ee7207e067e052a38a210caa",
            "output_base64sha256": "OMzkf3ZFTPSVUMd9UK8bjU70/H65wol4RoojHEYzoyk=",
            "output_base64sha512": "8oUtsNN/bZpp5V1Ad7rjVdlL6Wi5B8ycmZmpPt78/ztF6he1MLqWzoUWBOZ0fyqYn/dcOGrF+w2pVV62qwWSNQ==",
            "output_file_mode": null,
            "output_md5": "23c532820bcc04b1867c6131ef57f5d6",
            "output_path": "./.terraform-build/orders_get.zip",
            "output_sha": "9406d1b02c85f6d3ee7207e067e052a38a210caa",
            "output_sha256": "38cce47f76454cf49550c77d50af1b8d4ef4fc7eb9c28978468a231c4633a329",
            "output_sha512": "f2852db0d37f6d9a69e55d4077bae355d94be968b907cc9c9999a93edefcff3b45ea17b530ba96ce851604e6747f2a989ff75c386ac5fb0da9555eb6ab059235",
            "output_size": 4515,
            "source": [],
            "source_content": null,
            "source_content_filename": null,
            "source_dir": "./backend/lambdas/orders/get_order_by_id",
            "source_file": null,
            "type": "zip"
          },
          "sensitive_attributes": [],
          "identity_schema_version": 0
        },
        {
          "index_key": "orders_list",
          "schema_version": 0,
          "attributes": {
            "exclude_symlink_directories": null,
            "excludes": null,
            "id": "5a511635e9a3ed7e4079e737f5bb4f1cf868a119",
            "output_base64sha256": "JmCqZ470NnXRL3qVq774teLy5hlx+DzsZc34kiD5/yU=",
            "output_base64sha512": "h6gN0dMEjQOefAGk7FdEdH1OZKYle7bh95qCFAc1GCMMEPH7Yr4WhmRh3dMcwdv+J1XqBSQPdwlX5ab85nEuCQ==",
            "output_file_mode": null,
            "output_md5": "ccdda2a4d5dd6338d405a8f4cfa0b59a",
            "output_path": "./.terraform-build/orders_list.zip",
            "output_sha": "5a511635e9a3ed7e4079e737f5bb4f1cf868a119",
            "output_sha256": "2660aa678ef43675d12f7a95abbef8b5e2f2e61971f83cec65cdf89220f9ff25",
            "output_sha512": "87a80dd1d3048d039e7c01a4ec5744747d4e64a6257bb6e1f79a8214073518230c10f1fb62be16866461ddd31cc1dbfe2755ea05240f770957e5a6fce6712e09",
            "output_size": 5410,
            "source": [],
            "source_content": null,
            "source_content_filename": null,
            "source_dir": "./backend/lambdas/orders/get_orders",
            "source_file": null,
            "type": "zip"
          },
          "sensitive_attributes": [],
          "identity_schema_version": 0
        },
        {
          "index_key": "orders_update_status",
          "schema_version": 0,
          "attributes": {
            "exclude_symlink_directories": null,
            "excludes": null,
            "id": "4244883364ce7b254e70b7f194438b43b725d180",
            "output_base64sha256": "t9EnIuGPC31Ue45ErZs1MtBxCJceVKBP2isxNVXr3f0=",
            "output_base64sha512": "1sgYV+mDyTgvX8+Xf/X77yENEyUqcQ9AYpyhacCiTCa8OeD6kKOIxT6P0P7df5xm+Y0XELwdHp8M6IEV54l/vQ==",
            "output_file_mode": null,
            "output_md5": "9ed965c53550806dc5935b3d6a49fe6d",
            "output_path": "./.terraform-build/orders_update_status.zip",
            "output_sha": "4244883364ce7b254e70b7f194438b43b725d180",
            "output_sha256": "b7d12722e18f0b7d547b8e44ad9b3532d07108971e54a04fda2b313555ebddfd",
            "output_sha512": "d6c81857e983c9382f5fcf977ff5fbef210d13252a710f40629ca169c0a24c26bc39e0fa90a388c53e8fd0fedd7f9c66f98d1710bc1d1e9f0ce88115e7897fbd",
            "output_size": 6634,
            "source": [],
            "source_content": null,
            "source_content_filename": null,
            "source_dir": "./backend/lambdas/orders/update_order_status",
            "source_file": null,
            "type": "zip"
          },
          "sensitive_attributes": [],
          "identity_schema_version": 0
        },
        {
          "index_key": "products_create",
          "schema_version": 0,
          "attributes": {
            "exclude_symlink_directories": null,
            "excludes": null,
            "id": "5a713e49add4a5e49737de009ac879f5682b2d4a",
            "output_base64sha256": "/Gggt5xMHxiQjU072nFqU0lSCjaETp4LXFqXXNlAfkY=",
            "output_base64sha512": "VlveN31gRbfP5/LMJNpklsL2/nWSApUBvks6fLyeYb8awNSeYwtX6ifOvKF1q+tPkfil0ujdWulE/AcpOHTk3Q==",
            "output_file_mode": null,
            "output_md5": "0f5d4bfc138299522ec7f075027806b3",
            "output_path": "./.terraform-build/products_create.zip",
            "output_sha": "5a713e49add4a5e49737de009ac879f5682b2d4a",
            "output_sha256": "fc6820b79c4c1f18908d4d3bda716a5349520a36844e9e0b5c5a975cd9407e46",
            "output_sha512": "565bde377d6045b7cfe7f2cc24da6496c2f6fe7592029501be4b3a7cbc9e61bf1ac0d49e630b57ea27cebca175abeb4f91f8a5d2e8dd5ae944fc07293874e4dd",
            "output_size": 5438,
            "source": [],
            "source_content": null,
            "source_content_filename": null,
            "source_dir": "./backend/lambdas/products/create_product",
            "source_file": null,
            "type": "zip"
          },
          "sensitive_attributes": [],
          "identity_schema_version": 0
        },
        {
          "index_key": "products_delete",
          "schema_version": 0,
          "attributes": {
            "exclude_symlink_directories": null,
            "excludes": null,
            "id": "1dd20c823498febd89ea83e16f95659c78a7a69b",
            "output_base64sha256": "3uBu/4G218tdqvWt1EvMC0TDf+ovzyXkknglpvZlRe4=",
            "output_base64sha512": "KUqS5Cuje1dA1eJ7gjfRMJnGruVYDAQZWAuCQh0ZhYxHeCHPwCJvkTb4kLtXLc7i8E1+aq0YS/EATQY5QfLGDA==",
            "output_file_mode": null,
            "output_md5": "8cac34c1f828cfd9ccfdf0d87b8f35bb",
            "output_path": "./.terraform-build/products_delete.zip",
            "output_sha": "1dd20c823498febd89ea83e16f95659c78a7a69b",
            "output_sha256": "dee06eff81b6d7cb5daaf5add44bcc0b44c37fea2fcf25e4927825a6f66545ee",
            "output_sha512": "294a92e42ba37b5740d5e27b8237d13099c6aee5580c0419580b82421d19858c477821cfc0226f9136f890bb572dcee2f04d7e6aad184bf1004d063941f2c60c",
            "output_size": 5503,
            "source": [],
            "source_content": null,
            "source_content_filename": null,
            "source_dir": "./backend/lambdas/products/delete_product",
            "source_file": null,
            "type": "zip"
          },
          "sensitive_attributes": [],
          "identity_schema_version": 0
        },
        {
          "index_key": "products_get",
          "schema_version": 0,
          "attributes": {
            "exclude_symlink_directories": null,
            "excludes": null,
            "id": "dfe27efcb76f337ce4eb6621feac8a9a58c53067",
            "output_base64sha256": "Mhoh1Fie6pe1K8i99Oyb4ZuqtZoG3L1G18eOg0CmGp4=",
            "output_base64sha512": "RWsqeOzbD4PfVD3aeX/sM2A13Kke1YS9N5FkeWgBG9rGBOC9/bBVaJhZHeOpjqanZzDJ78AIawixA7CB/SvsxA==",
            "output_file_mode": null,
            "output_md5": "baf64ffa4f7245c0ecf3e36580ea765d",
            "output_path": "./.terraform-build/products_get.zip",
            "output_sha": "dfe27efcb76f337ce4eb6621feac8a9a58c53067",
            "output_sha256": "321a21d4589eea97b52bc8bdf4ec9be19baab59a06dcbd46d7c78e8340a61a9e",
            "output_sha512": "456b2a78ecdb0f83df543dda797fec336035dca91ed584bd3791647968011bdac604e0bdfdb0556898591de3a98ea6a76730c9efc0086b08b103b081fd2becc4",
            "output_size": 4305,
            "source": [],
            "source_content": null,
            "source_content_filename": null,
            "source_dir": "./backend/lambdas/products/get_product_by_id",
            "source_file": null,
            "type": "zip"
          },
          "sensitive_attributes": [],
          "identity_schema_version": 0
        },
        {
          "index_key": "products_list",
          "schema_version": 0,
          "attributes": {
            "exclude_symlink_directories": null,
            "excludes": null,
            "id": "95df54a39dca3a14c179c10aac930c11a81fa37d",
            "output_base64sha256": "XMTVjVO+AZn/4Ivn04PGG5Pt+5EXdtg/BFqMZ/972+s=",
            "output_base64sha512": "JGFJ7+WP+s+ow80jMLufqXR4tj+XiVPjkP8AdYdsVTHbOAVVuS0Sk0QOWAS6/pKqKYgiPZyuV0zH1hH53ZNinw==",
            "output_file_mode": null,
            "output_md5": "bc9f3d61e1315894171d33afbf0e9bc3",
            "output_path": "./.terraform-build/products_list.zip",
            "output_sha": "95df54a39dca3a14c179c10aac930c11a81fa37d",
            "output_sha256": "5cc4d58d53be0199ffe08be7d383c61b93edfb911776d83f045a8c67ff7bdbeb",
            "output_sha512": "246149efe58ffacfa8c3cd2330bb9fa97478b63f978953e390ff0075876c5531db380555b92d1293440e5804bafe92aa2988223d9cae574cc7d611f9dd93629f",
            "output_size": 4830,
            "source": [],
            "source_content": null,
            "source_content_filename": null,
            "source_dir": "./backend/lambdas/products/get_products",
            "source_file": null,
            "type": "zip"
          },
          "sensitive_attributes": [],
          "identity_schema_version": 0
        },
        {
          "index_key": "products_update",
          "schema_version": 0,
          "attributes": {
            "exclude_symlink_directories": null,
            "excludes": null,
            "id": "e07b091fa147d95ba5f7deb324b696c4af343572",
            "output_base64sha256": "YkFXwmLkbdp7RpNa8kpGLVdI3WfCM3wHTfh7QC3OPdc=",
            "output_base64sha512": "UfS6l1eRegGSPOYFJG6K0Q4LTBjg9T+K135k5NZYd1o+dath7rq87RfXrDxyU9+h+M7aBQQ0mOsU5+hkSWibsw==",
            "output_file_mode": null,
            "output_md5": "ddd359ffdf28dfb291b372445abdad62",
            "output_path": "./.terraform-build/products_update.zip",
            "output_sha": "e07b091fa147d95ba5f7deb324b696c4af343572",
            "output_sha256": "624157c262e46dda7b46935af24a462d5748dd67c2337c074df87b402dce3dd7",
            "output_sha512": "51f4ba9757917a01923ce605246e8ad10e0b4c18e0f53f8ad77e64e4d658775a3e75ab61eebabced17d7ac3c7253dfa1f8ceda05043498eb14e7e86449689bb3",
            "output_size": 6452,
            "source": [],
            "source_content": null,
            "source_content_filename": null,
            "source_dir": "./backend/lambdas/products/update_product",
            "source_file": null,
            "type": "zip"
          },
          "sensitive_attributes": [],
          "identity_schema_version": 0
        },
        {
          "index_key": "stores_create",
          "schema_version": 0,
          "attributes": {
            "exclude_symlink_directories": null,
            "excludes": null,
            "id": "ee2267d9b587c0873177a57eee6843839f2c0d19",
            "output_base64sha256": "z6NPUsPyYQsm4c+OA46ibt9NOPbxUglyc3fbQMpB7Jg=",
            "output_base64sha512": "rrCQTxcbHhBVSAW1XcO6j7W+yAb3UMYDG0PD8jFMp2YH3SRd49Rsx4scbAWeKkjjQScHghKi6NOUsh9nnkKoOQ==",
            "output_file_mode": null,
            "output_md5": "13ad4d5a3f6f31685f35315ab624bdc7",
            "output_path": "./.terraform-build/stores_create.zip",
            "output_sha": "ee2267d9b587c0873177a57eee6843839f2c0d19",
            "output_sha256": "cfa34f52c3f2610b26e1cf8e038ea26edf4d38f6f15209727377db40ca41ec98",
            "output_sha512": "aeb0904f171b1e10554805b55dc3ba8fb5bec806f750c6031b43c3f2314ca76607dd245de3d46cc78b1c6c059e2a48e34127078212a2e8d394b21f679e42a839",
            "output_size": 5927,
            "source": [],
            "source_content": null,
            "source_content_filename": null,
            "source_dir": "./backend/lambdas/stores/create_store",
            "source_file": null,
            "type": "zip"
          },
          "sensitive_attributes": [],
          "identity_schema_version": 0
        },
        {
          "index_key": "stores_delete",
          "schema_version": 0,
          "attributes": {
            "exclude_symlink_directories": null,
            "excludes": null,
            "id": "2e86a8f2dcf656f75f5fd4ba2ebc633d9a36e188",
            "output_base64sha256": "8LxK5ux9AXxtWwGe49vLvp97nr/2T3dwokN/AkDsjUQ=",
            "output_base64sha512": "XwY5/6bogPQ/c10vojlo1nwL3MT3eR3lcyFsuzvr10xQ5bDKx+XHEQ3kQRZ2ZIqCkzirzD+oUA3MVfs9yggeXg==",
            "output_file_mode": null,
            "output_md5": "694b23c88a2aa338b71c6deef691b739",
            "output_path": "./.terraform-build/stores_delete.zip",
            "output_sha": "2e86a8f2dcf656f75f5fd4ba2ebc633d9a36e188",
            "output_sha256": "f0bc4ae6ec7d017c6d5b019ee3dbcbbe9f7b9ebff64f7770a2437f0240ec8d44",
            "output_sha512": "5f0639ffa6e880f43f735d2fa23968d67c0bdcc4f7791de573216cbb3bebd74c50e5b0cac7e5c7110de4411676648a829338abcc3fa8500dcc55fb3dca081e5e",
            "output_size": 5630,
            "source": [],
            "source_content": null,
            "source_content_filename": null,
            "source_dir": "./backend/lambdas/stores/delete_store",
            "source_file": null,
            "type": "zip"
          },
          "sensitive_attributes": [],
          "identity_schema_version": 0
        },
        {
          "index_key": "stores_get",
          "schema_version": 0,
          "attributes": {
            "exclude_symlink_directories": null,
            "excludes": null,
            "id": "44039ddc6c5cbfa6a305b712e4e8fb791fe62c07",
            "output_base64sha256": "cj0UDVFYIrk/nHig7yJj96r+0Q7+Jl3aRH5GVNgswkc=",
            "output_base64sha512": "uej617MhyfQ353pZzGl37KGxcwMT8VHdmDoRkuizGRQWogFl/YYSqzH+k8yAeZQ5Wt5LyauKrc1lCatfCxTAvg==",
            "output_file_mode": null,
            "output_md5": "1117a02ebfac4f4454edbd84c2a4641b",
            "output_path": "./.terraform-build/stores_get.zip",
            "output_sha": "44039ddc6c5cbfa6a305b712e4e8fb791fe62c07",
            "output_sha256": "723d140d515822b93f9c78a0ef2263f7aafed10efe265dda447e4654d82cc247",
            "output_sha512": "b9e8fad7b321c9f437e77a59cc6977eca1b1730313f151dd983a1192e8b3191416a20165fd8612ab31fe93cc807994395ade4bc9ab8aadcd6509ab5f0b14c0be",
            "output_size": 4768,
            "source": [],
            "source_content": null,
            "source_content_filename": null,
            "source_dir": "./backend/lambdas/stores/get_store_by_id",
            "source_file": null,
            "type": "zip"
          },
          "sensitive_attributes": [],
          "identity_schema_version": 0
        },
        {
          "index_key": "stores_list",
          "schema_version": 0,
          "attributes": {
            "exclude_symlink_directories": null,
            "excludes": null,
            "id": "6e0ea7728e5fd22bdb2f40c20ecfdf34593295b3",
            "output_base64sha256": "BPctHxx7hOqbYYLPgia/MDxdAr+Wv8ptctIDh6twqKo=",
            "output_base64sha512": "fKzo7d8M5cP4kJfx5Njv3yCcP6l5bdf2n1dpoEgQMhuw3zuqMkIyzbIOMQRlm984byDUyirB/FnNjnlb47dDKQ==",
            "output_file_mode": null,
            "output_md5": "28dd2c51a092860af7e6b96b37067757",
            "output_path": "./.terraform-build/stores_list.zip",
            "output_sha": "6e0ea7728e5fd22bdb2f40c20ecfdf34593295b3",
            "output_sha256": "04f72d1f1c7b84ea9b6182cf8226bf303c5d02bf96bfca6d72d20387ab70a8aa",
            "output_sha512": "7cace8eddf0ce5c3f89097f1e4d8efdf209c3fa9796dd7f69f5769a04810321bb0df3baa324232cdb20e3104659bdf386f20d4ca2ac1fc59cd8e795be3b74329",
            "output_size": 5706,
            "source": [],
            "source_content": null,
            "source_content_filename": null,
            "source_dir": "./backend/lambdas/stores/get_stores",
            "source_file": null,
            "type": "zip"
          },
          "sensitive_attributes": [],
          "identity_schema_version": 0
        },
        {
          "index_key": "stores_update",
          "schema_version": 0,
          "attributes": {
            "exclude_symlink_directories": null,
            "excludes": null,
            "id": "e3ddafc023541ef4a7373f6ed67e0da96fd93594",
            "output_base64sha256": "1T7ufG6OVcCb1DSX4WGoYCo93vHRj35mo/ZwL7dBVaE=",
            "output_base64sha512": "3kqfYuMtGwg9McZYtmUYreBwjXrwes2kEARwjLXNXcirfwyQJB5iCsoHWjyzHjJsbJu0t3y4ypRfUNux5XECcg==",
            "output_file_mode": null,
            "output_md5": "7d708a2d7ac03a209c796a40503c3167",
            "output_path": "./.terraform-build/stores_update.zip",
            "output_sha": "e3ddafc023541ef4a7373f6ed67e0da96fd93594",
            "output_sha256": "d53eee7c6e8e55c09bd43497e161a8602a3ddef1d18f7e66a3f6702fb74155a1",
            "output_sha512": "de4a9f62e32d1b083d31c658b66518ade0708d7af07acda41004708cb5cd5dc8ab7f0c90241e620aca075a3cb31e326c6c9bb4b77cb8ca945f50dbb1e5710272",
            "output_size": 6812,
            "source": [],
            "source_content": null,
            "source_content_filename": null,
            "source_dir": "./backend/lambdas/stores/update_store",
            "source_file": null,
            "type": "zip"
          },
          "sensitive_attributes": [],
          "identity_schema_version": 0
        },
        {
          "index_key": "users_delete",
          "schema_version": 0,
          "attributes": {
            "exclude_symlink_directories": null,
            "excludes": null,
            "id": "52a235b7689dd1e446ece23c3d00e4d6cc2e67ff",
            "output_base64sha256": "LOL/srU91eXFRtmKiBjx23I6g2LjZ0tTQaSFidfxaEM=",
            "output_base64sha512": "/2ofxBY4PzEHmx/wP1d9r3t+N142Sf4JUwqm5OqqEy7qAUDPNZjN1y2Mkfw/pcE++EYS9jVE+sT+0zXPjZKbsg==",
            "output_file_mode": null,
            "output_md5": "f5e676d4319e77feb475544cef18bd74",
            "output_path": "./.terraform-build/users_delete.zip",
            "output_sha": "52a235b7689dd1e446ece23c3d00e4d6cc2e67ff",
            "output_sha256": "2ce2ffb2b53dd5e5c546d98a8818f1db723a8362e3674b5341a48589d7f16843",
            "output_sha512": "ff6a1fc416383f31079b1ff03f577daf7b7e375e3649fe09530aa6e4eaaa132eea0140cf3598cdd72d8c91fc3fa5c13ef84612f63544fac4fed335cf8d929bb2",
            "output_size": 6031,
            "source": [],
            "source_content": null,
            "source_content_filename": null,
            "source_dir": "./backend/lambdas/users/delete-user",
            "source_file": null,
            "type": "zip"
          },
          "sensitive_attributes": [],
          "identity_schema_version": 0
        },
        {
          "index_key": "users_list",
          "schema_version": 0,
          "attributes": {
            "exclude_symlink_directories": null,
            "excludes": null,
            "id": "8f2896249ee4695f02bfbc2aa15a46a8722b4303",
            "output_base64sha256": "nwIiupqWVycIYhXby7UZWfrpsb4KVWR5uXHF9Z0S6Hs=",
            "output_base64sha512": "UjPxIPP+o9zaFYttq0Uh/uO4bVR07+253kqEPBHEdGcUJKW/9sM8bDxYuHQh4vKbsrj84qgZa75OeuCeMzRS5Q==",
            "output_file_mode": null,
            "output_md5": "4e310ee3d3318f464751346ea78bceee",
            "output_path": "./.terraform-build/users_list.zip",
            "output_sha": "8f2896249ee4695f02bfbc2aa15a46a8722b4303",
            "output_sha256": "9f0222ba9a965727086215dbcbb51959fae9b1be0a556479b971c5f59d12e87b",
            "output_sha512": "5233f120f3fea3dcda158b6dab4521fee3b86d5474efedb9de4a843c11c474671424a5bff6c33c6c3c58b87421e2f29bb2b8fce2a8196bbe4e7ae09e333452e5",
            "output_size": 4665,
            "source": [],
            "source_content": null,
            "source_content_filename": null,
            "source_dir": "./backend/lambdas/users/get-users",
            "source_file": null,
            "type": "zip"
          },
          "sensitive_attributes": [],
          "identity_schema_version": 0
        },
        {
          "index_key": "users_register",
          "schema_version": 0,
          "attributes": {
            "exclude_symlink_directories": null,
            "excludes": null,
            "id": "4ccdca088869bb3b091ba538cc49573e6dc1d986",
            "output_base64sha256": "4TIvEuefYsHdpPbGe93drHD6uF/KJxRb2/3Li7dUK9U=",
            "output_base64sha512": "muawbhXcJql22s5g0BFKSV2N8JNSrhNFeMr0e0gBcPHKYetKKGP0Hn7gQptghALTzh57uneV6vo2wpqG/jwD2Q==",
            "output_file_mode": null,
            "output_md5": "22bc068f775bc96c90d5b7108ea33554",
            "output_path": "./.terraform-build/users_register.zip",
            "output_sha": "4ccdca088869bb3b091ba538cc49573e6dc1d986",
            "output_sha256": "e1322f12e79f62c1dda4f6c67bddddac70fab85fca27145bdbfdcb8bb7542bd5",
            "output_sha512": "9ae6b06e15dc26a976dace60d0114a495d8df09352ae134578caf47b480170f1ca61eb4a2863f41e7ee0429b608402d3ce1e7bba7795eafa36c29a86fe3c03d9",
            "output_size": 7343,
            "source": [],
            "source_content": null,
            "source_content_filename": null,
            "source_dir": "./backend/lambdas/users/register-user",
            "source_file": null,
            "type": "zip"
          },
          "sensitive_attributes": [],
          "identity_schema_version": 0
        },
        {
          "index_key": "users_update",
          "schema_version": 0,
          "attributes": {
            "exclude_symlink_directories": null,
            "excludes": null,
            "id": "58e77df971853c4f32084d623571e8c1c0e5a987",
            "output_base64sha256": "L3yL0e2RuzgN5vOtt+LMNtRF4jBhohl6layPydKLK4E=",
            "output_base64sha512": "azPCMecytf473oTYHTznRKk9buBvp/CHTr0l7eKf9tHyCA5mB6C2BRHPa0qWdzzvhHF0gLKf1UUbhcAvTwQaMw==",
            "output_file_mode": null,
            "output_md5": "0342b31a1dd9b60fdaf3fc1b7525a8e8",
            "output_path": "./.terraform-build/users_update.zip",
            "output_sha": "58e77df971853c4f32084d623571e8c1c0e5a987",
            "output_sha256": "2f7c8bd1ed91bb380de6f3adb7e2cc36d445e23061a2197a95ac8fc9d28b2b81",
            "output_sha512": "6b33c231e732b5fe3bde84d81d3ce744a93d6ee06fa7f0874ebd25ede29ff6d1f2080e6607a0b60511cf6b4a96773cef84717480b29fd5451b85c02f4f041a33",
            "output_size": 7180,
            "source": [],
            "source_content": null,
            "source_content_filename": null,
            "source_dir": "./backend/lambdas/users/update-user",
            "source_file": null,
            "type": "zip"
          },
          "sensitive_attributes": [],
          "identity_schema_version": 0
        }
      ]
    },
    {
      "module": "module.lambdas",
      "mode": "managed",
      "type": "aws_cloudwatch_log_group",
      "name": "this",
      "provider": "provider[\"registry.terraform.io/hashicorp/aws\"]",
      "instances": [
        {
          "index_key": "audit_get",
          "schema_version": 0,
          "attributes": {
            "arn": "arn:aws:logs:us-east-1:511949652182:log-group:/aws/lambda/cloudshop-audit-get",
            "id": "/aws/lambda/cloudshop-audit-get",
            "kms_key_id": "",
            "log_group_class": "STANDARD",
            "name": "/aws/lambda/cloudshop-audit-get",
            "name_prefix": "",
            "retention_in_days": 14,
            "skip_destroy": false,
            "tags": {},
            "tags_all": {
              "Environment": "dev",
              "ManagedBy": "Terraform",
              "Project": "CloudShop"
            }
          },
          "sensitive_attributes": [],
          "identity_schema_version": 0,
          "private": "bnVsbA==",
          "dependencies": [
            "module.dynamodb.aws_dynamodb_table.audit",
            "module.dynamodb.aws_dynamodb_table.carts",
            "module.dynamodb.aws_dynamodb_table.orders",
            "module.dynamodb.aws_dynamodb_table.products",
            "module.dynamodb.aws_dynamodb_table.stores"
          ],
          "create_before_destroy": true
        },
        {
          "index_key": "carts_add_product",
          "schema_version": 0,
          "attributes": {
            "arn": "arn:aws:logs:us-east-1:511949652182:log-group:/aws/lambda/cloudshop-carts-add-product",
            "id": "/aws/lambda/cloudshop-carts-add-product",
            "kms_key_id": "",
            "log_group_class": "STANDARD",
            "name": "/aws/lambda/cloudshop-carts-add-product",
            "name_prefix": "",
            "retention_in_days": 14,
            "skip_destroy": false,
            "tags": {},
            "tags_all": {
              "Environment": "dev",
              "ManagedBy": "Terraform",
              "Project": "CloudShop"
            }
          },
          "sensitive_attributes": [],
          "identity_schema_version": 0,
          "private": "bnVsbA==",
          "dependencies": [
            "module.dynamodb.aws_dynamodb_table.audit",
            "module.dynamodb.aws_dynamodb_table.carts",
            "module.dynamodb.aws_dynamodb_table.orders",
            "module.dynamodb.aws_dynamodb_table.products",
            "module.dynamodb.aws_dynamodb_table.stores"
          ],
          "create_before_destroy": true
        },
        {
          "index_key": "carts_clear",
          "schema_version": 0,
          "attributes": {
            "arn": "arn:aws:logs:us-east-1:511949652182:log-group:/aws/lambda/cloudshop-carts-clear",
            "id": "/aws/lambda/cloudshop-carts-clear",
            "kms_key_id": "",
            "log_group_class": "STANDARD",
            "name": "/aws/lambda/cloudshop-carts-clear",
            "name_prefix": "",
            "retention_in_days": 14,
            "skip_destroy": false,
            "tags": {},
            "tags_all": {
              "Environment": "dev",
              "ManagedBy": "Terraform",
              "Project": "CloudShop"
            }
          },
          "sensitive_attributes": [],
          "identity_schema_version": 0,
          "private": "bnVsbA==",
          "dependencies": [
            "module.dynamodb.aws_dynamodb_table.audit",
            "module.dynamodb.aws_dynamodb_table.carts",
            "module.dynamodb.aws_dynamodb_table.orders",
            "module.dynamodb.aws_dynamodb_table.products",
            "module.dynamodb.aws_dynamodb_table.stores"
          ],
          "create_before_destroy": true
        },
        {
          "index_key": "carts_get",
          "schema_version": 0,
          "attributes": {
            "arn": "arn:aws:logs:us-east-1:511949652182:log-group:/aws/lambda/cloudshop-carts-get",
            "id": "/aws/lambda/cloudshop-carts-get",
            "kms_key_id": "",
            "log_group_class": "STANDARD",
            "name": "/aws/lambda/cloudshop-carts-get",
            "name_prefix": "",
            "retention_in_days": 14,
            "skip_destroy": false,
            "tags": {},
            "tags_all": {
              "Environment": "dev",
              "ManagedBy": "Terraform",
              "Project": "CloudShop"
            }
          },
          "sensitive_attributes": [],
          "identity_schema_version": 0,
          "private": "bnVsbA==",
          "dependencies": [
            "module.dynamodb.aws_dynamodb_table.audit",
            "module.dynamodb.aws_dynamodb_table.carts",
            "module.dynamodb.aws_dynamodb_table.orders",
            "module.dynamodb.aws_dynamodb_table.products",
            "module.dynamodb.aws_dynamodb_table.stores"
          ],
          "create_before_destroy": true
        },
        {
          "index_key": "carts_modify_quantity",
          "schema_version": 0,
          "attributes": {
            "arn": "arn:aws:logs:us-east-1:511949652182:log-group:/aws/lambda/cloudshop-carts-modify-quantity",
            "id": "/aws/lambda/cloudshop-carts-modify-quantity",
            "kms_key_id": "",
            "log_group_class": "STANDARD",
            "name": "/aws/lambda/cloudshop-carts-modify-quantity",
            "name_prefix": "",
            "retention_in_days": 14,
            "skip_destroy": false,
            "tags": {},
            "tags_all": {
              "Environment": "dev",
              "ManagedBy": "Terraform",
              "Project": "CloudShop"
            }
          },
          "sensitive_attributes": [],
          "identity_schema_version": 0,
          "private": "bnVsbA==",
          "dependencies": [
            "module.dynamodb.aws_dynamodb_table.audit",
            "module.dynamodb.aws_dynamodb_table.carts",
            "module.dynamodb.aws_dynamodb_table.orders",
            "module.dynamodb.aws_dynamodb_table.products",
            "module.dynamodb.aws_dynamodb_table.stores"
          ],
          "create_before_destroy": true
        },
        {
          "index_key": "carts_remove_product",
          "schema_version": 0,
          "attributes": {
            "arn": "arn:aws:logs:us-east-1:511949652182:log-group:/aws/lambda/cloudshop-carts-remove-product",
            "id": "/aws/lambda/cloudshop-carts-remove-product",
            "kms_key_id": "",
            "log_group_class": "STANDARD",
            "name": "/aws/lambda/cloudshop-carts-remove-product",
            "name_prefix": "",
            "retention_in_days": 14,
            "skip_destroy": false,
            "tags": {},
            "tags_all": {
              "Environment": "dev",
              "ManagedBy": "Terraform",
              "Project": "CloudShop"
            }
          },
          "sensitive_attributes": [],
          "identity_schema_version": 0,
          "private": "bnVsbA==",
          "dependencies": [
            "module.dynamodb.aws_dynamodb_table.audit",
            "module.dynamodb.aws_dynamodb_table.carts",
            "module.dynamodb.aws_dynamodb_table.orders",
            "module.dynamodb.aws_dynamodb_table.products",
            "module.dynamodb.aws_dynamodb_table.stores"
          ],
          "create_before_destroy": true
        },
        {
          "index_key": "dashboard_get",
          "schema_version": 0,
          "attributes": {
            "arn": "arn:aws:logs:us-east-1:511949652182:log-group:/aws/lambda/cloudshop-dashboard-get",
            "id": "/aws/lambda/cloudshop-dashboard-get",
            "kms_key_id": "",
            "log_group_class": "STANDARD",
            "name": "/aws/lambda/cloudshop-dashboard-get",
            "name_prefix": "",
            "retention_in_days": 14,
            "skip_destroy": false,
            "tags": {},
            "tags_all": {
              "Environment": "dev",
              "ManagedBy": "Terraform",
              "Project": "CloudShop"
            }
          },
          "sensitive_attributes": [],
          "identity_schema_version": 0,
          "private": "bnVsbA==",
          "dependencies": [
            "module.dynamodb.aws_dynamodb_table.audit",
            "module.dynamodb.aws_dynamodb_table.carts",
            "module.dynamodb.aws_dynamodb_table.orders",
            "module.dynamodb.aws_dynamodb_table.products",
            "module.dynamodb.aws_dynamodb_table.stores"
          ],
          "create_before_destroy": true
        },
        {
          "index_key": "events_audit",
          "schema_version": 0,
          "attributes": {
            "arn": "arn:aws:logs:us-east-1:511949652182:log-group:/aws/lambda/cloudshop-events-audit",
            "id": "/aws/lambda/cloudshop-events-audit",
            "kms_key_id": "",
            "log_group_class": "STANDARD",
            "name": "/aws/lambda/cloudshop-events-audit",
            "name_prefix": "",
            "retention_in_days": 14,
            "skip_destroy": false,
            "tags": {},
            "tags_all": {
              "Environment": "dev",
              "ManagedBy": "Terraform",
              "Project": "CloudShop"
            }
          },
          "sensitive_attributes": [],
          "identity_schema_version": 0,
          "private": "bnVsbA==",
          "dependencies": [
            "module.dynamodb.aws_dynamodb_table.audit",
            "module.dynamodb.aws_dynamodb_table.carts",
            "module.dynamodb.aws_dynamodb_table.orders",
            "module.dynamodb.aws_dynamodb_table.products",
            "module.dynamodb.aws_dynamodb_table.stores"
          ],
          "create_before_destroy": true
        },
        {
          "index_key": "notifications_send_order",
          "schema_version": 0,
          "attributes": {
            "arn": "arn:aws:logs:us-east-1:511949652182:log-group:/aws/lambda/cloudshop-notifications-send-order",
            "id": "/aws/lambda/cloudshop-notifications-send-order",
            "kms_key_id": "",
            "log_group_class": "STANDARD",
            "name": "/aws/lambda/cloudshop-notifications-send-order",
            "name_prefix": "",
            "retention_in_days": 14,
            "skip_destroy": false,
            "tags": {},
            "tags_all": {
              "Environment": "dev",
              "ManagedBy": "Terraform",
              "Project": "CloudShop"
            }
          },
          "sensitive_attributes": [],
          "identity_schema_version": 0,
          "private": "bnVsbA==",
          "dependencies": [
            "module.dynamodb.aws_dynamodb_table.audit",
            "module.dynamodb.aws_dynamodb_table.carts",
            "module.dynamodb.aws_dynamodb_table.orders",
            "module.dynamodb.aws_dynamodb_table.products",
            "module.dynamodb.aws_dynamodb_table.stores"
          ],
          "create_before_destroy": true
        },
        {
          "index_key": "orders_cancel",
          "schema_version": 0,
          "attributes": {
            "arn": "arn:aws:logs:us-east-1:511949652182:log-group:/aws/lambda/cloudshop-orders-cancel",
            "id": "/aws/lambda/cloudshop-orders-cancel",
            "kms_key_id": "",
            "log_group_class": "STANDARD",
            "name": "/aws/lambda/cloudshop-orders-cancel",
            "name_prefix": "",
            "retention_in_days": 14,
            "skip_destroy": false,
            "tags": {},
            "tags_all": {
              "Environment": "dev",
              "ManagedBy": "Terraform",
              "Project": "CloudShop"
            }
          },
          "sensitive_attributes": [],
          "identity_schema_version": 0,
          "private": "bnVsbA==",
          "dependencies": [
            "module.dynamodb.aws_dynamodb_table.audit",
            "module.dynamodb.aws_dynamodb_table.carts",
            "module.dynamodb.aws_dynamodb_table.orders",
            "module.dynamodb.aws_dynamodb_table.products",
            "module.dynamodb.aws_dynamodb_table.stores"
          ],
          "create_before_destroy": true
        },
        {
          "index_key": "orders_create",
          "schema_version": 0,
          "attributes": {
            "arn": "arn:aws:logs:us-east-1:511949652182:log-group:/aws/lambda/cloudshop-orders-create",
            "id": "/aws/lambda/cloudshop-orders-create",
            "kms_key_id": "",
            "log_group_class": "STANDARD",
            "name": "/aws/lambda/cloudshop-orders-create",
            "name_prefix": "",
            "retention_in_days": 14,
            "skip_destroy": false,
            "tags": {},
            "tags_all": {
              "Environment": "dev",
              "ManagedBy": "Terraform",
              "Project": "CloudShop"
            }
          },
          "sensitive_attributes": [],
          "identity_schema_version": 0,
          "private": "bnVsbA==",
          "dependencies": [
            "module.dynamodb.aws_dynamodb_table.audit",
            "module.dynamodb.aws_dynamodb_table.carts",
            "module.dynamodb.aws_dynamodb_table.orders",
            "module.dynamodb.aws_dynamodb_table.products",
            "module.dynamodb.aws_dynamodb_table.stores"
          ],
          "create_before_destroy": true
        },
        {
          "index_key": "orders_get",
          "schema_version": 0,
          "attributes": {
            "arn": "arn:aws:logs:us-east-1:511949652182:log-group:/aws/lambda/cloudshop-orders-get",
            "id": "/aws/lambda/cloudshop-orders-get",
            "kms_key_id": "",
            "log_group_class": "STANDARD",
            "name": "/aws/lambda/cloudshop-orders-get",
            "name_prefix": "",
            "retention_in_days": 14,
            "skip_destroy": false,
            "tags": {},
            "tags_all": {
              "Environment": "dev",
              "ManagedBy": "Terraform",
              "Project": "CloudShop"
            }
          },
          "sensitive_attributes": [],
          "identity_schema_version": 0,
          "private": "bnVsbA==",
          "dependencies": [
            "module.dynamodb.aws_dynamodb_table.audit",
            "module.dynamodb.aws_dynamodb_table.carts",
            "module.dynamodb.aws_dynamodb_table.orders",
            "module.dynamodb.aws_dynamodb_table.products",
            "module.dynamodb.aws_dynamodb_table.stores"
          ],
          "create_before_destroy": true
        },
        {
          "index_key": "orders_list",
          "schema_version": 0,
          "attributes": {
            "arn": "arn:aws:logs:us-east-1:511949652182:log-group:/aws/lambda/cloudshop-orders-list",
            "id": "/aws/lambda/cloudshop-orders-list",
            "kms_key_id": "",
            "log_group_class": "STANDARD",
            "name": "/aws/lambda/cloudshop-orders-list",
            "name_prefix": "",
            "retention_in_days": 14,
            "skip_destroy": false,
            "tags": {},
            "tags_all": {
              "Environment": "dev",
              "ManagedBy": "Terraform",
              "Project": "CloudShop"
            }
          },
          "sensitive_attributes": [],
          "identity_schema_version": 0,
          "private": "bnVsbA==",
          "dependencies": [
            "module.dynamodb.aws_dynamodb_table.audit",
            "module.dynamodb.aws_dynamodb_table.carts",
            "module.dynamodb.aws_dynamodb_table.orders",
            "module.dynamodb.aws_dynamodb_table.products",
            "module.dynamodb.aws_dynamodb_table.stores"
          ],
          "create_before_destroy": true
        },
        {
          "index_key": "orders_update_status",
          "schema_version": 0,
          "attributes": {
            "arn": "arn:aws:logs:us-east-1:511949652182:log-group:/aws/lambda/cloudshop-orders-update-status",
            "id": "/aws/lambda/cloudshop-orders-update-status",
            "kms_key_id": "",
            "log_group_class": "STANDARD",
            "name": "/aws/lambda/cloudshop-orders-update-status",
            "name_prefix": "",
            "retention_in_days": 14,
            "skip_destroy": false,
            "tags": {},
            "tags_all": {
              "Environment": "dev",
              "ManagedBy": "Terraform",
              "Project": "CloudShop"
            }
          },
          "sensitive_attributes": [],
          "identity_schema_version": 0,
          "private": "bnVsbA==",
          "dependencies": [
            "module.dynamodb.aws_dynamodb_table.audit",
            "module.dynamodb.aws_dynamodb_table.carts",
            "module.dynamodb.aws_dynamodb_table.orders",
            "module.dynamodb.aws_dynamodb_table.products",
            "module.dynamodb.aws_dynamodb_table.stores"
          ],
          "create_before_destroy": true
        },
        {
          "index_key": "products_create",
          "schema_version": 0,
          "attributes": {
            "arn": "arn:aws:logs:us-east-1:511949652182:log-group:/aws/lambda/cloudshop-products-create",
            "id": "/aws/lambda/cloudshop-products-create",
            "kms_key_id": "",
            "log_group_class": "STANDARD",
            "name": "/aws/lambda/cloudshop-products-create",
            "name_prefix": "",
            "retention_in_days": 14,
            "skip_destroy": false,
            "tags": {},
            "tags_all": {
              "Environment": "dev",
              "ManagedBy": "Terraform",
              "Project": "CloudShop"
            }
          },
          "sensitive_attributes": [],
          "identity_schema_version": 0,
          "private": "bnVsbA==",
          "dependencies": [
            "module.dynamodb.aws_dynamodb_table.audit",
            "module.dynamodb.aws_dynamodb_table.carts",
            "module.dynamodb.aws_dynamodb_table.orders",
            "module.dynamodb.aws_dynamodb_table.products",
            "module.dynamodb.aws_dynamodb_table.stores"
          ],
          "create_before_destroy": true
        },
        {
          "index_key": "products_delete",
          "schema_version": 0,
          "attributes": {
            "arn": "arn:aws:logs:us-east-1:511949652182:log-group:/aws/lambda/cloudshop-products-delete",
            "id": "/aws/lambda/cloudshop-products-delete",
            "kms_key_id": "",
            "log_group_class": "STANDARD",
            "name": "/aws/lambda/cloudshop-products-delete",
            "name_prefix": "",
            "retention_in_days": 14,
            "skip_destroy": false,
            "tags": {},
            "tags_all": {
              "Environment": "dev",
              "ManagedBy": "Terraform",
              "Project": "CloudShop"
            }
          },
          "sensitive_attributes": [],
          "identity_schema_version": 0,
          "private": "bnVsbA==",
          "dependencies": [
            "module.dynamodb.aws_dynamodb_table.audit",
            "module.dynamodb.aws_dynamodb_table.carts",
            "module.dynamodb.aws_dynamodb_table.orders",
            "module.dynamodb.aws_dynamodb_table.products",
            "module.dynamodb.aws_dynamodb_table.stores"
          ],
          "create_before_destroy": true
        },
        {
          "index_key": "products_get",
          "schema_version": 0,
          "attributes": {
            "arn": "arn:aws:logs:us-east-1:511949652182:log-group:/aws/lambda/cloudshop-products-get",
            "id": "/aws/lambda/cloudshop-products-get",
            "kms_key_id": "",
            "log_group_class": "STANDARD",
            "name": "/aws/lambda/cloudshop-products-get",
            "name_prefix": "",
            "retention_in_days": 14,
            "skip_destroy": false,
            "tags": {},
            "tags_all": {
              "Environment": "dev",
              "ManagedBy": "Terraform",
              "Project": "CloudShop"
            }
          },
          "sensitive_attributes": [],
          "identity_schema_version": 0,
          "private": "bnVsbA==",
          "dependencies": [
            "module.dynamodb.aws_dynamodb_table.audit",
            "module.dynamodb.aws_dynamodb_table.carts",
            "module.dynamodb.aws_dynamodb_table.orders",
            "module.dynamodb.aws_dynamodb_table.products",
            "module.dynamodb.aws_dynamodb_table.stores"
          ],
          "create_before_destroy": true
        },
        {
          "index_key": "products_list",
          "schema_version": 0,
          "attributes": {
            "arn": "arn:aws:logs:us-east-1:511949652182:log-group:/aws/lambda/cloudshop-products-list",
            "id": "/aws/lambda/cloudshop-products-list",
            "kms_key_id": "",
            "log_group_class": "STANDARD",
            "name": "/aws/lambda/cloudshop-products-list",
            "name_prefix": "",
            "retention_in_days": 14,
            "skip_destroy": false,
            "tags": {},
            "tags_all": {
              "Environment": "dev",
              "ManagedBy": "Terraform",
              "Project": "CloudShop"
            }
          },
          "sensitive_attributes": [],
          "identity_schema_version": 0,
          "private": "bnVsbA==",
          "dependencies": [
            "module.dynamodb.aws_dynamodb_table.audit",
            "module.dynamodb.aws_dynamodb_table.carts",
            "module.dynamodb.aws_dynamodb_table.orders",
            "module.dynamodb.aws_dynamodb_table.products",
            "module.dynamodb.aws_dynamodb_table.stores"
          ],
          "create_before_destroy": true
        },
        {
          "index_key": "products_update",
          "schema_version": 0,
          "attributes": {
            "arn": "arn:aws:logs:us-east-1:511949652182:log-group:/aws/lambda/cloudshop-products-update",
            "id": "/aws/lambda/cloudshop-products-update",
            "kms_key_id": "",
            "log_group_class": "STANDARD",
            "name": "/aws/lambda/cloudshop-products-update",
            "name_prefix": "",
            "retention_in_days": 14,
            "skip_destroy": false,
            "tags": {},
            "tags_all": {
              "Environment": "dev",
              "ManagedBy": "Terraform",
              "Project": "CloudShop"
            }
          },
          "sensitive_attributes": [],
          "identity_schema_version": 0,
          "private": "bnVsbA==",
          "dependencies": [
            "module.dynamodb.aws_dynamodb_table.audit",
            "module.dynamodb.aws_dynamodb_table.carts",
            "module.dynamodb.aws_dynamodb_table.orders",
            "module.dynamodb.aws_dynamodb_table.products",
            "module.dynamodb.aws_dynamodb_table.stores"
          ],
          "create_before_destroy": true
        },
        {
          "index_key": "stores_create",
          "schema_version": 0,
          "attributes": {
            "arn": "arn:aws:logs:us-east-1:511949652182:log-group:/aws/lambda/cloudshop-stores-create",
            "id": "/aws/lambda/cloudshop-stores-create",
            "kms_key_id": "",
            "log_group_class": "STANDARD",
            "name": "/aws/lambda/cloudshop-stores-create",
            "name_prefix": "",
            "retention_in_days": 14,
            "skip_destroy": false,
            "tags": {},
            "tags_all": {
              "Environment": "dev",
              "ManagedBy": "Terraform",
              "Project": "CloudShop"
            }
          },
          "sensitive_attributes": [],
          "identity_schema_version": 0,
          "private": "bnVsbA==",
          "dependencies": [
            "module.dynamodb.aws_dynamodb_table.audit",
            "module.dynamodb.aws_dynamodb_table.carts",
            "module.dynamodb.aws_dynamodb_table.orders",
            "module.dynamodb.aws_dynamodb_table.products",
            "module.dynamodb.aws_dynamodb_table.stores"
          ],
          "create_before_destroy": true
        },
        {
          "index_key": "stores_delete",
          "schema_version": 0,
          "attributes": {
            "arn": "arn:aws:logs:us-east-1:511949652182:log-group:/aws/lambda/cloudshop-stores-delete",
            "id": "/aws/lambda/cloudshop-stores-delete",
            "kms_key_id": "",
            "log_group_class": "STANDARD",
            "name": "/aws/lambda/cloudshop-stores-delete",
            "name_prefix": "",
            "retention_in_days": 14,
            "skip_destroy": false,
            "tags": {},
            "tags_all": {
              "Environment": "dev",
              "ManagedBy": "Terraform",
              "Project": "CloudShop"
            }
          },
          "sensitive_attributes": [],
          "identity_schema_version": 0,
          "private": "bnVsbA==",
          "dependencies": [
            "module.dynamodb.aws_dynamodb_table.audit",
            "module.dynamodb.aws_dynamodb_table.carts",
            "module.dynamodb.aws_dynamodb_table.orders",
            "module.dynamodb.aws_dynamodb_table.products",
            "module.dynamodb.aws_dynamodb_table.stores"
          ],
          "create_before_destroy": true
        },
        {
          "index_key": "stores_get",
          "schema_version": 0,
          "attributes": {
            "arn": "arn:aws:logs:us-east-1:511949652182:log-group:/aws/lambda/cloudshop-stores-get",
            "id": "/aws/lambda/cloudshop-stores-get",
            "kms_key_id": "",
            "log_group_class": "STANDARD",
            "name": "/aws/lambda/cloudshop-stores-get",
            "name_prefix": "",
            "retention_in_days": 14,
            "skip_destroy": false,
            "tags": {},
            "tags_all": {
              "Environment": "dev",
              "ManagedBy": "Terraform",
              "Project": "CloudShop"
            }
          },
          "sensitive_attributes": [],
          "identity_schema_version": 0,
          "private": "bnVsbA==",
          "dependencies": [
            "module.dynamodb.aws_dynamodb_table.audit",
            "module.dynamodb.aws_dynamodb_table.carts",
            "module.dynamodb.aws_dynamodb_table.orders",
            "module.dynamodb.aws_dynamodb_table.products",
            "module.dynamodb.aws_dynamodb_table.stores"
          ],
          "create_before_destroy": true
        },
        {
          "index_key": "stores_list",
          "schema_version": 0,
          "attributes": {
            "arn": "arn:aws:logs:us-east-1:511949652182:log-group:/aws/lambda/cloudshop-stores-list",
            "id": "/aws/lambda/cloudshop-stores-list",
            "kms_key_id": "",
            "log_group_class": "STANDARD",
            "name": "/aws/lambda/cloudshop-stores-list",
            "name_prefix": "",
            "retention_in_days": 14,
            "skip_destroy": false,
            "tags": {},
            "tags_all": {
              "Environment": "dev",
              "ManagedBy": "Terraform",
              "Project": "CloudShop"
            }
          },
          "sensitive_attributes": [],
          "identity_schema_version": 0,
          "private": "bnVsbA==",
          "dependencies": [
            "module.dynamodb.aws_dynamodb_table.audit",
            "module.dynamodb.aws_dynamodb_table.carts",
            "module.dynamodb.aws_dynamodb_table.orders",
            "module.dynamodb.aws_dynamodb_table.products",
            "module.dynamodb.aws_dynamodb_table.stores"
          ],
          "create_before_destroy": true
        },
        {
          "index_key": "stores_update",
          "schema_version": 0,
          "attributes": {
            "arn": "arn:aws:logs:us-east-1:511949652182:log-group:/aws/lambda/cloudshop-stores-update",
            "id": "/aws/lambda/cloudshop-stores-update",
            "kms_key_id": "",
            "log_group_class": "STANDARD",
            "name": "/aws/lambda/cloudshop-stores-update",
            "name_prefix": "",
            "retention_in_days": 14,
            "skip_destroy": false,
            "tags": {},
            "tags_all": {
              "Environment": "dev",
              "ManagedBy": "Terraform",
              "Project": "CloudShop"
            }
          },
          "sensitive_attributes": [],
          "identity_schema_version": 0,
          "private": "bnVsbA==",
          "dependencies": [
            "module.dynamodb.aws_dynamodb_table.audit",
            "module.dynamodb.aws_dynamodb_table.carts",
            "module.dynamodb.aws_dynamodb_table.orders",
            "module.dynamodb.aws_dynamodb_table.products",
            "module.dynamodb.aws_dynamodb_table.stores"
          ],
          "create_before_destroy": true
        },
        {
          "index_key": "users_delete",
          "schema_version": 0,
          "attributes": {
            "arn": "arn:aws:logs:us-east-1:511949652182:log-group:/aws/lambda/cloudshop-users-delete",
            "id": "/aws/lambda/cloudshop-users-delete",
            "kms_key_id": "",
            "log_group_class": "STANDARD",
            "name": "/aws/lambda/cloudshop-users-delete",
            "name_prefix": "",
            "retention_in_days": 14,
            "skip_destroy": false,
            "tags": {},
            "tags_all": {
              "Environment": "dev",
              "ManagedBy": "Terraform",
              "Project": "CloudShop"
            }
          },
          "sensitive_attributes": [],
          "identity_schema_version": 0,
          "private": "bnVsbA==",
          "dependencies": [
            "module.dynamodb.aws_dynamodb_table.audit",
            "module.dynamodb.aws_dynamodb_table.carts",
            "module.dynamodb.aws_dynamodb_table.orders",
            "module.dynamodb.aws_dynamodb_table.products",
            "module.dynamodb.aws_dynamodb_table.stores"
          ],
          "create_before_destroy": true
        },
        {
          "index_key": "users_list",
          "schema_version": 0,
          "attributes": {
            "arn": "arn:aws:logs:us-east-1:511949652182:log-group:/aws/lambda/cloudshop-users-list",
            "id": "/aws/lambda/cloudshop-users-list",
            "kms_key_id": "",
            "log_group_class": "STANDARD",
            "name": "/aws/lambda/cloudshop-users-list",
            "name_prefix": "",
            "retention_in_days": 14,
            "skip_destroy": false,
            "tags": {},
            "tags_all": {
              "Environment": "dev",
              "ManagedBy": "Terraform",
              "Project": "CloudShop"
            }
          },
          "sensitive_attributes": [],
          "identity_schema_version": 0,
          "private": "bnVsbA==",
          "dependencies": [
            "module.dynamodb.aws_dynamodb_table.audit",
            "module.dynamodb.aws_dynamodb_table.carts",
            "module.dynamodb.aws_dynamodb_table.orders",
            "module.dynamodb.aws_dynamodb_table.products",
            "module.dynamodb.aws_dynamodb_table.stores"
          ],
          "create_before_destroy": true
        },
        {
          "index_key": "users_register",
          "schema_version": 0,
          "attributes": {
            "arn": "arn:aws:logs:us-east-1:511949652182:log-group:/aws/lambda/cloudshop-users-register",
            "id": "/aws/lambda/cloudshop-users-register",
            "kms_key_id": "",
            "log_group_class": "STANDARD",
            "name": "/aws/lambda/cloudshop-users-register",
            "name_prefix": "",
            "retention_in_days": 14,
            "skip_destroy": false,
            "tags": {},
            "tags_all": {
              "Environment": "dev",
              "ManagedBy": "Terraform",
              "Project": "CloudShop"
            }
          },
          "sensitive_attributes": [],
          "identity_schema_version": 0,
          "private": "bnVsbA==",
          "dependencies": [
            "module.dynamodb.aws_dynamodb_table.audit",
            "module.dynamodb.aws_dynamodb_table.carts",
            "module.dynamodb.aws_dynamodb_table.orders",
            "module.dynamodb.aws_dynamodb_table.products",
            "module.dynamodb.aws_dynamodb_table.stores"
          ],
          "create_before_destroy": true
        },
        {
          "index_key": "users_update",
          "schema_version": 0,
          "attributes": {
            "arn": "arn:aws:logs:us-east-1:511949652182:log-group:/aws/lambda/cloudshop-users-update",
            "id": "/aws/lambda/cloudshop-users-update",
            "kms_key_id": "",
            "log_group_class": "STANDARD",
            "name": "/aws/lambda/cloudshop-users-update",
            "name_prefix": "",
            "retention_in_days": 14,
            "skip_destroy": false,
            "tags": {},
            "tags_all": {
              "Environment": "dev",
              "ManagedBy": "Terraform",
              "Project": "CloudShop"
            }
          },
          "sensitive_attributes": [],
          "identity_schema_version": 0,
          "private": "bnVsbA==",
          "dependencies": [
            "module.dynamodb.aws_dynamodb_table.audit",
            "module.dynamodb.aws_dynamodb_table.carts",
            "module.dynamodb.aws_dynamodb_table.orders",
            "module.dynamodb.aws_dynamodb_table.products",
            "module.dynamodb.aws_dynamodb_table.stores"
          ],
          "create_before_destroy": true
        }
      ]
    },
    {
      "module": "module.lambdas",
      "mode": "managed",
      "type": "aws_lambda_function",
      "name": "this",
      "provider": "provider[\"registry.terraform.io/hashicorp/aws\"]",
      "instances": [
        {
          "index_key": "audit_get",
          "schema_version": 0,
          "attributes": {
            "architectures": [
              "x86_64"
            ],
            "arn": "arn:aws:lambda:us-east-1:511949652182:function:cloudshop-audit-get",
            "code_sha256": "wuVCeiI1MpW4tNa9ZGHd/LqgXWrfiZv3m2INQ6loRUA=",
            "code_signing_config_arn": "",
            "dead_letter_config": [],
            "description": "",
            "environment": [
              {
                "variables": {
                  "AUDIT_TABLE_NAME": "cloudshop-audit"
                }
              }
            ],
            "ephemeral_storage": [
              {
                "size": 512
              }
            ],
            "file_system_config": [],
            "filename": "./.terraform-build/audit_get.zip",
            "function_name": "cloudshop-audit-get",
            "handler": "lambda_function.lambda_handler",
            "id": "cloudshop-audit-get",
            "image_config": [],
            "image_uri": "",
            "invoke_arn": "arn:aws:apigateway:us-east-1:lambda:path/2015-03-31/functions/arn:aws:lambda:us-east-1:511949652182:function:cloudshop-audit-get/invocations",
            "kms_key_arn": "",
            "last_modified": "2026-07-26T08:05:14.000+0000",
            "layers": [],
            "logging_config": [
              {
                "application_log_level": "",
                "log_format": "Text",
                "log_group": "/aws/lambda/cloudshop-audit-get",
                "system_log_level": ""
              }
            ],
            "memory_size": 128,
            "package_type": "Zip",
            "publish": false,
            "qualified_arn": "arn:aws:lambda:us-east-1:511949652182:function:cloudshop-audit-get:$LATEST",
            "qualified_invoke_arn": "arn:aws:apigateway:us-east-1:lambda:path/2015-03-31/functions/arn:aws:lambda:us-east-1:511949652182:function:cloudshop-audit-get:$LATEST/invocations",
            "replace_security_groups_on_destroy": null,
            "replacement_security_group_ids": null,
            "reserved_concurrent_executions": -1,
            "role": "arn:aws:iam::511949652182:role/cloudshop/cloudshop-lambda-audit",
            "runtime": "python3.12",
            "s3_bucket": null,
            "s3_key": null,
            "s3_object_version": null,
            "signing_job_arn": "",
            "signing_profile_version_arn": "",
            "skip_destroy": false,
            "snap_start": [],
            "source_code_hash": "wuVCeiI1MpW4tNa9ZGHd/LqgXWrfiZv3m2INQ6loRUA=",
            "source_code_size": 2880,
            "tags": {},
            "tags_all": {
              "Environment": "dev",
              "ManagedBy": "Terraform",
              "Project": "CloudShop"
            },
            "timeout": 10,
            "timeouts": null,
            "tracing_config": [
              {
                "mode": "PassThrough"
              }
            ],
            "version": "$LATEST",
            "vpc_config": []
          },
          "sensitive_attributes": [],
          "identity_schema_version": 0,
          "private": "eyJlMmJmYjczMC1lY2FhLTExZTYtOGY4OC0zNDM2M2JjN2M0YzAiOnsiY3JlYXRlIjo2MDAwMDAwMDAwMDAsImRlbGV0ZSI6NjAwMDAwMDAwMDAwLCJ1cGRhdGUiOjYwMDAwMDAwMDAwMH19",
          "dependencies": [
            "module.dynamodb.aws_dynamodb_table.audit",
            "module.dynamodb.aws_dynamodb_table.carts",
            "module.dynamodb.aws_dynamodb_table.orders",
            "module.dynamodb.aws_dynamodb_table.products",
            "module.dynamodb.aws_dynamodb_table.stores",
            "module.iam.aws_iam_role.audit",
            "module.iam.aws_iam_role.carts",
            "module.iam.aws_iam_role.dashboard",
            "module.iam.aws_iam_role.notifications",
            "module.iam.aws_iam_role.orders",
            "module.iam.aws_iam_role.products",
            "module.iam.aws_iam_role.stores",
            "module.iam.aws_iam_role.users",
            "module.iam.data.aws_iam_policy_document.lambda_assume_role",
            "module.lambdas.aws_cloudwatch_log_group.this",
            "module.lambdas.data.archive_file.this"
          ],
          "create_before_destroy": true
        },
        {
          "index_key": "carts_add_product",
          "schema_version": 0,
          "attributes": {
            "architectures": [
              "x86_64"
            ],
            "arn": "arn:aws:lambda:us-east-1:511949652182:function:cloudshop-carts-add-product",
            "code_sha256": "Qs5NXwGvP54tFxpaAo0J/tJs9r5M+HxNIgNBS1ctty8=",
            "code_signing_config_arn": "",
            "dead_letter_config": [],
            "description": "",
            "environment": [
              {
                "variables": {
                  "CARTS_TABLE_NAME": "cloudshop-carts"
                }
              }
            ],
            "ephemeral_storage": [
              {
                "size": 512
              }
            ],
            "file_system_config": [],
            "filename": "./.terraform-build/carts_add_product.zip",
            "function_name": "cloudshop-carts-add-product",
            "handler": "lambda_function.lambda_handler",
            "id": "cloudshop-carts-add-product",
            "image_config": [],
            "image_uri": "",
            "invoke_arn": "arn:aws:apigateway:us-east-1:lambda:path/2015-03-31/functions/arn:aws:lambda:us-east-1:511949652182:function:cloudshop-carts-add-product/invocations",
            "kms_key_arn": "",
            "last_modified": "2026-07-26T08:04:55.000+0000",
            "layers": [],
            "logging_config": [
              {
                "application_log_level": "",
                "log_format": "Text",
                "log_group": "/aws/lambda/cloudshop-carts-add-product",
                "system_log_level": ""
              }
            ],
            "memory_size": 128,
            "package_type": "Zip",
            "publish": false,
            "qualified_arn": "arn:aws:lambda:us-east-1:511949652182:function:cloudshop-carts-add-product:$LATEST",
            "qualified_invoke_arn": "arn:aws:apigateway:us-east-1:lambda:path/2015-03-31/functions/arn:aws:lambda:us-east-1:511949652182:function:cloudshop-carts-add-product:$LATEST/invocations",
            "replace_security_groups_on_destroy": null,
            "replacement_security_group_ids": null,
            "reserved_concurrent_executions": -1,
            "role": "arn:aws:iam::511949652182:role/cloudshop/cloudshop-lambda-carts",
            "runtime": "python3.12",
            "s3_bucket": null,
            "s3_key": null,
            "s3_object_version": null,
            "signing_job_arn": "",
            "signing_profile_version_arn": "",
            "skip_destroy": false,
            "snap_start": [],
            "source_code_hash": "Qs5NXwGvP54tFxpaAo0J/tJs9r5M+HxNIgNBS1ctty8=",
            "source_code_size": 8336,
            "tags": {},
            "tags_all": {
              "Environment": "dev",
              "ManagedBy": "Terraform",
              "Project": "CloudShop"
            },
            "timeout": 10,
            "timeouts": null,
            "tracing_config": [
              {
                "mode": "PassThrough"
              }
            ],
            "version": "$LATEST",
            "vpc_config": []
          },
          "sensitive_attributes": [],
          "identity_schema_version": 0,
          "private": "eyJlMmJmYjczMC1lY2FhLTExZTYtOGY4OC0zNDM2M2JjN2M0YzAiOnsiY3JlYXRlIjo2MDAwMDAwMDAwMDAsImRlbGV0ZSI6NjAwMDAwMDAwMDAwLCJ1cGRhdGUiOjYwMDAwMDAwMDAwMH19",
          "dependencies": [
            "module.dynamodb.aws_dynamodb_table.audit",
            "module.dynamodb.aws_dynamodb_table.carts",
            "module.dynamodb.aws_dynamodb_table.orders",
            "module.dynamodb.aws_dynamodb_table.products",
            "module.dynamodb.aws_dynamodb_table.stores",
            "module.iam.aws_iam_role.audit",
            "module.iam.aws_iam_role.carts",
            "module.iam.aws_iam_role.dashboard",
            "module.iam.aws_iam_role.notifications",
            "module.iam.aws_iam_role.orders",
            "module.iam.aws_iam_role.products",
            "module.iam.aws_iam_role.stores",
            "module.iam.aws_iam_role.users",
            "module.iam.data.aws_iam_policy_document.lambda_assume_role",
            "module.lambdas.aws_cloudwatch_log_group.this",
            "module.lambdas.data.archive_file.this"
          ],
          "create_before_destroy": true
        },
        {
          "index_key": "carts_clear",
          "schema_version": 0,
          "attributes": {
            "architectures": [
              "x86_64"
            ],
            "arn": "arn:aws:lambda:us-east-1:511949652182:function:cloudshop-carts-clear",
            "code_sha256": "js1kMgQYSdUDgRVzMWq7cjw/H3SYXSMR89rAhP8ydXs=",
            "code_signing_config_arn": "",
            "dead_letter_config": [],
            "description": "",
            "environment": [
              {
                "variables": {
                  "CARTS_TABLE_NAME": "cloudshop-carts"
                }
              }
            ],
            "ephemeral_storage": [
              {
                "size": 512
              }
            ],
            "file_system_config": [],
            "filename": "./.terraform-build/carts_clear.zip",
            "function_name": "cloudshop-carts-clear",
            "handler": "lambda_function.lambda_handler",
            "id": "cloudshop-carts-clear",
            "image_config": [],
            "image_uri": "",
            "invoke_arn": "arn:aws:apigateway:us-east-1:lambda:path/2015-03-31/functions/arn:aws:lambda:us-east-1:511949652182:function:cloudshop-carts-clear/invocations",
            "kms_key_arn": "",
            "last_modified": "2026-07-26T08:06:51.000+0000",
            "layers": [],
            "logging_config": [
              {
                "application_log_level": "",
                "log_format": "Text",
                "log_group": "/aws/lambda/cloudshop-carts-clear",
                "system_log_level": ""
              }
            ],
            "memory_size": 128,
            "package_type": "Zip",
            "publish": false,
            "qualified_arn": "arn:aws:lambda:us-east-1:511949652182:function:cloudshop-carts-clear:$LATEST",
            "qualified_invoke_arn": "arn:aws:apigateway:us-east-1:lambda:path/2015-03-31/functions/arn:aws:lambda:us-east-1:511949652182:function:cloudshop-carts-clear:$LATEST/invocations",
            "replace_security_groups_on_destroy": null,
            "replacement_security_group_ids": null,
            "reserved_concurrent_executions": -1,
            "role": "arn:aws:iam::511949652182:role/cloudshop/cloudshop-lambda-carts",
            "runtime": "python3.12",
            "s3_bucket": null,
            "s3_key": null,
            "s3_object_version": null,
            "signing_job_arn": "",
            "signing_profile_version_arn": "",
            "skip_destroy": false,
            "snap_start": [],
            "source_code_hash": "js1kMgQYSdUDgRVzMWq7cjw/H3SYXSMR89rAhP8ydXs=",
            "source_code_size": 7049,
            "tags": {},
            "tags_all": {
              "Environment": "dev",
              "ManagedBy": "Terraform",
              "Project": "CloudShop"
            },
            "timeout": 10,
            "timeouts": null,
            "tracing_config": [
              {
                "mode": "PassThrough"
              }
            ],
            "version": "$LATEST",
            "vpc_config": []
          },
          "sensitive_attributes": [],
          "identity_schema_version": 0,
          "private": "eyJlMmJmYjczMC1lY2FhLTExZTYtOGY4OC0zNDM2M2JjN2M0YzAiOnsiY3JlYXRlIjo2MDAwMDAwMDAwMDAsImRlbGV0ZSI6NjAwMDAwMDAwMDAwLCJ1cGRhdGUiOjYwMDAwMDAwMDAwMH19",
          "dependencies": [
            "module.dynamodb.aws_dynamodb_table.audit",
            "module.dynamodb.aws_dynamodb_table.carts",
            "module.dynamodb.aws_dynamodb_table.orders",
            "module.dynamodb.aws_dynamodb_table.products",
            "module.dynamodb.aws_dynamodb_table.stores",
            "module.iam.aws_iam_role.audit",
            "module.iam.aws_iam_role.carts",
            "module.iam.aws_iam_role.dashboard",
            "module.iam.aws_iam_role.notifications",
            "module.iam.aws_iam_role.orders",
            "module.iam.aws_iam_role.products",
            "module.iam.aws_iam_role.stores",
            "module.iam.aws_iam_role.users",
            "module.iam.data.aws_iam_policy_document.lambda_assume_role",
            "module.lambdas.aws_cloudwatch_log_group.this",
            "module.lambdas.data.archive_file.this"
          ],
          "create_before_destroy": true
        },
        {
          "index_key": "carts_get",
          "schema_version": 0,
          "attributes": {
            "architectures": [
              "x86_64"
            ],
            "arn": "arn:aws:lambda:us-east-1:511949652182:function:cloudshop-carts-get",
            "code_sha256": "j+X/JY8I2uExEPGmnjQDH/epUqTnQ/TrIA8TZejsxBc=",
            "code_signing_config_arn": "",
            "dead_letter_config": [],
            "description": "",
            "environment": [
              {
                "variables": {
                  "CARTS_TABLE_NAME": "cloudshop-carts"
                }
              }
            ],
            "ephemeral_storage": [
              {
                "size": 512
              }
            ],
            "file_system_config": [],
            "filename": "./.terraform-build/carts_get.zip",
            "function_name": "cloudshop-carts-get",
            "handler": "lambda_function.lambda_handler",
            "id": "cloudshop-carts-get",
            "image_config": [],
            "image_uri": "",
            "invoke_arn": "arn:aws:apigateway:us-east-1:lambda:path/2015-03-31/functions/arn:aws:lambda:us-east-1:511949652182:function:cloudshop-carts-get/invocations",
            "kms_key_arn": "",
            "last_modified": "2026-07-26T08:05:44.000+0000",
            "layers": [],
            "logging_config": [
              {
                "application_log_level": "",
                "log_format": "Text",
                "log_group": "/aws/lambda/cloudshop-carts-get",
                "system_log_level": ""
              }
            ],
            "memory_size": 128,
            "package_type": "Zip",
            "publish": false,
            "qualified_arn": "arn:aws:lambda:us-east-1:511949652182:function:cloudshop-carts-get:$LATEST",
            "qualified_invoke_arn": "arn:aws:apigateway:us-east-1:lambda:path/2015-03-31/functions/arn:aws:lambda:us-east-1:511949652182:function:cloudshop-carts-get:$LATEST/invocations",
            "replace_security_groups_on_destroy": null,
            "replacement_security_group_ids": null,
            "reserved_concurrent_executions": -1,
            "role": "arn:aws:iam::511949652182:role/cloudshop/cloudshop-lambda-carts",
            "runtime": "python3.12",
            "s3_bucket": null,
            "s3_key": null,
            "s3_object_version": null,
            "signing_job_arn": "",
            "signing_profile_version_arn": "",
            "skip_destroy": false,
            "snap_start": [],
            "source_code_hash": "j+X/JY8I2uExEPGmnjQDH/epUqTnQ/TrIA8TZejsxBc=",
            "source_code_size": 2126,
            "tags": {},
            "tags_all": {
              "Environment": "dev",
              "ManagedBy": "Terraform",
              "Project": "CloudShop"
            },
            "timeout": 10,
            "timeouts": null,
            "tracing_config": [
              {
                "mode": "PassThrough"
              }
            ],
            "version": "$LATEST",
            "vpc_config": []
          },
          "sensitive_attributes": [],
          "identity_schema_version": 0,
          "private": "eyJlMmJmYjczMC1lY2FhLTExZTYtOGY4OC0zNDM2M2JjN2M0YzAiOnsiY3JlYXRlIjo2MDAwMDAwMDAwMDAsImRlbGV0ZSI6NjAwMDAwMDAwMDAwLCJ1cGRhdGUiOjYwMDAwMDAwMDAwMH19",
          "dependencies": [
            "module.dynamodb.aws_dynamodb_table.audit",
            "module.dynamodb.aws_dynamodb_table.carts",
            "module.dynamodb.aws_dynamodb_table.orders",
            "module.dynamodb.aws_dynamodb_table.products",
            "module.dynamodb.aws_dynamodb_table.stores",
            "module.iam.aws_iam_role.audit",
            "module.iam.aws_iam_role.carts",
            "module.iam.aws_iam_role.dashboard",
            "module.iam.aws_iam_role.notifications",
            "module.iam.aws_iam_role.orders",
            "module.iam.aws_iam_role.products",
            "module.iam.aws_iam_role.stores",
            "module.iam.aws_iam_role.users",
            "module.iam.data.aws_iam_policy_document.lambda_assume_role",
            "module.lambdas.aws_cloudwatch_log_group.this",
            "module.lambdas.data.archive_file.this"
          ],
          "create_before_destroy": true
        },
        {
          "index_key": "carts_modify_quantity",
          "schema_version": 0,
          "attributes": {
            "architectures": [
              "x86_64"
            ],
            "arn": "arn:aws:lambda:us-east-1:511949652182:function:cloudshop-carts-modify-quantity",
            "code_sha256": "RrFLyS94o0rqwbJVdmDmT813nlCrpwEa8G90ecZH5Uw=",
            "code_signing_config_arn": "",
            "dead_letter_config": [],
            "description": "",
            "environment": [
              {
                "variables": {
                  "CARTS_TABLE_NAME": "cloudshop-carts"
                }
              }
            ],
            "ephemeral_storage": [
              {
                "size": 512
              }
            ],
            "file_system_config": [],
            "filename": "./.terraform-build/carts_modify_quantity.zip",
            "function_name": "cloudshop-carts-modify-quantity",
            "handler": "lambda_function.lambda_handler",
            "id": "cloudshop-carts-modify-quantity",
            "image_config": [],
            "image_uri": "",
            "invoke_arn": "arn:aws:apigateway:us-east-1:lambda:path/2015-03-31/functions/arn:aws:lambda:us-east-1:511949652182:function:cloudshop-carts-modify-quantity/invocations",
            "kms_key_arn": "",
            "last_modified": "2026-07-26T08:06:27.000+0000",
            "layers": [],
            "logging_config": [
              {
                "application_log_level": "",
                "log_format": "Text",
                "log_group": "/aws/lambda/cloudshop-carts-modify-quantity",
                "system_log_level": ""
              }
            ],
            "memory_size": 128,
            "package_type": "Zip",
            "publish": false,
            "qualified_arn": "arn:aws:lambda:us-east-1:511949652182:function:cloudshop-carts-modify-quantity:$LATEST",
            "qualified_invoke_arn": "arn:aws:apigateway:us-east-1:lambda:path/2015-03-31/functions/arn:aws:lambda:us-east-1:511949652182:function:cloudshop-carts-modify-quantity:$LATEST/invocations",
            "replace_security_groups_on_destroy": null,
            "replacement_security_group_ids": null,
            "reserved_concurrent_executions": -1,
            "role": "arn:aws:iam::511949652182:role/cloudshop/cloudshop-lambda-carts",
            "runtime": "python3.12",
            "s3_bucket": null,
            "s3_key": null,
            "s3_object_version": null,
            "signing_job_arn": "",
            "signing_profile_version_arn": "",
            "skip_destroy": false,
            "snap_start": [],
            "source_code_hash": "RrFLyS94o0rqwbJVdmDmT813nlCrpwEa8G90ecZH5Uw=",
            "source_code_size": 8200,
            "tags": {},
            "tags_all": {
              "Environment": "dev",
              "ManagedBy": "Terraform",
              "Project": "CloudShop"
            },
            "timeout": 10,
            "timeouts": null,
            "tracing_config": [
              {
                "mode": "PassThrough"
              }
            ],
            "version": "$LATEST",
            "vpc_config": []
          },
          "sensitive_attributes": [],
          "identity_schema_version": 0,
          "private": "eyJlMmJmYjczMC1lY2FhLTExZTYtOGY4OC0zNDM2M2JjN2M0YzAiOnsiY3JlYXRlIjo2MDAwMDAwMDAwMDAsImRlbGV0ZSI6NjAwMDAwMDAwMDAwLCJ1cGRhdGUiOjYwMDAwMDAwMDAwMH19",
          "dependencies": [
            "module.dynamodb.aws_dynamodb_table.audit",
            "module.dynamodb.aws_dynamodb_table.carts",
            "module.dynamodb.aws_dynamodb_table.orders",
            "module.dynamodb.aws_dynamodb_table.products",
            "module.dynamodb.aws_dynamodb_table.stores",
            "module.iam.aws_iam_role.audit",
            "module.iam.aws_iam_role.carts",
            "module.iam.aws_iam_role.dashboard",
            "module.iam.aws_iam_role.notifications",
            "module.iam.aws_iam_role.orders",
            "module.iam.aws_iam_role.products",
            "module.iam.aws_iam_role.stores",
            "module.iam.aws_iam_role.users",
            "module.iam.data.aws_iam_policy_document.lambda_assume_role",
            "module.lambdas.aws_cloudwatch_log_group.this",
            "module.lambdas.data.archive_file.this"
          ],
          "create_before_destroy": true
        },
        {
          "index_key": "carts_remove_product",
          "schema_version": 0,
          "attributes": {
            "architectures": [
              "x86_64"
            ],
            "arn": "arn:aws:lambda:us-east-1:511949652182:function:cloudshop-carts-remove-product",
            "code_sha256": "ShQ4fx9LUB3sIUcNxLF+B6ApJXKmeTWg/KJblbGKYVY=",
            "code_signing_config_arn": "",
            "dead_letter_config": [],
            "description": "",
            "environment": [
              {
                "variables": {
                  "CARTS_TABLE_NAME": "cloudshop-carts"
                }
              }
            ],
            "ephemeral_storage": [
              {
                "size": 512
              }
            ],
            "file_system_config": [],
            "filename": "./.terraform-build/carts_remove_product.zip",
            "function_name": "cloudshop-carts-remove-product",
            "handler": "lambda_function.lambda_handler",
            "id": "cloudshop-carts-remove-product",
            "image_config": [],
            "image_uri": "",
            "invoke_arn": "arn:aws:apigateway:us-east-1:lambda:path/2015-03-31/functions/arn:aws:lambda:us-east-1:511949652182:function:cloudshop-carts-remove-product/invocations",
            "kms_key_arn": "",
            "last_modified": "2026-07-26T08:05:32.000+0000",
            "layers": [],
            "logging_config": [
              {
                "application_log_level": "",
                "log_format": "Text",
                "log_group": "/aws/lambda/cloudshop-carts-remove-product",
                "system_log_level": ""
              }
            ],
            "memory_size": 128,
            "package_type": "Zip",
            "publish": false,
            "qualified_arn": "arn:aws:lambda:us-east-1:511949652182:function:cloudshop-carts-remove-product:$LATEST",
            "qualified_invoke_arn": "arn:aws:apigateway:us-east-1:lambda:path/2015-03-31/functions/arn:aws:lambda:us-east-1:511949652182:function:cloudshop-carts-remove-product:$LATEST/invocations",
            "replace_security_groups_on_destroy": null,
            "replacement_security_group_ids": null,
            "reserved_concurrent_executions": -1,
            "role": "arn:aws:iam::511949652182:role/cloudshop/cloudshop-lambda-carts",
            "runtime": "python3.12",
            "s3_bucket": null,
            "s3_key": null,
            "s3_object_version": null,
            "signing_job_arn": "",
            "signing_profile_version_arn": "",
            "skip_destroy": false,
            "snap_start": [],
            "source_code_hash": "ShQ4fx9LUB3sIUcNxLF+B6ApJXKmeTWg/KJblbGKYVY=",
            "source_code_size": 8244,
            "tags": {},
            "tags_all": {
              "Environment": "dev",
              "ManagedBy": "Terraform",
              "Project": "CloudShop"
            },
            "timeout": 10,
            "timeouts": null,
            "tracing_config": [
              {
                "mode": "PassThrough"
              }
            ],
            "version": "$LATEST",
            "vpc_config": []
          },
          "sensitive_attributes": [],
          "identity_schema_version": 0,
          "private": "eyJlMmJmYjczMC1lY2FhLTExZTYtOGY4OC0zNDM2M2JjN2M0YzAiOnsiY3JlYXRlIjo2MDAwMDAwMDAwMDAsImRlbGV0ZSI6NjAwMDAwMDAwMDAwLCJ1cGRhdGUiOjYwMDAwMDAwMDAwMH19",
          "dependencies": [
            "module.dynamodb.aws_dynamodb_table.audit",
            "module.dynamodb.aws_dynamodb_table.carts",
            "module.dynamodb.aws_dynamodb_table.orders",
            "module.dynamodb.aws_dynamodb_table.products",
            "module.dynamodb.aws_dynamodb_table.stores",
            "module.iam.aws_iam_role.audit",
            "module.iam.aws_iam_role.carts",
            "module.iam.aws_iam_role.dashboard",
            "module.iam.aws_iam_role.notifications",
            "module.iam.aws_iam_role.orders",
            "module.iam.aws_iam_role.products",
            "module.iam.aws_iam_role.stores",
            "module.iam.aws_iam_role.users",
            "module.iam.data.aws_iam_policy_document.lambda_assume_role",
            "module.lambdas.aws_cloudwatch_log_group.this",
            "module.lambdas.data.archive_file.this"
          ],
          "create_before_destroy": true
        },
        {
          "index_key": "dashboard_get",
          "schema_version": 0,
          "attributes": {
            "architectures": [
              "x86_64"
            ],
            "arn": "arn:aws:lambda:us-east-1:511949652182:function:cloudshop-dashboard-get",
            "code_sha256": "03TImZOXPAttEaQldXfy+EEjPXXjv9HtET2m/+OVg1I=",
            "code_signing_config_arn": "",
            "dead_letter_config": [],
            "description": "",
            "environment": [
              {
                "variables": {
                  "ORDERS_TABLE_NAME": "cloudshop-orders",
                  "PRODUCTS_TABLE_NAME": "cloudshop-products"
                }
              }
            ],
            "ephemeral_storage": [
              {
                "size": 512
              }
            ],
            "file_system_config": [],
            "filename": "./.terraform-build/dashboard_get.zip",
            "function_name": "cloudshop-dashboard-get",
            "handler": "lambda_function.lambda_handler",
            "id": "cloudshop-dashboard-get",
            "image_config": [],
            "image_uri": "",
            "invoke_arn": "arn:aws:apigateway:us-east-1:lambda:path/2015-03-31/functions/arn:aws:lambda:us-east-1:511949652182:function:cloudshop-dashboard-get/invocations",
            "kms_key_arn": "",
            "last_modified": "2026-07-26T08:06:33.000+0000",
            "layers": [],
            "logging_config": [
              {
                "application_log_level": "",
                "log_format": "Text",
                "log_group": "/aws/lambda/cloudshop-dashboard-get",
                "system_log_level": ""
              }
            ],
            "memory_size": 128,
            "package_type": "Zip",
            "publish": false,
            "qualified_arn": "arn:aws:lambda:us-east-1:511949652182:function:cloudshop-dashboard-get:$LATEST",
            "qualified_invoke_arn": "arn:aws:apigateway:us-east-1:lambda:path/2015-03-31/functions/arn:aws:lambda:us-east-1:511949652182:function:cloudshop-dashboard-get:$LATEST/invocations",
            "replace_security_groups_on_destroy": null,
            "replacement_security_group_ids": null,
            "reserved_concurrent_executions": -1,
            "role": "arn:aws:iam::511949652182:role/cloudshop/cloudshop-lambda-dashboard",
            "runtime": "python3.12",
            "s3_bucket": null,
            "s3_key": null,
            "s3_object_version": null,
            "signing_job_arn": "",
            "signing_profile_version_arn": "",
            "skip_destroy": false,
            "snap_start": [],
            "source_code_hash": "03TImZOXPAttEaQldXfy+EEjPXXjv9HtET2m/+OVg1I=",
            "source_code_size": 3173,
            "tags": {},
            "tags_all": {
              "Environment": "dev",
              "ManagedBy": "Terraform",
              "Project": "CloudShop"
            },
            "timeout": 10,
            "timeouts": null,
            "tracing_config": [
              {
                "mode": "PassThrough"
              }
            ],
            "version": "$LATEST",
            "vpc_config": []
          },
          "sensitive_attributes": [],
          "identity_schema_version": 0,
          "private": "eyJlMmJmYjczMC1lY2FhLTExZTYtOGY4OC0zNDM2M2JjN2M0YzAiOnsiY3JlYXRlIjo2MDAwMDAwMDAwMDAsImRlbGV0ZSI6NjAwMDAwMDAwMDAwLCJ1cGRhdGUiOjYwMDAwMDAwMDAwMH19",
          "dependencies": [
            "module.dynamodb.aws_dynamodb_table.audit",
            "module.dynamodb.aws_dynamodb_table.carts",
            "module.dynamodb.aws_dynamodb_table.orders",
            "module.dynamodb.aws_dynamodb_table.products",
            "module.dynamodb.aws_dynamodb_table.stores",
            "module.iam.aws_iam_role.audit",
            "module.iam.aws_iam_role.carts",
            "module.iam.aws_iam_role.dashboard",
            "module.iam.aws_iam_role.notifications",
            "module.iam.aws_iam_role.orders",
            "module.iam.aws_iam_role.products",
            "module.iam.aws_iam_role.stores",
            "module.iam.aws_iam_role.users",
            "module.iam.data.aws_iam_policy_document.lambda_assume_role",
            "module.lambdas.aws_cloudwatch_log_group.this",
            "module.lambdas.data.archive_file.this"
          ],
          "create_before_destroy": true
        },
        {
          "index_key": "events_audit",
          "schema_version": 0,
          "attributes": {
            "architectures": [
              "x86_64"
            ],
            "arn": "arn:aws:lambda:us-east-1:511949652182:function:cloudshop-events-audit",
            "code_sha256": "B6iF7L62/BSGbDkNpFYF/o1MYBW/zFtfzlY0i3Pspw4=",
            "code_signing_config_arn": "",
            "dead_letter_config": [],
            "description": "",
            "environment": [
              {
                "variables": {
                  "AUDIT_TABLE_NAME": "cloudshop-audit"
                }
              }
            ],
            "ephemeral_storage": [
              {
                "size": 512
              }
            ],
            "file_system_config": [],
            "filename": "./.terraform-build/events_audit.zip",
            "function_name": "cloudshop-events-audit",
            "handler": "lambda_function.lambda_handler",
            "id": "cloudshop-events-audit",
            "image_config": [],
            "image_uri": "",
            "invoke_arn": "arn:aws:apigateway:us-east-1:lambda:path/2015-03-31/functions/arn:aws:lambda:us-east-1:511949652182:function:cloudshop-events-audit/invocations",
            "kms_key_arn": "",
            "last_modified": "2026-07-26T08:04:43.000+0000",
            "layers": [],
            "logging_config": [
              {
                "application_log_level": "",
                "log_format": "Text",
                "log_group": "/aws/lambda/cloudshop-events-audit",
                "system_log_level": ""
              }
            ],
            "memory_size": 128,
            "package_type": "Zip",
            "publish": false,
            "qualified_arn": "arn:aws:lambda:us-east-1:511949652182:function:cloudshop-events-audit:$LATEST",
            "qualified_invoke_arn": "arn:aws:apigateway:us-east-1:lambda:path/2015-03-31/functions/arn:aws:lambda:us-east-1:511949652182:function:cloudshop-events-audit:$LATEST/invocations",
            "replace_security_groups_on_destroy": null,
            "replacement_security_group_ids": null,
            "reserved_concurrent_executions": -1,
            "role": "arn:aws:iam::511949652182:role/cloudshop/cloudshop-lambda-audit",
            "runtime": "python3.12",
            "s3_bucket": null,
            "s3_key": null,
            "s3_object_version": null,
            "signing_job_arn": "",
            "signing_profile_version_arn": "",
            "skip_destroy": false,
            "snap_start": [],
            "source_code_hash": "B6iF7L62/BSGbDkNpFYF/o1MYBW/zFtfzlY0i3Pspw4=",
            "source_code_size": 6237,
            "tags": {},
            "tags_all": {
              "Environment": "dev",
              "ManagedBy": "Terraform",
              "Project": "CloudShop"
            },
            "timeout": 10,
            "timeouts": null,
            "tracing_config": [
              {
                "mode": "PassThrough"
              }
            ],
            "version": "$LATEST",
            "vpc_config": []
          },
          "sensitive_attributes": [],
          "identity_schema_version": 0,
          "private": "eyJlMmJmYjczMC1lY2FhLTExZTYtOGY4OC0zNDM2M2JjN2M0YzAiOnsiY3JlYXRlIjo2MDAwMDAwMDAwMDAsImRlbGV0ZSI6NjAwMDAwMDAwMDAwLCJ1cGRhdGUiOjYwMDAwMDAwMDAwMH19",
          "dependencies": [
            "module.dynamodb.aws_dynamodb_table.audit",
            "module.dynamodb.aws_dynamodb_table.carts",
            "module.dynamodb.aws_dynamodb_table.orders",
            "module.dynamodb.aws_dynamodb_table.products",
            "module.dynamodb.aws_dynamodb_table.stores",
            "module.iam.aws_iam_role.audit",
            "module.iam.aws_iam_role.carts",
            "module.iam.aws_iam_role.dashboard",
            "module.iam.aws_iam_role.notifications",
            "module.iam.aws_iam_role.orders",
            "module.iam.aws_iam_role.products",
            "module.iam.aws_iam_role.stores",
            "module.iam.aws_iam_role.users",
            "module.iam.data.aws_iam_policy_document.lambda_assume_role",
            "module.lambdas.aws_cloudwatch_log_group.this",
            "module.lambdas.data.archive_file.this"
          ],
          "create_before_destroy": true
        },
        {
          "index_key": "notifications_send_order",
          "schema_version": 0,
          "attributes": {
            "architectures": [
              "x86_64"
            ],
            "arn": "arn:aws:lambda:us-east-1:511949652182:function:cloudshop-notifications-send-order",
            "code_sha256": "cuUf+ZDJxbSb/bZNXgRXrI2XPZo+22vHiKtuGoGoDXI=",
            "code_signing_config_arn": "",
            "dead_letter_config": [],
            "description": "",
            "environment": [],
            "ephemeral_storage": [
              {
                "size": 512
              }
            ],
            "file_system_config": [],
            "filename": "./.terraform-build/notifications_send_order.zip",
            "function_name": "cloudshop-notifications-send-order",
            "handler": "handler.lambda_handler",
            "id": "cloudshop-notifications-send-order",
            "image_config": [],
            "image_uri": "",
            "invoke_arn": "arn:aws:apigateway:us-east-1:lambda:path/2015-03-31/functions/arn:aws:lambda:us-east-1:511949652182:function:cloudshop-notifications-send-order/invocations",
            "kms_key_arn": "",
            "last_modified": "2026-07-26T06:52:46.092+0000",
            "layers": [],
            "logging_config": [
              {
                "application_log_level": "",
                "log_format": "Text",
                "log_group": "/aws/lambda/cloudshop-notifications-send-order",
                "system_log_level": ""
              }
            ],
            "memory_size": 128,
            "package_type": "Zip",
            "publish": false,
            "qualified_arn": "arn:aws:lambda:us-east-1:511949652182:function:cloudshop-notifications-send-order:$LATEST",
            "qualified_invoke_arn": "arn:aws:apigateway:us-east-1:lambda:path/2015-03-31/functions/arn:aws:lambda:us-east-1:511949652182:function:cloudshop-notifications-send-order:$LATEST/invocations",
            "replace_security_groups_on_destroy": null,
            "replacement_security_group_ids": null,
            "reserved_concurrent_executions": -1,
            "role": "arn:aws:iam::511949652182:role/cloudshop/cloudshop-lambda-notifications",
            "runtime": "python3.12",
            "s3_bucket": null,
            "s3_key": null,
            "s3_object_version": null,
            "signing_job_arn": "",
            "signing_profile_version_arn": "",
            "skip_destroy": false,
            "snap_start": [],
            "source_code_hash": "cuUf+ZDJxbSb/bZNXgRXrI2XPZo+22vHiKtuGoGoDXI=",
            "source_code_size": 5906,
            "tags": {},
            "tags_all": {
              "Environment": "dev",
              "ManagedBy": "Terraform",
              "Project": "CloudShop"
            },
            "timeout": 10,
            "timeouts": null,
            "tracing_config": [
              {
                "mode": "PassThrough"
              }
            ],
            "version": "$LATEST",
            "vpc_config": []
          },
          "sensitive_attributes": [],
          "identity_schema_version": 0,
          "private": "eyJlMmJmYjczMC1lY2FhLTExZTYtOGY4OC0zNDM2M2JjN2M0YzAiOnsiY3JlYXRlIjo2MDAwMDAwMDAwMDAsImRlbGV0ZSI6NjAwMDAwMDAwMDAwLCJ1cGRhdGUiOjYwMDAwMDAwMDAwMH19",
          "dependencies": [
            "module.dynamodb.aws_dynamodb_table.audit",
            "module.dynamodb.aws_dynamodb_table.carts",
            "module.dynamodb.aws_dynamodb_table.orders",
            "module.dynamodb.aws_dynamodb_table.products",
            "module.dynamodb.aws_dynamodb_table.stores",
            "module.iam.aws_iam_role.audit",
            "module.iam.aws_iam_role.carts",
            "module.iam.aws_iam_role.dashboard",
            "module.iam.aws_iam_role.notifications",
            "module.iam.aws_iam_role.orders",
            "module.iam.aws_iam_role.products",
            "module.iam.aws_iam_role.stores",
            "module.iam.aws_iam_role.users",
            "module.iam.data.aws_iam_policy_document.lambda_assume_role",
            "module.lambdas.aws_cloudwatch_log_group.this",
            "module.lambdas.data.archive_file.this"
          ],
          "create_before_destroy": true
        },
        {
          "index_key": "orders_cancel",
          "schema_version": 0,
          "attributes": {
            "architectures": [
              "x86_64"
            ],
            "arn": "arn:aws:lambda:us-east-1:511949652182:function:cloudshop-orders-cancel",
            "code_sha256": "JeI1nGTBCS8B2yENjgU9qrP4mF/tE+Q1nWsR/Xz2aWk=",
            "code_signing_config_arn": "",
            "dead_letter_config": [],
            "description": "",
            "environment": [
              {
                "variables": {
                  "EVENT_BUS_NAME": "cloudshop-events",
                  "ORDERS_TABLE_NAME": "cloudshop-orders",
                  "PRODUCTS_TABLE_NAME": "cloudshop-products"
                }
              }
            ],
            "ephemeral_storage": [
              {
                "size": 512
              }
            ],
            "file_system_config": [],
            "filename": "./.terraform-build/orders_cancel.zip",
            "function_name": "cloudshop-orders-cancel",
            "handler": "lambda_function.lambda_handler",
            "id": "cloudshop-orders-cancel",
            "image_config": [],
            "image_uri": "",
            "invoke_arn": "arn:aws:apigateway:us-east-1:lambda:path/2015-03-31/functions/arn:aws:lambda:us-east-1:511949652182:function:cloudshop-orders-cancel/invocations",
            "kms_key_arn": "",
            "last_modified": "2026-07-26T08:17:53.000+0000",
            "layers": [],
            "logging_config": [
              {
                "application_log_level": "",
                "log_format": "Text",
                "log_group": "/aws/lambda/cloudshop-orders-cancel",
                "system_log_level": ""
              }
            ],
            "memory_size": 128,
            "package_type": "Zip",
            "publish": false,
            "qualified_arn": "arn:aws:lambda:us-east-1:511949652182:function:cloudshop-orders-cancel:$LATEST",
            "qualified_invoke_arn": "arn:aws:apigateway:us-east-1:lambda:path/2015-03-31/functions/arn:aws:lambda:us-east-1:511949652182:function:cloudshop-orders-cancel:$LATEST/invocations",
            "replace_security_groups_on_destroy": null,
            "replacement_security_group_ids": null,
            "reserved_concurrent_executions": -1,
            "role": "arn:aws:iam::511949652182:role/cloudshop/cloudshop-lambda-orders",
            "runtime": "python3.12",
            "s3_bucket": null,
            "s3_key": null,
            "s3_object_version": null,
            "signing_job_arn": "",
            "signing_profile_version_arn": "",
            "skip_destroy": false,
            "snap_start": [],
            "source_code_hash": "JeI1nGTBCS8B2yENjgU9qrP4mF/tE+Q1nWsR/Xz2aWk=",
            "source_code_size": 6468,
            "tags": {},
            "tags_all": {
              "Environment": "dev",
              "ManagedBy": "Terraform",
              "Project": "CloudShop"
            },
            "timeout": 10,
            "timeouts": null,
            "tracing_config": [
              {
                "mode": "PassThrough"
              }
            ],
            "version": "$LATEST",
            "vpc_config": []
          },
          "sensitive_attributes": [],
          "identity_schema_version": 0,
          "private": "eyJlMmJmYjczMC1lY2FhLTExZTYtOGY4OC0zNDM2M2JjN2M0YzAiOnsiY3JlYXRlIjo2MDAwMDAwMDAwMDAsImRlbGV0ZSI6NjAwMDAwMDAwMDAwLCJ1cGRhdGUiOjYwMDAwMDAwMDAwMH19",
          "dependencies": [
            "module.dynamodb.aws_dynamodb_table.audit",
            "module.dynamodb.aws_dynamodb_table.carts",
            "module.dynamodb.aws_dynamodb_table.orders",
            "module.dynamodb.aws_dynamodb_table.products",
            "module.dynamodb.aws_dynamodb_table.stores",
            "module.iam.aws_iam_role.audit",
            "module.iam.aws_iam_role.carts",
            "module.iam.aws_iam_role.dashboard",
            "module.iam.aws_iam_role.notifications",
            "module.iam.aws_iam_role.orders",
            "module.iam.aws_iam_role.products",
            "module.iam.aws_iam_role.stores",
            "module.iam.aws_iam_role.users",
            "module.iam.data.aws_iam_policy_document.lambda_assume_role",
            "module.lambdas.aws_cloudwatch_log_group.this",
            "module.lambdas.data.archive_file.this"
          ],
          "create_before_destroy": true
        },
        {
          "index_key": "orders_create",
          "schema_version": 0,
          "attributes": {
            "architectures": [
              "x86_64"
            ],
            "arn": "arn:aws:lambda:us-east-1:511949652182:function:cloudshop-orders-create",
            "code_sha256": "XjdJlFCZRpLbRZSZRtQ+UcahnDxFQ9WARyVkknoXnvw=",
            "code_signing_config_arn": "",
            "dead_letter_config": [],
            "description": "",
            "environment": [
              {
                "variables": {
                  "CARTS_TABLE_NAME": "cloudshop-carts",
                  "EVENT_BUS_NAME": "cloudshop-events",
                  "ORDERS_TABLE_NAME": "cloudshop-orders",
                  "PRODUCTS_TABLE_NAME": "cloudshop-products"
                }
              }
            ],
            "ephemeral_storage": [
              {
                "size": 512
              }
            ],
            "file_system_config": [],
            "filename": "./.terraform-build/orders_create.zip",
            "function_name": "cloudshop-orders-create",
            "handler": "lambda_function.lambda_handler",
            "id": "cloudshop-orders-create",
            "image_config": [],
            "image_uri": "",
            "invoke_arn": "arn:aws:apigateway:us-east-1:lambda:path/2015-03-31/functions/arn:aws:lambda:us-east-1:511949652182:function:cloudshop-orders-create/invocations",
            "kms_key_arn": "",
            "last_modified": "2026-07-26T08:06:45.000+0000",
            "layers": [],
            "logging_config": [
              {
                "application_log_level": "",
                "log_format": "Text",
                "log_group": "/aws/lambda/cloudshop-orders-create",
                "system_log_level": ""
              }
            ],
            "memory_size": 128,
            "package_type": "Zip",
            "publish": false,
            "qualified_arn": "arn:aws:lambda:us-east-1:511949652182:function:cloudshop-orders-create:$LATEST",
            "qualified_invoke_arn": "arn:aws:apigateway:us-east-1:lambda:path/2015-03-31/functions/arn:aws:lambda:us-east-1:511949652182:function:cloudshop-orders-create:$LATEST/invocations",
            "replace_security_groups_on_destroy": null,
            "replacement_security_group_ids": null,
            "reserved_concurrent_executions": -1,
            "role": "arn:aws:iam::511949652182:role/cloudshop/cloudshop-lambda-orders",
            "runtime": "python3.12",
            "s3_bucket": null,
            "s3_key": null,
            "s3_object_version": null,
            "signing_job_arn": "",
            "signing_profile_version_arn": "",
            "skip_destroy": false,
            "snap_start": [],
            "source_code_hash": "XjdJlFCZRpLbRZSZRtQ+UcahnDxFQ9WARyVkknoXnvw=",
            "source_code_size": 10547,
            "tags": {},
            "tags_all": {
              "Environment": "dev",
              "ManagedBy": "Terraform",
              "Project": "CloudShop"
            },
            "timeout": 10,
            "timeouts": null,
            "tracing_config": [
              {
                "mode": "PassThrough"
              }
            ],
            "version": "$LATEST",
            "vpc_config": []
          },
          "sensitive_attributes": [],
          "identity_schema_version": 0,
          "private": "eyJlMmJmYjczMC1lY2FhLTExZTYtOGY4OC0zNDM2M2JjN2M0YzAiOnsiY3JlYXRlIjo2MDAwMDAwMDAwMDAsImRlbGV0ZSI6NjAwMDAwMDAwMDAwLCJ1cGRhdGUiOjYwMDAwMDAwMDAwMH19",
          "dependencies": [
            "module.dynamodb.aws_dynamodb_table.audit",
            "module.dynamodb.aws_dynamodb_table.carts",
            "module.dynamodb.aws_dynamodb_table.orders",
            "module.dynamodb.aws_dynamodb_table.products",
            "module.dynamodb.aws_dynamodb_table.stores",
            "module.iam.aws_iam_role.audit",
            "module.iam.aws_iam_role.carts",
            "module.iam.aws_iam_role.dashboard",
            "module.iam.aws_iam_role.notifications",
            "module.iam.aws_iam_role.orders",
            "module.iam.aws_iam_role.products",
            "module.iam.aws_iam_role.stores",
            "module.iam.aws_iam_role.users",
            "module.iam.data.aws_iam_policy_document.lambda_assume_role",
            "module.lambdas.aws_cloudwatch_log_group.this",
            "module.lambdas.data.archive_file.this"
          ],
          "create_before_destroy": true
        },
        {
          "index_key": "orders_get",
          "schema_version": 0,
          "attributes": {
            "architectures": [
              "x86_64"
            ],
            "arn": "arn:aws:lambda:us-east-1:511949652182:function:cloudshop-orders-get",
            "code_sha256": "OMzkf3ZFTPSVUMd9UK8bjU70/H65wol4RoojHEYzoyk=",
            "code_signing_config_arn": "",
            "dead_letter_config": [],
            "description": "",
            "environment": [
              {
                "variables": {
                  "ORDERS_TABLE_NAME": "cloudshop-orders"
                }
              }
            ],
            "ephemeral_storage": [
              {
                "size": 512
              }
            ],
            "file_system_config": [],
            "filename": "./.terraform-build/orders_get.zip",
            "function_name": "cloudshop-orders-get",
            "handler": "lambda_function.lambda_handler",
            "id": "cloudshop-orders-get",
            "image_config": [],
            "image_uri": "",
            "invoke_arn": "arn:aws:apigateway:us-east-1:lambda:path/2015-03-31/functions/arn:aws:lambda:us-east-1:511949652182:function:cloudshop-orders-get/invocations",
            "kms_key_arn": "",
            "last_modified": "2026-07-26T08:05:26.000+0000",
            "layers": [],
            "logging_config": [
              {
                "application_log_level": "",
                "log_format": "Text",
                "log_group": "/aws/lambda/cloudshop-orders-get",
                "system_log_level": ""
              }
            ],
            "memory_size": 128,
            "package_type": "Zip",
            "publish": false,
            "qualified_arn": "arn:aws:lambda:us-east-1:511949652182:function:cloudshop-orders-get:$LATEST",
            "qualified_invoke_arn": "arn:aws:apigateway:us-east-1:lambda:path/2015-03-31/functions/arn:aws:lambda:us-east-1:511949652182:function:cloudshop-orders-get:$LATEST/invocations",
            "replace_security_groups_on_destroy": null,
            "replacement_security_group_ids": null,
            "reserved_concurrent_executions": -1,
            "role": "arn:aws:iam::511949652182:role/cloudshop/cloudshop-lambda-orders",
            "runtime": "python3.12",
            "s3_bucket": null,
            "s3_key": null,
            "s3_object_version": null,
            "signing_job_arn": "",
            "signing_profile_version_arn": "",
            "skip_destroy": false,
            "snap_start": [],
            "source_code_hash": "OMzkf3ZFTPSVUMd9UK8bjU70/H65wol4RoojHEYzoyk=",
            "source_code_size": 4515,
            "tags": {},
            "tags_all": {
              "Environment": "dev",
              "ManagedBy": "Terraform",
              "Project": "CloudShop"
            },
            "timeout": 10,
            "timeouts": null,
            "tracing_config": [
              {
                "mode": "PassThrough"
              }
            ],
            "version": "$LATEST",
            "vpc_config": []
          },
          "sensitive_attributes": [],
          "identity_schema_version": 0,
          "private": "eyJlMmJmYjczMC1lY2FhLTExZTYtOGY4OC0zNDM2M2JjN2M0YzAiOnsiY3JlYXRlIjo2MDAwMDAwMDAwMDAsImRlbGV0ZSI6NjAwMDAwMDAwMDAwLCJ1cGRhdGUiOjYwMDAwMDAwMDAwMH19",
          "dependencies": [
            "module.dynamodb.aws_dynamodb_table.audit",
            "module.dynamodb.aws_dynamodb_table.carts",
            "module.dynamodb.aws_dynamodb_table.orders",
            "module.dynamodb.aws_dynamodb_table.products",
            "module.dynamodb.aws_dynamodb_table.stores",
            "module.iam.aws_iam_role.audit",
            "module.iam.aws_iam_role.carts",
            "module.iam.aws_iam_role.dashboard",
            "module.iam.aws_iam_role.notifications",
            "module.iam.aws_iam_role.orders",
            "module.iam.aws_iam_role.products",
            "module.iam.aws_iam_role.stores",
            "module.iam.aws_iam_role.users",
            "module.iam.data.aws_iam_policy_document.lambda_assume_role",
            "module.lambdas.aws_cloudwatch_log_group.this",
            "module.lambdas.data.archive_file.this"
          ],
          "create_before_destroy": true
        },
        {
          "index_key": "orders_list",
          "schema_version": 0,
          "attributes": {
            "architectures": [
              "x86_64"
            ],
            "arn": "arn:aws:lambda:us-east-1:511949652182:function:cloudshop-orders-list",
            "code_sha256": "JmCqZ470NnXRL3qVq774teLy5hlx+DzsZc34kiD5/yU=",
            "code_signing_config_arn": "",
            "dead_letter_config": [],
            "description": "",
            "environment": [
              {
                "variables": {
                  "ORDERS_TABLE_NAME": "cloudshop-orders"
                }
              }
            ],
            "ephemeral_storage": [
              {
                "size": 512
              }
            ],
            "file_system_config": [],
            "filename": "./.terraform-build/orders_list.zip",
            "function_name": "cloudshop-orders-list",
            "handler": "lambda_function.lambda_handler",
            "id": "cloudshop-orders-list",
            "image_config": [],
            "image_uri": "",
            "invoke_arn": "arn:aws:apigateway:us-east-1:lambda:path/2015-03-31/functions/arn:aws:lambda:us-east-1:511949652182:function:cloudshop-orders-list/invocations",
            "kms_key_arn": "",
            "last_modified": "2026-07-26T08:05:20.000+0000",
            "layers": [],
            "logging_config": [
              {
                "application_log_level": "",
                "log_format": "Text",
                "log_group": "/aws/lambda/cloudshop-orders-list",
                "system_log_level": ""
              }
            ],
            "memory_size": 128,
            "package_type": "Zip",
            "publish": false,
            "qualified_arn": "arn:aws:lambda:us-east-1:511949652182:function:cloudshop-orders-list:$LATEST",
            "qualified_invoke_arn": "arn:aws:apigateway:us-east-1:lambda:path/2015-03-31/functions/arn:aws:lambda:us-east-1:511949652182:function:cloudshop-orders-list:$LATEST/invocations",
            "replace_security_groups_on_destroy": null,
            "replacement_security_group_ids": null,
            "reserved_concurrent_executions": -1,
            "role": "arn:aws:iam::511949652182:role/cloudshop/cloudshop-lambda-orders",
            "runtime": "python3.12",
            "s3_bucket": null,
            "s3_key": null,
            "s3_object_version": null,
            "signing_job_arn": "",
            "signing_profile_version_arn": "",
            "skip_destroy": false,
            "snap_start": [],
            "source_code_hash": "JmCqZ470NnXRL3qVq774teLy5hlx+DzsZc34kiD5/yU=",
            "source_code_size": 5410,
            "tags": {},
            "tags_all": {
              "Environment": "dev",
              "ManagedBy": "Terraform",
              "Project": "CloudShop"
            },
            "timeout": 10,
            "timeouts": null,
            "tracing_config": [
              {
                "mode": "PassThrough"
              }
            ],
            "version": "$LATEST",
            "vpc_config": []
          },
          "sensitive_attributes": [],
          "identity_schema_version": 0,
          "private": "eyJlMmJmYjczMC1lY2FhLTExZTYtOGY4OC0zNDM2M2JjN2M0YzAiOnsiY3JlYXRlIjo2MDAwMDAwMDAwMDAsImRlbGV0ZSI6NjAwMDAwMDAwMDAwLCJ1cGRhdGUiOjYwMDAwMDAwMDAwMH19",
          "dependencies": [
            "module.dynamodb.aws_dynamodb_table.audit",
            "module.dynamodb.aws_dynamodb_table.carts",
            "module.dynamodb.aws_dynamodb_table.orders",
            "module.dynamodb.aws_dynamodb_table.products",
            "module.dynamodb.aws_dynamodb_table.stores",
            "module.iam.aws_iam_role.audit",
            "module.iam.aws_iam_role.carts",
            "module.iam.aws_iam_role.dashboard",
            "module.iam.aws_iam_role.notifications",
            "module.iam.aws_iam_role.orders",
            "module.iam.aws_iam_role.products",
            "module.iam.aws_iam_role.stores",
            "module.iam.aws_iam_role.users",
            "module.iam.data.aws_iam_policy_document.lambda_assume_role",
            "module.lambdas.aws_cloudwatch_log_group.this",
            "module.lambdas.data.archive_file.this"
          ],
          "create_before_destroy": true
        },
        {
          "index_key": "orders_update_status",
          "schema_version": 0,
          "attributes": {
            "architectures": [
              "x86_64"
            ],
            "arn": "arn:aws:lambda:us-east-1:511949652182:function:cloudshop-orders-update-status",
            "code_sha256": "t9EnIuGPC31Ue45ErZs1MtBxCJceVKBP2isxNVXr3f0=",
            "code_signing_config_arn": "",
            "dead_letter_config": [],
            "description": "",
            "environment": [
              {
                "variables": {
                  "EVENT_BUS_NAME": "cloudshop-events",
                  "ORDERS_TABLE_NAME": "cloudshop-orders"
                }
              }
            ],
            "ephemeral_storage": [
              {
                "size": 512
              }
            ],
            "file_system_config": [],
            "filename": "./.terraform-build/orders_update_status.zip",
            "function_name": "cloudshop-orders-update-status",
            "handler": "lambda_function.lambda_handler",
            "id": "cloudshop-orders-update-status",
            "image_config": [],
            "image_uri": "",
            "invoke_arn": "arn:aws:apigateway:us-east-1:lambda:path/2015-03-31/functions/arn:aws:lambda:us-east-1:511949652182:function:cloudshop-orders-update-status/invocations",
            "kms_key_arn": "",
            "last_modified": "2026-07-26T08:05:50.000+0000",
            "layers": [],
            "logging_config": [
              {
                "application_log_level": "",
                "log_format": "Text",
                "log_group": "/aws/lambda/cloudshop-orders-update-status",
                "system_log_level": ""
              }
            ],
            "memory_size": 128,
            "package_type": "Zip",
            "publish": false,
            "qualified_arn": "arn:aws:lambda:us-east-1:511949652182:function:cloudshop-orders-update-status:$LATEST",
            "qualified_invoke_arn": "arn:aws:apigateway:us-east-1:lambda:path/2015-03-31/functions/arn:aws:lambda:us-east-1:511949652182:function:cloudshop-orders-update-status:$LATEST/invocations",
            "replace_security_groups_on_destroy": null,
            "replacement_security_group_ids": null,
            "reserved_concurrent_executions": -1,
            "role": "arn:aws:iam::511949652182:role/cloudshop/cloudshop-lambda-orders",
            "runtime": "python3.12",
            "s3_bucket": null,
            "s3_key": null,
            "s3_object_version": null,
            "signing_job_arn": "",
            "signing_profile_version_arn": "",
            "skip_destroy": false,
            "snap_start": [],
            "source_code_hash": "t9EnIuGPC31Ue45ErZs1MtBxCJceVKBP2isxNVXr3f0=",
            "source_code_size": 6634,
            "tags": {},
            "tags_all": {
              "Environment": "dev",
              "ManagedBy": "Terraform",
              "Project": "CloudShop"
            },
            "timeout": 10,
            "timeouts": null,
            "tracing_config": [
              {
                "mode": "PassThrough"
              }
            ],
            "version": "$LATEST",
            "vpc_config": []
          },
          "sensitive_attributes": [],
          "identity_schema_version": 0,
          "private": "eyJlMmJmYjczMC1lY2FhLTExZTYtOGY4OC0zNDM2M2JjN2M0YzAiOnsiY3JlYXRlIjo2MDAwMDAwMDAwMDAsImRlbGV0ZSI6NjAwMDAwMDAwMDAwLCJ1cGRhdGUiOjYwMDAwMDAwMDAwMH19",
          "dependencies": [
            "module.dynamodb.aws_dynamodb_table.audit",
            "module.dynamodb.aws_dynamodb_table.carts",
            "module.dynamodb.aws_dynamodb_table.orders",
            "module.dynamodb.aws_dynamodb_table.products",
            "module.dynamodb.aws_dynamodb_table.stores",
            "module.iam.aws_iam_role.audit",
            "module.iam.aws_iam_role.carts",
            "module.iam.aws_iam_role.dashboard",
            "module.iam.aws_iam_role.notifications",
            "module.iam.aws_iam_role.orders",
            "module.iam.aws_iam_role.products",
            "module.iam.aws_iam_role.stores",
            "module.iam.aws_iam_role.users",
            "module.iam.data.aws_iam_policy_document.lambda_assume_role",
            "module.lambdas.aws_cloudwatch_log_group.this",
            "module.lambdas.data.archive_file.this"
          ],
          "create_before_destroy": true
        },
        {
          "index_key": "products_create",
          "schema_version": 0,
          "attributes": {
            "architectures": [
              "x86_64"
            ],
            "arn": "arn:aws:lambda:us-east-1:511949652182:function:cloudshop-products-create",
            "code_sha256": "/Gggt5xMHxiQjU072nFqU0lSCjaETp4LXFqXXNlAfkY=",
            "code_signing_config_arn": "",
            "dead_letter_config": [],
            "description": "",
            "environment": [
              {
                "variables": {
                  "PRODUCTS_TABLE_NAME": "cloudshop-products"
                }
              }
            ],
            "ephemeral_storage": [
              {
                "size": 512
              }
            ],
            "file_system_config": [],
            "filename": "./.terraform-build/products_create.zip",
            "function_name": "cloudshop-products-create",
            "handler": "lambda_function.lambda_handler",
            "id": "cloudshop-products-create",
            "image_config": [],
            "image_uri": "",
            "invoke_arn": "arn:aws:apigateway:us-east-1:lambda:path/2015-03-31/functions/arn:aws:lambda:us-east-1:511949652182:function:cloudshop-products-create/invocations",
            "kms_key_arn": "",
            "last_modified": "2026-07-26T08:05:38.000+0000",
            "layers": [],
            "logging_config": [
              {
                "application_log_level": "",
                "log_format": "Text",
                "log_group": "/aws/lambda/cloudshop-products-create",
                "system_log_level": ""
              }
            ],
            "memory_size": 128,
            "package_type": "Zip",
            "publish": false,
            "qualified_arn": "arn:aws:lambda:us-east-1:511949652182:function:cloudshop-products-create:$LATEST",
            "qualified_invoke_arn": "arn:aws:apigateway:us-east-1:lambda:path/2015-03-31/functions/arn:aws:lambda:us-east-1:511949652182:function:cloudshop-products-create:$LATEST/invocations",
            "replace_security_groups_on_destroy": null,
            "replacement_security_group_ids": null,
            "reserved_concurrent_executions": -1,
            "role": "arn:aws:iam::511949652182:role/cloudshop/cloudshop-lambda-products",
            "runtime": "python3.12",
            "s3_bucket": null,
            "s3_key": null,
            "s3_object_version": null,
            "signing_job_arn": "",
            "signing_profile_version_arn": "",
            "skip_destroy": false,
            "snap_start": [],
            "source_code_hash": "/Gggt5xMHxiQjU072nFqU0lSCjaETp4LXFqXXNlAfkY=",
            "source_code_size": 5438,
            "tags": {},
            "tags_all": {
              "Environment": "dev",
              "ManagedBy": "Terraform",
              "Project": "CloudShop"
            },
            "timeout": 10,
            "timeouts": null,
            "tracing_config": [
              {
                "mode": "PassThrough"
              }
            ],
            "version": "$LATEST",
            "vpc_config": []
          },
          "sensitive_attributes": [],
          "identity_schema_version": 0,
          "private": "eyJlMmJmYjczMC1lY2FhLTExZTYtOGY4OC0zNDM2M2JjN2M0YzAiOnsiY3JlYXRlIjo2MDAwMDAwMDAwMDAsImRlbGV0ZSI6NjAwMDAwMDAwMDAwLCJ1cGRhdGUiOjYwMDAwMDAwMDAwMH19",
          "dependencies": [
            "module.dynamodb.aws_dynamodb_table.audit",
            "module.dynamodb.aws_dynamodb_table.carts",
            "module.dynamodb.aws_dynamodb_table.orders",
            "module.dynamodb.aws_dynamodb_table.products",
            "module.dynamodb.aws_dynamodb_table.stores",
            "module.iam.aws_iam_role.audit",
            "module.iam.aws_iam_role.carts",
            "module.iam.aws_iam_role.dashboard",
            "module.iam.aws_iam_role.notifications",
            "module.iam.aws_iam_role.orders",
            "module.iam.aws_iam_role.products",
            "module.iam.aws_iam_role.stores",
            "module.iam.aws_iam_role.users",
            "module.iam.data.aws_iam_policy_document.lambda_assume_role",
            "module.lambdas.aws_cloudwatch_log_group.this",
            "module.lambdas.data.archive_file.this"
          ],
          "create_before_destroy": true
        },
        {
          "index_key": "products_delete",
          "schema_version": 0,
          "attributes": {
            "architectures": [
              "x86_64"
            ],
            "arn": "arn:aws:lambda:us-east-1:511949652182:function:cloudshop-products-delete",
            "code_sha256": "3uBu/4G218tdqvWt1EvMC0TDf+ovzyXkknglpvZlRe4=",
            "code_signing_config_arn": "",
            "dead_letter_config": [],
            "description": "",
            "environment": [
              {
                "variables": {
                  "PRODUCTS_TABLE_NAME": "cloudshop-products"
                }
              }
            ],
            "ephemeral_storage": [
              {
                "size": 512
              }
            ],
            "file_system_config": [],
            "filename": "./.terraform-build/products_delete.zip",
            "function_name": "cloudshop-products-delete",
            "handler": "lambda_function.lambda_handler",
            "id": "cloudshop-products-delete",
            "image_config": [],
            "image_uri": "",
            "invoke_arn": "arn:aws:apigateway:us-east-1:lambda:path/2015-03-31/functions/arn:aws:lambda:us-east-1:511949652182:function:cloudshop-products-delete/invocations",
            "kms_key_arn": "",
            "last_modified": "2026-07-26T08:06:02.000+0000",
            "layers": [],
            "logging_config": [
              {
                "application_log_level": "",
                "log_format": "Text",
                "log_group": "/aws/lambda/cloudshop-products-delete",
                "system_log_level": ""
              }
            ],
            "memory_size": 128,
            "package_type": "Zip",
            "publish": false,
            "qualified_arn": "arn:aws:lambda:us-east-1:511949652182:function:cloudshop-products-delete:$LATEST",
            "qualified_invoke_arn": "arn:aws:apigateway:us-east-1:lambda:path/2015-03-31/functions/arn:aws:lambda:us-east-1:511949652182:function:cloudshop-products-delete:$LATEST/invocations",
            "replace_security_groups_on_destroy": null,
            "replacement_security_group_ids": null,
            "reserved_concurrent_executions": -1,
            "role": "arn:aws:iam::511949652182:role/cloudshop/cloudshop-lambda-products",
            "runtime": "python3.12",
            "s3_bucket": null,
            "s3_key": null,
            "s3_object_version": null,
            "signing_job_arn": "",
            "signing_profile_version_arn": "",
            "skip_destroy": false,
            "snap_start": [],
            "source_code_hash": "3uBu/4G218tdqvWt1EvMC0TDf+ovzyXkknglpvZlRe4=",
            "source_code_size": 5503,
            "tags": {},
            "tags_all": {
              "Environment": "dev",
              "ManagedBy": "Terraform",
              "Project": "CloudShop"
            },
            "timeout": 10,
            "timeouts": null,
            "tracing_config": [
              {
                "mode": "PassThrough"
              }
            ],
            "version": "$LATEST",
            "vpc_config": []
          },
          "sensitive_attributes": [],
          "identity_schema_version": 0,
          "private": "eyJlMmJmYjczMC1lY2FhLTExZTYtOGY4OC0zNDM2M2JjN2M0YzAiOnsiY3JlYXRlIjo2MDAwMDAwMDAwMDAsImRlbGV0ZSI6NjAwMDAwMDAwMDAwLCJ1cGRhdGUiOjYwMDAwMDAwMDAwMH19",
          "dependencies": [
            "module.dynamodb.aws_dynamodb_table.audit",
            "module.dynamodb.aws_dynamodb_table.carts",
            "module.dynamodb.aws_dynamodb_table.orders",
            "module.dynamodb.aws_dynamodb_table.products",
            "module.dynamodb.aws_dynamodb_table.stores",
            "module.iam.aws_iam_role.audit",
            "module.iam.aws_iam_role.carts",
            "module.iam.aws_iam_role.dashboard",
            "module.iam.aws_iam_role.notifications",
            "module.iam.aws_iam_role.orders",
            "module.iam.aws_iam_role.products",
            "module.iam.aws_iam_role.stores",
            "module.iam.aws_iam_role.users",
            "module.iam.data.aws_iam_policy_document.lambda_assume_role",
            "module.lambdas.aws_cloudwatch_log_group.this",
            "module.lambdas.data.archive_file.this"
          ],
          "create_before_destroy": true
        },
        {
          "index_key": "products_get",
          "schema_version": 0,
          "attributes": {
            "architectures": [
              "x86_64"
            ],
            "arn": "arn:aws:lambda:us-east-1:511949652182:function:cloudshop-products-get",
            "code_sha256": "Mhoh1Fie6pe1K8i99Oyb4ZuqtZoG3L1G18eOg0CmGp4=",
            "code_signing_config_arn": "",
            "dead_letter_config": [],
            "description": "",
            "environment": [
              {
                "variables": {
                  "PRODUCTS_TABLE_NAME": "cloudshop-products"
                }
              }
            ],
            "ephemeral_storage": [
              {
                "size": 512
              }
            ],
            "file_system_config": [],
            "filename": "./.terraform-build/products_get.zip",
            "function_name": "cloudshop-products-get",
            "handler": "lambda_function.lambda_handler",
            "id": "cloudshop-products-get",
            "image_config": [],
            "image_uri": "",
            "invoke_arn": "arn:aws:apigateway:us-east-1:lambda:path/2015-03-31/functions/arn:aws:lambda:us-east-1:511949652182:function:cloudshop-products-get/invocations",
            "kms_key_arn": "",
            "last_modified": "2026-07-26T08:05:56.000+0000",
            "layers": [],
            "logging_config": [
              {
                "application_log_level": "",
                "log_format": "Text",
                "log_group": "/aws/lambda/cloudshop-products-get",
                "system_log_level": ""
              }
            ],
            "memory_size": 128,
            "package_type": "Zip",
            "publish": false,
            "qualified_arn": "arn:aws:lambda:us-east-1:511949652182:function:cloudshop-products-get:$LATEST",
            "qualified_invoke_arn": "arn:aws:apigateway:us-east-1:lambda:path/2015-03-31/functions/arn:aws:lambda:us-east-1:511949652182:function:cloudshop-products-get:$LATEST/invocations",
            "replace_security_groups_on_destroy": null,
            "replacement_security_group_ids": null,
            "reserved_concurrent_executions": -1,
            "role": "arn:aws:iam::511949652182:role/cloudshop/cloudshop-lambda-products",
            "runtime": "python3.12",
            "s3_bucket": null,
            "s3_key": null,
            "s3_object_version": null,
            "signing_job_arn": "",
            "signing_profile_version_arn": "",
            "skip_destroy": false,
            "snap_start": [],
            "source_code_hash": "Mhoh1Fie6pe1K8i99Oyb4ZuqtZoG3L1G18eOg0CmGp4=",
            "source_code_size": 4305,
            "tags": {},
            "tags_all": {
              "Environment": "dev",
              "ManagedBy": "Terraform",
              "Project": "CloudShop"
            },
            "timeout": 10,
            "timeouts": null,
            "tracing_config": [
              {
                "mode": "PassThrough"
              }
            ],
            "version": "$LATEST",
            "vpc_config": []
          },
          "sensitive_attributes": [],
          "identity_schema_version": 0,
          "private": "eyJlMmJmYjczMC1lY2FhLTExZTYtOGY4OC0zNDM2M2JjN2M0YzAiOnsiY3JlYXRlIjo2MDAwMDAwMDAwMDAsImRlbGV0ZSI6NjAwMDAwMDAwMDAwLCJ1cGRhdGUiOjYwMDAwMDAwMDAwMH19",
          "dependencies": [
            "module.dynamodb.aws_dynamodb_table.audit",
            "module.dynamodb.aws_dynamodb_table.carts",
            "module.dynamodb.aws_dynamodb_table.orders",
            "module.dynamodb.aws_dynamodb_table.products",
            "module.dynamodb.aws_dynamodb_table.stores",
            "module.iam.aws_iam_role.audit",
            "module.iam.aws_iam_role.carts",
            "module.iam.aws_iam_role.dashboard",
            "module.iam.aws_iam_role.notifications",
            "module.iam.aws_iam_role.orders",
            "module.iam.aws_iam_role.products",
            "module.iam.aws_iam_role.stores",
            "module.iam.aws_iam_role.users",
            "module.iam.data.aws_iam_policy_document.lambda_assume_role",
            "module.lambdas.aws_cloudwatch_log_group.this",
            "module.lambdas.data.archive_file.this"
          ],
          "create_before_destroy": true
        },
        {
          "index_key": "products_list",
          "schema_version": 0,
          "attributes": {
            "architectures": [
              "x86_64"
            ],
            "arn": "arn:aws:lambda:us-east-1:511949652182:function:cloudshop-products-list",
            "code_sha256": "XMTVjVO+AZn/4Ivn04PGG5Pt+5EXdtg/BFqMZ/972+s=",
            "code_signing_config_arn": "",
            "dead_letter_config": [],
            "description": "",
            "environment": [
              {
                "variables": {
                  "PRODUCTS_TABLE_NAME": "cloudshop-products"
                }
              }
            ],
            "ephemeral_storage": [
              {
                "size": 512
              }
            ],
            "file_system_config": [],
            "filename": "./.terraform-build/products_list.zip",
            "function_name": "cloudshop-products-list",
            "handler": "lambda_function.lambda_handler",
            "id": "cloudshop-products-list",
            "image_config": [],
            "image_uri": "",
            "invoke_arn": "arn:aws:apigateway:us-east-1:lambda:path/2015-03-31/functions/arn:aws:lambda:us-east-1:511949652182:function:cloudshop-products-list/invocations",
            "kms_key_arn": "",
            "last_modified": "2026-07-26T08:06:20.000+0000",
            "layers": [],
            "logging_config": [
              {
                "application_log_level": "",
                "log_format": "Text",
                "log_group": "/aws/lambda/cloudshop-products-list",
                "system_log_level": ""
              }
            ],
            "memory_size": 128,
            "package_type": "Zip",
            "publish": false,
            "qualified_arn": "arn:aws:lambda:us-east-1:511949652182:function:cloudshop-products-list:$LATEST",
            "qualified_invoke_arn": "arn:aws:apigateway:us-east-1:lambda:path/2015-03-31/functions/arn:aws:lambda:us-east-1:511949652182:function:cloudshop-products-list:$LATEST/invocations",
            "replace_security_groups_on_destroy": null,
            "replacement_security_group_ids": null,
            "reserved_concurrent_executions": -1,
            "role": "arn:aws:iam::511949652182:role/cloudshop/cloudshop-lambda-products",
            "runtime": "python3.12",
            "s3_bucket": null,
            "s3_key": null,
            "s3_object_version": null,
            "signing_job_arn": "",
            "signing_profile_version_arn": "",
            "skip_destroy": false,
            "snap_start": [],
            "source_code_hash": "XMTVjVO+AZn/4Ivn04PGG5Pt+5EXdtg/BFqMZ/972+s=",
            "source_code_size": 4830,
            "tags": {},
            "tags_all": {
              "Environment": "dev",
              "ManagedBy": "Terraform",
              "Project": "CloudShop"
            },
            "timeout": 10,
            "timeouts": null,
            "tracing_config": [
              {
                "mode": "PassThrough"
              }
            ],
            "version": "$LATEST",
            "vpc_config": []
          },
          "sensitive_attributes": [],
          "identity_schema_version": 0,
          "private": "eyJlMmJmYjczMC1lY2FhLTExZTYtOGY4OC0zNDM2M2JjN2M0YzAiOnsiY3JlYXRlIjo2MDAwMDAwMDAwMDAsImRlbGV0ZSI6NjAwMDAwMDAwMDAwLCJ1cGRhdGUiOjYwMDAwMDAwMDAwMH19",
          "dependencies": [
            "module.dynamodb.aws_dynamodb_table.audit",
            "module.dynamodb.aws_dynamodb_table.carts",
            "module.dynamodb.aws_dynamodb_table.orders",
            "module.dynamodb.aws_dynamodb_table.products",
            "module.dynamodb.aws_dynamodb_table.stores",
            "module.iam.aws_iam_role.audit",
            "module.iam.aws_iam_role.carts",
            "module.iam.aws_iam_role.dashboard",
            "module.iam.aws_iam_role.notifications",
            "module.iam.aws_iam_role.orders",
            "module.iam.aws_iam_role.products",
            "module.iam.aws_iam_role.stores",
            "module.iam.aws_iam_role.users",
            "module.iam.data.aws_iam_policy_document.lambda_assume_role",
            "module.lambdas.aws_cloudwatch_log_group.this",
            "module.lambdas.data.archive_file.this"
          ],
          "create_before_destroy": true
        },
        {
          "index_key": "products_update",
          "schema_version": 0,
          "attributes": {
            "architectures": [
              "x86_64"
            ],
            "arn": "arn:aws:lambda:us-east-1:511949652182:function:cloudshop-products-update",
            "code_sha256": "YkFXwmLkbdp7RpNa8kpGLVdI3WfCM3wHTfh7QC3OPdc=",
            "code_signing_config_arn": "",
            "dead_letter_config": [],
            "description": "",
            "environment": [
              {
                "variables": {
                  "PRODUCTS_TABLE_NAME": "cloudshop-products"
                }
              }
            ],
            "ephemeral_storage": [
              {
                "size": 512
              }
            ],
            "file_system_config": [],
            "filename": "./.terraform-build/products_update.zip",
            "function_name": "cloudshop-products-update",
            "handler": "lambda_function.lambda_handler",
            "id": "cloudshop-products-update",
            "image_config": [],
            "image_uri": "",
            "invoke_arn": "arn:aws:apigateway:us-east-1:lambda:path/2015-03-31/functions/arn:aws:lambda:us-east-1:511949652182:function:cloudshop-products-update/invocations",
            "kms_key_arn": "",
            "last_modified": "2026-07-26T08:06:08.000+0000",
            "layers": [],
            "logging_config": [
              {
                "application_log_level": "",
                "log_format": "Text",
                "log_group": "/aws/lambda/cloudshop-products-update",
                "system_log_level": ""
              }
            ],
            "memory_size": 128,
            "package_type": "Zip",
            "publish": false,
            "qualified_arn": "arn:aws:lambda:us-east-1:511949652182:function:cloudshop-products-update:$LATEST",
            "qualified_invoke_arn": "arn:aws:apigateway:us-east-1:lambda:path/2015-03-31/functions/arn:aws:lambda:us-east-1:511949652182:function:cloudshop-products-update:$LATEST/invocations",
            "replace_security_groups_on_destroy": null,
            "replacement_security_group_ids": null,
            "reserved_concurrent_executions": -1,
            "role": "arn:aws:iam::511949652182:role/cloudshop/cloudshop-lambda-products",
            "runtime": "python3.12",
            "s3_bucket": null,
            "s3_key": null,
            "s3_object_version": null,
            "signing_job_arn": "",
            "signing_profile_version_arn": "",
            "skip_destroy": false,
            "snap_start": [],
            "source_code_hash": "YkFXwmLkbdp7RpNa8kpGLVdI3WfCM3wHTfh7QC3OPdc=",
            "source_code_size": 6452,
            "tags": {},
            "tags_all": {
              "Environment": "dev",
              "ManagedBy": "Terraform",
              "Project": "CloudShop"
            },
            "timeout": 10,
            "timeouts": null,
            "tracing_config": [
              {
                "mode": "PassThrough"
              }
            ],
            "version": "$LATEST",
            "vpc_config": []
          },
          "sensitive_attributes": [],
          "identity_schema_version": 0,
          "private": "eyJlMmJmYjczMC1lY2FhLTExZTYtOGY4OC0zNDM2M2JjN2M0YzAiOnsiY3JlYXRlIjo2MDAwMDAwMDAwMDAsImRlbGV0ZSI6NjAwMDAwMDAwMDAwLCJ1cGRhdGUiOjYwMDAwMDAwMDAwMH19",
          "dependencies": [
            "module.dynamodb.aws_dynamodb_table.audit",
            "module.dynamodb.aws_dynamodb_table.carts",
            "module.dynamodb.aws_dynamodb_table.orders",
            "module.dynamodb.aws_dynamodb_table.products",
            "module.dynamodb.aws_dynamodb_table.stores",
            "module.iam.aws_iam_role.audit",
            "module.iam.aws_iam_role.carts",
            "module.iam.aws_iam_role.dashboard",
            "module.iam.aws_iam_role.notifications",
            "module.iam.aws_iam_role.orders",
            "module.iam.aws_iam_role.products",
            "module.iam.aws_iam_role.stores",
            "module.iam.aws_iam_role.users",
            "module.iam.data.aws_iam_policy_document.lambda_assume_role",
            "module.lambdas.aws_cloudwatch_log_group.this",
            "module.lambdas.data.archive_file.this"
          ],
          "create_before_destroy": true
        },
        {
          "index_key": "stores_create",
          "schema_version": 0,
          "attributes": {
            "architectures": [
              "x86_64"
            ],
            "arn": "arn:aws:lambda:us-east-1:511949652182:function:cloudshop-stores-create",
            "code_sha256": "z6NPUsPyYQsm4c+OA46ibt9NOPbxUglyc3fbQMpB7Jg=",
            "code_signing_config_arn": "",
            "dead_letter_config": [],
            "description": "",
            "environment": [
              {
                "variables": {
                  "STORES_TABLE_NAME": "cloudshop-stores"
                }
              }
            ],
            "ephemeral_storage": [
              {
                "size": 512
              }
            ],
            "file_system_config": [],
            "filename": "./.terraform-build/stores_create.zip",
            "function_name": "cloudshop-stores-create",
            "handler": "lambda_function.lambda_handler",
            "id": "cloudshop-stores-create",
            "image_config": [],
            "image_uri": "",
            "invoke_arn": "arn:aws:apigateway:us-east-1:lambda:path/2015-03-31/functions/arn:aws:lambda:us-east-1:511949652182:function:cloudshop-stores-create/invocations",
            "kms_key_arn": "",
            "last_modified": "2026-07-26T08:06:57.000+0000",
            "layers": [],
            "logging_config": [
              {
                "application_log_level": "",
                "log_format": "Text",
                "log_group": "/aws/lambda/cloudshop-stores-create",
                "system_log_level": ""
              }
            ],
            "memory_size": 128,
            "package_type": "Zip",
            "publish": false,
            "qualified_arn": "arn:aws:lambda:us-east-1:511949652182:function:cloudshop-stores-create:$LATEST",
            "qualified_invoke_arn": "arn:aws:apigateway:us-east-1:lambda:path/2015-03-31/functions/arn:aws:lambda:us-east-1:511949652182:function:cloudshop-stores-create:$LATEST/invocations",
            "replace_security_groups_on_destroy": null,
            "replacement_security_group_ids": null,
            "reserved_concurrent_executions": -1,
            "role": "arn:aws:iam::511949652182:role/cloudshop/cloudshop-lambda-stores",
            "runtime": "python3.12",
            "s3_bucket": null,
            "s3_key": null,
            "s3_object_version": null,
            "signing_job_arn": "",
            "signing_profile_version_arn": "",
            "skip_destroy": false,
            "snap_start": [],
            "source_code_hash": "z6NPUsPyYQsm4c+OA46ibt9NOPbxUglyc3fbQMpB7Jg=",
            "source_code_size": 5927,
            "tags": {},
            "tags_all": {
              "Environment": "dev",
              "ManagedBy": "Terraform",
              "Project": "CloudShop"
            },
            "timeout": 10,
            "timeouts": null,
            "tracing_config": [
              {
                "mode": "PassThrough"
              }
            ],
            "version": "$LATEST",
            "vpc_config": []
          },
          "sensitive_attributes": [],
          "identity_schema_version": 0,
          "private": "eyJlMmJmYjczMC1lY2FhLTExZTYtOGY4OC0zNDM2M2JjN2M0YzAiOnsiY3JlYXRlIjo2MDAwMDAwMDAwMDAsImRlbGV0ZSI6NjAwMDAwMDAwMDAwLCJ1cGRhdGUiOjYwMDAwMDAwMDAwMH19",
          "dependencies": [
            "module.dynamodb.aws_dynamodb_table.audit",
            "module.dynamodb.aws_dynamodb_table.carts",
            "module.dynamodb.aws_dynamodb_table.orders",
            "module.dynamodb.aws_dynamodb_table.products",
            "module.dynamodb.aws_dynamodb_table.stores",
            "module.iam.aws_iam_role.audit",
            "module.iam.aws_iam_role.carts",
            "module.iam.aws_iam_role.dashboard",
            "module.iam.aws_iam_role.notifications",
            "module.iam.aws_iam_role.orders",
            "module.iam.aws_iam_role.products",
            "module.iam.aws_iam_role.stores",
            "module.iam.aws_iam_role.users",
            "module.iam.data.aws_iam_policy_document.lambda_assume_role",
            "module.lambdas.aws_cloudwatch_log_group.this",
            "module.lambdas.data.archive_file.this"
          ],
          "create_before_destroy": true
        },
        {
          "index_key": "stores_delete",
          "schema_version": 0,
          "attributes": {
            "architectures": [
              "x86_64"
            ],
            "arn": "arn:aws:lambda:us-east-1:511949652182:function:cloudshop-stores-delete",
            "code_sha256": "8LxK5ux9AXxtWwGe49vLvp97nr/2T3dwokN/AkDsjUQ=",
            "code_signing_config_arn": "",
            "dead_letter_config": [],
            "description": "",
            "environment": [
              {
                "variables": {
                  "STORES_TABLE_NAME": "cloudshop-stores"
                }
              }
            ],
            "ephemeral_storage": [
              {
                "size": 512
              }
            ],
            "file_system_config": [],
            "filename": "./.terraform-build/stores_delete.zip",
            "function_name": "cloudshop-stores-delete",
            "handler": "lambda_function.lambda_handler",
            "id": "cloudshop-stores-delete",
            "image_config": [],
            "image_uri": "",
            "invoke_arn": "arn:aws:apigateway:us-east-1:lambda:path/2015-03-31/functions/arn:aws:lambda:us-east-1:511949652182:function:cloudshop-stores-delete/invocations",
            "kms_key_arn": "",
            "last_modified": "2026-07-26T08:06:39.000+0000",
            "layers": [],
            "logging_config": [
              {
                "application_log_level": "",
                "log_format": "Text",
                "log_group": "/aws/lambda/cloudshop-stores-delete",
                "system_log_level": ""
              }
            ],
            "memory_size": 128,
            "package_type": "Zip",
            "publish": false,
            "qualified_arn": "arn:aws:lambda:us-east-1:511949652182:function:cloudshop-stores-delete:$LATEST",
            "qualified_invoke_arn": "arn:aws:apigateway:us-east-1:lambda:path/2015-03-31/functions/arn:aws:lambda:us-east-1:511949652182:function:cloudshop-stores-delete:$LATEST/invocations",
            "replace_security_groups_on_destroy": null,
            "replacement_security_group_ids": null,
            "reserved_concurrent_executions": -1,
            "role": "arn:aws:iam::511949652182:role/cloudshop/cloudshop-lambda-stores",
            "runtime": "python3.12",
            "s3_bucket": null,
            "s3_key": null,
            "s3_object_version": null,
            "signing_job_arn": "",
            "signing_profile_version_arn": "",
            "skip_destroy": false,
            "snap_start": [],
            "source_code_hash": "8LxK5ux9AXxtWwGe49vLvp97nr/2T3dwokN/AkDsjUQ=",
            "source_code_size": 5630,
            "tags": {},
            "tags_all": {
              "Environment": "dev",
              "ManagedBy": "Terraform",
              "Project": "CloudShop"
            },
            "timeout": 10,
            "timeouts": null,
            "tracing_config": [
              {
                "mode": "PassThrough"
              }
            ],
            "version": "$LATEST",
            "vpc_config": []
          },
          "sensitive_attributes": [],
          "identity_schema_version": 0,
          "private": "eyJlMmJmYjczMC1lY2FhLTExZTYtOGY4OC0zNDM2M2JjN2M0YzAiOnsiY3JlYXRlIjo2MDAwMDAwMDAwMDAsImRlbGV0ZSI6NjAwMDAwMDAwMDAwLCJ1cGRhdGUiOjYwMDAwMDAwMDAwMH19",
          "dependencies": [
            "module.dynamodb.aws_dynamodb_table.audit",
            "module.dynamodb.aws_dynamodb_table.carts",
            "module.dynamodb.aws_dynamodb_table.orders",
            "module.dynamodb.aws_dynamodb_table.products",
            "module.dynamodb.aws_dynamodb_table.stores",
            "module.iam.aws_iam_role.audit",
            "module.iam.aws_iam_role.carts",
            "module.iam.aws_iam_role.dashboard",
            "module.iam.aws_iam_role.notifications",
            "module.iam.aws_iam_role.orders",
            "module.iam.aws_iam_role.products",
            "module.iam.aws_iam_role.stores",
            "module.iam.aws_iam_role.users",
            "module.iam.data.aws_iam_policy_document.lambda_assume_role",
            "module.lambdas.aws_cloudwatch_log_group.this",
            "module.lambdas.data.archive_file.this"
          ],
          "create_before_destroy": true
        },
        {
          "index_key": "stores_get",
          "schema_version": 0,
          "attributes": {
            "architectures": [
              "x86_64"
            ],
            "arn": "arn:aws:lambda:us-east-1:511949652182:function:cloudshop-stores-get",
            "code_sha256": "cj0UDVFYIrk/nHig7yJj96r+0Q7+Jl3aRH5GVNgswkc=",
            "code_signing_config_arn": "",
            "dead_letter_config": [],
            "description": "",
            "environment": [
              {
                "variables": {
                  "STORES_TABLE_NAME": "cloudshop-stores"
                }
              }
            ],
            "ephemeral_storage": [
              {
                "size": 512
              }
            ],
            "file_system_config": [],
            "filename": "./.terraform-build/stores_get.zip",
            "function_name": "cloudshop-stores-get",
            "handler": "lambda_function.lambda_handler",
            "id": "cloudshop-stores-get",
            "image_config": [],
            "image_uri": "",
            "invoke_arn": "arn:aws:apigateway:us-east-1:lambda:path/2015-03-31/functions/arn:aws:lambda:us-east-1:511949652182:function:cloudshop-stores-get/invocations",
            "kms_key_arn": "",
            "last_modified": "2026-07-26T08:06:14.000+0000",
            "layers": [],
            "logging_config": [
              {
                "application_log_level": "",
                "log_format": "Text",
                "log_group": "/aws/lambda/cloudshop-stores-get",
                "system_log_level": ""
              }
            ],
            "memory_size": 128,
            "package_type": "Zip",
            "publish": false,
            "qualified_arn": "arn:aws:lambda:us-east-1:511949652182:function:cloudshop-stores-get:$LATEST",
            "qualified_invoke_arn": "arn:aws:apigateway:us-east-1:lambda:path/2015-03-31/functions/arn:aws:lambda:us-east-1:511949652182:function:cloudshop-stores-get:$LATEST/invocations",
            "replace_security_groups_on_destroy": null,
            "replacement_security_group_ids": null,
            "reserved_concurrent_executions": -1,
            "role": "arn:aws:iam::511949652182:role/cloudshop/cloudshop-lambda-stores",
            "runtime": "python3.12",
            "s3_bucket": null,
            "s3_key": null,
            "s3_object_version": null,
            "signing_job_arn": "",
            "signing_profile_version_arn": "",
            "skip_destroy": false,
            "snap_start": [],
            "source_code_hash": "cj0UDVFYIrk/nHig7yJj96r+0Q7+Jl3aRH5GVNgswkc=",
            "source_code_size": 4768,
            "tags": {},
            "tags_all": {
              "Environment": "dev",
              "ManagedBy": "Terraform",
              "Project": "CloudShop"
            },
            "timeout": 10,
            "timeouts": null,
            "tracing_config": [
              {
                "mode": "PassThrough"
              }
            ],
            "version": "$LATEST",
            "vpc_config": []
          },
          "sensitive_attributes": [],
          "identity_schema_version": 0,
          "private": "eyJlMmJmYjczMC1lY2FhLTExZTYtOGY4OC0zNDM2M2JjN2M0YzAiOnsiY3JlYXRlIjo2MDAwMDAwMDAwMDAsImRlbGV0ZSI6NjAwMDAwMDAwMDAwLCJ1cGRhdGUiOjYwMDAwMDAwMDAwMH19",
          "dependencies": [
            "module.dynamodb.aws_dynamodb_table.audit",
            "module.dynamodb.aws_dynamodb_table.carts",
            "module.dynamodb.aws_dynamodb_table.orders",
            "module.dynamodb.aws_dynamodb_table.products",
            "module.dynamodb.aws_dynamodb_table.stores",
            "module.iam.aws_iam_role.audit",
            "module.iam.aws_iam_role.carts",
            "module.iam.aws_iam_role.dashboard",
            "module.iam.aws_iam_role.notifications",
            "module.iam.aws_iam_role.orders",
            "module.iam.aws_iam_role.products",
            "module.iam.aws_iam_role.stores",
            "module.iam.aws_iam_role.users",
            "module.iam.data.aws_iam_policy_document.lambda_assume_role",
            "module.lambdas.aws_cloudwatch_log_group.this",
            "module.lambdas.data.archive_file.this"
          ],
          "create_before_destroy": true
        },
        {
          "index_key": "stores_list",
          "schema_version": 0,
          "attributes": {
            "architectures": [
              "x86_64"
            ],
            "arn": "arn:aws:lambda:us-east-1:511949652182:function:cloudshop-stores-list",
            "code_sha256": "BPctHxx7hOqbYYLPgia/MDxdAr+Wv8ptctIDh6twqKo=",
            "code_signing_config_arn": "",
            "dead_letter_config": [],
            "description": "",
            "environment": [
              {
                "variables": {
                  "STORES_TABLE_NAME": "cloudshop-stores"
                }
              }
            ],
            "ephemeral_storage": [
              {
                "size": 512
              }
            ],
            "file_system_config": [],
            "filename": "./.terraform-build/stores_list.zip",
            "function_name": "cloudshop-stores-list",
            "handler": "lambda_function.lambda_handler",
            "id": "cloudshop-stores-list",
            "image_config": [],
            "image_uri": "",
            "invoke_arn": "arn:aws:apigateway:us-east-1:lambda:path/2015-03-31/functions/arn:aws:lambda:us-east-1:511949652182:function:cloudshop-stores-list/invocations",
            "kms_key_arn": "",
            "last_modified": "2026-07-26T08:04:49.000+0000",
            "layers": [],
            "logging_config": [
              {
                "application_log_level": "",
                "log_format": "Text",
                "log_group": "/aws/lambda/cloudshop-stores-list",
                "system_log_level": ""
              }
            ],
            "memory_size": 128,
            "package_type": "Zip",
            "publish": false,
            "qualified_arn": "arn:aws:lambda:us-east-1:511949652182:function:cloudshop-stores-list:$LATEST",
            "qualified_invoke_arn": "arn:aws:apigateway:us-east-1:lambda:path/2015-03-31/functions/arn:aws:lambda:us-east-1:511949652182:function:cloudshop-stores-list:$LATEST/invocations",
            "replace_security_groups_on_destroy": null,
            "replacement_security_group_ids": null,
            "reserved_concurrent_executions": -1,
            "role": "arn:aws:iam::511949652182:role/cloudshop/cloudshop-lambda-stores",
            "runtime": "python3.12",
            "s3_bucket": null,
            "s3_key": null,
            "s3_object_version": null,
            "signing_job_arn": "",
            "signing_profile_version_arn": "",
            "skip_destroy": false,
            "snap_start": [],
            "source_code_hash": "BPctHxx7hOqbYYLPgia/MDxdAr+Wv8ptctIDh6twqKo=",
            "source_code_size": 5706,
            "tags": {},
            "tags_all": {
              "Environment": "dev",
              "ManagedBy": "Terraform",
              "Project": "CloudShop"
            },
            "timeout": 10,
            "timeouts": null,
            "tracing_config": [
              {
                "mode": "PassThrough"
              }
            ],
            "version": "$LATEST",
            "vpc_config": []
          },
          "sensitive_attributes": [],
          "identity_schema_version": 0,
          "private": "eyJlMmJmYjczMC1lY2FhLTExZTYtOGY4OC0zNDM2M2JjN2M0YzAiOnsiY3JlYXRlIjo2MDAwMDAwMDAwMDAsImRlbGV0ZSI6NjAwMDAwMDAwMDAwLCJ1cGRhdGUiOjYwMDAwMDAwMDAwMH19",
          "dependencies": [
            "module.dynamodb.aws_dynamodb_table.audit",
            "module.dynamodb.aws_dynamodb_table.carts",
            "module.dynamodb.aws_dynamodb_table.orders",
            "module.dynamodb.aws_dynamodb_table.products",
            "module.dynamodb.aws_dynamodb_table.stores",
            "module.iam.aws_iam_role.audit",
            "module.iam.aws_iam_role.carts",
            "module.iam.aws_iam_role.dashboard",
            "module.iam.aws_iam_role.notifications",
            "module.iam.aws_iam_role.orders",
            "module.iam.aws_iam_role.products",
            "module.iam.aws_iam_role.stores",
            "module.iam.aws_iam_role.users",
            "module.iam.data.aws_iam_policy_document.lambda_assume_role",
            "module.lambdas.aws_cloudwatch_log_group.this",
            "module.lambdas.data.archive_file.this"
          ],
          "create_before_destroy": true
        },
        {
          "index_key": "stores_update",
          "schema_version": 0,
          "attributes": {
            "architectures": [
              "x86_64"
            ],
            "arn": "arn:aws:lambda:us-east-1:511949652182:function:cloudshop-stores-update",
            "code_sha256": "1T7ufG6OVcCb1DSX4WGoYCo93vHRj35mo/ZwL7dBVaE=",
            "code_signing_config_arn": "",
            "dead_letter_config": [],
            "description": "",
            "environment": [
              {
                "variables": {
                  "STORES_TABLE_NAME": "cloudshop-stores"
                }
              }
            ],
            "ephemeral_storage": [
              {
                "size": 512
              }
            ],
            "file_system_config": [],
            "filename": "./.terraform-build/stores_update.zip",
            "function_name": "cloudshop-stores-update",
            "handler": "lambda_function.lambda_handler",
            "id": "cloudshop-stores-update",
            "image_config": [],
            "image_uri": "",
            "invoke_arn": "arn:aws:apigateway:us-east-1:lambda:path/2015-03-31/functions/arn:aws:lambda:us-east-1:511949652182:function:cloudshop-stores-update/invocations",
            "kms_key_arn": "",
            "last_modified": "2026-07-26T08:05:01.000+0000",
            "layers": [],
            "logging_config": [
              {
                "application_log_level": "",
                "log_format": "Text",
                "log_group": "/aws/lambda/cloudshop-stores-update",
                "system_log_level": ""
              }
            ],
            "memory_size": 128,
            "package_type": "Zip",
            "publish": false,
            "qualified_arn": "arn:aws:lambda:us-east-1:511949652182:function:cloudshop-stores-update:$LATEST",
            "qualified_invoke_arn": "arn:aws:apigateway:us-east-1:lambda:path/2015-03-31/functions/arn:aws:lambda:us-east-1:511949652182:function:cloudshop-stores-update:$LATEST/invocations",
            "replace_security_groups_on_destroy": null,
            "replacement_security_group_ids": null,
            "reserved_concurrent_executions": -1,
            "role": "arn:aws:iam::511949652182:role/cloudshop/cloudshop-lambda-stores",
            "runtime": "python3.12",
            "s3_bucket": null,
            "s3_key": null,
            "s3_object_version": null,
            "signing_job_arn": "",
            "signing_profile_version_arn": "",
            "skip_destroy": false,
            "snap_start": [],
            "source_code_hash": "1T7ufG6OVcCb1DSX4WGoYCo93vHRj35mo/ZwL7dBVaE=",
            "source_code_size": 6812,
            "tags": {},
            "tags_all": {
              "Environment": "dev",
              "ManagedBy": "Terraform",
              "Project": "CloudShop"
            },
            "timeout": 10,
            "timeouts": null,
            "tracing_config": [
              {
                "mode": "PassThrough"
              }
            ],
            "version": "$LATEST",
            "vpc_config": []
          },
          "sensitive_attributes": [],
          "identity_schema_version": 0,
          "private": "eyJlMmJmYjczMC1lY2FhLTExZTYtOGY4OC0zNDM2M2JjN2M0YzAiOnsiY3JlYXRlIjo2MDAwMDAwMDAwMDAsImRlbGV0ZSI6NjAwMDAwMDAwMDAwLCJ1cGRhdGUiOjYwMDAwMDAwMDAwMH19",
          "dependencies": [
            "module.dynamodb.aws_dynamodb_table.audit",
            "module.dynamodb.aws_dynamodb_table.carts",
            "module.dynamodb.aws_dynamodb_table.orders",
            "module.dynamodb.aws_dynamodb_table.products",
            "module.dynamodb.aws_dynamodb_table.stores",
            "module.iam.aws_iam_role.audit",
            "module.iam.aws_iam_role.carts",
            "module.iam.aws_iam_role.dashboard",
            "module.iam.aws_iam_role.notifications",
            "module.iam.aws_iam_role.orders",
            "module.iam.aws_iam_role.products",
            "module.iam.aws_iam_role.stores",
            "module.iam.aws_iam_role.users",
            "module.iam.data.aws_iam_policy_document.lambda_assume_role",
            "module.lambdas.aws_cloudwatch_log_group.this",
            "module.lambdas.data.archive_file.this"
          ],
          "create_before_destroy": true
        },
        {
          "index_key": "users_delete",
          "schema_version": 0,
          "attributes": {
            "architectures": [
              "x86_64"
            ],
            "arn": "arn:aws:lambda:us-east-1:511949652182:function:cloudshop-users-delete",
            "code_sha256": "LOL/srU91eXFRtmKiBjx23I6g2LjZ0tTQaSFidfxaEM=",
            "code_signing_config_arn": "",
            "dead_letter_config": [],
            "description": "",
            "environment": [],
            "ephemeral_storage": [
              {
                "size": 512
              }
            ],
            "file_system_config": [],
            "filename": "./.terraform-build/users_delete.zip",
            "function_name": "cloudshop-users-delete",
            "handler": "handler.lambda_handler",
            "id": "cloudshop-users-delete",
            "image_config": [],
            "image_uri": "",
            "invoke_arn": "arn:aws:apigateway:us-east-1:lambda:path/2015-03-31/functions/arn:aws:lambda:us-east-1:511949652182:function:cloudshop-users-delete/invocations",
            "kms_key_arn": "",
            "last_modified": "2026-07-26T07:12:21.000+0000",
            "layers": [],
            "logging_config": [
              {
                "application_log_level": "",
                "log_format": "Text",
                "log_group": "/aws/lambda/cloudshop-users-delete",
                "system_log_level": ""
              }
            ],
            "memory_size": 128,
            "package_type": "Zip",
            "publish": false,
            "qualified_arn": "arn:aws:lambda:us-east-1:511949652182:function:cloudshop-users-delete:$LATEST",
            "qualified_invoke_arn": "arn:aws:apigateway:us-east-1:lambda:path/2015-03-31/functions/arn:aws:lambda:us-east-1:511949652182:function:cloudshop-users-delete:$LATEST/invocations",
            "replace_security_groups_on_destroy": null,
            "replacement_security_group_ids": null,
            "reserved_concurrent_executions": -1,
            "role": "arn:aws:iam::511949652182:role/cloudshop/cloudshop-lambda-users",
            "runtime": "python3.12",
            "s3_bucket": null,
            "s3_key": null,
            "s3_object_version": null,
            "signing_job_arn": "",
            "signing_profile_version_arn": "",
            "skip_destroy": false,
            "snap_start": [],
            "source_code_hash": "LOL/srU91eXFRtmKiBjx23I6g2LjZ0tTQaSFidfxaEM=",
            "source_code_size": 6031,
            "tags": {},
            "tags_all": {
              "Environment": "dev",
              "ManagedBy": "Terraform",
              "Project": "CloudShop"
            },
            "timeout": 10,
            "timeouts": null,
            "tracing_config": [
              {
                "mode": "PassThrough"
              }
            ],
            "version": "$LATEST",
            "vpc_config": []
          },
          "sensitive_attributes": [],
          "identity_schema_version": 0,
          "private": "eyJlMmJmYjczMC1lY2FhLTExZTYtOGY4OC0zNDM2M2JjN2M0YzAiOnsiY3JlYXRlIjo2MDAwMDAwMDAwMDAsImRlbGV0ZSI6NjAwMDAwMDAwMDAwLCJ1cGRhdGUiOjYwMDAwMDAwMDAwMH19",
          "dependencies": [
            "module.dynamodb.aws_dynamodb_table.audit",
            "module.dynamodb.aws_dynamodb_table.carts",
            "module.dynamodb.aws_dynamodb_table.orders",
            "module.dynamodb.aws_dynamodb_table.products",
            "module.dynamodb.aws_dynamodb_table.stores",
            "module.iam.aws_iam_role.audit",
            "module.iam.aws_iam_role.carts",
            "module.iam.aws_iam_role.dashboard",
            "module.iam.aws_iam_role.notifications",
            "module.iam.aws_iam_role.orders",
            "module.iam.aws_iam_role.products",
            "module.iam.aws_iam_role.stores",
            "module.iam.aws_iam_role.users",
            "module.iam.data.aws_iam_policy_document.lambda_assume_role",
            "module.lambdas.aws_cloudwatch_log_group.this",
            "module.lambdas.data.archive_file.this"
          ],
          "create_before_destroy": true
        },
        {
          "index_key": "users_list",
          "schema_version": 0,
          "attributes": {
            "architectures": [
              "x86_64"
            ],
            "arn": "arn:aws:lambda:us-east-1:511949652182:function:cloudshop-users-list",
            "code_sha256": "nwIiupqWVycIYhXby7UZWfrpsb4KVWR5uXHF9Z0S6Hs=",
            "code_signing_config_arn": "",
            "dead_letter_config": [],
            "description": "",
            "environment": [],
            "ephemeral_storage": [
              {
                "size": 512
              }
            ],
            "file_system_config": [],
            "filename": "./.terraform-build/users_list.zip",
            "function_name": "cloudshop-users-list",
            "handler": "handler.lambda_handler",
            "id": "cloudshop-users-list",
            "image_config": [],
            "image_uri": "",
            "invoke_arn": "arn:aws:apigateway:us-east-1:lambda:path/2015-03-31/functions/arn:aws:lambda:us-east-1:511949652182:function:cloudshop-users-list/invocations",
            "kms_key_arn": "",
            "last_modified": "2026-07-26T06:52:14.593+0000",
            "layers": [],
            "logging_config": [
              {
                "application_log_level": "",
                "log_format": "Text",
                "log_group": "/aws/lambda/cloudshop-users-list",
                "system_log_level": ""
              }
            ],
            "memory_size": 128,
            "package_type": "Zip",
            "publish": false,
            "qualified_arn": "arn:aws:lambda:us-east-1:511949652182:function:cloudshop-users-list:$LATEST",
            "qualified_invoke_arn": "arn:aws:apigateway:us-east-1:lambda:path/2015-03-31/functions/arn:aws:lambda:us-east-1:511949652182:function:cloudshop-users-list:$LATEST/invocations",
            "replace_security_groups_on_destroy": null,
            "replacement_security_group_ids": null,
            "reserved_concurrent_executions": -1,
            "role": "arn:aws:iam::511949652182:role/cloudshop/cloudshop-lambda-users",
            "runtime": "python3.12",
            "s3_bucket": null,
            "s3_key": null,
            "s3_object_version": null,
            "signing_job_arn": "",
            "signing_profile_version_arn": "",
            "skip_destroy": false,
            "snap_start": [],
            "source_code_hash": "nwIiupqWVycIYhXby7UZWfrpsb4KVWR5uXHF9Z0S6Hs=",
            "source_code_size": 4665,
            "tags": {},
            "tags_all": {
              "Environment": "dev",
              "ManagedBy": "Terraform",
              "Project": "CloudShop"
            },
            "timeout": 10,
            "timeouts": null,
            "tracing_config": [
              {
                "mode": "PassThrough"
              }
            ],
            "version": "$LATEST",
            "vpc_config": []
          },
          "sensitive_attributes": [],
          "identity_schema_version": 0,
          "private": "eyJlMmJmYjczMC1lY2FhLTExZTYtOGY4OC0zNDM2M2JjN2M0YzAiOnsiY3JlYXRlIjo2MDAwMDAwMDAwMDAsImRlbGV0ZSI6NjAwMDAwMDAwMDAwLCJ1cGRhdGUiOjYwMDAwMDAwMDAwMH19",
          "dependencies": [
            "module.dynamodb.aws_dynamodb_table.audit",
            "module.dynamodb.aws_dynamodb_table.carts",
            "module.dynamodb.aws_dynamodb_table.orders",
            "module.dynamodb.aws_dynamodb_table.products",
            "module.dynamodb.aws_dynamodb_table.stores",
            "module.iam.aws_iam_role.audit",
            "module.iam.aws_iam_role.carts",
            "module.iam.aws_iam_role.dashboard",
            "module.iam.aws_iam_role.notifications",
            "module.iam.aws_iam_role.orders",
            "module.iam.aws_iam_role.products",
            "module.iam.aws_iam_role.stores",
            "module.iam.aws_iam_role.users",
            "module.iam.data.aws_iam_policy_document.lambda_assume_role",
            "module.lambdas.aws_cloudwatch_log_group.this",
            "module.lambdas.data.archive_file.this"
          ],
          "create_before_destroy": true
        },
        {
          "index_key": "users_register",
          "schema_version": 0,
          "attributes": {
            "architectures": [
              "x86_64"
            ],
            "arn": "arn:aws:lambda:us-east-1:511949652182:function:cloudshop-users-register",
            "code_sha256": "4TIvEuefYsHdpPbGe93drHD6uF/KJxRb2/3Li7dUK9U=",
            "code_signing_config_arn": "",
            "dead_letter_config": [],
            "description": "",
            "environment": [],
            "ephemeral_storage": [
              {
                "size": 512
              }
            ],
            "file_system_config": [],
            "filename": "./.terraform-build/users_register.zip",
            "function_name": "cloudshop-users-register",
            "handler": "handler.lambda_handler",
            "id": "cloudshop-users-register",
            "image_config": [],
            "image_uri": "",
            "invoke_arn": "arn:aws:apigateway:us-east-1:lambda:path/2015-03-31/functions/arn:aws:lambda:us-east-1:511949652182:function:cloudshop-users-register/invocations",
            "kms_key_arn": "",
            "last_modified": "2026-07-26T07:17:48.000+0000",
            "layers": [],
            "logging_config": [
              {
                "application_log_level": "",
                "log_format": "Text",
                "log_group": "/aws/lambda/cloudshop-users-register",
                "system_log_level": ""
              }
            ],
            "memory_size": 128,
            "package_type": "Zip",
            "publish": false,
            "qualified_arn": "arn:aws:lambda:us-east-1:511949652182:function:cloudshop-users-register:$LATEST",
            "qualified_invoke_arn": "arn:aws:apigateway:us-east-1:lambda:path/2015-03-31/functions/arn:aws:lambda:us-east-1:511949652182:function:cloudshop-users-register:$LATEST/invocations",
            "replace_security_groups_on_destroy": null,
            "replacement_security_group_ids": null,
            "reserved_concurrent_executions": -1,
            "role": "arn:aws:iam::511949652182:role/cloudshop/cloudshop-lambda-users",
            "runtime": "python3.12",
            "s3_bucket": null,
            "s3_key": null,
            "s3_object_version": null,
            "signing_job_arn": "",
            "signing_profile_version_arn": "",
            "skip_destroy": false,
            "snap_start": [],
            "source_code_hash": "4TIvEuefYsHdpPbGe93drHD6uF/KJxRb2/3Li7dUK9U=",
            "source_code_size": 7343,
            "tags": {},
            "tags_all": {
              "Environment": "dev",
              "ManagedBy": "Terraform",
              "Project": "CloudShop"
            },
            "timeout": 10,
            "timeouts": null,
            "tracing_config": [
              {
                "mode": "PassThrough"
              }
            ],
            "version": "$LATEST",
            "vpc_config": []
          },
          "sensitive_attributes": [],
          "identity_schema_version": 0,
          "private": "eyJlMmJmYjczMC1lY2FhLTExZTYtOGY4OC0zNDM2M2JjN2M0YzAiOnsiY3JlYXRlIjo2MDAwMDAwMDAwMDAsImRlbGV0ZSI6NjAwMDAwMDAwMDAwLCJ1cGRhdGUiOjYwMDAwMDAwMDAwMH19",
          "dependencies": [
            "module.dynamodb.aws_dynamodb_table.audit",
            "module.dynamodb.aws_dynamodb_table.carts",
            "module.dynamodb.aws_dynamodb_table.orders",
            "module.dynamodb.aws_dynamodb_table.products",
            "module.dynamodb.aws_dynamodb_table.stores",
            "module.iam.aws_iam_role.audit",
            "module.iam.aws_iam_role.carts",
            "module.iam.aws_iam_role.dashboard",
            "module.iam.aws_iam_role.notifications",
            "module.iam.aws_iam_role.orders",
            "module.iam.aws_iam_role.products",
            "module.iam.aws_iam_role.stores",
            "module.iam.aws_iam_role.users",
            "module.iam.data.aws_iam_policy_document.lambda_assume_role",
            "module.lambdas.aws_cloudwatch_log_group.this",
            "module.lambdas.data.archive_file.this"
          ],
          "create_before_destroy": true
        },
        {
          "index_key": "users_update",
          "schema_version": 0,
          "attributes": {
            "architectures": [
              "x86_64"
            ],
            "arn": "arn:aws:lambda:us-east-1:511949652182:function:cloudshop-users-update",
            "code_sha256": "L3yL0e2RuzgN5vOtt+LMNtRF4jBhohl6layPydKLK4E=",
            "code_signing_config_arn": "",
            "dead_letter_config": [],
            "description": "",
            "environment": [],
            "ephemeral_storage": [
              {
                "size": 512
              }
            ],
            "file_system_config": [],
            "filename": "./.terraform-build/users_update.zip",
            "function_name": "cloudshop-users-update",
            "handler": "handler.lambda_handler",
            "id": "cloudshop-users-update",
            "image_config": [],
            "image_uri": "",
            "invoke_arn": "arn:aws:apigateway:us-east-1:lambda:path/2015-03-31/functions/arn:aws:lambda:us-east-1:511949652182:function:cloudshop-users-update/invocations",
            "kms_key_arn": "",
            "last_modified": "2026-07-26T07:12:27.000+0000",
            "layers": [],
            "logging_config": [
              {
                "application_log_level": "",
                "log_format": "Text",
                "log_group": "/aws/lambda/cloudshop-users-update",
                "system_log_level": ""
              }
            ],
            "memory_size": 128,
            "package_type": "Zip",
            "publish": false,
            "qualified_arn": "arn:aws:lambda:us-east-1:511949652182:function:cloudshop-users-update:$LATEST",
            "qualified_invoke_arn": "arn:aws:apigateway:us-east-1:lambda:path/2015-03-31/functions/arn:aws:lambda:us-east-1:511949652182:function:cloudshop-users-update:$LATEST/invocations",
            "replace_security_groups_on_destroy": null,
            "replacement_security_group_ids": null,
            "reserved_concurrent_executions": -1,
            "role": "arn:aws:iam::511949652182:role/cloudshop/cloudshop-lambda-users",
            "runtime": "python3.12",
            "s3_bucket": null,
            "s3_key": null,
            "s3_object_version": null,
            "signing_job_arn": "",
            "signing_profile_version_arn": "",
            "skip_destroy": false,
            "snap_start": [],
            "source_code_hash": "L3yL0e2RuzgN5vOtt+LMNtRF4jBhohl6layPydKLK4E=",
            "source_code_size": 7180,
            "tags": {},
            "tags_all": {
              "Environment": "dev",
              "ManagedBy": "Terraform",
              "Project": "CloudShop"
            },
            "timeout": 10,
            "timeouts": null,
            "tracing_config": [
              {
                "mode": "PassThrough"
              }
            ],
            "version": "$LATEST",
            "vpc_config": []
          },
          "sensitive_attributes": [],
          "identity_schema_version": 0,
          "private": "eyJlMmJmYjczMC1lY2FhLTExZTYtOGY4OC0zNDM2M2JjN2M0YzAiOnsiY3JlYXRlIjo2MDAwMDAwMDAwMDAsImRlbGV0ZSI6NjAwMDAwMDAwMDAwLCJ1cGRhdGUiOjYwMDAwMDAwMDAwMH19",
          "dependencies": [
            "module.dynamodb.aws_dynamodb_table.audit",
            "module.dynamodb.aws_dynamodb_table.carts",
            "module.dynamodb.aws_dynamodb_table.orders",
            "module.dynamodb.aws_dynamodb_table.products",
            "module.dynamodb.aws_dynamodb_table.stores",
            "module.iam.aws_iam_role.audit",
            "module.iam.aws_iam_role.carts",
            "module.iam.aws_iam_role.dashboard",
            "module.iam.aws_iam_role.notifications",
            "module.iam.aws_iam_role.orders",
            "module.iam.aws_iam_role.products",
            "module.iam.aws_iam_role.stores",
            "module.iam.aws_iam_role.users",
            "module.iam.data.aws_iam_policy_document.lambda_assume_role",
            "module.lambdas.aws_cloudwatch_log_group.this",
            "module.lambdas.data.archive_file.this"
          ],
          "create_before_destroy": true
        }
      ]
    },
    {
      "module": "module.s3",
      "mode": "managed",
      "type": "aws_s3_bucket",
      "name": "frontend",
      "provider": "provider[\"registry.terraform.io/hashicorp/aws\"]",
      "instances": [
        {
          "schema_version": 0,
          "attributes": {
            "acceleration_status": "",
            "acl": null,
            "arn": "arn:aws:s3:::cloudshop-frontend-n9elxo",
            "bucket": "cloudshop-frontend-n9elxo",
            "bucket_domain_name": "cloudshop-frontend-n9elxo.s3.amazonaws.com",
            "bucket_prefix": "",
            "bucket_regional_domain_name": "cloudshop-frontend-n9elxo.s3.us-east-1.amazonaws.com",
            "cors_rule": [],
            "force_destroy": false,
            "grant": [
              {
                "id": "a27fe4c7c7ae55949d330995ec4f683c710558fb063100417490728cf449bb0f",
                "permissions": [
                  "FULL_CONTROL"
                ],
                "type": "CanonicalUser",
                "uri": ""
              }
            ],
            "hosted_zone_id": "Z3AQBSTGFYJSTF",
            "id": "cloudshop-frontend-n9elxo",
            "lifecycle_rule": [],
            "logging": [],
            "object_lock_configuration": [],
            "object_lock_enabled": false,
            "policy": "{\"Statement\":[{\"Action\":\"s3:GetObject\",\"Condition\":{\"StringEquals\":{\"AWS:SourceArn\":\"arn:aws:cloudfront::511949652182:distribution/ED9XRPMENJK2Z\"}},\"Effect\":\"Allow\",\"Principal\":{\"Service\":\"cloudfront.amazonaws.com\"},\"Resource\":\"arn:aws:s3:::cloudshop-frontend-n9elxo/*\",\"Sid\":\"AllowCloudFrontServicePrincipalReadOnly\"}],\"Version\":\"2012-10-17\"}",
            "region": "us-east-1",
            "replication_configuration": [],
            "request_payer": "BucketOwner",
            "server_side_encryption_configuration": [
              {
                "rule": [
                  {
                    "apply_server_side_encryption_by_default": [
                      {
                        "kms_master_key_id": "",
                        "sse_algorithm": "AES256"
                      }
                    ],
                    "bucket_key_enabled": false
                  }
                ]
              }
            ],
            "tags": {},
            "tags_all": {
              "Environment": "dev",
              "ManagedBy": "Terraform",
              "Project": "CloudShop"
            },
            "timeouts": null,
            "versioning": [
              {
                "enabled": true,
                "mfa_delete": false
              }
            ],
            "website": [],
            "website_domain": null,
            "website_endpoint": null
          },
          "sensitive_attributes": [],
          "identity_schema_version": 0,
          "private": "eyJlMmJmYjczMC1lY2FhLTExZTYtOGY4OC0zNDM2M2JjN2M0YzAiOnsiY3JlYXRlIjoxMjAwMDAwMDAwMDAwLCJkZWxldGUiOjM2MDAwMDAwMDAwMDAsInJlYWQiOjEyMDAwMDAwMDAwMDAsInVwZGF0ZSI6MTIwMDAwMDAwMDAwMH19",
          "dependencies": [
            "module.s3.random_string.suffix"
          ]
        }
      ]
    },
    {
      "module": "module.s3",
      "mode": "managed",
      "type": "aws_s3_bucket_public_access_block",
      "name": "frontend",
      "provider": "provider[\"registry.terraform.io/hashicorp/aws\"]",
      "instances": [
        {
          "schema_version": 0,
          "attributes": {
            "block_public_acls": true,
            "block_public_policy": true,
            "bucket": "cloudshop-frontend-n9elxo",
            "id": "cloudshop-frontend-n9elxo",
            "ignore_public_acls": true,
            "restrict_public_buckets": true
          },
          "sensitive_attributes": [],
          "identity_schema_version": 0,
          "private": "bnVsbA==",
          "dependencies": [
            "module.s3.aws_s3_bucket.frontend",
            "module.s3.random_string.suffix"
          ]
        }
      ]
    },
    {
      "module": "module.s3",
      "mode": "managed",
      "type": "aws_s3_bucket_server_side_encryption_configuration",
      "name": "frontend",
      "provider": "provider[\"registry.terraform.io/hashicorp/aws\"]",
      "instances": [
        {
          "schema_version": 0,
          "attributes": {
            "bucket": "cloudshop-frontend-n9elxo",
            "expected_bucket_owner": "",
            "id": "cloudshop-frontend-n9elxo",
            "rule": [
              {
                "apply_server_side_encryption_by_default": [
                  {
                    "kms_master_key_id": "",
                    "sse_algorithm": "AES256"
                  }
                ],
                "bucket_key_enabled": false
              }
            ]
          },
          "sensitive_attributes": [],
          "identity_schema_version": 0,
          "private": "bnVsbA==",
          "dependencies": [
            "module.s3.aws_s3_bucket.frontend",
            "module.s3.random_string.suffix"
          ]
        }
      ]
    },
    {
      "module": "module.s3",
      "mode": "managed",
      "type": "aws_s3_bucket_versioning",
      "name": "frontend",
      "provider": "provider[\"registry.terraform.io/hashicorp/aws\"]",
      "instances": [
        {
          "schema_version": 0,
          "attributes": {
            "bucket": "cloudshop-frontend-n9elxo",
            "expected_bucket_owner": "",
            "id": "cloudshop-frontend-n9elxo",
            "mfa": null,
            "versioning_configuration": [
              {
                "mfa_delete": "",
                "status": "Enabled"
              }
            ]
          },
          "sensitive_attributes": [],
          "identity_schema_version": 0,
          "private": "bnVsbA==",
          "dependencies": [
            "module.s3.aws_s3_bucket.frontend",
            "module.s3.random_string.suffix"
          ]
        }
      ]
    },
    {
      "module": "module.s3",
      "mode": "managed",
      "type": "random_string",
      "name": "suffix",
      "provider": "provider[\"registry.terraform.io/hashicorp/random\"]",
      "instances": [
        {
          "schema_version": 2,
          "attributes": {
            "id": "n9elxo",
            "keepers": null,
            "length": 6,
            "lower": true,
            "min_lower": 0,
            "min_numeric": 0,
            "min_special": 0,
            "min_upper": 0,
            "number": true,
            "numeric": true,
            "override_special": null,
            "result": "n9elxo",
            "special": false,
            "upper": false
          },
          "sensitive_attributes": [],
          "identity_schema_version": 0
        }
      ]
    },
    {
      "module": "module.ses",
      "mode": "managed",
      "type": "aws_ses_email_identity",
      "name": "source",
      "provider": "provider[\"registry.terraform.io/hashicorp/aws\"]",
      "instances": [
        {
          "schema_version": 0,
          "attributes": {
            "arn": "arn:aws:ses:us-east-1:511949652182:identity/20245387+cloudshop@esen.edu.sv",
            "email": "20245387+cloudshop@esen.edu.sv",
            "id": "20245387+cloudshop@esen.edu.sv"
          },
          "sensitive_attributes": [],
          "identity_schema_version": 0,
          "private": "bnVsbA=="
        }
      ]
    },
    {
      "module": "module.ses",
      "mode": "managed",
      "type": "aws_ses_template",
      "name": "order",
      "provider": "provider[\"registry.terraform.io/hashicorp/aws\"]",
      "instances": [
        {
          "schema_version": 0,
          "attributes": {
            "arn": "arn:aws:ses:us-east-1:511949652182:template/cloudshop-order-template",
            "html": "\u003chtml\u003e\r\n  \u003cbody\u003e\r\n    \u003ch2\u003eConfirmación de pedido\u003c/h2\u003e\r\n    \u003cp\u003ePedido: \u003cstrong\u003e{{order_id}}\u003c/strong\u003e\u003c/p\u003e\r\n    \u003cp\u003eCliente: {{customer_id}}\u003c/p\u003e\r\n    \u003cp\u003eEstado: {{status}}\u003c/p\u003e\r\n    \u003cul\u003e\r\n      {{#each items}}\r\n      \u003cli\u003e{{this.product_id}} x{{this.quantity}} - ${{this.price}}\u003c/li\u003e\r\n      {{/each}}\r\n    \u003c/ul\u003e\r\n    \u003cp\u003eTotal: ${{total}}\u003c/p\u003e\r\n  \u003c/body\u003e\r\n\u003c/html\u003e\r\n",
            "id": "cloudshop-order-template",
            "name": "cloudshop-order-template",
            "subject": "CloudShop - Pedido {{order_id}}",
            "text": "Confirmación de pedido {{order_id}}\r\nCliente: {{customer_id}}\r\nEstado: {{status}}\r\nTotal: ${{total}}\r\n"
          },
          "sensitive_attributes": [],
          "identity_schema_version": 0,
          "private": "bnVsbA=="
        }
      ]
    },
    {
      "module": "module.ses",
      "mode": "managed",
      "type": "aws_ssm_parameter",
      "name": "cognito_user_pool_id",
      "provider": "provider[\"registry.terraform.io/hashicorp/aws\"]",
      "instances": [
        {
          "schema_version": 0,
          "attributes": {
            "allowed_pattern": "",
            "arn": "arn:aws:ssm:us-east-1:511949652182:parameter/app/cognito/user-pool-id",
            "data_type": "text",
            "description": "",
            "has_value_wo": null,
            "id": "/app/cognito/user-pool-id",
            "insecure_value": null,
            "key_id": "",
            "name": "/app/cognito/user-pool-id",
            "overwrite": null,
            "tags": {},
            "tags_all": {
              "Environment": "dev",
              "ManagedBy": "Terraform",
              "Project": "CloudShop"
            },
            "tier": "Standard",
            "type": "String",
            "value": "us-east-1_q1p8VOvHv",
            "value_wo": null,
            "value_wo_version": null,
            "version": 1
          },
          "sensitive_attributes": [
            [
              {
                "type": "get_attr",
                "value": "value"
              }
            ],
            [
              {
                "type": "get_attr",
                "value": "value_wo"
              }
            ]
          ],
          "identity_schema_version": 0,
          "private": "bnVsbA==",
          "dependencies": [
            "module.cognito.aws_cognito_user_pool.users"
          ]
        }
      ]
    },
    {
      "module": "module.ses",
      "mode": "managed",
      "type": "aws_ssm_parameter",
      "name": "ses_source_email",
      "provider": "provider[\"registry.terraform.io/hashicorp/aws\"]",
      "instances": [
        {
          "schema_version": 0,
          "attributes": {
            "allowed_pattern": "",
            "arn": "arn:aws:ssm:us-east-1:511949652182:parameter/app/ses/source-email",
            "data_type": "text",
            "description": "",
            "has_value_wo": null,
            "id": "/app/ses/source-email",
            "insecure_value": null,
            "key_id": "",
            "name": "/app/ses/source-email",
            "overwrite": null,
            "tags": {},
            "tags_all": {
              "Environment": "dev",
              "ManagedBy": "Terraform",
              "Project": "CloudShop"
            },
            "tier": "Standard",
            "type": "String",
            "value": "20245387+cloudshop@esen.edu.sv",
            "value_wo": null,
            "value_wo_version": null,
            "version": 1
          },
          "sensitive_attributes": [
            [
              {
                "type": "get_attr",
                "value": "value"
              }
            ],
            [
              {
                "type": "get_attr",
                "value": "value_wo"
              }
            ]
          ],
          "identity_schema_version": 0,
          "private": "bnVsbA=="
        }
      ]
    },
    {
      "module": "module.ses",
      "mode": "managed",
      "type": "aws_ssm_parameter",
      "name": "ses_template_name",
      "provider": "provider[\"registry.terraform.io/hashicorp/aws\"]",
      "instances": [
        {
          "schema_version": 0,
          "attributes": {
            "allowed_pattern": "",
            "arn": "arn:aws:ssm:us-east-1:511949652182:parameter/app/ses/order-template-name",
            "data_type": "text",
            "description": "",
            "has_value_wo": null,
            "id": "/app/ses/order-template-name",
            "insecure_value": null,
            "key_id": "",
            "name": "/app/ses/order-template-name",
            "overwrite": null,
            "tags": {},
            "tags_all": {
              "Environment": "dev",
              "ManagedBy": "Terraform",
              "Project": "CloudShop"
            },
            "tier": "Standard",
            "type": "String",
            "value": "cloudshop-order-template",
            "value_wo": null,
            "value_wo_version": null,
            "version": 1
          },
          "sensitive_attributes": [
            [
              {
                "type": "get_attr",
                "value": "value"
              }
            ],
            [
              {
                "type": "get_attr",
                "value": "value_wo"
              }
            ]
          ],
          "identity_schema_version": 0,
          "private": "bnVsbA==",
          "dependencies": [
            "module.ses.aws_ses_template.order"
          ]
        }
      ]
    },
    {
      "module": "module.waf",
      "mode": "managed",
      "type": "aws_wafv2_web_acl",
      "name": "api",
      "provider": "provider[\"registry.terraform.io/hashicorp/aws\"]",
      "instances": [
        {
          "schema_version": 0,
          "attributes": {
            "application_integration_url": "",
            "arn": "arn:aws:wafv2:us-east-1:511949652182:regional/webacl/cloudshop-api-waf/b77c93d5-46a1-4b10-88b7-14e60a07f31d",
            "association_config": [],
            "capacity": 902,
            "captcha_config": [],
            "challenge_config": [],
            "custom_response_body": [],
            "data_protection_config": [],
            "default_action": [
              {
                "allow": [
                  {
                    "custom_request_handling": []
                  }
                ],
                "block": []
              }
            ],
            "description": "",
            "id": "b77c93d5-46a1-4b10-88b7-14e60a07f31d",
            "lock_token": "42f32dcf-c603-4661-8320-2253957ba767",
            "name": "cloudshop-api-waf",
            "name_prefix": "",
            "rule": [
              {
                "action": [
                  {
                    "allow": [],
                    "block": [
                      {
                        "custom_response": []
                      }
                    ],
                    "captcha": [],
                    "challenge": [],
                    "count": []
                  }
                ],
                "captcha_config": [],
                "challenge_config": [],
                "name": "RateLimit",
                "override_action": [],
                "priority": 3,
                "rule_label": [],
                "statement": [
                  {
                    "and_statement": [],
                    "asn_match_statement": [],
                    "byte_match_statement": [],
                    "geo_match_statement": [],
                    "ip_set_reference_statement": [],
                    "label_match_statement": [],
                    "managed_rule_group_statement": [],
                    "not_statement": [],
                    "or_statement": [],
                    "rate_based_statement": [
                      {
                        "aggregate_key_type": "IP",
                        "custom_key": [],
                        "evaluation_window_sec": 300,
                        "forwarded_ip_config": [],
                        "limit": 2000,
                        "scope_down_statement": []
                      }
                    ],
                    "regex_match_statement": [],
                    "regex_pattern_set_reference_statement": [],
                    "rule_group_reference_statement": [],
                    "size_constraint_statement": [],
                    "sqli_match_statement": [],
                    "xss_match_statement": []
                  }
                ],
                "visibility_config": [
                  {
                    "cloudwatch_metrics_enabled": true,
                    "metric_name": "cloudshop-api-ratelimit",
                    "sampled_requests_enabled": true
                  }
                ]
              },
              {
                "action": [],
                "captcha_config": [],
                "challenge_config": [],
                "name": "AWSManagedRulesCommonRuleSet",
                "override_action": [
                  {
                    "count": [],
                    "none": [
                      {}
                    ]
                  }
                ],
                "priority": 1,
                "rule_label": [],
                "statement": [
                  {
                    "and_statement": [],
                    "asn_match_statement": [],
                    "byte_match_statement": [],
                    "geo_match_statement": [],
                    "ip_set_reference_statement": [],
                    "label_match_statement": [],
                    "managed_rule_group_statement": [
                      {
                        "managed_rule_group_configs": [],
                        "name": "AWSManagedRulesCommonRuleSet",
                        "rule_action_override": [],
                        "scope_down_statement": [],
                        "vendor_name": "AWS",
                        "version": ""
                      }
                    ],
                    "not_statement": [],
                    "or_statement": [],
                    "rate_based_statement": [],
                    "regex_match_statement": [],
                    "regex_pattern_set_reference_statement": [],
                    "rule_group_reference_statement": [],
                    "size_constraint_statement": [],
                    "sqli_match_statement": [],
                    "xss_match_statement": []
                  }
                ],
                "visibility_config": [
                  {
                    "cloudwatch_metrics_enabled": true,
                    "metric_name": "cloudshop-api-common",
                    "sampled_requests_enabled": true
                  }
                ]
              },
              {
                "action": [],
                "captcha_config": [],
                "challenge_config": [],
                "name": "AWSManagedRulesKnownBadInputsRuleSet",
                "override_action": [
                  {
                    "count": [],
                    "none": [
                      {}
                    ]
                  }
                ],
                "priority": 2,
                "rule_label": [],
                "statement": [
                  {
                    "and_statement": [],
                    "asn_match_statement": [],
                    "byte_match_statement": [],
                    "geo_match_statement": [],
                    "ip_set_reference_statement": [],
                    "label_match_statement": [],
                    "managed_rule_group_statement": [
                      {
                        "managed_rule_group_configs": [],
                        "name": "AWSManagedRulesKnownBadInputsRuleSet",
                        "rule_action_override": [],
                        "scope_down_statement": [],
                        "vendor_name": "AWS",
                        "version": ""
                      }
                    ],
                    "not_statement": [],
                    "or_statement": [],
                    "rate_based_statement": [],
                    "regex_match_statement": [],
                    "regex_pattern_set_reference_statement": [],
                    "rule_group_reference_statement": [],
                    "size_constraint_statement": [],
                    "sqli_match_statement": [],
                    "xss_match_statement": []
                  }
                ],
                "visibility_config": [
                  {
                    "cloudwatch_metrics_enabled": true,
                    "metric_name": "cloudshop-api-badinputs",
                    "sampled_requests_enabled": true
                  }
                ]
              }
            ],
            "rule_json": null,
            "scope": "REGIONAL",
            "tags": {},
            "tags_all": {
              "Environment": "dev",
              "ManagedBy": "Terraform",
              "Project": "CloudShop"
            },
            "token_domains": [],
            "visibility_config": [
              {
                "cloudwatch_metrics_enabled": true,
                "metric_name": "cloudshop-api-waf",
                "sampled_requests_enabled": true
              }
            ]
          },
          "sensitive_attributes": [],
          "identity_schema_version": 0,
          "private": "bnVsbA=="
        }
      ]
    },
    {
      "module": "module.waf",
      "mode": "managed",
      "type": "aws_wafv2_web_acl",
      "name": "cdn",
      "provider": "provider[\"registry.terraform.io/hashicorp/aws\"]",
      "instances": [
        {
          "schema_version": 0,
          "attributes": {
            "application_integration_url": "",
            "arn": "arn:aws:wafv2:us-east-1:511949652182:global/webacl/cloudshop-cdn-waf/fc89cd1a-9bda-476a-8f34-57e7eba1bf62",
            "association_config": [],
            "capacity": 902,
            "captcha_config": [],
            "challenge_config": [],
            "custom_response_body": [],
            "data_protection_config": [],
            "default_action": [
              {
                "allow": [
                  {
                    "custom_request_handling": []
                  }
                ],
                "block": []
              }
            ],
            "description": "",
            "id": "fc89cd1a-9bda-476a-8f34-57e7eba1bf62",
            "lock_token": "370f3c06-0493-40bf-900d-be3df41609d1",
            "name": "cloudshop-cdn-waf",
            "name_prefix": "",
            "rule": [
              {
                "action": [
                  {
                    "allow": [],
                    "block": [
                      {
                        "custom_response": []
                      }
                    ],
                    "captcha": [],
                    "challenge": [],
                    "count": []
                  }
                ],
                "captcha_config": [],
                "challenge_config": [],
                "name": "RateLimit",
                "override_action": [],
                "priority": 3,
                "rule_label": [],
                "statement": [
                  {
                    "and_statement": [],
                    "asn_match_statement": [],
                    "byte_match_statement": [],
                    "geo_match_statement": [],
                    "ip_set_reference_statement": [],
                    "label_match_statement": [],
                    "managed_rule_group_statement": [],
                    "not_statement": [],
                    "or_statement": [],
                    "rate_based_statement": [
                      {
                        "aggregate_key_type": "IP",
                        "custom_key": [],
                        "evaluation_window_sec": 300,
                        "forwarded_ip_config": [],
                        "limit": 2000,
                        "scope_down_statement": []
                      }
                    ],
                    "regex_match_statement": [],
                    "regex_pattern_set_reference_statement": [],
                    "rule_group_reference_statement": [],
                    "size_constraint_statement": [],
                    "sqli_match_statement": [],
                    "xss_match_statement": []
                  }
                ],
                "visibility_config": [
                  {
                    "cloudwatch_metrics_enabled": true,
                    "metric_name": "cloudshop-cdn-ratelimit",
                    "sampled_requests_enabled": true
                  }
                ]
              },
              {
                "action": [],
                "captcha_config": [],
                "challenge_config": [],
                "name": "AWSManagedRulesCommonRuleSet",
                "override_action": [
                  {
                    "count": [],
                    "none": [
                      {}
                    ]
                  }
                ],
                "priority": 1,
                "rule_label": [],
                "statement": [
                  {
                    "and_statement": [],
                    "asn_match_statement": [],
                    "byte_match_statement": [],
                    "geo_match_statement": [],
                    "ip_set_reference_statement": [],
                    "label_match_statement": [],
                    "managed_rule_group_statement": [
                      {
                        "managed_rule_group_configs": [],
                        "name": "AWSManagedRulesCommonRuleSet",
                        "rule_action_override": [],
                        "scope_down_statement": [],
                        "vendor_name": "AWS",
                        "version": ""
                      }
                    ],
                    "not_statement": [],
                    "or_statement": [],
                    "rate_based_statement": [],
                    "regex_match_statement": [],
                    "regex_pattern_set_reference_statement": [],
                    "rule_group_reference_statement": [],
                    "size_constraint_statement": [],
                    "sqli_match_statement": [],
                    "xss_match_statement": []
                  }
                ],
                "visibility_config": [
                  {
                    "cloudwatch_metrics_enabled": true,
                    "metric_name": "cloudshop-cdn-common",
                    "sampled_requests_enabled": true
                  }
                ]
              },
              {
                "action": [],
                "captcha_config": [],
                "challenge_config": [],
                "name": "AWSManagedRulesKnownBadInputsRuleSet",
                "override_action": [
                  {
                    "count": [],
                    "none": [
                      {}
                    ]
                  }
                ],
                "priority": 2,
                "rule_label": [],
                "statement": [
                  {
                    "and_statement": [],
                    "asn_match_statement": [],
                    "byte_match_statement": [],
                    "geo_match_statement": [],
                    "ip_set_reference_statement": [],
                    "label_match_statement": [],
                    "managed_rule_group_statement": [
                      {
                        "managed_rule_group_configs": [],
                        "name": "AWSManagedRulesKnownBadInputsRuleSet",
                        "rule_action_override": [],
                        "scope_down_statement": [],
                        "vendor_name": "AWS",
                        "version": ""
                      }
                    ],
                    "not_statement": [],
                    "or_statement": [],
                    "rate_based_statement": [],
                    "regex_match_statement": [],
                    "regex_pattern_set_reference_statement": [],
                    "rule_group_reference_statement": [],
                    "size_constraint_statement": [],
                    "sqli_match_statement": [],
                    "xss_match_statement": []
                  }
                ],
                "visibility_config": [
                  {
                    "cloudwatch_metrics_enabled": true,
                    "metric_name": "cloudshop-cdn-badinputs",
                    "sampled_requests_enabled": true
                  }
                ]
              }
            ],
            "rule_json": null,
            "scope": "CLOUDFRONT",
            "tags": {},
            "tags_all": {
              "Environment": "dev",
              "ManagedBy": "Terraform",
              "Project": "CloudShop"
            },
            "token_domains": [],
            "visibility_config": [
              {
                "cloudwatch_metrics_enabled": true,
                "metric_name": "cloudshop-cdn-waf",
                "sampled_requests_enabled": true
              }
            ]
          },
          "sensitive_attributes": [],
          "identity_schema_version": 0,
          "private": "bnVsbA=="
        }
      ]
    },
    {
      "module": "module.waf",
      "mode": "managed",
      "type": "aws_wafv2_web_acl_association",
      "name": "api",
      "provider": "provider[\"registry.terraform.io/hashicorp/aws\"]",
      "instances": [
        {
          "schema_version": 0,
          "attributes": {
            "id": "arn:aws:wafv2:us-east-1:511949652182:regional/webacl/cloudshop-api-waf/b77c93d5-46a1-4b10-88b7-14e60a07f31d,arn:aws:apigateway:us-east-1::/restapis/hrxk7wkv57/stages/dev",
            "resource_arn": "arn:aws:apigateway:us-east-1::/restapis/hrxk7wkv57/stages/dev",
            "timeouts": null,
            "web_acl_arn": "arn:aws:wafv2:us-east-1:511949652182:regional/webacl/cloudshop-api-waf/b77c93d5-46a1-4b10-88b7-14e60a07f31d"
          },
          "sensitive_attributes": [],
          "identity_schema_version": 0,
          "private": "eyJlMmJmYjczMC1lY2FhLTExZTYtOGY4OC0zNDM2M2JjN2M0YzAiOnsiY3JlYXRlIjo2MDAwMDAwMDAwMDB9fQ==",
          "dependencies": [
            "module.api_gateway.aws_api_gateway_authorizer.cognito",
            "module.api_gateway.aws_api_gateway_deployment.this",
            "module.api_gateway.aws_api_gateway_gateway_response.cors_4xx",
            "module.api_gateway.aws_api_gateway_gateway_response.cors_5xx",
            "module.api_gateway.aws_api_gateway_integration.options",
            "module.api_gateway.aws_api_gateway_integration.route",
            "module.api_gateway.aws_api_gateway_integration_response.options",
            "module.api_gateway.aws_api_gateway_method.options",
            "module.api_gateway.aws_api_gateway_method.route",
            "module.api_gateway.aws_api_gateway_method_response.options",
            "module.api_gateway.aws_api_gateway_resource.audit",
            "module.api_gateway.aws_api_gateway_resource.carts",
            "module.api_gateway.aws_api_gateway_resource.carts_id",
            "module.api_gateway.aws_api_gateway_resource.carts_id_products",
            "module.api_gateway.aws_api_gateway_resource.carts_id_products_id",
            "module.api_gateway.aws_api_gateway_resource.dashboard",
            "module.api_gateway.aws_api_gateway_resource.orders",
            "module.api_gateway.aws_api_gateway_resource.orders_id",
            "module.api_gateway.aws_api_gateway_resource.products",
            "module.api_gateway.aws_api_gateway_resource.products_id",
            "module.api_gateway.aws_api_gateway_resource.registrations",
            "module.api_gateway.aws_api_gateway_resource.stores",
            "module.api_gateway.aws_api_gateway_resource.stores_id",
            "module.api_gateway.aws_api_gateway_resource.users",
            "module.api_gateway.aws_api_gateway_resource.users_id",
            "module.api_gateway.aws_api_gateway_rest_api.this",
            "module.api_gateway.aws_api_gateway_stage.this",
            "module.cognito.aws_cognito_user_pool.users",
            "module.dynamodb.aws_dynamodb_table.audit",
            "module.dynamodb.aws_dynamodb_table.carts",
            "module.dynamodb.aws_dynamodb_table.orders",
            "module.dynamodb.aws_dynamodb_table.products",
            "module.dynamodb.aws_dynamodb_table.stores",
            "module.iam.aws_iam_role.audit",
            "module.iam.aws_iam_role.carts",
            "module.iam.aws_iam_role.dashboard",
            "module.iam.aws_iam_role.notifications",
            "module.iam.aws_iam_role.orders",
            "module.iam.aws_iam_role.products",
            "module.iam.aws_iam_role.stores",
            "module.iam.aws_iam_role.users",
            "module.iam.data.aws_iam_policy_document.lambda_assume_role",
            "module.lambdas.aws_cloudwatch_log_group.this",
            "module.lambdas.aws_lambda_function.this",
            "module.lambdas.data.archive_file.this",
            "module.waf.aws_wafv2_web_acl.api"
          ]
        }
      ]
    }
  ],
  "check_results": null
}
