{
  "version": 4,
  "terraform_version": "1.15.2",
  "serial": 451,
  "lineage": "f4569b10-1023-3eec-1825-9f4a12bc0892",
  "outputs": {
    "api_url": {
      "value": "https://pe5etk8on8.execute-api.us-east-1.amazonaws.com/dev-armando",
      "type": "string"
    },
    "app_client_id": {
      "value": "583r1106663nt7iq83oatpc9sh",
      "type": "string"
    },
    "cloudfront_domain": {
      "value": "d2ox01s1fkgcgs.cloudfront.net",
      "type": "string"
    },
    "dashboard_name": {
      "value": "cloudshop-armando-overview",
      "type": "string"
    },
    "dynamodb_tables": {
      "value": {
        "audit": "cloudshop-armando-audit",
        "carts": "cloudshop-armando-carts",
        "orders": "cloudshop-armando-orders",
        "products": "cloudshop-armando-products",
        "stores": "cloudshop-armando-stores"
      },
      "type": [
        "object",
        {
          "audit": "string",
          "carts": "string",
          "orders": "string",
          "products": "string",
          "stores": "string"
        }
      ]
    },
    "event_bus_name": {
      "value": "cloudshop-armando-events",
      "type": "string"
    },
    "frontend_bucket_name": {
      "value": "cloudshop-armando-frontend-4m32fo",
      "type": "string"
    },
    "frontend_url": {
      "value": "https://d2ox01s1fkgcgs.cloudfront.net",
      "type": "string"
    },
    "user_pool_id": {
      "value": "us-east-1_s2wYaKTzb",
      "type": "string"
    }
  },
  "resources": [
    {
      "mode": "data",
      "type": "aws_caller_identity",
      "name": "current",
      "provider": "provider[\"registry.terraform.io/hashicorp/aws\"]",
      "instances": [
        {
          "schema_version": 0,
          "attributes": {
            "account_id": "970290366615",
            "arn": "arn:aws:iam::970290366615:user/Jose_Salgado",
            "id": "970290366615",
            "user_id": "AIDA6D2OQBCL4RMZHRTI5"
          },
          "sensitive_attributes": [],
          "identity_schema_version": 0
        }
      ]
    },
    {
      "mode": "managed",
      "type": "aws_ssm_parameter",
      "name": "cloudshop_eventbus_name",
      "provider": "provider[\"registry.terraform.io/hashicorp/aws\"]",
      "instances": [
        {
          "schema_version": 0,
          "attributes": {
            "allowed_pattern": "",
            "arn": "arn:aws:ssm:us-east-1:970290366615:parameter/cloudshop/eventbus/name",
            "data_type": "text",
            "description": "",
            "has_value_wo": null,
            "id": "/cloudshop/eventbus/name",
            "insecure_value": null,
            "key_id": "",
            "name": "/cloudshop/eventbus/name",
            "overwrite": null,
            "tags": {},
            "tags_all": {
              "Environment": "dev-armando",
              "ManagedBy": "Terraform",
              "Project": "CloudShop"
            },
            "tier": "Standard",
            "type": "String",
            "value": "cloudshop-armando-events",
            "value_wo": null,
            "value_wo_version": null,
            "version": 1
          },
          "sensitive_attributes": [
            [
              {
                "type": "get_attr",
                "value": "value"
              }
            ],
            [
              {
                "type": "get_attr",
                "value": "value_wo"
              }
            ]
          ],
          "identity_schema_version": 0,
          "private": "bnVsbA=="
        }
      ]
    },
    {
      "module": "module.api_gateway",
      "mode": "managed",
      "type": "aws_api_gateway_api_key",
      "name": "this",
      "provider": "provider[\"registry.terraform.io/hashicorp/aws\"]",
      "instances": [
        {
          "schema_version": 0,
          "attributes": {
            "arn": "arn:aws:apigateway:us-east-1::/apikeys/2t7c236iul",
            "created_date": "2026-07-26T05:01:01Z",
            "customer_id": "",
            "description": "Managed by Terraform",
            "enabled": true,
            "id": "2t7c236iul",
            "last_updated_date": "2026-07-26T05:01:01Z",
            "name": "cloudshop-armando-api-key",
            "tags": {},
            "tags_all": {
              "Environment": "dev-armando",
              "ManagedBy": "Terraform",
              "Project": "CloudShop"
            },
            "value": "kPcnPCaYvZ255wTOG06RB8xTgl5ld6oO7jQJbhNG"
          },
          "sensitive_attributes": [
            [
              {
                "type": "get_attr",
                "value": "value"
              }
            ]
          ],
          "identity_schema_version": 0,
          "private": "bnVsbA=="
        }
      ]
    },
    {
      "module": "module.api_gateway",
      "mode": "managed",
      "type": "aws_api_gateway_authorizer",
      "name": "cognito",
      "provider": "provider[\"registry.terraform.io/hashicorp/aws\"]",
      "instances": [
        {
          "schema_version": 0,
          "attributes": {
            "arn": "arn:aws:apigateway:us-east-1::/restapis/pe5etk8on8/authorizers/gj392d",
            "authorizer_credentials": "",
            "authorizer_result_ttl_in_seconds": 300,
            "authorizer_uri": "",
            "id": "gj392d",
            "identity_source": "method.request.header.Authorization",
            "identity_validation_expression": "",
            "name": "cloudshop-armando-cognito-authorizer",
            "provider_arns": [
              "arn:aws:cognito-idp:us-east-1:970290366615:userpool/us-east-1_s2wYaKTzb"
            ],
            "rest_api_id": "pe5etk8on8",
            "type": "COGNITO_USER_POOLS"
          },
          "sensitive_attributes": [],
          "identity_schema_version": 0,
          "private": "bnVsbA==",
          "dependencies": [
            "module.api_gateway.aws_api_gateway_rest_api.this",
            "module.cognito.aws_cognito_user_pool.users"
          ],
          "create_before_destroy": true
        }
      ]
    },
    {
      "module": "module.api_gateway",
      "mode": "managed",
      "type": "aws_api_gateway_deployment",
      "name": "this",
      "provider": "provider[\"registry.terraform.io/hashicorp/aws\"]",
      "instances": [
        {
          "schema_version": 0,
          "attributes": {
            "canary_settings": [],
            "created_date": "2026-07-26T05:04:41Z",
            "description": "",
            "execution_arn": "arn:aws:execute-api:us-east-1:970290366615:pe5etk8on8/",
            "id": "qcdsgq",
            "invoke_url": "https://pe5etk8on8.execute-api.us-east-1.amazonaws.com/",
            "rest_api_id": "pe5etk8on8",
            "stage_description": null,
            "stage_name": null,
            "triggers": {
              "redeployment": "c6582cfe21856b337e9354fd356d566fd26181ab"
            },
            "variables": null
          },
          "sensitive_attributes": [],
          "identity_schema_version": 0,
          "private": "bnVsbA==",
          "dependencies": [
            "module.api_gateway.aws_api_gateway_authorizer.cognito",
            "module.api_gateway.aws_api_gateway_integration.options",
            "module.api_gateway.aws_api_gateway_integration.route",
            "module.api_gateway.aws_api_gateway_integration_response.options",
            "module.api_gateway.aws_api_gateway_method.options",
            "module.api_gateway.aws_api_gateway_method.route",
            "module.api_gateway.aws_api_gateway_method_response.options",
            "module.api_gateway.aws_api_gateway_resource.audit",
            "module.api_gateway.aws_api_gateway_resource.carts",
            "module.api_gateway.aws_api_gateway_resource.carts_id",
            "module.api_gateway.aws_api_gateway_resource.carts_id_products",
            "module.api_gateway.aws_api_gateway_resource.carts_id_products_id",
            "module.api_gateway.aws_api_gateway_resource.dashboard",
            "module.api_gateway.aws_api_gateway_resource.orders",
            "module.api_gateway.aws_api_gateway_resource.orders_id",
            "module.api_gateway.aws_api_gateway_resource.products",
            "module.api_gateway.aws_api_gateway_resource.products_id",
            "module.api_gateway.aws_api_gateway_resource.registrations",
            "module.api_gateway.aws_api_gateway_resource.stores",
            "module.api_gateway.aws_api_gateway_resource.stores_id",
            "module.api_gateway.aws_api_gateway_resource.users",
            "module.api_gateway.aws_api_gateway_resource.users_id",
            "module.api_gateway.aws_api_gateway_rest_api.this",
            "module.cognito.aws_cognito_user_pool.users",
            "module.dynamodb.aws_dynamodb_table.audit",
            "module.dynamodb.aws_dynamodb_table.carts",
            "module.dynamodb.aws_dynamodb_table.orders",
            "module.dynamodb.aws_dynamodb_table.products",
            "module.dynamodb.aws_dynamodb_table.stores",
            "module.iam.aws_iam_role.audit",
            "module.iam.aws_iam_role.carts",
            "module.iam.aws_iam_role.dashboard",
            "module.iam.aws_iam_role.notifications",
            "module.iam.aws_iam_role.orders",
            "module.iam.aws_iam_role.products",
            "module.iam.aws_iam_role.stores",
            "module.iam.aws_iam_role.users",
            "module.iam.data.aws_iam_policy_document.lambda_assume_role",
            "module.lambdas.aws_cloudwatch_log_group.this",
            "module.lambdas.aws_lambda_function.this",
            "module.lambdas.data.archive_file.this",
            "module.lambdas.null_resource.copy_utils"
          ],
          "create_before_destroy": true
        }
      ]
    },
    {
      "module": "module.api_gateway",
      "mode": "managed",
      "type": "aws_api_gateway_integration",
      "name": "options",
      "provider": "provider[\"registry.terraform.io/hashicorp/aws\"]",
      "instances": [
        {
          "index_key": "audit",
          "schema_version": 0,
          "attributes": {
            "cache_key_parameters": [],
            "cache_namespace": "s9mv9l",
            "connection_id": "",
            "connection_type": "INTERNET",
            "content_handling": "",
            "credentials": "",
            "http_method": "OPTIONS",
            "id": "agi-pe5etk8on8-s9mv9l-OPTIONS",
            "integration_http_method": "",
            "passthrough_behavior": "WHEN_NO_MATCH",
            "request_parameters": {},
            "request_templates": {
              "application/json": "{\"statusCode\": 200}"
            },
            "resource_id": "s9mv9l",
            "rest_api_id": "pe5etk8on8",
            "timeout_milliseconds": 29000,
            "tls_config": [],
            "type": "MOCK",
            "uri": ""
          },
          "sensitive_attributes": [],
          "identity_schema_version": 0,
          "private": "bnVsbA==",
          "dependencies": [
            "module.api_gateway.aws_api_gateway_method.options",
            "module.api_gateway.aws_api_gateway_resource.audit",
            "module.api_gateway.aws_api_gateway_resource.carts",
            "module.api_gateway.aws_api_gateway_resource.carts_id",
            "module.api_gateway.aws_api_gateway_resource.carts_id_products",
            "module.api_gateway.aws_api_gateway_resource.carts_id_products_id",
            "module.api_gateway.aws_api_gateway_resource.dashboard",
            "module.api_gateway.aws_api_gateway_resource.orders",
            "module.api_gateway.aws_api_gateway_resource.orders_id",
            "module.api_gateway.aws_api_gateway_resource.products",
            "module.api_gateway.aws_api_gateway_resource.products_id",
            "module.api_gateway.aws_api_gateway_resource.registrations",
            "module.api_gateway.aws_api_gateway_resource.stores",
            "module.api_gateway.aws_api_gateway_resource.stores_id",
            "module.api_gateway.aws_api_gateway_resource.users",
            "module.api_gateway.aws_api_gateway_resource.users_id",
            "module.api_gateway.aws_api_gateway_rest_api.this",
            "module.dynamodb.aws_dynamodb_table.audit",
            "module.dynamodb.aws_dynamodb_table.carts",
            "module.dynamodb.aws_dynamodb_table.orders",
            "module.dynamodb.aws_dynamodb_table.products",
            "module.dynamodb.aws_dynamodb_table.stores",
            "module.iam.aws_iam_role.audit",
            "module.iam.aws_iam_role.carts",
            "module.iam.aws_iam_role.dashboard",
            "module.iam.aws_iam_role.notifications",
            "module.iam.aws_iam_role.orders",
            "module.iam.aws_iam_role.products",
            "module.iam.aws_iam_role.stores",
            "module.iam.aws_iam_role.users",
            "module.iam.data.aws_iam_policy_document.lambda_assume_role",
            "module.lambdas.aws_cloudwatch_log_group.this",
            "module.lambdas.aws_lambda_function.this",
            "module.lambdas.data.archive_file.this",
            "module.lambdas.null_resource.copy_utils"
          ],
          "create_before_destroy": true
        },
        {
          "index_key": "carts_id",
          "schema_version": 0,
          "attributes": {
            "cache_key_parameters": [],
            "cache_namespace": "so1vtf",
            "connection_id": "",
            "connection_type": "INTERNET",
            "content_handling": "",
            "credentials": "",
            "http_method": "OPTIONS",
            "id": "agi-pe5etk8on8-so1vtf-OPTIONS",
            "integration_http_method": "",
            "passthrough_behavior": "WHEN_NO_MATCH",
            "request_parameters": {},
            "request_templates": {
              "application/json": "{\"statusCode\": 200}"
            },
            "resource_id": "so1vtf",
            "rest_api_id": "pe5etk8on8",
            "timeout_milliseconds": 29000,
            "tls_config": [],
            "type": "MOCK",
            "uri": ""
          },
          "sensitive_attributes": [],
          "identity_schema_version": 0,
          "private": "bnVsbA==",
          "dependencies": [
            "module.api_gateway.aws_api_gateway_method.options",
            "module.api_gateway.aws_api_gateway_resource.audit",
            "module.api_gateway.aws_api_gateway_resource.carts",
            "module.api_gateway.aws_api_gateway_resource.carts_id",
            "module.api_gateway.aws_api_gateway_resource.carts_id_products",
            "module.api_gateway.aws_api_gateway_resource.carts_id_products_id",
            "module.api_gateway.aws_api_gateway_resource.dashboard",
            "module.api_gateway.aws_api_gateway_resource.orders",
            "module.api_gateway.aws_api_gateway_resource.orders_id",
            "module.api_gateway.aws_api_gateway_resource.products",
            "module.api_gateway.aws_api_gateway_resource.products_id",
            "module.api_gateway.aws_api_gateway_resource.registrations",
            "module.api_gateway.aws_api_gateway_resource.stores",
            "module.api_gateway.aws_api_gateway_resource.stores_id",
            "module.api_gateway.aws_api_gateway_resource.users",
            "module.api_gateway.aws_api_gateway_resource.users_id",
            "module.api_gateway.aws_api_gateway_rest_api.this",
            "module.dynamodb.aws_dynamodb_table.audit",
            "module.dynamodb.aws_dynamodb_table.carts",
            "module.dynamodb.aws_dynamodb_table.orders",
            "module.dynamodb.aws_dynamodb_table.products",
            "module.dynamodb.aws_dynamodb_table.stores",
            "module.iam.aws_iam_role.audit",
            "module.iam.aws_iam_role.carts",
            "module.iam.aws_iam_role.dashboard",
            "module.iam.aws_iam_role.notifications",
            "module.iam.aws_iam_role.orders",
            "module.iam.aws_iam_role.products",
            "module.iam.aws_iam_role.stores",
            "module.iam.aws_iam_role.users",
            "module.iam.data.aws_iam_policy_document.lambda_assume_role",
            "module.lambdas.aws_cloudwatch_log_group.this",
            "module.lambdas.aws_lambda_function.this",
            "module.lambdas.data.archive_file.this",
            "module.lambdas.null_resource.copy_utils"
          ],
          "create_before_destroy": true
        },
        {
          "index_key": "carts_id_products_id",
          "schema_version": 0,
          "attributes": {
            "cache_key_parameters": [],
            "cache_namespace": "u1uwwk",
            "connection_id": "",
            "connection_type": "INTERNET",
            "content_handling": "",
            "credentials": "",
            "http_method": "OPTIONS",
            "id": "agi-pe5etk8on8-u1uwwk-OPTIONS",
            "integration_http_method": "",
            "passthrough_behavior": "WHEN_NO_MATCH",
            "request_parameters": {},
            "request_templates": {
              "application/json": "{\"statusCode\": 200}"
            },
            "resource_id": "u1uwwk",
            "rest_api_id": "pe5etk8on8",
            "timeout_milliseconds": 29000,
            "tls_config": [],
            "type": "MOCK",
            "uri": ""
          },
          "sensitive_attributes": [],
          "identity_schema_version": 0,
          "private": "bnVsbA==",
          "dependencies": [
            "module.api_gateway.aws_api_gateway_method.options",
            "module.api_gateway.aws_api_gateway_resource.audit",
            "module.api_gateway.aws_api_gateway_resource.carts",
            "module.api_gateway.aws_api_gateway_resource.carts_id",
            "module.api_gateway.aws_api_gateway_resource.carts_id_products",
            "module.api_gateway.aws_api_gateway_resource.carts_id_products_id",
            "module.api_gateway.aws_api_gateway_resource.dashboard",
            "module.api_gateway.aws_api_gateway_resource.orders",
            "module.api_gateway.aws_api_gateway_resource.orders_id",
            "module.api_gateway.aws_api_gateway_resource.products",
            "module.api_gateway.aws_api_gateway_resource.products_id",
            "module.api_gateway.aws_api_gateway_resource.registrations",
            "module.api_gateway.aws_api_gateway_resource.stores",
            "module.api_gateway.aws_api_gateway_resource.stores_id",
            "module.api_gateway.aws_api_gateway_resource.users",
            "module.api_gateway.aws_api_gateway_resource.users_id",
            "module.api_gateway.aws_api_gateway_rest_api.this",
            "module.dynamodb.aws_dynamodb_table.audit",
            "module.dynamodb.aws_dynamodb_table.carts",
            "module.dynamodb.aws_dynamodb_table.orders",
            "module.dynamodb.aws_dynamodb_table.products",
            "module.dynamodb.aws_dynamodb_table.stores",
            "module.iam.aws_iam_role.audit",
            "module.iam.aws_iam_role.carts",
            "module.iam.aws_iam_role.dashboard",
            "module.iam.aws_iam_role.notifications",
            "module.iam.aws_iam_role.orders",
            "module.iam.aws_iam_role.products",
            "module.iam.aws_iam_role.stores",
            "module.iam.aws_iam_role.users",
            "module.iam.data.aws_iam_policy_document.lambda_assume_role",
            "module.lambdas.aws_cloudwatch_log_group.this",
            "module.lambdas.aws_lambda_function.this",
            "module.lambdas.data.archive_file.this",
            "module.lambdas.null_resource.copy_utils"
          ],
          "create_before_destroy": true
        },
        {
          "index_key": "dashboard",
          "schema_version": 0,
          "attributes": {
            "cache_key_parameters": [],
            "cache_namespace": "1l2lql",
            "connection_id": "",
            "connection_type": "INTERNET",
            "content_handling": "",
            "credentials": "",
            "http_method": "OPTIONS",
            "id": "agi-pe5etk8on8-1l2lql-OPTIONS",
            "integration_http_method": "",
            "passthrough_behavior": "WHEN_NO_MATCH",
            "request_parameters": {},
            "request_templates": {
              "application/json": "{\"statusCode\": 200}"
            },
            "resource_id": "1l2lql",
            "rest_api_id": "pe5etk8on8",
            "timeout_milliseconds": 29000,
            "tls_config": [],
            "type": "MOCK",
            "uri": ""
          },
          "sensitive_attributes": [],
          "identity_schema_version": 0,
          "private": "bnVsbA==",
          "dependencies": [
            "module.api_gateway.aws_api_gateway_method.options",
            "module.api_gateway.aws_api_gateway_resource.audit",
            "module.api_gateway.aws_api_gateway_resource.carts",
            "module.api_gateway.aws_api_gateway_resource.carts_id",
            "module.api_gateway.aws_api_gateway_resource.carts_id_products",
            "module.api_gateway.aws_api_gateway_resource.carts_id_products_id",
            "module.api_gateway.aws_api_gateway_resource.dashboard",
            "module.api_gateway.aws_api_gateway_resource.orders",
            "module.api_gateway.aws_api_gateway_resource.orders_id",
            "module.api_gateway.aws_api_gateway_resource.products",
            "module.api_gateway.aws_api_gateway_resource.products_id",
            "module.api_gateway.aws_api_gateway_resource.registrations",
            "module.api_gateway.aws_api_gateway_resource.stores",
            "module.api_gateway.aws_api_gateway_resource.stores_id",
            "module.api_gateway.aws_api_gateway_resource.users",
            "module.api_gateway.aws_api_gateway_resource.users_id",
            "module.api_gateway.aws_api_gateway_rest_api.this",
            "module.dynamodb.aws_dynamodb_table.audit",
            "module.dynamodb.aws_dynamodb_table.carts",
            "module.dynamodb.aws_dynamodb_table.orders",
            "module.dynamodb.aws_dynamodb_table.products",
            "module.dynamodb.aws_dynamodb_table.stores",
            "module.iam.aws_iam_role.audit",
            "module.iam.aws_iam_role.carts",
            "module.iam.aws_iam_role.dashboard",
            "module.iam.aws_iam_role.notifications",
            "module.iam.aws_iam_role.orders",
            "module.iam.aws_iam_role.products",
            "module.iam.aws_iam_role.stores",
            "module.iam.aws_iam_role.users",
            "module.iam.data.aws_iam_policy_document.lambda_assume_role",
            "module.lambdas.aws_cloudwatch_log_group.this",
            "module.lambdas.aws_lambda_function.this",
            "module.lambdas.data.archive_file.this",
            "module.lambdas.null_resource.copy_utils"
          ],
          "create_before_destroy": true
        },
        {
          "index_key": "orders",
          "schema_version": 0,
          "attributes": {
            "cache_key_parameters": [],
            "cache_namespace": "1or92y",
            "connection_id": "",
            "connection_type": "INTERNET",
            "content_handling": "",
            "credentials": "",
            "http_method": "OPTIONS",
            "id": "agi-pe5etk8on8-1or92y-OPTIONS",
            "integration_http_method": "",
            "passthrough_behavior": "WHEN_NO_MATCH",
            "request_parameters": {},
            "request_templates": {
              "application/json": "{\"statusCode\": 200}"
            },
            "resource_id": "1or92y",
            "rest_api_id": "pe5etk8on8",
            "timeout_milliseconds": 29000,
            "tls_config": [],
            "type": "MOCK",
            "uri": ""
          },
          "sensitive_attributes": [],
          "identity_schema_version": 0,
          "private": "bnVsbA==",
          "dependencies": [
            "module.api_gateway.aws_api_gateway_method.options",
            "module.api_gateway.aws_api_gateway_resource.audit",
            "module.api_gateway.aws_api_gateway_resource.carts",
            "module.api_gateway.aws_api_gateway_resource.carts_id",
            "module.api_gateway.aws_api_gateway_resource.carts_id_products",
            "module.api_gateway.aws_api_gateway_resource.carts_id_products_id",
            "module.api_gateway.aws_api_gateway_resource.dashboard",
            "module.api_gateway.aws_api_gateway_resource.orders",
            "module.api_gateway.aws_api_gateway_resource.orders_id",
            "module.api_gateway.aws_api_gateway_resource.products",
            "module.api_gateway.aws_api_gateway_resource.products_id",
            "module.api_gateway.aws_api_gateway_resource.registrations",
            "module.api_gateway.aws_api_gateway_resource.stores",
            "module.api_gateway.aws_api_gateway_resource.stores_id",
            "module.api_gateway.aws_api_gateway_resource.users",
            "module.api_gateway.aws_api_gateway_resource.users_id",
            "module.api_gateway.aws_api_gateway_rest_api.this",
            "module.dynamodb.aws_dynamodb_table.audit",
            "module.dynamodb.aws_dynamodb_table.carts",
            "module.dynamodb.aws_dynamodb_table.orders",
            "module.dynamodb.aws_dynamodb_table.products",
            "module.dynamodb.aws_dynamodb_table.stores",
            "module.iam.aws_iam_role.audit",
            "module.iam.aws_iam_role.carts",
            "module.iam.aws_iam_role.dashboard",
            "module.iam.aws_iam_role.notifications",
            "module.iam.aws_iam_role.orders",
            "module.iam.aws_iam_role.products",
            "module.iam.aws_iam_role.stores",
            "module.iam.aws_iam_role.users",
            "module.iam.data.aws_iam_policy_document.lambda_assume_role",
            "module.lambdas.aws_cloudwatch_log_group.this",
            "module.lambdas.aws_lambda_function.this",
            "module.lambdas.data.archive_file.this",
            "module.lambdas.null_resource.copy_utils"
          ],
          "create_before_destroy": true
        },
        {
          "index_key": "orders_id",
          "schema_version": 0,
          "attributes": {
            "cache_key_parameters": [],
            "cache_namespace": "kj23vc",
            "connection_id": "",
            "connection_type": "INTERNET",
            "content_handling": "",
            "credentials": "",
            "http_method": "OPTIONS",
            "id": "agi-pe5etk8on8-kj23vc-OPTIONS",
            "integration_http_method": "",
            "passthrough_behavior": "WHEN_NO_MATCH",
            "request_parameters": {},
            "request_templates": {
              "application/json": "{\"statusCode\": 200}"
            },
            "resource_id": "kj23vc",
            "rest_api_id": "pe5etk8on8",
            "timeout_milliseconds": 29000,
            "tls_config": [],
            "type": "MOCK",
            "uri": ""
          },
          "sensitive_attributes": [],
          "identity_schema_version": 0,
          "private": "bnVsbA==",
          "dependencies": [
            "module.api_gateway.aws_api_gateway_method.options",
            "module.api_gateway.aws_api_gateway_resource.audit",
            "module.api_gateway.aws_api_gateway_resource.carts",
            "module.api_gateway.aws_api_gateway_resource.carts_id",
            "module.api_gateway.aws_api_gateway_resource.carts_id_products",
            "module.api_gateway.aws_api_gateway_resource.carts_id_products_id",
            "module.api_gateway.aws_api_gateway_resource.dashboard",
            "module.api_gateway.aws_api_gateway_resource.orders",
            "module.api_gateway.aws_api_gateway_resource.orders_id",
            "module.api_gateway.aws_api_gateway_resource.products",
            "module.api_gateway.aws_api_gateway_resource.products_id",
            "module.api_gateway.aws_api_gateway_resource.registrations",
            "module.api_gateway.aws_api_gateway_resource.stores",
            "module.api_gateway.aws_api_gateway_resource.stores_id",
            "module.api_gateway.aws_api_gateway_resource.users",
            "module.api_gateway.aws_api_gateway_resource.users_id",
            "module.api_gateway.aws_api_gateway_rest_api.this",
            "module.dynamodb.aws_dynamodb_table.audit",
            "module.dynamodb.aws_dynamodb_table.carts",
            "module.dynamodb.aws_dynamodb_table.orders",
            "module.dynamodb.aws_dynamodb_table.products",
            "module.dynamodb.aws_dynamodb_table.stores",
            "module.iam.aws_iam_role.audit",
            "module.iam.aws_iam_role.carts",
            "module.iam.aws_iam_role.dashboard",
            "module.iam.aws_iam_role.notifications",
            "module.iam.aws_iam_role.orders",
            "module.iam.aws_iam_role.products",
            "module.iam.aws_iam_role.stores",
            "module.iam.aws_iam_role.users",
            "module.iam.data.aws_iam_policy_document.lambda_assume_role",
            "module.lambdas.aws_cloudwatch_log_group.this",
            "module.lambdas.aws_lambda_function.this",
            "module.lambdas.data.archive_file.this",
            "module.lambdas.null_resource.copy_utils"
          ],
          "create_before_destroy": true
        },
        {
          "index_key": "products",
          "schema_version": 0,
          "attributes": {
            "cache_key_parameters": [],
            "cache_namespace": "pec3nc",
            "connection_id": "",
            "connection_type": "INTERNET",
            "content_handling": "",
            "credentials": "",
            "http_method": "OPTIONS",
            "id": "agi-pe5etk8on8-pec3nc-OPTIONS",
            "integration_http_method": "",
            "passthrough_behavior": "WHEN_NO_MATCH",
            "request_parameters": {},
            "request_templates": {
              "application/json": "{\"statusCode\": 200}"
            },
            "resource_id": "pec3nc",
            "rest_api_id": "pe5etk8on8",
            "timeout_milliseconds": 29000,
            "tls_config": [],
            "type": "MOCK",
            "uri": ""
          },
          "sensitive_attributes": [],
          "identity_schema_version": 0,
          "private": "bnVsbA==",
          "dependencies": [
            "module.api_gateway.aws_api_gateway_method.options",
            "module.api_gateway.aws_api_gateway_resource.audit",
            "module.api_gateway.aws_api_gateway_resource.carts",
            "module.api_gateway.aws_api_gateway_resource.carts_id",
            "module.api_gateway.aws_api_gateway_resource.carts_id_products",
            "module.api_gateway.aws_api_gateway_resource.carts_id_products_id",
            "module.api_gateway.aws_api_gateway_resource.dashboard",
            "module.api_gateway.aws_api_gateway_resource.orders",
            "module.api_gateway.aws_api_gateway_resource.orders_id",
            "module.api_gateway.aws_api_gateway_resource.products",
            "module.api_gateway.aws_api_gateway_resource.products_id",
            "module.api_gateway.aws_api_gateway_resource.registrations",
            "module.api_gateway.aws_api_gateway_resource.stores",
            "module.api_gateway.aws_api_gateway_resource.stores_id",
            "module.api_gateway.aws_api_gateway_resource.users",
            "module.api_gateway.aws_api_gateway_resource.users_id",
            "module.api_gateway.aws_api_gateway_rest_api.this",
            "module.dynamodb.aws_dynamodb_table.audit",
            "module.dynamodb.aws_dynamodb_table.carts",
            "module.dynamodb.aws_dynamodb_table.orders",
            "module.dynamodb.aws_dynamodb_table.products",
            "module.dynamodb.aws_dynamodb_table.stores",
            "module.iam.aws_iam_role.audit",
            "module.iam.aws_iam_role.carts",
            "module.iam.aws_iam_role.dashboard",
            "module.iam.aws_iam_role.notifications",
            "module.iam.aws_iam_role.orders",
            "module.iam.aws_iam_role.products",
            "module.iam.aws_iam_role.stores",
            "module.iam.aws_iam_role.users",
            "module.iam.data.aws_iam_policy_document.lambda_assume_role",
            "module.lambdas.aws_cloudwatch_log_group.this",
            "module.lambdas.aws_lambda_function.this",
            "module.lambdas.data.archive_file.this",
            "module.lambdas.null_resource.copy_utils"
          ],
          "create_before_destroy": true
        },
        {
          "index_key": "products_id",
          "schema_version": 0,
          "attributes": {
            "cache_key_parameters": [],
            "cache_namespace": "bge28b",
            "connection_id": "",
            "connection_type": "INTERNET",
            "content_handling": "",
            "credentials": "",
            "http_method": "OPTIONS",
            "id": "agi-pe5etk8on8-bge28b-OPTIONS",
            "integration_http_method": "",
            "passthrough_behavior": "WHEN_NO_MATCH",
            "request_parameters": {},
            "request_templates": {
              "application/json": "{\"statusCode\": 200}"
            },
            "resource_id": "bge28b",
            "rest_api_id": "pe5etk8on8",
            "timeout_milliseconds": 29000,
            "tls_config": [],
            "type": "MOCK",
            "uri": ""
          },
          "sensitive_attributes": [],
          "identity_schema_version": 0,
          "private": "bnVsbA==",
          "dependencies": [
            "module.api_gateway.aws_api_gateway_method.options",
            "module.api_gateway.aws_api_gateway_resource.audit",
            "module.api_gateway.aws_api_gateway_resource.carts",
            "module.api_gateway.aws_api_gateway_resource.carts_id",
            "module.api_gateway.aws_api_gateway_resource.carts_id_products",
            "module.api_gateway.aws_api_gateway_resource.carts_id_products_id",
            "module.api_gateway.aws_api_gateway_resource.dashboard",
            "module.api_gateway.aws_api_gateway_resource.orders",
            "module.api_gateway.aws_api_gateway_resource.orders_id",
            "module.api_gateway.aws_api_gateway_resource.products",
            "module.api_gateway.aws_api_gateway_resource.products_id",
            "module.api_gateway.aws_api_gateway_resource.registrations",
            "module.api_gateway.aws_api_gateway_resource.stores",
            "module.api_gateway.aws_api_gateway_resource.stores_id",
            "module.api_gateway.aws_api_gateway_resource.users",
            "module.api_gateway.aws_api_gateway_resource.users_id",
            "module.api_gateway.aws_api_gateway_rest_api.this",
            "module.dynamodb.aws_dynamodb_table.audit",
            "module.dynamodb.aws_dynamodb_table.carts",
            "module.dynamodb.aws_dynamodb_table.orders",
            "module.dynamodb.aws_dynamodb_table.products",
            "module.dynamodb.aws_dynamodb_table.stores",
            "module.iam.aws_iam_role.audit",
            "module.iam.aws_iam_role.carts",
            "module.iam.aws_iam_role.dashboard",
            "module.iam.aws_iam_role.notifications",
            "module.iam.aws_iam_role.orders",
            "module.iam.aws_iam_role.products",
            "module.iam.aws_iam_role.stores",
            "module.iam.aws_iam_role.users",
            "module.iam.data.aws_iam_policy_document.lambda_assume_role",
            "module.lambdas.aws_cloudwatch_log_group.this",
            "module.lambdas.aws_lambda_function.this",
            "module.lambdas.data.archive_file.this",
            "module.lambdas.null_resource.copy_utils"
          ],
          "create_before_destroy": true
        },
        {
          "index_key": "registrations",
          "schema_version": 0,
          "attributes": {
            "cache_key_parameters": [],
            "cache_namespace": "ppn1tu",
            "connection_id": "",
            "connection_type": "INTERNET",
            "content_handling": "",
            "credentials": "",
            "http_method": "OPTIONS",
            "id": "agi-pe5etk8on8-ppn1tu-OPTIONS",
            "integration_http_method": "",
            "passthrough_behavior": "WHEN_NO_MATCH",
            "request_parameters": {},
            "request_templates": {
              "application/json": "{\"statusCode\": 200}"
            },
            "resource_id": "ppn1tu",
            "rest_api_id": "pe5etk8on8",
            "timeout_milliseconds": 29000,
            "tls_config": [],
            "type": "MOCK",
            "uri": ""
          },
          "sensitive_attributes": [],
          "identity_schema_version": 0,
          "private": "bnVsbA==",
          "dependencies": [
            "module.api_gateway.aws_api_gateway_method.options",
            "module.api_gateway.aws_api_gateway_resource.audit",
            "module.api_gateway.aws_api_gateway_resource.carts",
            "module.api_gateway.aws_api_gateway_resource.carts_id",
            "module.api_gateway.aws_api_gateway_resource.carts_id_products",
            "module.api_gateway.aws_api_gateway_resource.carts_id_products_id",
            "module.api_gateway.aws_api_gateway_resource.dashboard",
            "module.api_gateway.aws_api_gateway_resource.orders",
            "module.api_gateway.aws_api_gateway_resource.orders_id",
            "module.api_gateway.aws_api_gateway_resource.products",
            "module.api_gateway.aws_api_gateway_resource.products_id",
            "module.api_gateway.aws_api_gateway_resource.registrations",
            "module.api_gateway.aws_api_gateway_resource.stores",
            "module.api_gateway.aws_api_gateway_resource.stores_id",
            "module.api_gateway.aws_api_gateway_resource.users",
            "module.api_gateway.aws_api_gateway_resource.users_id",
            "module.api_gateway.aws_api_gateway_rest_api.this",
            "module.dynamodb.aws_dynamodb_table.audit",
            "module.dynamodb.aws_dynamodb_table.carts",
            "module.dynamodb.aws_dynamodb_table.orders",
            "module.dynamodb.aws_dynamodb_table.products",
            "module.dynamodb.aws_dynamodb_table.stores",
            "module.iam.aws_iam_role.audit",
            "module.iam.aws_iam_role.carts",
            "module.iam.aws_iam_role.dashboard",
            "module.iam.aws_iam_role.notifications",
            "module.iam.aws_iam_role.orders",
            "module.iam.aws_iam_role.products",
            "module.iam.aws_iam_role.stores",
            "module.iam.aws_iam_role.users",
            "module.iam.data.aws_iam_policy_document.lambda_assume_role",
            "module.lambdas.aws_cloudwatch_log_group.this",
            "module.lambdas.aws_lambda_function.this",
            "module.lambdas.data.archive_file.this",
            "module.lambdas.null_resource.copy_utils"
          ],
          "create_before_destroy": true
        },
        {
          "index_key": "stores",
          "schema_version": 0,
          "attributes": {
            "cache_key_parameters": [],
            "cache_namespace": "bihz2h",
            "connection_id": "",
            "connection_type": "INTERNET",
            "content_handling": "",
            "credentials": "",
            "http_method": "OPTIONS",
            "id": "agi-pe5etk8on8-bihz2h-OPTIONS",
            "integration_http_method": "",
            "passthrough_behavior": "WHEN_NO_MATCH",
            "request_parameters": {},
            "request_templates": {
              "application/json": "{\"statusCode\": 200}"
            },
            "resource_id": "bihz2h",
            "rest_api_id": "pe5etk8on8",
            "timeout_milliseconds": 29000,
            "tls_config": [],
            "type": "MOCK",
            "uri": ""
          },
          "sensitive_attributes": [],
          "identity_schema_version": 0,
          "private": "bnVsbA==",
          "dependencies": [
            "module.api_gateway.aws_api_gateway_method.options",
            "module.api_gateway.aws_api_gateway_resource.audit",
            "module.api_gateway.aws_api_gateway_resource.carts",
            "module.api_gateway.aws_api_gateway_resource.carts_id",
            "module.api_gateway.aws_api_gateway_resource.carts_id_products",
            "module.api_gateway.aws_api_gateway_resource.carts_id_products_id",
            "module.api_gateway.aws_api_gateway_resource.dashboard",
            "module.api_gateway.aws_api_gateway_resource.orders",
            "module.api_gateway.aws_api_gateway_resource.orders_id",
            "module.api_gateway.aws_api_gateway_resource.products",
            "module.api_gateway.aws_api_gateway_resource.products_id",
            "module.api_gateway.aws_api_gateway_resource.registrations",
            "module.api_gateway.aws_api_gateway_resource.stores",
            "module.api_gateway.aws_api_gateway_resource.stores_id",
            "module.api_gateway.aws_api_gateway_resource.users",
            "module.api_gateway.aws_api_gateway_resource.users_id",
            "module.api_gateway.aws_api_gateway_rest_api.this",
            "module.dynamodb.aws_dynamodb_table.audit",
            "module.dynamodb.aws_dynamodb_table.carts",
            "module.dynamodb.aws_dynamodb_table.orders",
            "module.dynamodb.aws_dynamodb_table.products",
            "module.dynamodb.aws_dynamodb_table.stores",
            "module.iam.aws_iam_role.audit",
            "module.iam.aws_iam_role.carts",
            "module.iam.aws_iam_role.dashboard",
            "module.iam.aws_iam_role.notifications",
            "module.iam.aws_iam_role.orders",
            "module.iam.aws_iam_role.products",
            "module.iam.aws_iam_role.stores",
            "module.iam.aws_iam_role.users",
            "module.iam.data.aws_iam_policy_document.lambda_assume_role",
            "module.lambdas.aws_cloudwatch_log_group.this",
            "module.lambdas.aws_lambda_function.this",
            "module.lambdas.data.archive_file.this",
            "module.lambdas.null_resource.copy_utils"
          ],
          "create_before_destroy": true
        },
        {
          "index_key": "stores_id",
          "schema_version": 0,
          "attributes": {
            "cache_key_parameters": [],
            "cache_namespace": "ff7w51",
            "connection_id": "",
            "connection_type": "INTERNET",
            "content_handling": "",
            "credentials": "",
            "http_method": "OPTIONS",
            "id": "agi-pe5etk8on8-ff7w51-OPTIONS",
            "integration_http_method": "",
            "passthrough_behavior": "WHEN_NO_MATCH",
            "request_parameters": {},
            "request_templates": {
              "application/json": "{\"statusCode\": 200}"
            },
            "resource_id": "ff7w51",
            "rest_api_id": "pe5etk8on8",
            "timeout_milliseconds": 29000,
            "tls_config": [],
            "type": "MOCK",
            "uri": ""
          },
          "sensitive_attributes": [],
          "identity_schema_version": 0,
          "private": "bnVsbA==",
          "dependencies": [
            "module.api_gateway.aws_api_gateway_method.options",
            "module.api_gateway.aws_api_gateway_resource.audit",
            "module.api_gateway.aws_api_gateway_resource.carts",
            "module.api_gateway.aws_api_gateway_resource.carts_id",
            "module.api_gateway.aws_api_gateway_resource.carts_id_products",
            "module.api_gateway.aws_api_gateway_resource.carts_id_products_id",
            "module.api_gateway.aws_api_gateway_resource.dashboard",
            "module.api_gateway.aws_api_gateway_resource.orders",
            "module.api_gateway.aws_api_gateway_resource.orders_id",
            "module.api_gateway.aws_api_gateway_resource.products",
            "module.api_gateway.aws_api_gateway_resource.products_id",
            "module.api_gateway.aws_api_gateway_resource.registrations",
            "module.api_gateway.aws_api_gateway_resource.stores",
            "module.api_gateway.aws_api_gateway_resource.stores_id",
            "module.api_gateway.aws_api_gateway_resource.users",
            "module.api_gateway.aws_api_gateway_resource.users_id",
            "module.api_gateway.aws_api_gateway_rest_api.this",
            "module.dynamodb.aws_dynamodb_table.audit",
            "module.dynamodb.aws_dynamodb_table.carts",
            "module.dynamodb.aws_dynamodb_table.orders",
            "module.dynamodb.aws_dynamodb_table.products",
            "module.dynamodb.aws_dynamodb_table.stores",
            "module.iam.aws_iam_role.audit",
            "module.iam.aws_iam_role.carts",
            "module.iam.aws_iam_role.dashboard",
            "module.iam.aws_iam_role.notifications",
            "module.iam.aws_iam_role.orders",
            "module.iam.aws_iam_role.products",
            "module.iam.aws_iam_role.stores",
            "module.iam.aws_iam_role.users",
            "module.iam.data.aws_iam_policy_document.lambda_assume_role",
            "module.lambdas.aws_cloudwatch_log_group.this",
            "module.lambdas.aws_lambda_function.this",
            "module.lambdas.data.archive_file.this",
            "module.lambdas.null_resource.copy_utils"
          ],
          "create_before_destroy": true
        },
        {
          "index_key": "users",
          "schema_version": 0,
          "attributes": {
            "cache_key_parameters": [],
            "cache_namespace": "rb85uf",
            "connection_id": "",
            "connection_type": "INTERNET",
            "content_handling": "",
            "credentials": "",
            "http_method": "OPTIONS",
            "id": "agi-pe5etk8on8-rb85uf-OPTIONS",
            "integration_http_method": "",
            "passthrough_behavior": "WHEN_NO_MATCH",
            "request_parameters": {},
            "request_templates": {
              "application/json": "{\"statusCode\": 200}"
            },
            "resource_id": "rb85uf",
            "rest_api_id": "pe5etk8on8",
            "timeout_milliseconds": 29000,
            "tls_config": [],
            "type": "MOCK",
            "uri": ""
          },
          "sensitive_attributes": [],
          "identity_schema_version": 0,
          "private": "bnVsbA==",
          "dependencies": [
            "module.api_gateway.aws_api_gateway_method.options",
            "module.api_gateway.aws_api_gateway_resource.audit",
            "module.api_gateway.aws_api_gateway_resource.carts",
            "module.api_gateway.aws_api_gateway_resource.carts_id",
            "module.api_gateway.aws_api_gateway_resource.carts_id_products",
            "module.api_gateway.aws_api_gateway_resource.carts_id_products_id",
            "module.api_gateway.aws_api_gateway_resource.dashboard",
            "module.api_gateway.aws_api_gateway_resource.orders",
            "module.api_gateway.aws_api_gateway_resource.orders_id",
            "module.api_gateway.aws_api_gateway_resource.products",
            "module.api_gateway.aws_api_gateway_resource.products_id",
            "module.api_gateway.aws_api_gateway_resource.registrations",
            "module.api_gateway.aws_api_gateway_resource.stores",
            "module.api_gateway.aws_api_gateway_resource.stores_id",
            "module.api_gateway.aws_api_gateway_resource.users",
            "module.api_gateway.aws_api_gateway_resource.users_id",
            "module.api_gateway.aws_api_gateway_rest_api.this",
            "module.dynamodb.aws_dynamodb_table.audit",
            "module.dynamodb.aws_dynamodb_table.carts",
            "module.dynamodb.aws_dynamodb_table.orders",
            "module.dynamodb.aws_dynamodb_table.products",
            "module.dynamodb.aws_dynamodb_table.stores",
            "module.iam.aws_iam_role.audit",
            "module.iam.aws_iam_role.carts",
            "module.iam.aws_iam_role.dashboard",
            "module.iam.aws_iam_role.notifications",
            "module.iam.aws_iam_role.orders",
            "module.iam.aws_iam_role.products",
            "module.iam.aws_iam_role.stores",
            "module.iam.aws_iam_role.users",
            "module.iam.data.aws_iam_policy_document.lambda_assume_role",
            "module.lambdas.aws_cloudwatch_log_group.this",
            "module.lambdas.aws_lambda_function.this",
            "module.lambdas.data.archive_file.this",
            "module.lambdas.null_resource.copy_utils"
          ],
          "create_before_destroy": true
        },
        {
          "index_key": "users_id",
          "schema_version": 0,
          "attributes": {
            "cache_key_parameters": [],
            "cache_namespace": "9ac8ci",
            "connection_id": "",
            "connection_type": "INTERNET",
            "content_handling": "",
            "credentials": "",
            "http_method": "OPTIONS",
            "id": "agi-pe5etk8on8-9ac8ci-OPTIONS",
            "integration_http_method": "",
            "passthrough_behavior": "WHEN_NO_MATCH",
            "request_parameters": {},
            "request_templates": {
              "application/json": "{\"statusCode\": 200}"
            },
            "resource_id": "9ac8ci",
            "rest_api_id": "pe5etk8on8",
            "timeout_milliseconds": 29000,
            "tls_config": [],
            "type": "MOCK",
            "uri": ""
          },
          "sensitive_attributes": [],
          "identity_schema_version": 0,
          "private": "bnVsbA==",
          "dependencies": [
            "module.api_gateway.aws_api_gateway_method.options",
            "module.api_gateway.aws_api_gateway_resource.audit",
            "module.api_gateway.aws_api_gateway_resource.carts",
            "module.api_gateway.aws_api_gateway_resource.carts_id",
            "module.api_gateway.aws_api_gateway_resource.carts_id_products",
            "module.api_gateway.aws_api_gateway_resource.carts_id_products_id",
            "module.api_gateway.aws_api_gateway_resource.dashboard",
            "module.api_gateway.aws_api_gateway_resource.orders",
            "module.api_gateway.aws_api_gateway_resource.orders_id",
            "module.api_gateway.aws_api_gateway_resource.products",
            "module.api_gateway.aws_api_gateway_resource.products_id",
            "module.api_gateway.aws_api_gateway_resource.registrations",
            "module.api_gateway.aws_api_gateway_resource.stores",
            "module.api_gateway.aws_api_gateway_resource.stores_id",
            "module.api_gateway.aws_api_gateway_resource.users",
            "module.api_gateway.aws_api_gateway_resource.users_id",
            "module.api_gateway.aws_api_gateway_rest_api.this",
            "module.dynamodb.aws_dynamodb_table.audit",
            "module.dynamodb.aws_dynamodb_table.carts",
            "module.dynamodb.aws_dynamodb_table.orders",
            "module.dynamodb.aws_dynamodb_table.products",
            "module.dynamodb.aws_dynamodb_table.stores",
            "module.iam.aws_iam_role.audit",
            "module.iam.aws_iam_role.carts",
            "module.iam.aws_iam_role.dashboard",
            "module.iam.aws_iam_role.notifications",
            "module.iam.aws_iam_role.orders",
            "module.iam.aws_iam_role.products",
            "module.iam.aws_iam_role.stores",
            "module.iam.aws_iam_role.users",
            "module.iam.data.aws_iam_policy_document.lambda_assume_role",
            "module.lambdas.aws_cloudwatch_log_group.this",
            "module.lambdas.aws_lambda_function.this",
            "module.lambdas.data.archive_file.this",
            "module.lambdas.null_resource.copy_utils"
          ],
          "create_before_destroy": true
        }
      ]
    },
    {
      "module": "module.api_gateway",
      "mode": "managed",
      "type": "aws_api_gateway_integration",
      "name": "route",
      "provider": "provider[\"registry.terraform.io/hashicorp/aws\"]",
      "instances": [
        {
          "index_key": "audit_get",
          "schema_version": 0,
          "attributes": {
            "cache_key_parameters": [],
            "cache_namespace": "s9mv9l",
            "connection_id": "",
            "connection_type": "INTERNET",
            "content_handling": "",
            "credentials": "",
            "http_method": "GET",
            "id": "agi-pe5etk8on8-s9mv9l-GET",
            "integration_http_method": "POST",
            "passthrough_behavior": "WHEN_NO_MATCH",
            "request_parameters": {},
            "request_templates": {},
            "resource_id": "s9mv9l",
            "rest_api_id": "pe5etk8on8",
            "timeout_milliseconds": 29000,
            "tls_config": [],
            "type": "AWS_PROXY",
            "uri": "arn:aws:apigateway:us-east-1:lambda:path/2015-03-31/functions/arn:aws:lambda:us-east-1:970290366615:function:cloudshop-armando-audit-get/invocations"
          },
          "sensitive_attributes": [],
          "identity_schema_version": 0,
          "private": "bnVsbA==",
          "dependencies": [
            "module.api_gateway.aws_api_gateway_authorizer.cognito",
            "module.api_gateway.aws_api_gateway_method.route",
            "module.api_gateway.aws_api_gateway_resource.audit",
            "module.api_gateway.aws_api_gateway_resource.carts",
            "module.api_gateway.aws_api_gateway_resource.carts_id",
            "module.api_gateway.aws_api_gateway_resource.carts_id_products",
            "module.api_gateway.aws_api_gateway_resource.carts_id_products_id",
            "module.api_gateway.aws_api_gateway_resource.dashboard",
            "module.api_gateway.aws_api_gateway_resource.orders",
            "module.api_gateway.aws_api_gateway_resource.orders_id",
            "module.api_gateway.aws_api_gateway_resource.products",
            "module.api_gateway.aws_api_gateway_resource.products_id",
            "module.api_gateway.aws_api_gateway_resource.registrations",
            "module.api_gateway.aws_api_gateway_resource.stores",
            "module.api_gateway.aws_api_gateway_resource.stores_id",
            "module.api_gateway.aws_api_gateway_resource.users",
            "module.api_gateway.aws_api_gateway_resource.users_id",
            "module.api_gateway.aws_api_gateway_rest_api.this",
            "module.cognito.aws_cognito_user_pool.users",
            "module.dynamodb.aws_dynamodb_table.audit",
            "module.dynamodb.aws_dynamodb_table.carts",
            "module.dynamodb.aws_dynamodb_table.orders",
            "module.dynamodb.aws_dynamodb_table.products",
            "module.dynamodb.aws_dynamodb_table.stores",
            "module.iam.aws_iam_role.audit",
            "module.iam.aws_iam_role.carts",
            "module.iam.aws_iam_role.dashboard",
            "module.iam.aws_iam_role.notifications",
            "module.iam.aws_iam_role.orders",
            "module.iam.aws_iam_role.products",
            "module.iam.aws_iam_role.stores",
            "module.iam.aws_iam_role.users",
            "module.iam.data.aws_iam_policy_document.lambda_assume_role",
            "module.lambdas.aws_cloudwatch_log_group.this",
            "module.lambdas.aws_lambda_function.this",
            "module.lambdas.data.archive_file.this",
            "module.lambdas.null_resource.copy_utils"
          ],
          "create_before_destroy": true
        },
        {
          "index_key": "carts_add_product",
          "schema_version": 0,
          "attributes": {
            "cache_key_parameters": [],
            "cache_namespace": "u1uwwk",
            "connection_id": "",
            "connection_type": "INTERNET",
            "content_handling": "",
            "credentials": "",
            "http_method": "POST",
            "id": "agi-pe5etk8on8-u1uwwk-POST",
            "integration_http_method": "POST",
            "passthrough_behavior": "WHEN_NO_MATCH",
            "request_parameters": {},
            "request_templates": {},
            "resource_id": "u1uwwk",
            "rest_api_id": "pe5etk8on8",
            "timeout_milliseconds": 29000,
            "tls_config": [],
            "type": "AWS_PROXY",
            "uri": "arn:aws:apigateway:us-east-1:lambda:path/2015-03-31/functions/arn:aws:lambda:us-east-1:970290366615:function:cloudshop-armando-carts-add-product/invocations"
          },
          "sensitive_attributes": [],
          "identity_schema_version": 0,
          "private": "bnVsbA==",
          "dependencies": [
            "module.api_gateway.aws_api_gateway_authorizer.cognito",
            "module.api_gateway.aws_api_gateway_method.route",
            "module.api_gateway.aws_api_gateway_resource.audit",
            "module.api_gateway.aws_api_gateway_resource.carts",
            "module.api_gateway.aws_api_gateway_resource.carts_id",
            "module.api_gateway.aws_api_gateway_resource.carts_id_products",
            "module.api_gateway.aws_api_gateway_resource.carts_id_products_id",
            "module.api_gateway.aws_api_gateway_resource.dashboard",
            "module.api_gateway.aws_api_gateway_resource.orders",
            "module.api_gateway.aws_api_gateway_resource.orders_id",
            "module.api_gateway.aws_api_gateway_resource.products",
            "module.api_gateway.aws_api_gateway_resource.products_id",
            "module.api_gateway.aws_api_gateway_resource.registrations",
            "module.api_gateway.aws_api_gateway_resource.stores",
            "module.api_gateway.aws_api_gateway_resource.stores_id",
            "module.api_gateway.aws_api_gateway_resource.users",
            "module.api_gateway.aws_api_gateway_resource.users_id",
            "module.api_gateway.aws_api_gateway_rest_api.this",
            "module.cognito.aws_cognito_user_pool.users",
            "module.dynamodb.aws_dynamodb_table.audit",
            "module.dynamodb.aws_dynamodb_table.carts",
            "module.dynamodb.aws_dynamodb_table.orders",
            "module.dynamodb.aws_dynamodb_table.products",
            "module.dynamodb.aws_dynamodb_table.stores",
            "module.iam.aws_iam_role.audit",
            "module.iam.aws_iam_role.carts",
            "module.iam.aws_iam_role.dashboard",
            "module.iam.aws_iam_role.notifications",
            "module.iam.aws_iam_role.orders",
            "module.iam.aws_iam_role.products",
            "module.iam.aws_iam_role.stores",
            "module.iam.aws_iam_role.users",
            "module.iam.data.aws_iam_policy_document.lambda_assume_role",
            "module.lambdas.aws_cloudwatch_log_group.this",
            "module.lambdas.aws_lambda_function.this",
            "module.lambdas.data.archive_file.this",
            "module.lambdas.null_resource.copy_utils"
          ],
          "create_before_destroy": true
        },
        {
          "index_key": "carts_clear",
          "schema_version": 0,
          "attributes": {
            "cache_key_parameters": [],
            "cache_namespace": "so1vtf",
            "connection_id": "",
            "connection_type": "INTERNET",
            "content_handling": "",
            "credentials": "",
            "http_method": "DELETE",
            "id": "agi-pe5etk8on8-so1vtf-DELETE",
            "integration_http_method": "POST",
            "passthrough_behavior": "WHEN_NO_MATCH",
            "request_parameters": {},
            "request_templates": {},
            "resource_id": "so1vtf",
            "rest_api_id": "pe5etk8on8",
            "timeout_milliseconds": 29000,
            "tls_config": [],
            "type": "AWS_PROXY",
            "uri": "arn:aws:apigateway:us-east-1:lambda:path/2015-03-31/functions/arn:aws:lambda:us-east-1:970290366615:function:cloudshop-armando-carts-clear/invocations"
          },
          "sensitive_attributes": [],
          "identity_schema_version": 0,
          "private": "bnVsbA==",
          "dependencies": [
            "module.api_gateway.aws_api_gateway_authorizer.cognito",
            "module.api_gateway.aws_api_gateway_method.route",
            "module.api_gateway.aws_api_gateway_resource.audit",
            "module.api_gateway.aws_api_gateway_resource.carts",
            "module.api_gateway.aws_api_gateway_resource.carts_id",
            "module.api_gateway.aws_api_gateway_resource.carts_id_products",
            "module.api_gateway.aws_api_gateway_resource.carts_id_products_id",
            "module.api_gateway.aws_api_gateway_resource.dashboard",
            "module.api_gateway.aws_api_gateway_resource.orders",
            "module.api_gateway.aws_api_gateway_resource.orders_id",
            "module.api_gateway.aws_api_gateway_resource.products",
            "module.api_gateway.aws_api_gateway_resource.products_id",
            "module.api_gateway.aws_api_gateway_resource.registrations",
            "module.api_gateway.aws_api_gateway_resource.stores",
            "module.api_gateway.aws_api_gateway_resource.stores_id",
            "module.api_gateway.aws_api_gateway_resource.users",
            "module.api_gateway.aws_api_gateway_resource.users_id",
            "module.api_gateway.aws_api_gateway_rest_api.this",
            "module.cognito.aws_cognito_user_pool.users",
            "module.dynamodb.aws_dynamodb_table.audit",
            "module.dynamodb.aws_dynamodb_table.carts",
            "module.dynamodb.aws_dynamodb_table.orders",
            "module.dynamodb.aws_dynamodb_table.products",
            "module.dynamodb.aws_dynamodb_table.stores",
            "module.iam.aws_iam_role.audit",
            "module.iam.aws_iam_role.carts",
            "module.iam.aws_iam_role.dashboard",
            "module.iam.aws_iam_role.notifications",
            "module.iam.aws_iam_role.orders",
            "module.iam.aws_iam_role.products",
            "module.iam.aws_iam_role.stores",
            "module.iam.aws_iam_role.users",
            "module.iam.data.aws_iam_policy_document.lambda_assume_role",
            "module.lambdas.aws_cloudwatch_log_group.this",
            "module.lambdas.aws_lambda_function.this",
            "module.lambdas.data.archive_file.this",
            "module.lambdas.null_resource.copy_utils"
          ],
          "create_before_destroy": true
        },
        {
          "index_key": "carts_get",
          "schema_version": 0,
          "attributes": {
            "cache_key_parameters": [],
            "cache_namespace": "so1vtf",
            "connection_id": "",
            "connection_type": "INTERNET",
            "content_handling": "",
            "credentials": "",
            "http_method": "GET",
            "id": "agi-pe5etk8on8-so1vtf-GET",
            "integration_http_method": "POST",
            "passthrough_behavior": "WHEN_NO_MATCH",
            "request_parameters": {},
            "request_templates": {},
            "resource_id": "so1vtf",
            "rest_api_id": "pe5etk8on8",
            "timeout_milliseconds": 29000,
            "tls_config": [],
            "type": "AWS_PROXY",
            "uri": "arn:aws:apigateway:us-east-1:lambda:path/2015-03-31/functions/arn:aws:lambda:us-east-1:970290366615:function:cloudshop-armando-carts-get/invocations"
          },
          "sensitive_attributes": [],
          "identity_schema_version": 0,
          "private": "bnVsbA==",
          "dependencies": [
            "module.api_gateway.aws_api_gateway_authorizer.cognito",
            "module.api_gateway.aws_api_gateway_method.route",
            "module.api_gateway.aws_api_gateway_resource.audit",
            "module.api_gateway.aws_api_gateway_resource.carts",
            "module.api_gateway.aws_api_gateway_resource.carts_id",
            "module.api_gateway.aws_api_gateway_resource.carts_id_products",
            "module.api_gateway.aws_api_gateway_resource.carts_id_products_id",
            "module.api_gateway.aws_api_gateway_resource.dashboard",
            "module.api_gateway.aws_api_gateway_resource.orders",
            "module.api_gateway.aws_api_gateway_resource.orders_id",
            "module.api_gateway.aws_api_gateway_resource.products",
            "module.api_gateway.aws_api_gateway_resource.products_id",
            "module.api_gateway.aws_api_gateway_resource.registrations",
            "module.api_gateway.aws_api_gateway_resource.stores",
            "module.api_gateway.aws_api_gateway_resource.stores_id",
            "module.api_gateway.aws_api_gateway_resource.users",
            "module.api_gateway.aws_api_gateway_resource.users_id",
            "module.api_gateway.aws_api_gateway_rest_api.this",
            "module.cognito.aws_cognito_user_pool.users",
            "module.dynamodb.aws_dynamodb_table.audit",
            "module.dynamodb.aws_dynamodb_table.carts",
            "module.dynamodb.aws_dynamodb_table.orders",
            "module.dynamodb.aws_dynamodb_table.products",
            "module.dynamodb.aws_dynamodb_table.stores",
            "module.iam.aws_iam_role.audit",
            "module.iam.aws_iam_role.carts",
            "module.iam.aws_iam_role.dashboard",
            "module.iam.aws_iam_role.notifications",
            "module.iam.aws_iam_role.orders",
            "module.iam.aws_iam_role.products",
            "module.iam.aws_iam_role.stores",
            "module.iam.aws_iam_role.users",
            "module.iam.data.aws_iam_policy_document.lambda_assume_role",
            "module.lambdas.aws_cloudwatch_log_group.this",
            "module.lambdas.aws_lambda_function.this",
            "module.lambdas.data.archive_file.this",
            "module.lambdas.null_resource.copy_utils"
          ],
          "create_before_destroy": true
        },
        {
          "index_key": "carts_modify_quantity",
          "schema_version": 0,
          "attributes": {
            "cache_key_parameters": [],
            "cache_namespace": "u1uwwk",
            "connection_id": "",
            "connection_type": "INTERNET",
            "content_handling": "",
            "credentials": "",
            "http_method": "PATCH",
            "id": "agi-pe5etk8on8-u1uwwk-PATCH",
            "integration_http_method": "POST",
            "passthrough_behavior": "WHEN_NO_MATCH",
            "request_parameters": {},
            "request_templates": {},
            "resource_id": "u1uwwk",
            "rest_api_id": "pe5etk8on8",
            "timeout_milliseconds": 29000,
            "tls_config": [],
            "type": "AWS_PROXY",
            "uri": "arn:aws:apigateway:us-east-1:lambda:path/2015-03-31/functions/arn:aws:lambda:us-east-1:970290366615:function:cloudshop-armando-carts-modify-quantity/invocations"
          },
          "sensitive_attributes": [],
          "identity_schema_version": 0,
          "private": "bnVsbA==",
          "dependencies": [
            "module.api_gateway.aws_api_gateway_authorizer.cognito",
            "module.api_gateway.aws_api_gateway_method.route",
            "module.api_gateway.aws_api_gateway_resource.audit",
            "module.api_gateway.aws_api_gateway_resource.carts",
            "module.api_gateway.aws_api_gateway_resource.carts_id",
            "module.api_gateway.aws_api_gateway_resource.carts_id_products",
            "module.api_gateway.aws_api_gateway_resource.carts_id_products_id",
            "module.api_gateway.aws_api_gateway_resource.dashboard",
            "module.api_gateway.aws_api_gateway_resource.orders",
            "module.api_gateway.aws_api_gateway_resource.orders_id",
            "module.api_gateway.aws_api_gateway_resource.products",
            "module.api_gateway.aws_api_gateway_resource.products_id",
            "module.api_gateway.aws_api_gateway_resource.registrations",
            "module.api_gateway.aws_api_gateway_resource.stores",
            "module.api_gateway.aws_api_gateway_resource.stores_id",
            "module.api_gateway.aws_api_gateway_resource.users",
            "module.api_gateway.aws_api_gateway_resource.users_id",
            "module.api_gateway.aws_api_gateway_rest_api.this",
            "module.cognito.aws_cognito_user_pool.users",
            "module.dynamodb.aws_dynamodb_table.audit",
            "module.dynamodb.aws_dynamodb_table.carts",
            "module.dynamodb.aws_dynamodb_table.orders",
            "module.dynamodb.aws_dynamodb_table.products",
            "module.dynamodb.aws_dynamodb_table.stores",
            "module.iam.aws_iam_role.audit",
            "module.iam.aws_iam_role.carts",
            "module.iam.aws_iam_role.dashboard",
            "module.iam.aws_iam_role.notifications",
            "module.iam.aws_iam_role.orders",
            "module.iam.aws_iam_role.products",
            "module.iam.aws_iam_role.stores",
            "module.iam.aws_iam_role.users",
            "module.iam.data.aws_iam_policy_document.lambda_assume_role",
            "module.lambdas.aws_cloudwatch_log_group.this",
            "module.lambdas.aws_lambda_function.this",
            "module.lambdas.data.archive_file.this",
            "module.lambdas.null_resource.copy_utils"
          ],
          "create_before_destroy": true
        },
        {
          "index_key": "carts_remove_product",
          "schema_version": 0,
          "attributes": {
            "cache_key_parameters": [],
            "cache_namespace": "u1uwwk",
            "connection_id": "",
            "connection_type": "INTERNET",
            "content_handling": "",
            "credentials": "",
            "http_method": "DELETE",
            "id": "agi-pe5etk8on8-u1uwwk-DELETE",
            "integration_http_method": "POST",
            "passthrough_behavior": "WHEN_NO_MATCH",
            "request_parameters": {},
            "request_templates": {},
            "resource_id": "u1uwwk",
            "rest_api_id": "pe5etk8on8",
            "timeout_milliseconds": 29000,
            "tls_config": [],
            "type": "AWS_PROXY",
            "uri": "arn:aws:apigateway:us-east-1:lambda:path/2015-03-31/functions/arn:aws:lambda:us-east-1:970290366615:function:cloudshop-armando-carts-remove-product/invocations"
          },
          "sensitive_attributes": [],
          "identity_schema_version": 0,
          "private": "bnVsbA==",
          "dependencies": [
            "module.api_gateway.aws_api_gateway_authorizer.cognito",
            "module.api_gateway.aws_api_gateway_method.route",
            "module.api_gateway.aws_api_gateway_resource.audit",
            "module.api_gateway.aws_api_gateway_resource.carts",
            "module.api_gateway.aws_api_gateway_resource.carts_id",
            "module.api_gateway.aws_api_gateway_resource.carts_id_products",
            "module.api_gateway.aws_api_gateway_resource.carts_id_products_id",
            "module.api_gateway.aws_api_gateway_resource.dashboard",
            "module.api_gateway.aws_api_gateway_resource.orders",
            "module.api_gateway.aws_api_gateway_resource.orders_id",
            "module.api_gateway.aws_api_gateway_resource.products",
            "module.api_gateway.aws_api_gateway_resource.products_id",
            "module.api_gateway.aws_api_gateway_resource.registrations",
            "module.api_gateway.aws_api_gateway_resource.stores",
            "module.api_gateway.aws_api_gateway_resource.stores_id",
            "module.api_gateway.aws_api_gateway_resource.users",
            "module.api_gateway.aws_api_gateway_resource.users_id",
            "module.api_gateway.aws_api_gateway_rest_api.this",
            "module.cognito.aws_cognito_user_pool.users",
            "module.dynamodb.aws_dynamodb_table.audit",
            "module.dynamodb.aws_dynamodb_table.carts",
            "module.dynamodb.aws_dynamodb_table.orders",
            "module.dynamodb.aws_dynamodb_table.products",
            "module.dynamodb.aws_dynamodb_table.stores",
            "module.iam.aws_iam_role.audit",
            "module.iam.aws_iam_role.carts",
            "module.iam.aws_iam_role.dashboard",
            "module.iam.aws_iam_role.notifications",
            "module.iam.aws_iam_role.orders",
            "module.iam.aws_iam_role.products",
            "module.iam.aws_iam_role.stores",
            "module.iam.aws_iam_role.users",
            "module.iam.data.aws_iam_policy_document.lambda_assume_role",
            "module.lambdas.aws_cloudwatch_log_group.this",
            "module.lambdas.aws_lambda_function.this",
            "module.lambdas.data.archive_file.this",
            "module.lambdas.null_resource.copy_utils"
          ],
          "create_before_destroy": true
        },
        {
          "index_key": "dashboard_get",
          "schema_version": 0,
          "attributes": {
            "cache_key_parameters": [],
            "cache_namespace": "1l2lql",
            "connection_id": "",
            "connection_type": "INTERNET",
            "content_handling": "",
            "credentials": "",
            "http_method": "GET",
            "id": "agi-pe5etk8on8-1l2lql-GET",
            "integration_http_method": "POST",
            "passthrough_behavior": "WHEN_NO_MATCH",
            "request_parameters": {},
            "request_templates": {},
            "resource_id": "1l2lql",
            "rest_api_id": "pe5etk8on8",
            "timeout_milliseconds": 29000,
            "tls_config": [],
            "type": "AWS_PROXY",
            "uri": "arn:aws:apigateway:us-east-1:lambda:path/2015-03-31/functions/arn:aws:lambda:us-east-1:970290366615:function:cloudshop-armando-dashboard-get/invocations"
          },
          "sensitive_attributes": [],
          "identity_schema_version": 0,
          "private": "bnVsbA==",
          "dependencies": [
            "module.api_gateway.aws_api_gateway_authorizer.cognito",
            "module.api_gateway.aws_api_gateway_method.route",
            "module.api_gateway.aws_api_gateway_resource.audit",
            "module.api_gateway.aws_api_gateway_resource.carts",
            "module.api_gateway.aws_api_gateway_resource.carts_id",
            "module.api_gateway.aws_api_gateway_resource.carts_id_products",
            "module.api_gateway.aws_api_gateway_resource.carts_id_products_id",
            "module.api_gateway.aws_api_gateway_resource.dashboard",
            "module.api_gateway.aws_api_gateway_resource.orders",
            "module.api_gateway.aws_api_gateway_resource.orders_id",
            "module.api_gateway.aws_api_gateway_resource.products",
            "module.api_gateway.aws_api_gateway_resource.products_id",
            "module.api_gateway.aws_api_gateway_resource.registrations",
            "module.api_gateway.aws_api_gateway_resource.stores",
            "module.api_gateway.aws_api_gateway_resource.stores_id",
            "module.api_gateway.aws_api_gateway_resource.users",
            "module.api_gateway.aws_api_gateway_resource.users_id",
            "module.api_gateway.aws_api_gateway_rest_api.this",
            "module.cognito.aws_cognito_user_pool.users",
            "module.dynamodb.aws_dynamodb_table.audit",
            "module.dynamodb.aws_dynamodb_table.carts",
            "module.dynamodb.aws_dynamodb_table.orders",
            "module.dynamodb.aws_dynamodb_table.products",
            "module.dynamodb.aws_dynamodb_table.stores",
            "module.iam.aws_iam_role.audit",
            "module.iam.aws_iam_role.carts",
            "module.iam.aws_iam_role.dashboard",
            "module.iam.aws_iam_role.notifications",
            "module.iam.aws_iam_role.orders",
            "module.iam.aws_iam_role.products",
            "module.iam.aws_iam_role.stores",
            "module.iam.aws_iam_role.users",
            "module.iam.data.aws_iam_policy_document.lambda_assume_role",
            "module.lambdas.aws_cloudwatch_log_group.this",
            "module.lambdas.aws_lambda_function.this",
            "module.lambdas.data.archive_file.this",
            "module.lambdas.null_resource.copy_utils"
          ],
          "create_before_destroy": true
        },
        {
          "index_key": "orders_cancel",
          "schema_version": 0,
          "attributes": {
            "cache_key_parameters": [],
            "cache_namespace": "kj23vc",
            "connection_id": "",
            "connection_type": "INTERNET",
            "content_handling": "",
            "credentials": "",
            "http_method": "DELETE",
            "id": "agi-pe5etk8on8-kj23vc-DELETE",
            "integration_http_method": "POST",
            "passthrough_behavior": "WHEN_NO_MATCH",
            "request_parameters": {},
            "request_templates": {},
            "resource_id": "kj23vc",
            "rest_api_id": "pe5etk8on8",
            "timeout_milliseconds": 29000,
            "tls_config": [],
            "type": "AWS_PROXY",
            "uri": "arn:aws:apigateway:us-east-1:lambda:path/2015-03-31/functions/arn:aws:lambda:us-east-1:970290366615:function:cloudshop-armando-orders-cancel/invocations"
          },
          "sensitive_attributes": [],
          "identity_schema_version": 0,
          "private": "bnVsbA==",
          "dependencies": [
            "module.api_gateway.aws_api_gateway_authorizer.cognito",
            "module.api_gateway.aws_api_gateway_method.route",
            "module.api_gateway.aws_api_gateway_resource.audit",
            "module.api_gateway.aws_api_gateway_resource.carts",
            "module.api_gateway.aws_api_gateway_resource.carts_id",
            "module.api_gateway.aws_api_gateway_resource.carts_id_products",
            "module.api_gateway.aws_api_gateway_resource.carts_id_products_id",
            "module.api_gateway.aws_api_gateway_resource.dashboard",
            "module.api_gateway.aws_api_gateway_resource.orders",
            "module.api_gateway.aws_api_gateway_resource.orders_id",
            "module.api_gateway.aws_api_gateway_resource.products",
            "module.api_gateway.aws_api_gateway_resource.products_id",
            "module.api_gateway.aws_api_gateway_resource.registrations",
            "module.api_gateway.aws_api_gateway_resource.stores",
            "module.api_gateway.aws_api_gateway_resource.stores_id",
            "module.api_gateway.aws_api_gateway_resource.users",
            "module.api_gateway.aws_api_gateway_resource.users_id",
            "module.api_gateway.aws_api_gateway_rest_api.this",
            "module.cognito.aws_cognito_user_pool.users",
            "module.dynamodb.aws_dynamodb_table.audit",
            "module.dynamodb.aws_dynamodb_table.carts",
            "module.dynamodb.aws_dynamodb_table.orders",
            "module.dynamodb.aws_dynamodb_table.products",
            "module.dynamodb.aws_dynamodb_table.stores",
            "module.iam.aws_iam_role.audit",
            "module.iam.aws_iam_role.carts",
            "module.iam.aws_iam_role.dashboard",
            "module.iam.aws_iam_role.notifications",
            "module.iam.aws_iam_role.orders",
            "module.iam.aws_iam_role.products",
            "module.iam.aws_iam_role.stores",
            "module.iam.aws_iam_role.users",
            "module.iam.data.aws_iam_policy_document.lambda_assume_role",
            "module.lambdas.aws_cloudwatch_log_group.this",
            "module.lambdas.aws_lambda_function.this",
            "module.lambdas.data.archive_file.this",
            "module.lambdas.null_resource.copy_utils"
          ],
          "create_before_destroy": true
        },
        {
          "index_key": "orders_create",
          "schema_version": 0,
          "attributes": {
            "cache_key_parameters": [],
            "cache_namespace": "1or92y",
            "connection_id": "",
            "connection_type": "INTERNET",
            "content_handling": "",
            "credentials": "",
            "http_method": "POST",
            "id": "agi-pe5etk8on8-1or92y-POST",
            "integration_http_method": "POST",
            "passthrough_behavior": "WHEN_NO_MATCH",
            "request_parameters": {},
            "request_templates": {},
            "resource_id": "1or92y",
            "rest_api_id": "pe5etk8on8",
            "timeout_milliseconds": 29000,
            "tls_config": [],
            "type": "AWS_PROXY",
            "uri": "arn:aws:apigateway:us-east-1:lambda:path/2015-03-31/functions/arn:aws:lambda:us-east-1:970290366615:function:cloudshop-armando-orders-create/invocations"
          },
          "sensitive_attributes": [],
          "identity_schema_version": 0,
          "private": "bnVsbA==",
          "dependencies": [
            "module.api_gateway.aws_api_gateway_authorizer.cognito",
            "module.api_gateway.aws_api_gateway_method.route",
            "module.api_gateway.aws_api_gateway_resource.audit",
            "module.api_gateway.aws_api_gateway_resource.carts",
            "module.api_gateway.aws_api_gateway_resource.carts_id",
            "module.api_gateway.aws_api_gateway_resource.carts_id_products",
            "module.api_gateway.aws_api_gateway_resource.carts_id_products_id",
            "module.api_gateway.aws_api_gateway_resource.dashboard",
            "module.api_gateway.aws_api_gateway_resource.orders",
            "module.api_gateway.aws_api_gateway_resource.orders_id",
            "module.api_gateway.aws_api_gateway_resource.products",
            "module.api_gateway.aws_api_gateway_resource.products_id",
            "module.api_gateway.aws_api_gateway_resource.registrations",
            "module.api_gateway.aws_api_gateway_resource.stores",
            "module.api_gateway.aws_api_gateway_resource.stores_id",
            "module.api_gateway.aws_api_gateway_resource.users",
            "module.api_gateway.aws_api_gateway_resource.users_id",
            "module.api_gateway.aws_api_gateway_rest_api.this",
            "module.cognito.aws_cognito_user_pool.users",
            "module.dynamodb.aws_dynamodb_table.audit",
            "module.dynamodb.aws_dynamodb_table.carts",
            "module.dynamodb.aws_dynamodb_table.orders",
            "module.dynamodb.aws_dynamodb_table.products",
            "module.dynamodb.aws_dynamodb_table.stores",
            "module.iam.aws_iam_role.audit",
            "module.iam.aws_iam_role.carts",
            "module.iam.aws_iam_role.dashboard",
            "module.iam.aws_iam_role.notifications",
            "module.iam.aws_iam_role.orders",
            "module.iam.aws_iam_role.products",
            "module.iam.aws_iam_role.stores",
            "module.iam.aws_iam_role.users",
            "module.iam.data.aws_iam_policy_document.lambda_assume_role",
            "module.lambdas.aws_cloudwatch_log_group.this",
            "module.lambdas.aws_lambda_function.this",
            "module.lambdas.data.archive_file.this",
            "module.lambdas.null_resource.copy_utils"
          ],
          "create_before_destroy": true
        },
        {
          "index_key": "orders_get",
          "schema_version": 0,
          "attributes": {
            "cache_key_parameters": [],
            "cache_namespace": "kj23vc",
            "connection_id": "",
            "connection_type": "INTERNET",
            "content_handling": "",
            "credentials": "",
            "http_method": "GET",
            "id": "agi-pe5etk8on8-kj23vc-GET",
            "integration_http_method": "POST",
            "passthrough_behavior": "WHEN_NO_MATCH",
            "request_parameters": {},
            "request_templates": {},
            "resource_id": "kj23vc",
            "rest_api_id": "pe5etk8on8",
            "timeout_milliseconds": 29000,
            "tls_config": [],
            "type": "AWS_PROXY",
            "uri": "arn:aws:apigateway:us-east-1:lambda:path/2015-03-31/functions/arn:aws:lambda:us-east-1:970290366615:function:cloudshop-armando-orders-get/invocations"
          },
          "sensitive_attributes": [],
          "identity_schema_version": 0,
          "private": "bnVsbA==",
          "dependencies": [
            "module.api_gateway.aws_api_gateway_authorizer.cognito",
            "module.api_gateway.aws_api_gateway_method.route",
            "module.api_gateway.aws_api_gateway_resource.audit",
            "module.api_gateway.aws_api_gateway_resource.carts",
            "module.api_gateway.aws_api_gateway_resource.carts_id",
            "module.api_gateway.aws_api_gateway_resource.carts_id_products",
            "module.api_gateway.aws_api_gateway_resource.carts_id_products_id",
            "module.api_gateway.aws_api_gateway_resource.dashboard",
            "module.api_gateway.aws_api_gateway_resource.orders",
            "module.api_gateway.aws_api_gateway_resource.orders_id",
            "module.api_gateway.aws_api_gateway_resource.products",
            "module.api_gateway.aws_api_gateway_resource.products_id",
            "module.api_gateway.aws_api_gateway_resource.registrations",
            "module.api_gateway.aws_api_gateway_resource.stores",
            "module.api_gateway.aws_api_gateway_resource.stores_id",
            "module.api_gateway.aws_api_gateway_resource.users",
            "module.api_gateway.aws_api_gateway_resource.users_id",
            "module.api_gateway.aws_api_gateway_rest_api.this",
            "module.cognito.aws_cognito_user_pool.users",
            "module.dynamodb.aws_dynamodb_table.audit",
            "module.dynamodb.aws_dynamodb_table.carts",
            "module.dynamodb.aws_dynamodb_table.orders",
            "module.dynamodb.aws_dynamodb_table.products",
            "module.dynamodb.aws_dynamodb_table.stores",
            "module.iam.aws_iam_role.audit",
            "module.iam.aws_iam_role.carts",
            "module.iam.aws_iam_role.dashboard",
            "module.iam.aws_iam_role.notifications",
            "module.iam.aws_iam_role.orders",
            "module.iam.aws_iam_role.products",
            "module.iam.aws_iam_role.stores",
            "module.iam.aws_iam_role.users",
            "module.iam.data.aws_iam_policy_document.lambda_assume_role",
            "module.lambdas.aws_cloudwatch_log_group.this",
            "module.lambdas.aws_lambda_function.this",
            "module.lambdas.data.archive_file.this",
            "module.lambdas.null_resource.copy_utils"
          ],
          "create_before_destroy": true
        },
        {
          "index_key": "orders_list",
          "schema_version": 0,
          "attributes": {
            "cache_key_parameters": [],
            "cache_namespace": "1or92y",
            "connection_id": "",
            "connection_type": "INTERNET",
            "content_handling": "",
            "credentials": "",
            "http_method": "GET",
            "id": "agi-pe5etk8on8-1or92y-GET",
            "integration_http_method": "POST",
            "passthrough_behavior": "WHEN_NO_MATCH",
            "request_parameters": {},
            "request_templates": {},
            "resource_id": "1or92y",
            "rest_api_id": "pe5etk8on8",
            "timeout_milliseconds": 29000,
            "tls_config": [],
            "type": "AWS_PROXY",
            "uri": "arn:aws:apigateway:us-east-1:lambda:path/2015-03-31/functions/arn:aws:lambda:us-east-1:970290366615:function:cloudshop-armando-orders-list/invocations"
          },
          "sensitive_attributes": [],
          "identity_schema_version": 0,
          "private": "bnVsbA==",
          "dependencies": [
            "module.api_gateway.aws_api_gateway_authorizer.cognito",
            "module.api_gateway.aws_api_gateway_method.route",
            "module.api_gateway.aws_api_gateway_resource.audit",
            "module.api_gateway.aws_api_gateway_resource.carts",
            "module.api_gateway.aws_api_gateway_resource.carts_id",
            "module.api_gateway.aws_api_gateway_resource.carts_id_products",
            "module.api_gateway.aws_api_gateway_resource.carts_id_products_id",
            "module.api_gateway.aws_api_gateway_resource.dashboard",
            "module.api_gateway.aws_api_gateway_resource.orders",
            "module.api_gateway.aws_api_gateway_resource.orders_id",
            "module.api_gateway.aws_api_gateway_resource.products",
            "module.api_gateway.aws_api_gateway_resource.products_id",
            "module.api_gateway.aws_api_gateway_resource.registrations",
            "module.api_gateway.aws_api_gateway_resource.stores",
            "module.api_gateway.aws_api_gateway_resource.stores_id",
            "module.api_gateway.aws_api_gateway_resource.users",
            "module.api_gateway.aws_api_gateway_resource.users_id",
            "module.api_gateway.aws_api_gateway_rest_api.this",
            "module.cognito.aws_cognito_user_pool.users",
            "module.dynamodb.aws_dynamodb_table.audit",
            "module.dynamodb.aws_dynamodb_table.carts",
            "module.dynamodb.aws_dynamodb_table.orders",
            "module.dynamodb.aws_dynamodb_table.products",
            "module.dynamodb.aws_dynamodb_table.stores",
            "module.iam.aws_iam_role.audit",
            "module.iam.aws_iam_role.carts",
            "module.iam.aws_iam_role.dashboard",
            "module.iam.aws_iam_role.notifications",
            "module.iam.aws_iam_role.orders",
            "module.iam.aws_iam_role.products",
            "module.iam.aws_iam_role.stores",
            "module.iam.aws_iam_role.users",
            "module.iam.data.aws_iam_policy_document.lambda_assume_role",
            "module.lambdas.aws_cloudwatch_log_group.this",
            "module.lambdas.aws_lambda_function.this",
            "module.lambdas.data.archive_file.this",
            "module.lambdas.null_resource.copy_utils"
          ],
          "create_before_destroy": true
        },
        {
          "index_key": "orders_update_status",
          "schema_version": 0,
          "attributes": {
            "cache_key_parameters": [],
            "cache_namespace": "kj23vc",
            "connection_id": "",
            "connection_type": "INTERNET",
            "content_handling": "",
            "credentials": "",
            "http_method": "PATCH",
            "id": "agi-pe5etk8on8-kj23vc-PATCH",
            "integration_http_method": "POST",
            "passthrough_behavior": "WHEN_NO_MATCH",
            "request_parameters": {},
            "request_templates": {},
            "resource_id": "kj23vc",
            "rest_api_id": "pe5etk8on8",
            "timeout_milliseconds": 29000,
            "tls_config": [],
            "type": "AWS_PROXY",
            "uri": "arn:aws:apigateway:us-east-1:lambda:path/2015-03-31/functions/arn:aws:lambda:us-east-1:970290366615:function:cloudshop-armando-orders-update-status/invocations"
          },
          "sensitive_attributes": [],
          "identity_schema_version": 0,
          "private": "bnVsbA==",
          "dependencies": [
            "module.api_gateway.aws_api_gateway_authorizer.cognito",
            "module.api_gateway.aws_api_gateway_method.route",
            "module.api_gateway.aws_api_gateway_resource.audit",
            "module.api_gateway.aws_api_gateway_resource.carts",
            "module.api_gateway.aws_api_gateway_resource.carts_id",
            "module.api_gateway.aws_api_gateway_resource.carts_id_products",
            "module.api_gateway.aws_api_gateway_resource.carts_id_products_id",
            "module.api_gateway.aws_api_gateway_resource.dashboard",
            "module.api_gateway.aws_api_gateway_resource.orders",
            "module.api_gateway.aws_api_gateway_resource.orders_id",
            "module.api_gateway.aws_api_gateway_resource.products",
            "module.api_gateway.aws_api_gateway_resource.products_id",
            "module.api_gateway.aws_api_gateway_resource.registrations",
            "module.api_gateway.aws_api_gateway_resource.stores",
            "module.api_gateway.aws_api_gateway_resource.stores_id",
            "module.api_gateway.aws_api_gateway_resource.users",
            "module.api_gateway.aws_api_gateway_resource.users_id",
            "module.api_gateway.aws_api_gateway_rest_api.this",
            "module.cognito.aws_cognito_user_pool.users",
            "module.dynamodb.aws_dynamodb_table.audit",
            "module.dynamodb.aws_dynamodb_table.carts",
            "module.dynamodb.aws_dynamodb_table.orders",
            "module.dynamodb.aws_dynamodb_table.products",
            "module.dynamodb.aws_dynamodb_table.stores",
            "module.iam.aws_iam_role.audit",
            "module.iam.aws_iam_role.carts",
            "module.iam.aws_iam_role.dashboard",
            "module.iam.aws_iam_role.notifications",
            "module.iam.aws_iam_role.orders",
            "module.iam.aws_iam_role.products",
            "module.iam.aws_iam_role.stores",
            "module.iam.aws_iam_role.users",
            "module.iam.data.aws_iam_policy_document.lambda_assume_role",
            "module.lambdas.aws_cloudwatch_log_group.this",
            "module.lambdas.aws_lambda_function.this",
            "module.lambdas.data.archive_file.this",
            "module.lambdas.null_resource.copy_utils"
          ],
          "create_before_destroy": true
        },
        {
          "index_key": "products_create",
          "schema_version": 0,
          "attributes": {
            "cache_key_parameters": [],
            "cache_namespace": "pec3nc",
            "connection_id": "",
            "connection_type": "INTERNET",
            "content_handling": "",
            "credentials": "",
            "http_method": "POST",
            "id": "agi-pe5etk8on8-pec3nc-POST",
            "integration_http_method": "POST",
            "passthrough_behavior": "WHEN_NO_MATCH",
            "request_parameters": {},
            "request_templates": {},
            "resource_id": "pec3nc",
            "rest_api_id": "pe5etk8on8",
            "timeout_milliseconds": 29000,
            "tls_config": [],
            "type": "AWS_PROXY",
            "uri": "arn:aws:apigateway:us-east-1:lambda:path/2015-03-31/functions/arn:aws:lambda:us-east-1:970290366615:function:cloudshop-armando-products-create/invocations"
          },
          "sensitive_attributes": [],
          "identity_schema_version": 0,
          "private": "bnVsbA==",
          "dependencies": [
            "module.api_gateway.aws_api_gateway_authorizer.cognito",
            "module.api_gateway.aws_api_gateway_method.route",
            "module.api_gateway.aws_api_gateway_resource.audit",
            "module.api_gateway.aws_api_gateway_resource.carts",
            "module.api_gateway.aws_api_gateway_resource.carts_id",
            "module.api_gateway.aws_api_gateway_resource.carts_id_products",
            "module.api_gateway.aws_api_gateway_resource.carts_id_products_id",
            "module.api_gateway.aws_api_gateway_resource.dashboard",
            "module.api_gateway.aws_api_gateway_resource.orders",
            "module.api_gateway.aws_api_gateway_resource.orders_id",
            "module.api_gateway.aws_api_gateway_resource.products",
            "module.api_gateway.aws_api_gateway_resource.products_id",
            "module.api_gateway.aws_api_gateway_resource.registrations",
            "module.api_gateway.aws_api_gateway_resource.stores",
            "module.api_gateway.aws_api_gateway_resource.stores_id",
            "module.api_gateway.aws_api_gateway_resource.users",
            "module.api_gateway.aws_api_gateway_resource.users_id",
            "module.api_gateway.aws_api_gateway_rest_api.this",
            "module.cognito.aws_cognito_user_pool.users",
            "module.dynamodb.aws_dynamodb_table.audit",
            "module.dynamodb.aws_dynamodb_table.carts",
            "module.dynamodb.aws_dynamodb_table.orders",
            "module.dynamodb.aws_dynamodb_table.products",
            "module.dynamodb.aws_dynamodb_table.stores",
            "module.iam.aws_iam_role.audit",
            "module.iam.aws_iam_role.carts",
            "module.iam.aws_iam_role.dashboard",
            "module.iam.aws_iam_role.notifications",
            "module.iam.aws_iam_role.orders",
            "module.iam.aws_iam_role.products",
            "module.iam.aws_iam_role.stores",
            "module.iam.aws_iam_role.users",
            "module.iam.data.aws_iam_policy_document.lambda_assume_role",
            "module.lambdas.aws_cloudwatch_log_group.this",
            "module.lambdas.aws_lambda_function.this",
            "module.lambdas.data.archive_file.this",
            "module.lambdas.null_resource.copy_utils"
          ],
          "create_before_destroy": true
        },
        {
          "index_key": "products_delete",
          "schema_version": 0,
          "attributes": {
            "cache_key_parameters": [],
            "cache_namespace": "bge28b",
            "connection_id": "",
            "connection_type": "INTERNET",
            "content_handling": "",
            "credentials": "",
            "http_method": "DELETE",
            "id": "agi-pe5etk8on8-bge28b-DELETE",
            "integration_http_method": "POST",
            "passthrough_behavior": "WHEN_NO_MATCH",
            "request_parameters": {},
            "request_templates": {},
            "resource_id": "bge28b",
            "rest_api_id": "pe5etk8on8",
            "timeout_milliseconds": 29000,
            "tls_config": [],
            "type": "AWS_PROXY",
            "uri": "arn:aws:apigateway:us-east-1:lambda:path/2015-03-31/functions/arn:aws:lambda:us-east-1:970290366615:function:cloudshop-armando-products-delete/invocations"
          },
          "sensitive_attributes": [],
          "identity_schema_version": 0,
          "private": "bnVsbA==",
          "dependencies": [
            "module.api_gateway.aws_api_gateway_authorizer.cognito",
            "module.api_gateway.aws_api_gateway_method.route",
            "module.api_gateway.aws_api_gateway_resource.audit",
            "module.api_gateway.aws_api_gateway_resource.carts",
            "module.api_gateway.aws_api_gateway_resource.carts_id",
            "module.api_gateway.aws_api_gateway_resource.carts_id_products",
            "module.api_gateway.aws_api_gateway_resource.carts_id_products_id",
            "module.api_gateway.aws_api_gateway_resource.dashboard",
            "module.api_gateway.aws_api_gateway_resource.orders",
            "module.api_gateway.aws_api_gateway_resource.orders_id",
            "module.api_gateway.aws_api_gateway_resource.products",
            "module.api_gateway.aws_api_gateway_resource.products_id",
            "module.api_gateway.aws_api_gateway_resource.registrations",
            "module.api_gateway.aws_api_gateway_resource.stores",
            "module.api_gateway.aws_api_gateway_resource.stores_id",
            "module.api_gateway.aws_api_gateway_resource.users",
            "module.api_gateway.aws_api_gateway_resource.users_id",
            "module.api_gateway.aws_api_gateway_rest_api.this",
            "module.cognito.aws_cognito_user_pool.users",
            "module.dynamodb.aws_dynamodb_table.audit",
            "module.dynamodb.aws_dynamodb_table.carts",
            "module.dynamodb.aws_dynamodb_table.orders",
            "module.dynamodb.aws_dynamodb_table.products",
            "module.dynamodb.aws_dynamodb_table.stores",
            "module.iam.aws_iam_role.audit",
            "module.iam.aws_iam_role.carts",
            "module.iam.aws_iam_role.dashboard",
            "module.iam.aws_iam_role.notifications",
            "module.iam.aws_iam_role.orders",
            "module.iam.aws_iam_role.products",
            "module.iam.aws_iam_role.stores",
            "module.iam.aws_iam_role.users",
            "module.iam.data.aws_iam_policy_document.lambda_assume_role",
            "module.lambdas.aws_cloudwatch_log_group.this",
            "module.lambdas.aws_lambda_function.this",
            "module.lambdas.data.archive_file.this",
            "module.lambdas.null_resource.copy_utils"
          ],
          "create_before_destroy": true
        },
        {
          "index_key": "products_get",
          "schema_version": 0,
          "attributes": {
            "cache_key_parameters": [],
            "cache_namespace": "bge28b",
            "connection_id": "",
            "connection_type": "INTERNET",
            "content_handling": "",
            "credentials": "",
            "http_method": "GET",
            "id": "agi-pe5etk8on8-bge28b-GET",
            "integration_http_method": "POST",
            "passthrough_behavior": "WHEN_NO_MATCH",
            "request_parameters": {},
            "request_templates": {},
            "resource_id": "bge28b",
            "rest_api_id": "pe5etk8on8",
            "timeout_milliseconds": 29000,
            "tls_config": [],
            "type": "AWS_PROXY",
            "uri": "arn:aws:apigateway:us-east-1:lambda:path/2015-03-31/functions/arn:aws:lambda:us-east-1:970290366615:function:cloudshop-armando-products-get/invocations"
          },
          "sensitive_attributes": [],
          "identity_schema_version": 0,
          "private": "bnVsbA==",
          "dependencies": [
            "module.api_gateway.aws_api_gateway_authorizer.cognito",
            "module.api_gateway.aws_api_gateway_method.route",
            "module.api_gateway.aws_api_gateway_resource.audit",
            "module.api_gateway.aws_api_gateway_resource.carts",
            "module.api_gateway.aws_api_gateway_resource.carts_id",
            "module.api_gateway.aws_api_gateway_resource.carts_id_products",
            "module.api_gateway.aws_api_gateway_resource.carts_id_products_id",
            "module.api_gateway.aws_api_gateway_resource.dashboard",
            "module.api_gateway.aws_api_gateway_resource.orders",
            "module.api_gateway.aws_api_gateway_resource.orders_id",
            "module.api_gateway.aws_api_gateway_resource.products",
            "module.api_gateway.aws_api_gateway_resource.products_id",
            "module.api_gateway.aws_api_gateway_resource.registrations",
            "module.api_gateway.aws_api_gateway_resource.stores",
            "module.api_gateway.aws_api_gateway_resource.stores_id",
            "module.api_gateway.aws_api_gateway_resource.users",
            "module.api_gateway.aws_api_gateway_resource.users_id",
            "module.api_gateway.aws_api_gateway_rest_api.this",
            "module.cognito.aws_cognito_user_pool.users",
            "module.dynamodb.aws_dynamodb_table.audit",
            "module.dynamodb.aws_dynamodb_table.carts",
            "module.dynamodb.aws_dynamodb_table.orders",
            "module.dynamodb.aws_dynamodb_table.products",
            "module.dynamodb.aws_dynamodb_table.stores",
            "module.iam.aws_iam_role.audit",
            "module.iam.aws_iam_role.carts",
            "module.iam.aws_iam_role.dashboard",
            "module.iam.aws_iam_role.notifications",
            "module.iam.aws_iam_role.orders",
            "module.iam.aws_iam_role.products",
            "module.iam.aws_iam_role.stores",
            "module.iam.aws_iam_role.users",
            "module.iam.data.aws_iam_policy_document.lambda_assume_role",
            "module.lambdas.aws_cloudwatch_log_group.this",
            "module.lambdas.aws_lambda_function.this",
            "module.lambdas.data.archive_file.this",
            "module.lambdas.null_resource.copy_utils"
          ],
          "create_before_destroy": true
        },
        {
          "index_key": "products_list",
          "schema_version": 0,
          "attributes": {
            "cache_key_parameters": [],
            "cache_namespace": "pec3nc",
            "connection_id": "",
            "connection_type": "INTERNET",
            "content_handling": "",
            "credentials": "",
            "http_method": "GET",
            "id": "agi-pe5etk8on8-pec3nc-GET",
            "integration_http_method": "POST",
            "passthrough_behavior": "WHEN_NO_MATCH",
            "request_parameters": {},
            "request_templates": {},
            "resource_id": "pec3nc",
            "rest_api_id": "pe5etk8on8",
            "timeout_milliseconds": 29000,
            "tls_config": [],
            "type": "AWS_PROXY",
            "uri": "arn:aws:apigateway:us-east-1:lambda:path/2015-03-31/functions/arn:aws:lambda:us-east-1:970290366615:function:cloudshop-armando-products-list/invocations"
          },
          "sensitive_attributes": [],
          "identity_schema_version": 0,
          "private": "bnVsbA==",
          "dependencies": [
            "module.api_gateway.aws_api_gateway_authorizer.cognito",
            "module.api_gateway.aws_api_gateway_method.route",
            "module.api_gateway.aws_api_gateway_resource.audit",
            "module.api_gateway.aws_api_gateway_resource.carts",
            "module.api_gateway.aws_api_gateway_resource.carts_id",
            "module.api_gateway.aws_api_gateway_resource.carts_id_products",
            "module.api_gateway.aws_api_gateway_resource.carts_id_products_id",
            "module.api_gateway.aws_api_gateway_resource.dashboard",
            "module.api_gateway.aws_api_gateway_resource.orders",
            "module.api_gateway.aws_api_gateway_resource.orders_id",
            "module.api_gateway.aws_api_gateway_resource.products",
            "module.api_gateway.aws_api_gateway_resource.products_id",
            "module.api_gateway.aws_api_gateway_resource.registrations",
            "module.api_gateway.aws_api_gateway_resource.stores",
            "module.api_gateway.aws_api_gateway_resource.stores_id",
            "module.api_gateway.aws_api_gateway_resource.users",
            "module.api_gateway.aws_api_gateway_resource.users_id",
            "module.api_gateway.aws_api_gateway_rest_api.this",
            "module.cognito.aws_cognito_user_pool.users",
            "module.dynamodb.aws_dynamodb_table.audit",
            "module.dynamodb.aws_dynamodb_table.carts",
            "module.dynamodb.aws_dynamodb_table.orders",
            "module.dynamodb.aws_dynamodb_table.products",
            "module.dynamodb.aws_dynamodb_table.stores",
            "module.iam.aws_iam_role.audit",
            "module.iam.aws_iam_role.carts",
            "module.iam.aws_iam_role.dashboard",
            "module.iam.aws_iam_role.notifications",
            "module.iam.aws_iam_role.orders",
            "module.iam.aws_iam_role.products",
            "module.iam.aws_iam_role.stores",
            "module.iam.aws_iam_role.users",
            "module.iam.data.aws_iam_policy_document.lambda_assume_role",
            "module.lambdas.aws_cloudwatch_log_group.this",
            "module.lambdas.aws_lambda_function.this",
            "module.lambdas.data.archive_file.this",
            "module.lambdas.null_resource.copy_utils"
          ],
          "create_before_destroy": true
        },
        {
          "index_key": "products_update",
          "schema_version": 0,
          "attributes": {
            "cache_key_parameters": [],
            "cache_namespace": "bge28b",
            "connection_id": "",
            "connection_type": "INTERNET",
            "content_handling": "",
            "credentials": "",
            "http_method": "PATCH",
            "id": "agi-pe5etk8on8-bge28b-PATCH",
            "integration_http_method": "POST",
            "passthrough_behavior": "WHEN_NO_MATCH",
            "request_parameters": {},
            "request_templates": {},
            "resource_id": "bge28b",
            "rest_api_id": "pe5etk8on8",
            "timeout_milliseconds": 29000,
            "tls_config": [],
            "type": "AWS_PROXY",
            "uri": "arn:aws:apigateway:us-east-1:lambda:path/2015-03-31/functions/arn:aws:lambda:us-east-1:970290366615:function:cloudshop-armando-products-update/invocations"
          },
          "sensitive_attributes": [],
          "identity_schema_version": 0,
          "private": "bnVsbA==",
          "dependencies": [
            "module.api_gateway.aws_api_gateway_authorizer.cognito",
            "module.api_gateway.aws_api_gateway_method.route",
            "module.api_gateway.aws_api_gateway_resource.audit",
            "module.api_gateway.aws_api_gateway_resource.carts",
            "module.api_gateway.aws_api_gateway_resource.carts_id",
            "module.api_gateway.aws_api_gateway_resource.carts_id_products",
            "module.api_gateway.aws_api_gateway_resource.carts_id_products_id",
            "module.api_gateway.aws_api_gateway_resource.dashboard",
            "module.api_gateway.aws_api_gateway_resource.orders",
            "module.api_gateway.aws_api_gateway_resource.orders_id",
            "module.api_gateway.aws_api_gateway_resource.products",
            "module.api_gateway.aws_api_gateway_resource.products_id",
            "module.api_gateway.aws_api_gateway_resource.registrations",
            "module.api_gateway.aws_api_gateway_resource.stores",
            "module.api_gateway.aws_api_gateway_resource.stores_id",
            "module.api_gateway.aws_api_gateway_resource.users",
            "module.api_gateway.aws_api_gateway_resource.users_id",
            "module.api_gateway.aws_api_gateway_rest_api.this",
            "module.cognito.aws_cognito_user_pool.users",
            "module.dynamodb.aws_dynamodb_table.audit",
            "module.dynamodb.aws_dynamodb_table.carts",
            "module.dynamodb.aws_dynamodb_table.orders",
            "module.dynamodb.aws_dynamodb_table.products",
            "module.dynamodb.aws_dynamodb_table.stores",
            "module.iam.aws_iam_role.audit",
            "module.iam.aws_iam_role.carts",
            "module.iam.aws_iam_role.dashboard",
            "module.iam.aws_iam_role.notifications",
            "module.iam.aws_iam_role.orders",
            "module.iam.aws_iam_role.products",
            "module.iam.aws_iam_role.stores",
            "module.iam.aws_iam_role.users",
            "module.iam.data.aws_iam_policy_document.lambda_assume_role",
            "module.lambdas.aws_cloudwatch_log_group.this",
            "module.lambdas.aws_lambda_function.this",
            "module.lambdas.data.archive_file.this",
            "module.lambdas.null_resource.copy_utils"
          ],
          "create_before_destroy": true
        },
        {
          "index_key": "register",
          "schema_version": 0,
          "attributes": {
            "cache_key_parameters": [],
            "cache_namespace": "ppn1tu",
            "connection_id": "",
            "connection_type": "INTERNET",
            "content_handling": "",
            "credentials": "",
            "http_method": "POST",
            "id": "agi-pe5etk8on8-ppn1tu-POST",
            "integration_http_method": "POST",
            "passthrough_behavior": "WHEN_NO_MATCH",
            "request_parameters": {},
            "request_templates": {},
            "resource_id": "ppn1tu",
            "rest_api_id": "pe5etk8on8",
            "timeout_milliseconds": 29000,
            "tls_config": [],
            "type": "AWS_PROXY",
            "uri": "arn:aws:apigateway:us-east-1:lambda:path/2015-03-31/functions/arn:aws:lambda:us-east-1:970290366615:function:cloudshop-armando-users-register/invocations"
          },
          "sensitive_attributes": [],
          "identity_schema_version": 0,
          "private": "bnVsbA==",
          "dependencies": [
            "module.api_gateway.aws_api_gateway_authorizer.cognito",
            "module.api_gateway.aws_api_gateway_method.route",
            "module.api_gateway.aws_api_gateway_resource.audit",
            "module.api_gateway.aws_api_gateway_resource.carts",
            "module.api_gateway.aws_api_gateway_resource.carts_id",
            "module.api_gateway.aws_api_gateway_resource.carts_id_products",
            "module.api_gateway.aws_api_gateway_resource.carts_id_products_id",
            "module.api_gateway.aws_api_gateway_resource.dashboard",
            "module.api_gateway.aws_api_gateway_resource.orders",
            "module.api_gateway.aws_api_gateway_resource.orders_id",
            "module.api_gateway.aws_api_gateway_resource.products",
            "module.api_gateway.aws_api_gateway_resource.products_id",
            "module.api_gateway.aws_api_gateway_resource.registrations",
            "module.api_gateway.aws_api_gateway_resource.stores",
            "module.api_gateway.aws_api_gateway_resource.stores_id",
            "module.api_gateway.aws_api_gateway_resource.users",
            "module.api_gateway.aws_api_gateway_resource.users_id",
            "module.api_gateway.aws_api_gateway_rest_api.this",
            "module.cognito.aws_cognito_user_pool.users",
            "module.dynamodb.aws_dynamodb_table.audit",
            "module.dynamodb.aws_dynamodb_table.carts",
            "module.dynamodb.aws_dynamodb_table.orders",
            "module.dynamodb.aws_dynamodb_table.products",
            "module.dynamodb.aws_dynamodb_table.stores",
            "module.iam.aws_iam_role.audit",
            "module.iam.aws_iam_role.carts",
            "module.iam.aws_iam_role.dashboard",
            "module.iam.aws_iam_role.notifications",
            "module.iam.aws_iam_role.orders",
            "module.iam.aws_iam_role.products",
            "module.iam.aws_iam_role.stores",
            "module.iam.aws_iam_role.users",
            "module.iam.data.aws_iam_policy_document.lambda_assume_role",
            "module.lambdas.aws_cloudwatch_log_group.this",
            "module.lambdas.aws_lambda_function.this",
            "module.lambdas.data.archive_file.this",
            "module.lambdas.null_resource.copy_utils"
          ],
          "create_before_destroy": true
        },
        {
          "index_key": "stores_create",
          "schema_version": 0,
          "attributes": {
            "cache_key_parameters": [],
            "cache_namespace": "bihz2h",
            "connection_id": "",
            "connection_type": "INTERNET",
            "content_handling": "",
            "credentials": "",
            "http_method": "POST",
            "id": "agi-pe5etk8on8-bihz2h-POST",
            "integration_http_method": "POST",
            "passthrough_behavior": "WHEN_NO_MATCH",
            "request_parameters": {},
            "request_templates": {},
            "resource_id": "bihz2h",
            "rest_api_id": "pe5etk8on8",
            "timeout_milliseconds": 29000,
            "tls_config": [],
            "type": "AWS_PROXY",
            "uri": "arn:aws:apigateway:us-east-1:lambda:path/2015-03-31/functions/arn:aws:lambda:us-east-1:970290366615:function:cloudshop-armando-stores-create/invocations"
          },
          "sensitive_attributes": [],
          "identity_schema_version": 0,
          "private": "bnVsbA==",
          "dependencies": [
            "module.api_gateway.aws_api_gateway_authorizer.cognito",
            "module.api_gateway.aws_api_gateway_method.route",
            "module.api_gateway.aws_api_gateway_resource.audit",
            "module.api_gateway.aws_api_gateway_resource.carts",
            "module.api_gateway.aws_api_gateway_resource.carts_id",
            "module.api_gateway.aws_api_gateway_resource.carts_id_products",
            "module.api_gateway.aws_api_gateway_resource.carts_id_products_id",
            "module.api_gateway.aws_api_gateway_resource.dashboard",
            "module.api_gateway.aws_api_gateway_resource.orders",
            "module.api_gateway.aws_api_gateway_resource.orders_id",
            "module.api_gateway.aws_api_gateway_resource.products",
            "module.api_gateway.aws_api_gateway_resource.products_id",
            "module.api_gateway.aws_api_gateway_resource.registrations",
            "module.api_gateway.aws_api_gateway_resource.stores",
            "module.api_gateway.aws_api_gateway_resource.stores_id",
            "module.api_gateway.aws_api_gateway_resource.users",
            "module.api_gateway.aws_api_gateway_resource.users_id",
            "module.api_gateway.aws_api_gateway_rest_api.this",
            "module.cognito.aws_cognito_user_pool.users",
            "module.dynamodb.aws_dynamodb_table.audit",
            "module.dynamodb.aws_dynamodb_table.carts",
            "module.dynamodb.aws_dynamodb_table.orders",
            "module.dynamodb.aws_dynamodb_table.products",
            "module.dynamodb.aws_dynamodb_table.stores",
            "module.iam.aws_iam_role.audit",
            "module.iam.aws_iam_role.carts",
            "module.iam.aws_iam_role.dashboard",
            "module.iam.aws_iam_role.notifications",
            "module.iam.aws_iam_role.orders",
            "module.iam.aws_iam_role.products",
            "module.iam.aws_iam_role.stores",
            "module.iam.aws_iam_role.users",
            "module.iam.data.aws_iam_policy_document.lambda_assume_role",
            "module.lambdas.aws_cloudwatch_log_group.this",
            "module.lambdas.aws_lambda_function.this",
            "module.lambdas.data.archive_file.this",
            "module.lambdas.null_resource.copy_utils"
          ],
          "create_before_destroy": true
        },
        {
          "index_key": "stores_delete",
          "schema_version": 0,
          "attributes": {
            "cache_key_parameters": [],
            "cache_namespace": "ff7w51",
            "connection_id": "",
            "connection_type": "INTERNET",
            "content_handling": "",
            "credentials": "",
            "http_method": "DELETE",
            "id": "agi-pe5etk8on8-ff7w51-DELETE",
            "integration_http_method": "POST",
            "passthrough_behavior": "WHEN_NO_MATCH",
            "request_parameters": {},
            "request_templates": {},
            "resource_id": "ff7w51",
            "rest_api_id": "pe5etk8on8",
            "timeout_milliseconds": 29000,
            "tls_config": [],
            "type": "AWS_PROXY",
            "uri": "arn:aws:apigateway:us-east-1:lambda:path/2015-03-31/functions/arn:aws:lambda:us-east-1:970290366615:function:cloudshop-armando-stores-delete/invocations"
          },
          "sensitive_attributes": [],
          "identity_schema_version": 0,
          "private": "bnVsbA==",
          "dependencies": [
            "module.api_gateway.aws_api_gateway_authorizer.cognito",
            "module.api_gateway.aws_api_gateway_method.route",
            "module.api_gateway.aws_api_gateway_resource.audit",
            "module.api_gateway.aws_api_gateway_resource.carts",
            "module.api_gateway.aws_api_gateway_resource.carts_id",
            "module.api_gateway.aws_api_gateway_resource.carts_id_products",
            "module.api_gateway.aws_api_gateway_resource.carts_id_products_id",
            "module.api_gateway.aws_api_gateway_resource.dashboard",
            "module.api_gateway.aws_api_gateway_resource.orders",
            "module.api_gateway.aws_api_gateway_resource.orders_id",
            "module.api_gateway.aws_api_gateway_resource.products",
            "module.api_gateway.aws_api_gateway_resource.products_id",
            "module.api_gateway.aws_api_gateway_resource.registrations",
            "module.api_gateway.aws_api_gateway_resource.stores",
            "module.api_gateway.aws_api_gateway_resource.stores_id",
            "module.api_gateway.aws_api_gateway_resource.users",
            "module.api_gateway.aws_api_gateway_resource.users_id",
            "module.api_gateway.aws_api_gateway_rest_api.this",
            "module.cognito.aws_cognito_user_pool.users",
            "module.dynamodb.aws_dynamodb_table.audit",
            "module.dynamodb.aws_dynamodb_table.carts",
            "module.dynamodb.aws_dynamodb_table.orders",
            "module.dynamodb.aws_dynamodb_table.products",
            "module.dynamodb.aws_dynamodb_table.stores",
            "module.iam.aws_iam_role.audit",
            "module.iam.aws_iam_role.carts",
            "module.iam.aws_iam_role.dashboard",
            "module.iam.aws_iam_role.notifications",
            "module.iam.aws_iam_role.orders",
            "module.iam.aws_iam_role.products",
            "module.iam.aws_iam_role.stores",
            "module.iam.aws_iam_role.users",
            "module.iam.data.aws_iam_policy_document.lambda_assume_role",
            "module.lambdas.aws_cloudwatch_log_group.this",
            "module.lambdas.aws_lambda_function.this",
            "module.lambdas.data.archive_file.this",
            "module.lambdas.null_resource.copy_utils"
          ],
          "create_before_destroy": true
        },
        {
          "index_key": "stores_get",
          "schema_version": 0,
          "attributes": {
            "cache_key_parameters": [],
            "cache_namespace": "ff7w51",
            "connection_id": "",
            "connection_type": "INTERNET",
            "content_handling": "",
            "credentials": "",
            "http_method": "GET",
            "id": "agi-pe5etk8on8-ff7w51-GET",
            "integration_http_method": "POST",
            "passthrough_behavior": "WHEN_NO_MATCH",
            "request_parameters": {},
            "request_templates": {},
            "resource_id": "ff7w51",
            "rest_api_id": "pe5etk8on8",
            "timeout_milliseconds": 29000,
            "tls_config": [],
            "type": "AWS_PROXY",
            "uri": "arn:aws:apigateway:us-east-1:lambda:path/2015-03-31/functions/arn:aws:lambda:us-east-1:970290366615:function:cloudshop-armando-stores-get/invocations"
          },
          "sensitive_attributes": [],
          "identity_schema_version": 0,
          "private": "bnVsbA==",
          "dependencies": [
            "module.api_gateway.aws_api_gateway_authorizer.cognito",
            "module.api_gateway.aws_api_gateway_method.route",
            "module.api_gateway.aws_api_gateway_resource.audit",
            "module.api_gateway.aws_api_gateway_resource.carts",
            "module.api_gateway.aws_api_gateway_resource.carts_id",
            "module.api_gateway.aws_api_gateway_resource.carts_id_products",
            "module.api_gateway.aws_api_gateway_resource.carts_id_products_id",
            "module.api_gateway.aws_api_gateway_resource.dashboard",
            "module.api_gateway.aws_api_gateway_resource.orders",
            "module.api_gateway.aws_api_gateway_resource.orders_id",
            "module.api_gateway.aws_api_gateway_resource.products",
            "module.api_gateway.aws_api_gateway_resource.products_id",
            "module.api_gateway.aws_api_gateway_resource.registrations",
            "module.api_gateway.aws_api_gateway_resource.stores",
            "module.api_gateway.aws_api_gateway_resource.stores_id",
            "module.api_gateway.aws_api_gateway_resource.users",
            "module.api_gateway.aws_api_gateway_resource.users_id",
            "module.api_gateway.aws_api_gateway_rest_api.this",
            "module.cognito.aws_cognito_user_pool.users",
            "module.dynamodb.aws_dynamodb_table.audit",
            "module.dynamodb.aws_dynamodb_table.carts",
            "module.dynamodb.aws_dynamodb_table.orders",
            "module.dynamodb.aws_dynamodb_table.products",
            "module.dynamodb.aws_dynamodb_table.stores",
            "module.iam.aws_iam_role.audit",
            "module.iam.aws_iam_role.carts",
            "module.iam.aws_iam_role.dashboard",
            "module.iam.aws_iam_role.notifications",
            "module.iam.aws_iam_role.orders",
            "module.iam.aws_iam_role.products",
            "module.iam.aws_iam_role.stores",
            "module.iam.aws_iam_role.users",
            "module.iam.data.aws_iam_policy_document.lambda_assume_role",
            "module.lambdas.aws_cloudwatch_log_group.this",
            "module.lambdas.aws_lambda_function.this",
            "module.lambdas.data.archive_file.this",
            "module.lambdas.null_resource.copy_utils"
          ],
          "create_before_destroy": true
        },
        {
          "index_key": "stores_list",
          "schema_version": 0,
          "attributes": {
            "cache_key_parameters": [],
            "cache_namespace": "bihz2h",
            "connection_id": "",
            "connection_type": "INTERNET",
            "content_handling": "",
            "credentials": "",
            "http_method": "GET",
            "id": "agi-pe5etk8on8-bihz2h-GET",
            "integration_http_method": "POST",
            "passthrough_behavior": "WHEN_NO_MATCH",
            "request_parameters": {},
            "request_templates": {},
            "resource_id": "bihz2h",
            "rest_api_id": "pe5etk8on8",
            "timeout_milliseconds": 29000,
            "tls_config": [],
            "type": "AWS_PROXY",
            "uri": "arn:aws:apigateway:us-east-1:lambda:path/2015-03-31/functions/arn:aws:lambda:us-east-1:970290366615:function:cloudshop-armando-stores-list/invocations"
          },
          "sensitive_attributes": [],
          "identity_schema_version": 0,
          "private": "bnVsbA==",
          "dependencies": [
            "module.api_gateway.aws_api_gateway_authorizer.cognito",
            "module.api_gateway.aws_api_gateway_method.route",
            "module.api_gateway.aws_api_gateway_resource.audit",
            "module.api_gateway.aws_api_gateway_resource.carts",
            "module.api_gateway.aws_api_gateway_resource.carts_id",
            "module.api_gateway.aws_api_gateway_resource.carts_id_products",
            "module.api_gateway.aws_api_gateway_resource.carts_id_products_id",
            "module.api_gateway.aws_api_gateway_resource.dashboard",
            "module.api_gateway.aws_api_gateway_resource.orders",
            "module.api_gateway.aws_api_gateway_resource.orders_id",
            "module.api_gateway.aws_api_gateway_resource.products",
            "module.api_gateway.aws_api_gateway_resource.products_id",
            "module.api_gateway.aws_api_gateway_resource.registrations",
            "module.api_gateway.aws_api_gateway_resource.stores",
            "module.api_gateway.aws_api_gateway_resource.stores_id",
            "module.api_gateway.aws_api_gateway_resource.users",
            "module.api_gateway.aws_api_gateway_resource.users_id",
            "module.api_gateway.aws_api_gateway_rest_api.this",
            "module.cognito.aws_cognito_user_pool.users",
            "module.dynamodb.aws_dynamodb_table.audit",
            "module.dynamodb.aws_dynamodb_table.carts",
            "module.dynamodb.aws_dynamodb_table.orders",
            "module.dynamodb.aws_dynamodb_table.products",
            "module.dynamodb.aws_dynamodb_table.stores",
            "module.iam.aws_iam_role.audit",
            "module.iam.aws_iam_role.carts",
            "module.iam.aws_iam_role.dashboard",
            "module.iam.aws_iam_role.notifications",
            "module.iam.aws_iam_role.orders",
            "module.iam.aws_iam_role.products",
            "module.iam.aws_iam_role.stores",
            "module.iam.aws_iam_role.users",
            "module.iam.data.aws_iam_policy_document.lambda_assume_role",
            "module.lambdas.aws_cloudwatch_log_group.this",
            "module.lambdas.aws_lambda_function.this",
            "module.lambdas.data.archive_file.this",
            "module.lambdas.null_resource.copy_utils"
          ],
          "create_before_destroy": true
        },
        {
          "index_key": "stores_update",
          "schema_version": 0,
          "attributes": {
            "cache_key_parameters": [],
            "cache_namespace": "ff7w51",
            "connection_id": "",
            "connection_type": "INTERNET",
            "content_handling": "",
            "credentials": "",
            "http_method": "PATCH",
            "id": "agi-pe5etk8on8-ff7w51-PATCH",
            "integration_http_method": "POST",
            "passthrough_behavior": "WHEN_NO_MATCH",
            "request_parameters": {},
            "request_templates": {},
            "resource_id": "ff7w51",
            "rest_api_id": "pe5etk8on8",
            "timeout_milliseconds": 29000,
            "tls_config": [],
            "type": "AWS_PROXY",
            "uri": "arn:aws:apigateway:us-east-1:lambda:path/2015-03-31/functions/arn:aws:lambda:us-east-1:970290366615:function:cloudshop-armando-stores-update/invocations"
          },
          "sensitive_attributes": [],
          "identity_schema_version": 0,
          "private": "bnVsbA==",
          "dependencies": [
            "module.api_gateway.aws_api_gateway_authorizer.cognito",
            "module.api_gateway.aws_api_gateway_method.route",
            "module.api_gateway.aws_api_gateway_resource.audit",
            "module.api_gateway.aws_api_gateway_resource.carts",
            "module.api_gateway.aws_api_gateway_resource.carts_id",
            "module.api_gateway.aws_api_gateway_resource.carts_id_products",
            "module.api_gateway.aws_api_gateway_resource.carts_id_products_id",
            "module.api_gateway.aws_api_gateway_resource.dashboard",
            "module.api_gateway.aws_api_gateway_resource.orders",
            "module.api_gateway.aws_api_gateway_resource.orders_id",
            "module.api_gateway.aws_api_gateway_resource.products",
            "module.api_gateway.aws_api_gateway_resource.products_id",
            "module.api_gateway.aws_api_gateway_resource.registrations",
            "module.api_gateway.aws_api_gateway_resource.stores",
            "module.api_gateway.aws_api_gateway_resource.stores_id",
            "module.api_gateway.aws_api_gateway_resource.users",
            "module.api_gateway.aws_api_gateway_resource.users_id",
            "module.api_gateway.aws_api_gateway_rest_api.this",
            "module.cognito.aws_cognito_user_pool.users",
            "module.dynamodb.aws_dynamodb_table.audit",
            "module.dynamodb.aws_dynamodb_table.carts",
            "module.dynamodb.aws_dynamodb_table.orders",
            "module.dynamodb.aws_dynamodb_table.products",
            "module.dynamodb.aws_dynamodb_table.stores",
            "module.iam.aws_iam_role.audit",
            "module.iam.aws_iam_role.carts",
            "module.iam.aws_iam_role.dashboard",
            "module.iam.aws_iam_role.notifications",
            "module.iam.aws_iam_role.orders",
            "module.iam.aws_iam_role.products",
            "module.iam.aws_iam_role.stores",
            "module.iam.aws_iam_role.users",
            "module.iam.data.aws_iam_policy_document.lambda_assume_role",
            "module.lambdas.aws_cloudwatch_log_group.this",
            "module.lambdas.aws_lambda_function.this",
            "module.lambdas.data.archive_file.this",
            "module.lambdas.null_resource.copy_utils"
          ],
          "create_before_destroy": true
        },
        {
          "index_key": "users_delete",
          "schema_version": 0,
          "attributes": {
            "cache_key_parameters": [],
            "cache_namespace": "9ac8ci",
            "connection_id": "",
            "connection_type": "INTERNET",
            "content_handling": "",
            "credentials": "",
            "http_method": "DELETE",
            "id": "agi-pe5etk8on8-9ac8ci-DELETE",
            "integration_http_method": "POST",
            "passthrough_behavior": "WHEN_NO_MATCH",
            "request_parameters": {},
            "request_templates": {},
            "resource_id": "9ac8ci",
            "rest_api_id": "pe5etk8on8",
            "timeout_milliseconds": 29000,
            "tls_config": [],
            "type": "AWS_PROXY",
            "uri": "arn:aws:apigateway:us-east-1:lambda:path/2015-03-31/functions/arn:aws:lambda:us-east-1:970290366615:function:cloudshop-armando-users-delete/invocations"
          },
          "sensitive_attributes": [],
          "identity_schema_version": 0,
          "private": "bnVsbA==",
          "dependencies": [
            "module.api_gateway.aws_api_gateway_authorizer.cognito",
            "module.api_gateway.aws_api_gateway_method.route",
            "module.api_gateway.aws_api_gateway_resource.audit",
            "module.api_gateway.aws_api_gateway_resource.carts",
            "module.api_gateway.aws_api_gateway_resource.carts_id",
            "module.api_gateway.aws_api_gateway_resource.carts_id_products",
            "module.api_gateway.aws_api_gateway_resource.carts_id_products_id",
            "module.api_gateway.aws_api_gateway_resource.dashboard",
            "module.api_gateway.aws_api_gateway_resource.orders",
            "module.api_gateway.aws_api_gateway_resource.orders_id",
            "module.api_gateway.aws_api_gateway_resource.products",
            "module.api_gateway.aws_api_gateway_resource.products_id",
            "module.api_gateway.aws_api_gateway_resource.registrations",
            "module.api_gateway.aws_api_gateway_resource.stores",
            "module.api_gateway.aws_api_gateway_resource.stores_id",
            "module.api_gateway.aws_api_gateway_resource.users",
            "module.api_gateway.aws_api_gateway_resource.users_id",
            "module.api_gateway.aws_api_gateway_rest_api.this",
            "module.cognito.aws_cognito_user_pool.users",
            "module.dynamodb.aws_dynamodb_table.audit",
            "module.dynamodb.aws_dynamodb_table.carts",
            "module.dynamodb.aws_dynamodb_table.orders",
            "module.dynamodb.aws_dynamodb_table.products",
            "module.dynamodb.aws_dynamodb_table.stores",
            "module.iam.aws_iam_role.audit",
            "module.iam.aws_iam_role.carts",
            "module.iam.aws_iam_role.dashboard",
            "module.iam.aws_iam_role.notifications",
            "module.iam.aws_iam_role.orders",
            "module.iam.aws_iam_role.products",
            "module.iam.aws_iam_role.stores",
            "module.iam.aws_iam_role.users",
            "module.iam.data.aws_iam_policy_document.lambda_assume_role",
            "module.lambdas.aws_cloudwatch_log_group.this",
            "module.lambdas.aws_lambda_function.this",
            "module.lambdas.data.archive_file.this",
            "module.lambdas.null_resource.copy_utils"
          ],
          "create_before_destroy": true
        },
        {
          "index_key": "users_list",
          "schema_version": 0,
          "attributes": {
            "cache_key_parameters": [],
            "cache_namespace": "rb85uf",
            "connection_id": "",
            "connection_type": "INTERNET",
            "content_handling": "",
            "credentials": "",
            "http_method": "GET",
            "id": "agi-pe5etk8on8-rb85uf-GET",
            "integration_http_method": "POST",
            "passthrough_behavior": "WHEN_NO_MATCH",
            "request_parameters": {},
            "request_templates": {},
            "resource_id": "rb85uf",
            "rest_api_id": "pe5etk8on8",
            "timeout_milliseconds": 29000,
            "tls_config": [],
            "type": "AWS_PROXY",
            "uri": "arn:aws:apigateway:us-east-1:lambda:path/2015-03-31/functions/arn:aws:lambda:us-east-1:970290366615:function:cloudshop-armando-users-list/invocations"
          },
          "sensitive_attributes": [],
          "identity_schema_version": 0,
          "private": "bnVsbA==",
          "dependencies": [
            "module.api_gateway.aws_api_gateway_authorizer.cognito",
            "module.api_gateway.aws_api_gateway_method.route",
            "module.api_gateway.aws_api_gateway_resource.audit",
            "module.api_gateway.aws_api_gateway_resource.carts",
            "module.api_gateway.aws_api_gateway_resource.carts_id",
            "module.api_gateway.aws_api_gateway_resource.carts_id_products",
            "module.api_gateway.aws_api_gateway_resource.carts_id_products_id",
            "module.api_gateway.aws_api_gateway_resource.dashboard",
            "module.api_gateway.aws_api_gateway_resource.orders",
            "module.api_gateway.aws_api_gateway_resource.orders_id",
            "module.api_gateway.aws_api_gateway_resource.products",
            "module.api_gateway.aws_api_gateway_resource.products_id",
            "module.api_gateway.aws_api_gateway_resource.registrations",
            "module.api_gateway.aws_api_gateway_resource.stores",
            "module.api_gateway.aws_api_gateway_resource.stores_id",
            "module.api_gateway.aws_api_gateway_resource.users",
            "module.api_gateway.aws_api_gateway_resource.users_id",
            "module.api_gateway.aws_api_gateway_rest_api.this",
            "module.cognito.aws_cognito_user_pool.users",
            "module.dynamodb.aws_dynamodb_table.audit",
            "module.dynamodb.aws_dynamodb_table.carts",
            "module.dynamodb.aws_dynamodb_table.orders",
            "module.dynamodb.aws_dynamodb_table.products",
            "module.dynamodb.aws_dynamodb_table.stores",
            "module.iam.aws_iam_role.audit",
            "module.iam.aws_iam_role.carts",
            "module.iam.aws_iam_role.dashboard",
            "module.iam.aws_iam_role.notifications",
            "module.iam.aws_iam_role.orders",
            "module.iam.aws_iam_role.products",
            "module.iam.aws_iam_role.stores",
            "module.iam.aws_iam_role.users",
            "module.iam.data.aws_iam_policy_document.lambda_assume_role",
            "module.lambdas.aws_cloudwatch_log_group.this",
            "module.lambdas.aws_lambda_function.this",
            "module.lambdas.data.archive_file.this",
            "module.lambdas.null_resource.copy_utils"
          ],
          "create_before_destroy": true
        },
        {
          "index_key": "users_update",
          "schema_version": 0,
          "attributes": {
            "cache_key_parameters": [],
            "cache_namespace": "9ac8ci",
            "connection_id": "",
            "connection_type": "INTERNET",
            "content_handling": "",
            "credentials": "",
            "http_method": "PATCH",
            "id": "agi-pe5etk8on8-9ac8ci-PATCH",
            "integration_http_method": "POST",
            "passthrough_behavior": "WHEN_NO_MATCH",
            "request_parameters": {},
            "request_templates": {},
            "resource_id": "9ac8ci",
            "rest_api_id": "pe5etk8on8",
            "timeout_milliseconds": 29000,
            "tls_config": [],
            "type": "AWS_PROXY",
            "uri": "arn:aws:apigateway:us-east-1:lambda:path/2015-03-31/functions/arn:aws:lambda:us-east-1:970290366615:function:cloudshop-armando-users-update/invocations"
          },
          "sensitive_attributes": [],
          "identity_schema_version": 0,
          "private": "bnVsbA==",
          "dependencies": [
            "module.api_gateway.aws_api_gateway_authorizer.cognito",
            "module.api_gateway.aws_api_gateway_method.route",
            "module.api_gateway.aws_api_gateway_resource.audit",
            "module.api_gateway.aws_api_gateway_resource.carts",
            "module.api_gateway.aws_api_gateway_resource.carts_id",
            "module.api_gateway.aws_api_gateway_resource.carts_id_products",
            "module.api_gateway.aws_api_gateway_resource.carts_id_products_id",
            "module.api_gateway.aws_api_gateway_resource.dashboard",
            "module.api_gateway.aws_api_gateway_resource.orders",
            "module.api_gateway.aws_api_gateway_resource.orders_id",
            "module.api_gateway.aws_api_gateway_resource.products",
            "module.api_gateway.aws_api_gateway_resource.products_id",
            "module.api_gateway.aws_api_gateway_resource.registrations",
            "module.api_gateway.aws_api_gateway_resource.stores",
            "module.api_gateway.aws_api_gateway_resource.stores_id",
            "module.api_gateway.aws_api_gateway_resource.users",
            "module.api_gateway.aws_api_gateway_resource.users_id",
            "module.api_gateway.aws_api_gateway_rest_api.this",
            "module.cognito.aws_cognito_user_pool.users",
            "module.dynamodb.aws_dynamodb_table.audit",
            "module.dynamodb.aws_dynamodb_table.carts",
            "module.dynamodb.aws_dynamodb_table.orders",
            "module.dynamodb.aws_dynamodb_table.products",
            "module.dynamodb.aws_dynamodb_table.stores",
            "module.iam.aws_iam_role.audit",
            "module.iam.aws_iam_role.carts",
            "module.iam.aws_iam_role.dashboard",
            "module.iam.aws_iam_role.notifications",
            "module.iam.aws_iam_role.orders",
            "module.iam.aws_iam_role.products",
            "module.iam.aws_iam_role.stores",
            "module.iam.aws_iam_role.users",
            "module.iam.data.aws_iam_policy_document.lambda_assume_role",
            "module.lambdas.aws_cloudwatch_log_group.this",
            "module.lambdas.aws_lambda_function.this",
            "module.lambdas.data.archive_file.this",
            "module.lambdas.null_resource.copy_utils"
          ],
          "create_before_destroy": true
        }
      ]
    },
    {
      "module": "module.api_gateway",
      "mode": "managed",
      "type": "aws_api_gateway_integration_response",
      "name": "options",
      "provider": "provider[\"registry.terraform.io/hashicorp/aws\"]",
      "instances": [
        {
          "index_key": "audit",
          "schema_version": 0,
          "attributes": {
            "content_handling": "",
            "http_method": "OPTIONS",
            "id": "agir-pe5etk8on8-s9mv9l-OPTIONS-200",
            "resource_id": "s9mv9l",
            "response_parameters": {
              "method.response.header.Access-Control-Allow-Headers": "'Content-Type,Authorization'",
              "method.response.header.Access-Control-Allow-Methods": "'OPTIONS,GET,POST,PATCH,DELETE'",
              "method.response.header.Access-Control-Allow-Origin": "'*'"
            },
            "response_templates": {},
            "rest_api_id": "pe5etk8on8",
            "selection_pattern": "",
            "status_code": "200"
          },
          "sensitive_attributes": [],
          "identity_schema_version": 0,
          "private": "bnVsbA==",
          "dependencies": [
            "module.api_gateway.aws_api_gateway_integration.options",
            "module.api_gateway.aws_api_gateway_method.options",
            "module.api_gateway.aws_api_gateway_method_response.options",
            "module.api_gateway.aws_api_gateway_resource.audit",
            "module.api_gateway.aws_api_gateway_resource.carts",
            "module.api_gateway.aws_api_gateway_resource.carts_id",
            "module.api_gateway.aws_api_gateway_resource.carts_id_products",
            "module.api_gateway.aws_api_gateway_resource.carts_id_products_id",
            "module.api_gateway.aws_api_gateway_resource.dashboard",
            "module.api_gateway.aws_api_gateway_resource.orders",
            "module.api_gateway.aws_api_gateway_resource.orders_id",
            "module.api_gateway.aws_api_gateway_resource.products",
            "module.api_gateway.aws_api_gateway_resource.products_id",
            "module.api_gateway.aws_api_gateway_resource.registrations",
            "module.api_gateway.aws_api_gateway_resource.stores",
            "module.api_gateway.aws_api_gateway_resource.stores_id",
            "module.api_gateway.aws_api_gateway_resource.users",
            "module.api_gateway.aws_api_gateway_resource.users_id",
            "module.api_gateway.aws_api_gateway_rest_api.this",
            "module.dynamodb.aws_dynamodb_table.audit",
            "module.dynamodb.aws_dynamodb_table.carts",
            "module.dynamodb.aws_dynamodb_table.orders",
            "module.dynamodb.aws_dynamodb_table.products",
            "module.dynamodb.aws_dynamodb_table.stores",
            "module.iam.aws_iam_role.audit",
            "module.iam.aws_iam_role.carts",
            "module.iam.aws_iam_role.dashboard",
            "module.iam.aws_iam_role.notifications",
            "module.iam.aws_iam_role.orders",
            "module.iam.aws_iam_role.products",
            "module.iam.aws_iam_role.stores",
            "module.iam.aws_iam_role.users",
            "module.iam.data.aws_iam_policy_document.lambda_assume_role",
            "module.lambdas.aws_cloudwatch_log_group.this",
            "module.lambdas.aws_lambda_function.this",
            "module.lambdas.data.archive_file.this",
            "module.lambdas.null_resource.copy_utils"
          ],
          "create_before_destroy": true
        },
        {
          "index_key": "carts_id",
          "schema_version": 0,
          "attributes": {
            "content_handling": "",
            "http_method": "OPTIONS",
            "id": "agir-pe5etk8on8-so1vtf-OPTIONS-200",
            "resource_id": "so1vtf",
            "response_parameters": {
              "method.response.header.Access-Control-Allow-Headers": "'Content-Type,Authorization'",
              "method.response.header.Access-Control-Allow-Methods": "'OPTIONS,GET,POST,PATCH,DELETE'",
              "method.response.header.Access-Control-Allow-Origin": "'*'"
            },
            "response_templates": {},
            "rest_api_id": "pe5etk8on8",
            "selection_pattern": "",
            "status_code": "200"
          },
          "sensitive_attributes": [],
          "identity_schema_version": 0,
          "private": "bnVsbA==",
          "dependencies": [
            "module.api_gateway.aws_api_gateway_integration.options",
            "module.api_gateway.aws_api_gateway_method.options",
            "module.api_gateway.aws_api_gateway_method_response.options",
            "module.api_gateway.aws_api_gateway_resource.audit",
            "module.api_gateway.aws_api_gateway_resource.carts",
            "module.api_gateway.aws_api_gateway_resource.carts_id",
            "module.api_gateway.aws_api_gateway_resource.carts_id_products",
            "module.api_gateway.aws_api_gateway_resource.carts_id_products_id",
            "module.api_gateway.aws_api_gateway_resource.dashboard",
            "module.api_gateway.aws_api_gateway_resource.orders",
            "module.api_gateway.aws_api_gateway_resource.orders_id",
            "module.api_gateway.aws_api_gateway_resource.products",
            "module.api_gateway.aws_api_gateway_resource.products_id",
            "module.api_gateway.aws_api_gateway_resource.registrations",
            "module.api_gateway.aws_api_gateway_resource.stores",
            "module.api_gateway.aws_api_gateway_resource.stores_id",
            "module.api_gateway.aws_api_gateway_resource.users",
            "module.api_gateway.aws_api_gateway_resource.users_id",
            "module.api_gateway.aws_api_gateway_rest_api.this",
            "module.dynamodb.aws_dynamodb_table.audit",
            "module.dynamodb.aws_dynamodb_table.carts",
            "module.dynamodb.aws_dynamodb_table.orders",
            "module.dynamodb.aws_dynamodb_table.products",
            "module.dynamodb.aws_dynamodb_table.stores",
            "module.iam.aws_iam_role.audit",
            "module.iam.aws_iam_role.carts",
            "module.iam.aws_iam_role.dashboard",
            "module.iam.aws_iam_role.notifications",
            "module.iam.aws_iam_role.orders",
            "module.iam.aws_iam_role.products",
            "module.iam.aws_iam_role.stores",
            "module.iam.aws_iam_role.users",
            "module.iam.data.aws_iam_policy_document.lambda_assume_role",
            "module.lambdas.aws_cloudwatch_log_group.this",
            "module.lambdas.aws_lambda_function.this",
            "module.lambdas.data.archive_file.this",
            "module.lambdas.null_resource.copy_utils"
          ],
          "create_before_destroy": true
        },
        {
          "index_key": "carts_id_products_id",
          "schema_version": 0,
          "attributes": {
            "content_handling": "",
            "http_method": "OPTIONS",
            "id": "agir-pe5etk8on8-u1uwwk-OPTIONS-200",
            "resource_id": "u1uwwk",
            "response_parameters": {
              "method.response.header.Access-Control-Allow-Headers": "'Content-Type,Authorization'",
              "method.response.header.Access-Control-Allow-Methods": "'OPTIONS,GET,POST,PATCH,DELETE'",
              "method.response.header.Access-Control-Allow-Origin": "'*'"
            },
            "response_templates": {},
            "rest_api_id": "pe5etk8on8",
            "selection_pattern": "",
            "status_code": "200"
          },
          "sensitive_attributes": [],
          "identity_schema_version": 0,
          "private": "bnVsbA==",
          "dependencies": [
            "module.api_gateway.aws_api_gateway_integration.options",
            "module.api_gateway.aws_api_gateway_method.options",
            "module.api_gateway.aws_api_gateway_method_response.options",
            "module.api_gateway.aws_api_gateway_resource.audit",
            "module.api_gateway.aws_api_gateway_resource.carts",
            "module.api_gateway.aws_api_gateway_resource.carts_id",
            "module.api_gateway.aws_api_gateway_resource.carts_id_products",
            "module.api_gateway.aws_api_gateway_resource.carts_id_products_id",
            "module.api_gateway.aws_api_gateway_resource.dashboard",
            "module.api_gateway.aws_api_gateway_resource.orders",
            "module.api_gateway.aws_api_gateway_resource.orders_id",
            "module.api_gateway.aws_api_gateway_resource.products",
            "module.api_gateway.aws_api_gateway_resource.products_id",
            "module.api_gateway.aws_api_gateway_resource.registrations",
            "module.api_gateway.aws_api_gateway_resource.stores",
            "module.api_gateway.aws_api_gateway_resource.stores_id",
            "module.api_gateway.aws_api_gateway_resource.users",
            "module.api_gateway.aws_api_gateway_resource.users_id",
            "module.api_gateway.aws_api_gateway_rest_api.this",
            "module.dynamodb.aws_dynamodb_table.audit",
            "module.dynamodb.aws_dynamodb_table.carts",
            "module.dynamodb.aws_dynamodb_table.orders",
            "module.dynamodb.aws_dynamodb_table.products",
            "module.dynamodb.aws_dynamodb_table.stores",
            "module.iam.aws_iam_role.audit",
            "module.iam.aws_iam_role.carts",
            "module.iam.aws_iam_role.dashboard",
            "module.iam.aws_iam_role.notifications",
            "module.iam.aws_iam_role.orders",
            "module.iam.aws_iam_role.products",
            "module.iam.aws_iam_role.stores",
            "module.iam.aws_iam_role.users",
            "module.iam.data.aws_iam_policy_document.lambda_assume_role",
            "module.lambdas.aws_cloudwatch_log_group.this",
            "module.lambdas.aws_lambda_function.this",
            "module.lambdas.data.archive_file.this",
            "module.lambdas.null_resource.copy_utils"
          ],
          "create_before_destroy": true
        },
        {
          "index_key": "dashboard",
          "schema_version": 0,
          "attributes": {
            "content_handling": "",
            "http_method": "OPTIONS",
            "id": "agir-pe5etk8on8-1l2lql-OPTIONS-200",
            "resource_id": "1l2lql",
            "response_parameters": {
              "method.response.header.Access-Control-Allow-Headers": "'Content-Type,Authorization'",
              "method.response.header.Access-Control-Allow-Methods": "'OPTIONS,GET,POST,PATCH,DELETE'",
              "method.response.header.Access-Control-Allow-Origin": "'*'"
            },
            "response_templates": {},
            "rest_api_id": "pe5etk8on8",
            "selection_pattern": "",
            "status_code": "200"
          },
          "sensitive_attributes": [],
          "identity_schema_version": 0,
          "private": "bnVsbA==",
          "dependencies": [
            "module.api_gateway.aws_api_gateway_integration.options",
            "module.api_gateway.aws_api_gateway_method.options",
            "module.api_gateway.aws_api_gateway_method_response.options",
            "module.api_gateway.aws_api_gateway_resource.audit",
            "module.api_gateway.aws_api_gateway_resource.carts",
            "module.api_gateway.aws_api_gateway_resource.carts_id",
            "module.api_gateway.aws_api_gateway_resource.carts_id_products",
            "module.api_gateway.aws_api_gateway_resource.carts_id_products_id",
            "module.api_gateway.aws_api_gateway_resource.dashboard",
            "module.api_gateway.aws_api_gateway_resource.orders",
            "module.api_gateway.aws_api_gateway_resource.orders_id",
            "module.api_gateway.aws_api_gateway_resource.products",
            "module.api_gateway.aws_api_gateway_resource.products_id",
            "module.api_gateway.aws_api_gateway_resource.registrations",
            "module.api_gateway.aws_api_gateway_resource.stores",
            "module.api_gateway.aws_api_gateway_resource.stores_id",
            "module.api_gateway.aws_api_gateway_resource.users",
            "module.api_gateway.aws_api_gateway_resource.users_id",
            "module.api_gateway.aws_api_gateway_rest_api.this",
            "module.dynamodb.aws_dynamodb_table.audit",
            "module.dynamodb.aws_dynamodb_table.carts",
            "module.dynamodb.aws_dynamodb_table.orders",
            "module.dynamodb.aws_dynamodb_table.products",
            "module.dynamodb.aws_dynamodb_table.stores",
            "module.iam.aws_iam_role.audit",
            "module.iam.aws_iam_role.carts",
            "module.iam.aws_iam_role.dashboard",
            "module.iam.aws_iam_role.notifications",
            "module.iam.aws_iam_role.orders",
            "module.iam.aws_iam_role.products",
            "module.iam.aws_iam_role.stores",
            "module.iam.aws_iam_role.users",
            "module.iam.data.aws_iam_policy_document.lambda_assume_role",
            "module.lambdas.aws_cloudwatch_log_group.this",
            "module.lambdas.aws_lambda_function.this",
            "module.lambdas.data.archive_file.this",
            "module.lambdas.null_resource.copy_utils"
          ],
          "create_before_destroy": true
        },
        {
          "index_key": "orders",
          "schema_version": 0,
          "attributes": {
            "content_handling": "",
            "http_method": "OPTIONS",
            "id": "agir-pe5etk8on8-1or92y-OPTIONS-200",
            "resource_id": "1or92y",
            "response_parameters": {
              "method.response.header.Access-Control-Allow-Headers": "'Content-Type,Authorization'",
              "method.response.header.Access-Control-Allow-Methods": "'OPTIONS,GET,POST,PATCH,DELETE'",
              "method.response.header.Access-Control-Allow-Origin": "'*'"
            },
            "response_templates": {},
            "rest_api_id": "pe5etk8on8",
            "selection_pattern": "",
            "status_code": "200"
          },
          "sensitive_attributes": [],
          "identity_schema_version": 0,
          "private": "bnVsbA==",
          "dependencies": [
            "module.api_gateway.aws_api_gateway_integration.options",
            "module.api_gateway.aws_api_gateway_method.options",
            "module.api_gateway.aws_api_gateway_method_response.options",
            "module.api_gateway.aws_api_gateway_resource.audit",
            "module.api_gateway.aws_api_gateway_resource.carts",
            "module.api_gateway.aws_api_gateway_resource.carts_id",
            "module.api_gateway.aws_api_gateway_resource.carts_id_products",
            "module.api_gateway.aws_api_gateway_resource.carts_id_products_id",
            "module.api_gateway.aws_api_gateway_resource.dashboard",
            "module.api_gateway.aws_api_gateway_resource.orders",
            "module.api_gateway.aws_api_gateway_resource.orders_id",
            "module.api_gateway.aws_api_gateway_resource.products",
            "module.api_gateway.aws_api_gateway_resource.products_id",
            "module.api_gateway.aws_api_gateway_resource.registrations",
            "module.api_gateway.aws_api_gateway_resource.stores",
            "module.api_gateway.aws_api_gateway_resource.stores_id",
            "module.api_gateway.aws_api_gateway_resource.users",
            "module.api_gateway.aws_api_gateway_resource.users_id",
            "module.api_gateway.aws_api_gateway_rest_api.this",
            "module.dynamodb.aws_dynamodb_table.audit",
            "module.dynamodb.aws_dynamodb_table.carts",
            "module.dynamodb.aws_dynamodb_table.orders",
            "module.dynamodb.aws_dynamodb_table.products",
            "module.dynamodb.aws_dynamodb_table.stores",
            "module.iam.aws_iam_role.audit",
            "module.iam.aws_iam_role.carts",
            "module.iam.aws_iam_role.dashboard",
            "module.iam.aws_iam_role.notifications",
            "module.iam.aws_iam_role.orders",
            "module.iam.aws_iam_role.products",
            "module.iam.aws_iam_role.stores",
            "module.iam.aws_iam_role.users",
            "module.iam.data.aws_iam_policy_document.lambda_assume_role",
            "module.lambdas.aws_cloudwatch_log_group.this",
            "module.lambdas.aws_lambda_function.this",
            "module.lambdas.data.archive_file.this",
            "module.lambdas.null_resource.copy_utils"
          ],
          "create_before_destroy": true
        },
        {
          "index_key": "orders_id",
          "schema_version": 0,
          "attributes": {
            "content_handling": "",
            "http_method": "OPTIONS",
            "id": "agir-pe5etk8on8-kj23vc-OPTIONS-200",
            "resource_id": "kj23vc",
            "response_parameters": {
              "method.response.header.Access-Control-Allow-Headers": "'Content-Type,Authorization'",
              "method.response.header.Access-Control-Allow-Methods": "'OPTIONS,GET,POST,PATCH,DELETE'",
              "method.response.header.Access-Control-Allow-Origin": "'*'"
            },
            "response_templates": {},
            "rest_api_id": "pe5etk8on8",
            "selection_pattern": "",
            "status_code": "200"
          },
          "sensitive_attributes": [],
          "identity_schema_version": 0,
          "private": "bnVsbA==",
          "dependencies": [
            "module.api_gateway.aws_api_gateway_integration.options",
            "module.api_gateway.aws_api_gateway_method.options",
            "module.api_gateway.aws_api_gateway_method_response.options",
            "module.api_gateway.aws_api_gateway_resource.audit",
            "module.api_gateway.aws_api_gateway_resource.carts",
            "module.api_gateway.aws_api_gateway_resource.carts_id",
            "module.api_gateway.aws_api_gateway_resource.carts_id_products",
            "module.api_gateway.aws_api_gateway_resource.carts_id_products_id",
            "module.api_gateway.aws_api_gateway_resource.dashboard",
            "module.api_gateway.aws_api_gateway_resource.orders",
            "module.api_gateway.aws_api_gateway_resource.orders_id",
            "module.api_gateway.aws_api_gateway_resource.products",
            "module.api_gateway.aws_api_gateway_resource.products_id",
            "module.api_gateway.aws_api_gateway_resource.registrations",
            "module.api_gateway.aws_api_gateway_resource.stores",
            "module.api_gateway.aws_api_gateway_resource.stores_id",
            "module.api_gateway.aws_api_gateway_resource.users",
            "module.api_gateway.aws_api_gateway_resource.users_id",
            "module.api_gateway.aws_api_gateway_rest_api.this",
            "module.dynamodb.aws_dynamodb_table.audit",
            "module.dynamodb.aws_dynamodb_table.carts",
            "module.dynamodb.aws_dynamodb_table.orders",
            "module.dynamodb.aws_dynamodb_table.products",
            "module.dynamodb.aws_dynamodb_table.stores",
            "module.iam.aws_iam_role.audit",
            "module.iam.aws_iam_role.carts",
            "module.iam.aws_iam_role.dashboard",
            "module.iam.aws_iam_role.notifications",
            "module.iam.aws_iam_role.orders",
            "module.iam.aws_iam_role.products",
            "module.iam.aws_iam_role.stores",
            "module.iam.aws_iam_role.users",
            "module.iam.data.aws_iam_policy_document.lambda_assume_role",
            "module.lambdas.aws_cloudwatch_log_group.this",
            "module.lambdas.aws_lambda_function.this",
            "module.lambdas.data.archive_file.this",
            "module.lambdas.null_resource.copy_utils"
          ],
          "create_before_destroy": true
        },
        {
          "index_key": "products",
          "schema_version": 0,
          "attributes": {
            "content_handling": "",
            "http_method": "OPTIONS",
            "id": "agir-pe5etk8on8-pec3nc-OPTIONS-200",
            "resource_id": "pec3nc",
            "response_parameters": {
              "method.response.header.Access-Control-Allow-Headers": "'Content-Type,Authorization'",
              "method.response.header.Access-Control-Allow-Methods": "'OPTIONS,GET,POST,PATCH,DELETE'",
              "method.response.header.Access-Control-Allow-Origin": "'*'"
            },
            "response_templates": {},
            "rest_api_id": "pe5etk8on8",
            "selection_pattern": "",
            "status_code": "200"
          },
          "sensitive_attributes": [],
          "identity_schema_version": 0,
          "private": "bnVsbA==",
          "dependencies": [
            "module.api_gateway.aws_api_gateway_integration.options",
            "module.api_gateway.aws_api_gateway_method.options",
            "module.api_gateway.aws_api_gateway_method_response.options",
            "module.api_gateway.aws_api_gateway_resource.audit",
            "module.api_gateway.aws_api_gateway_resource.carts",
            "module.api_gateway.aws_api_gateway_resource.carts_id",
            "module.api_gateway.aws_api_gateway_resource.carts_id_products",
            "module.api_gateway.aws_api_gateway_resource.carts_id_products_id",
            "module.api_gateway.aws_api_gateway_resource.dashboard",
            "module.api_gateway.aws_api_gateway_resource.orders",
            "module.api_gateway.aws_api_gateway_resource.orders_id",
            "module.api_gateway.aws_api_gateway_resource.products",
            "module.api_gateway.aws_api_gateway_resource.products_id",
            "module.api_gateway.aws_api_gateway_resource.registrations",
            "module.api_gateway.aws_api_gateway_resource.stores",
            "module.api_gateway.aws_api_gateway_resource.stores_id",
            "module.api_gateway.aws_api_gateway_resource.users",
            "module.api_gateway.aws_api_gateway_resource.users_id",
            "module.api_gateway.aws_api_gateway_rest_api.this",
            "module.dynamodb.aws_dynamodb_table.audit",
            "module.dynamodb.aws_dynamodb_table.carts",
            "module.dynamodb.aws_dynamodb_table.orders",
            "module.dynamodb.aws_dynamodb_table.products",
            "module.dynamodb.aws_dynamodb_table.stores",
            "module.iam.aws_iam_role.audit",
            "module.iam.aws_iam_role.carts",
            "module.iam.aws_iam_role.dashboard",
            "module.iam.aws_iam_role.notifications",
            "module.iam.aws_iam_role.orders",
            "module.iam.aws_iam_role.products",
            "module.iam.aws_iam_role.stores",
            "module.iam.aws_iam_role.users",
            "module.iam.data.aws_iam_policy_document.lambda_assume_role",
            "module.lambdas.aws_cloudwatch_log_group.this",
            "module.lambdas.aws_lambda_function.this",
            "module.lambdas.data.archive_file.this",
            "module.lambdas.null_resource.copy_utils"
          ],
          "create_before_destroy": true
        },
        {
          "index_key": "products_id",
          "schema_version": 0,
          "attributes": {
            "content_handling": "",
            "http_method": "OPTIONS",
            "id": "agir-pe5etk8on8-bge28b-OPTIONS-200",
            "resource_id": "bge28b",
            "response_parameters": {
              "method.response.header.Access-Control-Allow-Headers": "'Content-Type,Authorization'",
              "method.response.header.Access-Control-Allow-Methods": "'OPTIONS,GET,POST,PATCH,DELETE'",
              "method.response.header.Access-Control-Allow-Origin": "'*'"
            },
            "response_templates": {},
            "rest_api_id": "pe5etk8on8",
            "selection_pattern": "",
            "status_code": "200"
          },
          "sensitive_attributes": [],
          "identity_schema_version": 0,
          "private": "bnVsbA==",
          "dependencies": [
            "module.api_gateway.aws_api_gateway_integration.options",
            "module.api_gateway.aws_api_gateway_method.options",
            "module.api_gateway.aws_api_gateway_method_response.options",
            "module.api_gateway.aws_api_gateway_resource.audit",
            "module.api_gateway.aws_api_gateway_resource.carts",
            "module.api_gateway.aws_api_gateway_resource.carts_id",
            "module.api_gateway.aws_api_gateway_resource.carts_id_products",
            "module.api_gateway.aws_api_gateway_resource.carts_id_products_id",
            "module.api_gateway.aws_api_gateway_resource.dashboard",
            "module.api_gateway.aws_api_gateway_resource.orders",
            "module.api_gateway.aws_api_gateway_resource.orders_id",
            "module.api_gateway.aws_api_gateway_resource.products",
            "module.api_gateway.aws_api_gateway_resource.products_id",
            "module.api_gateway.aws_api_gateway_resource.registrations",
            "module.api_gateway.aws_api_gateway_resource.stores",
            "module.api_gateway.aws_api_gateway_resource.stores_id",
            "module.api_gateway.aws_api_gateway_resource.users",
            "module.api_gateway.aws_api_gateway_resource.users_id",
            "module.api_gateway.aws_api_gateway_rest_api.this",
            "module.dynamodb.aws_dynamodb_table.audit",
            "module.dynamodb.aws_dynamodb_table.carts",
            "module.dynamodb.aws_dynamodb_table.orders",
            "module.dynamodb.aws_dynamodb_table.products",
            "module.dynamodb.aws_dynamodb_table.stores",
            "module.iam.aws_iam_role.audit",
            "module.iam.aws_iam_role.carts",
            "module.iam.aws_iam_role.dashboard",
            "module.iam.aws_iam_role.notifications",
            "module.iam.aws_iam_role.orders",
            "module.iam.aws_iam_role.products",
            "module.iam.aws_iam_role.stores",
            "module.iam.aws_iam_role.users",
            "module.iam.data.aws_iam_policy_document.lambda_assume_role",
            "module.lambdas.aws_cloudwatch_log_group.this",
            "module.lambdas.aws_lambda_function.this",
            "module.lambdas.data.archive_file.this",
            "module.lambdas.null_resource.copy_utils"
          ],
          "create_before_destroy": true
        },
        {
          "index_key": "registrations",
          "schema_version": 0,
          "attributes": {
            "content_handling": "",
            "http_method": "OPTIONS",
            "id": "agir-pe5etk8on8-ppn1tu-OPTIONS-200",
            "resource_id": "ppn1tu",
            "response_parameters": {
              "method.response.header.Access-Control-Allow-Headers": "'Content-Type,Authorization'",
              "method.response.header.Access-Control-Allow-Methods": "'OPTIONS,GET,POST,PATCH,DELETE'",
              "method.response.header.Access-Control-Allow-Origin": "'*'"
            },
            "response_templates": {},
            "rest_api_id": "pe5etk8on8",
            "selection_pattern": "",
            "status_code": "200"
          },
          "sensitive_attributes": [],
          "identity_schema_version": 0,
          "private": "bnVsbA==",
          "dependencies": [
            "module.api_gateway.aws_api_gateway_integration.options",
            "module.api_gateway.aws_api_gateway_method.options",
            "module.api_gateway.aws_api_gateway_method_response.options",
            "module.api_gateway.aws_api_gateway_resource.audit",
            "module.api_gateway.aws_api_gateway_resource.carts",
            "module.api_gateway.aws_api_gateway_resource.carts_id",
            "module.api_gateway.aws_api_gateway_resource.carts_id_products",
            "module.api_gateway.aws_api_gateway_resource.carts_id_products_id",
            "module.api_gateway.aws_api_gateway_resource.dashboard",
            "module.api_gateway.aws_api_gateway_resource.orders",
            "module.api_gateway.aws_api_gateway_resource.orders_id",
            "module.api_gateway.aws_api_gateway_resource.products",
            "module.api_gateway.aws_api_gateway_resource.products_id",
            "module.api_gateway.aws_api_gateway_resource.registrations",
            "module.api_gateway.aws_api_gateway_resource.stores",
            "module.api_gateway.aws_api_gateway_resource.stores_id",
            "module.api_gateway.aws_api_gateway_resource.users",
            "module.api_gateway.aws_api_gateway_resource.users_id",
            "module.api_gateway.aws_api_gateway_rest_api.this",
            "module.dynamodb.aws_dynamodb_table.audit",
            "module.dynamodb.aws_dynamodb_table.carts",
            "module.dynamodb.aws_dynamodb_table.orders",
            "module.dynamodb.aws_dynamodb_table.products",
            "module.dynamodb.aws_dynamodb_table.stores",
            "module.iam.aws_iam_role.audit",
            "module.iam.aws_iam_role.carts",
            "module.iam.aws_iam_role.dashboard",
            "module.iam.aws_iam_role.notifications",
            "module.iam.aws_iam_role.orders",
            "module.iam.aws_iam_role.products",
            "module.iam.aws_iam_role.stores",
            "module.iam.aws_iam_role.users",
            "module.iam.data.aws_iam_policy_document.lambda_assume_role",
            "module.lambdas.aws_cloudwatch_log_group.this",
            "module.lambdas.aws_lambda_function.this",
            "module.lambdas.data.archive_file.this",
            "module.lambdas.null_resource.copy_utils"
          ],
          "create_before_destroy": true
        },
        {
          "index_key": "stores",
          "schema_version": 0,
          "attributes": {
            "content_handling": "",
            "http_method": "OPTIONS",
            "id": "agir-pe5etk8on8-bihz2h-OPTIONS-200",
            "resource_id": "bihz2h",
            "response_parameters": {
              "method.response.header.Access-Control-Allow-Headers": "'Content-Type,Authorization'",
              "method.response.header.Access-Control-Allow-Methods": "'OPTIONS,GET,POST,PATCH,DELETE'",
              "method.response.header.Access-Control-Allow-Origin": "'*'"
            },
            "response_templates": {},
            "rest_api_id": "pe5etk8on8",
            "selection_pattern": "",
            "status_code": "200"
          },
          "sensitive_attributes": [],
          "identity_schema_version": 0,
          "private": "bnVsbA==",
          "dependencies": [
            "module.api_gateway.aws_api_gateway_integration.options",
            "module.api_gateway.aws_api_gateway_method.options",
            "module.api_gateway.aws_api_gateway_method_response.options",
            "module.api_gateway.aws_api_gateway_resource.audit",
            "module.api_gateway.aws_api_gateway_resource.carts",
            "module.api_gateway.aws_api_gateway_resource.carts_id",
            "module.api_gateway.aws_api_gateway_resource.carts_id_products",
            "module.api_gateway.aws_api_gateway_resource.carts_id_products_id",
            "module.api_gateway.aws_api_gateway_resource.dashboard",
            "module.api_gateway.aws_api_gateway_resource.orders",
            "module.api_gateway.aws_api_gateway_resource.orders_id",
            "module.api_gateway.aws_api_gateway_resource.products",
            "module.api_gateway.aws_api_gateway_resource.products_id",
            "module.api_gateway.aws_api_gateway_resource.registrations",
            "module.api_gateway.aws_api_gateway_resource.stores",
            "module.api_gateway.aws_api_gateway_resource.stores_id",
            "module.api_gateway.aws_api_gateway_resource.users",
            "module.api_gateway.aws_api_gateway_resource.users_id",
            "module.api_gateway.aws_api_gateway_rest_api.this",
            "module.dynamodb.aws_dynamodb_table.audit",
            "module.dynamodb.aws_dynamodb_table.carts",
            "module.dynamodb.aws_dynamodb_table.orders",
            "module.dynamodb.aws_dynamodb_table.products",
            "module.dynamodb.aws_dynamodb_table.stores",
            "module.iam.aws_iam_role.audit",
            "module.iam.aws_iam_role.carts",
            "module.iam.aws_iam_role.dashboard",
            "module.iam.aws_iam_role.notifications",
            "module.iam.aws_iam_role.orders",
            "module.iam.aws_iam_role.products",
            "module.iam.aws_iam_role.stores",
            "module.iam.aws_iam_role.users",
            "module.iam.data.aws_iam_policy_document.lambda_assume_role",
            "module.lambdas.aws_cloudwatch_log_group.this",
            "module.lambdas.aws_lambda_function.this",
            "module.lambdas.data.archive_file.this",
            "module.lambdas.null_resource.copy_utils"
          ],
          "create_before_destroy": true
        },
        {
          "index_key": "stores_id",
          "schema_version": 0,
          "attributes": {
            "content_handling": "",
            "http_method": "OPTIONS",
            "id": "agir-pe5etk8on8-ff7w51-OPTIONS-200",
            "resource_id": "ff7w51",
            "response_parameters": {
              "method.response.header.Access-Control-Allow-Headers": "'Content-Type,Authorization'",
              "method.response.header.Access-Control-Allow-Methods": "'OPTIONS,GET,POST,PATCH,DELETE'",
              "method.response.header.Access-Control-Allow-Origin": "'*'"
            },
            "response_templates": {},
            "rest_api_id": "pe5etk8on8",
            "selection_pattern": "",
            "status_code": "200"
          },
          "sensitive_attributes": [],
          "identity_schema_version": 0,
          "private": "bnVsbA==",
          "dependencies": [
            "module.api_gateway.aws_api_gateway_integration.options",
            "module.api_gateway.aws_api_gateway_method.options",
            "module.api_gateway.aws_api_gateway_method_response.options",
            "module.api_gateway.aws_api_gateway_resource.audit",
            "module.api_gateway.aws_api_gateway_resource.carts",
            "module.api_gateway.aws_api_gateway_resource.carts_id",
            "module.api_gateway.aws_api_gateway_resource.carts_id_products",
            "module.api_gateway.aws_api_gateway_resource.carts_id_products_id",
            "module.api_gateway.aws_api_gateway_resource.dashboard",
            "module.api_gateway.aws_api_gateway_resource.orders",
            "module.api_gateway.aws_api_gateway_resource.orders_id",
            "module.api_gateway.aws_api_gateway_resource.products",
            "module.api_gateway.aws_api_gateway_resource.products_id",
            "module.api_gateway.aws_api_gateway_resource.registrations",
            "module.api_gateway.aws_api_gateway_resource.stores",
            "module.api_gateway.aws_api_gateway_resource.stores_id",
            "module.api_gateway.aws_api_gateway_resource.users",
            "module.api_gateway.aws_api_gateway_resource.users_id",
            "module.api_gateway.aws_api_gateway_rest_api.this",
            "module.dynamodb.aws_dynamodb_table.audit",
            "module.dynamodb.aws_dynamodb_table.carts",
            "module.dynamodb.aws_dynamodb_table.orders",
            "module.dynamodb.aws_dynamodb_table.products",
            "module.dynamodb.aws_dynamodb_table.stores",
            "module.iam.aws_iam_role.audit",
            "module.iam.aws_iam_role.carts",
            "module.iam.aws_iam_role.dashboard",
            "module.iam.aws_iam_role.notifications",
            "module.iam.aws_iam_role.orders",
            "module.iam.aws_iam_role.products",
            "module.iam.aws_iam_role.stores",
            "module.iam.aws_iam_role.users",
            "module.iam.data.aws_iam_policy_document.lambda_assume_role",
            "module.lambdas.aws_cloudwatch_log_group.this",
            "module.lambdas.aws_lambda_function.this",
            "module.lambdas.data.archive_file.this",
            "module.lambdas.null_resource.copy_utils"
          ],
          "create_before_destroy": true
        },
        {
          "index_key": "users",
          "schema_version": 0,
          "attributes": {
            "content_handling": "",
            "http_method": "OPTIONS",
            "id": "agir-pe5etk8on8-rb85uf-OPTIONS-200",
            "resource_id": "rb85uf",
            "response_parameters": {
              "method.response.header.Access-Control-Allow-Headers": "'Content-Type,Authorization'",
              "method.response.header.Access-Control-Allow-Methods": "'OPTIONS,GET,POST,PATCH,DELETE'",
              "method.response.header.Access-Control-Allow-Origin": "'*'"
            },
            "response_templates": {},
            "rest_api_id": "pe5etk8on8",
            "selection_pattern": "",
            "status_code": "200"
          },
          "sensitive_attributes": [],
          "identity_schema_version": 0,
          "private": "bnVsbA==",
          "dependencies": [
            "module.api_gateway.aws_api_gateway_integration.options",
            "module.api_gateway.aws_api_gateway_method.options",
            "module.api_gateway.aws_api_gateway_method_response.options",
            "module.api_gateway.aws_api_gateway_resource.audit",
            "module.api_gateway.aws_api_gateway_resource.carts",
            "module.api_gateway.aws_api_gateway_resource.carts_id",
            "module.api_gateway.aws_api_gateway_resource.carts_id_products",
            "module.api_gateway.aws_api_gateway_resource.carts_id_products_id",
            "module.api_gateway.aws_api_gateway_resource.dashboard",
            "module.api_gateway.aws_api_gateway_resource.orders",
            "module.api_gateway.aws_api_gateway_resource.orders_id",
            "module.api_gateway.aws_api_gateway_resource.products",
            "module.api_gateway.aws_api_gateway_resource.products_id",
            "module.api_gateway.aws_api_gateway_resource.registrations",
            "module.api_gateway.aws_api_gateway_resource.stores",
            "module.api_gateway.aws_api_gateway_resource.stores_id",
            "module.api_gateway.aws_api_gateway_resource.users",
            "module.api_gateway.aws_api_gateway_resource.users_id",
            "module.api_gateway.aws_api_gateway_rest_api.this",
            "module.dynamodb.aws_dynamodb_table.audit",
            "module.dynamodb.aws_dynamodb_table.carts",
            "module.dynamodb.aws_dynamodb_table.orders",
            "module.dynamodb.aws_dynamodb_table.products",
            "module.dynamodb.aws_dynamodb_table.stores",
            "module.iam.aws_iam_role.audit",
            "module.iam.aws_iam_role.carts",
            "module.iam.aws_iam_role.dashboard",
            "module.iam.aws_iam_role.notifications",
            "module.iam.aws_iam_role.orders",
            "module.iam.aws_iam_role.products",
            "module.iam.aws_iam_role.stores",
            "module.iam.aws_iam_role.users",
            "module.iam.data.aws_iam_policy_document.lambda_assume_role",
            "module.lambdas.aws_cloudwatch_log_group.this",
            "module.lambdas.aws_lambda_function.this",
            "module.lambdas.data.archive_file.this",
            "module.lambdas.null_resource.copy_utils"
          ],
          "create_before_destroy": true
        },
        {
          "index_key": "users_id",
          "schema_version": 0,
          "attributes": {
            "content_handling": "",
            "http_method": "OPTIONS",
            "id": "agir-pe5etk8on8-9ac8ci-OPTIONS-200",
            "resource_id": "9ac8ci",
            "response_parameters": {
              "method.response.header.Access-Control-Allow-Headers": "'Content-Type,Authorization'",
              "method.response.header.Access-Control-Allow-Methods": "'OPTIONS,GET,POST,PATCH,DELETE'",
              "method.response.header.Access-Control-Allow-Origin": "'*'"
            },
            "response_templates": {},
            "rest_api_id": "pe5etk8on8",
            "selection_pattern": "",
            "status_code": "200"
          },
          "sensitive_attributes": [],
          "identity_schema_version": 0,
          "private": "bnVsbA==",
          "dependencies": [
            "module.api_gateway.aws_api_gateway_integration.options",
            "module.api_gateway.aws_api_gateway_method.options",
            "module.api_gateway.aws_api_gateway_method_response.options",
            "module.api_gateway.aws_api_gateway_resource.audit",
            "module.api_gateway.aws_api_gateway_resource.carts",
            "module.api_gateway.aws_api_gateway_resource.carts_id",
            "module.api_gateway.aws_api_gateway_resource.carts_id_products",
            "module.api_gateway.aws_api_gateway_resource.carts_id_products_id",
            "module.api_gateway.aws_api_gateway_resource.dashboard",
            "module.api_gateway.aws_api_gateway_resource.orders",
            "module.api_gateway.aws_api_gateway_resource.orders_id",
            "module.api_gateway.aws_api_gateway_resource.products",
            "module.api_gateway.aws_api_gateway_resource.products_id",
            "module.api_gateway.aws_api_gateway_resource.registrations",
            "module.api_gateway.aws_api_gateway_resource.stores",
            "module.api_gateway.aws_api_gateway_resource.stores_id",
            "module.api_gateway.aws_api_gateway_resource.users",
            "module.api_gateway.aws_api_gateway_resource.users_id",
            "module.api_gateway.aws_api_gateway_rest_api.this",
            "module.dynamodb.aws_dynamodb_table.audit",
            "module.dynamodb.aws_dynamodb_table.carts",
            "module.dynamodb.aws_dynamodb_table.orders",
            "module.dynamodb.aws_dynamodb_table.products",
            "module.dynamodb.aws_dynamodb_table.stores",
            "module.iam.aws_iam_role.audit",
            "module.iam.aws_iam_role.carts",
            "module.iam.aws_iam_role.dashboard",
            "module.iam.aws_iam_role.notifications",
            "module.iam.aws_iam_role.orders",
            "module.iam.aws_iam_role.products",
            "module.iam.aws_iam_role.stores",
            "module.iam.aws_iam_role.users",
            "module.iam.data.aws_iam_policy_document.lambda_assume_role",
            "module.lambdas.aws_cloudwatch_log_group.this",
            "module.lambdas.aws_lambda_function.this",
            "module.lambdas.data.archive_file.this",
            "module.lambdas.null_resource.copy_utils"
          ],
          "create_before_destroy": true
        }
      ]
    },
    {
      "module": "module.api_gateway",
      "mode": "managed",
      "type": "aws_api_gateway_method",
      "name": "options",
      "provider": "provider[\"registry.terraform.io/hashicorp/aws\"]",
      "instances": [
        {
          "index_key": "audit",
          "schema_version": 0,
          "attributes": {
            "api_key_required": false,
            "authorization": "NONE",
            "authorization_scopes": [],
            "authorizer_id": "",
            "http_method": "OPTIONS",
            "id": "agm-pe5etk8on8-s9mv9l-OPTIONS",
            "operation_name": "",
            "request_models": {},
            "request_parameters": {},
            "request_validator_id": "",
            "resource_id": "s9mv9l",
            "rest_api_id": "pe5etk8on8"
          },
          "sensitive_attributes": [],
          "identity_schema_version": 0,
          "private": "bnVsbA==",
          "dependencies": [
            "module.api_gateway.aws_api_gateway_resource.audit",
            "module.api_gateway.aws_api_gateway_resource.carts",
            "module.api_gateway.aws_api_gateway_resource.carts_id",
            "module.api_gateway.aws_api_gateway_resource.carts_id_products",
            "module.api_gateway.aws_api_gateway_resource.carts_id_products_id",
            "module.api_gateway.aws_api_gateway_resource.dashboard",
            "module.api_gateway.aws_api_gateway_resource.orders",
            "module.api_gateway.aws_api_gateway_resource.orders_id",
            "module.api_gateway.aws_api_gateway_resource.products",
            "module.api_gateway.aws_api_gateway_resource.products_id",
            "module.api_gateway.aws_api_gateway_resource.registrations",
            "module.api_gateway.aws_api_gateway_resource.stores",
            "module.api_gateway.aws_api_gateway_resource.stores_id",
            "module.api_gateway.aws_api_gateway_resource.users",
            "module.api_gateway.aws_api_gateway_resource.users_id",
            "module.api_gateway.aws_api_gateway_rest_api.this",
            "module.dynamodb.aws_dynamodb_table.audit",
            "module.dynamodb.aws_dynamodb_table.carts",
            "module.dynamodb.aws_dynamodb_table.orders",
            "module.dynamodb.aws_dynamodb_table.products",
            "module.dynamodb.aws_dynamodb_table.stores",
            "module.iam.aws_iam_role.audit",
            "module.iam.aws_iam_role.carts",
            "module.iam.aws_iam_role.dashboard",
            "module.iam.aws_iam_role.notifications",
            "module.iam.aws_iam_role.orders",
            "module.iam.aws_iam_role.products",
            "module.iam.aws_iam_role.stores",
            "module.iam.aws_iam_role.users",
            "module.iam.data.aws_iam_policy_document.lambda_assume_role",
            "module.lambdas.aws_cloudwatch_log_group.this",
            "module.lambdas.aws_lambda_function.this",
            "module.lambdas.data.archive_file.this",
            "module.lambdas.null_resource.copy_utils"
          ],
          "create_before_destroy": true
        },
        {
          "index_key": "carts_id",
          "schema_version": 0,
          "attributes": {
            "api_key_required": false,
            "authorization": "NONE",
            "authorization_scopes": [],
            "authorizer_id": "",
            "http_method": "OPTIONS",
            "id": "agm-pe5etk8on8-so1vtf-OPTIONS",
            "operation_name": "",
            "request_models": {},
            "request_parameters": {},
            "request_validator_id": "",
            "resource_id": "so1vtf",
            "rest_api_id": "pe5etk8on8"
          },
          "sensitive_attributes": [],
          "identity_schema_version": 0,
          "private": "bnVsbA==",
          "dependencies": [
            "module.api_gateway.aws_api_gateway_resource.audit",
            "module.api_gateway.aws_api_gateway_resource.carts",
            "module.api_gateway.aws_api_gateway_resource.carts_id",
            "module.api_gateway.aws_api_gateway_resource.carts_id_products",
            "module.api_gateway.aws_api_gateway_resource.carts_id_products_id",
            "module.api_gateway.aws_api_gateway_resource.dashboard",
            "module.api_gateway.aws_api_gateway_resource.orders",
            "module.api_gateway.aws_api_gateway_resource.orders_id",
            "module.api_gateway.aws_api_gateway_resource.products",
            "module.api_gateway.aws_api_gateway_resource.products_id",
            "module.api_gateway.aws_api_gateway_resource.registrations",
            "module.api_gateway.aws_api_gateway_resource.stores",
            "module.api_gateway.aws_api_gateway_resource.stores_id",
            "module.api_gateway.aws_api_gateway_resource.users",
            "module.api_gateway.aws_api_gateway_resource.users_id",
            "module.api_gateway.aws_api_gateway_rest_api.this",
            "module.dynamodb.aws_dynamodb_table.audit",
            "module.dynamodb.aws_dynamodb_table.carts",
            "module.dynamodb.aws_dynamodb_table.orders",
            "module.dynamodb.aws_dynamodb_table.products",
            "module.dynamodb.aws_dynamodb_table.stores",
            "module.iam.aws_iam_role.audit",
            "module.iam.aws_iam_role.carts",
            "module.iam.aws_iam_role.dashboard",
            "module.iam.aws_iam_role.notifications",
            "module.iam.aws_iam_role.orders",
            "module.iam.aws_iam_role.products",
            "module.iam.aws_iam_role.stores",
            "module.iam.aws_iam_role.users",
            "module.iam.data.aws_iam_policy_document.lambda_assume_role",
            "module.lambdas.aws_cloudwatch_log_group.this",
            "module.lambdas.aws_lambda_function.this",
            "module.lambdas.data.archive_file.this",
            "module.lambdas.null_resource.copy_utils"
          ],
          "create_before_destroy": true
        },
        {
          "index_key": "carts_id_products_id",
          "schema_version": 0,
          "attributes": {
            "api_key_required": false,
            "authorization": "NONE",
            "authorization_scopes": [],
            "authorizer_id": "",
            "http_method": "OPTIONS",
            "id": "agm-pe5etk8on8-u1uwwk-OPTIONS",
            "operation_name": "",
            "request_models": {},
            "request_parameters": {},
            "request_validator_id": "",
            "resource_id": "u1uwwk",
            "rest_api_id": "pe5etk8on8"
          },
          "sensitive_attributes": [],
          "identity_schema_version": 0,
          "private": "bnVsbA==",
          "dependencies": [
            "module.api_gateway.aws_api_gateway_resource.audit",
            "module.api_gateway.aws_api_gateway_resource.carts",
            "module.api_gateway.aws_api_gateway_resource.carts_id",
            "module.api_gateway.aws_api_gateway_resource.carts_id_products",
            "module.api_gateway.aws_api_gateway_resource.carts_id_products_id",
            "module.api_gateway.aws_api_gateway_resource.dashboard",
            "module.api_gateway.aws_api_gateway_resource.orders",
            "module.api_gateway.aws_api_gateway_resource.orders_id",
            "module.api_gateway.aws_api_gateway_resource.products",
            "module.api_gateway.aws_api_gateway_resource.products_id",
            "module.api_gateway.aws_api_gateway_resource.registrations",
            "module.api_gateway.aws_api_gateway_resource.stores",
            "module.api_gateway.aws_api_gateway_resource.stores_id",
            "module.api_gateway.aws_api_gateway_resource.users",
            "module.api_gateway.aws_api_gateway_resource.users_id",
            "module.api_gateway.aws_api_gateway_rest_api.this",
            "module.dynamodb.aws_dynamodb_table.audit",
            "module.dynamodb.aws_dynamodb_table.carts",
            "module.dynamodb.aws_dynamodb_table.orders",
            "module.dynamodb.aws_dynamodb_table.products",
            "module.dynamodb.aws_dynamodb_table.stores",
            "module.iam.aws_iam_role.audit",
            "module.iam.aws_iam_role.carts",
            "module.iam.aws_iam_role.dashboard",
            "module.iam.aws_iam_role.notifications",
            "module.iam.aws_iam_role.orders",
            "module.iam.aws_iam_role.products",
            "module.iam.aws_iam_role.stores",
            "module.iam.aws_iam_role.users",
            "module.iam.data.aws_iam_policy_document.lambda_assume_role",
            "module.lambdas.aws_cloudwatch_log_group.this",
            "module.lambdas.aws_lambda_function.this",
            "module.lambdas.data.archive_file.this",
            "module.lambdas.null_resource.copy_utils"
          ],
          "create_before_destroy": true
        },
        {
          "index_key": "dashboard",
          "schema_version": 0,
          "attributes": {
            "api_key_required": false,
            "authorization": "NONE",
            "authorization_scopes": [],
            "authorizer_id": "",
            "http_method": "OPTIONS",
            "id": "agm-pe5etk8on8-1l2lql-OPTIONS",
            "operation_name": "",
            "request_models": {},
            "request_parameters": {},
            "request_validator_id": "",
            "resource_id": "1l2lql",
            "rest_api_id": "pe5etk8on8"
          },
          "sensitive_attributes": [],
          "identity_schema_version": 0,
          "private": "bnVsbA==",
          "dependencies": [
            "module.api_gateway.aws_api_gateway_resource.audit",
            "module.api_gateway.aws_api_gateway_resource.carts",
            "module.api_gateway.aws_api_gateway_resource.carts_id",
            "module.api_gateway.aws_api_gateway_resource.carts_id_products",
            "module.api_gateway.aws_api_gateway_resource.carts_id_products_id",
            "module.api_gateway.aws_api_gateway_resource.dashboard",
            "module.api_gateway.aws_api_gateway_resource.orders",
            "module.api_gateway.aws_api_gateway_resource.orders_id",
            "module.api_gateway.aws_api_gateway_resource.products",
            "module.api_gateway.aws_api_gateway_resource.products_id",
            "module.api_gateway.aws_api_gateway_resource.registrations",
            "module.api_gateway.aws_api_gateway_resource.stores",
            "module.api_gateway.aws_api_gateway_resource.stores_id",
            "module.api_gateway.aws_api_gateway_resource.users",
            "module.api_gateway.aws_api_gateway_resource.users_id",
            "module.api_gateway.aws_api_gateway_rest_api.this",
            "module.dynamodb.aws_dynamodb_table.audit",
            "module.dynamodb.aws_dynamodb_table.carts",
            "module.dynamodb.aws_dynamodb_table.orders",
            "module.dynamodb.aws_dynamodb_table.products",
            "module.dynamodb.aws_dynamodb_table.stores",
            "module.iam.aws_iam_role.audit",
            "module.iam.aws_iam_role.carts",
            "module.iam.aws_iam_role.dashboard",
            "module.iam.aws_iam_role.notifications",
            "module.iam.aws_iam_role.orders",
            "module.iam.aws_iam_role.products",
            "module.iam.aws_iam_role.stores",
            "module.iam.aws_iam_role.users",
            "module.iam.data.aws_iam_policy_document.lambda_assume_role",
            "module.lambdas.aws_cloudwatch_log_group.this",
            "module.lambdas.aws_lambda_function.this",
            "module.lambdas.data.archive_file.this",
            "module.lambdas.null_resource.copy_utils"
          ],
          "create_before_destroy": true
        },
        {
          "index_key": "orders",
          "schema_version": 0,
          "attributes": {
            "api_key_required": false,
            "authorization": "NONE",
            "authorization_scopes": [],
            "authorizer_id": "",
            "http_method": "OPTIONS",
            "id": "agm-pe5etk8on8-1or92y-OPTIONS",
            "operation_name": "",
            "request_models": {},
            "request_parameters": {},
            "request_validator_id": "",
            "resource_id": "1or92y",
            "rest_api_id": "pe5etk8on8"
          },
          "sensitive_attributes": [],
          "identity_schema_version": 0,
          "private": "bnVsbA==",
          "dependencies": [
            "module.api_gateway.aws_api_gateway_resource.audit",
            "module.api_gateway.aws_api_gateway_resource.carts",
            "module.api_gateway.aws_api_gateway_resource.carts_id",
            "module.api_gateway.aws_api_gateway_resource.carts_id_products",
            "module.api_gateway.aws_api_gateway_resource.carts_id_products_id",
            "module.api_gateway.aws_api_gateway_resource.dashboard",
            "module.api_gateway.aws_api_gateway_resource.orders",
            "module.api_gateway.aws_api_gateway_resource.orders_id",
            "module.api_gateway.aws_api_gateway_resource.products",
            "module.api_gateway.aws_api_gateway_resource.products_id",
            "module.api_gateway.aws_api_gateway_resource.registrations",
            "module.api_gateway.aws_api_gateway_resource.stores",
            "module.api_gateway.aws_api_gateway_resource.stores_id",
            "module.api_gateway.aws_api_gateway_resource.users",
            "module.api_gateway.aws_api_gateway_resource.users_id",
            "module.api_gateway.aws_api_gateway_rest_api.this",
            "module.dynamodb.aws_dynamodb_table.audit",
            "module.dynamodb.aws_dynamodb_table.carts",
            "module.dynamodb.aws_dynamodb_table.orders",
            "module.dynamodb.aws_dynamodb_table.products",
            "module.dynamodb.aws_dynamodb_table.stores",
            "module.iam.aws_iam_role.audit",
            "module.iam.aws_iam_role.carts",
            "module.iam.aws_iam_role.dashboard",
            "module.iam.aws_iam_role.notifications",
            "module.iam.aws_iam_role.orders",
            "module.iam.aws_iam_role.products",
            "module.iam.aws_iam_role.stores",
            "module.iam.aws_iam_role.users",
            "module.iam.data.aws_iam_policy_document.lambda_assume_role",
            "module.lambdas.aws_cloudwatch_log_group.this",
            "module.lambdas.aws_lambda_function.this",
            "module.lambdas.data.archive_file.this",
            "module.lambdas.null_resource.copy_utils"
          ],
          "create_before_destroy": true
        },
        {
          "index_key": "orders_id",
          "schema_version": 0,
          "attributes": {
            "api_key_required": false,
            "authorization": "NONE",
            "authorization_scopes": [],
            "authorizer_id": "",
            "http_method": "OPTIONS",
            "id": "agm-pe5etk8on8-kj23vc-OPTIONS",
            "operation_name": "",
            "request_models": {},
            "request_parameters": {},
            "request_validator_id": "",
            "resource_id": "kj23vc",
            "rest_api_id": "pe5etk8on8"
          },
          "sensitive_attributes": [],
          "identity_schema_version": 0,
          "private": "bnVsbA==",
          "dependencies": [
            "module.api_gateway.aws_api_gateway_resource.audit",
            "module.api_gateway.aws_api_gateway_resource.carts",
            "module.api_gateway.aws_api_gateway_resource.carts_id",
            "module.api_gateway.aws_api_gateway_resource.carts_id_products",
            "module.api_gateway.aws_api_gateway_resource.carts_id_products_id",
            "module.api_gateway.aws_api_gateway_resource.dashboard",
            "module.api_gateway.aws_api_gateway_resource.orders",
            "module.api_gateway.aws_api_gateway_resource.orders_id",
            "module.api_gateway.aws_api_gateway_resource.products",
            "module.api_gateway.aws_api_gateway_resource.products_id",
            "module.api_gateway.aws_api_gateway_resource.registrations",
            "module.api_gateway.aws_api_gateway_resource.stores",
            "module.api_gateway.aws_api_gateway_resource.stores_id",
            "module.api_gateway.aws_api_gateway_resource.users",
            "module.api_gateway.aws_api_gateway_resource.users_id",
            "module.api_gateway.aws_api_gateway_rest_api.this",
            "module.dynamodb.aws_dynamodb_table.audit",
            "module.dynamodb.aws_dynamodb_table.carts",
            "module.dynamodb.aws_dynamodb_table.orders",
            "module.dynamodb.aws_dynamodb_table.products",
            "module.dynamodb.aws_dynamodb_table.stores",
            "module.iam.aws_iam_role.audit",
            "module.iam.aws_iam_role.carts",
            "module.iam.aws_iam_role.dashboard",
            "module.iam.aws_iam_role.notifications",
            "module.iam.aws_iam_role.orders",
            "module.iam.aws_iam_role.products",
            "module.iam.aws_iam_role.stores",
            "module.iam.aws_iam_role.users",
            "module.iam.data.aws_iam_policy_document.lambda_assume_role",
            "module.lambdas.aws_cloudwatch_log_group.this",
            "module.lambdas.aws_lambda_function.this",
            "module.lambdas.data.archive_file.this",
            "module.lambdas.null_resource.copy_utils"
          ],
          "create_before_destroy": true
        },
        {
          "index_key": "products",
          "schema_version": 0,
          "attributes": {
            "api_key_required": false,
            "authorization": "NONE",
            "authorization_scopes": [],
            "authorizer_id": "",
            "http_method": "OPTIONS",
            "id": "agm-pe5etk8on8-pec3nc-OPTIONS",
            "operation_name": "",
            "request_models": {},
            "request_parameters": {},
            "request_validator_id": "",
            "resource_id": "pec3nc",
            "rest_api_id": "pe5etk8on8"
          },
          "sensitive_attributes": [],
          "identity_schema_version": 0,
          "private": "bnVsbA==",
          "dependencies": [
            "module.api_gateway.aws_api_gateway_resource.audit",
            "module.api_gateway.aws_api_gateway_resource.carts",
            "module.api_gateway.aws_api_gateway_resource.carts_id",
            "module.api_gateway.aws_api_gateway_resource.carts_id_products",
            "module.api_gateway.aws_api_gateway_resource.carts_id_products_id",
            "module.api_gateway.aws_api_gateway_resource.dashboard",
            "module.api_gateway.aws_api_gateway_resource.orders",
            "module.api_gateway.aws_api_gateway_resource.orders_id",
            "module.api_gateway.aws_api_gateway_resource.products",
            "module.api_gateway.aws_api_gateway_resource.products_id",
            "module.api_gateway.aws_api_gateway_resource.registrations",
            "module.api_gateway.aws_api_gateway_resource.stores",
            "module.api_gateway.aws_api_gateway_resource.stores_id",
            "module.api_gateway.aws_api_gateway_resource.users",
            "module.api_gateway.aws_api_gateway_resource.users_id",
            "module.api_gateway.aws_api_gateway_rest_api.this",
            "module.dynamodb.aws_dynamodb_table.audit",
            "module.dynamodb.aws_dynamodb_table.carts",
            "module.dynamodb.aws_dynamodb_table.orders",
            "module.dynamodb.aws_dynamodb_table.products",
            "module.dynamodb.aws_dynamodb_table.stores",
            "module.iam.aws_iam_role.audit",
            "module.iam.aws_iam_role.carts",
            "module.iam.aws_iam_role.dashboard",
            "module.iam.aws_iam_role.notifications",
            "module.iam.aws_iam_role.orders",
            "module.iam.aws_iam_role.products",
            "module.iam.aws_iam_role.stores",
            "module.iam.aws_iam_role.users",
            "module.iam.data.aws_iam_policy_document.lambda_assume_role",
            "module.lambdas.aws_cloudwatch_log_group.this",
            "module.lambdas.aws_lambda_function.this",
            "module.lambdas.data.archive_file.this",
            "module.lambdas.null_resource.copy_utils"
          ],
          "create_before_destroy": true
        },
        {
          "index_key": "products_id",
          "schema_version": 0,
          "attributes": {
            "api_key_required": false,
            "authorization": "NONE",
            "authorization_scopes": [],
            "authorizer_id": "",
            "http_method": "OPTIONS",
            "id": "agm-pe5etk8on8-bge28b-OPTIONS",
            "operation_name": "",
            "request_models": {},
            "request_parameters": {},
            "request_validator_id": "",
            "resource_id": "bge28b",
            "rest_api_id": "pe5etk8on8"
          },
          "sensitive_attributes": [],
          "identity_schema_version": 0,
          "private": "bnVsbA==",
          "dependencies": [
            "module.api_gateway.aws_api_gateway_resource.audit",
            "module.api_gateway.aws_api_gateway_resource.carts",
            "module.api_gateway.aws_api_gateway_resource.carts_id",
            "module.api_gateway.aws_api_gateway_resource.carts_id_products",
            "module.api_gateway.aws_api_gateway_resource.carts_id_products_id",
            "module.api_gateway.aws_api_gateway_resource.dashboard",
            "module.api_gateway.aws_api_gateway_resource.orders",
            "module.api_gateway.aws_api_gateway_resource.orders_id",
            "module.api_gateway.aws_api_gateway_resource.products",
            "module.api_gateway.aws_api_gateway_resource.products_id",
            "module.api_gateway.aws_api_gateway_resource.registrations",
            "module.api_gateway.aws_api_gateway_resource.stores",
            "module.api_gateway.aws_api_gateway_resource.stores_id",
            "module.api_gateway.aws_api_gateway_resource.users",
            "module.api_gateway.aws_api_gateway_resource.users_id",
            "module.api_gateway.aws_api_gateway_rest_api.this",
            "module.dynamodb.aws_dynamodb_table.audit",
            "module.dynamodb.aws_dynamodb_table.carts",
            "module.dynamodb.aws_dynamodb_table.orders",
            "module.dynamodb.aws_dynamodb_table.products",
            "module.dynamodb.aws_dynamodb_table.stores",
            "module.iam.aws_iam_role.audit",
            "module.iam.aws_iam_role.carts",
            "module.iam.aws_iam_role.dashboard",
            "module.iam.aws_iam_role.notifications",
            "module.iam.aws_iam_role.orders",
            "module.iam.aws_iam_role.products",
            "module.iam.aws_iam_role.stores",
            "module.iam.aws_iam_role.users",
            "module.iam.data.aws_iam_policy_document.lambda_assume_role",
            "module.lambdas.aws_cloudwatch_log_group.this",
            "module.lambdas.aws_lambda_function.this",
            "module.lambdas.data.archive_file.this",
            "module.lambdas.null_resource.copy_utils"
          ],
          "create_before_destroy": true
        },
        {
          "index_key": "registrations",
          "schema_version": 0,
          "attributes": {
            "api_key_required": false,
            "authorization": "NONE",
            "authorization_scopes": [],
            "authorizer_id": "",
            "http_method": "OPTIONS",
            "id": "agm-pe5etk8on8-ppn1tu-OPTIONS",
            "operation_name": "",
            "request_models": {},
            "request_parameters": {},
            "request_validator_id": "",
            "resource_id": "ppn1tu",
            "rest_api_id": "pe5etk8on8"
          },
          "sensitive_attributes": [],
          "identity_schema_version": 0,
          "private": "bnVsbA==",
          "dependencies": [
            "module.api_gateway.aws_api_gateway_resource.audit",
            "module.api_gateway.aws_api_gateway_resource.carts",
            "module.api_gateway.aws_api_gateway_resource.carts_id",
            "module.api_gateway.aws_api_gateway_resource.carts_id_products",
            "module.api_gateway.aws_api_gateway_resource.carts_id_products_id",
            "module.api_gateway.aws_api_gateway_resource.dashboard",
            "module.api_gateway.aws_api_gateway_resource.orders",
            "module.api_gateway.aws_api_gateway_resource.orders_id",
            "module.api_gateway.aws_api_gateway_resource.products",
            "module.api_gateway.aws_api_gateway_resource.products_id",
            "module.api_gateway.aws_api_gateway_resource.registrations",
            "module.api_gateway.aws_api_gateway_resource.stores",
            "module.api_gateway.aws_api_gateway_resource.stores_id",
            "module.api_gateway.aws_api_gateway_resource.users",
            "module.api_gateway.aws_api_gateway_resource.users_id",
            "module.api_gateway.aws_api_gateway_rest_api.this",
            "module.dynamodb.aws_dynamodb_table.audit",
            "module.dynamodb.aws_dynamodb_table.carts",
            "module.dynamodb.aws_dynamodb_table.orders",
            "module.dynamodb.aws_dynamodb_table.products",
            "module.dynamodb.aws_dynamodb_table.stores",
            "module.iam.aws_iam_role.audit",
            "module.iam.aws_iam_role.carts",
            "module.iam.aws_iam_role.dashboard",
            "module.iam.aws_iam_role.notifications",
            "module.iam.aws_iam_role.orders",
            "module.iam.aws_iam_role.products",
            "module.iam.aws_iam_role.stores",
            "module.iam.aws_iam_role.users",
            "module.iam.data.aws_iam_policy_document.lambda_assume_role",
            "module.lambdas.aws_cloudwatch_log_group.this",
            "module.lambdas.aws_lambda_function.this",
            "module.lambdas.data.archive_file.this",
            "module.lambdas.null_resource.copy_utils"
          ],
          "create_before_destroy": true
        },
        {
          "index_key": "stores",
          "schema_version": 0,
          "attributes": {
            "api_key_required": false,
            "authorization": "NONE",
            "authorization_scopes": [],
            "authorizer_id": "",
            "http_method": "OPTIONS",
            "id": "agm-pe5etk8on8-bihz2h-OPTIONS",
            "operation_name": "",
            "request_models": {},
            "request_parameters": {},
            "request_validator_id": "",
            "resource_id": "bihz2h",
            "rest_api_id": "pe5etk8on8"
          },
          "sensitive_attributes": [],
          "identity_schema_version": 0,
          "private": "bnVsbA==",
          "dependencies": [
            "module.api_gateway.aws_api_gateway_resource.audit",
            "module.api_gateway.aws_api_gateway_resource.carts",
            "module.api_gateway.aws_api_gateway_resource.carts_id",
            "module.api_gateway.aws_api_gateway_resource.carts_id_products",
            "module.api_gateway.aws_api_gateway_resource.carts_id_products_id",
            "module.api_gateway.aws_api_gateway_resource.dashboard",
            "module.api_gateway.aws_api_gateway_resource.orders",
            "module.api_gateway.aws_api_gateway_resource.orders_id",
            "module.api_gateway.aws_api_gateway_resource.products",
            "module.api_gateway.aws_api_gateway_resource.products_id",
            "module.api_gateway.aws_api_gateway_resource.registrations",
            "module.api_gateway.aws_api_gateway_resource.stores",
            "module.api_gateway.aws_api_gateway_resource.stores_id",
            "module.api_gateway.aws_api_gateway_resource.users",
            "module.api_gateway.aws_api_gateway_resource.users_id",
            "module.api_gateway.aws_api_gateway_rest_api.this",
            "module.dynamodb.aws_dynamodb_table.audit",
            "module.dynamodb.aws_dynamodb_table.carts",
            "module.dynamodb.aws_dynamodb_table.orders",
            "module.dynamodb.aws_dynamodb_table.products",
            "module.dynamodb.aws_dynamodb_table.stores",
            "module.iam.aws_iam_role.audit",
            "module.iam.aws_iam_role.carts",
            "module.iam.aws_iam_role.dashboard",
            "module.iam.aws_iam_role.notifications",
            "module.iam.aws_iam_role.orders",
            "module.iam.aws_iam_role.products",
            "module.iam.aws_iam_role.stores",
            "module.iam.aws_iam_role.users",
            "module.iam.data.aws_iam_policy_document.lambda_assume_role",
            "module.lambdas.aws_cloudwatch_log_group.this",
            "module.lambdas.aws_lambda_function.this",
            "module.lambdas.data.archive_file.this",
            "module.lambdas.null_resource.copy_utils"
          ],
          "create_before_destroy": true
        },
        {
          "index_key": "stores_id",
          "schema_version": 0,
          "attributes": {
            "api_key_required": false,
            "authorization": "NONE",
            "authorization_scopes": [],
            "authorizer_id": "",
            "http_method": "OPTIONS",
            "id": "agm-pe5etk8on8-ff7w51-OPTIONS",
            "operation_name": "",
            "request_models": {},
            "request_parameters": {},
            "request_validator_id": "",
            "resource_id": "ff7w51",
            "rest_api_id": "pe5etk8on8"
          },
          "sensitive_attributes": [],
          "identity_schema_version": 0,
          "private": "bnVsbA==",
          "dependencies": [
            "module.api_gateway.aws_api_gateway_resource.audit",
            "module.api_gateway.aws_api_gateway_resource.carts",
            "module.api_gateway.aws_api_gateway_resource.carts_id",
            "module.api_gateway.aws_api_gateway_resource.carts_id_products",
            "module.api_gateway.aws_api_gateway_resource.carts_id_products_id",
            "module.api_gateway.aws_api_gateway_resource.dashboard",
            "module.api_gateway.aws_api_gateway_resource.orders",
            "module.api_gateway.aws_api_gateway_resource.orders_id",
            "module.api_gateway.aws_api_gateway_resource.products",
            "module.api_gateway.aws_api_gateway_resource.products_id",
            "module.api_gateway.aws_api_gateway_resource.registrations",
            "module.api_gateway.aws_api_gateway_resource.stores",
            "module.api_gateway.aws_api_gateway_resource.stores_id",
            "module.api_gateway.aws_api_gateway_resource.users",
            "module.api_gateway.aws_api_gateway_resource.users_id",
            "module.api_gateway.aws_api_gateway_rest_api.this",
            "module.dynamodb.aws_dynamodb_table.audit",
            "module.dynamodb.aws_dynamodb_table.carts",
            "module.dynamodb.aws_dynamodb_table.orders",
            "module.dynamodb.aws_dynamodb_table.products",
            "module.dynamodb.aws_dynamodb_table.stores",
            "module.iam.aws_iam_role.audit",
            "module.iam.aws_iam_role.carts",
            "module.iam.aws_iam_role.dashboard",
            "module.iam.aws_iam_role.notifications",
            "module.iam.aws_iam_role.orders",
            "module.iam.aws_iam_role.products",
            "module.iam.aws_iam_role.stores",
            "module.iam.aws_iam_role.users",
            "module.iam.data.aws_iam_policy_document.lambda_assume_role",
            "module.lambdas.aws_cloudwatch_log_group.this",
            "module.lambdas.aws_lambda_function.this",
            "module.lambdas.data.archive_file.this",
            "module.lambdas.null_resource.copy_utils"
          ],
          "create_before_destroy": true
        },
        {
          "index_key": "users",
          "schema_version": 0,
          "attributes": {
            "api_key_required": false,
            "authorization": "NONE",
            "authorization_scopes": [],
            "authorizer_id": "",
            "http_method": "OPTIONS",
            "id": "agm-pe5etk8on8-rb85uf-OPTIONS",
            "operation_name": "",
            "request_models": {},
            "request_parameters": {},
            "request_validator_id": "",
            "resource_id": "rb85uf",
            "rest_api_id": "pe5etk8on8"
          },
          "sensitive_attributes": [],
          "identity_schema_version": 0,
          "private": "bnVsbA==",
          "dependencies": [
            "module.api_gateway.aws_api_gateway_resource.audit",
            "module.api_gateway.aws_api_gateway_resource.carts",
            "module.api_gateway.aws_api_gateway_resource.carts_id",
            "module.api_gateway.aws_api_gateway_resource.carts_id_products",
            "module.api_gateway.aws_api_gateway_resource.carts_id_products_id",
            "module.api_gateway.aws_api_gateway_resource.dashboard",
            "module.api_gateway.aws_api_gateway_resource.orders",
            "module.api_gateway.aws_api_gateway_resource.orders_id",
            "module.api_gateway.aws_api_gateway_resource.products",
            "module.api_gateway.aws_api_gateway_resource.products_id",
            "module.api_gateway.aws_api_gateway_resource.registrations",
            "module.api_gateway.aws_api_gateway_resource.stores",
            "module.api_gateway.aws_api_gateway_resource.stores_id",
            "module.api_gateway.aws_api_gateway_resource.users",
            "module.api_gateway.aws_api_gateway_resource.users_id",
            "module.api_gateway.aws_api_gateway_rest_api.this",
            "module.dynamodb.aws_dynamodb_table.audit",
            "module.dynamodb.aws_dynamodb_table.carts",
            "module.dynamodb.aws_dynamodb_table.orders",
            "module.dynamodb.aws_dynamodb_table.products",
            "module.dynamodb.aws_dynamodb_table.stores",
            "module.iam.aws_iam_role.audit",
            "module.iam.aws_iam_role.carts",
            "module.iam.aws_iam_role.dashboard",
            "module.iam.aws_iam_role.notifications",
            "module.iam.aws_iam_role.orders",
            "module.iam.aws_iam_role.products",
            "module.iam.aws_iam_role.stores",
            "module.iam.aws_iam_role.users",
            "module.iam.data.aws_iam_policy_document.lambda_assume_role",
            "module.lambdas.aws_cloudwatch_log_group.this",
            "module.lambdas.aws_lambda_function.this",
            "module.lambdas.data.archive_file.this",
            "module.lambdas.null_resource.copy_utils"
          ],
          "create_before_destroy": true
        },
        {
          "index_key": "users_id",
          "schema_version": 0,
          "attributes": {
            "api_key_required": false,
            "authorization": "NONE",
            "authorization_scopes": [],
            "authorizer_id": "",
            "http_method": "OPTIONS",
            "id": "agm-pe5etk8on8-9ac8ci-OPTIONS",
            "operation_name": "",
            "request_models": {},
            "request_parameters": {},
            "request_validator_id": "",
            "resource_id": "9ac8ci",
            "rest_api_id": "pe5etk8on8"
          },
          "sensitive_attributes": [],
          "identity_schema_version": 0,
          "private": "bnVsbA==",
          "dependencies": [
            "module.api_gateway.aws_api_gateway_resource.audit",
            "module.api_gateway.aws_api_gateway_resource.carts",
            "module.api_gateway.aws_api_gateway_resource.carts_id",
            "module.api_gateway.aws_api_gateway_resource.carts_id_products",
            "module.api_gateway.aws_api_gateway_resource.carts_id_products_id",
            "module.api_gateway.aws_api_gateway_resource.dashboard",
            "module.api_gateway.aws_api_gateway_resource.orders",
            "module.api_gateway.aws_api_gateway_resource.orders_id",
            "module.api_gateway.aws_api_gateway_resource.products",
            "module.api_gateway.aws_api_gateway_resource.products_id",
            "module.api_gateway.aws_api_gateway_resource.registrations",
            "module.api_gateway.aws_api_gateway_resource.stores",
            "module.api_gateway.aws_api_gateway_resource.stores_id",
            "module.api_gateway.aws_api_gateway_resource.users",
            "module.api_gateway.aws_api_gateway_resource.users_id",
            "module.api_gateway.aws_api_gateway_rest_api.this",
            "module.dynamodb.aws_dynamodb_table.audit",
            "module.dynamodb.aws_dynamodb_table.carts",
            "module.dynamodb.aws_dynamodb_table.orders",
            "module.dynamodb.aws_dynamodb_table.products",
            "module.dynamodb.aws_dynamodb_table.stores",
            "module.iam.aws_iam_role.audit",
            "module.iam.aws_iam_role.carts",
            "module.iam.aws_iam_role.dashboard",
            "module.iam.aws_iam_role.notifications",
            "module.iam.aws_iam_role.orders",
            "module.iam.aws_iam_role.products",
            "module.iam.aws_iam_role.stores",
            "module.iam.aws_iam_role.users",
            "module.iam.data.aws_iam_policy_document.lambda_assume_role",
            "module.lambdas.aws_cloudwatch_log_group.this",
            "module.lambdas.aws_lambda_function.this",
            "module.lambdas.data.archive_file.this",
            "module.lambdas.null_resource.copy_utils"
          ],
          "create_before_destroy": true
        }
      ]
    },
    {
      "module": "module.api_gateway",
      "mode": "managed",
      "type": "aws_api_gateway_method",
      "name": "route",
      "provider": "provider[\"registry.terraform.io/hashicorp/aws\"]",
      "instances": [
        {
          "index_key": "audit_get",
          "schema_version": 0,
          "attributes": {
            "api_key_required": true,
            "authorization": "COGNITO_USER_POOLS",
            "authorization_scopes": [],
            "authorizer_id": "gj392d",
            "http_method": "GET",
            "id": "agm-pe5etk8on8-s9mv9l-GET",
            "operation_name": "",
            "request_models": {},
            "request_parameters": {},
            "request_validator_id": "",
            "resource_id": "s9mv9l",
            "rest_api_id": "pe5etk8on8"
          },
          "sensitive_attributes": [],
          "identity_schema_version": 0,
          "private": "bnVsbA==",
          "dependencies": [
            "module.api_gateway.aws_api_gateway_authorizer.cognito",
            "module.api_gateway.aws_api_gateway_resource.audit",
            "module.api_gateway.aws_api_gateway_resource.carts",
            "module.api_gateway.aws_api_gateway_resource.carts_id",
            "module.api_gateway.aws_api_gateway_resource.carts_id_products",
            "module.api_gateway.aws_api_gateway_resource.carts_id_products_id",
            "module.api_gateway.aws_api_gateway_resource.dashboard",
            "module.api_gateway.aws_api_gateway_resource.orders",
            "module.api_gateway.aws_api_gateway_resource.orders_id",
            "module.api_gateway.aws_api_gateway_resource.products",
            "module.api_gateway.aws_api_gateway_resource.products_id",
            "module.api_gateway.aws_api_gateway_resource.registrations",
            "module.api_gateway.aws_api_gateway_resource.stores",
            "module.api_gateway.aws_api_gateway_resource.stores_id",
            "module.api_gateway.aws_api_gateway_resource.users",
            "module.api_gateway.aws_api_gateway_resource.users_id",
            "module.api_gateway.aws_api_gateway_rest_api.this",
            "module.cognito.aws_cognito_user_pool.users",
            "module.dynamodb.aws_dynamodb_table.audit",
            "module.dynamodb.aws_dynamodb_table.carts",
            "module.dynamodb.aws_dynamodb_table.orders",
            "module.dynamodb.aws_dynamodb_table.products",
            "module.dynamodb.aws_dynamodb_table.stores",
            "module.iam.aws_iam_role.audit",
            "module.iam.aws_iam_role.carts",
            "module.iam.aws_iam_role.dashboard",
            "module.iam.aws_iam_role.notifications",
            "module.iam.aws_iam_role.orders",
            "module.iam.aws_iam_role.products",
            "module.iam.aws_iam_role.stores",
            "module.iam.aws_iam_role.users",
            "module.iam.data.aws_iam_policy_document.lambda_assume_role",
            "module.lambdas.aws_cloudwatch_log_group.this",
            "module.lambdas.aws_lambda_function.this",
            "module.lambdas.data.archive_file.this",
            "module.lambdas.null_resource.copy_utils"
          ],
          "create_before_destroy": true
        },
        {
          "index_key": "carts_add_product",
          "schema_version": 0,
          "attributes": {
            "api_key_required": true,
            "authorization": "COGNITO_USER_POOLS",
            "authorization_scopes": [],
            "authorizer_id": "gj392d",
            "http_method": "POST",
            "id": "agm-pe5etk8on8-u1uwwk-POST",
            "operation_name": "",
            "request_models": {},
            "request_parameters": {},
            "request_validator_id": "",
            "resource_id": "u1uwwk",
            "rest_api_id": "pe5etk8on8"
          },
          "sensitive_attributes": [],
          "identity_schema_version": 0,
          "private": "bnVsbA==",
          "dependencies": [
            "module.api_gateway.aws_api_gateway_authorizer.cognito",
            "module.api_gateway.aws_api_gateway_resource.audit",
            "module.api_gateway.aws_api_gateway_resource.carts",
            "module.api_gateway.aws_api_gateway_resource.carts_id",
            "module.api_gateway.aws_api_gateway_resource.carts_id_products",
            "module.api_gateway.aws_api_gateway_resource.carts_id_products_id",
            "module.api_gateway.aws_api_gateway_resource.dashboard",
            "module.api_gateway.aws_api_gateway_resource.orders",
            "module.api_gateway.aws_api_gateway_resource.orders_id",
            "module.api_gateway.aws_api_gateway_resource.products",
            "module.api_gateway.aws_api_gateway_resource.products_id",
            "module.api_gateway.aws_api_gateway_resource.registrations",
            "module.api_gateway.aws_api_gateway_resource.stores",
            "module.api_gateway.aws_api_gateway_resource.stores_id",
            "module.api_gateway.aws_api_gateway_resource.users",
            "module.api_gateway.aws_api_gateway_resource.users_id",
            "module.api_gateway.aws_api_gateway_rest_api.this",
            "module.cognito.aws_cognito_user_pool.users",
            "module.dynamodb.aws_dynamodb_table.audit",
            "module.dynamodb.aws_dynamodb_table.carts",
            "module.dynamodb.aws_dynamodb_table.orders",
            "module.dynamodb.aws_dynamodb_table.products",
            "module.dynamodb.aws_dynamodb_table.stores",
            "module.iam.aws_iam_role.audit",
            "module.iam.aws_iam_role.carts",
            "module.iam.aws_iam_role.dashboard",
            "module.iam.aws_iam_role.notifications",
            "module.iam.aws_iam_role.orders",
            "module.iam.aws_iam_role.products",
            "module.iam.aws_iam_role.stores",
            "module.iam.aws_iam_role.users",
            "module.iam.data.aws_iam_policy_document.lambda_assume_role",
            "module.lambdas.aws_cloudwatch_log_group.this",
            "module.lambdas.aws_lambda_function.this",
            "module.lambdas.data.archive_file.this",
            "module.lambdas.null_resource.copy_utils"
          ],
          "create_before_destroy": true
        },
        {
          "index_key": "carts_clear",
          "schema_version": 0,
          "attributes": {
            "api_key_required": true,
            "authorization": "COGNITO_USER_POOLS",
            "authorization_scopes": [],
            "authorizer_id": "gj392d",
            "http_method": "DELETE",
            "id": "agm-pe5etk8on8-so1vtf-DELETE",
            "operation_name": "",
            "request_models": {},
            "request_parameters": {},
            "request_validator_id": "",
            "resource_id": "so1vtf",
            "rest_api_id": "pe5etk8on8"
          },
          "sensitive_attributes": [],
          "identity_schema_version": 0,
          "private": "bnVsbA==",
          "dependencies": [
            "module.api_gateway.aws_api_gateway_authorizer.cognito",
            "module.api_gateway.aws_api_gateway_resource.audit",
            "module.api_gateway.aws_api_gateway_resource.carts",
            "module.api_gateway.aws_api_gateway_resource.carts_id",
            "module.api_gateway.aws_api_gateway_resource.carts_id_products",
            "module.api_gateway.aws_api_gateway_resource.carts_id_products_id",
            "module.api_gateway.aws_api_gateway_resource.dashboard",
            "module.api_gateway.aws_api_gateway_resource.orders",
            "module.api_gateway.aws_api_gateway_resource.orders_id",
            "module.api_gateway.aws_api_gateway_resource.products",
            "module.api_gateway.aws_api_gateway_resource.products_id",
            "module.api_gateway.aws_api_gateway_resource.registrations",
            "module.api_gateway.aws_api_gateway_resource.stores",
            "module.api_gateway.aws_api_gateway_resource.stores_id",
            "module.api_gateway.aws_api_gateway_resource.users",
            "module.api_gateway.aws_api_gateway_resource.users_id",
            "module.api_gateway.aws_api_gateway_rest_api.this",
            "module.cognito.aws_cognito_user_pool.users",
            "module.dynamodb.aws_dynamodb_table.audit",
            "module.dynamodb.aws_dynamodb_table.carts",
            "module.dynamodb.aws_dynamodb_table.orders",
            "module.dynamodb.aws_dynamodb_table.products",
            "module.dynamodb.aws_dynamodb_table.stores",
            "module.iam.aws_iam_role.audit",
            "module.iam.aws_iam_role.carts",
            "module.iam.aws_iam_role.dashboard",
            "module.iam.aws_iam_role.notifications",
            "module.iam.aws_iam_role.orders",
            "module.iam.aws_iam_role.products",
            "module.iam.aws_iam_role.stores",
            "module.iam.aws_iam_role.users",
            "module.iam.data.aws_iam_policy_document.lambda_assume_role",
            "module.lambdas.aws_cloudwatch_log_group.this",
            "module.lambdas.aws_lambda_function.this",
            "module.lambdas.data.archive_file.this",
            "module.lambdas.null_resource.copy_utils"
          ],
          "create_before_destroy": true
        },
        {
          "index_key": "carts_get",
          "schema_version": 0,
          "attributes": {
            "api_key_required": true,
            "authorization": "COGNITO_USER_POOLS",
            "authorization_scopes": [],
            "authorizer_id": "gj392d",
            "http_method": "GET",
            "id": "agm-pe5etk8on8-so1vtf-GET",
            "operation_name": "",
            "request_models": {},
            "request_parameters": {},
            "request_validator_id": "",
            "resource_id": "so1vtf",
            "rest_api_id": "pe5etk8on8"
          },
          "sensitive_attributes": [],
          "identity_schema_version": 0,
          "private": "bnVsbA==",
          "dependencies": [
            "module.api_gateway.aws_api_gateway_authorizer.cognito",
            "module.api_gateway.aws_api_gateway_resource.audit",
            "module.api_gateway.aws_api_gateway_resource.carts",
            "module.api_gateway.aws_api_gateway_resource.carts_id",
            "module.api_gateway.aws_api_gateway_resource.carts_id_products",
            "module.api_gateway.aws_api_gateway_resource.carts_id_products_id",
            "module.api_gateway.aws_api_gateway_resource.dashboard",
            "module.api_gateway.aws_api_gateway_resource.orders",
            "module.api_gateway.aws_api_gateway_resource.orders_id",
            "module.api_gateway.aws_api_gateway_resource.products",
            "module.api_gateway.aws_api_gateway_resource.products_id",
            "module.api_gateway.aws_api_gateway_resource.registrations",
            "module.api_gateway.aws_api_gateway_resource.stores",
            "module.api_gateway.aws_api_gateway_resource.stores_id",
            "module.api_gateway.aws_api_gateway_resource.users",
            "module.api_gateway.aws_api_gateway_resource.users_id",
            "module.api_gateway.aws_api_gateway_rest_api.this",
            "module.cognito.aws_cognito_user_pool.users",
            "module.dynamodb.aws_dynamodb_table.audit",
            "module.dynamodb.aws_dynamodb_table.carts",
            "module.dynamodb.aws_dynamodb_table.orders",
            "module.dynamodb.aws_dynamodb_table.products",
            "module.dynamodb.aws_dynamodb_table.stores",
            "module.iam.aws_iam_role.audit",
            "module.iam.aws_iam_role.carts",
            "module.iam.aws_iam_role.dashboard",
            "module.iam.aws_iam_role.notifications",
            "module.iam.aws_iam_role.orders",
            "module.iam.aws_iam_role.products",
            "module.iam.aws_iam_role.stores",
            "module.iam.aws_iam_role.users",
            "module.iam.data.aws_iam_policy_document.lambda_assume_role",
            "module.lambdas.aws_cloudwatch_log_group.this",
            "module.lambdas.aws_lambda_function.this",
            "module.lambdas.data.archive_file.this",
            "module.lambdas.null_resource.copy_utils"
          ],
          "create_before_destroy": true
        },
        {
          "index_key": "carts_modify_quantity",
          "schema_version": 0,
          "attributes": {
            "api_key_required": true,
            "authorization": "COGNITO_USER_POOLS",
            "authorization_scopes": [],
            "authorizer_id": "gj392d",
            "http_method": "PATCH",
            "id": "agm-pe5etk8on8-u1uwwk-PATCH",
            "operation_name": "",
            "request_models": {},
            "request_parameters": {},
            "request_validator_id": "",
            "resource_id": "u1uwwk",
            "rest_api_id": "pe5etk8on8"
          },
          "sensitive_attributes": [],
          "identity_schema_version": 0,
          "private": "bnVsbA==",
          "dependencies": [
            "module.api_gateway.aws_api_gateway_authorizer.cognito",
            "module.api_gateway.aws_api_gateway_resource.audit",
            "module.api_gateway.aws_api_gateway_resource.carts",
            "module.api_gateway.aws_api_gateway_resource.carts_id",
            "module.api_gateway.aws_api_gateway_resource.carts_id_products",
            "module.api_gateway.aws_api_gateway_resource.carts_id_products_id",
            "module.api_gateway.aws_api_gateway_resource.dashboard",
            "module.api_gateway.aws_api_gateway_resource.orders",
            "module.api_gateway.aws_api_gateway_resource.orders_id",
            "module.api_gateway.aws_api_gateway_resource.products",
            "module.api_gateway.aws_api_gateway_resource.products_id",
            "module.api_gateway.aws_api_gateway_resource.registrations",
            "module.api_gateway.aws_api_gateway_resource.stores",
            "module.api_gateway.aws_api_gateway_resource.stores_id",
            "module.api_gateway.aws_api_gateway_resource.users",
            "module.api_gateway.aws_api_gateway_resource.users_id",
            "module.api_gateway.aws_api_gateway_rest_api.this",
            "module.cognito.aws_cognito_user_pool.users",
            "module.dynamodb.aws_dynamodb_table.audit",
            "module.dynamodb.aws_dynamodb_table.carts",
            "module.dynamodb.aws_dynamodb_table.orders",
            "module.dynamodb.aws_dynamodb_table.products",
            "module.dynamodb.aws_dynamodb_table.stores",
            "module.iam.aws_iam_role.audit",
            "module.iam.aws_iam_role.carts",
            "module.iam.aws_iam_role.dashboard",
            "module.iam.aws_iam_role.notifications",
            "module.iam.aws_iam_role.orders",
            "module.iam.aws_iam_role.products",
            "module.iam.aws_iam_role.stores",
            "module.iam.aws_iam_role.users",
            "module.iam.data.aws_iam_policy_document.lambda_assume_role",
            "module.lambdas.aws_cloudwatch_log_group.this",
            "module.lambdas.aws_lambda_function.this",
            "module.lambdas.data.archive_file.this",
            "module.lambdas.null_resource.copy_utils"
          ],
          "create_before_destroy": true
        },
        {
          "index_key": "carts_remove_product",
          "schema_version": 0,
          "attributes": {
            "api_key_required": true,
            "authorization": "COGNITO_USER_POOLS",
            "authorization_scopes": [],
            "authorizer_id": "gj392d",
            "http_method": "DELETE",
            "id": "agm-pe5etk8on8-u1uwwk-DELETE",
            "operation_name": "",
            "request_models": {},
            "request_parameters": {},
            "request_validator_id": "",
            "resource_id": "u1uwwk",
            "rest_api_id": "pe5etk8on8"
          },
          "sensitive_attributes": [],
          "identity_schema_version": 0,
          "private": "bnVsbA==",
          "dependencies": [
            "module.api_gateway.aws_api_gateway_authorizer.cognito",
            "module.api_gateway.aws_api_gateway_resource.audit",
            "module.api_gateway.aws_api_gateway_resource.carts",
            "module.api_gateway.aws_api_gateway_resource.carts_id",
            "module.api_gateway.aws_api_gateway_resource.carts_id_products",
            "module.api_gateway.aws_api_gateway_resource.carts_id_products_id",
            "module.api_gateway.aws_api_gateway_resource.dashboard",
            "module.api_gateway.aws_api_gateway_resource.orders",
            "module.api_gateway.aws_api_gateway_resource.orders_id",
            "module.api_gateway.aws_api_gateway_resource.products",
            "module.api_gateway.aws_api_gateway_resource.products_id",
            "module.api_gateway.aws_api_gateway_resource.registrations",
            "module.api_gateway.aws_api_gateway_resource.stores",
            "module.api_gateway.aws_api_gateway_resource.stores_id",
            "module.api_gateway.aws_api_gateway_resource.users",
            "module.api_gateway.aws_api_gateway_resource.users_id",
            "module.api_gateway.aws_api_gateway_rest_api.this",
            "module.cognito.aws_cognito_user_pool.users",
            "module.dynamodb.aws_dynamodb_table.audit",
            "module.dynamodb.aws_dynamodb_table.carts",
            "module.dynamodb.aws_dynamodb_table.orders",
            "module.dynamodb.aws_dynamodb_table.products",
            "module.dynamodb.aws_dynamodb_table.stores",
            "module.iam.aws_iam_role.audit",
            "module.iam.aws_iam_role.carts",
            "module.iam.aws_iam_role.dashboard",
            "module.iam.aws_iam_role.notifications",
            "module.iam.aws_iam_role.orders",
            "module.iam.aws_iam_role.products",
            "module.iam.aws_iam_role.stores",
            "module.iam.aws_iam_role.users",
            "module.iam.data.aws_iam_policy_document.lambda_assume_role",
            "module.lambdas.aws_cloudwatch_log_group.this",
            "module.lambdas.aws_lambda_function.this",
            "module.lambdas.data.archive_file.this",
            "module.lambdas.null_resource.copy_utils"
          ],
          "create_before_destroy": true
        },
        {
          "index_key": "dashboard_get",
          "schema_version": 0,
          "attributes": {
            "api_key_required": true,
            "authorization": "COGNITO_USER_POOLS",
            "authorization_scopes": [],
            "authorizer_id": "gj392d",
            "http_method": "GET",
            "id": "agm-pe5etk8on8-1l2lql-GET",
            "operation_name": "",
            "request_models": {},
            "request_parameters": {},
            "request_validator_id": "",
            "resource_id": "1l2lql",
            "rest_api_id": "pe5etk8on8"
          },
          "sensitive_attributes": [],
          "identity_schema_version": 0,
          "private": "bnVsbA==",
          "dependencies": [
            "module.api_gateway.aws_api_gateway_authorizer.cognito",
            "module.api_gateway.aws_api_gateway_resource.audit",
            "module.api_gateway.aws_api_gateway_resource.carts",
            "module.api_gateway.aws_api_gateway_resource.carts_id",
            "module.api_gateway.aws_api_gateway_resource.carts_id_products",
            "module.api_gateway.aws_api_gateway_resource.carts_id_products_id",
            "module.api_gateway.aws_api_gateway_resource.dashboard",
            "module.api_gateway.aws_api_gateway_resource.orders",
            "module.api_gateway.aws_api_gateway_resource.orders_id",
            "module.api_gateway.aws_api_gateway_resource.products",
            "module.api_gateway.aws_api_gateway_resource.products_id",
            "module.api_gateway.aws_api_gateway_resource.registrations",
            "module.api_gateway.aws_api_gateway_resource.stores",
            "module.api_gateway.aws_api_gateway_resource.stores_id",
            "module.api_gateway.aws_api_gateway_resource.users",
            "module.api_gateway.aws_api_gateway_resource.users_id",
            "module.api_gateway.aws_api_gateway_rest_api.this",
            "module.cognito.aws_cognito_user_pool.users",
            "module.dynamodb.aws_dynamodb_table.audit",
            "module.dynamodb.aws_dynamodb_table.carts",
            "module.dynamodb.aws_dynamodb_table.orders",
            "module.dynamodb.aws_dynamodb_table.products",
            "module.dynamodb.aws_dynamodb_table.stores",
            "module.iam.aws_iam_role.audit",
            "module.iam.aws_iam_role.carts",
            "module.iam.aws_iam_role.dashboard",
            "module.iam.aws_iam_role.notifications",
            "module.iam.aws_iam_role.orders",
            "module.iam.aws_iam_role.products",
            "module.iam.aws_iam_role.stores",
            "module.iam.aws_iam_role.users",
            "module.iam.data.aws_iam_policy_document.lambda_assume_role",
            "module.lambdas.aws_cloudwatch_log_group.this",
            "module.lambdas.aws_lambda_function.this",
            "module.lambdas.data.archive_file.this",
            "module.lambdas.null_resource.copy_utils"
          ],
          "create_before_destroy": true
        },
        {
          "index_key": "orders_cancel",
          "schema_version": 0,
          "attributes": {
            "api_key_required": true,
            "authorization": "COGNITO_USER_POOLS",
            "authorization_scopes": [],
            "authorizer_id": "gj392d",
            "http_method": "DELETE",
            "id": "agm-pe5etk8on8-kj23vc-DELETE",
            "operation_name": "",
            "request_models": {},
            "request_parameters": {},
            "request_validator_id": "",
            "resource_id": "kj23vc",
            "rest_api_id": "pe5etk8on8"
          },
          "sensitive_attributes": [],
          "identity_schema_version": 0,
          "private": "bnVsbA==",
          "dependencies": [
            "module.api_gateway.aws_api_gateway_authorizer.cognito",
            "module.api_gateway.aws_api_gateway_resource.audit",
            "module.api_gateway.aws_api_gateway_resource.carts",
            "module.api_gateway.aws_api_gateway_resource.carts_id",
            "module.api_gateway.aws_api_gateway_resource.carts_id_products",
            "module.api_gateway.aws_api_gateway_resource.carts_id_products_id",
            "module.api_gateway.aws_api_gateway_resource.dashboard",
            "module.api_gateway.aws_api_gateway_resource.orders",
            "module.api_gateway.aws_api_gateway_resource.orders_id",
            "module.api_gateway.aws_api_gateway_resource.products",
            "module.api_gateway.aws_api_gateway_resource.products_id",
            "module.api_gateway.aws_api_gateway_resource.registrations",
            "module.api_gateway.aws_api_gateway_resource.stores",
            "module.api_gateway.aws_api_gateway_resource.stores_id",
            "module.api_gateway.aws_api_gateway_resource.users",
            "module.api_gateway.aws_api_gateway_resource.users_id",
            "module.api_gateway.aws_api_gateway_rest_api.this",
            "module.cognito.aws_cognito_user_pool.users",
            "module.dynamodb.aws_dynamodb_table.audit",
            "module.dynamodb.aws_dynamodb_table.carts",
            "module.dynamodb.aws_dynamodb_table.orders",
            "module.dynamodb.aws_dynamodb_table.products",
            "module.dynamodb.aws_dynamodb_table.stores",
            "module.iam.aws_iam_role.audit",
            "module.iam.aws_iam_role.carts",
            "module.iam.aws_iam_role.dashboard",
            "module.iam.aws_iam_role.notifications",
            "module.iam.aws_iam_role.orders",
            "module.iam.aws_iam_role.products",
            "module.iam.aws_iam_role.stores",
            "module.iam.aws_iam_role.users",
            "module.iam.data.aws_iam_policy_document.lambda_assume_role",
            "module.lambdas.aws_cloudwatch_log_group.this",
            "module.lambdas.aws_lambda_function.this",
            "module.lambdas.data.archive_file.this",
            "module.lambdas.null_resource.copy_utils"
          ],
          "create_before_destroy": true
        },
        {
          "index_key": "orders_create",
          "schema_version": 0,
          "attributes": {
            "api_key_required": true,
            "authorization": "COGNITO_USER_POOLS",
            "authorization_scopes": [],
            "authorizer_id": "gj392d",
            "http_method": "POST",
            "id": "agm-pe5etk8on8-1or92y-POST",
            "operation_name": "",
            "request_models": {},
            "request_parameters": {},
            "request_validator_id": "",
            "resource_id": "1or92y",
            "rest_api_id": "pe5etk8on8"
          },
          "sensitive_attributes": [],
          "identity_schema_version": 0,
          "private": "bnVsbA==",
          "dependencies": [
            "module.api_gateway.aws_api_gateway_authorizer.cognito",
            "module.api_gateway.aws_api_gateway_resource.audit",
            "module.api_gateway.aws_api_gateway_resource.carts",
            "module.api_gateway.aws_api_gateway_resource.carts_id",
            "module.api_gateway.aws_api_gateway_resource.carts_id_products",
            "module.api_gateway.aws_api_gateway_resource.carts_id_products_id",
            "module.api_gateway.aws_api_gateway_resource.dashboard",
            "module.api_gateway.aws_api_gateway_resource.orders",
            "module.api_gateway.aws_api_gateway_resource.orders_id",
            "module.api_gateway.aws_api_gateway_resource.products",
            "module.api_gateway.aws_api_gateway_resource.products_id",
            "module.api_gateway.aws_api_gateway_resource.registrations",
            "module.api_gateway.aws_api_gateway_resource.stores",
            "module.api_gateway.aws_api_gateway_resource.stores_id",
            "module.api_gateway.aws_api_gateway_resource.users",
            "module.api_gateway.aws_api_gateway_resource.users_id",
            "module.api_gateway.aws_api_gateway_rest_api.this",
            "module.cognito.aws_cognito_user_pool.users",
            "module.dynamodb.aws_dynamodb_table.audit",
            "module.dynamodb.aws_dynamodb_table.carts",
            "module.dynamodb.aws_dynamodb_table.orders",
            "module.dynamodb.aws_dynamodb_table.products",
            "module.dynamodb.aws_dynamodb_table.stores",
            "module.iam.aws_iam_role.audit",
            "module.iam.aws_iam_role.carts",
            "module.iam.aws_iam_role.dashboard",
            "module.iam.aws_iam_role.notifications",
            "module.iam.aws_iam_role.orders",
            "module.iam.aws_iam_role.products",
            "module.iam.aws_iam_role.stores",
            "module.iam.aws_iam_role.users",
            "module.iam.data.aws_iam_policy_document.lambda_assume_role",
            "module.lambdas.aws_cloudwatch_log_group.this",
            "module.lambdas.aws_lambda_function.this",
            "module.lambdas.data.archive_file.this",
            "module.lambdas.null_resource.copy_utils"
          ],
          "create_before_destroy": true
        },
        {
          "index_key": "orders_get",
          "schema_version": 0,
          "attributes": {
            "api_key_required": true,
            "authorization": "COGNITO_USER_POOLS",
            "authorization_scopes": [],
            "authorizer_id": "gj392d",
            "http_method": "GET",
            "id": "agm-pe5etk8on8-kj23vc-GET",
            "operation_name": "",
            "request_models": {},
            "request_parameters": {},
            "request_validator_id": "",
            "resource_id": "kj23vc",
            "rest_api_id": "pe5etk8on8"
          },
          "sensitive_attributes": [],
          "identity_schema_version": 0,
          "private": "bnVsbA==",
          "dependencies": [
            "module.api_gateway.aws_api_gateway_authorizer.cognito",
            "module.api_gateway.aws_api_gateway_resource.audit",
            "module.api_gateway.aws_api_gateway_resource.carts",
            "module.api_gateway.aws_api_gateway_resource.carts_id",
            "module.api_gateway.aws_api_gateway_resource.carts_id_products",
            "module.api_gateway.aws_api_gateway_resource.carts_id_products_id",
            "module.api_gateway.aws_api_gateway_resource.dashboard",
            "module.api_gateway.aws_api_gateway_resource.orders",
            "module.api_gateway.aws_api_gateway_resource.orders_id",
            "module.api_gateway.aws_api_gateway_resource.products",
            "module.api_gateway.aws_api_gateway_resource.products_id",
            "module.api_gateway.aws_api_gateway_resource.registrations",
            "module.api_gateway.aws_api_gateway_resource.stores",
            "module.api_gateway.aws_api_gateway_resource.stores_id",
            "module.api_gateway.aws_api_gateway_resource.users",
            "module.api_gateway.aws_api_gateway_resource.users_id",
            "module.api_gateway.aws_api_gateway_rest_api.this",
            "module.cognito.aws_cognito_user_pool.users",
            "module.dynamodb.aws_dynamodb_table.audit",
            "module.dynamodb.aws_dynamodb_table.carts",
            "module.dynamodb.aws_dynamodb_table.orders",
            "module.dynamodb.aws_dynamodb_table.products",
            "module.dynamodb.aws_dynamodb_table.stores",
            "module.iam.aws_iam_role.audit",
            "module.iam.aws_iam_role.carts",
            "module.iam.aws_iam_role.dashboard",
            "module.iam.aws_iam_role.notifications",
            "module.iam.aws_iam_role.orders",
            "module.iam.aws_iam_role.products",
            "module.iam.aws_iam_role.stores",
            "module.iam.aws_iam_role.users",
            "module.iam.data.aws_iam_policy_document.lambda_assume_role",
            "module.lambdas.aws_cloudwatch_log_group.this",
            "module.lambdas.aws_lambda_function.this",
            "module.lambdas.data.archive_file.this",
            "module.lambdas.null_resource.copy_utils"
          ],
          "create_before_destroy": true
        },
        {
          "index_key": "orders_list",
          "schema_version": 0,
          "attributes": {
            "api_key_required": true,
            "authorization": "COGNITO_USER_POOLS",
            "authorization_scopes": [],
            "authorizer_id": "gj392d",
            "http_method": "GET",
            "id": "agm-pe5etk8on8-1or92y-GET",
            "operation_name": "",
            "request_models": {},
            "request_parameters": {},
            "request_validator_id": "",
            "resource_id": "1or92y",
            "rest_api_id": "pe5etk8on8"
          },
          "sensitive_attributes": [],
          "identity_schema_version": 0,
          "private": "bnVsbA==",
          "dependencies": [
            "module.api_gateway.aws_api_gateway_authorizer.cognito",
            "module.api_gateway.aws_api_gateway_resource.audit",
            "module.api_gateway.aws_api_gateway_resource.carts",
            "module.api_gateway.aws_api_gateway_resource.carts_id",
            "module.api_gateway.aws_api_gateway_resource.carts_id_products",
            "module.api_gateway.aws_api_gateway_resource.carts_id_products_id",
            "module.api_gateway.aws_api_gateway_resource.dashboard",
            "module.api_gateway.aws_api_gateway_resource.orders",
            "module.api_gateway.aws_api_gateway_resource.orders_id",
            "module.api_gateway.aws_api_gateway_resource.products",
            "module.api_gateway.aws_api_gateway_resource.products_id",
            "module.api_gateway.aws_api_gateway_resource.registrations",
            "module.api_gateway.aws_api_gateway_resource.stores",
            "module.api_gateway.aws_api_gateway_resource.stores_id",
            "module.api_gateway.aws_api_gateway_resource.users",
            "module.api_gateway.aws_api_gateway_resource.users_id",
            "module.api_gateway.aws_api_gateway_rest_api.this",
            "module.cognito.aws_cognito_user_pool.users",
            "module.dynamodb.aws_dynamodb_table.audit",
            "module.dynamodb.aws_dynamodb_table.carts",
            "module.dynamodb.aws_dynamodb_table.orders",
            "module.dynamodb.aws_dynamodb_table.products",
            "module.dynamodb.aws_dynamodb_table.stores",
            "module.iam.aws_iam_role.audit",
            "module.iam.aws_iam_role.carts",
            "module.iam.aws_iam_role.dashboard",
            "module.iam.aws_iam_role.notifications",
            "module.iam.aws_iam_role.orders",
            "module.iam.aws_iam_role.products",
            "module.iam.aws_iam_role.stores",
            "module.iam.aws_iam_role.users",
            "module.iam.data.aws_iam_policy_document.lambda_assume_role",
            "module.lambdas.aws_cloudwatch_log_group.this",
            "module.lambdas.aws_lambda_function.this",
            "module.lambdas.data.archive_file.this",
            "module.lambdas.null_resource.copy_utils"
          ],
          "create_before_destroy": true
        },
        {
          "index_key": "orders_update_status",
          "schema_version": 0,
          "attributes": {
            "api_key_required": true,
            "authorization": "COGNITO_USER_POOLS",
            "authorization_scopes": [],
            "authorizer_id": "gj392d",
            "http_method": "PATCH",
            "id": "agm-pe5etk8on8-kj23vc-PATCH",
            "operation_name": "",
            "request_models": {},
            "request_parameters": {},
            "request_validator_id": "",
            "resource_id": "kj23vc",
            "rest_api_id": "pe5etk8on8"
          },
          "sensitive_attributes": [],
          "identity_schema_version": 0,
          "private": "bnVsbA==",
          "dependencies": [
            "module.api_gateway.aws_api_gateway_authorizer.cognito",
            "module.api_gateway.aws_api_gateway_resource.audit",
            "module.api_gateway.aws_api_gateway_resource.carts",
            "module.api_gateway.aws_api_gateway_resource.carts_id",
            "module.api_gateway.aws_api_gateway_resource.carts_id_products",
            "module.api_gateway.aws_api_gateway_resource.carts_id_products_id",
            "module.api_gateway.aws_api_gateway_resource.dashboard",
            "module.api_gateway.aws_api_gateway_resource.orders",
            "module.api_gateway.aws_api_gateway_resource.orders_id",
            "module.api_gateway.aws_api_gateway_resource.products",
            "module.api_gateway.aws_api_gateway_resource.products_id",
            "module.api_gateway.aws_api_gateway_resource.registrations",
            "module.api_gateway.aws_api_gateway_resource.stores",
            "module.api_gateway.aws_api_gateway_resource.stores_id",
            "module.api_gateway.aws_api_gateway_resource.users",
            "module.api_gateway.aws_api_gateway_resource.users_id",
            "module.api_gateway.aws_api_gateway_rest_api.this",
            "module.cognito.aws_cognito_user_pool.users",
            "module.dynamodb.aws_dynamodb_table.audit",
            "module.dynamodb.aws_dynamodb_table.carts",
            "module.dynamodb.aws_dynamodb_table.orders",
            "module.dynamodb.aws_dynamodb_table.products",
            "module.dynamodb.aws_dynamodb_table.stores",
            "module.iam.aws_iam_role.audit",
            "module.iam.aws_iam_role.carts",
            "module.iam.aws_iam_role.dashboard",
            "module.iam.aws_iam_role.notifications",
            "module.iam.aws_iam_role.orders",
            "module.iam.aws_iam_role.products",
            "module.iam.aws_iam_role.stores",
            "module.iam.aws_iam_role.users",
            "module.iam.data.aws_iam_policy_document.lambda_assume_role",
            "module.lambdas.aws_cloudwatch_log_group.this",
            "module.lambdas.aws_lambda_function.this",
            "module.lambdas.data.archive_file.this",
            "module.lambdas.null_resource.copy_utils"
          ],
          "create_before_destroy": true
        },
        {
          "index_key": "products_create",
          "schema_version": 0,
          "attributes": {
            "api_key_required": true,
            "authorization": "COGNITO_USER_POOLS",
            "authorization_scopes": [],
            "authorizer_id": "gj392d",
            "http_method": "POST",
            "id": "agm-pe5etk8on8-pec3nc-POST",
            "operation_name": "",
            "request_models": {},
            "request_parameters": {},
            "request_validator_id": "",
            "resource_id": "pec3nc",
            "rest_api_id": "pe5etk8on8"
          },
          "sensitive_attributes": [],
          "identity_schema_version": 0,
          "private": "bnVsbA==",
          "dependencies": [
            "module.api_gateway.aws_api_gateway_authorizer.cognito",
            "module.api_gateway.aws_api_gateway_resource.audit",
            "module.api_gateway.aws_api_gateway_resource.carts",
            "module.api_gateway.aws_api_gateway_resource.carts_id",
            "module.api_gateway.aws_api_gateway_resource.carts_id_products",
            "module.api_gateway.aws_api_gateway_resource.carts_id_products_id",
            "module.api_gateway.aws_api_gateway_resource.dashboard",
            "module.api_gateway.aws_api_gateway_resource.orders",
            "module.api_gateway.aws_api_gateway_resource.orders_id",
            "module.api_gateway.aws_api_gateway_resource.products",
            "module.api_gateway.aws_api_gateway_resource.products_id",
            "module.api_gateway.aws_api_gateway_resource.registrations",
            "module.api_gateway.aws_api_gateway_resource.stores",
            "module.api_gateway.aws_api_gateway_resource.stores_id",
            "module.api_gateway.aws_api_gateway_resource.users",
            "module.api_gateway.aws_api_gateway_resource.users_id",
            "module.api_gateway.aws_api_gateway_rest_api.this",
            "module.cognito.aws_cognito_user_pool.users",
            "module.dynamodb.aws_dynamodb_table.audit",
            "module.dynamodb.aws_dynamodb_table.carts",
            "module.dynamodb.aws_dynamodb_table.orders",
            "module.dynamodb.aws_dynamodb_table.products",
            "module.dynamodb.aws_dynamodb_table.stores",
            "module.iam.aws_iam_role.audit",
            "module.iam.aws_iam_role.carts",
            "module.iam.aws_iam_role.dashboard",
            "module.iam.aws_iam_role.notifications",
            "module.iam.aws_iam_role.orders",
            "module.iam.aws_iam_role.products",
            "module.iam.aws_iam_role.stores",
            "module.iam.aws_iam_role.users",
            "module.iam.data.aws_iam_policy_document.lambda_assume_role",
            "module.lambdas.aws_cloudwatch_log_group.this",
            "module.lambdas.aws_lambda_function.this",
            "module.lambdas.data.archive_file.this",
            "module.lambdas.null_resource.copy_utils"
          ],
          "create_before_destroy": true
        },
        {
          "index_key": "products_delete",
          "schema_version": 0,
          "attributes": {
            "api_key_required": true,
            "authorization": "COGNITO_USER_POOLS",
            "authorization_scopes": [],
            "authorizer_id": "gj392d",
            "http_method": "DELETE",
            "id": "agm-pe5etk8on8-bge28b-DELETE",
            "operation_name": "",
            "request_models": {},
            "request_parameters": {},
            "request_validator_id": "",
            "resource_id": "bge28b",
            "rest_api_id": "pe5etk8on8"
          },
          "sensitive_attributes": [],
          "identity_schema_version": 0,
          "private": "bnVsbA==",
          "dependencies": [
            "module.api_gateway.aws_api_gateway_authorizer.cognito",
            "module.api_gateway.aws_api_gateway_resource.audit",
            "module.api_gateway.aws_api_gateway_resource.carts",
            "module.api_gateway.aws_api_gateway_resource.carts_id",
            "module.api_gateway.aws_api_gateway_resource.carts_id_products",
            "module.api_gateway.aws_api_gateway_resource.carts_id_products_id",
            "module.api_gateway.aws_api_gateway_resource.dashboard",
            "module.api_gateway.aws_api_gateway_resource.orders",
            "module.api_gateway.aws_api_gateway_resource.orders_id",
            "module.api_gateway.aws_api_gateway_resource.products",
            "module.api_gateway.aws_api_gateway_resource.products_id",
            "module.api_gateway.aws_api_gateway_resource.registrations",
            "module.api_gateway.aws_api_gateway_resource.stores",
            "module.api_gateway.aws_api_gateway_resource.stores_id",
            "module.api_gateway.aws_api_gateway_resource.users",
            "module.api_gateway.aws_api_gateway_resource.users_id",
            "module.api_gateway.aws_api_gateway_rest_api.this",
            "module.cognito.aws_cognito_user_pool.users",
            "module.dynamodb.aws_dynamodb_table.audit",
            "module.dynamodb.aws_dynamodb_table.carts",
            "module.dynamodb.aws_dynamodb_table.orders",
            "module.dynamodb.aws_dynamodb_table.products",
            "module.dynamodb.aws_dynamodb_table.stores",
            "module.iam.aws_iam_role.audit",
            "module.iam.aws_iam_role.carts",
            "module.iam.aws_iam_role.dashboard",
            "module.iam.aws_iam_role.notifications",
            "module.iam.aws_iam_role.orders",
            "module.iam.aws_iam_role.products",
            "module.iam.aws_iam_role.stores",
            "module.iam.aws_iam_role.users",
            "module.iam.data.aws_iam_policy_document.lambda_assume_role",
            "module.lambdas.aws_cloudwatch_log_group.this",
            "module.lambdas.aws_lambda_function.this",
            "module.lambdas.data.archive_file.this",
            "module.lambdas.null_resource.copy_utils"
          ],
          "create_before_destroy": true
        },
        {
          "index_key": "products_get",
          "schema_version": 0,
          "attributes": {
            "api_key_required": true,
            "authorization": "COGNITO_USER_POOLS",
            "authorization_scopes": [],
            "authorizer_id": "gj392d",
            "http_method": "GET",
            "id": "agm-pe5etk8on8-bge28b-GET",
            "operation_name": "",
            "request_models": {},
            "request_parameters": {},
            "request_validator_id": "",
            "resource_id": "bge28b",
            "rest_api_id": "pe5etk8on8"
          },
          "sensitive_attributes": [],
          "identity_schema_version": 0,
          "private": "bnVsbA==",
          "dependencies": [
            "module.api_gateway.aws_api_gateway_authorizer.cognito",
            "module.api_gateway.aws_api_gateway_resource.audit",
            "module.api_gateway.aws_api_gateway_resource.carts",
            "module.api_gateway.aws_api_gateway_resource.carts_id",
            "module.api_gateway.aws_api_gateway_resource.carts_id_products",
            "module.api_gateway.aws_api_gateway_resource.carts_id_products_id",
            "module.api_gateway.aws_api_gateway_resource.dashboard",
            "module.api_gateway.aws_api_gateway_resource.orders",
            "module.api_gateway.aws_api_gateway_resource.orders_id",
            "module.api_gateway.aws_api_gateway_resource.products",
            "module.api_gateway.aws_api_gateway_resource.products_id",
            "module.api_gateway.aws_api_gateway_resource.registrations",
            "module.api_gateway.aws_api_gateway_resource.stores",
            "module.api_gateway.aws_api_gateway_resource.stores_id",
            "module.api_gateway.aws_api_gateway_resource.users",
            "module.api_gateway.aws_api_gateway_resource.users_id",
            "module.api_gateway.aws_api_gateway_rest_api.this",
            "module.cognito.aws_cognito_user_pool.users",
            "module.dynamodb.aws_dynamodb_table.audit",
            "module.dynamodb.aws_dynamodb_table.carts",
            "module.dynamodb.aws_dynamodb_table.orders",
            "module.dynamodb.aws_dynamodb_table.products",
            "module.dynamodb.aws_dynamodb_table.stores",
            "module.iam.aws_iam_role.audit",
            "module.iam.aws_iam_role.carts",
            "module.iam.aws_iam_role.dashboard",
            "module.iam.aws_iam_role.notifications",
            "module.iam.aws_iam_role.orders",
            "module.iam.aws_iam_role.products",
            "module.iam.aws_iam_role.stores",
            "module.iam.aws_iam_role.users",
            "module.iam.data.aws_iam_policy_document.lambda_assume_role",
            "module.lambdas.aws_cloudwatch_log_group.this",
            "module.lambdas.aws_lambda_function.this",
            "module.lambdas.data.archive_file.this",
            "module.lambdas.null_resource.copy_utils"
          ],
          "create_before_destroy": true
        },
        {
          "index_key": "products_list",
          "schema_version": 0,
          "attributes": {
            "api_key_required": true,
            "authorization": "COGNITO_USER_POOLS",
            "authorization_scopes": [],
            "authorizer_id": "gj392d",
            "http_method": "GET",
            "id": "agm-pe5etk8on8-pec3nc-GET",
            "operation_name": "",
            "request_models": {},
            "request_parameters": {},
            "request_validator_id": "",
            "resource_id": "pec3nc",
            "rest_api_id": "pe5etk8on8"
          },
          "sensitive_attributes": [],
          "identity_schema_version": 0,
          "private": "bnVsbA==",
          "dependencies": [
            "module.api_gateway.aws_api_gateway_authorizer.cognito",
            "module.api_gateway.aws_api_gateway_resource.audit",
            "module.api_gateway.aws_api_gateway_resource.carts",
            "module.api_gateway.aws_api_gateway_resource.carts_id",
            "module.api_gateway.aws_api_gateway_resource.carts_id_products",
            "module.api_gateway.aws_api_gateway_resource.carts_id_products_id",
            "module.api_gateway.aws_api_gateway_resource.dashboard",
            "module.api_gateway.aws_api_gateway_resource.orders",
            "module.api_gateway.aws_api_gateway_resource.orders_id",
            "module.api_gateway.aws_api_gateway_resource.products",
            "module.api_gateway.aws_api_gateway_resource.products_id",
            "module.api_gateway.aws_api_gateway_resource.registrations",
            "module.api_gateway.aws_api_gateway_resource.stores",
            "module.api_gateway.aws_api_gateway_resource.stores_id",
            "module.api_gateway.aws_api_gateway_resource.users",
            "module.api_gateway.aws_api_gateway_resource.users_id",
            "module.api_gateway.aws_api_gateway_rest_api.this",
            "module.cognito.aws_cognito_user_pool.users",
            "module.dynamodb.aws_dynamodb_table.audit",
            "module.dynamodb.aws_dynamodb_table.carts",
            "module.dynamodb.aws_dynamodb_table.orders",
            "module.dynamodb.aws_dynamodb_table.products",
            "module.dynamodb.aws_dynamodb_table.stores",
            "module.iam.aws_iam_role.audit",
            "module.iam.aws_iam_role.carts",
            "module.iam.aws_iam_role.dashboard",
            "module.iam.aws_iam_role.notifications",
            "module.iam.aws_iam_role.orders",
            "module.iam.aws_iam_role.products",
            "module.iam.aws_iam_role.stores",
            "module.iam.aws_iam_role.users",
            "module.iam.data.aws_iam_policy_document.lambda_assume_role",
            "module.lambdas.aws_cloudwatch_log_group.this",
            "module.lambdas.aws_lambda_function.this",
            "module.lambdas.data.archive_file.this",
            "module.lambdas.null_resource.copy_utils"
          ],
          "create_before_destroy": true
        },
        {
          "index_key": "products_update",
          "schema_version": 0,
          "attributes": {
            "api_key_required": true,
            "authorization": "COGNITO_USER_POOLS",
            "authorization_scopes": [],
            "authorizer_id": "gj392d",
            "http_method": "PATCH",
            "id": "agm-pe5etk8on8-bge28b-PATCH",
            "operation_name": "",
            "request_models": {},
            "request_parameters": {},
            "request_validator_id": "",
            "resource_id": "bge28b",
            "rest_api_id": "pe5etk8on8"
          },
          "sensitive_attributes": [],
          "identity_schema_version": 0,
          "private": "bnVsbA==",
          "dependencies": [
            "module.api_gateway.aws_api_gateway_authorizer.cognito",
            "module.api_gateway.aws_api_gateway_resource.audit",
            "module.api_gateway.aws_api_gateway_resource.carts",
            "module.api_gateway.aws_api_gateway_resource.carts_id",
            "module.api_gateway.aws_api_gateway_resource.carts_id_products",
            "module.api_gateway.aws_api_gateway_resource.carts_id_products_id",
            "module.api_gateway.aws_api_gateway_resource.dashboard",
            "module.api_gateway.aws_api_gateway_resource.orders",
            "module.api_gateway.aws_api_gateway_resource.orders_id",
            "module.api_gateway.aws_api_gateway_resource.products",
            "module.api_gateway.aws_api_gateway_resource.products_id",
            "module.api_gateway.aws_api_gateway_resource.registrations",
            "module.api_gateway.aws_api_gateway_resource.stores",
            "module.api_gateway.aws_api_gateway_resource.stores_id",
            "module.api_gateway.aws_api_gateway_resource.users",
            "module.api_gateway.aws_api_gateway_resource.users_id",
            "module.api_gateway.aws_api_gateway_rest_api.this",
            "module.cognito.aws_cognito_user_pool.users",
            "module.dynamodb.aws_dynamodb_table.audit",
            "module.dynamodb.aws_dynamodb_table.carts",
            "module.dynamodb.aws_dynamodb_table.orders",
            "module.dynamodb.aws_dynamodb_table.products",
            "module.dynamodb.aws_dynamodb_table.stores",
            "module.iam.aws_iam_role.audit",
            "module.iam.aws_iam_role.carts",
            "module.iam.aws_iam_role.dashboard",
            "module.iam.aws_iam_role.notifications",
            "module.iam.aws_iam_role.orders",
            "module.iam.aws_iam_role.products",
            "module.iam.aws_iam_role.stores",
            "module.iam.aws_iam_role.users",
            "module.iam.data.aws_iam_policy_document.lambda_assume_role",
            "module.lambdas.aws_cloudwatch_log_group.this",
            "module.lambdas.aws_lambda_function.this",
            "module.lambdas.data.archive_file.this",
            "module.lambdas.null_resource.copy_utils"
          ],
          "create_before_destroy": true
        },
        {
          "index_key": "register",
          "schema_version": 0,
          "attributes": {
            "api_key_required": false,
            "authorization": "NONE",
            "authorization_scopes": [],
            "authorizer_id": "",
            "http_method": "POST",
            "id": "agm-pe5etk8on8-ppn1tu-POST",
            "operation_name": "",
            "request_models": {},
            "request_parameters": {},
            "request_validator_id": "",
            "resource_id": "ppn1tu",
            "rest_api_id": "pe5etk8on8"
          },
          "sensitive_attributes": [],
          "identity_schema_version": 0,
          "private": "bnVsbA==",
          "dependencies": [
            "module.api_gateway.aws_api_gateway_authorizer.cognito",
            "module.api_gateway.aws_api_gateway_resource.audit",
            "module.api_gateway.aws_api_gateway_resource.carts",
            "module.api_gateway.aws_api_gateway_resource.carts_id",
            "module.api_gateway.aws_api_gateway_resource.carts_id_products",
            "module.api_gateway.aws_api_gateway_resource.carts_id_products_id",
            "module.api_gateway.aws_api_gateway_resource.dashboard",
            "module.api_gateway.aws_api_gateway_resource.orders",
            "module.api_gateway.aws_api_gateway_resource.orders_id",
            "module.api_gateway.aws_api_gateway_resource.products",
            "module.api_gateway.aws_api_gateway_resource.products_id",
            "module.api_gateway.aws_api_gateway_resource.registrations",
            "module.api_gateway.aws_api_gateway_resource.stores",
            "module.api_gateway.aws_api_gateway_resource.stores_id",
            "module.api_gateway.aws_api_gateway_resource.users",
            "module.api_gateway.aws_api_gateway_resource.users_id",
            "module.api_gateway.aws_api_gateway_rest_api.this",
            "module.cognito.aws_cognito_user_pool.users",
            "module.dynamodb.aws_dynamodb_table.audit",
            "module.dynamodb.aws_dynamodb_table.carts",
            "module.dynamodb.aws_dynamodb_table.orders",
            "module.dynamodb.aws_dynamodb_table.products",
            "module.dynamodb.aws_dynamodb_table.stores",
            "module.iam.aws_iam_role.audit",
            "module.iam.aws_iam_role.carts",
            "module.iam.aws_iam_role.dashboard",
            "module.iam.aws_iam_role.notifications",
            "module.iam.aws_iam_role.orders",
            "module.iam.aws_iam_role.products",
            "module.iam.aws_iam_role.stores",
            "module.iam.aws_iam_role.users",
            "module.iam.data.aws_iam_policy_document.lambda_assume_role",
            "module.lambdas.aws_cloudwatch_log_group.this",
            "module.lambdas.aws_lambda_function.this",
            "module.lambdas.data.archive_file.this",
            "module.lambdas.null_resource.copy_utils"
          ],
          "create_before_destroy": true
        },
        {
          "index_key": "stores_create",
          "schema_version": 0,
          "attributes": {
            "api_key_required": true,
            "authorization": "COGNITO_USER_POOLS",
            "authorization_scopes": [],
            "authorizer_id": "gj392d",
            "http_method": "POST",
            "id": "agm-pe5etk8on8-bihz2h-POST",
            "operation_name": "",
            "request_models": {},
            "request_parameters": {},
            "request_validator_id": "",
            "resource_id": "bihz2h",
            "rest_api_id": "pe5etk8on8"
          },
          "sensitive_attributes": [],
          "identity_schema_version": 0,
          "private": "bnVsbA==",
          "dependencies": [
            "module.api_gateway.aws_api_gateway_authorizer.cognito",
            "module.api_gateway.aws_api_gateway_resource.audit",
            "module.api_gateway.aws_api_gateway_resource.carts",
            "module.api_gateway.aws_api_gateway_resource.carts_id",
            "module.api_gateway.aws_api_gateway_resource.carts_id_products",
            "module.api_gateway.aws_api_gateway_resource.carts_id_products_id",
            "module.api_gateway.aws_api_gateway_resource.dashboard",
            "module.api_gateway.aws_api_gateway_resource.orders",
            "module.api_gateway.aws_api_gateway_resource.orders_id",
            "module.api_gateway.aws_api_gateway_resource.products",
            "module.api_gateway.aws_api_gateway_resource.products_id",
            "module.api_gateway.aws_api_gateway_resource.registrations",
            "module.api_gateway.aws_api_gateway_resource.stores",
            "module.api_gateway.aws_api_gateway_resource.stores_id",
            "module.api_gateway.aws_api_gateway_resource.users",
            "module.api_gateway.aws_api_gateway_resource.users_id",
            "module.api_gateway.aws_api_gateway_rest_api.this",
            "module.cognito.aws_cognito_user_pool.users",
            "module.dynamodb.aws_dynamodb_table.audit",
            "module.dynamodb.aws_dynamodb_table.carts",
            "module.dynamodb.aws_dynamodb_table.orders",
            "module.dynamodb.aws_dynamodb_table.products",
            "module.dynamodb.aws_dynamodb_table.stores",
            "module.iam.aws_iam_role.audit",
            "module.iam.aws_iam_role.carts",
            "module.iam.aws_iam_role.dashboard",
            "module.iam.aws_iam_role.notifications",
            "module.iam.aws_iam_role.orders",
            "module.iam.aws_iam_role.products",
            "module.iam.aws_iam_role.stores",
            "module.iam.aws_iam_role.users",
            "module.iam.data.aws_iam_policy_document.lambda_assume_role",
            "module.lambdas.aws_cloudwatch_log_group.this",
            "module.lambdas.aws_lambda_function.this",
            "module.lambdas.data.archive_file.this",
            "module.lambdas.null_resource.copy_utils"
          ],
          "create_before_destroy": true
        },
        {
          "index_key": "stores_delete",
          "schema_version": 0,
          "attributes": {
            "api_key_required": true,
            "authorization": "COGNITO_USER_POOLS",
            "authorization_scopes": [],
            "authorizer_id": "gj392d",
            "http_method": "DELETE",
            "id": "agm-pe5etk8on8-ff7w51-DELETE",
            "operation_name": "",
            "request_models": {},
            "request_parameters": {},
            "request_validator_id": "",
            "resource_id": "ff7w51",
            "rest_api_id": "pe5etk8on8"
          },
          "sensitive_attributes": [],
          "identity_schema_version": 0,
          "private": "bnVsbA==",
          "dependencies": [
            "module.api_gateway.aws_api_gateway_authorizer.cognito",
            "module.api_gateway.aws_api_gateway_resource.audit",
            "module.api_gateway.aws_api_gateway_resource.carts",
            "module.api_gateway.aws_api_gateway_resource.carts_id",
            "module.api_gateway.aws_api_gateway_resource.carts_id_products",
            "module.api_gateway.aws_api_gateway_resource.carts_id_products_id",
            "module.api_gateway.aws_api_gateway_resource.dashboard",
            "module.api_gateway.aws_api_gateway_resource.orders",
            "module.api_gateway.aws_api_gateway_resource.orders_id",
            "module.api_gateway.aws_api_gateway_resource.products",
            "module.api_gateway.aws_api_gateway_resource.products_id",
            "module.api_gateway.aws_api_gateway_resource.registrations",
            "module.api_gateway.aws_api_gateway_resource.stores",
            "module.api_gateway.aws_api_gateway_resource.stores_id",
            "module.api_gateway.aws_api_gateway_resource.users",
            "module.api_gateway.aws_api_gateway_resource.users_id",
            "module.api_gateway.aws_api_gateway_rest_api.this",
            "module.cognito.aws_cognito_user_pool.users",
            "module.dynamodb.aws_dynamodb_table.audit",
            "module.dynamodb.aws_dynamodb_table.carts",
            "module.dynamodb.aws_dynamodb_table.orders",
            "module.dynamodb.aws_dynamodb_table.products",
            "module.dynamodb.aws_dynamodb_table.stores",
            "module.iam.aws_iam_role.audit",
            "module.iam.aws_iam_role.carts",
            "module.iam.aws_iam_role.dashboard",
            "module.iam.aws_iam_role.notifications",
            "module.iam.aws_iam_role.orders",
            "module.iam.aws_iam_role.products",
            "module.iam.aws_iam_role.stores",
            "module.iam.aws_iam_role.users",
            "module.iam.data.aws_iam_policy_document.lambda_assume_role",
            "module.lambdas.aws_cloudwatch_log_group.this",
            "module.lambdas.aws_lambda_function.this",
            "module.lambdas.data.archive_file.this",
            "module.lambdas.null_resource.copy_utils"
          ],
          "create_before_destroy": true
        },
        {
          "index_key": "stores_get",
          "schema_version": 0,
          "attributes": {
            "api_key_required": true,
            "authorization": "COGNITO_USER_POOLS",
            "authorization_scopes": [],
            "authorizer_id": "gj392d",
            "http_method": "GET",
            "id": "agm-pe5etk8on8-ff7w51-GET",
            "operation_name": "",
            "request_models": {},
            "request_parameters": {},
            "request_validator_id": "",
            "resource_id": "ff7w51",
            "rest_api_id": "pe5etk8on8"
          },
          "sensitive_attributes": [],
          "identity_schema_version": 0,
          "private": "bnVsbA==",
          "dependencies": [
            "module.api_gateway.aws_api_gateway_authorizer.cognito",
            "module.api_gateway.aws_api_gateway_resource.audit",
            "module.api_gateway.aws_api_gateway_resource.carts",
            "module.api_gateway.aws_api_gateway_resource.carts_id",
            "module.api_gateway.aws_api_gateway_resource.carts_id_products",
            "module.api_gateway.aws_api_gateway_resource.carts_id_products_id",
            "module.api_gateway.aws_api_gateway_resource.dashboard",
            "module.api_gateway.aws_api_gateway_resource.orders",
            "module.api_gateway.aws_api_gateway_resource.orders_id",
            "module.api_gateway.aws_api_gateway_resource.products",
            "module.api_gateway.aws_api_gateway_resource.products_id",
            "module.api_gateway.aws_api_gateway_resource.registrations",
            "module.api_gateway.aws_api_gateway_resource.stores",
            "module.api_gateway.aws_api_gateway_resource.stores_id",
            "module.api_gateway.aws_api_gateway_resource.users",
            "module.api_gateway.aws_api_gateway_resource.users_id",
            "module.api_gateway.aws_api_gateway_rest_api.this",
            "module.cognito.aws_cognito_user_pool.users",
            "module.dynamodb.aws_dynamodb_table.audit",
            "module.dynamodb.aws_dynamodb_table.carts",
            "module.dynamodb.aws_dynamodb_table.orders",
            "module.dynamodb.aws_dynamodb_table.products",
            "module.dynamodb.aws_dynamodb_table.stores",
            "module.iam.aws_iam_role.audit",
            "module.iam.aws_iam_role.carts",
            "module.iam.aws_iam_role.dashboard",
            "module.iam.aws_iam_role.notifications",
            "module.iam.aws_iam_role.orders",
            "module.iam.aws_iam_role.products",
            "module.iam.aws_iam_role.stores",
            "module.iam.aws_iam_role.users",
            "module.iam.data.aws_iam_policy_document.lambda_assume_role",
            "module.lambdas.aws_cloudwatch_log_group.this",
            "module.lambdas.aws_lambda_function.this",
            "module.lambdas.data.archive_file.this",
            "module.lambdas.null_resource.copy_utils"
          ],
          "create_before_destroy": true
        },
        {
          "index_key": "stores_list",
          "schema_version": 0,
          "attributes": {
            "api_key_required": true,
            "authorization": "COGNITO_USER_POOLS",
            "authorization_scopes": [],
            "authorizer_id": "gj392d",
            "http_method": "GET",
            "id": "agm-pe5etk8on8-bihz2h-GET",
            "operation_name": "",
            "request_models": {},
            "request_parameters": {},
            "request_validator_id": "",
            "resource_id": "bihz2h",
            "rest_api_id": "pe5etk8on8"
          },
          "sensitive_attributes": [],
          "identity_schema_version": 0,
          "private": "bnVsbA==",
          "dependencies": [
            "module.api_gateway.aws_api_gateway_authorizer.cognito",
            "module.api_gateway.aws_api_gateway_resource.audit",
            "module.api_gateway.aws_api_gateway_resource.carts",
            "module.api_gateway.aws_api_gateway_resource.carts_id",
            "module.api_gateway.aws_api_gateway_resource.carts_id_products",
            "module.api_gateway.aws_api_gateway_resource.carts_id_products_id",
            "module.api_gateway.aws_api_gateway_resource.dashboard",
            "module.api_gateway.aws_api_gateway_resource.orders",
            "module.api_gateway.aws_api_gateway_resource.orders_id",
            "module.api_gateway.aws_api_gateway_resource.products",
            "module.api_gateway.aws_api_gateway_resource.products_id",
            "module.api_gateway.aws_api_gateway_resource.registrations",
            "module.api_gateway.aws_api_gateway_resource.stores",
            "module.api_gateway.aws_api_gateway_resource.stores_id",
            "module.api_gateway.aws_api_gateway_resource.users",
            "module.api_gateway.aws_api_gateway_resource.users_id",
            "module.api_gateway.aws_api_gateway_rest_api.this",
            "module.cognito.aws_cognito_user_pool.users",
            "module.dynamodb.aws_dynamodb_table.audit",
            "module.dynamodb.aws_dynamodb_table.carts",
            "module.dynamodb.aws_dynamodb_table.orders",
            "module.dynamodb.aws_dynamodb_table.products",
            "module.dynamodb.aws_dynamodb_table.stores",
            "module.iam.aws_iam_role.audit",
            "module.iam.aws_iam_role.carts",
            "module.iam.aws_iam_role.dashboard",
            "module.iam.aws_iam_role.notifications",
            "module.iam.aws_iam_role.orders",
            "module.iam.aws_iam_role.products",
            "module.iam.aws_iam_role.stores",
            "module.iam.aws_iam_role.users",
            "module.iam.data.aws_iam_policy_document.lambda_assume_role",
            "module.lambdas.aws_cloudwatch_log_group.this",
            "module.lambdas.aws_lambda_function.this",
            "module.lambdas.data.archive_file.this",
            "module.lambdas.null_resource.copy_utils"
          ],
          "create_before_destroy": true
        },
        {
          "index_key": "stores_update",
          "schema_version": 0,
          "attributes": {
            "api_key_required": true,
            "authorization": "COGNITO_USER_POOLS",
            "authorization_scopes": [],
            "authorizer_id": "gj392d",
            "http_method": "PATCH",
            "id": "agm-pe5etk8on8-ff7w51-PATCH",
            "operation_name": "",
            "request_models": {},
            "request_parameters": {},
            "request_validator_id": "",
            "resource_id": "ff7w51",
            "rest_api_id": "pe5etk8on8"
          },
          "sensitive_attributes": [],
          "identity_schema_version": 0,
          "private": "bnVsbA==",
          "dependencies": [
            "module.api_gateway.aws_api_gateway_authorizer.cognito",
            "module.api_gateway.aws_api_gateway_resource.audit",
            "module.api_gateway.aws_api_gateway_resource.carts",
            "module.api_gateway.aws_api_gateway_resource.carts_id",
            "module.api_gateway.aws_api_gateway_resource.carts_id_products",
            "module.api_gateway.aws_api_gateway_resource.carts_id_products_id",
            "module.api_gateway.aws_api_gateway_resource.dashboard",
            "module.api_gateway.aws_api_gateway_resource.orders",
            "module.api_gateway.aws_api_gateway_resource.orders_id",
            "module.api_gateway.aws_api_gateway_resource.products",
            "module.api_gateway.aws_api_gateway_resource.products_id",
            "module.api_gateway.aws_api_gateway_resource.registrations",
            "module.api_gateway.aws_api_gateway_resource.stores",
            "module.api_gateway.aws_api_gateway_resource.stores_id",
            "module.api_gateway.aws_api_gateway_resource.users",
            "module.api_gateway.aws_api_gateway_resource.users_id",
            "module.api_gateway.aws_api_gateway_rest_api.this",
            "module.cognito.aws_cognito_user_pool.users",
            "module.dynamodb.aws_dynamodb_table.audit",
            "module.dynamodb.aws_dynamodb_table.carts",
            "module.dynamodb.aws_dynamodb_table.orders",
            "module.dynamodb.aws_dynamodb_table.products",
            "module.dynamodb.aws_dynamodb_table.stores",
            "module.iam.aws_iam_role.audit",
            "module.iam.aws_iam_role.carts",
            "module.iam.aws_iam_role.dashboard",
            "module.iam.aws_iam_role.notifications",
            "module.iam.aws_iam_role.orders",
            "module.iam.aws_iam_role.products",
            "module.iam.aws_iam_role.stores",
            "module.iam.aws_iam_role.users",
            "module.iam.data.aws_iam_policy_document.lambda_assume_role",
            "module.lambdas.aws_cloudwatch_log_group.this",
            "module.lambdas.aws_lambda_function.this",
            "module.lambdas.data.archive_file.this",
            "module.lambdas.null_resource.copy_utils"
          ],
          "create_before_destroy": true
        },
        {
          "index_key": "users_delete",
          "schema_version": 0,
          "attributes": {
            "api_key_required": true,
            "authorization": "COGNITO_USER_POOLS",
            "authorization_scopes": [],
            "authorizer_id": "gj392d",
            "http_method": "DELETE",
            "id": "agm-pe5etk8on8-9ac8ci-DELETE",
            "operation_name": "",
            "request_models": {},
            "request_parameters": {},
            "request_validator_id": "",
            "resource_id": "9ac8ci",
            "rest_api_id": "pe5etk8on8"
          },
          "sensitive_attributes": [],
          "identity_schema_version": 0,
          "private": "bnVsbA==",
          "dependencies": [
            "module.api_gateway.aws_api_gateway_authorizer.cognito",
            "module.api_gateway.aws_api_gateway_resource.audit",
            "module.api_gateway.aws_api_gateway_resource.carts",
            "module.api_gateway.aws_api_gateway_resource.carts_id",
            "module.api_gateway.aws_api_gateway_resource.carts_id_products",
            "module.api_gateway.aws_api_gateway_resource.carts_id_products_id",
            "module.api_gateway.aws_api_gateway_resource.dashboard",
            "module.api_gateway.aws_api_gateway_resource.orders",
            "module.api_gateway.aws_api_gateway_resource.orders_id",
            "module.api_gateway.aws_api_gateway_resource.products",
            "module.api_gateway.aws_api_gateway_resource.products_id",
            "module.api_gateway.aws_api_gateway_resource.registrations",
            "module.api_gateway.aws_api_gateway_resource.stores",
            "module.api_gateway.aws_api_gateway_resource.stores_id",
            "module.api_gateway.aws_api_gateway_resource.users",
            "module.api_gateway.aws_api_gateway_resource.users_id",
            "module.api_gateway.aws_api_gateway_rest_api.this",
            "module.cognito.aws_cognito_user_pool.users",
            "module.dynamodb.aws_dynamodb_table.audit",
            "module.dynamodb.aws_dynamodb_table.carts",
            "module.dynamodb.aws_dynamodb_table.orders",
            "module.dynamodb.aws_dynamodb_table.products",
            "module.dynamodb.aws_dynamodb_table.stores",
            "module.iam.aws_iam_role.audit",
            "module.iam.aws_iam_role.carts",
            "module.iam.aws_iam_role.dashboard",
            "module.iam.aws_iam_role.notifications",
            "module.iam.aws_iam_role.orders",
            "module.iam.aws_iam_role.products",
            "module.iam.aws_iam_role.stores",
            "module.iam.aws_iam_role.users",
            "module.iam.data.aws_iam_policy_document.lambda_assume_role",
            "module.lambdas.aws_cloudwatch_log_group.this",
            "module.lambdas.aws_lambda_function.this",
            "module.lambdas.data.archive_file.this",
            "module.lambdas.null_resource.copy_utils"
          ],
          "create_before_destroy": true
        },
        {
          "index_key": "users_list",
          "schema_version": 0,
          "attributes": {
            "api_key_required": true,
            "authorization": "COGNITO_USER_POOLS",
            "authorization_scopes": [],
            "authorizer_id": "gj392d",
            "http_method": "GET",
            "id": "agm-pe5etk8on8-rb85uf-GET",
            "operation_name": "",
            "request_models": {},
            "request_parameters": {},
            "request_validator_id": "",
            "resource_id": "rb85uf",
            "rest_api_id": "pe5etk8on8"
          },
          "sensitive_attributes": [],
          "identity_schema_version": 0,
          "private": "bnVsbA==",
          "dependencies": [
            "module.api_gateway.aws_api_gateway_authorizer.cognito",
            "module.api_gateway.aws_api_gateway_resource.audit",
            "module.api_gateway.aws_api_gateway_resource.carts",
            "module.api_gateway.aws_api_gateway_resource.carts_id",
            "module.api_gateway.aws_api_gateway_resource.carts_id_products",
            "module.api_gateway.aws_api_gateway_resource.carts_id_products_id",
            "module.api_gateway.aws_api_gateway_resource.dashboard",
            "module.api_gateway.aws_api_gateway_resource.orders",
            "module.api_gateway.aws_api_gateway_resource.orders_id",
            "module.api_gateway.aws_api_gateway_resource.products",
            "module.api_gateway.aws_api_gateway_resource.products_id",
            "module.api_gateway.aws_api_gateway_resource.registrations",
            "module.api_gateway.aws_api_gateway_resource.stores",
            "module.api_gateway.aws_api_gateway_resource.stores_id",
            "module.api_gateway.aws_api_gateway_resource.users",
            "module.api_gateway.aws_api_gateway_resource.users_id",
            "module.api_gateway.aws_api_gateway_rest_api.this",
            "module.cognito.aws_cognito_user_pool.users",
            "module.dynamodb.aws_dynamodb_table.audit",
            "module.dynamodb.aws_dynamodb_table.carts",
            "module.dynamodb.aws_dynamodb_table.orders",
            "module.dynamodb.aws_dynamodb_table.products",
            "module.dynamodb.aws_dynamodb_table.stores",
            "module.iam.aws_iam_role.audit",
            "module.iam.aws_iam_role.carts",
            "module.iam.aws_iam_role.dashboard",
            "module.iam.aws_iam_role.notifications",
            "module.iam.aws_iam_role.orders",
            "module.iam.aws_iam_role.products",
            "module.iam.aws_iam_role.stores",
            "module.iam.aws_iam_role.users",
            "module.iam.data.aws_iam_policy_document.lambda_assume_role",
            "module.lambdas.aws_cloudwatch_log_group.this",
            "module.lambdas.aws_lambda_function.this",
            "module.lambdas.data.archive_file.this",
            "module.lambdas.null_resource.copy_utils"
          ],
          "create_before_destroy": true
        },
        {
          "index_key": "users_update",
          "schema_version": 0,
          "attributes": {
            "api_key_required": true,
            "authorization": "COGNITO_USER_POOLS",
            "authorization_scopes": [],
            "authorizer_id": "gj392d",
            "http_method": "PATCH",
            "id": "agm-pe5etk8on8-9ac8ci-PATCH",
            "operation_name": "",
            "request_models": {},
            "request_parameters": {},
            "request_validator_id": "",
            "resource_id": "9ac8ci",
            "rest_api_id": "pe5etk8on8"
          },
          "sensitive_attributes": [],
          "identity_schema_version": 0,
          "private": "bnVsbA==",
          "dependencies": [
            "module.api_gateway.aws_api_gateway_authorizer.cognito",
            "module.api_gateway.aws_api_gateway_resource.audit",
            "module.api_gateway.aws_api_gateway_resource.carts",
            "module.api_gateway.aws_api_gateway_resource.carts_id",
            "module.api_gateway.aws_api_gateway_resource.carts_id_products",
            "module.api_gateway.aws_api_gateway_resource.carts_id_products_id",
            "module.api_gateway.aws_api_gateway_resource.dashboard",
            "module.api_gateway.aws_api_gateway_resource.orders",
            "module.api_gateway.aws_api_gateway_resource.orders_id",
            "module.api_gateway.aws_api_gateway_resource.products",
            "module.api_gateway.aws_api_gateway_resource.products_id",
            "module.api_gateway.aws_api_gateway_resource.registrations",
            "module.api_gateway.aws_api_gateway_resource.stores",
            "module.api_gateway.aws_api_gateway_resource.stores_id",
            "module.api_gateway.aws_api_gateway_resource.users",
            "module.api_gateway.aws_api_gateway_resource.users_id",
            "module.api_gateway.aws_api_gateway_rest_api.this",
            "module.cognito.aws_cognito_user_pool.users",
            "module.dynamodb.aws_dynamodb_table.audit",
            "module.dynamodb.aws_dynamodb_table.carts",
            "module.dynamodb.aws_dynamodb_table.orders",
            "module.dynamodb.aws_dynamodb_table.products",
            "module.dynamodb.aws_dynamodb_table.stores",
            "module.iam.aws_iam_role.audit",
            "module.iam.aws_iam_role.carts",
            "module.iam.aws_iam_role.dashboard",
            "module.iam.aws_iam_role.notifications",
            "module.iam.aws_iam_role.orders",
            "module.iam.aws_iam_role.products",
            "module.iam.aws_iam_role.stores",
            "module.iam.aws_iam_role.users",
            "module.iam.data.aws_iam_policy_document.lambda_assume_role",
            "module.lambdas.aws_cloudwatch_log_group.this",
            "module.lambdas.aws_lambda_function.this",
            "module.lambdas.data.archive_file.this",
            "module.lambdas.null_resource.copy_utils"
          ],
          "create_before_destroy": true
        }
      ]
    },
    {
      "module": "module.api_gateway",
      "mode": "managed",
      "type": "aws_api_gateway_method_response",
      "name": "options",
      "provider": "provider[\"registry.terraform.io/hashicorp/aws\"]",
      "instances": [
        {
          "index_key": "audit",
          "schema_version": 0,
          "attributes": {
            "http_method": "OPTIONS",
            "id": "agmr-pe5etk8on8-s9mv9l-OPTIONS-200",
            "resource_id": "s9mv9l",
            "response_models": {},
            "response_parameters": {
              "method.response.header.Access-Control-Allow-Headers": true,
              "method.response.header.Access-Control-Allow-Methods": true,
              "method.response.header.Access-Control-Allow-Origin": true
            },
            "rest_api_id": "pe5etk8on8",
            "status_code": "200"
          },
          "sensitive_attributes": [],
          "identity_schema_version": 0,
          "private": "bnVsbA==",
          "dependencies": [
            "module.api_gateway.aws_api_gateway_method.options",
            "module.api_gateway.aws_api_gateway_resource.audit",
            "module.api_gateway.aws_api_gateway_resource.carts",
            "module.api_gateway.aws_api_gateway_resource.carts_id",
            "module.api_gateway.aws_api_gateway_resource.carts_id_products",
            "module.api_gateway.aws_api_gateway_resource.carts_id_products_id",
            "module.api_gateway.aws_api_gateway_resource.dashboard",
            "module.api_gateway.aws_api_gateway_resource.orders",
            "module.api_gateway.aws_api_gateway_resource.orders_id",
            "module.api_gateway.aws_api_gateway_resource.products",
            "module.api_gateway.aws_api_gateway_resource.products_id",
            "module.api_gateway.aws_api_gateway_resource.registrations",
            "module.api_gateway.aws_api_gateway_resource.stores",
            "module.api_gateway.aws_api_gateway_resource.stores_id",
            "module.api_gateway.aws_api_gateway_resource.users",
            "module.api_gateway.aws_api_gateway_resource.users_id",
            "module.api_gateway.aws_api_gateway_rest_api.this",
            "module.dynamodb.aws_dynamodb_table.audit",
            "module.dynamodb.aws_dynamodb_table.carts",
            "module.dynamodb.aws_dynamodb_table.orders",
            "module.dynamodb.aws_dynamodb_table.products",
            "module.dynamodb.aws_dynamodb_table.stores",
            "module.iam.aws_iam_role.audit",
            "module.iam.aws_iam_role.carts",
            "module.iam.aws_iam_role.dashboard",
            "module.iam.aws_iam_role.notifications",
            "module.iam.aws_iam_role.orders",
            "module.iam.aws_iam_role.products",
            "module.iam.aws_iam_role.stores",
            "module.iam.aws_iam_role.users",
            "module.iam.data.aws_iam_policy_document.lambda_assume_role",
            "module.lambdas.aws_cloudwatch_log_group.this",
            "module.lambdas.aws_lambda_function.this",
            "module.lambdas.data.archive_file.this",
            "module.lambdas.null_resource.copy_utils"
          ],
          "create_before_destroy": true
        },
        {
          "index_key": "carts_id",
          "schema_version": 0,
          "attributes": {
            "http_method": "OPTIONS",
            "id": "agmr-pe5etk8on8-so1vtf-OPTIONS-200",
            "resource_id": "so1vtf",
            "response_models": {},
            "response_parameters": {
              "method.response.header.Access-Control-Allow-Headers": true,
              "method.response.header.Access-Control-Allow-Methods": true,
              "method.response.header.Access-Control-Allow-Origin": true
            },
            "rest_api_id": "pe5etk8on8",
            "status_code": "200"
          },
          "sensitive_attributes": [],
          "identity_schema_version": 0,
          "private": "bnVsbA==",
          "dependencies": [
            "module.api_gateway.aws_api_gateway_method.options",
            "module.api_gateway.aws_api_gateway_resource.audit",
            "module.api_gateway.aws_api_gateway_resource.carts",
            "module.api_gateway.aws_api_gateway_resource.carts_id",
            "module.api_gateway.aws_api_gateway_resource.carts_id_products",
            "module.api_gateway.aws_api_gateway_resource.carts_id_products_id",
            "module.api_gateway.aws_api_gateway_resource.dashboard",
            "module.api_gateway.aws_api_gateway_resource.orders",
            "module.api_gateway.aws_api_gateway_resource.orders_id",
            "module.api_gateway.aws_api_gateway_resource.products",
            "module.api_gateway.aws_api_gateway_resource.products_id",
            "module.api_gateway.aws_api_gateway_resource.registrations",
            "module.api_gateway.aws_api_gateway_resource.stores",
            "module.api_gateway.aws_api_gateway_resource.stores_id",
            "module.api_gateway.aws_api_gateway_resource.users",
            "module.api_gateway.aws_api_gateway_resource.users_id",
            "module.api_gateway.aws_api_gateway_rest_api.this",
            "module.dynamodb.aws_dynamodb_table.audit",
            "module.dynamodb.aws_dynamodb_table.carts",
            "module.dynamodb.aws_dynamodb_table.orders",
            "module.dynamodb.aws_dynamodb_table.products",
            "module.dynamodb.aws_dynamodb_table.stores",
            "module.iam.aws_iam_role.audit",
            "module.iam.aws_iam_role.carts",
            "module.iam.aws_iam_role.dashboard",
            "module.iam.aws_iam_role.notifications",
            "module.iam.aws_iam_role.orders",
            "module.iam.aws_iam_role.products",
            "module.iam.aws_iam_role.stores",
            "module.iam.aws_iam_role.users",
            "module.iam.data.aws_iam_policy_document.lambda_assume_role",
            "module.lambdas.aws_cloudwatch_log_group.this",
            "module.lambdas.aws_lambda_function.this",
            "module.lambdas.data.archive_file.this",
            "module.lambdas.null_resource.copy_utils"
          ],
          "create_before_destroy": true
        },
        {
          "index_key": "carts_id_products_id",
          "schema_version": 0,
          "attributes": {
            "http_method": "OPTIONS",
            "id": "agmr-pe5etk8on8-u1uwwk-OPTIONS-200",
            "resource_id": "u1uwwk",
            "response_models": {},
            "response_parameters": {
              "method.response.header.Access-Control-Allow-Headers": true,
              "method.response.header.Access-Control-Allow-Methods": true,
              "method.response.header.Access-Control-Allow-Origin": true
            },
            "rest_api_id": "pe5etk8on8",
            "status_code": "200"
          },
          "sensitive_attributes": [],
          "identity_schema_version": 0,
          "private": "bnVsbA==",
          "dependencies": [
            "module.api_gateway.aws_api_gateway_method.options",
            "module.api_gateway.aws_api_gateway_resource.audit",
            "module.api_gateway.aws_api_gateway_resource.carts",
            "module.api_gateway.aws_api_gateway_resource.carts_id",
            "module.api_gateway.aws_api_gateway_resource.carts_id_products",
            "module.api_gateway.aws_api_gateway_resource.carts_id_products_id",
            "module.api_gateway.aws_api_gateway_resource.dashboard",
            "module.api_gateway.aws_api_gateway_resource.orders",
            "module.api_gateway.aws_api_gateway_resource.orders_id",
            "module.api_gateway.aws_api_gateway_resource.products",
            "module.api_gateway.aws_api_gateway_resource.products_id",
            "module.api_gateway.aws_api_gateway_resource.registrations",
            "module.api_gateway.aws_api_gateway_resource.stores",
            "module.api_gateway.aws_api_gateway_resource.stores_id",
            "module.api_gateway.aws_api_gateway_resource.users",
            "module.api_gateway.aws_api_gateway_resource.users_id",
            "module.api_gateway.aws_api_gateway_rest_api.this",
            "module.dynamodb.aws_dynamodb_table.audit",
            "module.dynamodb.aws_dynamodb_table.carts",
            "module.dynamodb.aws_dynamodb_table.orders",
            "module.dynamodb.aws_dynamodb_table.products",
            "module.dynamodb.aws_dynamodb_table.stores",
            "module.iam.aws_iam_role.audit",
            "module.iam.aws_iam_role.carts",
            "module.iam.aws_iam_role.dashboard",
            "module.iam.aws_iam_role.notifications",
            "module.iam.aws_iam_role.orders",
            "module.iam.aws_iam_role.products",
            "module.iam.aws_iam_role.stores",
            "module.iam.aws_iam_role.users",
            "module.iam.data.aws_iam_policy_document.lambda_assume_role",
            "module.lambdas.aws_cloudwatch_log_group.this",
            "module.lambdas.aws_lambda_function.this",
            "module.lambdas.data.archive_file.this",
            "module.lambdas.null_resource.copy_utils"
          ],
          "create_before_destroy": true
        },
        {
          "index_key": "dashboard",
          "schema_version": 0,
          "attributes": {
            "http_method": "OPTIONS",
            "id": "agmr-pe5etk8on8-1l2lql-OPTIONS-200",
            "resource_id": "1l2lql",
            "response_models": {},
            "response_parameters": {
              "method.response.header.Access-Control-Allow-Headers": true,
              "method.response.header.Access-Control-Allow-Methods": true,
              "method.response.header.Access-Control-Allow-Origin": true
            },
            "rest_api_id": "pe5etk8on8",
            "status_code": "200"
          },
          "sensitive_attributes": [],
          "identity_schema_version": 0,
          "private": "bnVsbA==",
          "dependencies": [
            "module.api_gateway.aws_api_gateway_method.options",
            "module.api_gateway.aws_api_gateway_resource.audit",
            "module.api_gateway.aws_api_gateway_resource.carts",
            "module.api_gateway.aws_api_gateway_resource.carts_id",
            "module.api_gateway.aws_api_gateway_resource.carts_id_products",
            "module.api_gateway.aws_api_gateway_resource.carts_id_products_id",
            "module.api_gateway.aws_api_gateway_resource.dashboard",
            "module.api_gateway.aws_api_gateway_resource.orders",
            "module.api_gateway.aws_api_gateway_resource.orders_id",
            "module.api_gateway.aws_api_gateway_resource.products",
            "module.api_gateway.aws_api_gateway_resource.products_id",
            "module.api_gateway.aws_api_gateway_resource.registrations",
            "module.api_gateway.aws_api_gateway_resource.stores",
            "module.api_gateway.aws_api_gateway_resource.stores_id",
            "module.api_gateway.aws_api_gateway_resource.users",
            "module.api_gateway.aws_api_gateway_resource.users_id",
            "module.api_gateway.aws_api_gateway_rest_api.this",
            "module.dynamodb.aws_dynamodb_table.audit",
            "module.dynamodb.aws_dynamodb_table.carts",
            "module.dynamodb.aws_dynamodb_table.orders",
            "module.dynamodb.aws_dynamodb_table.products",
            "module.dynamodb.aws_dynamodb_table.stores",
            "module.iam.aws_iam_role.audit",
            "module.iam.aws_iam_role.carts",
            "module.iam.aws_iam_role.dashboard",
            "module.iam.aws_iam_role.notifications",
            "module.iam.aws_iam_role.orders",
            "module.iam.aws_iam_role.products",
            "module.iam.aws_iam_role.stores",
            "module.iam.aws_iam_role.users",
            "module.iam.data.aws_iam_policy_document.lambda_assume_role",
            "module.lambdas.aws_cloudwatch_log_group.this",
            "module.lambdas.aws_lambda_function.this",
            "module.lambdas.data.archive_file.this",
            "module.lambdas.null_resource.copy_utils"
          ],
          "create_before_destroy": true
        },
        {
          "index_key": "orders",
          "schema_version": 0,
          "attributes": {
            "http_method": "OPTIONS",
            "id": "agmr-pe5etk8on8-1or92y-OPTIONS-200",
            "resource_id": "1or92y",
            "response_models": {},
            "response_parameters": {
              "method.response.header.Access-Control-Allow-Headers": true,
              "method.response.header.Access-Control-Allow-Methods": true,
              "method.response.header.Access-Control-Allow-Origin": true
            },
            "rest_api_id": "pe5etk8on8",
            "status_code": "200"
          },
          "sensitive_attributes": [],
          "identity_schema_version": 0,
          "private": "bnVsbA==",
          "dependencies": [
            "module.api_gateway.aws_api_gateway_method.options",
            "module.api_gateway.aws_api_gateway_resource.audit",
            "module.api_gateway.aws_api_gateway_resource.carts",
            "module.api_gateway.aws_api_gateway_resource.carts_id",
            "module.api_gateway.aws_api_gateway_resource.carts_id_products",
            "module.api_gateway.aws_api_gateway_resource.carts_id_products_id",
            "module.api_gateway.aws_api_gateway_resource.dashboard",
            "module.api_gateway.aws_api_gateway_resource.orders",
            "module.api_gateway.aws_api_gateway_resource.orders_id",
            "module.api_gateway.aws_api_gateway_resource.products",
            "module.api_gateway.aws_api_gateway_resource.products_id",
            "module.api_gateway.aws_api_gateway_resource.registrations",
            "module.api_gateway.aws_api_gateway_resource.stores",
            "module.api_gateway.aws_api_gateway_resource.stores_id",
            "module.api_gateway.aws_api_gateway_resource.users",
            "module.api_gateway.aws_api_gateway_resource.users_id",
            "module.api_gateway.aws_api_gateway_rest_api.this",
            "module.dynamodb.aws_dynamodb_table.audit",
            "module.dynamodb.aws_dynamodb_table.carts",
            "module.dynamodb.aws_dynamodb_table.orders",
            "module.dynamodb.aws_dynamodb_table.products",
            "module.dynamodb.aws_dynamodb_table.stores",
            "module.iam.aws_iam_role.audit",
            "module.iam.aws_iam_role.carts",
            "module.iam.aws_iam_role.dashboard",
            "module.iam.aws_iam_role.notifications",
            "module.iam.aws_iam_role.orders",
            "module.iam.aws_iam_role.products",
            "module.iam.aws_iam_role.stores",
            "module.iam.aws_iam_role.users",
            "module.iam.data.aws_iam_policy_document.lambda_assume_role",
            "module.lambdas.aws_cloudwatch_log_group.this",
            "module.lambdas.aws_lambda_function.this",
            "module.lambdas.data.archive_file.this",
            "module.lambdas.null_resource.copy_utils"
          ],
          "create_before_destroy": true
        },
        {
          "index_key": "orders_id",
          "schema_version": 0,
          "attributes": {
            "http_method": "OPTIONS",
            "id": "agmr-pe5etk8on8-kj23vc-OPTIONS-200",
            "resource_id": "kj23vc",
            "response_models": {},
            "response_parameters": {
              "method.response.header.Access-Control-Allow-Headers": true,
              "method.response.header.Access-Control-Allow-Methods": true,
              "method.response.header.Access-Control-Allow-Origin": true
            },
            "rest_api_id": "pe5etk8on8",
            "status_code": "200"
          },
          "sensitive_attributes": [],
          "identity_schema_version": 0,
          "private": "bnVsbA==",
          "dependencies": [
            "module.api_gateway.aws_api_gateway_method.options",
            "module.api_gateway.aws_api_gateway_resource.audit",
            "module.api_gateway.aws_api_gateway_resource.carts",
            "module.api_gateway.aws_api_gateway_resource.carts_id",
            "module.api_gateway.aws_api_gateway_resource.carts_id_products",
            "module.api_gateway.aws_api_gateway_resource.carts_id_products_id",
            "module.api_gateway.aws_api_gateway_resource.dashboard",
            "module.api_gateway.aws_api_gateway_resource.orders",
            "module.api_gateway.aws_api_gateway_resource.orders_id",
            "module.api_gateway.aws_api_gateway_resource.products",
            "module.api_gateway.aws_api_gateway_resource.products_id",
            "module.api_gateway.aws_api_gateway_resource.registrations",
            "module.api_gateway.aws_api_gateway_resource.stores",
            "module.api_gateway.aws_api_gateway_resource.stores_id",
            "module.api_gateway.aws_api_gateway_resource.users",
            "module.api_gateway.aws_api_gateway_resource.users_id",
            "module.api_gateway.aws_api_gateway_rest_api.this",
            "module.dynamodb.aws_dynamodb_table.audit",
            "module.dynamodb.aws_dynamodb_table.carts",
            "module.dynamodb.aws_dynamodb_table.orders",
            "module.dynamodb.aws_dynamodb_table.products",
            "module.dynamodb.aws_dynamodb_table.stores",
            "module.iam.aws_iam_role.audit",
            "module.iam.aws_iam_role.carts",
            "module.iam.aws_iam_role.dashboard",
            "module.iam.aws_iam_role.notifications",
            "module.iam.aws_iam_role.orders",
            "module.iam.aws_iam_role.products",
            "module.iam.aws_iam_role.stores",
            "module.iam.aws_iam_role.users",
            "module.iam.data.aws_iam_policy_document.lambda_assume_role",
            "module.lambdas.aws_cloudwatch_log_group.this",
            "module.lambdas.aws_lambda_function.this",
            "module.lambdas.data.archive_file.this",
            "module.lambdas.null_resource.copy_utils"
          ],
          "create_before_destroy": true
        },
        {
          "index_key": "products",
          "schema_version": 0,
          "attributes": {
            "http_method": "OPTIONS",
            "id": "agmr-pe5etk8on8-pec3nc-OPTIONS-200",
            "resource_id": "pec3nc",
            "response_models": {},
            "response_parameters": {
              "method.response.header.Access-Control-Allow-Headers": true,
              "method.response.header.Access-Control-Allow-Methods": true,
              "method.response.header.Access-Control-Allow-Origin": true
            },
            "rest_api_id": "pe5etk8on8",
            "status_code": "200"
          },
          "sensitive_attributes": [],
          "identity_schema_version": 0,
          "private": "bnVsbA==",
          "dependencies": [
            "module.api_gateway.aws_api_gateway_method.options",
            "module.api_gateway.aws_api_gateway_resource.audit",
            "module.api_gateway.aws_api_gateway_resource.carts",
            "module.api_gateway.aws_api_gateway_resource.carts_id",
            "module.api_gateway.aws_api_gateway_resource.carts_id_products",
            "module.api_gateway.aws_api_gateway_resource.carts_id_products_id",
            "module.api_gateway.aws_api_gateway_resource.dashboard",
            "module.api_gateway.aws_api_gateway_resource.orders",
            "module.api_gateway.aws_api_gateway_resource.orders_id",
            "module.api_gateway.aws_api_gateway_resource.products",
            "module.api_gateway.aws_api_gateway_resource.products_id",
            "module.api_gateway.aws_api_gateway_resource.registrations",
            "module.api_gateway.aws_api_gateway_resource.stores",
            "module.api_gateway.aws_api_gateway_resource.stores_id",
            "module.api_gateway.aws_api_gateway_resource.users",
            "module.api_gateway.aws_api_gateway_resource.users_id",
            "module.api_gateway.aws_api_gateway_rest_api.this",
            "module.dynamodb.aws_dynamodb_table.audit",
            "module.dynamodb.aws_dynamodb_table.carts",
            "module.dynamodb.aws_dynamodb_table.orders",
            "module.dynamodb.aws_dynamodb_table.products",
            "module.dynamodb.aws_dynamodb_table.stores",
            "module.iam.aws_iam_role.audit",
            "module.iam.aws_iam_role.carts",
            "module.iam.aws_iam_role.dashboard",
            "module.iam.aws_iam_role.notifications",
            "module.iam.aws_iam_role.orders",
            "module.iam.aws_iam_role.products",
            "module.iam.aws_iam_role.stores",
            "module.iam.aws_iam_role.users",
            "module.iam.data.aws_iam_policy_document.lambda_assume_role",
            "module.lambdas.aws_cloudwatch_log_group.this",
            "module.lambdas.aws_lambda_function.this",
            "module.lambdas.data.archive_file.this",
            "module.lambdas.null_resource.copy_utils"
          ],
          "create_before_destroy": true
        },
        {
          "index_key": "products_id",
          "schema_version": 0,
          "attributes": {
            "http_method": "OPTIONS",
            "id": "agmr-pe5etk8on8-bge28b-OPTIONS-200",
            "resource_id": "bge28b",
            "response_models": {},
            "response_parameters": {
              "method.response.header.Access-Control-Allow-Headers": true,
              "method.response.header.Access-Control-Allow-Methods": true,
              "method.response.header.Access-Control-Allow-Origin": true
            },
            "rest_api_id": "pe5etk8on8",
            "status_code": "200"
          },
          "sensitive_attributes": [],
          "identity_schema_version": 0,
          "private": "bnVsbA==",
          "dependencies": [
            "module.api_gateway.aws_api_gateway_method.options",
            "module.api_gateway.aws_api_gateway_resource.audit",
            "module.api_gateway.aws_api_gateway_resource.carts",
            "module.api_gateway.aws_api_gateway_resource.carts_id",
            "module.api_gateway.aws_api_gateway_resource.carts_id_products",
            "module.api_gateway.aws_api_gateway_resource.carts_id_products_id",
            "module.api_gateway.aws_api_gateway_resource.dashboard",
            "module.api_gateway.aws_api_gateway_resource.orders",
            "module.api_gateway.aws_api_gateway_resource.orders_id",
            "module.api_gateway.aws_api_gateway_resource.products",
            "module.api_gateway.aws_api_gateway_resource.products_id",
            "module.api_gateway.aws_api_gateway_resource.registrations",
            "module.api_gateway.aws_api_gateway_resource.stores",
            "module.api_gateway.aws_api_gateway_resource.stores_id",
            "module.api_gateway.aws_api_gateway_resource.users",
            "module.api_gateway.aws_api_gateway_resource.users_id",
            "module.api_gateway.aws_api_gateway_rest_api.this",
            "module.dynamodb.aws_dynamodb_table.audit",
            "module.dynamodb.aws_dynamodb_table.carts",
            "module.dynamodb.aws_dynamodb_table.orders",
            "module.dynamodb.aws_dynamodb_table.products",
            "module.dynamodb.aws_dynamodb_table.stores",
            "module.iam.aws_iam_role.audit",
            "module.iam.aws_iam_role.carts",
            "module.iam.aws_iam_role.dashboard",
            "module.iam.aws_iam_role.notifications",
            "module.iam.aws_iam_role.orders",
            "module.iam.aws_iam_role.products",
            "module.iam.aws_iam_role.stores",
            "module.iam.aws_iam_role.users",
            "module.iam.data.aws_iam_policy_document.lambda_assume_role",
            "module.lambdas.aws_cloudwatch_log_group.this",
            "module.lambdas.aws_lambda_function.this",
            "module.lambdas.data.archive_file.this",
            "module.lambdas.null_resource.copy_utils"
          ],
          "create_before_destroy": true
        },
        {
          "index_key": "registrations",
          "schema_version": 0,
          "attributes": {
            "http_method": "OPTIONS",
            "id": "agmr-pe5etk8on8-ppn1tu-OPTIONS-200",
            "resource_id": "ppn1tu",
            "response_models": {},
            "response_parameters": {
              "method.response.header.Access-Control-Allow-Headers": true,
              "method.response.header.Access-Control-Allow-Methods": true,
              "method.response.header.Access-Control-Allow-Origin": true
            },
            "rest_api_id": "pe5etk8on8",
            "status_code": "200"
          },
          "sensitive_attributes": [],
          "identity_schema_version": 0,
          "private": "bnVsbA==",
          "dependencies": [
            "module.api_gateway.aws_api_gateway_method.options",
            "module.api_gateway.aws_api_gateway_resource.audit",
            "module.api_gateway.aws_api_gateway_resource.carts",
            "module.api_gateway.aws_api_gateway_resource.carts_id",
            "module.api_gateway.aws_api_gateway_resource.carts_id_products",
            "module.api_gateway.aws_api_gateway_resource.carts_id_products_id",
            "module.api_gateway.aws_api_gateway_resource.dashboard",
            "module.api_gateway.aws_api_gateway_resource.orders",
            "module.api_gateway.aws_api_gateway_resource.orders_id",
            "module.api_gateway.aws_api_gateway_resource.products",
            "module.api_gateway.aws_api_gateway_resource.products_id",
            "module.api_gateway.aws_api_gateway_resource.registrations",
            "module.api_gateway.aws_api_gateway_resource.stores",
            "module.api_gateway.aws_api_gateway_resource.stores_id",
            "module.api_gateway.aws_api_gateway_resource.users",
            "module.api_gateway.aws_api_gateway_resource.users_id",
            "module.api_gateway.aws_api_gateway_rest_api.this",
            "module.dynamodb.aws_dynamodb_table.audit",
            "module.dynamodb.aws_dynamodb_table.carts",
            "module.dynamodb.aws_dynamodb_table.orders",
            "module.dynamodb.aws_dynamodb_table.products",
            "module.dynamodb.aws_dynamodb_table.stores",
            "module.iam.aws_iam_role.audit",
            "module.iam.aws_iam_role.carts",
            "module.iam.aws_iam_role.dashboard",
            "module.iam.aws_iam_role.notifications",
            "module.iam.aws_iam_role.orders",
            "module.iam.aws_iam_role.products",
            "module.iam.aws_iam_role.stores",
            "module.iam.aws_iam_role.users",
            "module.iam.data.aws_iam_policy_document.lambda_assume_role",
            "module.lambdas.aws_cloudwatch_log_group.this",
            "module.lambdas.aws_lambda_function.this",
            "module.lambdas.data.archive_file.this",
            "module.lambdas.null_resource.copy_utils"
          ],
          "create_before_destroy": true
        },
        {
          "index_key": "stores",
          "schema_version": 0,
          "attributes": {
            "http_method": "OPTIONS",
            "id": "agmr-pe5etk8on8-bihz2h-OPTIONS-200",
            "resource_id": "bihz2h",
            "response_models": {},
            "response_parameters": {
              "method.response.header.Access-Control-Allow-Headers": true,
              "method.response.header.Access-Control-Allow-Methods": true,
              "method.response.header.Access-Control-Allow-Origin": true
            },
            "rest_api_id": "pe5etk8on8",
            "status_code": "200"
          },
          "sensitive_attributes": [],
          "identity_schema_version": 0,
          "private": "bnVsbA==",
          "dependencies": [
            "module.api_gateway.aws_api_gateway_method.options",
            "module.api_gateway.aws_api_gateway_resource.audit",
            "module.api_gateway.aws_api_gateway_resource.carts",
            "module.api_gateway.aws_api_gateway_resource.carts_id",
            "module.api_gateway.aws_api_gateway_resource.carts_id_products",
            "module.api_gateway.aws_api_gateway_resource.carts_id_products_id",
            "module.api_gateway.aws_api_gateway_resource.dashboard",
            "module.api_gateway.aws_api_gateway_resource.orders",
            "module.api_gateway.aws_api_gateway_resource.orders_id",
            "module.api_gateway.aws_api_gateway_resource.products",
            "module.api_gateway.aws_api_gateway_resource.products_id",
            "module.api_gateway.aws_api_gateway_resource.registrations",
            "module.api_gateway.aws_api_gateway_resource.stores",
            "module.api_gateway.aws_api_gateway_resource.stores_id",
            "module.api_gateway.aws_api_gateway_resource.users",
            "module.api_gateway.aws_api_gateway_resource.users_id",
            "module.api_gateway.aws_api_gateway_rest_api.this",
            "module.dynamodb.aws_dynamodb_table.audit",
            "module.dynamodb.aws_dynamodb_table.carts",
            "module.dynamodb.aws_dynamodb_table.orders",
            "module.dynamodb.aws_dynamodb_table.products",
            "module.dynamodb.aws_dynamodb_table.stores",
            "module.iam.aws_iam_role.audit",
            "module.iam.aws_iam_role.carts",
            "module.iam.aws_iam_role.dashboard",
            "module.iam.aws_iam_role.notifications",
            "module.iam.aws_iam_role.orders",
            "module.iam.aws_iam_role.products",
            "module.iam.aws_iam_role.stores",
            "module.iam.aws_iam_role.users",
            "module.iam.data.aws_iam_policy_document.lambda_assume_role",
            "module.lambdas.aws_cloudwatch_log_group.this",
            "module.lambdas.aws_lambda_function.this",
            "module.lambdas.data.archive_file.this",
            "module.lambdas.null_resource.copy_utils"
          ],
          "create_before_destroy": true
        },
        {
          "index_key": "stores_id",
          "schema_version": 0,
          "attributes": {
            "http_method": "OPTIONS",
            "id": "agmr-pe5etk8on8-ff7w51-OPTIONS-200",
            "resource_id": "ff7w51",
            "response_models": {},
            "response_parameters": {
              "method.response.header.Access-Control-Allow-Headers": true,
              "method.response.header.Access-Control-Allow-Methods": true,
              "method.response.header.Access-Control-Allow-Origin": true
            },
            "rest_api_id": "pe5etk8on8",
            "status_code": "200"
          },
          "sensitive_attributes": [],
          "identity_schema_version": 0,
          "private": "bnVsbA==",
          "dependencies": [
            "module.api_gateway.aws_api_gateway_method.options",
            "module.api_gateway.aws_api_gateway_resource.audit",
            "module.api_gateway.aws_api_gateway_resource.carts",
            "module.api_gateway.aws_api_gateway_resource.carts_id",
            "module.api_gateway.aws_api_gateway_resource.carts_id_products",
            "module.api_gateway.aws_api_gateway_resource.carts_id_products_id",
            "module.api_gateway.aws_api_gateway_resource.dashboard",
            "module.api_gateway.aws_api_gateway_resource.orders",
            "module.api_gateway.aws_api_gateway_resource.orders_id",
            "module.api_gateway.aws_api_gateway_resource.products",
            "module.api_gateway.aws_api_gateway_resource.products_id",
            "module.api_gateway.aws_api_gateway_resource.registrations",
            "module.api_gateway.aws_api_gateway_resource.stores",
            "module.api_gateway.aws_api_gateway_resource.stores_id",
            "module.api_gateway.aws_api_gateway_resource.users",
            "module.api_gateway.aws_api_gateway_resource.users_id",
            "module.api_gateway.aws_api_gateway_rest_api.this",
            "module.dynamodb.aws_dynamodb_table.audit",
            "module.dynamodb.aws_dynamodb_table.carts",
            "module.dynamodb.aws_dynamodb_table.orders",
            "module.dynamodb.aws_dynamodb_table.products",
            "module.dynamodb.aws_dynamodb_table.stores",
            "module.iam.aws_iam_role.audit",
            "module.iam.aws_iam_role.carts",
            "module.iam.aws_iam_role.dashboard",
            "module.iam.aws_iam_role.notifications",
            "module.iam.aws_iam_role.orders",
            "module.iam.aws_iam_role.products",
            "module.iam.aws_iam_role.stores",
            "module.iam.aws_iam_role.users",
            "module.iam.data.aws_iam_policy_document.lambda_assume_role",
            "module.lambdas.aws_cloudwatch_log_group.this",
            "module.lambdas.aws_lambda_function.this",
            "module.lambdas.data.archive_file.this",
            "module.lambdas.null_resource.copy_utils"
          ],
          "create_before_destroy": true
        },
        {
          "index_key": "users",
          "schema_version": 0,
          "attributes": {
            "http_method": "OPTIONS",
            "id": "agmr-pe5etk8on8-rb85uf-OPTIONS-200",
            "resource_id": "rb85uf",
            "response_models": {},
            "response_parameters": {
              "method.response.header.Access-Control-Allow-Headers": true,
              "method.response.header.Access-Control-Allow-Methods": true,
              "method.response.header.Access-Control-Allow-Origin": true
            },
            "rest_api_id": "pe5etk8on8",
            "status_code": "200"
          },
          "sensitive_attributes": [],
          "identity_schema_version": 0,
          "private": "bnVsbA==",
          "dependencies": [
            "module.api_gateway.aws_api_gateway_method.options",
            "module.api_gateway.aws_api_gateway_resource.audit",
            "module.api_gateway.aws_api_gateway_resource.carts",
            "module.api_gateway.aws_api_gateway_resource.carts_id",
            "module.api_gateway.aws_api_gateway_resource.carts_id_products",
            "module.api_gateway.aws_api_gateway_resource.carts_id_products_id",
            "module.api_gateway.aws_api_gateway_resource.dashboard",
            "module.api_gateway.aws_api_gateway_resource.orders",
            "module.api_gateway.aws_api_gateway_resource.orders_id",
            "module.api_gateway.aws_api_gateway_resource.products",
            "module.api_gateway.aws_api_gateway_resource.products_id",
            "module.api_gateway.aws_api_gateway_resource.registrations",
            "module.api_gateway.aws_api_gateway_resource.stores",
            "module.api_gateway.aws_api_gateway_resource.stores_id",
            "module.api_gateway.aws_api_gateway_resource.users",
            "module.api_gateway.aws_api_gateway_resource.users_id",
            "module.api_gateway.aws_api_gateway_rest_api.this",
            "module.dynamodb.aws_dynamodb_table.audit",
            "module.dynamodb.aws_dynamodb_table.carts",
            "module.dynamodb.aws_dynamodb_table.orders",
            "module.dynamodb.aws_dynamodb_table.products",
            "module.dynamodb.aws_dynamodb_table.stores",
            "module.iam.aws_iam_role.audit",
            "module.iam.aws_iam_role.carts",
            "module.iam.aws_iam_role.dashboard",
            "module.iam.aws_iam_role.notifications",
            "module.iam.aws_iam_role.orders",
            "module.iam.aws_iam_role.products",
            "module.iam.aws_iam_role.stores",
            "module.iam.aws_iam_role.users",
            "module.iam.data.aws_iam_policy_document.lambda_assume_role",
            "module.lambdas.aws_cloudwatch_log_group.this",
            "module.lambdas.aws_lambda_function.this",
            "module.lambdas.data.archive_file.this",
            "module.lambdas.null_resource.copy_utils"
          ],
          "create_before_destroy": true
        },
        {
          "index_key": "users_id",
          "schema_version": 0,
          "attributes": {
            "http_method": "OPTIONS",
            "id": "agmr-pe5etk8on8-9ac8ci-OPTIONS-200",
            "resource_id": "9ac8ci",
            "response_models": {},
            "response_parameters": {
              "method.response.header.Access-Control-Allow-Headers": true,
              "method.response.header.Access-Control-Allow-Methods": true,
              "method.response.header.Access-Control-Allow-Origin": true
            },
            "rest_api_id": "pe5etk8on8",
            "status_code": "200"
          },
          "sensitive_attributes": [],
          "identity_schema_version": 0,
          "private": "bnVsbA==",
          "dependencies": [
            "module.api_gateway.aws_api_gateway_method.options",
            "module.api_gateway.aws_api_gateway_resource.audit",
            "module.api_gateway.aws_api_gateway_resource.carts",
            "module.api_gateway.aws_api_gateway_resource.carts_id",
            "module.api_gateway.aws_api_gateway_resource.carts_id_products",
            "module.api_gateway.aws_api_gateway_resource.carts_id_products_id",
            "module.api_gateway.aws_api_gateway_resource.dashboard",
            "module.api_gateway.aws_api_gateway_resource.orders",
            "module.api_gateway.aws_api_gateway_resource.orders_id",
            "module.api_gateway.aws_api_gateway_resource.products",
            "module.api_gateway.aws_api_gateway_resource.products_id",
            "module.api_gateway.aws_api_gateway_resource.registrations",
            "module.api_gateway.aws_api_gateway_resource.stores",
            "module.api_gateway.aws_api_gateway_resource.stores_id",
            "module.api_gateway.aws_api_gateway_resource.users",
            "module.api_gateway.aws_api_gateway_resource.users_id",
            "module.api_gateway.aws_api_gateway_rest_api.this",
            "module.dynamodb.aws_dynamodb_table.audit",
            "module.dynamodb.aws_dynamodb_table.carts",
            "module.dynamodb.aws_dynamodb_table.orders",
            "module.dynamodb.aws_dynamodb_table.products",
            "module.dynamodb.aws_dynamodb_table.stores",
            "module.iam.aws_iam_role.audit",
            "module.iam.aws_iam_role.carts",
            "module.iam.aws_iam_role.dashboard",
            "module.iam.aws_iam_role.notifications",
            "module.iam.aws_iam_role.orders",
            "module.iam.aws_iam_role.products",
            "module.iam.aws_iam_role.stores",
            "module.iam.aws_iam_role.users",
            "module.iam.data.aws_iam_policy_document.lambda_assume_role",
            "module.lambdas.aws_cloudwatch_log_group.this",
            "module.lambdas.aws_lambda_function.this",
            "module.lambdas.data.archive_file.this",
            "module.lambdas.null_resource.copy_utils"
          ],
          "create_before_destroy": true
        }
      ]
    },
    {
      "module": "module.api_gateway",
      "mode": "managed",
      "type": "aws_api_gateway_resource",
      "name": "audit",
      "provider": "provider[\"registry.terraform.io/hashicorp/aws\"]",
      "instances": [
        {
          "schema_version": 0,
          "attributes": {
            "id": "s9mv9l",
            "parent_id": "n5lubbj4kk",
            "path": "/audit",
            "path_part": "audit",
            "rest_api_id": "pe5etk8on8"
          },
          "sensitive_attributes": [],
          "identity_schema_version": 0,
          "private": "bnVsbA==",
          "dependencies": [
            "module.api_gateway.aws_api_gateway_rest_api.this"
          ],
          "create_before_destroy": true
        }
      ]
    },
    {
      "module": "module.api_gateway",
      "mode": "managed",
      "type": "aws_api_gateway_resource",
      "name": "carts",
      "provider": "provider[\"registry.terraform.io/hashicorp/aws\"]",
      "instances": [
        {
          "schema_version": 0,
          "attributes": {
            "id": "1zqio7",
            "parent_id": "n5lubbj4kk",
            "path": "/carts",
            "path_part": "carts",
            "rest_api_id": "pe5etk8on8"
          },
          "sensitive_attributes": [],
          "identity_schema_version": 0,
          "private": "bnVsbA==",
          "dependencies": [
            "module.api_gateway.aws_api_gateway_rest_api.this"
          ],
          "create_before_destroy": true
        }
      ]
    },
    {
      "module": "module.api_gateway",
      "mode": "managed",
      "type": "aws_api_gateway_resource",
      "name": "carts_id",
      "provider": "provider[\"registry.terraform.io/hashicorp/aws\"]",
      "instances": [
        {
          "schema_version": 0,
          "attributes": {
            "id": "so1vtf",
            "parent_id": "1zqio7",
            "path": "/carts/{id}",
            "path_part": "{id}",
            "rest_api_id": "pe5etk8on8"
          },
          "sensitive_attributes": [],
          "identity_schema_version": 0,
          "private": "bnVsbA==",
          "dependencies": [
            "module.api_gateway.aws_api_gateway_resource.carts",
            "module.api_gateway.aws_api_gateway_rest_api.this"
          ],
          "create_before_destroy": true
        }
      ]
    },
    {
      "module": "module.api_gateway",
      "mode": "managed",
      "type": "aws_api_gateway_resource",
      "name": "carts_id_products",
      "provider": "provider[\"registry.terraform.io/hashicorp/aws\"]",
      "instances": [
        {
          "schema_version": 0,
          "attributes": {
            "id": "77hy1y",
            "parent_id": "so1vtf",
            "path": "/carts/{id}/products",
            "path_part": "products",
            "rest_api_id": "pe5etk8on8"
          },
          "sensitive_attributes": [],
          "identity_schema_version": 0,
          "private": "bnVsbA==",
          "dependencies": [
            "module.api_gateway.aws_api_gateway_resource.carts",
            "module.api_gateway.aws_api_gateway_resource.carts_id",
            "module.api_gateway.aws_api_gateway_rest_api.this"
          ],
          "create_before_destroy": true
        }
      ]
    },
    {
      "module": "module.api_gateway",
      "mode": "managed",
      "type": "aws_api_gateway_resource",
      "name": "carts_id_products_id",
      "provider": "provider[\"registry.terraform.io/hashicorp/aws\"]",
      "instances": [
        {
          "schema_version": 0,
          "attributes": {
            "id": "u1uwwk",
            "parent_id": "77hy1y",
            "path": "/carts/{id}/products/{productId}",
            "path_part": "{productId}",
            "rest_api_id": "pe5etk8on8"
          },
          "sensitive_attributes": [],
          "identity_schema_version": 0,
          "private": "bnVsbA==",
          "dependencies": [
            "module.api_gateway.aws_api_gateway_resource.carts",
            "module.api_gateway.aws_api_gateway_resource.carts_id",
            "module.api_gateway.aws_api_gateway_resource.carts_id_products",
            "module.api_gateway.aws_api_gateway_rest_api.this"
          ],
          "create_before_destroy": true
        }
      ]
    },
    {
      "module": "module.api_gateway",
      "mode": "managed",
      "type": "aws_api_gateway_resource",
      "name": "dashboard",
      "provider": "provider[\"registry.terraform.io/hashicorp/aws\"]",
      "instances": [
        {
          "schema_version": 0,
          "attributes": {
            "id": "1l2lql",
            "parent_id": "n5lubbj4kk",
            "path": "/dashboard",
            "path_part": "dashboard",
            "rest_api_id": "pe5etk8on8"
          },
          "sensitive_attributes": [],
          "identity_schema_version": 0,
          "private": "bnVsbA==",
          "dependencies": [
            "module.api_gateway.aws_api_gateway_rest_api.this"
          ],
          "create_before_destroy": true
        }
      ]
    },
    {
      "module": "module.api_gateway",
      "mode": "managed",
      "type": "aws_api_gateway_resource",
      "name": "orders",
      "provider": "provider[\"registry.terraform.io/hashicorp/aws\"]",
      "instances": [
        {
          "schema_version": 0,
          "attributes": {
            "id": "1or92y",
            "parent_id": "n5lubbj4kk",
            "path": "/orders",
            "path_part": "orders",
            "rest_api_id": "pe5etk8on8"
          },
          "sensitive_attributes": [],
          "identity_schema_version": 0,
          "private": "bnVsbA==",
          "dependencies": [
            "module.api_gateway.aws_api_gateway_rest_api.this"
          ],
          "create_before_destroy": true
        }
      ]
    },
    {
      "module": "module.api_gateway",
      "mode": "managed",
      "type": "aws_api_gateway_resource",
      "name": "orders_id",
      "provider": "provider[\"registry.terraform.io/hashicorp/aws\"]",
      "instances": [
        {
          "schema_version": 0,
          "attributes": {
            "id": "kj23vc",
            "parent_id": "1or92y",
            "path": "/orders/{id}",
            "path_part": "{id}",
            "rest_api_id": "pe5etk8on8"
          },
          "sensitive_attributes": [],
          "identity_schema_version": 0,
          "private": "bnVsbA==",
          "dependencies": [
            "module.api_gateway.aws_api_gateway_resource.orders",
            "module.api_gateway.aws_api_gateway_rest_api.this"
          ],
          "create_before_destroy": true
        }
      ]
    },
    {
      "module": "module.api_gateway",
      "mode": "managed",
      "type": "aws_api_gateway_resource",
      "name": "products",
      "provider": "provider[\"registry.terraform.io/hashicorp/aws\"]",
      "instances": [
        {
          "schema_version": 0,
          "attributes": {
            "id": "pec3nc",
            "parent_id": "n5lubbj4kk",
            "path": "/products",
            "path_part": "products",
            "rest_api_id": "pe5etk8on8"
          },
          "sensitive_attributes": [],
          "identity_schema_version": 0,
          "private": "bnVsbA==",
          "dependencies": [
            "module.api_gateway.aws_api_gateway_rest_api.this"
          ],
          "create_before_destroy": true
        }
      ]
    },
    {
      "module": "module.api_gateway",
      "mode": "managed",
      "type": "aws_api_gateway_resource",
      "name": "products_id",
      "provider": "provider[\"registry.terraform.io/hashicorp/aws\"]",
      "instances": [
        {
          "schema_version": 0,
          "attributes": {
            "id": "bge28b",
            "parent_id": "pec3nc",
            "path": "/products/{id}",
            "path_part": "{id}",
            "rest_api_id": "pe5etk8on8"
          },
          "sensitive_attributes": [],
          "identity_schema_version": 0,
          "private": "bnVsbA==",
          "dependencies": [
            "module.api_gateway.aws_api_gateway_resource.products",
            "module.api_gateway.aws_api_gateway_rest_api.this"
          ],
          "create_before_destroy": true
        }
      ]
    },
    {
      "module": "module.api_gateway",
      "mode": "managed",
      "type": "aws_api_gateway_resource",
      "name": "registrations",
      "provider": "provider[\"registry.terraform.io/hashicorp/aws\"]",
      "instances": [
        {
          "schema_version": 0,
          "attributes": {
            "id": "ppn1tu",
            "parent_id": "n5lubbj4kk",
            "path": "/registrations",
            "path_part": "registrations",
            "rest_api_id": "pe5etk8on8"
          },
          "sensitive_attributes": [],
          "identity_schema_version": 0,
          "private": "bnVsbA==",
          "dependencies": [
            "module.api_gateway.aws_api_gateway_rest_api.this"
          ],
          "create_before_destroy": true
        }
      ]
    },
    {
      "module": "module.api_gateway",
      "mode": "managed",
      "type": "aws_api_gateway_resource",
      "name": "stores",
      "provider": "provider[\"registry.terraform.io/hashicorp/aws\"]",
      "instances": [
        {
          "schema_version": 0,
          "attributes": {
            "id": "bihz2h",
            "parent_id": "n5lubbj4kk",
            "path": "/stores",
            "path_part": "stores",
            "rest_api_id": "pe5etk8on8"
          },
          "sensitive_attributes": [],
          "identity_schema_version": 0,
          "private": "bnVsbA==",
          "dependencies": [
            "module.api_gateway.aws_api_gateway_rest_api.this"
          ],
          "create_before_destroy": true
        }
      ]
    },
    {
      "module": "module.api_gateway",
      "mode": "managed",
      "type": "aws_api_gateway_resource",
      "name": "stores_id",
      "provider": "provider[\"registry.terraform.io/hashicorp/aws\"]",
      "instances": [
        {
          "schema_version": 0,
          "attributes": {
            "id": "ff7w51",
            "parent_id": "bihz2h",
            "path": "/stores/{id}",
            "path_part": "{id}",
            "rest_api_id": "pe5etk8on8"
          },
          "sensitive_attributes": [],
          "identity_schema_version": 0,
          "private": "bnVsbA==",
          "dependencies": [
            "module.api_gateway.aws_api_gateway_resource.stores",
            "module.api_gateway.aws_api_gateway_rest_api.this"
          ],
          "create_before_destroy": true
        }
      ]
    },
    {
      "module": "module.api_gateway",
      "mode": "managed",
      "type": "aws_api_gateway_resource",
      "name": "users",
      "provider": "provider[\"registry.terraform.io/hashicorp/aws\"]",
      "instances": [
        {
          "schema_version": 0,
          "attributes": {
            "id": "rb85uf",
            "parent_id": "n5lubbj4kk",
            "path": "/users",
            "path_part": "users",
            "rest_api_id": "pe5etk8on8"
          },
          "sensitive_attributes": [],
          "identity_schema_version": 0,
          "private": "bnVsbA==",
          "dependencies": [
            "module.api_gateway.aws_api_gateway_rest_api.this"
          ],
          "create_before_destroy": true
        }
      ]
    },
    {
      "module": "module.api_gateway",
      "mode": "managed",
      "type": "aws_api_gateway_resource",
      "name": "users_id",
      "provider": "provider[\"registry.terraform.io/hashicorp/aws\"]",
      "instances": [
        {
          "schema_version": 0,
          "attributes": {
            "id": "9ac8ci",
            "parent_id": "rb85uf",
            "path": "/users/{id}",
            "path_part": "{id}",
            "rest_api_id": "pe5etk8on8"
          },
          "sensitive_attributes": [],
          "identity_schema_version": 0,
          "private": "bnVsbA==",
          "dependencies": [
            "module.api_gateway.aws_api_gateway_resource.users",
            "module.api_gateway.aws_api_gateway_rest_api.this"
          ],
          "create_before_destroy": true
        }
      ]
    },
    {
      "module": "module.api_gateway",
      "mode": "managed",
      "type": "aws_api_gateway_rest_api",
      "name": "this",
      "provider": "provider[\"registry.terraform.io/hashicorp/aws\"]",
      "instances": [
        {
          "schema_version": 0,
          "attributes": {
            "api_key_source": "HEADER",
            "arn": "arn:aws:apigateway:us-east-1::/restapis/pe5etk8on8",
            "binary_media_types": [],
            "body": null,
            "created_date": "2026-07-26T05:01:02Z",
            "description": "API REST de CloudShop Marketplace.",
            "disable_execute_api_endpoint": false,
            "endpoint_configuration": [
              {
                "ip_address_type": "ipv4",
                "types": [
                  "EDGE"
                ],
                "vpc_endpoint_ids": []
              }
            ],
            "execution_arn": "arn:aws:execute-api:us-east-1:970290366615:pe5etk8on8",
            "fail_on_warnings": null,
            "id": "pe5etk8on8",
            "minimum_compression_size": "",
            "name": "cloudshop-armando-api",
            "parameters": null,
            "policy": "",
            "put_rest_api_mode": null,
            "root_resource_id": "n5lubbj4kk",
            "tags": {},
            "tags_all": {
              "Environment": "dev-armando",
              "ManagedBy": "Terraform",
              "Project": "CloudShop"
            }
          },
          "sensitive_attributes": [],
          "identity_schema_version": 0,
          "private": "bnVsbA==",
          "create_before_destroy": true
        }
      ]
    },
    {
      "module": "module.api_gateway",
      "mode": "managed",
      "type": "aws_api_gateway_stage",
      "name": "this",
      "provider": "provider[\"registry.terraform.io/hashicorp/aws\"]",
      "instances": [
        {
          "schema_version": 0,
          "attributes": {
            "access_log_settings": [],
            "arn": "arn:aws:apigateway:us-east-1::/restapis/pe5etk8on8/stages/dev-armando",
            "cache_cluster_enabled": false,
            "cache_cluster_size": "",
            "canary_settings": [],
            "client_certificate_id": "",
            "deployment_id": "qcdsgq",
            "description": "",
            "documentation_version": "",
            "execution_arn": "arn:aws:execute-api:us-east-1:970290366615:pe5etk8on8/dev-armando",
            "id": "ags-pe5etk8on8-dev-armando",
            "invoke_url": "https://pe5etk8on8.execute-api.us-east-1.amazonaws.com/dev-armando",
            "rest_api_id": "pe5etk8on8",
            "stage_name": "dev-armando",
            "tags": {},
            "tags_all": {
              "Environment": "dev-armando",
              "ManagedBy": "Terraform",
              "Project": "CloudShop"
            },
            "variables": {},
            "web_acl_arn": "arn:aws:wafv2:us-east-1:970290366615:regional/webacl/cloudshop-armando-api-waf/fb835a0f-4e0e-43e2-898c-54dd2f39647c",
            "xray_tracing_enabled": false
          },
          "sensitive_attributes": [],
          "identity_schema_version": 0,
          "private": "bnVsbA==",
          "dependencies": [
            "module.api_gateway.aws_api_gateway_authorizer.cognito",
            "module.api_gateway.aws_api_gateway_deployment.this",
            "module.api_gateway.aws_api_gateway_integration.options",
            "module.api_gateway.aws_api_gateway_integration.route",
            "module.api_gateway.aws_api_gateway_integration_response.options",
            "module.api_gateway.aws_api_gateway_method.options",
            "module.api_gateway.aws_api_gateway_method.route",
            "module.api_gateway.aws_api_gateway_method_response.options",
            "module.api_gateway.aws_api_gateway_resource.audit",
            "module.api_gateway.aws_api_gateway_resource.carts",
            "module.api_gateway.aws_api_gateway_resource.carts_id",
            "module.api_gateway.aws_api_gateway_resource.carts_id_products",
            "module.api_gateway.aws_api_gateway_resource.carts_id_products_id",
            "module.api_gateway.aws_api_gateway_resource.dashboard",
            "module.api_gateway.aws_api_gateway_resource.orders",
            "module.api_gateway.aws_api_gateway_resource.orders_id",
            "module.api_gateway.aws_api_gateway_resource.products",
            "module.api_gateway.aws_api_gateway_resource.products_id",
            "module.api_gateway.aws_api_gateway_resource.registrations",
            "module.api_gateway.aws_api_gateway_resource.stores",
            "module.api_gateway.aws_api_gateway_resource.stores_id",
            "module.api_gateway.aws_api_gateway_resource.users",
            "module.api_gateway.aws_api_gateway_resource.users_id",
            "module.api_gateway.aws_api_gateway_rest_api.this",
            "module.cognito.aws_cognito_user_pool.users",
            "module.dynamodb.aws_dynamodb_table.audit",
            "module.dynamodb.aws_dynamodb_table.carts",
            "module.dynamodb.aws_dynamodb_table.orders",
            "module.dynamodb.aws_dynamodb_table.products",
            "module.dynamodb.aws_dynamodb_table.stores",
            "module.iam.aws_iam_role.audit",
            "module.iam.aws_iam_role.carts",
            "module.iam.aws_iam_role.dashboard",
            "module.iam.aws_iam_role.notifications",
            "module.iam.aws_iam_role.orders",
            "module.iam.aws_iam_role.products",
            "module.iam.aws_iam_role.stores",
            "module.iam.aws_iam_role.users",
            "module.iam.data.aws_iam_policy_document.lambda_assume_role",
            "module.lambdas.aws_cloudwatch_log_group.this",
            "module.lambdas.aws_lambda_function.this",
            "module.lambdas.data.archive_file.this",
            "module.lambdas.null_resource.copy_utils"
          ]
        }
      ]
    },
    {
      "module": "module.api_gateway",
      "mode": "managed",
      "type": "aws_api_gateway_usage_plan",
      "name": "this",
      "provider": "provider[\"registry.terraform.io/hashicorp/aws\"]",
      "instances": [
        {
          "schema_version": 0,
          "attributes": {
            "api_stages": [
              {
                "api_id": "pe5etk8on8",
                "stage": "dev-armando",
                "throttle": []
              }
            ],
            "arn": "arn:aws:apigateway:us-east-1::/usageplans/m63fb9",
            "description": "",
            "id": "m63fb9",
            "name": "cloudshop-armando-usage-plan",
            "product_code": "",
            "quota_settings": [],
            "tags": {},
            "tags_all": {
              "Environment": "dev-armando",
              "ManagedBy": "Terraform",
              "Project": "CloudShop"
            },
            "throttle_settings": [
              {
                "burst_limit": 20,
                "rate_limit": 10
              }
            ]
          },
          "sensitive_attributes": [],
          "identity_schema_version": 0,
          "private": "bnVsbA==",
          "dependencies": [
            "module.api_gateway.aws_api_gateway_authorizer.cognito",
            "module.api_gateway.aws_api_gateway_deployment.this",
            "module.api_gateway.aws_api_gateway_integration.options",
            "module.api_gateway.aws_api_gateway_integration.route",
            "module.api_gateway.aws_api_gateway_integration_response.options",
            "module.api_gateway.aws_api_gateway_method.options",
            "module.api_gateway.aws_api_gateway_method.route",
            "module.api_gateway.aws_api_gateway_method_response.options",
            "module.api_gateway.aws_api_gateway_resource.audit",
            "module.api_gateway.aws_api_gateway_resource.carts",
            "module.api_gateway.aws_api_gateway_resource.carts_id",
            "module.api_gateway.aws_api_gateway_resource.carts_id_products",
            "module.api_gateway.aws_api_gateway_resource.carts_id_products_id",
            "module.api_gateway.aws_api_gateway_resource.dashboard",
            "module.api_gateway.aws_api_gateway_resource.orders",
            "module.api_gateway.aws_api_gateway_resource.orders_id",
            "module.api_gateway.aws_api_gateway_resource.products",
            "module.api_gateway.aws_api_gateway_resource.products_id",
            "module.api_gateway.aws_api_gateway_resource.registrations",
            "module.api_gateway.aws_api_gateway_resource.stores",
            "module.api_gateway.aws_api_gateway_resource.stores_id",
            "module.api_gateway.aws_api_gateway_resource.users",
            "module.api_gateway.aws_api_gateway_resource.users_id",
            "module.api_gateway.aws_api_gateway_rest_api.this",
            "module.api_gateway.aws_api_gateway_stage.this",
            "module.cognito.aws_cognito_user_pool.users",
            "module.dynamodb.aws_dynamodb_table.audit",
            "module.dynamodb.aws_dynamodb_table.carts",
            "module.dynamodb.aws_dynamodb_table.orders",
            "module.dynamodb.aws_dynamodb_table.products",
            "module.dynamodb.aws_dynamodb_table.stores",
            "module.iam.aws_iam_role.audit",
            "module.iam.aws_iam_role.carts",
            "module.iam.aws_iam_role.dashboard",
            "module.iam.aws_iam_role.notifications",
            "module.iam.aws_iam_role.orders",
            "module.iam.aws_iam_role.products",
            "module.iam.aws_iam_role.stores",
            "module.iam.aws_iam_role.users",
            "module.iam.data.aws_iam_policy_document.lambda_assume_role",
            "module.lambdas.aws_cloudwatch_log_group.this",
            "module.lambdas.aws_lambda_function.this",
            "module.lambdas.data.archive_file.this",
            "module.lambdas.null_resource.copy_utils"
          ]
        }
      ]
    },
    {
      "module": "module.api_gateway",
      "mode": "managed",
      "type": "aws_api_gateway_usage_plan_key",
      "name": "this",
      "provider": "provider[\"registry.terraform.io/hashicorp/aws\"]",
      "instances": [
        {
          "schema_version": 0,
          "attributes": {
            "id": "2t7c236iul",
            "key_id": "2t7c236iul",
            "key_type": "API_KEY",
            "name": "cloudshop-armando-api-key",
            "usage_plan_id": "m63fb9",
            "value": "kPcnPCaYvZ255wTOG06RB8xTgl5ld6oO7jQJbhNG"
          },
          "sensitive_attributes": [],
          "identity_schema_version": 0,
          "private": "bnVsbA==",
          "dependencies": [
            "module.api_gateway.aws_api_gateway_api_key.this",
            "module.api_gateway.aws_api_gateway_authorizer.cognito",
            "module.api_gateway.aws_api_gateway_deployment.this",
            "module.api_gateway.aws_api_gateway_integration.options",
            "module.api_gateway.aws_api_gateway_integration.route",
            "module.api_gateway.aws_api_gateway_integration_response.options",
            "module.api_gateway.aws_api_gateway_method.options",
            "module.api_gateway.aws_api_gateway_method.route",
            "module.api_gateway.aws_api_gateway_method_response.options",
            "module.api_gateway.aws_api_gateway_resource.audit",
            "module.api_gateway.aws_api_gateway_resource.carts",
            "module.api_gateway.aws_api_gateway_resource.carts_id",
            "module.api_gateway.aws_api_gateway_resource.carts_id_products",
            "module.api_gateway.aws_api_gateway_resource.carts_id_products_id",
            "module.api_gateway.aws_api_gateway_resource.dashboard",
            "module.api_gateway.aws_api_gateway_resource.orders",
            "module.api_gateway.aws_api_gateway_resource.orders_id",
            "module.api_gateway.aws_api_gateway_resource.products",
            "module.api_gateway.aws_api_gateway_resource.products_id",
            "module.api_gateway.aws_api_gateway_resource.registrations",
            "module.api_gateway.aws_api_gateway_resource.stores",
            "module.api_gateway.aws_api_gateway_resource.stores_id",
            "module.api_gateway.aws_api_gateway_resource.users",
            "module.api_gateway.aws_api_gateway_resource.users_id",
            "module.api_gateway.aws_api_gateway_rest_api.this",
            "module.api_gateway.aws_api_gateway_stage.this",
            "module.api_gateway.aws_api_gateway_usage_plan.this",
            "module.cognito.aws_cognito_user_pool.users",
            "module.dynamodb.aws_dynamodb_table.audit",
            "module.dynamodb.aws_dynamodb_table.carts",
            "module.dynamodb.aws_dynamodb_table.orders",
            "module.dynamodb.aws_dynamodb_table.products",
            "module.dynamodb.aws_dynamodb_table.stores",
            "module.iam.aws_iam_role.audit",
            "module.iam.aws_iam_role.carts",
            "module.iam.aws_iam_role.dashboard",
            "module.iam.aws_iam_role.notifications",
            "module.iam.aws_iam_role.orders",
            "module.iam.aws_iam_role.products",
            "module.iam.aws_iam_role.stores",
            "module.iam.aws_iam_role.users",
            "module.iam.data.aws_iam_policy_document.lambda_assume_role",
            "module.lambdas.aws_cloudwatch_log_group.this",
            "module.lambdas.aws_lambda_function.this",
            "module.lambdas.data.archive_file.this",
            "module.lambdas.null_resource.copy_utils"
          ]
        }
      ]
    },
    {
      "module": "module.api_gateway",
      "mode": "managed",
      "type": "aws_lambda_permission",
      "name": "route",
      "provider": "provider[\"registry.terraform.io/hashicorp/aws\"]",
      "instances": [
        {
          "index_key": "audit_get",
          "schema_version": 0,
          "attributes": {
            "action": "lambda:InvokeFunction",
            "event_source_token": null,
            "function_name": "cloudshop-armando-audit-get",
            "function_url_auth_type": null,
            "id": "AllowAPIGatewayaudit_get",
            "principal": "apigateway.amazonaws.com",
            "principal_org_id": null,
            "qualifier": "",
            "source_account": null,
            "source_arn": "arn:aws:execute-api:us-east-1:970290366615:pe5etk8on8/*/*",
            "statement_id": "AllowAPIGatewayaudit_get",
            "statement_id_prefix": ""
          },
          "sensitive_attributes": [],
          "identity_schema_version": 0,
          "private": "bnVsbA==",
          "dependencies": [
            "module.api_gateway.aws_api_gateway_rest_api.this",
            "module.dynamodb.aws_dynamodb_table.audit",
            "module.dynamodb.aws_dynamodb_table.carts",
            "module.dynamodb.aws_dynamodb_table.orders",
            "module.dynamodb.aws_dynamodb_table.products",
            "module.dynamodb.aws_dynamodb_table.stores",
            "module.iam.aws_iam_role.audit",
            "module.iam.aws_iam_role.carts",
            "module.iam.aws_iam_role.dashboard",
            "module.iam.aws_iam_role.notifications",
            "module.iam.aws_iam_role.orders",
            "module.iam.aws_iam_role.products",
            "module.iam.aws_iam_role.stores",
            "module.iam.aws_iam_role.users",
            "module.iam.data.aws_iam_policy_document.lambda_assume_role",
            "module.lambdas.aws_cloudwatch_log_group.this",
            "module.lambdas.aws_lambda_function.this",
            "module.lambdas.data.archive_file.this",
            "module.lambdas.null_resource.copy_utils"
          ]
        },
        {
          "index_key": "carts_add_product",
          "schema_version": 0,
          "attributes": {
            "action": "lambda:InvokeFunction",
            "event_source_token": null,
            "function_name": "cloudshop-armando-carts-add-product",
            "function_url_auth_type": null,
            "id": "AllowAPIGatewaycarts_add_product",
            "principal": "apigateway.amazonaws.com",
            "principal_org_id": null,
            "qualifier": "",
            "source_account": null,
            "source_arn": "arn:aws:execute-api:us-east-1:970290366615:pe5etk8on8/*/*",
            "statement_id": "AllowAPIGatewaycarts_add_product",
            "statement_id_prefix": ""
          },
          "sensitive_attributes": [],
          "identity_schema_version": 0,
          "private": "bnVsbA==",
          "dependencies": [
            "module.api_gateway.aws_api_gateway_rest_api.this",
            "module.dynamodb.aws_dynamodb_table.audit",
            "module.dynamodb.aws_dynamodb_table.carts",
            "module.dynamodb.aws_dynamodb_table.orders",
            "module.dynamodb.aws_dynamodb_table.products",
            "module.dynamodb.aws_dynamodb_table.stores",
            "module.iam.aws_iam_role.audit",
            "module.iam.aws_iam_role.carts",
            "module.iam.aws_iam_role.dashboard",
            "module.iam.aws_iam_role.notifications",
            "module.iam.aws_iam_role.orders",
            "module.iam.aws_iam_role.products",
            "module.iam.aws_iam_role.stores",
            "module.iam.aws_iam_role.users",
            "module.iam.data.aws_iam_policy_document.lambda_assume_role",
            "module.lambdas.aws_cloudwatch_log_group.this",
            "module.lambdas.aws_lambda_function.this",
            "module.lambdas.data.archive_file.this",
            "module.lambdas.null_resource.copy_utils"
          ]
        },
        {
          "index_key": "carts_clear",
          "schema_version": 0,
          "attributes": {
            "action": "lambda:InvokeFunction",
            "event_source_token": null,
            "function_name": "cloudshop-armando-carts-clear",
            "function_url_auth_type": null,
            "id": "AllowAPIGatewaycarts_clear",
            "principal": "apigateway.amazonaws.com",
            "principal_org_id": null,
            "qualifier": "",
            "source_account": null,
            "source_arn": "arn:aws:execute-api:us-east-1:970290366615:pe5etk8on8/*/*",
            "statement_id": "AllowAPIGatewaycarts_clear",
            "statement_id_prefix": ""
          },
          "sensitive_attributes": [],
          "identity_schema_version": 0,
          "private": "bnVsbA==",
          "dependencies": [
            "module.api_gateway.aws_api_gateway_rest_api.this",
            "module.dynamodb.aws_dynamodb_table.audit",
            "module.dynamodb.aws_dynamodb_table.carts",
            "module.dynamodb.aws_dynamodb_table.orders",
            "module.dynamodb.aws_dynamodb_table.products",
            "module.dynamodb.aws_dynamodb_table.stores",
            "module.iam.aws_iam_role.audit",
            "module.iam.aws_iam_role.carts",
            "module.iam.aws_iam_role.dashboard",
            "module.iam.aws_iam_role.notifications",
            "module.iam.aws_iam_role.orders",
            "module.iam.aws_iam_role.products",
            "module.iam.aws_iam_role.stores",
            "module.iam.aws_iam_role.users",
            "module.iam.data.aws_iam_policy_document.lambda_assume_role",
            "module.lambdas.aws_cloudwatch_log_group.this",
            "module.lambdas.aws_lambda_function.this",
            "module.lambdas.data.archive_file.this",
            "module.lambdas.null_resource.copy_utils"
          ]
        },
        {
          "index_key": "carts_get",
          "schema_version": 0,
          "attributes": {
            "action": "lambda:InvokeFunction",
            "event_source_token": null,
            "function_name": "cloudshop-armando-carts-get",
            "function_url_auth_type": null,
            "id": "AllowAPIGatewaycarts_get",
            "principal": "apigateway.amazonaws.com",
            "principal_org_id": null,
            "qualifier": "",
            "source_account": null,
            "source_arn": "arn:aws:execute-api:us-east-1:970290366615:pe5etk8on8/*/*",
            "statement_id": "AllowAPIGatewaycarts_get",
            "statement_id_prefix": ""
          },
          "sensitive_attributes": [],
          "identity_schema_version": 0,
          "private": "bnVsbA==",
          "dependencies": [
            "module.api_gateway.aws_api_gateway_rest_api.this",
            "module.dynamodb.aws_dynamodb_table.audit",
            "module.dynamodb.aws_dynamodb_table.carts",
            "module.dynamodb.aws_dynamodb_table.orders",
            "module.dynamodb.aws_dynamodb_table.products",
            "module.dynamodb.aws_dynamodb_table.stores",
            "module.iam.aws_iam_role.audit",
            "module.iam.aws_iam_role.carts",
            "module.iam.aws_iam_role.dashboard",
            "module.iam.aws_iam_role.notifications",
            "module.iam.aws_iam_role.orders",
            "module.iam.aws_iam_role.products",
            "module.iam.aws_iam_role.stores",
            "module.iam.aws_iam_role.users",
            "module.iam.data.aws_iam_policy_document.lambda_assume_role",
            "module.lambdas.aws_cloudwatch_log_group.this",
            "module.lambdas.aws_lambda_function.this",
            "module.lambdas.data.archive_file.this",
            "module.lambdas.null_resource.copy_utils"
          ]
        },
        {
          "index_key": "carts_modify_quantity",
          "schema_version": 0,
          "attributes": {
            "action": "lambda:InvokeFunction",
            "event_source_token": null,
            "function_name": "cloudshop-armando-carts-modify-quantity",
            "function_url_auth_type": null,
            "id": "AllowAPIGatewaycarts_modify_quantity",
            "principal": "apigateway.amazonaws.com",
            "principal_org_id": null,
            "qualifier": "",
            "source_account": null,
            "source_arn": "arn:aws:execute-api:us-east-1:970290366615:pe5etk8on8/*/*",
            "statement_id": "AllowAPIGatewaycarts_modify_quantity",
            "statement_id_prefix": ""
          },
          "sensitive_attributes": [],
          "identity_schema_version": 0,
          "private": "bnVsbA==",
          "dependencies": [
            "module.api_gateway.aws_api_gateway_rest_api.this",
            "module.dynamodb.aws_dynamodb_table.audit",
            "module.dynamodb.aws_dynamodb_table.carts",
            "module.dynamodb.aws_dynamodb_table.orders",
            "module.dynamodb.aws_dynamodb_table.products",
            "module.dynamodb.aws_dynamodb_table.stores",
            "module.iam.aws_iam_role.audit",
            "module.iam.aws_iam_role.carts",
            "module.iam.aws_iam_role.dashboard",
            "module.iam.aws_iam_role.notifications",
            "module.iam.aws_iam_role.orders",
            "module.iam.aws_iam_role.products",
            "module.iam.aws_iam_role.stores",
            "module.iam.aws_iam_role.users",
            "module.iam.data.aws_iam_policy_document.lambda_assume_role",
            "module.lambdas.aws_cloudwatch_log_group.this",
            "module.lambdas.aws_lambda_function.this",
            "module.lambdas.data.archive_file.this",
            "module.lambdas.null_resource.copy_utils"
          ]
        },
        {
          "index_key": "carts_remove_product",
          "schema_version": 0,
          "attributes": {
            "action": "lambda:InvokeFunction",
            "event_source_token": null,
            "function_name": "cloudshop-armando-carts-remove-product",
            "function_url_auth_type": null,
            "id": "AllowAPIGatewaycarts_remove_product",
            "principal": "apigateway.amazonaws.com",
            "principal_org_id": null,
            "qualifier": "",
            "source_account": null,
            "source_arn": "arn:aws:execute-api:us-east-1:970290366615:pe5etk8on8/*/*",
            "statement_id": "AllowAPIGatewaycarts_remove_product",
            "statement_id_prefix": ""
          },
          "sensitive_attributes": [],
          "identity_schema_version": 0,
          "private": "bnVsbA==",
          "dependencies": [
            "module.api_gateway.aws_api_gateway_rest_api.this",
            "module.dynamodb.aws_dynamodb_table.audit",
            "module.dynamodb.aws_dynamodb_table.carts",
            "module.dynamodb.aws_dynamodb_table.orders",
            "module.dynamodb.aws_dynamodb_table.products",
            "module.dynamodb.aws_dynamodb_table.stores",
            "module.iam.aws_iam_role.audit",
            "module.iam.aws_iam_role.carts",
            "module.iam.aws_iam_role.dashboard",
            "module.iam.aws_iam_role.notifications",
            "module.iam.aws_iam_role.orders",
            "module.iam.aws_iam_role.products",
            "module.iam.aws_iam_role.stores",
            "module.iam.aws_iam_role.users",
            "module.iam.data.aws_iam_policy_document.lambda_assume_role",
            "module.lambdas.aws_cloudwatch_log_group.this",
            "module.lambdas.aws_lambda_function.this",
            "module.lambdas.data.archive_file.this",
            "module.lambdas.null_resource.copy_utils"
          ]
        },
        {
          "index_key": "dashboard_get",
          "schema_version": 0,
          "attributes": {
            "action": "lambda:InvokeFunction",
            "event_source_token": null,
            "function_name": "cloudshop-armando-dashboard-get",
            "function_url_auth_type": null,
            "id": "AllowAPIGatewaydashboard_get",
            "principal": "apigateway.amazonaws.com",
            "principal_org_id": null,
            "qualifier": "",
            "source_account": null,
            "source_arn": "arn:aws:execute-api:us-east-1:970290366615:pe5etk8on8/*/*",
            "statement_id": "AllowAPIGatewaydashboard_get",
            "statement_id_prefix": ""
          },
          "sensitive_attributes": [],
          "identity_schema_version": 0,
          "private": "bnVsbA==",
          "dependencies": [
            "module.api_gateway.aws_api_gateway_rest_api.this",
            "module.dynamodb.aws_dynamodb_table.audit",
            "module.dynamodb.aws_dynamodb_table.carts",
            "module.dynamodb.aws_dynamodb_table.orders",
            "module.dynamodb.aws_dynamodb_table.products",
            "module.dynamodb.aws_dynamodb_table.stores",
            "module.iam.aws_iam_role.audit",
            "module.iam.aws_iam_role.carts",
            "module.iam.aws_iam_role.dashboard",
            "module.iam.aws_iam_role.notifications",
            "module.iam.aws_iam_role.orders",
            "module.iam.aws_iam_role.products",
            "module.iam.aws_iam_role.stores",
            "module.iam.aws_iam_role.users",
            "module.iam.data.aws_iam_policy_document.lambda_assume_role",
            "module.lambdas.aws_cloudwatch_log_group.this",
            "module.lambdas.aws_lambda_function.this",
            "module.lambdas.data.archive_file.this",
            "module.lambdas.null_resource.copy_utils"
          ]
        },
        {
          "index_key": "orders_cancel",
          "schema_version": 0,
          "attributes": {
            "action": "lambda:InvokeFunction",
            "event_source_token": null,
            "function_name": "cloudshop-armando-orders-cancel",
            "function_url_auth_type": null,
            "id": "AllowAPIGatewayorders_cancel",
            "principal": "apigateway.amazonaws.com",
            "principal_org_id": null,
            "qualifier": "",
            "source_account": null,
            "source_arn": "arn:aws:execute-api:us-east-1:970290366615:pe5etk8on8/*/*",
            "statement_id": "AllowAPIGatewayorders_cancel",
            "statement_id_prefix": ""
          },
          "sensitive_attributes": [],
          "identity_schema_version": 0,
          "private": "bnVsbA==",
          "dependencies": [
            "module.api_gateway.aws_api_gateway_rest_api.this",
            "module.dynamodb.aws_dynamodb_table.audit",
            "module.dynamodb.aws_dynamodb_table.carts",
            "module.dynamodb.aws_dynamodb_table.orders",
            "module.dynamodb.aws_dynamodb_table.products",
            "module.dynamodb.aws_dynamodb_table.stores",
            "module.iam.aws_iam_role.audit",
            "module.iam.aws_iam_role.carts",
            "module.iam.aws_iam_role.dashboard",
            "module.iam.aws_iam_role.notifications",
            "module.iam.aws_iam_role.orders",
            "module.iam.aws_iam_role.products",
            "module.iam.aws_iam_role.stores",
            "module.iam.aws_iam_role.users",
            "module.iam.data.aws_iam_policy_document.lambda_assume_role",
            "module.lambdas.aws_cloudwatch_log_group.this",
            "module.lambdas.aws_lambda_function.this",
            "module.lambdas.data.archive_file.this",
            "module.lambdas.null_resource.copy_utils"
          ]
        },
        {
          "index_key": "orders_create",
          "schema_version": 0,
          "attributes": {
            "action": "lambda:InvokeFunction",
            "event_source_token": null,
            "function_name": "cloudshop-armando-orders-create",
            "function_url_auth_type": null,
            "id": "AllowAPIGatewayorders_create",
            "principal": "apigateway.amazonaws.com",
            "principal_org_id": null,
            "qualifier": "",
            "source_account": null,
            "source_arn": "arn:aws:execute-api:us-east-1:970290366615:pe5etk8on8/*/*",
            "statement_id": "AllowAPIGatewayorders_create",
            "statement_id_prefix": ""
          },
          "sensitive_attributes": [],
          "identity_schema_version": 0,
          "private": "bnVsbA==",
          "dependencies": [
            "module.api_gateway.aws_api_gateway_rest_api.this",
            "module.dynamodb.aws_dynamodb_table.audit",
            "module.dynamodb.aws_dynamodb_table.carts",
            "module.dynamodb.aws_dynamodb_table.orders",
            "module.dynamodb.aws_dynamodb_table.products",
            "module.dynamodb.aws_dynamodb_table.stores",
            "module.iam.aws_iam_role.audit",
            "module.iam.aws_iam_role.carts",
            "module.iam.aws_iam_role.dashboard",
            "module.iam.aws_iam_role.notifications",
            "module.iam.aws_iam_role.orders",
            "module.iam.aws_iam_role.products",
            "module.iam.aws_iam_role.stores",
            "module.iam.aws_iam_role.users",
            "module.iam.data.aws_iam_policy_document.lambda_assume_role",
            "module.lambdas.aws_cloudwatch_log_group.this",
            "module.lambdas.aws_lambda_function.this",
            "module.lambdas.data.archive_file.this",
            "module.lambdas.null_resource.copy_utils"
          ]
        },
        {
          "index_key": "orders_get",
          "schema_version": 0,
          "attributes": {
            "action": "lambda:InvokeFunction",
            "event_source_token": null,
            "function_name": "cloudshop-armando-orders-get",
            "function_url_auth_type": null,
            "id": "AllowAPIGatewayorders_get",
            "principal": "apigateway.amazonaws.com",
            "principal_org_id": null,
            "qualifier": "",
            "source_account": null,
            "source_arn": "arn:aws:execute-api:us-east-1:970290366615:pe5etk8on8/*/*",
            "statement_id": "AllowAPIGatewayorders_get",
            "statement_id_prefix": ""
          },
          "sensitive_attributes": [],
          "identity_schema_version": 0,
          "private": "bnVsbA==",
          "dependencies": [
            "module.api_gateway.aws_api_gateway_rest_api.this",
            "module.dynamodb.aws_dynamodb_table.audit",
            "module.dynamodb.aws_dynamodb_table.carts",
            "module.dynamodb.aws_dynamodb_table.orders",
            "module.dynamodb.aws_dynamodb_table.products",
            "module.dynamodb.aws_dynamodb_table.stores",
            "module.iam.aws_iam_role.audit",
            "module.iam.aws_iam_role.carts",
            "module.iam.aws_iam_role.dashboard",
            "module.iam.aws_iam_role.notifications",
            "module.iam.aws_iam_role.orders",
            "module.iam.aws_iam_role.products",
            "module.iam.aws_iam_role.stores",
            "module.iam.aws_iam_role.users",
            "module.iam.data.aws_iam_policy_document.lambda_assume_role",
            "module.lambdas.aws_cloudwatch_log_group.this",
            "module.lambdas.aws_lambda_function.this",
            "module.lambdas.data.archive_file.this",
            "module.lambdas.null_resource.copy_utils"
          ]
        },
        {
          "index_key": "orders_list",
          "schema_version": 0,
          "attributes": {
            "action": "lambda:InvokeFunction",
            "event_source_token": null,
            "function_name": "cloudshop-armando-orders-list",
            "function_url_auth_type": null,
            "id": "AllowAPIGatewayorders_list",
            "principal": "apigateway.amazonaws.com",
            "principal_org_id": null,
            "qualifier": "",
            "source_account": null,
            "source_arn": "arn:aws:execute-api:us-east-1:970290366615:pe5etk8on8/*/*",
            "statement_id": "AllowAPIGatewayorders_list",
            "statement_id_prefix": ""
          },
          "sensitive_attributes": [],
          "identity_schema_version": 0,
          "private": "bnVsbA==",
          "dependencies": [
            "module.api_gateway.aws_api_gateway_rest_api.this",
            "module.dynamodb.aws_dynamodb_table.audit",
            "module.dynamodb.aws_dynamodb_table.carts",
            "module.dynamodb.aws_dynamodb_table.orders",
            "module.dynamodb.aws_dynamodb_table.products",
            "module.dynamodb.aws_dynamodb_table.stores",
            "module.iam.aws_iam_role.audit",
            "module.iam.aws_iam_role.carts",
            "module.iam.aws_iam_role.dashboard",
            "module.iam.aws_iam_role.notifications",
            "module.iam.aws_iam_role.orders",
            "module.iam.aws_iam_role.products",
            "module.iam.aws_iam_role.stores",
            "module.iam.aws_iam_role.users",
            "module.iam.data.aws_iam_policy_document.lambda_assume_role",
            "module.lambdas.aws_cloudwatch_log_group.this",
            "module.lambdas.aws_lambda_function.this",
            "module.lambdas.data.archive_file.this",
            "module.lambdas.null_resource.copy_utils"
          ]
        },
        {
          "index_key": "orders_update_status",
          "schema_version": 0,
          "attributes": {
            "action": "lambda:InvokeFunction",
            "event_source_token": null,
            "function_name": "cloudshop-armando-orders-update-status",
            "function_url_auth_type": null,
            "id": "AllowAPIGatewayorders_update_status",
            "principal": "apigateway.amazonaws.com",
            "principal_org_id": null,
            "qualifier": "",
            "source_account": null,
            "source_arn": "arn:aws:execute-api:us-east-1:970290366615:pe5etk8on8/*/*",
            "statement_id": "AllowAPIGatewayorders_update_status",
            "statement_id_prefix": ""
          },
          "sensitive_attributes": [],
          "identity_schema_version": 0,
          "private": "bnVsbA==",
          "dependencies": [
            "module.api_gateway.aws_api_gateway_rest_api.this",
            "module.dynamodb.aws_dynamodb_table.audit",
            "module.dynamodb.aws_dynamodb_table.carts",
            "module.dynamodb.aws_dynamodb_table.orders",
            "module.dynamodb.aws_dynamodb_table.products",
            "module.dynamodb.aws_dynamodb_table.stores",
            "module.iam.aws_iam_role.audit",
            "module.iam.aws_iam_role.carts",
            "module.iam.aws_iam_role.dashboard",
            "module.iam.aws_iam_role.notifications",
            "module.iam.aws_iam_role.orders",
            "module.iam.aws_iam_role.products",
            "module.iam.aws_iam_role.stores",
            "module.iam.aws_iam_role.users",
            "module.iam.data.aws_iam_policy_document.lambda_assume_role",
            "module.lambdas.aws_cloudwatch_log_group.this",
            "module.lambdas.aws_lambda_function.this",
            "module.lambdas.data.archive_file.this",
            "module.lambdas.null_resource.copy_utils"
          ]
        },
        {
          "index_key": "products_create",
          "schema_version": 0,
          "attributes": {
            "action": "lambda:InvokeFunction",
            "event_source_token": null,
            "function_name": "cloudshop-armando-products-create",
            "function_url_auth_type": null,
            "id": "AllowAPIGatewayproducts_create",
            "principal": "apigateway.amazonaws.com",
            "principal_org_id": null,
            "qualifier": "",
            "source_account": null,
            "source_arn": "arn:aws:execute-api:us-east-1:970290366615:pe5etk8on8/*/*",
            "statement_id": "AllowAPIGatewayproducts_create",
            "statement_id_prefix": ""
          },
          "sensitive_attributes": [],
          "identity_schema_version": 0,
          "private": "bnVsbA==",
          "dependencies": [
            "module.api_gateway.aws_api_gateway_rest_api.this",
            "module.dynamodb.aws_dynamodb_table.audit",
            "module.dynamodb.aws_dynamodb_table.carts",
            "module.dynamodb.aws_dynamodb_table.orders",
            "module.dynamodb.aws_dynamodb_table.products",
            "module.dynamodb.aws_dynamodb_table.stores",
            "module.iam.aws_iam_role.audit",
            "module.iam.aws_iam_role.carts",
            "module.iam.aws_iam_role.dashboard",
            "module.iam.aws_iam_role.notifications",
            "module.iam.aws_iam_role.orders",
            "module.iam.aws_iam_role.products",
            "module.iam.aws_iam_role.stores",
            "module.iam.aws_iam_role.users",
            "module.iam.data.aws_iam_policy_document.lambda_assume_role",
            "module.lambdas.aws_cloudwatch_log_group.this",
            "module.lambdas.aws_lambda_function.this",
            "module.lambdas.data.archive_file.this",
            "module.lambdas.null_resource.copy_utils"
          ]
        },
        {
          "index_key": "products_delete",
          "schema_version": 0,
          "attributes": {
            "action": "lambda:InvokeFunction",
            "event_source_token": null,
            "function_name": "cloudshop-armando-products-delete",
            "function_url_auth_type": null,
            "id": "AllowAPIGatewayproducts_delete",
            "principal": "apigateway.amazonaws.com",
            "principal_org_id": null,
            "qualifier": "",
            "source_account": null,
            "source_arn": "arn:aws:execute-api:us-east-1:970290366615:pe5etk8on8/*/*",
            "statement_id": "AllowAPIGatewayproducts_delete",
            "statement_id_prefix": ""
          },
          "sensitive_attributes": [],
          "identity_schema_version": 0,
          "private": "bnVsbA==",
          "dependencies": [
            "module.api_gateway.aws_api_gateway_rest_api.this",
            "module.dynamodb.aws_dynamodb_table.audit",
            "module.dynamodb.aws_dynamodb_table.carts",
            "module.dynamodb.aws_dynamodb_table.orders",
            "module.dynamodb.aws_dynamodb_table.products",
            "module.dynamodb.aws_dynamodb_table.stores",
            "module.iam.aws_iam_role.audit",
            "module.iam.aws_iam_role.carts",
            "module.iam.aws_iam_role.dashboard",
            "module.iam.aws_iam_role.notifications",
            "module.iam.aws_iam_role.orders",
            "module.iam.aws_iam_role.products",
            "module.iam.aws_iam_role.stores",
            "module.iam.aws_iam_role.users",
            "module.iam.data.aws_iam_policy_document.lambda_assume_role",
            "module.lambdas.aws_cloudwatch_log_group.this",
            "module.lambdas.aws_lambda_function.this",
            "module.lambdas.data.archive_file.this",
            "module.lambdas.null_resource.copy_utils"
          ]
        },
        {
          "index_key": "products_get",
          "schema_version": 0,
          "attributes": {
            "action": "lambda:InvokeFunction",
            "event_source_token": null,
            "function_name": "cloudshop-armando-products-get",
            "function_url_auth_type": null,
            "id": "AllowAPIGatewayproducts_get",
            "principal": "apigateway.amazonaws.com",
            "principal_org_id": null,
            "qualifier": "",
            "source_account": null,
            "source_arn": "arn:aws:execute-api:us-east-1:970290366615:pe5etk8on8/*/*",
            "statement_id": "AllowAPIGatewayproducts_get",
            "statement_id_prefix": ""
          },
          "sensitive_attributes": [],
          "identity_schema_version": 0,
          "private": "bnVsbA==",
          "dependencies": [
            "module.api_gateway.aws_api_gateway_rest_api.this",
            "module.dynamodb.aws_dynamodb_table.audit",
            "module.dynamodb.aws_dynamodb_table.carts",
            "module.dynamodb.aws_dynamodb_table.orders",
            "module.dynamodb.aws_dynamodb_table.products",
            "module.dynamodb.aws_dynamodb_table.stores",
            "module.iam.aws_iam_role.audit",
            "module.iam.aws_iam_role.carts",
            "module.iam.aws_iam_role.dashboard",
            "module.iam.aws_iam_role.notifications",
            "module.iam.aws_iam_role.orders",
            "module.iam.aws_iam_role.products",
            "module.iam.aws_iam_role.stores",
            "module.iam.aws_iam_role.users",
            "module.iam.data.aws_iam_policy_document.lambda_assume_role",
            "module.lambdas.aws_cloudwatch_log_group.this",
            "module.lambdas.aws_lambda_function.this",
            "module.lambdas.data.archive_file.this",
            "module.lambdas.null_resource.copy_utils"
          ]
        },
        {
          "index_key": "products_list",
          "schema_version": 0,
          "attributes": {
            "action": "lambda:InvokeFunction",
            "event_source_token": null,
            "function_name": "cloudshop-armando-products-list",
            "function_url_auth_type": null,
            "id": "AllowAPIGatewayproducts_list",
            "principal": "apigateway.amazonaws.com",
            "principal_org_id": null,
            "qualifier": "",
            "source_account": null,
            "source_arn": "arn:aws:execute-api:us-east-1:970290366615:pe5etk8on8/*/*",
            "statement_id": "AllowAPIGatewayproducts_list",
            "statement_id_prefix": ""
          },
          "sensitive_attributes": [],
          "identity_schema_version": 0,
          "private": "bnVsbA==",
          "dependencies": [
            "module.api_gateway.aws_api_gateway_rest_api.this",
            "module.dynamodb.aws_dynamodb_table.audit",
            "module.dynamodb.aws_dynamodb_table.carts",
            "module.dynamodb.aws_dynamodb_table.orders",
            "module.dynamodb.aws_dynamodb_table.products",
            "module.dynamodb.aws_dynamodb_table.stores",
            "module.iam.aws_iam_role.audit",
            "module.iam.aws_iam_role.carts",
            "module.iam.aws_iam_role.dashboard",
            "module.iam.aws_iam_role.notifications",
            "module.iam.aws_iam_role.orders",
            "module.iam.aws_iam_role.products",
            "module.iam.aws_iam_role.stores",
            "module.iam.aws_iam_role.users",
            "module.iam.data.aws_iam_policy_document.lambda_assume_role",
            "module.lambdas.aws_cloudwatch_log_group.this",
            "module.lambdas.aws_lambda_function.this",
            "module.lambdas.data.archive_file.this",
            "module.lambdas.null_resource.copy_utils"
          ]
        },
        {
          "index_key": "products_update",
          "schema_version": 0,
          "attributes": {
            "action": "lambda:InvokeFunction",
            "event_source_token": null,
            "function_name": "cloudshop-armando-products-update",
            "function_url_auth_type": null,
            "id": "AllowAPIGatewayproducts_update",
            "principal": "apigateway.amazonaws.com",
            "principal_org_id": null,
            "qualifier": "",
            "source_account": null,
            "source_arn": "arn:aws:execute-api:us-east-1:970290366615:pe5etk8on8/*/*",
            "statement_id": "AllowAPIGatewayproducts_update",
            "statement_id_prefix": ""
          },
          "sensitive_attributes": [],
          "identity_schema_version": 0,
          "private": "bnVsbA==",
          "dependencies": [
            "module.api_gateway.aws_api_gateway_rest_api.this",
            "module.dynamodb.aws_dynamodb_table.audit",
            "module.dynamodb.aws_dynamodb_table.carts",
            "module.dynamodb.aws_dynamodb_table.orders",
            "module.dynamodb.aws_dynamodb_table.products",
            "module.dynamodb.aws_dynamodb_table.stores",
            "module.iam.aws_iam_role.audit",
            "module.iam.aws_iam_role.carts",
            "module.iam.aws_iam_role.dashboard",
            "module.iam.aws_iam_role.notifications",
            "module.iam.aws_iam_role.orders",
            "module.iam.aws_iam_role.products",
            "module.iam.aws_iam_role.stores",
            "module.iam.aws_iam_role.users",
            "module.iam.data.aws_iam_policy_document.lambda_assume_role",
            "module.lambdas.aws_cloudwatch_log_group.this",
            "module.lambdas.aws_lambda_function.this",
            "module.lambdas.data.archive_file.this",
            "module.lambdas.null_resource.copy_utils"
          ]
        },
        {
          "index_key": "register",
          "schema_version": 0,
          "attributes": {
            "action": "lambda:InvokeFunction",
            "event_source_token": null,
            "function_name": "cloudshop-armando-users-register",
            "function_url_auth_type": null,
            "id": "AllowAPIGatewayregister",
            "principal": "apigateway.amazonaws.com",
            "principal_org_id": null,
            "qualifier": "",
            "source_account": null,
            "source_arn": "arn:aws:execute-api:us-east-1:970290366615:pe5etk8on8/*/*",
            "statement_id": "AllowAPIGatewayregister",
            "statement_id_prefix": ""
          },
          "sensitive_attributes": [],
          "identity_schema_version": 0,
          "private": "bnVsbA==",
          "dependencies": [
            "module.api_gateway.aws_api_gateway_rest_api.this",
            "module.dynamodb.aws_dynamodb_table.audit",
            "module.dynamodb.aws_dynamodb_table.carts",
            "module.dynamodb.aws_dynamodb_table.orders",
            "module.dynamodb.aws_dynamodb_table.products",
            "module.dynamodb.aws_dynamodb_table.stores",
            "module.iam.aws_iam_role.audit",
            "module.iam.aws_iam_role.carts",
            "module.iam.aws_iam_role.dashboard",
            "module.iam.aws_iam_role.notifications",
            "module.iam.aws_iam_role.orders",
            "module.iam.aws_iam_role.products",
            "module.iam.aws_iam_role.stores",
            "module.iam.aws_iam_role.users",
            "module.iam.data.aws_iam_policy_document.lambda_assume_role",
            "module.lambdas.aws_cloudwatch_log_group.this",
            "module.lambdas.aws_lambda_function.this",
            "module.lambdas.data.archive_file.this",
            "module.lambdas.null_resource.copy_utils"
          ]
        },
        {
          "index_key": "stores_create",
          "schema_version": 0,
          "attributes": {
            "action": "lambda:InvokeFunction",
            "event_source_token": null,
            "function_name": "cloudshop-armando-stores-create",
            "function_url_auth_type": null,
            "id": "AllowAPIGatewaystores_create",
            "principal": "apigateway.amazonaws.com",
            "principal_org_id": null,
            "qualifier": "",
            "source_account": null,
            "source_arn": "arn:aws:execute-api:us-east-1:970290366615:pe5etk8on8/*/*",
            "statement_id": "AllowAPIGatewaystores_create",
            "statement_id_prefix": ""
          },
          "sensitive_attributes": [],
          "identity_schema_version": 0,
          "private": "bnVsbA==",
          "dependencies": [
            "module.api_gateway.aws_api_gateway_rest_api.this",
            "module.dynamodb.aws_dynamodb_table.audit",
            "module.dynamodb.aws_dynamodb_table.carts",
            "module.dynamodb.aws_dynamodb_table.orders",
            "module.dynamodb.aws_dynamodb_table.products",
            "module.dynamodb.aws_dynamodb_table.stores",
            "module.iam.aws_iam_role.audit",
            "module.iam.aws_iam_role.carts",
            "module.iam.aws_iam_role.dashboard",
            "module.iam.aws_iam_role.notifications",
            "module.iam.aws_iam_role.orders",
            "module.iam.aws_iam_role.products",
            "module.iam.aws_iam_role.stores",
            "module.iam.aws_iam_role.users",
            "module.iam.data.aws_iam_policy_document.lambda_assume_role",
            "module.lambdas.aws_cloudwatch_log_group.this",
            "module.lambdas.aws_lambda_function.this",
            "module.lambdas.data.archive_file.this",
            "module.lambdas.null_resource.copy_utils"
          ]
        },
        {
          "index_key": "stores_delete",
          "schema_version": 0,
          "attributes": {
            "action": "lambda:InvokeFunction",
            "event_source_token": null,
            "function_name": "cloudshop-armando-stores-delete",
            "function_url_auth_type": null,
            "id": "AllowAPIGatewaystores_delete",
            "principal": "apigateway.amazonaws.com",
            "principal_org_id": null,
            "qualifier": "",
            "source_account": null,
            "source_arn": "arn:aws:execute-api:us-east-1:970290366615:pe5etk8on8/*/*",
            "statement_id": "AllowAPIGatewaystores_delete",
            "statement_id_prefix": ""
          },
          "sensitive_attributes": [],
          "identity_schema_version": 0,
          "private": "bnVsbA==",
          "dependencies": [
            "module.api_gateway.aws_api_gateway_rest_api.this",
            "module.dynamodb.aws_dynamodb_table.audit",
            "module.dynamodb.aws_dynamodb_table.carts",
            "module.dynamodb.aws_dynamodb_table.orders",
            "module.dynamodb.aws_dynamodb_table.products",
            "module.dynamodb.aws_dynamodb_table.stores",
            "module.iam.aws_iam_role.audit",
            "module.iam.aws_iam_role.carts",
            "module.iam.aws_iam_role.dashboard",
            "module.iam.aws_iam_role.notifications",
            "module.iam.aws_iam_role.orders",
            "module.iam.aws_iam_role.products",
            "module.iam.aws_iam_role.stores",
            "module.iam.aws_iam_role.users",
            "module.iam.data.aws_iam_policy_document.lambda_assume_role",
            "module.lambdas.aws_cloudwatch_log_group.this",
            "module.lambdas.aws_lambda_function.this",
            "module.lambdas.data.archive_file.this",
            "module.lambdas.null_resource.copy_utils"
          ]
        },
        {
          "index_key": "stores_get",
          "schema_version": 0,
          "attributes": {
            "action": "lambda:InvokeFunction",
            "event_source_token": null,
            "function_name": "cloudshop-armando-stores-get",
            "function_url_auth_type": null,
            "id": "AllowAPIGatewaystores_get",
            "principal": "apigateway.amazonaws.com",
            "principal_org_id": null,
            "qualifier": "",
            "source_account": null,
            "source_arn": "arn:aws:execute-api:us-east-1:970290366615:pe5etk8on8/*/*",
            "statement_id": "AllowAPIGatewaystores_get",
            "statement_id_prefix": ""
          },
          "sensitive_attributes": [],
          "identity_schema_version": 0,
          "private": "bnVsbA==",
          "dependencies": [
            "module.api_gateway.aws_api_gateway_rest_api.this",
            "module.dynamodb.aws_dynamodb_table.audit",
            "module.dynamodb.aws_dynamodb_table.carts",
            "module.dynamodb.aws_dynamodb_table.orders",
            "module.dynamodb.aws_dynamodb_table.products",
            "module.dynamodb.aws_dynamodb_table.stores",
            "module.iam.aws_iam_role.audit",
            "module.iam.aws_iam_role.carts",
            "module.iam.aws_iam_role.dashboard",
            "module.iam.aws_iam_role.notifications",
            "module.iam.aws_iam_role.orders",
            "module.iam.aws_iam_role.products",
            "module.iam.aws_iam_role.stores",
            "module.iam.aws_iam_role.users",
            "module.iam.data.aws_iam_policy_document.lambda_assume_role",
            "module.lambdas.aws_cloudwatch_log_group.this",
            "module.lambdas.aws_lambda_function.this",
            "module.lambdas.data.archive_file.this",
            "module.lambdas.null_resource.copy_utils"
          ]
        },
        {
          "index_key": "stores_list",
          "schema_version": 0,
          "attributes": {
            "action": "lambda:InvokeFunction",
            "event_source_token": null,
            "function_name": "cloudshop-armando-stores-list",
            "function_url_auth_type": null,
            "id": "AllowAPIGatewaystores_list",
            "principal": "apigateway.amazonaws.com",
            "principal_org_id": null,
            "qualifier": "",
            "source_account": null,
            "source_arn": "arn:aws:execute-api:us-east-1:970290366615:pe5etk8on8/*/*",
            "statement_id": "AllowAPIGatewaystores_list",
            "statement_id_prefix": ""
          },
          "sensitive_attributes": [],
          "identity_schema_version": 0,
          "private": "bnVsbA==",
          "dependencies": [
            "module.api_gateway.aws_api_gateway_rest_api.this",
            "module.dynamodb.aws_dynamodb_table.audit",
            "module.dynamodb.aws_dynamodb_table.carts",
            "module.dynamodb.aws_dynamodb_table.orders",
            "module.dynamodb.aws_dynamodb_table.products",
            "module.dynamodb.aws_dynamodb_table.stores",
            "module.iam.aws_iam_role.audit",
            "module.iam.aws_iam_role.carts",
            "module.iam.aws_iam_role.dashboard",
            "module.iam.aws_iam_role.notifications",
            "module.iam.aws_iam_role.orders",
            "module.iam.aws_iam_role.products",
            "module.iam.aws_iam_role.stores",
            "module.iam.aws_iam_role.users",
            "module.iam.data.aws_iam_policy_document.lambda_assume_role",
            "module.lambdas.aws_cloudwatch_log_group.this",
            "module.lambdas.aws_lambda_function.this",
            "module.lambdas.data.archive_file.this",
            "module.lambdas.null_resource.copy_utils"
          ]
        },
        {
          "index_key": "stores_update",
          "schema_version": 0,
          "attributes": {
            "action": "lambda:InvokeFunction",
            "event_source_token": null,
            "function_name": "cloudshop-armando-stores-update",
            "function_url_auth_type": null,
            "id": "AllowAPIGatewaystores_update",
            "principal": "apigateway.amazonaws.com",
            "principal_org_id": null,
            "qualifier": "",
            "source_account": null,
            "source_arn": "arn:aws:execute-api:us-east-1:970290366615:pe5etk8on8/*/*",
            "statement_id": "AllowAPIGatewaystores_update",
            "statement_id_prefix": ""
          },
          "sensitive_attributes": [],
          "identity_schema_version": 0,
          "private": "bnVsbA==",
          "dependencies": [
            "module.api_gateway.aws_api_gateway_rest_api.this",
            "module.dynamodb.aws_dynamodb_table.audit",
            "module.dynamodb.aws_dynamodb_table.carts",
            "module.dynamodb.aws_dynamodb_table.orders",
            "module.dynamodb.aws_dynamodb_table.products",
            "module.dynamodb.aws_dynamodb_table.stores",
            "module.iam.aws_iam_role.audit",
            "module.iam.aws_iam_role.carts",
            "module.iam.aws_iam_role.dashboard",
            "module.iam.aws_iam_role.notifications",
            "module.iam.aws_iam_role.orders",
            "module.iam.aws_iam_role.products",
            "module.iam.aws_iam_role.stores",
            "module.iam.aws_iam_role.users",
            "module.iam.data.aws_iam_policy_document.lambda_assume_role",
            "module.lambdas.aws_cloudwatch_log_group.this",
            "module.lambdas.aws_lambda_function.this",
            "module.lambdas.data.archive_file.this",
            "module.lambdas.null_resource.copy_utils"
          ]
        },
        {
          "index_key": "users_delete",
          "schema_version": 0,
          "attributes": {
            "action": "lambda:InvokeFunction",
            "event_source_token": null,
            "function_name": "cloudshop-armando-users-delete",
            "function_url_auth_type": null,
            "id": "AllowAPIGatewayusers_delete",
            "principal": "apigateway.amazonaws.com",
            "principal_org_id": null,
            "qualifier": "",
            "source_account": null,
            "source_arn": "arn:aws:execute-api:us-east-1:970290366615:pe5etk8on8/*/*",
            "statement_id": "AllowAPIGatewayusers_delete",
            "statement_id_prefix": ""
          },
          "sensitive_attributes": [],
          "identity_schema_version": 0,
          "private": "bnVsbA==",
          "dependencies": [
            "module.api_gateway.aws_api_gateway_rest_api.this",
            "module.dynamodb.aws_dynamodb_table.audit",
            "module.dynamodb.aws_dynamodb_table.carts",
            "module.dynamodb.aws_dynamodb_table.orders",
            "module.dynamodb.aws_dynamodb_table.products",
            "module.dynamodb.aws_dynamodb_table.stores",
            "module.iam.aws_iam_role.audit",
            "module.iam.aws_iam_role.carts",
            "module.iam.aws_iam_role.dashboard",
            "module.iam.aws_iam_role.notifications",
            "module.iam.aws_iam_role.orders",
            "module.iam.aws_iam_role.products",
            "module.iam.aws_iam_role.stores",
            "module.iam.aws_iam_role.users",
            "module.iam.data.aws_iam_policy_document.lambda_assume_role",
            "module.lambdas.aws_cloudwatch_log_group.this",
            "module.lambdas.aws_lambda_function.this",
            "module.lambdas.data.archive_file.this",
            "module.lambdas.null_resource.copy_utils"
          ]
        },
        {
          "index_key": "users_list",
          "schema_version": 0,
          "attributes": {
            "action": "lambda:InvokeFunction",
            "event_source_token": null,
            "function_name": "cloudshop-armando-users-list",
            "function_url_auth_type": null,
            "id": "AllowAPIGatewayusers_list",
            "principal": "apigateway.amazonaws.com",
            "principal_org_id": null,
            "qualifier": "",
            "source_account": null,
            "source_arn": "arn:aws:execute-api:us-east-1:970290366615:pe5etk8on8/*/*",
            "statement_id": "AllowAPIGatewayusers_list",
            "statement_id_prefix": ""
          },
          "sensitive_attributes": [],
          "identity_schema_version": 0,
          "private": "bnVsbA==",
          "dependencies": [
            "module.api_gateway.aws_api_gateway_rest_api.this",
            "module.dynamodb.aws_dynamodb_table.audit",
            "module.dynamodb.aws_dynamodb_table.carts",
            "module.dynamodb.aws_dynamodb_table.orders",
            "module.dynamodb.aws_dynamodb_table.products",
            "module.dynamodb.aws_dynamodb_table.stores",
            "module.iam.aws_iam_role.audit",
            "module.iam.aws_iam_role.carts",
            "module.iam.aws_iam_role.dashboard",
            "module.iam.aws_iam_role.notifications",
            "module.iam.aws_iam_role.orders",
            "module.iam.aws_iam_role.products",
            "module.iam.aws_iam_role.stores",
            "module.iam.aws_iam_role.users",
            "module.iam.data.aws_iam_policy_document.lambda_assume_role",
            "module.lambdas.aws_cloudwatch_log_group.this",
            "module.lambdas.aws_lambda_function.this",
            "module.lambdas.data.archive_file.this",
            "module.lambdas.null_resource.copy_utils"
          ]
        },
        {
          "index_key": "users_update",
          "schema_version": 0,
          "attributes": {
            "action": "lambda:InvokeFunction",
            "event_source_token": null,
            "function_name": "cloudshop-armando-users-update",
            "function_url_auth_type": null,
            "id": "AllowAPIGatewayusers_update",
            "principal": "apigateway.amazonaws.com",
            "principal_org_id": null,
            "qualifier": "",
            "source_account": null,
            "source_arn": "arn:aws:execute-api:us-east-1:970290366615:pe5etk8on8/*/*",
            "statement_id": "AllowAPIGatewayusers_update",
            "statement_id_prefix": ""
          },
          "sensitive_attributes": [],
          "identity_schema_version": 0,
          "private": "bnVsbA==",
          "dependencies": [
            "module.api_gateway.aws_api_gateway_rest_api.this",
            "module.dynamodb.aws_dynamodb_table.audit",
            "module.dynamodb.aws_dynamodb_table.carts",
            "module.dynamodb.aws_dynamodb_table.orders",
            "module.dynamodb.aws_dynamodb_table.products",
            "module.dynamodb.aws_dynamodb_table.stores",
            "module.iam.aws_iam_role.audit",
            "module.iam.aws_iam_role.carts",
            "module.iam.aws_iam_role.dashboard",
            "module.iam.aws_iam_role.notifications",
            "module.iam.aws_iam_role.orders",
            "module.iam.aws_iam_role.products",
            "module.iam.aws_iam_role.stores",
            "module.iam.aws_iam_role.users",
            "module.iam.data.aws_iam_policy_document.lambda_assume_role",
            "module.lambdas.aws_cloudwatch_log_group.this",
            "module.lambdas.aws_lambda_function.this",
            "module.lambdas.data.archive_file.this",
            "module.lambdas.null_resource.copy_utils"
          ]
        }
      ]
    },
    {
      "module": "module.cloudfront",
      "mode": "data",
      "type": "aws_iam_policy_document",
      "name": "frontend_oac",
      "provider": "provider[\"registry.terraform.io/hashicorp/aws\"]",
      "instances": [
        {
          "schema_version": 0,
          "attributes": {
            "id": "3955583689",
            "json": "{\n  \"Version\": \"2012-10-17\",\n  \"Statement\": [\n    {\n      \"Sid\": \"AllowCloudFrontServicePrincipalReadOnly\",\n      \"Effect\": \"Allow\",\n      \"Action\": \"s3:GetObject\",\n      \"Resource\": \"arn:aws:s3:::cloudshop-armando-frontend-4m32fo/*\",\n      \"Principal\": {\n        \"Service\": \"cloudfront.amazonaws.com\"\n      },\n      \"Condition\": {\n        \"StringEquals\": {\n          \"AWS:SourceArn\": \"arn:aws:cloudfront::970290366615:distribution/E3I3WZGUPPLU59\"\n        }\n      }\n    }\n  ]\n}",
            "minified_json": "{\"Version\":\"2012-10-17\",\"Statement\":[{\"Sid\":\"AllowCloudFrontServicePrincipalReadOnly\",\"Effect\":\"Allow\",\"Action\":\"s3:GetObject\",\"Resource\":\"arn:aws:s3:::cloudshop-armando-frontend-4m32fo/*\",\"Principal\":{\"Service\":\"cloudfront.amazonaws.com\"},\"Condition\":{\"StringEquals\":{\"AWS:SourceArn\":\"arn:aws:cloudfront::970290366615:distribution/E3I3WZGUPPLU59\"}}}]}",
            "override_json": null,
            "override_policy_documents": null,
            "policy_id": null,
            "source_json": null,
            "source_policy_documents": null,
            "statement": [
              {
                "actions": [
                  "s3:GetObject"
                ],
                "condition": [
                  {
                    "test": "StringEquals",
                    "values": [
                      "arn:aws:cloudfront::970290366615:distribution/E3I3WZGUPPLU59"
                    ],
                    "variable": "AWS:SourceArn"
                  }
                ],
                "effect": "Allow",
                "not_actions": [],
                "not_principals": [],
                "not_resources": [],
                "principals": [
                  {
                    "identifiers": [
                      "cloudfront.amazonaws.com"
                    ],
                    "type": "Service"
                  }
                ],
                "resources": [
                  "arn:aws:s3:::cloudshop-armando-frontend-4m32fo/*"
                ],
                "sid": "AllowCloudFrontServicePrincipalReadOnly"
              }
            ],
            "version": "2012-10-17"
          },
          "sensitive_attributes": [],
          "identity_schema_version": 0
        }
      ]
    },
    {
      "module": "module.cloudfront",
      "mode": "managed",
      "type": "aws_cloudfront_distribution",
      "name": "frontend",
      "provider": "provider[\"registry.terraform.io/hashicorp/aws\"]",
      "instances": [
        {
          "schema_version": 1,
          "attributes": {
            "aliases": [],
            "arn": "arn:aws:cloudfront::970290366615:distribution/E3I3WZGUPPLU59",
            "caller_reference": "terraform-20260726050107889500000009",
            "comment": null,
            "continuous_deployment_policy_id": "",
            "custom_error_response": [
              {
                "error_caching_min_ttl": 0,
                "error_code": 403,
                "response_code": 200,
                "response_page_path": "/index.html"
              },
              {
                "error_caching_min_ttl": 0,
                "error_code": 404,
                "response_code": 200,
                "response_page_path": "/index.html"
              }
            ],
            "default_cache_behavior": [
              {
                "allowed_methods": [
                  "GET",
                  "HEAD"
                ],
                "cache_policy_id": "",
                "cached_methods": [
                  "GET",
                  "HEAD"
                ],
                "compress": false,
                "default_ttl": 0,
                "field_level_encryption_id": "",
                "forwarded_values": [
                  {
                    "cookies": [
                      {
                        "forward": "none",
                        "whitelisted_names": []
                      }
                    ],
                    "headers": [],
                    "query_string": false,
                    "query_string_cache_keys": []
                  }
                ],
                "function_association": [],
                "grpc_config": [
                  {
                    "enabled": false
                  }
                ],
                "lambda_function_association": [],
                "max_ttl": 0,
                "min_ttl": 0,
                "origin_request_policy_id": "",
                "realtime_log_config_arn": "",
                "response_headers_policy_id": "",
                "smooth_streaming": false,
                "target_origin_id": "frontend-origin",
                "trusted_key_groups": [],
                "trusted_signers": [],
                "viewer_protocol_policy": "redirect-to-https"
              }
            ],
            "default_root_object": "index.html",
            "domain_name": "d2ox01s1fkgcgs.cloudfront.net",
            "enabled": true,
            "etag": "E23ZP02F085DFQ",
            "hosted_zone_id": "Z2FDTNDATAQYW2",
            "http_version": "http2",
            "id": "E3I3WZGUPPLU59",
            "in_progress_validation_batches": 0,
            "is_ipv6_enabled": false,
            "last_modified_time": "2026-07-26 05:01:07.977 +0000 UTC",
            "logging_config": [],
            "ordered_cache_behavior": [],
            "origin": [
              {
                "connection_attempts": 3,
                "connection_timeout": 10,
                "custom_header": [],
                "custom_origin_config": [],
                "domain_name": "cloudshop-armando-frontend-4m32fo.s3.us-east-1.amazonaws.com",
                "origin_access_control_id": "E19C3U0BMXYYGT",
                "origin_id": "frontend-origin",
                "origin_path": "",
                "origin_shield": [],
                "s3_origin_config": [],
                "vpc_origin_config": []
              }
            ],
            "origin_group": [],
            "price_class": "PriceClass_All",
            "restrictions": [
              {
                "geo_restriction": [
                  {
                    "locations": [],
                    "restriction_type": "none"
                  }
                ]
              }
            ],
            "retain_on_delete": false,
            "staging": false,
            "status": "Deployed",
            "tags": {},
            "tags_all": {
              "Environment": "dev-armando",
              "ManagedBy": "Terraform",
              "Project": "CloudShop"
            },
            "trusted_key_groups": [
              {
                "enabled": false,
                "items": []
              }
            ],
            "trusted_signers": [
              {
                "enabled": false,
                "items": []
              }
            ],
            "viewer_certificate": [
              {
                "acm_certificate_arn": "",
                "cloudfront_default_certificate": true,
                "iam_certificate_id": "",
                "minimum_protocol_version": "TLSv1",
                "ssl_support_method": ""
              }
            ],
            "wait_for_deployment": true,
            "web_acl_id": "arn:aws:wafv2:us-east-1:970290366615:global/webacl/cloudshop-armando-cdn-waf/683952ad-d7be-4f3c-ae5d-767dc1a36686"
          },
          "sensitive_attributes": [],
          "identity_schema_version": 0,
          "private": "eyJzY2hlbWFfdmVyc2lvbiI6IjEifQ==",
          "dependencies": [
            "module.cloudfront.aws_cloudfront_origin_access_control.frontend",
            "module.s3.aws_s3_bucket.frontend",
            "module.s3.random_string.suffix",
            "module.waf.aws_wafv2_web_acl.cdn"
          ]
        }
      ]
    },
    {
      "module": "module.cloudfront",
      "mode": "managed",
      "type": "aws_cloudfront_origin_access_control",
      "name": "frontend",
      "provider": "provider[\"registry.terraform.io/hashicorp/aws\"]",
      "instances": [
        {
          "schema_version": 0,
          "attributes": {
            "arn": "arn:aws:cloudfront::970290366615:origin-access-control/E19C3U0BMXYYGT",
            "description": "Managed by Terraform",
            "etag": "ETVPDKIKX0DER",
            "id": "E19C3U0BMXYYGT",
            "name": "cloudshop-armando-frontend-oac",
            "origin_access_control_origin_type": "s3",
            "signing_behavior": "always",
            "signing_protocol": "sigv4"
          },
          "sensitive_attributes": [],
          "identity_schema_version": 0,
          "private": "bnVsbA=="
        }
      ]
    },
    {
      "module": "module.cloudfront",
      "mode": "managed",
      "type": "aws_s3_bucket_policy",
      "name": "frontend",
      "provider": "provider[\"registry.terraform.io/hashicorp/aws\"]",
      "instances": [
        {
          "schema_version": 0,
          "attributes": {
            "bucket": "cloudshop-armando-frontend-4m32fo",
            "id": "cloudshop-armando-frontend-4m32fo",
            "policy": "{\"Statement\":[{\"Action\":\"s3:GetObject\",\"Condition\":{\"StringEquals\":{\"AWS:SourceArn\":\"arn:aws:cloudfront::970290366615:distribution/E3I3WZGUPPLU59\"}},\"Effect\":\"Allow\",\"Principal\":{\"Service\":\"cloudfront.amazonaws.com\"},\"Resource\":\"arn:aws:s3:::cloudshop-armando-frontend-4m32fo/*\",\"Sid\":\"AllowCloudFrontServicePrincipalReadOnly\"}],\"Version\":\"2012-10-17\"}"
          },
          "sensitive_attributes": [],
          "identity_schema_version": 0,
          "private": "bnVsbA==",
          "dependencies": [
            "module.cloudfront.aws_cloudfront_distribution.frontend",
            "module.cloudfront.aws_cloudfront_origin_access_control.frontend",
            "module.cloudfront.data.aws_iam_policy_document.frontend_oac",
            "module.s3.aws_s3_bucket.frontend",
            "module.s3.random_string.suffix",
            "module.waf.aws_wafv2_web_acl.cdn"
          ]
        }
      ]
    },
    {
      "module": "module.cloudwatch",
      "mode": "managed",
      "type": "aws_cloudwatch_dashboard",
      "name": "this",
      "provider": "provider[\"registry.terraform.io/hashicorp/aws\"]",
      "instances": [
        {
          "schema_version": 0,
          "attributes": {
            "dashboard_arn": "arn:aws:cloudwatch::970290366615:dashboard/cloudshop-armando-overview",
            "dashboard_body": "{\"widgets\":[{\"height\":6,\"properties\":{\"metrics\":[[\"AWS/ApiGateway\",\"Count\",\"ApiName\",\"cloudshop-armando-api\",\"Stage\",\"dev-armando\"],[\"AWS/ApiGateway\",\"5XXError\",\"ApiName\",\"cloudshop-armando-api\",\"Stage\",\"dev-armando\"]],\"period\":300,\"region\":\"us-east-1\",\"stat\":\"Sum\",\"title\":\"API Gateway - Requests \u0026 5XX\"},\"type\":\"metric\",\"width\":12,\"x\":0,\"y\":0},{\"height\":6,\"properties\":{\"metrics\":[[\"AWS/ApiGateway\",\"Latency\",\"ApiName\",\"cloudshop-armando-api\",\"Stage\",\"dev-armando\"]],\"period\":300,\"region\":\"us-east-1\",\"stat\":\"Average\",\"title\":\"API Gateway - Latencia\"},\"type\":\"metric\",\"width\":12,\"x\":12,\"y\":0},{\"height\":6,\"properties\":{\"metrics\":[[\"AWS/Lambda\",\"Errors\",\"FunctionName\",\"cloudshop-armando-audit-get\"],[\"AWS/Lambda\",\"Errors\",\"FunctionName\",\"cloudshop-armando-carts-add-product\"],[\"AWS/Lambda\",\"Errors\",\"FunctionName\",\"cloudshop-armando-carts-clear\"],[\"AWS/Lambda\",\"Errors\",\"FunctionName\",\"cloudshop-armando-carts-get\"],[\"AWS/Lambda\",\"Errors\",\"FunctionName\",\"cloudshop-armando-carts-modify-quantity\"],[\"AWS/Lambda\",\"Errors\",\"FunctionName\",\"cloudshop-armando-carts-remove-product\"],[\"AWS/Lambda\",\"Errors\",\"FunctionName\",\"cloudshop-armando-dashboard-get\"],[\"AWS/Lambda\",\"Errors\",\"FunctionName\",\"cloudshop-armando-events-audit\"],[\"AWS/Lambda\",\"Errors\",\"FunctionName\",\"cloudshop-armando-notifications-send-order\"],[\"AWS/Lambda\",\"Errors\",\"FunctionName\",\"cloudshop-armando-orders-cancel\"],[\"AWS/Lambda\",\"Errors\",\"FunctionName\",\"cloudshop-armando-orders-create\"],[\"AWS/Lambda\",\"Errors\",\"FunctionName\",\"cloudshop-armando-orders-get\"],[\"AWS/Lambda\",\"Errors\",\"FunctionName\",\"cloudshop-armando-orders-list\"],[\"AWS/Lambda\",\"Errors\",\"FunctionName\",\"cloudshop-armando-orders-update-status\"],[\"AWS/Lambda\",\"Errors\",\"FunctionName\",\"cloudshop-armando-products-create\"],[\"AWS/Lambda\",\"Errors\",\"FunctionName\",\"cloudshop-armando-products-delete\"],[\"AWS/Lambda\",\"Errors\",\"FunctionName\",\"cloudshop-armando-products-get\"],[\"AWS/Lambda\",\"Errors\",\"FunctionName\",\"cloudshop-armando-products-list\"],[\"AWS/Lambda\",\"Errors\",\"FunctionName\",\"cloudshop-armando-products-update\"],[\"AWS/Lambda\",\"Errors\",\"FunctionName\",\"cloudshop-armando-stores-create\"],[\"AWS/Lambda\",\"Errors\",\"FunctionName\",\"cloudshop-armando-stores-delete\"],[\"AWS/Lambda\",\"Errors\",\"FunctionName\",\"cloudshop-armando-stores-get\"],[\"AWS/Lambda\",\"Errors\",\"FunctionName\",\"cloudshop-armando-stores-list\"],[\"AWS/Lambda\",\"Errors\",\"FunctionName\",\"cloudshop-armando-stores-update\"],[\"AWS/Lambda\",\"Errors\",\"FunctionName\",\"cloudshop-armando-users-delete\"],[\"AWS/Lambda\",\"Errors\",\"FunctionName\",\"cloudshop-armando-users-list\"],[\"AWS/Lambda\",\"Errors\",\"FunctionName\",\"cloudshop-armando-users-register\"],[\"AWS/Lambda\",\"Errors\",\"FunctionName\",\"cloudshop-armando-users-update\"]],\"period\":300,\"region\":\"us-east-1\",\"stat\":\"Sum\",\"title\":\"Lambda - Errores por función\"},\"type\":\"metric\",\"width\":24,\"x\":0,\"y\":6}]}",
            "dashboard_name": "cloudshop-armando-overview",
            "id": "cloudshop-armando-overview"
          },
          "sensitive_attributes": [],
          "identity_schema_version": 0,
          "private": "bnVsbA==",
          "dependencies": [
            "module.dynamodb.aws_dynamodb_table.audit",
            "module.dynamodb.aws_dynamodb_table.carts",
            "module.dynamodb.aws_dynamodb_table.orders",
            "module.dynamodb.aws_dynamodb_table.products",
            "module.dynamodb.aws_dynamodb_table.stores",
            "module.iam.aws_iam_role.audit",
            "module.iam.aws_iam_role.carts",
            "module.iam.aws_iam_role.dashboard",
            "module.iam.aws_iam_role.notifications",
            "module.iam.aws_iam_role.orders",
            "module.iam.aws_iam_role.products",
            "module.iam.aws_iam_role.stores",
            "module.iam.aws_iam_role.users",
            "module.iam.data.aws_iam_policy_document.lambda_assume_role",
            "module.lambdas.aws_cloudwatch_log_group.this",
            "module.lambdas.aws_lambda_function.this",
            "module.lambdas.data.archive_file.this",
            "module.lambdas.null_resource.copy_utils"
          ]
        }
      ]
    },
    {
      "module": "module.cloudwatch",
      "mode": "managed",
      "type": "aws_cloudwatch_metric_alarm",
      "name": "api_5xx",
      "provider": "provider[\"registry.terraform.io/hashicorp/aws\"]",
      "instances": [
        {
          "schema_version": 1,
          "attributes": {
            "actions_enabled": true,
            "alarm_actions": [],
            "alarm_description": "",
            "alarm_name": "cloudshop-armando-api-5xx",
            "arn": "arn:aws:cloudwatch:us-east-1:970290366615:alarm:cloudshop-armando-api-5xx",
            "comparison_operator": "GreaterThanThreshold",
            "datapoints_to_alarm": 0,
            "dimensions": {
              "ApiName": "cloudshop-armando-api",
              "Stage": "dev-armando"
            },
            "evaluate_low_sample_count_percentiles": "",
            "evaluation_periods": 1,
            "extended_statistic": "",
            "id": "cloudshop-armando-api-5xx",
            "insufficient_data_actions": [],
            "metric_name": "5XXError",
            "metric_query": [],
            "namespace": "AWS/ApiGateway",
            "ok_actions": [],
            "period": 300,
            "statistic": "Sum",
            "tags": {},
            "tags_all": {
              "Environment": "dev-armando",
              "ManagedBy": "Terraform",
              "Project": "CloudShop"
            },
            "threshold": 0,
            "threshold_metric_id": "",
            "treat_missing_data": "notBreaching",
            "unit": ""
          },
          "sensitive_attributes": [],
          "identity_schema_version": 0,
          "private": "eyJzY2hlbWFfdmVyc2lvbiI6IjEifQ=="
        }
      ]
    },
    {
      "module": "module.cloudwatch",
      "mode": "managed",
      "type": "aws_cloudwatch_metric_alarm",
      "name": "api_latency",
      "provider": "provider[\"registry.terraform.io/hashicorp/aws\"]",
      "instances": [
        {
          "schema_version": 1,
          "attributes": {
            "actions_enabled": true,
            "alarm_actions": [],
            "alarm_description": "",
            "alarm_name": "cloudshop-armando-api-latency",
            "arn": "arn:aws:cloudwatch:us-east-1:970290366615:alarm:cloudshop-armando-api-latency",
            "comparison_operator": "GreaterThanThreshold",
            "datapoints_to_alarm": 0,
            "dimensions": {
              "ApiName": "cloudshop-armando-api",
              "Stage": "dev-armando"
            },
            "evaluate_low_sample_count_percentiles": "",
            "evaluation_periods": 3,
            "extended_statistic": "",
            "id": "cloudshop-armando-api-latency",
            "insufficient_data_actions": [],
            "metric_name": "Latency",
            "metric_query": [],
            "namespace": "AWS/ApiGateway",
            "ok_actions": [],
            "period": 300,
            "statistic": "Average",
            "tags": {},
            "tags_all": {
              "Environment": "dev-armando",
              "ManagedBy": "Terraform",
              "Project": "CloudShop"
            },
            "threshold": 2000,
            "threshold_metric_id": "",
            "treat_missing_data": "notBreaching",
            "unit": ""
          },
          "sensitive_attributes": [],
          "identity_schema_version": 0,
          "private": "eyJzY2hlbWFfdmVyc2lvbiI6IjEifQ=="
        }
      ]
    },
    {
      "module": "module.cloudwatch",
      "mode": "managed",
      "type": "aws_cloudwatch_metric_alarm",
      "name": "lambda_errors",
      "provider": "provider[\"registry.terraform.io/hashicorp/aws\"]",
      "instances": [
        {
          "index_key": "audit_get",
          "schema_version": 1,
          "attributes": {
            "actions_enabled": true,
            "alarm_actions": [],
            "alarm_description": "",
            "alarm_name": "cloudshop-armando-audit_get-errors",
            "arn": "arn:aws:cloudwatch:us-east-1:970290366615:alarm:cloudshop-armando-audit_get-errors",
            "comparison_operator": "GreaterThanThreshold",
            "datapoints_to_alarm": 0,
            "dimensions": {
              "FunctionName": "cloudshop-armando-audit-get"
            },
            "evaluate_low_sample_count_percentiles": "",
            "evaluation_periods": 1,
            "extended_statistic": "",
            "id": "cloudshop-armando-audit_get-errors",
            "insufficient_data_actions": [],
            "metric_name": "Errors",
            "metric_query": [],
            "namespace": "AWS/Lambda",
            "ok_actions": [],
            "period": 300,
            "statistic": "Sum",
            "tags": {},
            "tags_all": {
              "Environment": "dev-armando",
              "ManagedBy": "Terraform",
              "Project": "CloudShop"
            },
            "threshold": 0,
            "threshold_metric_id": "",
            "treat_missing_data": "notBreaching",
            "unit": ""
          },
          "sensitive_attributes": [],
          "identity_schema_version": 0,
          "private": "eyJzY2hlbWFfdmVyc2lvbiI6IjEifQ==",
          "dependencies": [
            "module.dynamodb.aws_dynamodb_table.audit",
            "module.dynamodb.aws_dynamodb_table.carts",
            "module.dynamodb.aws_dynamodb_table.orders",
            "module.dynamodb.aws_dynamodb_table.products",
            "module.dynamodb.aws_dynamodb_table.stores",
            "module.iam.aws_iam_role.audit",
            "module.iam.aws_iam_role.carts",
            "module.iam.aws_iam_role.dashboard",
            "module.iam.aws_iam_role.notifications",
            "module.iam.aws_iam_role.orders",
            "module.iam.aws_iam_role.products",
            "module.iam.aws_iam_role.stores",
            "module.iam.aws_iam_role.users",
            "module.iam.data.aws_iam_policy_document.lambda_assume_role",
            "module.lambdas.aws_cloudwatch_log_group.this",
            "module.lambdas.aws_lambda_function.this",
            "module.lambdas.data.archive_file.this",
            "module.lambdas.null_resource.copy_utils"
          ]
        },
        {
          "index_key": "carts_add_product",
          "schema_version": 1,
          "attributes": {
            "actions_enabled": true,
            "alarm_actions": [],
            "alarm_description": "",
            "alarm_name": "cloudshop-armando-carts_add_product-errors",
            "arn": "arn:aws:cloudwatch:us-east-1:970290366615:alarm:cloudshop-armando-carts_add_product-errors",
            "comparison_operator": "GreaterThanThreshold",
            "datapoints_to_alarm": 0,
            "dimensions": {
              "FunctionName": "cloudshop-armando-carts-add-product"
            },
            "evaluate_low_sample_count_percentiles": "",
            "evaluation_periods": 1,
            "extended_statistic": "",
            "id": "cloudshop-armando-carts_add_product-errors",
            "insufficient_data_actions": [],
            "metric_name": "Errors",
            "metric_query": [],
            "namespace": "AWS/Lambda",
            "ok_actions": [],
            "period": 300,
            "statistic": "Sum",
            "tags": {},
            "tags_all": {
              "Environment": "dev-armando",
              "ManagedBy": "Terraform",
              "Project": "CloudShop"
            },
            "threshold": 0,
            "threshold_metric_id": "",
            "treat_missing_data": "notBreaching",
            "unit": ""
          },
          "sensitive_attributes": [],
          "identity_schema_version": 0,
          "private": "eyJzY2hlbWFfdmVyc2lvbiI6IjEifQ==",
          "dependencies": [
            "module.dynamodb.aws_dynamodb_table.audit",
            "module.dynamodb.aws_dynamodb_table.carts",
            "module.dynamodb.aws_dynamodb_table.orders",
            "module.dynamodb.aws_dynamodb_table.products",
            "module.dynamodb.aws_dynamodb_table.stores",
            "module.iam.aws_iam_role.audit",
            "module.iam.aws_iam_role.carts",
            "module.iam.aws_iam_role.dashboard",
            "module.iam.aws_iam_role.notifications",
            "module.iam.aws_iam_role.orders",
            "module.iam.aws_iam_role.products",
            "module.iam.aws_iam_role.stores",
            "module.iam.aws_iam_role.users",
            "module.iam.data.aws_iam_policy_document.lambda_assume_role",
            "module.lambdas.aws_cloudwatch_log_group.this",
            "module.lambdas.aws_lambda_function.this",
            "module.lambdas.data.archive_file.this",
            "module.lambdas.null_resource.copy_utils"
          ]
        },
        {
          "index_key": "carts_clear",
          "schema_version": 1,
          "attributes": {
            "actions_enabled": true,
            "alarm_actions": [],
            "alarm_description": "",
            "alarm_name": "cloudshop-armando-carts_clear-errors",
            "arn": "arn:aws:cloudwatch:us-east-1:970290366615:alarm:cloudshop-armando-carts_clear-errors",
            "comparison_operator": "GreaterThanThreshold",
            "datapoints_to_alarm": 0,
            "dimensions": {
              "FunctionName": "cloudshop-armando-carts-clear"
            },
            "evaluate_low_sample_count_percentiles": "",
            "evaluation_periods": 1,
            "extended_statistic": "",
            "id": "cloudshop-armando-carts_clear-errors",
            "insufficient_data_actions": [],
            "metric_name": "Errors",
            "metric_query": [],
            "namespace": "AWS/Lambda",
            "ok_actions": [],
            "period": 300,
            "statistic": "Sum",
            "tags": {},
            "tags_all": {
              "Environment": "dev-armando",
              "ManagedBy": "Terraform",
              "Project": "CloudShop"
            },
            "threshold": 0,
            "threshold_metric_id": "",
            "treat_missing_data": "notBreaching",
            "unit": ""
          },
          "sensitive_attributes": [],
          "identity_schema_version": 0,
          "private": "eyJzY2hlbWFfdmVyc2lvbiI6IjEifQ==",
          "dependencies": [
            "module.dynamodb.aws_dynamodb_table.audit",
            "module.dynamodb.aws_dynamodb_table.carts",
            "module.dynamodb.aws_dynamodb_table.orders",
            "module.dynamodb.aws_dynamodb_table.products",
            "module.dynamodb.aws_dynamodb_table.stores",
            "module.iam.aws_iam_role.audit",
            "module.iam.aws_iam_role.carts",
            "module.iam.aws_iam_role.dashboard",
            "module.iam.aws_iam_role.notifications",
            "module.iam.aws_iam_role.orders",
            "module.iam.aws_iam_role.products",
            "module.iam.aws_iam_role.stores",
            "module.iam.aws_iam_role.users",
            "module.iam.data.aws_iam_policy_document.lambda_assume_role",
            "module.lambdas.aws_cloudwatch_log_group.this",
            "module.lambdas.aws_lambda_function.this",
            "module.lambdas.data.archive_file.this",
            "module.lambdas.null_resource.copy_utils"
          ]
        },
        {
          "index_key": "carts_get",
          "schema_version": 1,
          "attributes": {
            "actions_enabled": true,
            "alarm_actions": [],
            "alarm_description": "",
            "alarm_name": "cloudshop-armando-carts_get-errors",
            "arn": "arn:aws:cloudwatch:us-east-1:970290366615:alarm:cloudshop-armando-carts_get-errors",
            "comparison_operator": "GreaterThanThreshold",
            "datapoints_to_alarm": 0,
            "dimensions": {
              "FunctionName": "cloudshop-armando-carts-get"
            },
            "evaluate_low_sample_count_percentiles": "",
            "evaluation_periods": 1,
            "extended_statistic": "",
            "id": "cloudshop-armando-carts_get-errors",
            "insufficient_data_actions": [],
            "metric_name": "Errors",
            "metric_query": [],
            "namespace": "AWS/Lambda",
            "ok_actions": [],
            "period": 300,
            "statistic": "Sum",
            "tags": {},
            "tags_all": {
              "Environment": "dev-armando",
              "ManagedBy": "Terraform",
              "Project": "CloudShop"
            },
            "threshold": 0,
            "threshold_metric_id": "",
            "treat_missing_data": "notBreaching",
            "unit": ""
          },
          "sensitive_attributes": [],
          "identity_schema_version": 0,
          "private": "eyJzY2hlbWFfdmVyc2lvbiI6IjEifQ==",
          "dependencies": [
            "module.dynamodb.aws_dynamodb_table.audit",
            "module.dynamodb.aws_dynamodb_table.carts",
            "module.dynamodb.aws_dynamodb_table.orders",
            "module.dynamodb.aws_dynamodb_table.products",
            "module.dynamodb.aws_dynamodb_table.stores",
            "module.iam.aws_iam_role.audit",
            "module.iam.aws_iam_role.carts",
            "module.iam.aws_iam_role.dashboard",
            "module.iam.aws_iam_role.notifications",
            "module.iam.aws_iam_role.orders",
            "module.iam.aws_iam_role.products",
            "module.iam.aws_iam_role.stores",
            "module.iam.aws_iam_role.users",
            "module.iam.data.aws_iam_policy_document.lambda_assume_role",
            "module.lambdas.aws_cloudwatch_log_group.this",
            "module.lambdas.aws_lambda_function.this",
            "module.lambdas.data.archive_file.this",
            "module.lambdas.null_resource.copy_utils"
          ]
        },
        {
          "index_key": "carts_modify_quantity",
          "schema_version": 1,
          "attributes": {
            "actions_enabled": true,
            "alarm_actions": [],
            "alarm_description": "",
            "alarm_name": "cloudshop-armando-carts_modify_quantity-errors",
            "arn": "arn:aws:cloudwatch:us-east-1:970290366615:alarm:cloudshop-armando-carts_modify_quantity-errors",
            "comparison_operator": "GreaterThanThreshold",
            "datapoints_to_alarm": 0,
            "dimensions": {
              "FunctionName": "cloudshop-armando-carts-modify-quantity"
            },
            "evaluate_low_sample_count_percentiles": "",
            "evaluation_periods": 1,
            "extended_statistic": "",
            "id": "cloudshop-armando-carts_modify_quantity-errors",
            "insufficient_data_actions": [],
            "metric_name": "Errors",
            "metric_query": [],
            "namespace": "AWS/Lambda",
            "ok_actions": [],
            "period": 300,
            "statistic": "Sum",
            "tags": {},
            "tags_all": {
              "Environment": "dev-armando",
              "ManagedBy": "Terraform",
              "Project": "CloudShop"
            },
            "threshold": 0,
            "threshold_metric_id": "",
            "treat_missing_data": "notBreaching",
            "unit": ""
          },
          "sensitive_attributes": [],
          "identity_schema_version": 0,
          "private": "eyJzY2hlbWFfdmVyc2lvbiI6IjEifQ==",
          "dependencies": [
            "module.dynamodb.aws_dynamodb_table.audit",
            "module.dynamodb.aws_dynamodb_table.carts",
            "module.dynamodb.aws_dynamodb_table.orders",
            "module.dynamodb.aws_dynamodb_table.products",
            "module.dynamodb.aws_dynamodb_table.stores",
            "module.iam.aws_iam_role.audit",
            "module.iam.aws_iam_role.carts",
            "module.iam.aws_iam_role.dashboard",
            "module.iam.aws_iam_role.notifications",
            "module.iam.aws_iam_role.orders",
            "module.iam.aws_iam_role.products",
            "module.iam.aws_iam_role.stores",
            "module.iam.aws_iam_role.users",
            "module.iam.data.aws_iam_policy_document.lambda_assume_role",
            "module.lambdas.aws_cloudwatch_log_group.this",
            "module.lambdas.aws_lambda_function.this",
            "module.lambdas.data.archive_file.this",
            "module.lambdas.null_resource.copy_utils"
          ]
        },
        {
          "index_key": "carts_remove_product",
          "schema_version": 1,
          "attributes": {
            "actions_enabled": true,
            "alarm_actions": [],
            "alarm_description": "",
            "alarm_name": "cloudshop-armando-carts_remove_product-errors",
            "arn": "arn:aws:cloudwatch:us-east-1:970290366615:alarm:cloudshop-armando-carts_remove_product-errors",
            "comparison_operator": "GreaterThanThreshold",
            "datapoints_to_alarm": 0,
            "dimensions": {
              "FunctionName": "cloudshop-armando-carts-remove-product"
            },
            "evaluate_low_sample_count_percentiles": "",
            "evaluation_periods": 1,
            "extended_statistic": "",
            "id": "cloudshop-armando-carts_remove_product-errors",
            "insufficient_data_actions": [],
            "metric_name": "Errors",
            "metric_query": [],
            "namespace": "AWS/Lambda",
            "ok_actions": [],
            "period": 300,
            "statistic": "Sum",
            "tags": {},
            "tags_all": {
              "Environment": "dev-armando",
              "ManagedBy": "Terraform",
              "Project": "CloudShop"
            },
            "threshold": 0,
            "threshold_metric_id": "",
            "treat_missing_data": "notBreaching",
            "unit": ""
          },
          "sensitive_attributes": [],
          "identity_schema_version": 0,
          "private": "eyJzY2hlbWFfdmVyc2lvbiI6IjEifQ==",
          "dependencies": [
            "module.dynamodb.aws_dynamodb_table.audit",
            "module.dynamodb.aws_dynamodb_table.carts",
            "module.dynamodb.aws_dynamodb_table.orders",
            "module.dynamodb.aws_dynamodb_table.products",
            "module.dynamodb.aws_dynamodb_table.stores",
            "module.iam.aws_iam_role.audit",
            "module.iam.aws_iam_role.carts",
            "module.iam.aws_iam_role.dashboard",
            "module.iam.aws_iam_role.notifications",
            "module.iam.aws_iam_role.orders",
            "module.iam.aws_iam_role.products",
            "module.iam.aws_iam_role.stores",
            "module.iam.aws_iam_role.users",
            "module.iam.data.aws_iam_policy_document.lambda_assume_role",
            "module.lambdas.aws_cloudwatch_log_group.this",
            "module.lambdas.aws_lambda_function.this",
            "module.lambdas.data.archive_file.this",
            "module.lambdas.null_resource.copy_utils"
          ]
        },
        {
          "index_key": "dashboard_get",
          "schema_version": 1,
          "attributes": {
            "actions_enabled": true,
            "alarm_actions": [],
            "alarm_description": "",
            "alarm_name": "cloudshop-armando-dashboard_get-errors",
            "arn": "arn:aws:cloudwatch:us-east-1:970290366615:alarm:cloudshop-armando-dashboard_get-errors",
            "comparison_operator": "GreaterThanThreshold",
            "datapoints_to_alarm": 0,
            "dimensions": {
              "FunctionName": "cloudshop-armando-dashboard-get"
            },
            "evaluate_low_sample_count_percentiles": "",
            "evaluation_periods": 1,
            "extended_statistic": "",
            "id": "cloudshop-armando-dashboard_get-errors",
            "insufficient_data_actions": [],
            "metric_name": "Errors",
            "metric_query": [],
            "namespace": "AWS/Lambda",
            "ok_actions": [],
            "period": 300,
            "statistic": "Sum",
            "tags": {},
            "tags_all": {
              "Environment": "dev-armando",
              "ManagedBy": "Terraform",
              "Project": "CloudShop"
            },
            "threshold": 0,
            "threshold_metric_id": "",
            "treat_missing_data": "notBreaching",
            "unit": ""
          },
          "sensitive_attributes": [],
          "identity_schema_version": 0,
          "private": "eyJzY2hlbWFfdmVyc2lvbiI6IjEifQ==",
          "dependencies": [
            "module.dynamodb.aws_dynamodb_table.audit",
            "module.dynamodb.aws_dynamodb_table.carts",
            "module.dynamodb.aws_dynamodb_table.orders",
            "module.dynamodb.aws_dynamodb_table.products",
            "module.dynamodb.aws_dynamodb_table.stores",
            "module.iam.aws_iam_role.audit",
            "module.iam.aws_iam_role.carts",
            "module.iam.aws_iam_role.dashboard",
            "module.iam.aws_iam_role.notifications",
            "module.iam.aws_iam_role.orders",
            "module.iam.aws_iam_role.products",
            "module.iam.aws_iam_role.stores",
            "module.iam.aws_iam_role.users",
            "module.iam.data.aws_iam_policy_document.lambda_assume_role",
            "module.lambdas.aws_cloudwatch_log_group.this",
            "module.lambdas.aws_lambda_function.this",
            "module.lambdas.data.archive_file.this",
            "module.lambdas.null_resource.copy_utils"
          ]
        },
        {
          "index_key": "events_audit",
          "schema_version": 1,
          "attributes": {
            "actions_enabled": true,
            "alarm_actions": [],
            "alarm_description": "",
            "alarm_name": "cloudshop-armando-events_audit-errors",
            "arn": "arn:aws:cloudwatch:us-east-1:970290366615:alarm:cloudshop-armando-events_audit-errors",
            "comparison_operator": "GreaterThanThreshold",
            "datapoints_to_alarm": 0,
            "dimensions": {
              "FunctionName": "cloudshop-armando-events-audit"
            },
            "evaluate_low_sample_count_percentiles": "",
            "evaluation_periods": 1,
            "extended_statistic": "",
            "id": "cloudshop-armando-events_audit-errors",
            "insufficient_data_actions": [],
            "metric_name": "Errors",
            "metric_query": [],
            "namespace": "AWS/Lambda",
            "ok_actions": [],
            "period": 300,
            "statistic": "Sum",
            "tags": {},
            "tags_all": {
              "Environment": "dev-armando",
              "ManagedBy": "Terraform",
              "Project": "CloudShop"
            },
            "threshold": 0,
            "threshold_metric_id": "",
            "treat_missing_data": "notBreaching",
            "unit": ""
          },
          "sensitive_attributes": [],
          "identity_schema_version": 0,
          "private": "eyJzY2hlbWFfdmVyc2lvbiI6IjEifQ==",
          "dependencies": [
            "module.dynamodb.aws_dynamodb_table.audit",
            "module.dynamodb.aws_dynamodb_table.carts",
            "module.dynamodb.aws_dynamodb_table.orders",
            "module.dynamodb.aws_dynamodb_table.products",
            "module.dynamodb.aws_dynamodb_table.stores",
            "module.iam.aws_iam_role.audit",
            "module.iam.aws_iam_role.carts",
            "module.iam.aws_iam_role.dashboard",
            "module.iam.aws_iam_role.notifications",
            "module.iam.aws_iam_role.orders",
            "module.iam.aws_iam_role.products",
            "module.iam.aws_iam_role.stores",
            "module.iam.aws_iam_role.users",
            "module.iam.data.aws_iam_policy_document.lambda_assume_role",
            "module.lambdas.aws_cloudwatch_log_group.this",
            "module.lambdas.aws_lambda_function.this",
            "module.lambdas.data.archive_file.this",
            "module.lambdas.null_resource.copy_utils"
          ]
        },
        {
          "index_key": "notifications_send_order",
          "schema_version": 1,
          "attributes": {
            "actions_enabled": true,
            "alarm_actions": [],
            "alarm_description": "",
            "alarm_name": "cloudshop-armando-notifications_send_order-errors",
            "arn": "arn:aws:cloudwatch:us-east-1:970290366615:alarm:cloudshop-armando-notifications_send_order-errors",
            "comparison_operator": "GreaterThanThreshold",
            "datapoints_to_alarm": 0,
            "dimensions": {
              "FunctionName": "cloudshop-armando-notifications-send-order"
            },
            "evaluate_low_sample_count_percentiles": "",
            "evaluation_periods": 1,
            "extended_statistic": "",
            "id": "cloudshop-armando-notifications_send_order-errors",
            "insufficient_data_actions": [],
            "metric_name": "Errors",
            "metric_query": [],
            "namespace": "AWS/Lambda",
            "ok_actions": [],
            "period": 300,
            "statistic": "Sum",
            "tags": {},
            "tags_all": {
              "Environment": "dev-armando",
              "ManagedBy": "Terraform",
              "Project": "CloudShop"
            },
            "threshold": 0,
            "threshold_metric_id": "",
            "treat_missing_data": "notBreaching",
            "unit": ""
          },
          "sensitive_attributes": [],
          "identity_schema_version": 0,
          "private": "eyJzY2hlbWFfdmVyc2lvbiI6IjEifQ==",
          "dependencies": [
            "module.dynamodb.aws_dynamodb_table.audit",
            "module.dynamodb.aws_dynamodb_table.carts",
            "module.dynamodb.aws_dynamodb_table.orders",
            "module.dynamodb.aws_dynamodb_table.products",
            "module.dynamodb.aws_dynamodb_table.stores",
            "module.iam.aws_iam_role.audit",
            "module.iam.aws_iam_role.carts",
            "module.iam.aws_iam_role.dashboard",
            "module.iam.aws_iam_role.notifications",
            "module.iam.aws_iam_role.orders",
            "module.iam.aws_iam_role.products",
            "module.iam.aws_iam_role.stores",
            "module.iam.aws_iam_role.users",
            "module.iam.data.aws_iam_policy_document.lambda_assume_role",
            "module.lambdas.aws_cloudwatch_log_group.this",
            "module.lambdas.aws_lambda_function.this",
            "module.lambdas.data.archive_file.this",
            "module.lambdas.null_resource.copy_utils"
          ]
        },
        {
          "index_key": "orders_cancel",
          "schema_version": 1,
          "attributes": {
            "actions_enabled": true,
            "alarm_actions": [],
            "alarm_description": "",
            "alarm_name": "cloudshop-armando-orders_cancel-errors",
            "arn": "arn:aws:cloudwatch:us-east-1:970290366615:alarm:cloudshop-armando-orders_cancel-errors",
            "comparison_operator": "GreaterThanThreshold",
            "datapoints_to_alarm": 0,
            "dimensions": {
              "FunctionName": "cloudshop-armando-orders-cancel"
            },
            "evaluate_low_sample_count_percentiles": "",
            "evaluation_periods": 1,
            "extended_statistic": "",
            "id": "cloudshop-armando-orders_cancel-errors",
            "insufficient_data_actions": [],
            "metric_name": "Errors",
            "metric_query": [],
            "namespace": "AWS/Lambda",
            "ok_actions": [],
            "period": 300,
            "statistic": "Sum",
            "tags": {},
            "tags_all": {
              "Environment": "dev-armando",
              "ManagedBy": "Terraform",
              "Project": "CloudShop"
            },
            "threshold": 0,
            "threshold_metric_id": "",
            "treat_missing_data": "notBreaching",
            "unit": ""
          },
          "sensitive_attributes": [],
          "identity_schema_version": 0,
          "private": "eyJzY2hlbWFfdmVyc2lvbiI6IjEifQ==",
          "dependencies": [
            "module.dynamodb.aws_dynamodb_table.audit",
            "module.dynamodb.aws_dynamodb_table.carts",
            "module.dynamodb.aws_dynamodb_table.orders",
            "module.dynamodb.aws_dynamodb_table.products",
            "module.dynamodb.aws_dynamodb_table.stores",
            "module.iam.aws_iam_role.audit",
            "module.iam.aws_iam_role.carts",
            "module.iam.aws_iam_role.dashboard",
            "module.iam.aws_iam_role.notifications",
            "module.iam.aws_iam_role.orders",
            "module.iam.aws_iam_role.products",
            "module.iam.aws_iam_role.stores",
            "module.iam.aws_iam_role.users",
            "module.iam.data.aws_iam_policy_document.lambda_assume_role",
            "module.lambdas.aws_cloudwatch_log_group.this",
            "module.lambdas.aws_lambda_function.this",
            "module.lambdas.data.archive_file.this",
            "module.lambdas.null_resource.copy_utils"
          ]
        },
        {
          "index_key": "orders_create",
          "schema_version": 1,
          "attributes": {
            "actions_enabled": true,
            "alarm_actions": [],
            "alarm_description": "",
            "alarm_name": "cloudshop-armando-orders_create-errors",
            "arn": "arn:aws:cloudwatch:us-east-1:970290366615:alarm:cloudshop-armando-orders_create-errors",
            "comparison_operator": "GreaterThanThreshold",
            "datapoints_to_alarm": 0,
            "dimensions": {
              "FunctionName": "cloudshop-armando-orders-create"
            },
            "evaluate_low_sample_count_percentiles": "",
            "evaluation_periods": 1,
            "extended_statistic": "",
            "id": "cloudshop-armando-orders_create-errors",
            "insufficient_data_actions": [],
            "metric_name": "Errors",
            "metric_query": [],
            "namespace": "AWS/Lambda",
            "ok_actions": [],
            "period": 300,
            "statistic": "Sum",
            "tags": {},
            "tags_all": {
              "Environment": "dev-armando",
              "ManagedBy": "Terraform",
              "Project": "CloudShop"
            },
            "threshold": 0,
            "threshold_metric_id": "",
            "treat_missing_data": "notBreaching",
            "unit": ""
          },
          "sensitive_attributes": [],
          "identity_schema_version": 0,
          "private": "eyJzY2hlbWFfdmVyc2lvbiI6IjEifQ==",
          "dependencies": [
            "module.dynamodb.aws_dynamodb_table.audit",
            "module.dynamodb.aws_dynamodb_table.carts",
            "module.dynamodb.aws_dynamodb_table.orders",
            "module.dynamodb.aws_dynamodb_table.products",
            "module.dynamodb.aws_dynamodb_table.stores",
            "module.iam.aws_iam_role.audit",
            "module.iam.aws_iam_role.carts",
            "module.iam.aws_iam_role.dashboard",
            "module.iam.aws_iam_role.notifications",
            "module.iam.aws_iam_role.orders",
            "module.iam.aws_iam_role.products",
            "module.iam.aws_iam_role.stores",
            "module.iam.aws_iam_role.users",
            "module.iam.data.aws_iam_policy_document.lambda_assume_role",
            "module.lambdas.aws_cloudwatch_log_group.this",
            "module.lambdas.aws_lambda_function.this",
            "module.lambdas.data.archive_file.this",
            "module.lambdas.null_resource.copy_utils"
          ]
        },
        {
          "index_key": "orders_get",
          "schema_version": 1,
          "attributes": {
            "actions_enabled": true,
            "alarm_actions": [],
            "alarm_description": "",
            "alarm_name": "cloudshop-armando-orders_get-errors",
            "arn": "arn:aws:cloudwatch:us-east-1:970290366615:alarm:cloudshop-armando-orders_get-errors",
            "comparison_operator": "GreaterThanThreshold",
            "datapoints_to_alarm": 0,
            "dimensions": {
              "FunctionName": "cloudshop-armando-orders-get"
            },
            "evaluate_low_sample_count_percentiles": "",
            "evaluation_periods": 1,
            "extended_statistic": "",
            "id": "cloudshop-armando-orders_get-errors",
            "insufficient_data_actions": [],
            "metric_name": "Errors",
            "metric_query": [],
            "namespace": "AWS/Lambda",
            "ok_actions": [],
            "period": 300,
            "statistic": "Sum",
            "tags": {},
            "tags_all": {
              "Environment": "dev-armando",
              "ManagedBy": "Terraform",
              "Project": "CloudShop"
            },
            "threshold": 0,
            "threshold_metric_id": "",
            "treat_missing_data": "notBreaching",
            "unit": ""
          },
          "sensitive_attributes": [],
          "identity_schema_version": 0,
          "private": "eyJzY2hlbWFfdmVyc2lvbiI6IjEifQ==",
          "dependencies": [
            "module.dynamodb.aws_dynamodb_table.audit",
            "module.dynamodb.aws_dynamodb_table.carts",
            "module.dynamodb.aws_dynamodb_table.orders",
            "module.dynamodb.aws_dynamodb_table.products",
            "module.dynamodb.aws_dynamodb_table.stores",
            "module.iam.aws_iam_role.audit",
            "module.iam.aws_iam_role.carts",
            "module.iam.aws_iam_role.dashboard",
            "module.iam.aws_iam_role.notifications",
            "module.iam.aws_iam_role.orders",
            "module.iam.aws_iam_role.products",
            "module.iam.aws_iam_role.stores",
            "module.iam.aws_iam_role.users",
            "module.iam.data.aws_iam_policy_document.lambda_assume_role",
            "module.lambdas.aws_cloudwatch_log_group.this",
            "module.lambdas.aws_lambda_function.this",
            "module.lambdas.data.archive_file.this",
            "module.lambdas.null_resource.copy_utils"
          ]
        },
        {
          "index_key": "orders_list",
          "schema_version": 1,
          "attributes": {
            "actions_enabled": true,
            "alarm_actions": [],
            "alarm_description": "",
            "alarm_name": "cloudshop-armando-orders_list-errors",
            "arn": "arn:aws:cloudwatch:us-east-1:970290366615:alarm:cloudshop-armando-orders_list-errors",
            "comparison_operator": "GreaterThanThreshold",
            "datapoints_to_alarm": 0,
            "dimensions": {
              "FunctionName": "cloudshop-armando-orders-list"
            },
            "evaluate_low_sample_count_percentiles": "",
            "evaluation_periods": 1,
            "extended_statistic": "",
            "id": "cloudshop-armando-orders_list-errors",
            "insufficient_data_actions": [],
            "metric_name": "Errors",
            "metric_query": [],
            "namespace": "AWS/Lambda",
            "ok_actions": [],
            "period": 300,
            "statistic": "Sum",
            "tags": {},
            "tags_all": {
              "Environment": "dev-armando",
              "ManagedBy": "Terraform",
              "Project": "CloudShop"
            },
            "threshold": 0,
            "threshold_metric_id": "",
            "treat_missing_data": "notBreaching",
            "unit": ""
          },
          "sensitive_attributes": [],
          "identity_schema_version": 0,
          "private": "eyJzY2hlbWFfdmVyc2lvbiI6IjEifQ==",
          "dependencies": [
            "module.dynamodb.aws_dynamodb_table.audit",
            "module.dynamodb.aws_dynamodb_table.carts",
            "module.dynamodb.aws_dynamodb_table.orders",
            "module.dynamodb.aws_dynamodb_table.products",
            "module.dynamodb.aws_dynamodb_table.stores",
            "module.iam.aws_iam_role.audit",
            "module.iam.aws_iam_role.carts",
            "module.iam.aws_iam_role.dashboard",
            "module.iam.aws_iam_role.notifications",
            "module.iam.aws_iam_role.orders",
            "module.iam.aws_iam_role.products",
            "module.iam.aws_iam_role.stores",
            "module.iam.aws_iam_role.users",
            "module.iam.data.aws_iam_policy_document.lambda_assume_role",
            "module.lambdas.aws_cloudwatch_log_group.this",
            "module.lambdas.aws_lambda_function.this",
            "module.lambdas.data.archive_file.this",
            "module.lambdas.null_resource.copy_utils"
          ]
        },
        {
          "index_key": "orders_update_status",
          "schema_version": 1,
          "attributes": {
            "actions_enabled": true,
            "alarm_actions": [],
            "alarm_description": "",
            "alarm_name": "cloudshop-armando-orders_update_status-errors",
            "arn": "arn:aws:cloudwatch:us-east-1:970290366615:alarm:cloudshop-armando-orders_update_status-errors",
            "comparison_operator": "GreaterThanThreshold",
            "datapoints_to_alarm": 0,
            "dimensions": {
              "FunctionName": "cloudshop-armando-orders-update-status"
            },
            "evaluate_low_sample_count_percentiles": "",
            "evaluation_periods": 1,
            "extended_statistic": "",
            "id": "cloudshop-armando-orders_update_status-errors",
            "insufficient_data_actions": [],
            "metric_name": "Errors",
            "metric_query": [],
            "namespace": "AWS/Lambda",
            "ok_actions": [],
            "period": 300,
            "statistic": "Sum",
            "tags": {},
            "tags_all": {
              "Environment": "dev-armando",
              "ManagedBy": "Terraform",
              "Project": "CloudShop"
            },
            "threshold": 0,
            "threshold_metric_id": "",
            "treat_missing_data": "notBreaching",
            "unit": ""
          },
          "sensitive_attributes": [],
          "identity_schema_version": 0,
          "private": "eyJzY2hlbWFfdmVyc2lvbiI6IjEifQ==",
          "dependencies": [
            "module.dynamodb.aws_dynamodb_table.audit",
            "module.dynamodb.aws_dynamodb_table.carts",
            "module.dynamodb.aws_dynamodb_table.orders",
            "module.dynamodb.aws_dynamodb_table.products",
            "module.dynamodb.aws_dynamodb_table.stores",
            "module.iam.aws_iam_role.audit",
            "module.iam.aws_iam_role.carts",
            "module.iam.aws_iam_role.dashboard",
            "module.iam.aws_iam_role.notifications",
            "module.iam.aws_iam_role.orders",
            "module.iam.aws_iam_role.products",
            "module.iam.aws_iam_role.stores",
            "module.iam.aws_iam_role.users",
            "module.iam.data.aws_iam_policy_document.lambda_assume_role",
            "module.lambdas.aws_cloudwatch_log_group.this",
            "module.lambdas.aws_lambda_function.this",
            "module.lambdas.data.archive_file.this",
            "module.lambdas.null_resource.copy_utils"
          ]
        },
        {
          "index_key": "products_create",
          "schema_version": 1,
          "attributes": {
            "actions_enabled": true,
            "alarm_actions": [],
            "alarm_description": "",
            "alarm_name": "cloudshop-armando-products_create-errors",
            "arn": "arn:aws:cloudwatch:us-east-1:970290366615:alarm:cloudshop-armando-products_create-errors",
            "comparison_operator": "GreaterThanThreshold",
            "datapoints_to_alarm": 0,
            "dimensions": {
              "FunctionName": "cloudshop-armando-products-create"
            },
            "evaluate_low_sample_count_percentiles": "",
            "evaluation_periods": 1,
            "extended_statistic": "",
            "id": "cloudshop-armando-products_create-errors",
            "insufficient_data_actions": [],
            "metric_name": "Errors",
            "metric_query": [],
            "namespace": "AWS/Lambda",
            "ok_actions": [],
            "period": 300,
            "statistic": "Sum",
            "tags": {},
            "tags_all": {
              "Environment": "dev-armando",
              "ManagedBy": "Terraform",
              "Project": "CloudShop"
            },
            "threshold": 0,
            "threshold_metric_id": "",
            "treat_missing_data": "notBreaching",
            "unit": ""
          },
          "sensitive_attributes": [],
          "identity_schema_version": 0,
          "private": "eyJzY2hlbWFfdmVyc2lvbiI6IjEifQ==",
          "dependencies": [
            "module.dynamodb.aws_dynamodb_table.audit",
            "module.dynamodb.aws_dynamodb_table.carts",
            "module.dynamodb.aws_dynamodb_table.orders",
            "module.dynamodb.aws_dynamodb_table.products",
            "module.dynamodb.aws_dynamodb_table.stores",
            "module.iam.aws_iam_role.audit",
            "module.iam.aws_iam_role.carts",
            "module.iam.aws_iam_role.dashboard",
            "module.iam.aws_iam_role.notifications",
            "module.iam.aws_iam_role.orders",
            "module.iam.aws_iam_role.products",
            "module.iam.aws_iam_role.stores",
            "module.iam.aws_iam_role.users",
            "module.iam.data.aws_iam_policy_document.lambda_assume_role",
            "module.lambdas.aws_cloudwatch_log_group.this",
            "module.lambdas.aws_lambda_function.this",
            "module.lambdas.data.archive_file.this",
            "module.lambdas.null_resource.copy_utils"
          ]
        },
        {
          "index_key": "products_delete",
          "schema_version": 1,
          "attributes": {
            "actions_enabled": true,
            "alarm_actions": [],
            "alarm_description": "",
            "alarm_name": "cloudshop-armando-products_delete-errors",
            "arn": "arn:aws:cloudwatch:us-east-1:970290366615:alarm:cloudshop-armando-products_delete-errors",
            "comparison_operator": "GreaterThanThreshold",
            "datapoints_to_alarm": 0,
            "dimensions": {
              "FunctionName": "cloudshop-armando-products-delete"
            },
            "evaluate_low_sample_count_percentiles": "",
            "evaluation_periods": 1,
            "extended_statistic": "",
            "id": "cloudshop-armando-products_delete-errors",
            "insufficient_data_actions": [],
            "metric_name": "Errors",
            "metric_query": [],
            "namespace": "AWS/Lambda",
            "ok_actions": [],
            "period": 300,
            "statistic": "Sum",
            "tags": {},
            "tags_all": {
              "Environment": "dev-armando",
              "ManagedBy": "Terraform",
              "Project": "CloudShop"
            },
            "threshold": 0,
            "threshold_metric_id": "",
            "treat_missing_data": "notBreaching",
            "unit": ""
          },
          "sensitive_attributes": [],
          "identity_schema_version": 0,
          "private": "eyJzY2hlbWFfdmVyc2lvbiI6IjEifQ==",
          "dependencies": [
            "module.dynamodb.aws_dynamodb_table.audit",
            "module.dynamodb.aws_dynamodb_table.carts",
            "module.dynamodb.aws_dynamodb_table.orders",
            "module.dynamodb.aws_dynamodb_table.products",
            "module.dynamodb.aws_dynamodb_table.stores",
            "module.iam.aws_iam_role.audit",
            "module.iam.aws_iam_role.carts",
            "module.iam.aws_iam_role.dashboard",
            "module.iam.aws_iam_role.notifications",
            "module.iam.aws_iam_role.orders",
            "module.iam.aws_iam_role.products",
            "module.iam.aws_iam_role.stores",
            "module.iam.aws_iam_role.users",
            "module.iam.data.aws_iam_policy_document.lambda_assume_role",
            "module.lambdas.aws_cloudwatch_log_group.this",
            "module.lambdas.aws_lambda_function.this",
            "module.lambdas.data.archive_file.this",
            "module.lambdas.null_resource.copy_utils"
          ]
        },
        {
          "index_key": "products_get",
          "schema_version": 1,
          "attributes": {
            "actions_enabled": true,
            "alarm_actions": [],
            "alarm_description": "",
            "alarm_name": "cloudshop-armando-products_get-errors",
            "arn": "arn:aws:cloudwatch:us-east-1:970290366615:alarm:cloudshop-armando-products_get-errors",
            "comparison_operator": "GreaterThanThreshold",
            "datapoints_to_alarm": 0,
            "dimensions": {
              "FunctionName": "cloudshop-armando-products-get"
            },
            "evaluate_low_sample_count_percentiles": "",
            "evaluation_periods": 1,
            "extended_statistic": "",
            "id": "cloudshop-armando-products_get-errors",
            "insufficient_data_actions": [],
            "metric_name": "Errors",
            "metric_query": [],
            "namespace": "AWS/Lambda",
            "ok_actions": [],
            "period": 300,
            "statistic": "Sum",
            "tags": {},
            "tags_all": {
              "Environment": "dev-armando",
              "ManagedBy": "Terraform",
              "Project": "CloudShop"
            },
            "threshold": 0,
            "threshold_metric_id": "",
            "treat_missing_data": "notBreaching",
            "unit": ""
          },
          "sensitive_attributes": [],
          "identity_schema_version": 0,
          "private": "eyJzY2hlbWFfdmVyc2lvbiI6IjEifQ==",
          "dependencies": [
            "module.dynamodb.aws_dynamodb_table.audit",
            "module.dynamodb.aws_dynamodb_table.carts",
            "module.dynamodb.aws_dynamodb_table.orders",
            "module.dynamodb.aws_dynamodb_table.products",
            "module.dynamodb.aws_dynamodb_table.stores",
            "module.iam.aws_iam_role.audit",
            "module.iam.aws_iam_role.carts",
            "module.iam.aws_iam_role.dashboard",
            "module.iam.aws_iam_role.notifications",
            "module.iam.aws_iam_role.orders",
            "module.iam.aws_iam_role.products",
            "module.iam.aws_iam_role.stores",
            "module.iam.aws_iam_role.users",
            "module.iam.data.aws_iam_policy_document.lambda_assume_role",
            "module.lambdas.aws_cloudwatch_log_group.this",
            "module.lambdas.aws_lambda_function.this",
            "module.lambdas.data.archive_file.this",
            "module.lambdas.null_resource.copy_utils"
          ]
        },
        {
          "index_key": "products_list",
          "schema_version": 1,
          "attributes": {
            "actions_enabled": true,
            "alarm_actions": [],
            "alarm_description": "",
            "alarm_name": "cloudshop-armando-products_list-errors",
            "arn": "arn:aws:cloudwatch:us-east-1:970290366615:alarm:cloudshop-armando-products_list-errors",
            "comparison_operator": "GreaterThanThreshold",
            "datapoints_to_alarm": 0,
            "dimensions": {
              "FunctionName": "cloudshop-armando-products-list"
            },
            "evaluate_low_sample_count_percentiles": "",
            "evaluation_periods": 1,
            "extended_statistic": "",
            "id": "cloudshop-armando-products_list-errors",
            "insufficient_data_actions": [],
            "metric_name": "Errors",
            "metric_query": [],
            "namespace": "AWS/Lambda",
            "ok_actions": [],
            "period": 300,
            "statistic": "Sum",
            "tags": {},
            "tags_all": {
              "Environment": "dev-armando",
              "ManagedBy": "Terraform",
              "Project": "CloudShop"
            },
            "threshold": 0,
            "threshold_metric_id": "",
            "treat_missing_data": "notBreaching",
            "unit": ""
          },
          "sensitive_attributes": [],
          "identity_schema_version": 0,
          "private": "eyJzY2hlbWFfdmVyc2lvbiI6IjEifQ==",
          "dependencies": [
            "module.dynamodb.aws_dynamodb_table.audit",
            "module.dynamodb.aws_dynamodb_table.carts",
            "module.dynamodb.aws_dynamodb_table.orders",
            "module.dynamodb.aws_dynamodb_table.products",
            "module.dynamodb.aws_dynamodb_table.stores",
            "module.iam.aws_iam_role.audit",
            "module.iam.aws_iam_role.carts",
            "module.iam.aws_iam_role.dashboard",
            "module.iam.aws_iam_role.notifications",
            "module.iam.aws_iam_role.orders",
            "module.iam.aws_iam_role.products",
            "module.iam.aws_iam_role.stores",
            "module.iam.aws_iam_role.users",
            "module.iam.data.aws_iam_policy_document.lambda_assume_role",
            "module.lambdas.aws_cloudwatch_log_group.this",
            "module.lambdas.aws_lambda_function.this",
            "module.lambdas.data.archive_file.this",
            "module.lambdas.null_resource.copy_utils"
          ]
        },
        {
          "index_key": "products_update",
          "schema_version": 1,
          "attributes": {
            "actions_enabled": true,
            "alarm_actions": [],
            "alarm_description": "",
            "alarm_name": "cloudshop-armando-products_update-errors",
            "arn": "arn:aws:cloudwatch:us-east-1:970290366615:alarm:cloudshop-armando-products_update-errors",
            "comparison_operator": "GreaterThanThreshold",
            "datapoints_to_alarm": 0,
            "dimensions": {
              "FunctionName": "cloudshop-armando-products-update"
            },
            "evaluate_low_sample_count_percentiles": "",
            "evaluation_periods": 1,
            "extended_statistic": "",
            "id": "cloudshop-armando-products_update-errors",
            "insufficient_data_actions": [],
            "metric_name": "Errors",
            "metric_query": [],
            "namespace": "AWS/Lambda",
            "ok_actions": [],
            "period": 300,
            "statistic": "Sum",
            "tags": {},
            "tags_all": {
              "Environment": "dev-armando",
              "ManagedBy": "Terraform",
              "Project": "CloudShop"
            },
            "threshold": 0,
            "threshold_metric_id": "",
            "treat_missing_data": "notBreaching",
            "unit": ""
          },
          "sensitive_attributes": [],
          "identity_schema_version": 0,
          "private": "eyJzY2hlbWFfdmVyc2lvbiI6IjEifQ==",
          "dependencies": [
            "module.dynamodb.aws_dynamodb_table.audit",
            "module.dynamodb.aws_dynamodb_table.carts",
            "module.dynamodb.aws_dynamodb_table.orders",
            "module.dynamodb.aws_dynamodb_table.products",
            "module.dynamodb.aws_dynamodb_table.stores",
            "module.iam.aws_iam_role.audit",
            "module.iam.aws_iam_role.carts",
            "module.iam.aws_iam_role.dashboard",
            "module.iam.aws_iam_role.notifications",
            "module.iam.aws_iam_role.orders",
            "module.iam.aws_iam_role.products",
            "module.iam.aws_iam_role.stores",
            "module.iam.aws_iam_role.users",
            "module.iam.data.aws_iam_policy_document.lambda_assume_role",
            "module.lambdas.aws_cloudwatch_log_group.this",
            "module.lambdas.aws_lambda_function.this",
            "module.lambdas.data.archive_file.this",
            "module.lambdas.null_resource.copy_utils"
          ]
        },
        {
          "index_key": "stores_create",
          "schema_version": 1,
          "attributes": {
            "actions_enabled": true,
            "alarm_actions": [],
            "alarm_description": "",
            "alarm_name": "cloudshop-armando-stores_create-errors",
            "arn": "arn:aws:cloudwatch:us-east-1:970290366615:alarm:cloudshop-armando-stores_create-errors",
            "comparison_operator": "GreaterThanThreshold",
            "datapoints_to_alarm": 0,
            "dimensions": {
              "FunctionName": "cloudshop-armando-stores-create"
            },
            "evaluate_low_sample_count_percentiles": "",
            "evaluation_periods": 1,
            "extended_statistic": "",
            "id": "cloudshop-armando-stores_create-errors",
            "insufficient_data_actions": [],
            "metric_name": "Errors",
            "metric_query": [],
            "namespace": "AWS/Lambda",
            "ok_actions": [],
            "period": 300,
            "statistic": "Sum",
            "tags": {},
            "tags_all": {
              "Environment": "dev-armando",
              "ManagedBy": "Terraform",
              "Project": "CloudShop"
            },
            "threshold": 0,
            "threshold_metric_id": "",
            "treat_missing_data": "notBreaching",
            "unit": ""
          },
          "sensitive_attributes": [],
          "identity_schema_version": 0,
          "private": "eyJzY2hlbWFfdmVyc2lvbiI6IjEifQ==",
          "dependencies": [
            "module.dynamodb.aws_dynamodb_table.audit",
            "module.dynamodb.aws_dynamodb_table.carts",
            "module.dynamodb.aws_dynamodb_table.orders",
            "module.dynamodb.aws_dynamodb_table.products",
            "module.dynamodb.aws_dynamodb_table.stores",
            "module.iam.aws_iam_role.audit",
            "module.iam.aws_iam_role.carts",
            "module.iam.aws_iam_role.dashboard",
            "module.iam.aws_iam_role.notifications",
            "module.iam.aws_iam_role.orders",
            "module.iam.aws_iam_role.products",
            "module.iam.aws_iam_role.stores",
            "module.iam.aws_iam_role.users",
            "module.iam.data.aws_iam_policy_document.lambda_assume_role",
            "module.lambdas.aws_cloudwatch_log_group.this",
            "module.lambdas.aws_lambda_function.this",
            "module.lambdas.data.archive_file.this",
            "module.lambdas.null_resource.copy_utils"
          ]
        },
        {
          "index_key": "stores_delete",
          "schema_version": 1,
          "attributes": {
            "actions_enabled": true,
            "alarm_actions": [],
            "alarm_description": "",
            "alarm_name": "cloudshop-armando-stores_delete-errors",
            "arn": "arn:aws:cloudwatch:us-east-1:970290366615:alarm:cloudshop-armando-stores_delete-errors",
            "comparison_operator": "GreaterThanThreshold",
            "datapoints_to_alarm": 0,
            "dimensions": {
              "FunctionName": "cloudshop-armando-stores-delete"
            },
            "evaluate_low_sample_count_percentiles": "",
            "evaluation_periods": 1,
            "extended_statistic": "",
            "id": "cloudshop-armando-stores_delete-errors",
            "insufficient_data_actions": [],
            "metric_name": "Errors",
            "metric_query": [],
            "namespace": "AWS/Lambda",
            "ok_actions": [],
            "period": 300,
            "statistic": "Sum",
            "tags": {},
            "tags_all": {
              "Environment": "dev-armando",
              "ManagedBy": "Terraform",
              "Project": "CloudShop"
            },
            "threshold": 0,
            "threshold_metric_id": "",
            "treat_missing_data": "notBreaching",
            "unit": ""
          },
          "sensitive_attributes": [],
          "identity_schema_version": 0,
          "private": "eyJzY2hlbWFfdmVyc2lvbiI6IjEifQ==",
          "dependencies": [
            "module.dynamodb.aws_dynamodb_table.audit",
            "module.dynamodb.aws_dynamodb_table.carts",
            "module.dynamodb.aws_dynamodb_table.orders",
            "module.dynamodb.aws_dynamodb_table.products",
            "module.dynamodb.aws_dynamodb_table.stores",
            "module.iam.aws_iam_role.audit",
            "module.iam.aws_iam_role.carts",
            "module.iam.aws_iam_role.dashboard",
            "module.iam.aws_iam_role.notifications",
            "module.iam.aws_iam_role.orders",
            "module.iam.aws_iam_role.products",
            "module.iam.aws_iam_role.stores",
            "module.iam.aws_iam_role.users",
            "module.iam.data.aws_iam_policy_document.lambda_assume_role",
            "module.lambdas.aws_cloudwatch_log_group.this",
            "module.lambdas.aws_lambda_function.this",
            "module.lambdas.data.archive_file.this",
            "module.lambdas.null_resource.copy_utils"
          ]
        },
        {
          "index_key": "stores_get",
          "schema_version": 1,
          "attributes": {
            "actions_enabled": true,
            "alarm_actions": [],
            "alarm_description": "",
            "alarm_name": "cloudshop-armando-stores_get-errors",
            "arn": "arn:aws:cloudwatch:us-east-1:970290366615:alarm:cloudshop-armando-stores_get-errors",
            "comparison_operator": "GreaterThanThreshold",
            "datapoints_to_alarm": 0,
            "dimensions": {
              "FunctionName": "cloudshop-armando-stores-get"
            },
            "evaluate_low_sample_count_percentiles": "",
            "evaluation_periods": 1,
            "extended_statistic": "",
            "id": "cloudshop-armando-stores_get-errors",
            "insufficient_data_actions": [],
            "metric_name": "Errors",
            "metric_query": [],
            "namespace": "AWS/Lambda",
            "ok_actions": [],
            "period": 300,
            "statistic": "Sum",
            "tags": {},
            "tags_all": {
              "Environment": "dev-armando",
              "ManagedBy": "Terraform",
              "Project": "CloudShop"
            },
            "threshold": 0,
            "threshold_metric_id": "",
            "treat_missing_data": "notBreaching",
            "unit": ""
          },
          "sensitive_attributes": [],
          "identity_schema_version": 0,
          "private": "eyJzY2hlbWFfdmVyc2lvbiI6IjEifQ==",
          "dependencies": [
            "module.dynamodb.aws_dynamodb_table.audit",
            "module.dynamodb.aws_dynamodb_table.carts",
            "module.dynamodb.aws_dynamodb_table.orders",
            "module.dynamodb.aws_dynamodb_table.products",
            "module.dynamodb.aws_dynamodb_table.stores",
            "module.iam.aws_iam_role.audit",
            "module.iam.aws_iam_role.carts",
            "module.iam.aws_iam_role.dashboard",
            "module.iam.aws_iam_role.notifications",
            "module.iam.aws_iam_role.orders",
            "module.iam.aws_iam_role.products",
            "module.iam.aws_iam_role.stores",
            "module.iam.aws_iam_role.users",
            "module.iam.data.aws_iam_policy_document.lambda_assume_role",
            "module.lambdas.aws_cloudwatch_log_group.this",
            "module.lambdas.aws_lambda_function.this",
            "module.lambdas.data.archive_file.this",
            "module.lambdas.null_resource.copy_utils"
          ]
        },
        {
          "index_key": "stores_list",
          "schema_version": 1,
          "attributes": {
            "actions_enabled": true,
            "alarm_actions": [],
            "alarm_description": "",
            "alarm_name": "cloudshop-armando-stores_list-errors",
            "arn": "arn:aws:cloudwatch:us-east-1:970290366615:alarm:cloudshop-armando-stores_list-errors",
            "comparison_operator": "GreaterThanThreshold",
            "datapoints_to_alarm": 0,
            "dimensions": {
              "FunctionName": "cloudshop-armando-stores-list"
            },
            "evaluate_low_sample_count_percentiles": "",
            "evaluation_periods": 1,
            "extended_statistic": "",
            "id": "cloudshop-armando-stores_list-errors",
            "insufficient_data_actions": [],
            "metric_name": "Errors",
            "metric_query": [],
            "namespace": "AWS/Lambda",
            "ok_actions": [],
            "period": 300,
            "statistic": "Sum",
            "tags": {},
            "tags_all": {
              "Environment": "dev-armando",
              "ManagedBy": "Terraform",
              "Project": "CloudShop"
            },
            "threshold": 0,
            "threshold_metric_id": "",
            "treat_missing_data": "notBreaching",
            "unit": ""
          },
          "sensitive_attributes": [],
          "identity_schema_version": 0,
          "private": "eyJzY2hlbWFfdmVyc2lvbiI6IjEifQ==",
          "dependencies": [
            "module.dynamodb.aws_dynamodb_table.audit",
            "module.dynamodb.aws_dynamodb_table.carts",
            "module.dynamodb.aws_dynamodb_table.orders",
            "module.dynamodb.aws_dynamodb_table.products",
            "module.dynamodb.aws_dynamodb_table.stores",
            "module.iam.aws_iam_role.audit",
            "module.iam.aws_iam_role.carts",
            "module.iam.aws_iam_role.dashboard",
            "module.iam.aws_iam_role.notifications",
            "module.iam.aws_iam_role.orders",
            "module.iam.aws_iam_role.products",
            "module.iam.aws_iam_role.stores",
            "module.iam.aws_iam_role.users",
            "module.iam.data.aws_iam_policy_document.lambda_assume_role",
            "module.lambdas.aws_cloudwatch_log_group.this",
            "module.lambdas.aws_lambda_function.this",
            "module.lambdas.data.archive_file.this",
            "module.lambdas.null_resource.copy_utils"
          ]
        },
        {
          "index_key": "stores_update",
          "schema_version": 1,
          "attributes": {
            "actions_enabled": true,
            "alarm_actions": [],
            "alarm_description": "",
            "alarm_name": "cloudshop-armando-stores_update-errors",
            "arn": "arn:aws:cloudwatch:us-east-1:970290366615:alarm:cloudshop-armando-stores_update-errors",
            "comparison_operator": "GreaterThanThreshold",
            "datapoints_to_alarm": 0,
            "dimensions": {
              "FunctionName": "cloudshop-armando-stores-update"
            },
            "evaluate_low_sample_count_percentiles": "",
            "evaluation_periods": 1,
            "extended_statistic": "",
            "id": "cloudshop-armando-stores_update-errors",
            "insufficient_data_actions": [],
            "metric_name": "Errors",
            "metric_query": [],
            "namespace": "AWS/Lambda",
            "ok_actions": [],
            "period": 300,
            "statistic": "Sum",
            "tags": {},
            "tags_all": {
              "Environment": "dev-armando",
              "ManagedBy": "Terraform",
              "Project": "CloudShop"
            },
            "threshold": 0,
            "threshold_metric_id": "",
            "treat_missing_data": "notBreaching",
            "unit": ""
          },
          "sensitive_attributes": [],
          "identity_schema_version": 0,
          "private": "eyJzY2hlbWFfdmVyc2lvbiI6IjEifQ==",
          "dependencies": [
            "module.dynamodb.aws_dynamodb_table.audit",
            "module.dynamodb.aws_dynamodb_table.carts",
            "module.dynamodb.aws_dynamodb_table.orders",
            "module.dynamodb.aws_dynamodb_table.products",
            "module.dynamodb.aws_dynamodb_table.stores",
            "module.iam.aws_iam_role.audit",
            "module.iam.aws_iam_role.carts",
            "module.iam.aws_iam_role.dashboard",
            "module.iam.aws_iam_role.notifications",
            "module.iam.aws_iam_role.orders",
            "module.iam.aws_iam_role.products",
            "module.iam.aws_iam_role.stores",
            "module.iam.aws_iam_role.users",
            "module.iam.data.aws_iam_policy_document.lambda_assume_role",
            "module.lambdas.aws_cloudwatch_log_group.this",
            "module.lambdas.aws_lambda_function.this",
            "module.lambdas.data.archive_file.this",
            "module.lambdas.null_resource.copy_utils"
          ]
        },
        {
          "index_key": "users_delete",
          "schema_version": 1,
          "attributes": {
            "actions_enabled": true,
            "alarm_actions": [],
            "alarm_description": "",
            "alarm_name": "cloudshop-armando-users_delete-errors",
            "arn": "arn:aws:cloudwatch:us-east-1:970290366615:alarm:cloudshop-armando-users_delete-errors",
            "comparison_operator": "GreaterThanThreshold",
            "datapoints_to_alarm": 0,
            "dimensions": {
              "FunctionName": "cloudshop-armando-users-delete"
            },
            "evaluate_low_sample_count_percentiles": "",
            "evaluation_periods": 1,
            "extended_statistic": "",
            "id": "cloudshop-armando-users_delete-errors",
            "insufficient_data_actions": [],
            "metric_name": "Errors",
            "metric_query": [],
            "namespace": "AWS/Lambda",
            "ok_actions": [],
            "period": 300,
            "statistic": "Sum",
            "tags": {},
            "tags_all": {
              "Environment": "dev-armando",
              "ManagedBy": "Terraform",
              "Project": "CloudShop"
            },
            "threshold": 0,
            "threshold_metric_id": "",
            "treat_missing_data": "notBreaching",
            "unit": ""
          },
          "sensitive_attributes": [],
          "identity_schema_version": 0,
          "private": "eyJzY2hlbWFfdmVyc2lvbiI6IjEifQ==",
          "dependencies": [
            "module.dynamodb.aws_dynamodb_table.audit",
            "module.dynamodb.aws_dynamodb_table.carts",
            "module.dynamodb.aws_dynamodb_table.orders",
            "module.dynamodb.aws_dynamodb_table.products",
            "module.dynamodb.aws_dynamodb_table.stores",
            "module.iam.aws_iam_role.audit",
            "module.iam.aws_iam_role.carts",
            "module.iam.aws_iam_role.dashboard",
            "module.iam.aws_iam_role.notifications",
            "module.iam.aws_iam_role.orders",
            "module.iam.aws_iam_role.products",
            "module.iam.aws_iam_role.stores",
            "module.iam.aws_iam_role.users",
            "module.iam.data.aws_iam_policy_document.lambda_assume_role",
            "module.lambdas.aws_cloudwatch_log_group.this",
            "module.lambdas.aws_lambda_function.this",
            "module.lambdas.data.archive_file.this",
            "module.lambdas.null_resource.copy_utils"
          ]
        },
        {
          "index_key": "users_list",
          "schema_version": 1,
          "attributes": {
            "actions_enabled": true,
            "alarm_actions": [],
            "alarm_description": "",
            "alarm_name": "cloudshop-armando-users_list-errors",
            "arn": "arn:aws:cloudwatch:us-east-1:970290366615:alarm:cloudshop-armando-users_list-errors",
            "comparison_operator": "GreaterThanThreshold",
            "datapoints_to_alarm": 0,
            "dimensions": {
              "FunctionName": "cloudshop-armando-users-list"
            },
            "evaluate_low_sample_count_percentiles": "",
            "evaluation_periods": 1,
            "extended_statistic": "",
            "id": "cloudshop-armando-users_list-errors",
            "insufficient_data_actions": [],
            "metric_name": "Errors",
            "metric_query": [],
            "namespace": "AWS/Lambda",
            "ok_actions": [],
            "period": 300,
            "statistic": "Sum",
            "tags": {},
            "tags_all": {
              "Environment": "dev-armando",
              "ManagedBy": "Terraform",
              "Project": "CloudShop"
            },
            "threshold": 0,
            "threshold_metric_id": "",
            "treat_missing_data": "notBreaching",
            "unit": ""
          },
          "sensitive_attributes": [],
          "identity_schema_version": 0,
          "private": "eyJzY2hlbWFfdmVyc2lvbiI6IjEifQ==",
          "dependencies": [
            "module.dynamodb.aws_dynamodb_table.audit",
            "module.dynamodb.aws_dynamodb_table.carts",
            "module.dynamodb.aws_dynamodb_table.orders",
            "module.dynamodb.aws_dynamodb_table.products",
            "module.dynamodb.aws_dynamodb_table.stores",
            "module.iam.aws_iam_role.audit",
            "module.iam.aws_iam_role.carts",
            "module.iam.aws_iam_role.dashboard",
            "module.iam.aws_iam_role.notifications",
            "module.iam.aws_iam_role.orders",
            "module.iam.aws_iam_role.products",
            "module.iam.aws_iam_role.stores",
            "module.iam.aws_iam_role.users",
            "module.iam.data.aws_iam_policy_document.lambda_assume_role",
            "module.lambdas.aws_cloudwatch_log_group.this",
            "module.lambdas.aws_lambda_function.this",
            "module.lambdas.data.archive_file.this",
            "module.lambdas.null_resource.copy_utils"
          ]
        },
        {
          "index_key": "users_register",
          "schema_version": 1,
          "attributes": {
            "actions_enabled": true,
            "alarm_actions": [],
            "alarm_description": "",
            "alarm_name": "cloudshop-armando-users_register-errors",
            "arn": "arn:aws:cloudwatch:us-east-1:970290366615:alarm:cloudshop-armando-users_register-errors",
            "comparison_operator": "GreaterThanThreshold",
            "datapoints_to_alarm": 0,
            "dimensions": {
              "FunctionName": "cloudshop-armando-users-register"
            },
            "evaluate_low_sample_count_percentiles": "",
            "evaluation_periods": 1,
            "extended_statistic": "",
            "id": "cloudshop-armando-users_register-errors",
            "insufficient_data_actions": [],
            "metric_name": "Errors",
            "metric_query": [],
            "namespace": "AWS/Lambda",
            "ok_actions": [],
            "period": 300,
            "statistic": "Sum",
            "tags": {},
            "tags_all": {
              "Environment": "dev-armando",
              "ManagedBy": "Terraform",
              "Project": "CloudShop"
            },
            "threshold": 0,
            "threshold_metric_id": "",
            "treat_missing_data": "notBreaching",
            "unit": ""
          },
          "sensitive_attributes": [],
          "identity_schema_version": 0,
          "private": "eyJzY2hlbWFfdmVyc2lvbiI6IjEifQ==",
          "dependencies": [
            "module.dynamodb.aws_dynamodb_table.audit",
            "module.dynamodb.aws_dynamodb_table.carts",
            "module.dynamodb.aws_dynamodb_table.orders",
            "module.dynamodb.aws_dynamodb_table.products",
            "module.dynamodb.aws_dynamodb_table.stores",
            "module.iam.aws_iam_role.audit",
            "module.iam.aws_iam_role.carts",
            "module.iam.aws_iam_role.dashboard",
            "module.iam.aws_iam_role.notifications",
            "module.iam.aws_iam_role.orders",
            "module.iam.aws_iam_role.products",
            "module.iam.aws_iam_role.stores",
            "module.iam.aws_iam_role.users",
            "module.iam.data.aws_iam_policy_document.lambda_assume_role",
            "module.lambdas.aws_cloudwatch_log_group.this",
            "module.lambdas.aws_lambda_function.this",
            "module.lambdas.data.archive_file.this",
            "module.lambdas.null_resource.copy_utils"
          ]
        },
        {
          "index_key": "users_update",
          "schema_version": 1,
          "attributes": {
            "actions_enabled": true,
            "alarm_actions": [],
            "alarm_description": "",
            "alarm_name": "cloudshop-armando-users_update-errors",
            "arn": "arn:aws:cloudwatch:us-east-1:970290366615:alarm:cloudshop-armando-users_update-errors",
            "comparison_operator": "GreaterThanThreshold",
            "datapoints_to_alarm": 0,
            "dimensions": {
              "FunctionName": "cloudshop-armando-users-update"
            },
            "evaluate_low_sample_count_percentiles": "",
            "evaluation_periods": 1,
            "extended_statistic": "",
            "id": "cloudshop-armando-users_update-errors",
            "insufficient_data_actions": [],
            "metric_name": "Errors",
            "metric_query": [],
            "namespace": "AWS/Lambda",
            "ok_actions": [],
            "period": 300,
            "statistic": "Sum",
            "tags": {},
            "tags_all": {
              "Environment": "dev-armando",
              "ManagedBy": "Terraform",
              "Project": "CloudShop"
            },
            "threshold": 0,
            "threshold_metric_id": "",
            "treat_missing_data": "notBreaching",
            "unit": ""
          },
          "sensitive_attributes": [],
          "identity_schema_version": 0,
          "private": "eyJzY2hlbWFfdmVyc2lvbiI6IjEifQ==",
          "dependencies": [
            "module.dynamodb.aws_dynamodb_table.audit",
            "module.dynamodb.aws_dynamodb_table.carts",
            "module.dynamodb.aws_dynamodb_table.orders",
            "module.dynamodb.aws_dynamodb_table.products",
            "module.dynamodb.aws_dynamodb_table.stores",
            "module.iam.aws_iam_role.audit",
            "module.iam.aws_iam_role.carts",
            "module.iam.aws_iam_role.dashboard",
            "module.iam.aws_iam_role.notifications",
            "module.iam.aws_iam_role.orders",
            "module.iam.aws_iam_role.products",
            "module.iam.aws_iam_role.stores",
            "module.iam.aws_iam_role.users",
            "module.iam.data.aws_iam_policy_document.lambda_assume_role",
            "module.lambdas.aws_cloudwatch_log_group.this",
            "module.lambdas.aws_lambda_function.this",
            "module.lambdas.data.archive_file.this",
            "module.lambdas.null_resource.copy_utils"
          ]
        }
      ]
    },
    {
      "module": "module.cognito",
      "mode": "managed",
      "type": "aws_cognito_user_group",
      "name": "admin",
      "provider": "provider[\"registry.terraform.io/hashicorp/aws\"]",
      "instances": [
        {
          "schema_version": 0,
          "attributes": {
            "description": "Administrador: gestiona usuarios, tiendas, productos y consulta reportes.",
            "id": "us-east-1_s2wYaKTzb/admin",
            "name": "admin",
            "precedence": 0,
            "role_arn": "",
            "user_pool_id": "us-east-1_s2wYaKTzb"
          },
          "sensitive_attributes": [],
          "identity_schema_version": 0,
          "private": "bnVsbA==",
          "dependencies": [
            "module.cognito.aws_cognito_user_pool.users"
          ]
        }
      ]
    },
    {
      "module": "module.cognito",
      "mode": "managed",
      "type": "aws_cognito_user_group",
      "name": "cliente",
      "provider": "provider[\"registry.terraform.io/hashicorp/aws\"]",
      "instances": [
        {
          "schema_version": 0,
          "attributes": {
            "description": "Cliente: compra productos y consulta sus propios pedidos.",
            "id": "us-east-1_s2wYaKTzb/cliente",
            "name": "cliente",
            "precedence": 0,
            "role_arn": "",
            "user_pool_id": "us-east-1_s2wYaKTzb"
          },
          "sensitive_attributes": [],
          "identity_schema_version": 0,
          "private": "bnVsbA==",
          "dependencies": [
            "module.cognito.aws_cognito_user_pool.users"
          ]
        }
      ]
    },
    {
      "module": "module.cognito",
      "mode": "managed",
      "type": "aws_cognito_user_group",
      "name": "operator",
      "provider": "provider[\"registry.terraform.io/hashicorp/aws\"]",
      "instances": [
        {
          "schema_version": 0,
          "attributes": {
            "description": "Operador: gestiona inventario y pedidos.",
            "id": "us-east-1_s2wYaKTzb/operator",
            "name": "operator",
            "precedence": 0,
            "role_arn": "",
            "user_pool_id": "us-east-1_s2wYaKTzb"
          },
          "sensitive_attributes": [],
          "identity_schema_version": 0,
          "private": "bnVsbA==",
          "dependencies": [
            "module.cognito.aws_cognito_user_pool.users"
          ]
        }
      ]
    },
    {
      "module": "module.cognito",
      "mode": "managed",
      "type": "aws_cognito_user_pool",
      "name": "users",
      "provider": "provider[\"registry.terraform.io/hashicorp/aws\"]",
      "instances": [
        {
          "schema_version": 0,
          "attributes": {
            "account_recovery_setting": [
              {
                "recovery_mechanism": [
                  {
                    "name": "verified_email",
                    "priority": 1
                  },
                  {
                    "name": "verified_phone_number",
                    "priority": 2
                  }
                ]
              }
            ],
            "admin_create_user_config": [
              {
                "allow_admin_create_user_only": false,
                "invite_message_template": []
              }
            ],
            "alias_attributes": null,
            "arn": "arn:aws:cognito-idp:us-east-1:970290366615:userpool/us-east-1_s2wYaKTzb",
            "auto_verified_attributes": [
              "email"
            ],
            "creation_date": "2026-07-26T05:01:01Z",
            "custom_domain": "",
            "deletion_protection": "INACTIVE",
            "device_configuration": [],
            "domain": "",
            "email_configuration": [
              {
                "configuration_set": "",
                "email_sending_account": "COGNITO_DEFAULT",
                "from_email_address": "",
                "reply_to_email_address": "",
                "source_arn": ""
              }
            ],
            "email_mfa_configuration": [],
            "email_verification_message": "",
            "email_verification_subject": "",
            "endpoint": "cognito-idp.us-east-1.amazonaws.com/us-east-1_s2wYaKTzb",
            "estimated_number_of_users": 0,
            "id": "us-east-1_s2wYaKTzb",
            "lambda_config": [],
            "last_modified_date": "2026-07-26T05:01:01Z",
            "mfa_configuration": "OFF",
            "name": "cloudshop-armando-users",
            "password_policy": [
              {
                "minimum_length": 8,
                "password_history_size": 0,
                "require_lowercase": true,
                "require_numbers": true,
                "require_symbols": true,
                "require_uppercase": true,
                "temporary_password_validity_days": 7
              }
            ],
            "schema": [],
            "sign_in_policy": [
              {
                "allowed_first_auth_factors": [
                  "PASSWORD"
                ]
              }
            ],
            "sms_authentication_message": "",
            "sms_configuration": [],
            "sms_verification_message": "",
            "software_token_mfa_configuration": [],
            "tags": {},
            "tags_all": {
              "Environment": "dev-armando",
              "ManagedBy": "Terraform",
              "Project": "CloudShop"
            },
            "user_attribute_update_settings": [],
            "user_pool_add_ons": [],
            "user_pool_tier": "ESSENTIALS",
            "username_attributes": [
              "email"
            ],
            "username_configuration": [],
            "verification_message_template": [
              {
                "default_email_option": "CONFIRM_WITH_CODE",
                "email_message": "",
                "email_message_by_link": "",
                "email_subject": "",
                "email_subject_by_link": "",
                "sms_message": ""
              }
            ],
            "web_authn_configuration": []
          },
          "sensitive_attributes": [],
          "identity_schema_version": 0,
          "private": "bnVsbA==",
          "create_before_destroy": true
        }
      ]
    },
    {
      "module": "module.cognito",
      "mode": "managed",
      "type": "aws_cognito_user_pool_client",
      "name": "web",
      "provider": "provider[\"registry.terraform.io/hashicorp/aws\"]",
      "instances": [
        {
          "schema_version": 0,
          "attributes": {
            "access_token_validity": 0,
            "allowed_oauth_flows": [],
            "allowed_oauth_flows_user_pool_client": false,
            "allowed_oauth_scopes": [],
            "analytics_configuration": [],
            "auth_session_validity": 3,
            "callback_urls": [],
            "client_secret": "",
            "default_redirect_uri": "",
            "enable_propagate_additional_user_context_data": false,
            "enable_token_revocation": true,
            "explicit_auth_flows": [
              "ALLOW_REFRESH_TOKEN_AUTH",
              "ALLOW_USER_PASSWORD_AUTH",
              "ALLOW_USER_SRP_AUTH"
            ],
            "generate_secret": false,
            "id": "583r1106663nt7iq83oatpc9sh",
            "id_token_validity": 0,
            "logout_urls": [],
            "name": "cloudshop-armando-web",
            "prevent_user_existence_errors": "",
            "read_attributes": [],
            "refresh_token_rotation": [],
            "refresh_token_validity": 30,
            "supported_identity_providers": [],
            "token_validity_units": [],
            "user_pool_id": "us-east-1_s2wYaKTzb",
            "write_attributes": []
          },
          "sensitive_attributes": [
            [
              {
                "type": "get_attr",
                "value": "client_secret"
              }
            ]
          ],
          "identity_schema_version": 0,
          "dependencies": [
            "module.cognito.aws_cognito_user_pool.users"
          ]
        }
      ]
    },
    {
      "module": "module.dynamodb",
      "mode": "managed",
      "type": "aws_dynamodb_table",
      "name": "audit",
      "provider": "provider[\"registry.terraform.io/hashicorp/aws\"]",
      "instances": [
        {
          "schema_version": 1,
          "attributes": {
            "arn": "arn:aws:dynamodb:us-east-1:970290366615:table/cloudshop-armando-audit",
            "attribute": [
              {
                "name": "Timestamp",
                "type": "S"
              },
              {
                "name": "UserId",
                "type": "S"
              }
            ],
            "billing_mode": "PAY_PER_REQUEST",
            "deletion_protection_enabled": false,
            "global_secondary_index": [],
            "hash_key": "UserId",
            "id": "cloudshop-armando-audit",
            "import_table": [],
            "local_secondary_index": [],
            "name": "cloudshop-armando-audit",
            "on_demand_throughput": [],
            "point_in_time_recovery": [
              {
                "enabled": true,
                "recovery_period_in_days": 35
              }
            ],
            "range_key": "Timestamp",
            "read_capacity": 0,
            "replica": [],
            "restore_date_time": null,
            "restore_source_name": null,
            "restore_source_table_arn": null,
            "restore_to_latest_time": null,
            "server_side_encryption": [
              {
                "enabled": true,
                "kms_key_arn": ""
              }
            ],
            "stream_arn": "",
            "stream_enabled": false,
            "stream_label": "",
            "stream_view_type": "",
            "table_class": "STANDARD",
            "tags": {},
            "tags_all": {
              "Environment": "dev-armando",
              "ManagedBy": "Terraform",
              "Project": "CloudShop"
            },
            "timeouts": null,
            "ttl": [
              {
                "attribute_name": "",
                "enabled": false
              }
            ],
            "write_capacity": 0
          },
          "sensitive_attributes": [],
          "identity_schema_version": 0,
          "private": "eyJlMmJmYjczMC1lY2FhLTExZTYtOGY4OC0zNDM2M2JjN2M0YzAiOnsiY3JlYXRlIjoxODAwMDAwMDAwMDAwLCJkZWxldGUiOjYwMDAwMDAwMDAwMCwidXBkYXRlIjozNjAwMDAwMDAwMDAwfSwic2NoZW1hX3ZlcnNpb24iOiIxIn0=",
          "create_before_destroy": true
        }
      ]
    },
    {
      "module": "module.dynamodb",
      "mode": "managed",
      "type": "aws_dynamodb_table",
      "name": "carts",
      "provider": "provider[\"registry.terraform.io/hashicorp/aws\"]",
      "instances": [
        {
          "schema_version": 1,
          "attributes": {
            "arn": "arn:aws:dynamodb:us-east-1:970290366615:table/cloudshop-armando-carts",
            "attribute": [
              {
                "name": "ClientId",
                "type": "S"
              }
            ],
            "billing_mode": "PAY_PER_REQUEST",
            "deletion_protection_enabled": false,
            "global_secondary_index": [],
            "hash_key": "ClientId",
            "id": "cloudshop-armando-carts",
            "import_table": [],
            "local_secondary_index": [],
            "name": "cloudshop-armando-carts",
            "on_demand_throughput": [],
            "point_in_time_recovery": [
              {
                "enabled": true,
                "recovery_period_in_days": 35
              }
            ],
            "range_key": null,
            "read_capacity": 0,
            "replica": [],
            "restore_date_time": null,
            "restore_source_name": null,
            "restore_source_table_arn": null,
            "restore_to_latest_time": null,
            "server_side_encryption": [
              {
                "enabled": true,
                "kms_key_arn": ""
              }
            ],
            "stream_arn": "",
            "stream_enabled": false,
            "stream_label": "",
            "stream_view_type": "",
            "table_class": "STANDARD",
            "tags": {},
            "tags_all": {
              "Environment": "dev-armando",
              "ManagedBy": "Terraform",
              "Project": "CloudShop"
            },
            "timeouts": null,
            "ttl": [
              {
                "attribute_name": "",
                "enabled": false
              }
            ],
            "write_capacity": 0
          },
          "sensitive_attributes": [],
          "identity_schema_version": 0,
          "private": "eyJlMmJmYjczMC1lY2FhLTExZTYtOGY4OC0zNDM2M2JjN2M0YzAiOnsiY3JlYXRlIjoxODAwMDAwMDAwMDAwLCJkZWxldGUiOjYwMDAwMDAwMDAwMCwidXBkYXRlIjozNjAwMDAwMDAwMDAwfSwic2NoZW1hX3ZlcnNpb24iOiIxIn0=",
          "create_before_destroy": true
        }
      ]
    },
    {
      "module": "module.dynamodb",
      "mode": "managed",
      "type": "aws_dynamodb_table",
      "name": "orders",
      "provider": "provider[\"registry.terraform.io/hashicorp/aws\"]",
      "instances": [
        {
          "schema_version": 1,
          "attributes": {
            "arn": "arn:aws:dynamodb:us-east-1:970290366615:table/cloudshop-armando-orders",
            "attribute": [
              {
                "name": "CustomerId",
                "type": "S"
              },
              {
                "name": "OrderId",
                "type": "S"
              },
              {
                "name": "StoreId",
                "type": "S"
              }
            ],
            "billing_mode": "PAY_PER_REQUEST",
            "deletion_protection_enabled": false,
            "global_secondary_index": [
              {
                "hash_key": "StoreId",
                "name": "StoreIdIndex",
                "non_key_attributes": [],
                "on_demand_throughput": [],
                "projection_type": "ALL",
                "range_key": "",
                "read_capacity": 0,
                "write_capacity": 0
              }
            ],
            "hash_key": "CustomerId",
            "id": "cloudshop-armando-orders",
            "import_table": [],
            "local_secondary_index": [],
            "name": "cloudshop-armando-orders",
            "on_demand_throughput": [],
            "point_in_time_recovery": [
              {
                "enabled": true,
                "recovery_period_in_days": 35
              }
            ],
            "range_key": "OrderId",
            "read_capacity": 0,
            "replica": [],
            "restore_date_time": null,
            "restore_source_name": null,
            "restore_source_table_arn": null,
            "restore_to_latest_time": null,
            "server_side_encryption": [
              {
                "enabled": true,
                "kms_key_arn": ""
              }
            ],
            "stream_arn": "",
            "stream_enabled": false,
            "stream_label": "",
            "stream_view_type": "",
            "table_class": "STANDARD",
            "tags": {},
            "tags_all": {
              "Environment": "dev-armando",
              "ManagedBy": "Terraform",
              "Project": "CloudShop"
            },
            "timeouts": null,
            "ttl": [
              {
                "attribute_name": "",
                "enabled": false
              }
            ],
            "write_capacity": 0
          },
          "sensitive_attributes": [],
          "identity_schema_version": 0,
          "private": "eyJlMmJmYjczMC1lY2FhLTExZTYtOGY4OC0zNDM2M2JjN2M0YzAiOnsiY3JlYXRlIjoxODAwMDAwMDAwMDAwLCJkZWxldGUiOjYwMDAwMDAwMDAwMCwidXBkYXRlIjozNjAwMDAwMDAwMDAwfSwic2NoZW1hX3ZlcnNpb24iOiIxIn0=",
          "create_before_destroy": true
        }
      ]
    },
    {
      "module": "module.dynamodb",
      "mode": "managed",
      "type": "aws_dynamodb_table",
      "name": "products",
      "provider": "provider[\"registry.terraform.io/hashicorp/aws\"]",
      "instances": [
        {
          "schema_version": 1,
          "attributes": {
            "arn": "arn:aws:dynamodb:us-east-1:970290366615:table/cloudshop-armando-products",
            "attribute": [
              {
                "name": "ProductId",
                "type": "S"
              },
              {
                "name": "StoreId",
                "type": "S"
              }
            ],
            "billing_mode": "PAY_PER_REQUEST",
            "deletion_protection_enabled": false,
            "global_secondary_index": [],
            "hash_key": "StoreId",
            "id": "cloudshop-armando-products",
            "import_table": [],
            "local_secondary_index": [],
            "name": "cloudshop-armando-products",
            "on_demand_throughput": [],
            "point_in_time_recovery": [
              {
                "enabled": true,
                "recovery_period_in_days": 35
              }
            ],
            "range_key": "ProductId",
            "read_capacity": 0,
            "replica": [],
            "restore_date_time": null,
            "restore_source_name": null,
            "restore_source_table_arn": null,
            "restore_to_latest_time": null,
            "server_side_encryption": [
              {
                "enabled": true,
                "kms_key_arn": ""
              }
            ],
            "stream_arn": "",
            "stream_enabled": false,
            "stream_label": "",
            "stream_view_type": "",
            "table_class": "STANDARD",
            "tags": {},
            "tags_all": {
              "Environment": "dev-armando",
              "ManagedBy": "Terraform",
              "Project": "CloudShop"
            },
            "timeouts": null,
            "ttl": [
              {
                "attribute_name": "",
                "enabled": false
              }
            ],
            "write_capacity": 0
          },
          "sensitive_attributes": [],
          "identity_schema_version": 0,
          "private": "eyJlMmJmYjczMC1lY2FhLTExZTYtOGY4OC0zNDM2M2JjN2M0YzAiOnsiY3JlYXRlIjoxODAwMDAwMDAwMDAwLCJkZWxldGUiOjYwMDAwMDAwMDAwMCwidXBkYXRlIjozNjAwMDAwMDAwMDAwfSwic2NoZW1hX3ZlcnNpb24iOiIxIn0=",
          "create_before_destroy": true
        }
      ]
    },
    {
      "module": "module.dynamodb",
      "mode": "managed",
      "type": "aws_dynamodb_table",
      "name": "stores",
      "provider": "provider[\"registry.terraform.io/hashicorp/aws\"]",
      "instances": [
        {
          "schema_version": 1,
          "attributes": {
            "arn": "arn:aws:dynamodb:us-east-1:970290366615:table/cloudshop-armando-stores",
            "attribute": [
              {
                "name": "StoreId",
                "type": "S"
              }
            ],
            "billing_mode": "PAY_PER_REQUEST",
            "deletion_protection_enabled": false,
            "global_secondary_index": [],
            "hash_key": "StoreId",
            "id": "cloudshop-armando-stores",
            "import_table": [],
            "local_secondary_index": [],
            "name": "cloudshop-armando-stores",
            "on_demand_throughput": [],
            "point_in_time_recovery": [
              {
                "enabled": true,
                "recovery_period_in_days": 35
              }
            ],
            "range_key": null,
            "read_capacity": 0,
            "replica": [],
            "restore_date_time": null,
            "restore_source_name": null,
            "restore_source_table_arn": null,
            "restore_to_latest_time": null,
            "server_side_encryption": [
              {
                "enabled": true,
                "kms_key_arn": ""
              }
            ],
            "stream_arn": "",
            "stream_enabled": false,
            "stream_label": "",
            "stream_view_type": "",
            "table_class": "STANDARD",
            "tags": {},
            "tags_all": {
              "Environment": "dev-armando",
              "ManagedBy": "Terraform",
              "Project": "CloudShop"
            },
            "timeouts": null,
            "ttl": [
              {
                "attribute_name": "",
                "enabled": false
              }
            ],
            "write_capacity": 0
          },
          "sensitive_attributes": [],
          "identity_schema_version": 0,
          "private": "eyJlMmJmYjczMC1lY2FhLTExZTYtOGY4OC0zNDM2M2JjN2M0YzAiOnsiY3JlYXRlIjoxODAwMDAwMDAwMDAwLCJkZWxldGUiOjYwMDAwMDAwMDAwMCwidXBkYXRlIjozNjAwMDAwMDAwMDAwfSwic2NoZW1hX3ZlcnNpb24iOiIxIn0=",
          "create_before_destroy": true
        }
      ]
    },
    {
      "module": "module.eventbridge",
      "mode": "managed",
      "type": "aws_cloudwatch_event_bus",
      "name": "this",
      "provider": "provider[\"registry.terraform.io/hashicorp/aws\"]",
      "instances": [
        {
          "schema_version": 0,
          "attributes": {
            "arn": "arn:aws:events:us-east-1:970290366615:event-bus/cloudshop-armando-events",
            "dead_letter_config": [],
            "description": "",
            "event_source_name": null,
            "id": "cloudshop-armando-events",
            "kms_key_identifier": "",
            "name": "cloudshop-armando-events",
            "tags": {},
            "tags_all": {
              "Environment": "dev-armando",
              "ManagedBy": "Terraform",
              "Project": "CloudShop"
            }
          },
          "sensitive_attributes": [],
          "identity_schema_version": 0,
          "private": "bnVsbA=="
        }
      ]
    },
    {
      "module": "module.eventbridge",
      "mode": "managed",
      "type": "aws_cloudwatch_event_rule",
      "name": "order_cancelled",
      "provider": "provider[\"registry.terraform.io/hashicorp/aws\"]",
      "instances": [
        {
          "schema_version": 1,
          "attributes": {
            "arn": "arn:aws:events:us-east-1:970290366615:rule/cloudshop-armando-events/cloudshop-armando-order-cancelled",
            "description": "",
            "event_bus_name": "cloudshop-armando-events",
            "event_pattern": "{\"detail-type\":[\"OrderCancelled\"],\"source\":[\"cloudshop.orders\"]}",
            "force_destroy": false,
            "id": "cloudshop-armando-events/cloudshop-armando-order-cancelled",
            "is_enabled": true,
            "name": "cloudshop-armando-order-cancelled",
            "name_prefix": "",
            "role_arn": "",
            "schedule_expression": "",
            "state": "ENABLED",
            "tags": {},
            "tags_all": {
              "Environment": "dev-armando",
              "ManagedBy": "Terraform",
              "Project": "CloudShop"
            }
          },
          "sensitive_attributes": [],
          "identity_schema_version": 0,
          "private": "eyJzY2hlbWFfdmVyc2lvbiI6IjEifQ==",
          "dependencies": [
            "module.eventbridge.aws_cloudwatch_event_bus.this"
          ]
        }
      ]
    },
    {
      "module": "module.eventbridge",
      "mode": "managed",
      "type": "aws_cloudwatch_event_rule",
      "name": "order_created",
      "provider": "provider[\"registry.terraform.io/hashicorp/aws\"]",
      "instances": [
        {
          "schema_version": 1,
          "attributes": {
            "arn": "arn:aws:events:us-east-1:970290366615:rule/cloudshop-armando-events/cloudshop-armando-order-created",
            "description": "",
            "event_bus_name": "cloudshop-armando-events",
            "event_pattern": "{\"detail-type\":[\"OrderCreated\"],\"source\":[\"cloudshop.orders\"]}",
            "force_destroy": false,
            "id": "cloudshop-armando-events/cloudshop-armando-order-created",
            "is_enabled": true,
            "name": "cloudshop-armando-order-created",
            "name_prefix": "",
            "role_arn": "",
            "schedule_expression": "",
            "state": "ENABLED",
            "tags": {},
            "tags_all": {
              "Environment": "dev-armando",
              "ManagedBy": "Terraform",
              "Project": "CloudShop"
            }
          },
          "sensitive_attributes": [],
          "identity_schema_version": 0,
          "private": "eyJzY2hlbWFfdmVyc2lvbiI6IjEifQ==",
          "dependencies": [
            "module.eventbridge.aws_cloudwatch_event_bus.this"
          ]
        }
      ]
    },
    {
      "module": "module.eventbridge",
      "mode": "managed",
      "type": "aws_cloudwatch_event_rule",
      "name": "order_status_changed",
      "provider": "provider[\"registry.terraform.io/hashicorp/aws\"]",
      "instances": [
        {
          "schema_version": 1,
          "attributes": {
            "arn": "arn:aws:events:us-east-1:970290366615:rule/cloudshop-armando-events/cloudshop-armando-order-status-changed",
            "description": "",
            "event_bus_name": "cloudshop-armando-events",
            "event_pattern": "{\"detail-type\":[\"OrderStatusChanged\"],\"source\":[\"cloudshop.orders\"]}",
            "force_destroy": false,
            "id": "cloudshop-armando-events/cloudshop-armando-order-status-changed",
            "is_enabled": true,
            "name": "cloudshop-armando-order-status-changed",
            "name_prefix": "",
            "role_arn": "",
            "schedule_expression": "",
            "state": "ENABLED",
            "tags": {},
            "tags_all": {
              "Environment": "dev-armando",
              "ManagedBy": "Terraform",
              "Project": "CloudShop"
            }
          },
          "sensitive_attributes": [],
          "identity_schema_version": 0,
          "private": "eyJzY2hlbWFfdmVyc2lvbiI6IjEifQ==",
          "dependencies": [
            "module.eventbridge.aws_cloudwatch_event_bus.this"
          ]
        }
      ]
    },
    {
      "module": "module.eventbridge",
      "mode": "managed",
      "type": "aws_cloudwatch_event_target",
      "name": "audit",
      "provider": "provider[\"registry.terraform.io/hashicorp/aws\"]",
      "instances": [
        {
          "index_key": "order_cancelled",
          "schema_version": 1,
          "attributes": {
            "appsync_target": [],
            "arn": "arn:aws:lambda:us-east-1:970290366615:function:cloudshop-armando-events-audit",
            "batch_target": [],
            "dead_letter_config": [],
            "ecs_target": [],
            "event_bus_name": "cloudshop-armando-events",
            "force_destroy": false,
            "http_target": [],
            "id": "cloudshop-armando-events-cloudshop-armando-order-cancelled-audit",
            "input": "",
            "input_path": "",
            "input_transformer": [],
            "kinesis_target": [],
            "redshift_target": [],
            "retry_policy": [],
            "role_arn": "",
            "rule": "cloudshop-armando-order-cancelled",
            "run_command_targets": [],
            "sagemaker_pipeline_target": [],
            "sqs_target": [],
            "target_id": "audit"
          },
          "sensitive_attributes": [],
          "identity_schema_version": 0,
          "private": "eyJzY2hlbWFfdmVyc2lvbiI6IjEifQ==",
          "dependencies": [
            "module.dynamodb.aws_dynamodb_table.audit",
            "module.dynamodb.aws_dynamodb_table.carts",
            "module.dynamodb.aws_dynamodb_table.orders",
            "module.dynamodb.aws_dynamodb_table.products",
            "module.dynamodb.aws_dynamodb_table.stores",
            "module.eventbridge.aws_cloudwatch_event_bus.this",
            "module.eventbridge.aws_cloudwatch_event_rule.order_cancelled",
            "module.eventbridge.aws_cloudwatch_event_rule.order_created",
            "module.eventbridge.aws_cloudwatch_event_rule.order_status_changed",
            "module.iam.aws_iam_role.audit",
            "module.iam.aws_iam_role.carts",
            "module.iam.aws_iam_role.dashboard",
            "module.iam.aws_iam_role.notifications",
            "module.iam.aws_iam_role.orders",
            "module.iam.aws_iam_role.products",
            "module.iam.aws_iam_role.stores",
            "module.iam.aws_iam_role.users",
            "module.iam.data.aws_iam_policy_document.lambda_assume_role",
            "module.lambdas.aws_cloudwatch_log_group.this",
            "module.lambdas.aws_lambda_function.this",
            "module.lambdas.data.archive_file.this",
            "module.lambdas.null_resource.copy_utils"
          ]
        },
        {
          "index_key": "order_created",
          "schema_version": 1,
          "attributes": {
            "appsync_target": [],
            "arn": "arn:aws:lambda:us-east-1:970290366615:function:cloudshop-armando-events-audit",
            "batch_target": [],
            "dead_letter_config": [],
            "ecs_target": [],
            "event_bus_name": "cloudshop-armando-events",
            "force_destroy": false,
            "http_target": [],
            "id": "cloudshop-armando-events-cloudshop-armando-order-created-audit",
            "input": "",
            "input_path": "",
            "input_transformer": [],
            "kinesis_target": [],
            "redshift_target": [],
            "retry_policy": [],
            "role_arn": "",
            "rule": "cloudshop-armando-order-created",
            "run_command_targets": [],
            "sagemaker_pipeline_target": [],
            "sqs_target": [],
            "target_id": "audit"
          },
          "sensitive_attributes": [],
          "identity_schema_version": 0,
          "private": "eyJzY2hlbWFfdmVyc2lvbiI6IjEifQ==",
          "dependencies": [
            "module.dynamodb.aws_dynamodb_table.audit",
            "module.dynamodb.aws_dynamodb_table.carts",
            "module.dynamodb.aws_dynamodb_table.orders",
            "module.dynamodb.aws_dynamodb_table.products",
            "module.dynamodb.aws_dynamodb_table.stores",
            "module.eventbridge.aws_cloudwatch_event_bus.this",
            "module.eventbridge.aws_cloudwatch_event_rule.order_cancelled",
            "module.eventbridge.aws_cloudwatch_event_rule.order_created",
            "module.eventbridge.aws_cloudwatch_event_rule.order_status_changed",
            "module.iam.aws_iam_role.audit",
            "module.iam.aws_iam_role.carts",
            "module.iam.aws_iam_role.dashboard",
            "module.iam.aws_iam_role.notifications",
            "module.iam.aws_iam_role.orders",
            "module.iam.aws_iam_role.products",
            "module.iam.aws_iam_role.stores",
            "module.iam.aws_iam_role.users",
            "module.iam.data.aws_iam_policy_document.lambda_assume_role",
            "module.lambdas.aws_cloudwatch_log_group.this",
            "module.lambdas.aws_lambda_function.this",
            "module.lambdas.data.archive_file.this",
            "module.lambdas.null_resource.copy_utils"
          ]
        },
        {
          "index_key": "order_status_changed",
          "schema_version": 1,
          "attributes": {
            "appsync_target": [],
            "arn": "arn:aws:lambda:us-east-1:970290366615:function:cloudshop-armando-events-audit",
            "batch_target": [],
            "dead_letter_config": [],
            "ecs_target": [],
            "event_bus_name": "cloudshop-armando-events",
            "force_destroy": false,
            "http_target": [],
            "id": "cloudshop-armando-events-cloudshop-armando-order-status-changed-audit",
            "input": "",
            "input_path": "",
            "input_transformer": [],
            "kinesis_target": [],
            "redshift_target": [],
            "retry_policy": [],
            "role_arn": "",
            "rule": "cloudshop-armando-order-status-changed",
            "run_command_targets": [],
            "sagemaker_pipeline_target": [],
            "sqs_target": [],
            "target_id": "audit"
          },
          "sensitive_attributes": [],
          "identity_schema_version": 0,
          "private": "eyJzY2hlbWFfdmVyc2lvbiI6IjEifQ==",
          "dependencies": [
            "module.dynamodb.aws_dynamodb_table.audit",
            "module.dynamodb.aws_dynamodb_table.carts",
            "module.dynamodb.aws_dynamodb_table.orders",
            "module.dynamodb.aws_dynamodb_table.products",
            "module.dynamodb.aws_dynamodb_table.stores",
            "module.eventbridge.aws_cloudwatch_event_bus.this",
            "module.eventbridge.aws_cloudwatch_event_rule.order_cancelled",
            "module.eventbridge.aws_cloudwatch_event_rule.order_created",
            "module.eventbridge.aws_cloudwatch_event_rule.order_status_changed",
            "module.iam.aws_iam_role.audit",
            "module.iam.aws_iam_role.carts",
            "module.iam.aws_iam_role.dashboard",
            "module.iam.aws_iam_role.notifications",
            "module.iam.aws_iam_role.orders",
            "module.iam.aws_iam_role.products",
            "module.iam.aws_iam_role.stores",
            "module.iam.aws_iam_role.users",
            "module.iam.data.aws_iam_policy_document.lambda_assume_role",
            "module.lambdas.aws_cloudwatch_log_group.this",
            "module.lambdas.aws_lambda_function.this",
            "module.lambdas.data.archive_file.this",
            "module.lambdas.null_resource.copy_utils"
          ]
        }
      ]
    },
    {
      "module": "module.eventbridge",
      "mode": "managed",
      "type": "aws_cloudwatch_event_target",
      "name": "notifications_order_created",
      "provider": "provider[\"registry.terraform.io/hashicorp/aws\"]",
      "instances": [
        {
          "schema_version": 1,
          "attributes": {
            "appsync_target": [],
            "arn": "arn:aws:lambda:us-east-1:970290366615:function:cloudshop-armando-notifications-send-order",
            "batch_target": [],
            "dead_letter_config": [],
            "ecs_target": [],
            "event_bus_name": "cloudshop-armando-events",
            "force_destroy": false,
            "http_target": [],
            "id": "cloudshop-armando-events-cloudshop-armando-order-created-notifications",
            "input": "",
            "input_path": "",
            "input_transformer": [
              {
                "input_paths": {
                  "customer_email": "$.detail.Email",
                  "customer_id": "$.detail.CustomerId",
                  "items": "$.detail.Items",
                  "order_id": "$.detail.OrderId",
                  "status": "$.detail.Status",
                  "total": "$.detail.Total"
                },
                "input_template": "{\r\n  \"body\": \"{\\\"order_id\\\": \\\"\u003corder_id\u003e\\\", \\\"customer_id\\\": \\\"\u003ccustomer_id\u003e\\\", \\\"customer_email\\\": \\\"\u003ccustomer_email\u003e\\\", \\\"items\\\": \u003citems\u003e, \\\"status\\\": \\\"\u003cstatus\u003e\\\", \\\"total\\\": \u003ctotal\u003e}\"\r\n}\r\n"
              }
            ],
            "kinesis_target": [],
            "redshift_target": [],
            "retry_policy": [],
            "role_arn": "",
            "rule": "cloudshop-armando-order-created",
            "run_command_targets": [],
            "sagemaker_pipeline_target": [],
            "sqs_target": [],
            "target_id": "notifications"
          },
          "sensitive_attributes": [],
          "identity_schema_version": 0,
          "private": "eyJzY2hlbWFfdmVyc2lvbiI6IjEifQ==",
          "dependencies": [
            "module.dynamodb.aws_dynamodb_table.audit",
            "module.dynamodb.aws_dynamodb_table.carts",
            "module.dynamodb.aws_dynamodb_table.orders",
            "module.dynamodb.aws_dynamodb_table.products",
            "module.dynamodb.aws_dynamodb_table.stores",
            "module.eventbridge.aws_cloudwatch_event_bus.this",
            "module.eventbridge.aws_cloudwatch_event_rule.order_created",
            "module.iam.aws_iam_role.audit",
            "module.iam.aws_iam_role.carts",
            "module.iam.aws_iam_role.dashboard",
            "module.iam.aws_iam_role.notifications",
            "module.iam.aws_iam_role.orders",
            "module.iam.aws_iam_role.products",
            "module.iam.aws_iam_role.stores",
            "module.iam.aws_iam_role.users",
            "module.iam.data.aws_iam_policy_document.lambda_assume_role",
            "module.lambdas.aws_cloudwatch_log_group.this",
            "module.lambdas.aws_lambda_function.this",
            "module.lambdas.data.archive_file.this",
            "module.lambdas.null_resource.copy_utils"
          ]
        }
      ]
    },
    {
      "module": "module.eventbridge",
      "mode": "managed",
      "type": "aws_lambda_permission",
      "name": "audit",
      "provider": "provider[\"registry.terraform.io/hashicorp/aws\"]",
      "instances": [
        {
          "index_key": "order_cancelled",
          "schema_version": 0,
          "attributes": {
            "action": "lambda:InvokeFunction",
            "event_source_token": null,
            "function_name": "cloudshop-armando-events-audit",
            "function_url_auth_type": null,
            "id": "AllowEventBridgeorder_cancelledAudit",
            "principal": "events.amazonaws.com",
            "principal_org_id": null,
            "qualifier": "",
            "source_account": null,
            "source_arn": "arn:aws:events:us-east-1:970290366615:rule/cloudshop-armando-events/cloudshop-armando-order-cancelled",
            "statement_id": "AllowEventBridgeorder_cancelledAudit",
            "statement_id_prefix": ""
          },
          "sensitive_attributes": [],
          "identity_schema_version": 0,
          "private": "bnVsbA==",
          "dependencies": [
            "module.dynamodb.aws_dynamodb_table.audit",
            "module.dynamodb.aws_dynamodb_table.carts",
            "module.dynamodb.aws_dynamodb_table.orders",
            "module.dynamodb.aws_dynamodb_table.products",
            "module.dynamodb.aws_dynamodb_table.stores",
            "module.eventbridge.aws_cloudwatch_event_bus.this",
            "module.eventbridge.aws_cloudwatch_event_rule.order_cancelled",
            "module.eventbridge.aws_cloudwatch_event_rule.order_created",
            "module.eventbridge.aws_cloudwatch_event_rule.order_status_changed",
            "module.iam.aws_iam_role.audit",
            "module.iam.aws_iam_role.carts",
            "module.iam.aws_iam_role.dashboard",
            "module.iam.aws_iam_role.notifications",
            "module.iam.aws_iam_role.orders",
            "module.iam.aws_iam_role.products",
            "module.iam.aws_iam_role.stores",
            "module.iam.aws_iam_role.users",
            "module.iam.data.aws_iam_policy_document.lambda_assume_role",
            "module.lambdas.aws_cloudwatch_log_group.this",
            "module.lambdas.aws_lambda_function.this",
            "module.lambdas.data.archive_file.this",
            "module.lambdas.null_resource.copy_utils"
          ]
        },
        {
          "index_key": "order_created",
          "schema_version": 0,
          "attributes": {
            "action": "lambda:InvokeFunction",
            "event_source_token": null,
            "function_name": "cloudshop-armando-events-audit",
            "function_url_auth_type": null,
            "id": "AllowEventBridgeorder_createdAudit",
            "principal": "events.amazonaws.com",
            "principal_org_id": null,
            "qualifier": "",
            "source_account": null,
            "source_arn": "arn:aws:events:us-east-1:970290366615:rule/cloudshop-armando-events/cloudshop-armando-order-created",
            "statement_id": "AllowEventBridgeorder_createdAudit",
            "statement_id_prefix": ""
          },
          "sensitive_attributes": [],
          "identity_schema_version": 0,
          "private": "bnVsbA==",
          "dependencies": [
            "module.dynamodb.aws_dynamodb_table.audit",
            "module.dynamodb.aws_dynamodb_table.carts",
            "module.dynamodb.aws_dynamodb_table.orders",
            "module.dynamodb.aws_dynamodb_table.products",
            "module.dynamodb.aws_dynamodb_table.stores",
            "module.eventbridge.aws_cloudwatch_event_bus.this",
            "module.eventbridge.aws_cloudwatch_event_rule.order_cancelled",
            "module.eventbridge.aws_cloudwatch_event_rule.order_created",
            "module.eventbridge.aws_cloudwatch_event_rule.order_status_changed",
            "module.iam.aws_iam_role.audit",
            "module.iam.aws_iam_role.carts",
            "module.iam.aws_iam_role.dashboard",
            "module.iam.aws_iam_role.notifications",
            "module.iam.aws_iam_role.orders",
            "module.iam.aws_iam_role.products",
            "module.iam.aws_iam_role.stores",
            "module.iam.aws_iam_role.users",
            "module.iam.data.aws_iam_policy_document.lambda_assume_role",
            "module.lambdas.aws_cloudwatch_log_group.this",
            "module.lambdas.aws_lambda_function.this",
            "module.lambdas.data.archive_file.this",
            "module.lambdas.null_resource.copy_utils"
          ]
        },
        {
          "index_key": "order_status_changed",
          "schema_version": 0,
          "attributes": {
            "action": "lambda:InvokeFunction",
            "event_source_token": null,
            "function_name": "cloudshop-armando-events-audit",
            "function_url_auth_type": null,
            "id": "AllowEventBridgeorder_status_changedAudit",
            "principal": "events.amazonaws.com",
            "principal_org_id": null,
            "qualifier": "",
            "source_account": null,
            "source_arn": "arn:aws:events:us-east-1:970290366615:rule/cloudshop-armando-events/cloudshop-armando-order-status-changed",
            "statement_id": "AllowEventBridgeorder_status_changedAudit",
            "statement_id_prefix": ""
          },
          "sensitive_attributes": [],
          "identity_schema_version": 0,
          "private": "bnVsbA==",
          "dependencies": [
            "module.dynamodb.aws_dynamodb_table.audit",
            "module.dynamodb.aws_dynamodb_table.carts",
            "module.dynamodb.aws_dynamodb_table.orders",
            "module.dynamodb.aws_dynamodb_table.products",
            "module.dynamodb.aws_dynamodb_table.stores",
            "module.eventbridge.aws_cloudwatch_event_bus.this",
            "module.eventbridge.aws_cloudwatch_event_rule.order_cancelled",
            "module.eventbridge.aws_cloudwatch_event_rule.order_created",
            "module.eventbridge.aws_cloudwatch_event_rule.order_status_changed",
            "module.iam.aws_iam_role.audit",
            "module.iam.aws_iam_role.carts",
            "module.iam.aws_iam_role.dashboard",
            "module.iam.aws_iam_role.notifications",
            "module.iam.aws_iam_role.orders",
            "module.iam.aws_iam_role.products",
            "module.iam.aws_iam_role.stores",
            "module.iam.aws_iam_role.users",
            "module.iam.data.aws_iam_policy_document.lambda_assume_role",
            "module.lambdas.aws_cloudwatch_log_group.this",
            "module.lambdas.aws_lambda_function.this",
            "module.lambdas.data.archive_file.this",
            "module.lambdas.null_resource.copy_utils"
          ]
        }
      ]
    },
    {
      "module": "module.eventbridge",
      "mode": "managed",
      "type": "aws_lambda_permission",
      "name": "notifications_order_created",
      "provider": "provider[\"registry.terraform.io/hashicorp/aws\"]",
      "instances": [
        {
          "schema_version": 0,
          "attributes": {
            "action": "lambda:InvokeFunction",
            "event_source_token": null,
            "function_name": "cloudshop-armando-notifications-send-order",
            "function_url_auth_type": null,
            "id": "AllowEventBridgeOrderCreatedNotifications",
            "principal": "events.amazonaws.com",
            "principal_org_id": null,
            "qualifier": "",
            "source_account": null,
            "source_arn": "arn:aws:events:us-east-1:970290366615:rule/cloudshop-armando-events/cloudshop-armando-order-created",
            "statement_id": "AllowEventBridgeOrderCreatedNotifications",
            "statement_id_prefix": ""
          },
          "sensitive_attributes": [],
          "identity_schema_version": 0,
          "private": "bnVsbA==",
          "dependencies": [
            "module.dynamodb.aws_dynamodb_table.audit",
            "module.dynamodb.aws_dynamodb_table.carts",
            "module.dynamodb.aws_dynamodb_table.orders",
            "module.dynamodb.aws_dynamodb_table.products",
            "module.dynamodb.aws_dynamodb_table.stores",
            "module.eventbridge.aws_cloudwatch_event_bus.this",
            "module.eventbridge.aws_cloudwatch_event_rule.order_created",
            "module.iam.aws_iam_role.audit",
            "module.iam.aws_iam_role.carts",
            "module.iam.aws_iam_role.dashboard",
            "module.iam.aws_iam_role.notifications",
            "module.iam.aws_iam_role.orders",
            "module.iam.aws_iam_role.products",
            "module.iam.aws_iam_role.stores",
            "module.iam.aws_iam_role.users",
            "module.iam.data.aws_iam_policy_document.lambda_assume_role",
            "module.lambdas.aws_cloudwatch_log_group.this",
            "module.lambdas.aws_lambda_function.this",
            "module.lambdas.data.archive_file.this",
            "module.lambdas.null_resource.copy_utils"
          ]
        }
      ]
    },
    {
      "module": "module.frontend_deploy",
      "mode": "managed",
      "type": "local_file",
      "name": "env_production",
      "provider": "provider[\"registry.terraform.io/hashicorp/local\"]",
      "instances": [
        {
          "schema_version": 0,
          "attributes": {
            "content": "VITE_API_URL=https://pe5etk8on8.execute-api.us-east-1.amazonaws.com/dev-armando\r\nVITE_COGNITO_USER_POOL_ID=us-east-1_s2wYaKTzb\r\nVITE_COGNITO_CLIENT_ID=583r1106663nt7iq83oatpc9sh\r\nVITE_AWS_REGION=us-east-1\r\n",
            "content_base64": null,
            "content_base64sha256": "SUcr1d+Vs2Ce0pUJn1Kgi3Qz0uoUw+r8uDFUkpj3Pm4=",
            "content_base64sha512": "lZIGKke79AyZ3Knto+MYFsi+Bf/EPP45RnXga6/8KEkn6x2BCSg/PwdevJpsTcOBUPOST0z+alpcSwvOOD0jDA==",
            "content_md5": "048c1e39138a8df7d0640a470817ec21",
            "content_sha1": "ed880026ba81d346cabd116398064e9a873d10b5",
            "content_sha256": "49472bd5df95b3609ed295099f52a08b7433d2ea14c3eafcb831549298f73e6e",
            "content_sha512": "9592062a47bbf40c99dca9eda3e31816c8be05ffc43cfe394675e06baffc284927eb1d8109283f3f075ebc9a6c4dc38150f3924f4cfe6a5a5c4b0bce383d230c",
            "directory_permission": "0777",
            "file_permission": "0777",
            "filename": "./frontend/.env.production",
            "id": "ed880026ba81d346cabd116398064e9a873d10b5",
            "sensitive_content": null,
            "source": null
          },
          "sensitive_attributes": [
            [
              {
                "type": "get_attr",
                "value": "sensitive_content"
              }
            ]
          ],
          "identity_schema_version": 0,
          "dependencies": [
            "module.api_gateway.aws_api_gateway_api_key.this",
            "module.api_gateway.aws_api_gateway_authorizer.cognito",
            "module.api_gateway.aws_api_gateway_deployment.this",
            "module.api_gateway.aws_api_gateway_integration.options",
            "module.api_gateway.aws_api_gateway_integration.route",
            "module.api_gateway.aws_api_gateway_integration_response.options",
            "module.api_gateway.aws_api_gateway_method.options",
            "module.api_gateway.aws_api_gateway_method.route",
            "module.api_gateway.aws_api_gateway_method_response.options",
            "module.api_gateway.aws_api_gateway_resource.audit",
            "module.api_gateway.aws_api_gateway_resource.carts",
            "module.api_gateway.aws_api_gateway_resource.carts_id",
            "module.api_gateway.aws_api_gateway_resource.carts_id_products",
            "module.api_gateway.aws_api_gateway_resource.carts_id_products_id",
            "module.api_gateway.aws_api_gateway_resource.dashboard",
            "module.api_gateway.aws_api_gateway_resource.orders",
            "module.api_gateway.aws_api_gateway_resource.orders_id",
            "module.api_gateway.aws_api_gateway_resource.products",
            "module.api_gateway.aws_api_gateway_resource.products_id",
            "module.api_gateway.aws_api_gateway_resource.registrations",
            "module.api_gateway.aws_api_gateway_resource.stores",
            "module.api_gateway.aws_api_gateway_resource.stores_id",
            "module.api_gateway.aws_api_gateway_resource.users",
            "module.api_gateway.aws_api_gateway_resource.users_id",
            "module.api_gateway.aws_api_gateway_rest_api.this",
            "module.api_gateway.aws_api_gateway_stage.this",
            "module.api_gateway.aws_api_gateway_usage_plan.this",
            "module.api_gateway.aws_api_gateway_usage_plan_key.this",
            "module.api_gateway.aws_lambda_permission.route",
            "module.cloudfront.aws_cloudfront_distribution.frontend",
            "module.cloudfront.aws_cloudfront_origin_access_control.frontend",
            "module.cloudfront.aws_s3_bucket_policy.frontend",
            "module.cloudfront.data.aws_iam_policy_document.frontend_oac",
            "module.cognito.aws_cognito_user_group.admin",
            "module.cognito.aws_cognito_user_group.cliente",
            "module.cognito.aws_cognito_user_group.operator",
            "module.cognito.aws_cognito_user_pool.users",
            "module.cognito.aws_cognito_user_pool_client.web",
            "module.dynamodb.aws_dynamodb_table.audit",
            "module.dynamodb.aws_dynamodb_table.carts",
            "module.dynamodb.aws_dynamodb_table.orders",
            "module.dynamodb.aws_dynamodb_table.products",
            "module.dynamodb.aws_dynamodb_table.stores",
            "module.iam.aws_iam_role.audit",
            "module.iam.aws_iam_role.carts",
            "module.iam.aws_iam_role.dashboard",
            "module.iam.aws_iam_role.notifications",
            "module.iam.aws_iam_role.orders",
            "module.iam.aws_iam_role.products",
            "module.iam.aws_iam_role.stores",
            "module.iam.aws_iam_role.users",
            "module.iam.data.aws_iam_policy_document.lambda_assume_role",
            "module.lambdas.aws_cloudwatch_log_group.this",
            "module.lambdas.aws_lambda_function.this",
            "module.lambdas.data.archive_file.this",
            "module.lambdas.null_resource.copy_utils",
            "module.s3.aws_s3_bucket.frontend",
            "module.s3.aws_s3_bucket_public_access_block.frontend",
            "module.s3.aws_s3_bucket_server_side_encryption_configuration.frontend",
            "module.s3.aws_s3_bucket_versioning.frontend",
            "module.s3.random_string.suffix",
            "module.waf.aws_wafv2_web_acl.cdn"
          ]
        }
      ]
    },
    {
      "module": "module.frontend_deploy",
      "mode": "managed",
      "type": "null_resource",
      "name": "cloudfront_invalidation",
      "provider": "provider[\"registry.terraform.io/hashicorp/null\"]",
      "instances": [
        {
          "schema_version": 0,
          "attributes": {
            "id": "4406568462523689803",
            "triggers": {
              "invalidation_trigger": "2026-07-26T05:53:56Z"
            }
          },
          "sensitive_attributes": [],
          "identity_schema_version": 0,
          "dependencies": [
            "module.api_gateway.aws_api_gateway_api_key.this",
            "module.api_gateway.aws_api_gateway_authorizer.cognito",
            "module.api_gateway.aws_api_gateway_deployment.this",
            "module.api_gateway.aws_api_gateway_integration.options",
            "module.api_gateway.aws_api_gateway_integration.route",
            "module.api_gateway.aws_api_gateway_integration_response.options",
            "module.api_gateway.aws_api_gateway_method.options",
            "module.api_gateway.aws_api_gateway_method.route",
            "module.api_gateway.aws_api_gateway_method_response.options",
            "module.api_gateway.aws_api_gateway_resource.audit",
            "module.api_gateway.aws_api_gateway_resource.carts",
            "module.api_gateway.aws_api_gateway_resource.carts_id",
            "module.api_gateway.aws_api_gateway_resource.carts_id_products",
            "module.api_gateway.aws_api_gateway_resource.carts_id_products_id",
            "module.api_gateway.aws_api_gateway_resource.dashboard",
            "module.api_gateway.aws_api_gateway_resource.orders",
            "module.api_gateway.aws_api_gateway_resource.orders_id",
            "module.api_gateway.aws_api_gateway_resource.products",
            "module.api_gateway.aws_api_gateway_resource.products_id",
            "module.api_gateway.aws_api_gateway_resource.registrations",
            "module.api_gateway.aws_api_gateway_resource.stores",
            "module.api_gateway.aws_api_gateway_resource.stores_id",
            "module.api_gateway.aws_api_gateway_resource.users",
            "module.api_gateway.aws_api_gateway_resource.users_id",
            "module.api_gateway.aws_api_gateway_rest_api.this",
            "module.api_gateway.aws_api_gateway_stage.this",
            "module.api_gateway.aws_api_gateway_usage_plan.this",
            "module.api_gateway.aws_api_gateway_usage_plan_key.this",
            "module.api_gateway.aws_lambda_permission.route",
            "module.cloudfront.aws_cloudfront_distribution.frontend",
            "module.cloudfront.aws_cloudfront_origin_access_control.frontend",
            "module.cloudfront.aws_s3_bucket_policy.frontend",
            "module.cloudfront.data.aws_iam_policy_document.frontend_oac",
            "module.cognito.aws_cognito_user_group.admin",
            "module.cognito.aws_cognito_user_group.cliente",
            "module.cognito.aws_cognito_user_group.operator",
            "module.cognito.aws_cognito_user_pool.users",
            "module.cognito.aws_cognito_user_pool_client.web",
            "module.dynamodb.aws_dynamodb_table.audit",
            "module.dynamodb.aws_dynamodb_table.carts",
            "module.dynamodb.aws_dynamodb_table.orders",
            "module.dynamodb.aws_dynamodb_table.products",
            "module.dynamodb.aws_dynamodb_table.stores",
            "module.frontend_deploy.local_file.env_production",
            "module.frontend_deploy.null_resource.frontend_build",
            "module.frontend_deploy.null_resource.s3_sync",
            "module.iam.aws_iam_role.audit",
            "module.iam.aws_iam_role.carts",
            "module.iam.aws_iam_role.dashboard",
            "module.iam.aws_iam_role.notifications",
            "module.iam.aws_iam_role.orders",
            "module.iam.aws_iam_role.products",
            "module.iam.aws_iam_role.stores",
            "module.iam.aws_iam_role.users",
            "module.iam.data.aws_iam_policy_document.lambda_assume_role",
            "module.lambdas.aws_cloudwatch_log_group.this",
            "module.lambdas.aws_lambda_function.this",
            "module.lambdas.data.archive_file.this",
            "module.lambdas.null_resource.copy_utils",
            "module.s3.aws_s3_bucket.frontend",
            "module.s3.aws_s3_bucket_public_access_block.frontend",
            "module.s3.aws_s3_bucket_server_side_encryption_configuration.frontend",
            "module.s3.aws_s3_bucket_versioning.frontend",
            "module.s3.random_string.suffix",
            "module.waf.aws_wafv2_web_acl.cdn"
          ]
        }
      ]
    },
    {
      "module": "module.frontend_deploy",
      "mode": "managed",
      "type": "null_resource",
      "name": "frontend_build",
      "provider": "provider[\"registry.terraform.io/hashicorp/null\"]",
      "instances": [
        {
          "schema_version": 0,
          "attributes": {
            "id": "5446843195634314602",
            "triggers": {
              "env_hash": "49472bd5df95b3609ed295099f52a08b7433d2ea14c3eafcb831549298f73e6e"
            }
          },
          "sensitive_attributes": [],
          "identity_schema_version": 0,
          "dependencies": [
            "module.api_gateway.aws_api_gateway_api_key.this",
            "module.api_gateway.aws_api_gateway_authorizer.cognito",
            "module.api_gateway.aws_api_gateway_deployment.this",
            "module.api_gateway.aws_api_gateway_integration.options",
            "module.api_gateway.aws_api_gateway_integration.route",
            "module.api_gateway.aws_api_gateway_integration_response.options",
            "module.api_gateway.aws_api_gateway_method.options",
            "module.api_gateway.aws_api_gateway_method.route",
            "module.api_gateway.aws_api_gateway_method_response.options",
            "module.api_gateway.aws_api_gateway_resource.audit",
            "module.api_gateway.aws_api_gateway_resource.carts",
            "module.api_gateway.aws_api_gateway_resource.carts_id",
            "module.api_gateway.aws_api_gateway_resource.carts_id_products",
            "module.api_gateway.aws_api_gateway_resource.carts_id_products_id",
            "module.api_gateway.aws_api_gateway_resource.dashboard",
            "module.api_gateway.aws_api_gateway_resource.orders",
            "module.api_gateway.aws_api_gateway_resource.orders_id",
            "module.api_gateway.aws_api_gateway_resource.products",
            "module.api_gateway.aws_api_gateway_resource.products_id",
            "module.api_gateway.aws_api_gateway_resource.registrations",
            "module.api_gateway.aws_api_gateway_resource.stores",
            "module.api_gateway.aws_api_gateway_resource.stores_id",
            "module.api_gateway.aws_api_gateway_resource.users",
            "module.api_gateway.aws_api_gateway_resource.users_id",
            "module.api_gateway.aws_api_gateway_rest_api.this",
            "module.api_gateway.aws_api_gateway_stage.this",
            "module.api_gateway.aws_api_gateway_usage_plan.this",
            "module.api_gateway.aws_api_gateway_usage_plan_key.this",
            "module.api_gateway.aws_lambda_permission.route",
            "module.cloudfront.aws_cloudfront_distribution.frontend",
            "module.cloudfront.aws_cloudfront_origin_access_control.frontend",
            "module.cloudfront.aws_s3_bucket_policy.frontend",
            "module.cloudfront.data.aws_iam_policy_document.frontend_oac",
            "module.cognito.aws_cognito_user_group.admin",
            "module.cognito.aws_cognito_user_group.cliente",
            "module.cognito.aws_cognito_user_group.operator",
            "module.cognito.aws_cognito_user_pool.users",
            "module.cognito.aws_cognito_user_pool_client.web",
            "module.dynamodb.aws_dynamodb_table.audit",
            "module.dynamodb.aws_dynamodb_table.carts",
            "module.dynamodb.aws_dynamodb_table.orders",
            "module.dynamodb.aws_dynamodb_table.products",
            "module.dynamodb.aws_dynamodb_table.stores",
            "module.frontend_deploy.local_file.env_production",
            "module.iam.aws_iam_role.audit",
            "module.iam.aws_iam_role.carts",
            "module.iam.aws_iam_role.dashboard",
            "module.iam.aws_iam_role.notifications",
            "module.iam.aws_iam_role.orders",
            "module.iam.aws_iam_role.products",
            "module.iam.aws_iam_role.stores",
            "module.iam.aws_iam_role.users",
            "module.iam.data.aws_iam_policy_document.lambda_assume_role",
            "module.lambdas.aws_cloudwatch_log_group.this",
            "module.lambdas.aws_lambda_function.this",
            "module.lambdas.data.archive_file.this",
            "module.lambdas.null_resource.copy_utils",
            "module.s3.aws_s3_bucket.frontend",
            "module.s3.aws_s3_bucket_public_access_block.frontend",
            "module.s3.aws_s3_bucket_server_side_encryption_configuration.frontend",
            "module.s3.aws_s3_bucket_versioning.frontend",
            "module.s3.random_string.suffix",
            "module.waf.aws_wafv2_web_acl.cdn"
          ]
        }
      ]
    },
    {
      "module": "module.frontend_deploy",
      "mode": "managed",
      "type": "null_resource",
      "name": "s3_sync",
      "provider": "provider[\"registry.terraform.io/hashicorp/null\"]",
      "instances": [
        {
          "schema_version": 0,
          "attributes": {
            "id": "631004345622113979",
            "triggers": {
              "build_timestamp": "2026-07-26T05:53:56Z"
            }
          },
          "sensitive_attributes": [],
          "identity_schema_version": 0,
          "dependencies": [
            "module.api_gateway.aws_api_gateway_api_key.this",
            "module.api_gateway.aws_api_gateway_authorizer.cognito",
            "module.api_gateway.aws_api_gateway_deployment.this",
            "module.api_gateway.aws_api_gateway_integration.options",
            "module.api_gateway.aws_api_gateway_integration.route",
            "module.api_gateway.aws_api_gateway_integration_response.options",
            "module.api_gateway.aws_api_gateway_method.options",
            "module.api_gateway.aws_api_gateway_method.route",
            "module.api_gateway.aws_api_gateway_method_response.options",
            "module.api_gateway.aws_api_gateway_resource.audit",
            "module.api_gateway.aws_api_gateway_resource.carts",
            "module.api_gateway.aws_api_gateway_resource.carts_id",
            "module.api_gateway.aws_api_gateway_resource.carts_id_products",
            "module.api_gateway.aws_api_gateway_resource.carts_id_products_id",
            "module.api_gateway.aws_api_gateway_resource.dashboard",
            "module.api_gateway.aws_api_gateway_resource.orders",
            "module.api_gateway.aws_api_gateway_resource.orders_id",
            "module.api_gateway.aws_api_gateway_resource.products",
            "module.api_gateway.aws_api_gateway_resource.products_id",
            "module.api_gateway.aws_api_gateway_resource.registrations",
            "module.api_gateway.aws_api_gateway_resource.stores",
            "module.api_gateway.aws_api_gateway_resource.stores_id",
            "module.api_gateway.aws_api_gateway_resource.users",
            "module.api_gateway.aws_api_gateway_resource.users_id",
            "module.api_gateway.aws_api_gateway_rest_api.this",
            "module.api_gateway.aws_api_gateway_stage.this",
            "module.api_gateway.aws_api_gateway_usage_plan.this",
            "module.api_gateway.aws_api_gateway_usage_plan_key.this",
            "module.api_gateway.aws_lambda_permission.route",
            "module.cloudfront.aws_cloudfront_distribution.frontend",
            "module.cloudfront.aws_cloudfront_origin_access_control.frontend",
            "module.cloudfront.aws_s3_bucket_policy.frontend",
            "module.cloudfront.data.aws_iam_policy_document.frontend_oac",
            "module.cognito.aws_cognito_user_group.admin",
            "module.cognito.aws_cognito_user_group.cliente",
            "module.cognito.aws_cognito_user_group.operator",
            "module.cognito.aws_cognito_user_pool.users",
            "module.cognito.aws_cognito_user_pool_client.web",
            "module.dynamodb.aws_dynamodb_table.audit",
            "module.dynamodb.aws_dynamodb_table.carts",
            "module.dynamodb.aws_dynamodb_table.orders",
            "module.dynamodb.aws_dynamodb_table.products",
            "module.dynamodb.aws_dynamodb_table.stores",
            "module.frontend_deploy.local_file.env_production",
            "module.frontend_deploy.null_resource.frontend_build",
            "module.iam.aws_iam_role.audit",
            "module.iam.aws_iam_role.carts",
            "module.iam.aws_iam_role.dashboard",
            "module.iam.aws_iam_role.notifications",
            "module.iam.aws_iam_role.orders",
            "module.iam.aws_iam_role.products",
            "module.iam.aws_iam_role.stores",
            "module.iam.aws_iam_role.users",
            "module.iam.data.aws_iam_policy_document.lambda_assume_role",
            "module.lambdas.aws_cloudwatch_log_group.this",
            "module.lambdas.aws_lambda_function.this",
            "module.lambdas.data.archive_file.this",
            "module.lambdas.null_resource.copy_utils",
            "module.s3.aws_s3_bucket.frontend",
            "module.s3.aws_s3_bucket_public_access_block.frontend",
            "module.s3.aws_s3_bucket_server_side_encryption_configuration.frontend",
            "module.s3.aws_s3_bucket_versioning.frontend",
            "module.s3.random_string.suffix",
            "module.waf.aws_wafv2_web_acl.cdn"
          ]
        }
      ]
    },
    {
      "module": "module.iam",
      "mode": "data",
      "type": "aws_iam_policy_document",
      "name": "lambda_assume_role",
      "provider": "provider[\"registry.terraform.io/hashicorp/aws\"]",
      "instances": [
        {
          "schema_version": 0,
          "attributes": {
            "id": "2690255455",
            "json": "{\n  \"Version\": \"2012-10-17\",\n  \"Statement\": [\n    {\n      \"Effect\": \"Allow\",\n      \"Action\": \"sts:AssumeRole\",\n      \"Principal\": {\n        \"Service\": \"lambda.amazonaws.com\"\n      }\n    }\n  ]\n}",
            "minified_json": "{\"Version\":\"2012-10-17\",\"Statement\":[{\"Effect\":\"Allow\",\"Action\":\"sts:AssumeRole\",\"Principal\":{\"Service\":\"lambda.amazonaws.com\"}}]}",
            "override_json": null,
            "override_policy_documents": null,
            "policy_id": null,
            "source_json": null,
            "source_policy_documents": null,
            "statement": [
              {
                "actions": [
                  "sts:AssumeRole"
                ],
                "condition": [],
                "effect": "Allow",
                "not_actions": [],
                "not_principals": [],
                "not_resources": [],
                "principals": [
                  {
                    "identifiers": [
                      "lambda.amazonaws.com"
                    ],
                    "type": "Service"
                  }
                ],
                "resources": [],
                "sid": ""
              }
            ],
            "version": "2012-10-17"
          },
          "sensitive_attributes": [],
          "identity_schema_version": 0
        }
      ]
    },
    {
      "module": "module.iam",
      "mode": "managed",
      "type": "aws_iam_role",
      "name": "audit",
      "provider": "provider[\"registry.terraform.io/hashicorp/aws\"]",
      "instances": [
        {
          "schema_version": 0,
          "attributes": {
            "arn": "arn:aws:iam::970290366615:role/cloudshop/cloudshop-armando-lambda-audit",
            "assume_role_policy": "{\"Statement\":[{\"Action\":\"sts:AssumeRole\",\"Effect\":\"Allow\",\"Principal\":{\"Service\":\"lambda.amazonaws.com\"}}],\"Version\":\"2012-10-17\"}",
            "create_date": "2026-07-26T05:01:02Z",
            "description": "",
            "force_detach_policies": false,
            "id": "cloudshop-armando-lambda-audit",
            "inline_policy": [
              {
                "name": "cloudshop-armando-audit-policy",
                "policy": "{\"Version\":\"2012-10-17\",\"Statement\":[{\"Action\":[\"dynamodb:PutItem\",\"dynamodb:Query\",\"dynamodb:Scan\"],\"Effect\":\"Allow\",\"Resource\":[\"arn:aws:dynamodb:us-east-1:970290366615:table/cloudshop-armando-audit\"]}]}"
              }
            ],
            "managed_policy_arns": [
              "arn:aws:iam::aws:policy/service-role/AWSLambdaBasicExecutionRole"
            ],
            "max_session_duration": 3600,
            "name": "cloudshop-armando-lambda-audit",
            "name_prefix": "",
            "path": "/cloudshop/",
            "permissions_boundary": "",
            "tags": {},
            "tags_all": {
              "Environment": "dev-armando",
              "ManagedBy": "Terraform",
              "Project": "CloudShop"
            },
            "unique_id": "AROA6D2OQBCLVRGAHJMC4"
          },
          "sensitive_attributes": [],
          "identity_schema_version": 0,
          "private": "bnVsbA==",
          "dependencies": [
            "module.iam.data.aws_iam_policy_document.lambda_assume_role"
          ],
          "create_before_destroy": true
        }
      ]
    },
    {
      "module": "module.iam",
      "mode": "managed",
      "type": "aws_iam_role",
      "name": "carts",
      "provider": "provider[\"registry.terraform.io/hashicorp/aws\"]",
      "instances": [
        {
          "schema_version": 0,
          "attributes": {
            "arn": "arn:aws:iam::970290366615:role/cloudshop/cloudshop-armando-lambda-carts",
            "assume_role_policy": "{\"Statement\":[{\"Action\":\"sts:AssumeRole\",\"Effect\":\"Allow\",\"Principal\":{\"Service\":\"lambda.amazonaws.com\"}}],\"Version\":\"2012-10-17\"}",
            "create_date": "2026-07-26T05:01:01Z",
            "description": "",
            "force_detach_policies": false,
            "id": "cloudshop-armando-lambda-carts",
            "inline_policy": [
              {
                "name": "cloudshop-armando-carts-policy",
                "policy": "{\"Version\":\"2012-10-17\",\"Statement\":[{\"Action\":[\"dynamodb:GetItem\",\"dynamodb:PutItem\",\"dynamodb:UpdateItem\",\"dynamodb:DeleteItem\"],\"Effect\":\"Allow\",\"Resource\":[\"arn:aws:dynamodb:us-east-1:970290366615:table/cloudshop-armando-carts\"]},{\"Action\":[\"ssm:GetParameter\"],\"Effect\":\"Allow\",\"Resource\":[\"arn:aws:ssm:us-east-1:*:parameter/cloudshop/eventbus/name\"]}]}"
              }
            ],
            "managed_policy_arns": [
              "arn:aws:iam::aws:policy/service-role/AWSLambdaBasicExecutionRole"
            ],
            "max_session_duration": 3600,
            "name": "cloudshop-armando-lambda-carts",
            "name_prefix": "",
            "path": "/cloudshop/",
            "permissions_boundary": "",
            "tags": {},
            "tags_all": {
              "Environment": "dev-armando",
              "ManagedBy": "Terraform",
              "Project": "CloudShop"
            },
            "unique_id": "AROA6D2OQBCLUU5X2CXU2"
          },
          "sensitive_attributes": [],
          "identity_schema_version": 0,
          "private": "bnVsbA==",
          "dependencies": [
            "module.iam.data.aws_iam_policy_document.lambda_assume_role"
          ],
          "create_before_destroy": true
        }
      ]
    },
    {
      "module": "module.iam",
      "mode": "managed",
      "type": "aws_iam_role",
      "name": "dashboard",
      "provider": "provider[\"registry.terraform.io/hashicorp/aws\"]",
      "instances": [
        {
          "schema_version": 0,
          "attributes": {
            "arn": "arn:aws:iam::970290366615:role/cloudshop/cloudshop-armando-lambda-dashboard",
            "assume_role_policy": "{\"Statement\":[{\"Action\":\"sts:AssumeRole\",\"Effect\":\"Allow\",\"Principal\":{\"Service\":\"lambda.amazonaws.com\"}}],\"Version\":\"2012-10-17\"}",
            "create_date": "2026-07-26T05:01:01Z",
            "description": "",
            "force_detach_policies": false,
            "id": "cloudshop-armando-lambda-dashboard",
            "inline_policy": [
              {
                "name": "cloudshop-armando-dashboard-policy",
                "policy": "{\"Version\":\"2012-10-17\",\"Statement\":[{\"Action\":[\"dynamodb:GetItem\",\"dynamodb:Query\",\"dynamodb:Scan\"],\"Effect\":\"Allow\",\"Resource\":[\"arn:aws:dynamodb:us-east-1:970290366615:table/cloudshop-armando-orders\",\"arn:aws:dynamodb:us-east-1:970290366615:table/cloudshop-armando-orders/index/*\",\"arn:aws:dynamodb:us-east-1:970290366615:table/cloudshop-armando-products\"]}]}"
              }
            ],
            "managed_policy_arns": [
              "arn:aws:iam::aws:policy/service-role/AWSLambdaBasicExecutionRole"
            ],
            "max_session_duration": 3600,
            "name": "cloudshop-armando-lambda-dashboard",
            "name_prefix": "",
            "path": "/cloudshop/",
            "permissions_boundary": "",
            "tags": {},
            "tags_all": {
              "Environment": "dev-armando",
              "ManagedBy": "Terraform",
              "Project": "CloudShop"
            },
            "unique_id": "AROA6D2OQBCLV7KUKJGIW"
          },
          "sensitive_attributes": [],
          "identity_schema_version": 0,
          "private": "bnVsbA==",
          "dependencies": [
            "module.iam.data.aws_iam_policy_document.lambda_assume_role"
          ],
          "create_before_destroy": true
        }
      ]
    },
    {
      "module": "module.iam",
      "mode": "managed",
      "type": "aws_iam_role",
      "name": "notifications",
      "provider": "provider[\"registry.terraform.io/hashicorp/aws\"]",
      "instances": [
        {
          "schema_version": 0,
          "attributes": {
            "arn": "arn:aws:iam::970290366615:role/cloudshop/cloudshop-armando-lambda-notifications",
            "assume_role_policy": "{\"Statement\":[{\"Action\":\"sts:AssumeRole\",\"Effect\":\"Allow\",\"Principal\":{\"Service\":\"lambda.amazonaws.com\"}}],\"Version\":\"2012-10-17\"}",
            "create_date": "2026-07-26T05:01:01Z",
            "description": "",
            "force_detach_policies": false,
            "id": "cloudshop-armando-lambda-notifications",
            "inline_policy": [
              {
                "name": "cloudshop-armando-notifications-policy",
                "policy": "{\"Version\":\"2012-10-17\",\"Statement\":[{\"Action\":[\"ssm:GetParameter\",\"ssm:GetParameters\"],\"Effect\":\"Allow\",\"Resource\":[\"arn:aws:ssm:us-east-1:*:parameter/app/ses/*\"]},{\"Action\":[\"ses:SendTemplatedEmail\"],\"Effect\":\"Allow\",\"Resource\":[\"*\"]}]}"
              }
            ],
            "managed_policy_arns": [
              "arn:aws:iam::aws:policy/service-role/AWSLambdaBasicExecutionRole"
            ],
            "max_session_duration": 3600,
            "name": "cloudshop-armando-lambda-notifications",
            "name_prefix": "",
            "path": "/cloudshop/",
            "permissions_boundary": "",
            "tags": {},
            "tags_all": {
              "Environment": "dev-armando",
              "ManagedBy": "Terraform",
              "Project": "CloudShop"
            },
            "unique_id": "AROA6D2OQBCL6SY6P2QB6"
          },
          "sensitive_attributes": [],
          "identity_schema_version": 0,
          "private": "bnVsbA==",
          "dependencies": [
            "module.iam.data.aws_iam_policy_document.lambda_assume_role"
          ],
          "create_before_destroy": true
        }
      ]
    },
    {
      "module": "module.iam",
      "mode": "managed",
      "type": "aws_iam_role",
      "name": "orders",
      "provider": "provider[\"registry.terraform.io/hashicorp/aws\"]",
      "instances": [
        {
          "schema_version": 0,
          "attributes": {
            "arn": "arn:aws:iam::970290366615:role/cloudshop/cloudshop-armando-lambda-orders",
            "assume_role_policy": "{\"Statement\":[{\"Action\":\"sts:AssumeRole\",\"Effect\":\"Allow\",\"Principal\":{\"Service\":\"lambda.amazonaws.com\"}}],\"Version\":\"2012-10-17\"}",
            "create_date": "2026-07-26T05:01:02Z",
            "description": "",
            "force_detach_policies": false,
            "id": "cloudshop-armando-lambda-orders",
            "inline_policy": [
              {
                "name": "cloudshop-armando-orders-policy",
                "policy": "{\"Version\":\"2012-10-17\",\"Statement\":[{\"Action\":[\"dynamodb:GetItem\",\"dynamodb:PutItem\",\"dynamodb:UpdateItem\",\"dynamodb:DeleteItem\",\"dynamodb:Query\",\"dynamodb:Scan\"],\"Effect\":\"Allow\",\"Resource\":[\"arn:aws:dynamodb:us-east-1:970290366615:table/cloudshop-armando-orders\",\"arn:aws:dynamodb:us-east-1:970290366615:table/cloudshop-armando-orders/index/*\",\"arn:aws:dynamodb:us-east-1:970290366615:table/cloudshop-armando-products\",\"arn:aws:dynamodb:us-east-1:970290366615:table/cloudshop-armando-carts\"]},{\"Action\":[\"events:PutEvents\"],\"Effect\":\"Allow\",\"Resource\":[\"arn:aws:events:us-east-1:970290366615:event-bus/cloudshop-armando-events\"]}]}"
              }
            ],
            "managed_policy_arns": [
              "arn:aws:iam::aws:policy/service-role/AWSLambdaBasicExecutionRole"
            ],
            "max_session_duration": 3600,
            "name": "cloudshop-armando-lambda-orders",
            "name_prefix": "",
            "path": "/cloudshop/",
            "permissions_boundary": "",
            "tags": {},
            "tags_all": {
              "Environment": "dev-armando",
              "ManagedBy": "Terraform",
              "Project": "CloudShop"
            },
            "unique_id": "AROA6D2OQBCL33SOZELD3"
          },
          "sensitive_attributes": [],
          "identity_schema_version": 0,
          "private": "bnVsbA==",
          "dependencies": [
            "module.iam.data.aws_iam_policy_document.lambda_assume_role"
          ],
          "create_before_destroy": true
        }
      ]
    },
    {
      "module": "module.iam",
      "mode": "managed",
      "type": "aws_iam_role",
      "name": "products",
      "provider": "provider[\"registry.terraform.io/hashicorp/aws\"]",
      "instances": [
        {
          "schema_version": 0,
          "attributes": {
            "arn": "arn:aws:iam::970290366615:role/cloudshop/cloudshop-armando-lambda-products",
            "assume_role_policy": "{\"Statement\":[{\"Action\":\"sts:AssumeRole\",\"Effect\":\"Allow\",\"Principal\":{\"Service\":\"lambda.amazonaws.com\"}}],\"Version\":\"2012-10-17\"}",
            "create_date": "2026-07-26T05:01:01Z",
            "description": "",
            "force_detach_policies": false,
            "id": "cloudshop-armando-lambda-products",
            "inline_policy": [
              {
                "name": "cloudshop-armando-products-policy",
                "policy": "{\"Version\":\"2012-10-17\",\"Statement\":[{\"Action\":[\"dynamodb:GetItem\",\"dynamodb:PutItem\",\"dynamodb:UpdateItem\",\"dynamodb:DeleteItem\",\"dynamodb:Query\",\"dynamodb:Scan\"],\"Effect\":\"Allow\",\"Resource\":[\"arn:aws:dynamodb:us-east-1:970290366615:table/cloudshop-armando-products\"]},{\"Action\":[\"ssm:GetParameter\"],\"Effect\":\"Allow\",\"Resource\":[\"arn:aws:ssm:us-east-1:*:parameter/cloudshop/eventbus/name\"]}]}"
              }
            ],
            "managed_policy_arns": [
              "arn:aws:iam::aws:policy/service-role/AWSLambdaBasicExecutionRole"
            ],
            "max_session_duration": 3600,
            "name": "cloudshop-armando-lambda-products",
            "name_prefix": "",
            "path": "/cloudshop/",
            "permissions_boundary": "",
            "tags": {},
            "tags_all": {
              "Environment": "dev-armando",
              "ManagedBy": "Terraform",
              "Project": "CloudShop"
            },
            "unique_id": "AROA6D2OQBCLTRRXE3JKZ"
          },
          "sensitive_attributes": [],
          "identity_schema_version": 0,
          "private": "bnVsbA==",
          "dependencies": [
            "module.iam.data.aws_iam_policy_document.lambda_assume_role"
          ],
          "create_before_destroy": true
        }
      ]
    },
    {
      "module": "module.iam",
      "mode": "managed",
      "type": "aws_iam_role",
      "name": "stores",
      "provider": "provider[\"registry.terraform.io/hashicorp/aws\"]",
      "instances": [
        {
          "schema_version": 0,
          "attributes": {
            "arn": "arn:aws:iam::970290366615:role/cloudshop/cloudshop-armando-lambda-stores",
            "assume_role_policy": "{\"Statement\":[{\"Action\":\"sts:AssumeRole\",\"Effect\":\"Allow\",\"Principal\":{\"Service\":\"lambda.amazonaws.com\"}}],\"Version\":\"2012-10-17\"}",
            "create_date": "2026-07-26T05:01:01Z",
            "description": "",
            "force_detach_policies": false,
            "id": "cloudshop-armando-lambda-stores",
            "inline_policy": [
              {
                "name": "cloudshop-armando-stores-policy",
                "policy": "{\"Version\":\"2012-10-17\",\"Statement\":[{\"Action\":[\"dynamodb:GetItem\",\"dynamodb:PutItem\",\"dynamodb:UpdateItem\",\"dynamodb:DeleteItem\",\"dynamodb:Query\",\"dynamodb:Scan\"],\"Effect\":\"Allow\",\"Resource\":[\"arn:aws:dynamodb:us-east-1:970290366615:table/cloudshop-armando-stores\"]},{\"Action\":[\"ssm:GetParameter\"],\"Effect\":\"Allow\",\"Resource\":[\"arn:aws:ssm:us-east-1:*:parameter/cloudshop/eventbus/name\"]}]}"
              }
            ],
            "managed_policy_arns": [
              "arn:aws:iam::aws:policy/service-role/AWSLambdaBasicExecutionRole"
            ],
            "max_session_duration": 3600,
            "name": "cloudshop-armando-lambda-stores",
            "name_prefix": "",
            "path": "/cloudshop/",
            "permissions_boundary": "",
            "tags": {},
            "tags_all": {
              "Environment": "dev-armando",
              "ManagedBy": "Terraform",
              "Project": "CloudShop"
            },
            "unique_id": "AROA6D2OQBCLSBWHJEVRR"
          },
          "sensitive_attributes": [],
          "identity_schema_version": 0,
          "private": "bnVsbA==",
          "dependencies": [
            "module.iam.data.aws_iam_policy_document.lambda_assume_role"
          ],
          "create_before_destroy": true
        }
      ]
    },
    {
      "module": "module.iam",
      "mode": "managed",
      "type": "aws_iam_role",
      "name": "users",
      "provider": "provider[\"registry.terraform.io/hashicorp/aws\"]",
      "instances": [
        {
          "schema_version": 0,
          "attributes": {
            "arn": "arn:aws:iam::970290366615:role/cloudshop/cloudshop-armando-lambda-users",
            "assume_role_policy": "{\"Statement\":[{\"Action\":\"sts:AssumeRole\",\"Effect\":\"Allow\",\"Principal\":{\"Service\":\"lambda.amazonaws.com\"}}],\"Version\":\"2012-10-17\"}",
            "create_date": "2026-07-26T05:01:02Z",
            "description": "",
            "force_detach_policies": false,
            "id": "cloudshop-armando-lambda-users",
            "inline_policy": [
              {
                "name": "cloudshop-armando-users-policy",
                "policy": "{\"Version\":\"2012-10-17\",\"Statement\":[{\"Action\":[\"ssm:GetParameter\",\"ssm:GetParameters\"],\"Effect\":\"Allow\",\"Resource\":[\"arn:aws:ssm:us-east-1:*:parameter/app/cognito/*\"]},{\"Action\":[\"ssm:GetParameter\"],\"Effect\":\"Allow\",\"Resource\":[\"arn:aws:ssm:us-east-1:*:parameter/cloudshop/eventbus/name\"]},{\"Action\":[\"cognito-idp:AdminCreateUser\",\"cognito-idp:AdminGetUser\",\"cognito-idp:AdminUpdateUserAttributes\",\"cognito-idp:AdminSetUserPassword\",\"cognito-idp:AdminDisableUser\",\"cognito-idp:AdminDeleteUser\",\"cognito-idp:AdminAddUserToGroup\",\"cognito-idp:ListUsers\"],\"Effect\":\"Allow\",\"Resource\":[\"arn:aws:cognito-idp:us-east-1:970290366615:userpool/us-east-1_s2wYaKTzb\"]}]}"
              }
            ],
            "managed_policy_arns": [
              "arn:aws:iam::aws:policy/service-role/AWSLambdaBasicExecutionRole"
            ],
            "max_session_duration": 3600,
            "name": "cloudshop-armando-lambda-users",
            "name_prefix": "",
            "path": "/cloudshop/",
            "permissions_boundary": "",
            "tags": {},
            "tags_all": {
              "Environment": "dev-armando",
              "ManagedBy": "Terraform",
              "Project": "CloudShop"
            },
            "unique_id": "AROA6D2OQBCLR647DBA76"
          },
          "sensitive_attributes": [],
          "identity_schema_version": 0,
          "private": "bnVsbA==",
          "dependencies": [
            "module.iam.data.aws_iam_policy_document.lambda_assume_role"
          ],
          "create_before_destroy": true
        }
      ]
    },
    {
      "module": "module.iam",
      "mode": "managed",
      "type": "aws_iam_role_policy",
      "name": "audit",
      "provider": "provider[\"registry.terraform.io/hashicorp/aws\"]",
      "instances": [
        {
          "schema_version": 0,
          "attributes": {
            "id": "cloudshop-armando-lambda-audit:cloudshop-armando-audit-policy",
            "name": "cloudshop-armando-audit-policy",
            "name_prefix": "",
            "policy": "{\"Version\":\"2012-10-17\",\"Statement\":[{\"Action\":[\"dynamodb:PutItem\",\"dynamodb:Query\",\"dynamodb:Scan\"],\"Effect\":\"Allow\",\"Resource\":[\"arn:aws:dynamodb:us-east-1:970290366615:table/cloudshop-armando-audit\"]}]}",
            "role": "cloudshop-armando-lambda-audit"
          },
          "sensitive_attributes": [],
          "identity_schema_version": 0,
          "private": "bnVsbA==",
          "dependencies": [
            "module.dynamodb.aws_dynamodb_table.audit",
            "module.dynamodb.aws_dynamodb_table.carts",
            "module.dynamodb.aws_dynamodb_table.orders",
            "module.dynamodb.aws_dynamodb_table.products",
            "module.dynamodb.aws_dynamodb_table.stores",
            "module.iam.aws_iam_role.audit",
            "module.iam.data.aws_iam_policy_document.lambda_assume_role"
          ]
        }
      ]
    },
    {
      "module": "module.iam",
      "mode": "managed",
      "type": "aws_iam_role_policy",
      "name": "carts",
      "provider": "provider[\"registry.terraform.io/hashicorp/aws\"]",
      "instances": [
        {
          "schema_version": 0,
          "attributes": {
            "id": "cloudshop-armando-lambda-carts:cloudshop-armando-carts-policy",
            "name": "cloudshop-armando-carts-policy",
            "name_prefix": "",
            "policy": "{\"Version\":\"2012-10-17\",\"Statement\":[{\"Action\":[\"dynamodb:GetItem\",\"dynamodb:PutItem\",\"dynamodb:UpdateItem\",\"dynamodb:DeleteItem\"],\"Effect\":\"Allow\",\"Resource\":[\"arn:aws:dynamodb:us-east-1:970290366615:table/cloudshop-armando-carts\"]},{\"Action\":[\"ssm:GetParameter\"],\"Effect\":\"Allow\",\"Resource\":[\"arn:aws:ssm:us-east-1:*:parameter/cloudshop/eventbus/name\"]}]}",
            "role": "cloudshop-armando-lambda-carts"
          },
          "sensitive_attributes": [],
          "identity_schema_version": 0,
          "private": "bnVsbA==",
          "dependencies": [
            "module.dynamodb.aws_dynamodb_table.audit",
            "module.dynamodb.aws_dynamodb_table.carts",
            "module.dynamodb.aws_dynamodb_table.orders",
            "module.dynamodb.aws_dynamodb_table.products",
            "module.dynamodb.aws_dynamodb_table.stores",
            "module.iam.aws_iam_role.carts",
            "module.iam.data.aws_iam_policy_document.lambda_assume_role"
          ]
        }
      ]
    },
    {
      "module": "module.iam",
      "mode": "managed",
      "type": "aws_iam_role_policy",
      "name": "dashboard",
      "provider": "provider[\"registry.terraform.io/hashicorp/aws\"]",
      "instances": [
        {
          "schema_version": 0,
          "attributes": {
            "id": "cloudshop-armando-lambda-dashboard:cloudshop-armando-dashboard-policy",
            "name": "cloudshop-armando-dashboard-policy",
            "name_prefix": "",
            "policy": "{\"Version\":\"2012-10-17\",\"Statement\":[{\"Action\":[\"dynamodb:GetItem\",\"dynamodb:Query\",\"dynamodb:Scan\"],\"Effect\":\"Allow\",\"Resource\":[\"arn:aws:dynamodb:us-east-1:970290366615:table/cloudshop-armando-orders\",\"arn:aws:dynamodb:us-east-1:970290366615:table/cloudshop-armando-orders/index/*\",\"arn:aws:dynamodb:us-east-1:970290366615:table/cloudshop-armando-products\"]}]}",
            "role": "cloudshop-armando-lambda-dashboard"
          },
          "sensitive_attributes": [],
          "identity_schema_version": 0,
          "private": "bnVsbA==",
          "dependencies": [
            "module.dynamodb.aws_dynamodb_table.audit",
            "module.dynamodb.aws_dynamodb_table.carts",
            "module.dynamodb.aws_dynamodb_table.orders",
            "module.dynamodb.aws_dynamodb_table.products",
            "module.dynamodb.aws_dynamodb_table.stores",
            "module.iam.aws_iam_role.dashboard",
            "module.iam.data.aws_iam_policy_document.lambda_assume_role"
          ]
        }
      ]
    },
    {
      "module": "module.iam",
      "mode": "managed",
      "type": "aws_iam_role_policy",
      "name": "notifications",
      "provider": "provider[\"registry.terraform.io/hashicorp/aws\"]",
      "instances": [
        {
          "schema_version": 0,
          "attributes": {
            "id": "cloudshop-armando-lambda-notifications:cloudshop-armando-notifications-policy",
            "name": "cloudshop-armando-notifications-policy",
            "name_prefix": "",
            "policy": "{\"Version\":\"2012-10-17\",\"Statement\":[{\"Action\":[\"ssm:GetParameter\",\"ssm:GetParameters\"],\"Effect\":\"Allow\",\"Resource\":[\"arn:aws:ssm:us-east-1:*:parameter/app/ses/*\"]},{\"Action\":[\"ses:SendTemplatedEmail\"],\"Effect\":\"Allow\",\"Resource\":[\"*\"]}]}",
            "role": "cloudshop-armando-lambda-notifications"
          },
          "sensitive_attributes": [],
          "identity_schema_version": 0,
          "private": "bnVsbA==",
          "dependencies": [
            "module.iam.aws_iam_role.notifications",
            "module.iam.data.aws_iam_policy_document.lambda_assume_role"
          ]
        }
      ]
    },
    {
      "module": "module.iam",
      "mode": "managed",
      "type": "aws_iam_role_policy",
      "name": "orders",
      "provider": "provider[\"registry.terraform.io/hashicorp/aws\"]",
      "instances": [
        {
          "schema_version": 0,
          "attributes": {
            "id": "cloudshop-armando-lambda-orders:cloudshop-armando-orders-policy",
            "name": "cloudshop-armando-orders-policy",
            "name_prefix": "",
            "policy": "{\"Version\":\"2012-10-17\",\"Statement\":[{\"Action\":[\"dynamodb:GetItem\",\"dynamodb:PutItem\",\"dynamodb:UpdateItem\",\"dynamodb:DeleteItem\",\"dynamodb:Query\",\"dynamodb:Scan\"],\"Effect\":\"Allow\",\"Resource\":[\"arn:aws:dynamodb:us-east-1:970290366615:table/cloudshop-armando-orders\",\"arn:aws:dynamodb:us-east-1:970290366615:table/cloudshop-armando-orders/index/*\",\"arn:aws:dynamodb:us-east-1:970290366615:table/cloudshop-armando-products\",\"arn:aws:dynamodb:us-east-1:970290366615:table/cloudshop-armando-carts\"]},{\"Action\":[\"events:PutEvents\"],\"Effect\":\"Allow\",\"Resource\":[\"arn:aws:events:us-east-1:970290366615:event-bus/cloudshop-armando-events\"]}]}",
            "role": "cloudshop-armando-lambda-orders"
          },
          "sensitive_attributes": [],
          "identity_schema_version": 0,
          "private": "bnVsbA==",
          "dependencies": [
            "data.aws_caller_identity.current",
            "module.dynamodb.aws_dynamodb_table.audit",
            "module.dynamodb.aws_dynamodb_table.carts",
            "module.dynamodb.aws_dynamodb_table.orders",
            "module.dynamodb.aws_dynamodb_table.products",
            "module.dynamodb.aws_dynamodb_table.stores",
            "module.iam.aws_iam_role.orders",
            "module.iam.data.aws_iam_policy_document.lambda_assume_role"
          ]
        }
      ]
    },
    {
      "module": "module.iam",
      "mode": "managed",
      "type": "aws_iam_role_policy",
      "name": "products",
      "provider": "provider[\"registry.terraform.io/hashicorp/aws\"]",
      "instances": [
        {
          "schema_version": 0,
          "attributes": {
            "id": "cloudshop-armando-lambda-products:cloudshop-armando-products-policy",
            "name": "cloudshop-armando-products-policy",
            "name_prefix": "",
            "policy": "{\"Version\":\"2012-10-17\",\"Statement\":[{\"Action\":[\"dynamodb:GetItem\",\"dynamodb:PutItem\",\"dynamodb:UpdateItem\",\"dynamodb:DeleteItem\",\"dynamodb:Query\",\"dynamodb:Scan\"],\"Effect\":\"Allow\",\"Resource\":[\"arn:aws:dynamodb:us-east-1:970290366615:table/cloudshop-armando-products\"]},{\"Action\":[\"ssm:GetParameter\"],\"Effect\":\"Allow\",\"Resource\":[\"arn:aws:ssm:us-east-1:*:parameter/cloudshop/eventbus/name\"]}]}",
            "role": "cloudshop-armando-lambda-products"
          },
          "sensitive_attributes": [],
          "identity_schema_version": 0,
          "private": "bnVsbA==",
          "dependencies": [
            "module.dynamodb.aws_dynamodb_table.audit",
            "module.dynamodb.aws_dynamodb_table.carts",
            "module.dynamodb.aws_dynamodb_table.orders",
            "module.dynamodb.aws_dynamodb_table.products",
            "module.dynamodb.aws_dynamodb_table.stores",
            "module.iam.aws_iam_role.products",
            "module.iam.data.aws_iam_policy_document.lambda_assume_role"
          ]
        }
      ]
    },
    {
      "module": "module.iam",
      "mode": "managed",
      "type": "aws_iam_role_policy",
      "name": "stores",
      "provider": "provider[\"registry.terraform.io/hashicorp/aws\"]",
      "instances": [
        {
          "schema_version": 0,
          "attributes": {
            "id": "cloudshop-armando-lambda-stores:cloudshop-armando-stores-policy",
            "name": "cloudshop-armando-stores-policy",
            "name_prefix": "",
            "policy": "{\"Version\":\"2012-10-17\",\"Statement\":[{\"Action\":[\"dynamodb:GetItem\",\"dynamodb:PutItem\",\"dynamodb:UpdateItem\",\"dynamodb:DeleteItem\",\"dynamodb:Query\",\"dynamodb:Scan\"],\"Effect\":\"Allow\",\"Resource\":[\"arn:aws:dynamodb:us-east-1:970290366615:table/cloudshop-armando-stores\"]},{\"Action\":[\"ssm:GetParameter\"],\"Effect\":\"Allow\",\"Resource\":[\"arn:aws:ssm:us-east-1:*:parameter/cloudshop/eventbus/name\"]}]}",
            "role": "cloudshop-armando-lambda-stores"
          },
          "sensitive_attributes": [],
          "identity_schema_version": 0,
          "private": "bnVsbA==",
          "dependencies": [
            "module.dynamodb.aws_dynamodb_table.audit",
            "module.dynamodb.aws_dynamodb_table.carts",
            "module.dynamodb.aws_dynamodb_table.orders",
            "module.dynamodb.aws_dynamodb_table.products",
            "module.dynamodb.aws_dynamodb_table.stores",
            "module.iam.aws_iam_role.stores",
            "module.iam.data.aws_iam_policy_document.lambda_assume_role"
          ]
        }
      ]
    },
    {
      "module": "module.iam",
      "mode": "managed",
      "type": "aws_iam_role_policy",
      "name": "users",
      "provider": "provider[\"registry.terraform.io/hashicorp/aws\"]",
      "instances": [
        {
          "schema_version": 0,
          "attributes": {
            "id": "cloudshop-armando-lambda-users:cloudshop-armando-users-policy",
            "name": "cloudshop-armando-users-policy",
            "name_prefix": "",
            "policy": "{\"Version\":\"2012-10-17\",\"Statement\":[{\"Action\":[\"ssm:GetParameter\",\"ssm:GetParameters\"],\"Effect\":\"Allow\",\"Resource\":[\"arn:aws:ssm:us-east-1:*:parameter/app/cognito/*\"]},{\"Action\":[\"ssm:GetParameter\"],\"Effect\":\"Allow\",\"Resource\":[\"arn:aws:ssm:us-east-1:*:parameter/cloudshop/eventbus/name\"]},{\"Action\":[\"cognito-idp:AdminCreateUser\",\"cognito-idp:AdminGetUser\",\"cognito-idp:AdminUpdateUserAttributes\",\"cognito-idp:AdminSetUserPassword\",\"cognito-idp:AdminDisableUser\",\"cognito-idp:AdminDeleteUser\",\"cognito-idp:AdminAddUserToGroup\",\"cognito-idp:ListUsers\"],\"Effect\":\"Allow\",\"Resource\":[\"arn:aws:cognito-idp:us-east-1:970290366615:userpool/us-east-1_s2wYaKTzb\"]}]}",
            "role": "cloudshop-armando-lambda-users"
          },
          "sensitive_attributes": [],
          "identity_schema_version": 0,
          "private": "bnVsbA==",
          "dependencies": [
            "module.cognito.aws_cognito_user_pool.users",
            "module.iam.aws_iam_role.users",
            "module.iam.data.aws_iam_policy_document.lambda_assume_role"
          ]
        }
      ]
    },
    {
      "module": "module.iam",
      "mode": "managed",
      "type": "aws_iam_role_policy_attachment",
      "name": "logs",
      "provider": "provider[\"registry.terraform.io/hashicorp/aws\"]",
      "instances": [
        {
          "index_key": "audit",
          "schema_version": 0,
          "attributes": {
            "id": "cloudshop-armando-lambda-audit-20260726050106849800000007",
            "policy_arn": "arn:aws:iam::aws:policy/service-role/AWSLambdaBasicExecutionRole",
            "role": "cloudshop-armando-lambda-audit"
          },
          "sensitive_attributes": [],
          "identity_schema_version": 0,
          "private": "bnVsbA==",
          "dependencies": [
            "module.iam.aws_iam_role.audit",
            "module.iam.aws_iam_role.carts",
            "module.iam.aws_iam_role.dashboard",
            "module.iam.aws_iam_role.notifications",
            "module.iam.aws_iam_role.orders",
            "module.iam.aws_iam_role.products",
            "module.iam.aws_iam_role.stores",
            "module.iam.aws_iam_role.users",
            "module.iam.data.aws_iam_policy_document.lambda_assume_role"
          ]
        },
        {
          "index_key": "carts",
          "schema_version": 0,
          "attributes": {
            "id": "cloudshop-armando-lambda-carts-20260726050106609100000005",
            "policy_arn": "arn:aws:iam::aws:policy/service-role/AWSLambdaBasicExecutionRole",
            "role": "cloudshop-armando-lambda-carts"
          },
          "sensitive_attributes": [],
          "identity_schema_version": 0,
          "private": "bnVsbA==",
          "dependencies": [
            "module.iam.aws_iam_role.audit",
            "module.iam.aws_iam_role.carts",
            "module.iam.aws_iam_role.dashboard",
            "module.iam.aws_iam_role.notifications",
            "module.iam.aws_iam_role.orders",
            "module.iam.aws_iam_role.products",
            "module.iam.aws_iam_role.stores",
            "module.iam.aws_iam_role.users",
            "module.iam.data.aws_iam_policy_document.lambda_assume_role"
          ]
        },
        {
          "index_key": "dashboard",
          "schema_version": 0,
          "attributes": {
            "id": "cloudshop-armando-lambda-dashboard-20260726050106593900000004",
            "policy_arn": "arn:aws:iam::aws:policy/service-role/AWSLambdaBasicExecutionRole",
            "role": "cloudshop-armando-lambda-dashboard"
          },
          "sensitive_attributes": [],
          "identity_schema_version": 0,
          "private": "bnVsbA==",
          "dependencies": [
            "module.iam.aws_iam_role.audit",
            "module.iam.aws_iam_role.carts",
            "module.iam.aws_iam_role.dashboard",
            "module.iam.aws_iam_role.notifications",
            "module.iam.aws_iam_role.orders",
            "module.iam.aws_iam_role.products",
            "module.iam.aws_iam_role.stores",
            "module.iam.aws_iam_role.users",
            "module.iam.data.aws_iam_policy_document.lambda_assume_role"
          ]
        },
        {
          "index_key": "notifications",
          "schema_version": 0,
          "attributes": {
            "id": "cloudshop-armando-lambda-notifications-20260726050106742900000006",
            "policy_arn": "arn:aws:iam::aws:policy/service-role/AWSLambdaBasicExecutionRole",
            "role": "cloudshop-armando-lambda-notifications"
          },
          "sensitive_attributes": [],
          "identity_schema_version": 0,
          "private": "bnVsbA==",
          "dependencies": [
            "module.iam.aws_iam_role.audit",
            "module.iam.aws_iam_role.carts",
            "module.iam.aws_iam_role.dashboard",
            "module.iam.aws_iam_role.notifications",
            "module.iam.aws_iam_role.orders",
            "module.iam.aws_iam_role.products",
            "module.iam.aws_iam_role.stores",
            "module.iam.aws_iam_role.users",
            "module.iam.data.aws_iam_policy_document.lambda_assume_role"
          ]
        },
        {
          "index_key": "orders",
          "schema_version": 0,
          "attributes": {
            "id": "cloudshop-armando-lambda-orders-20260726050106572100000003",
            "policy_arn": "arn:aws:iam::aws:policy/service-role/AWSLambdaBasicExecutionRole",
            "role": "cloudshop-armando-lambda-orders"
          },
          "sensitive_attributes": [],
          "identity_schema_version": 0,
          "private": "bnVsbA==",
          "dependencies": [
            "module.iam.aws_iam_role.audit",
            "module.iam.aws_iam_role.carts",
            "module.iam.aws_iam_role.dashboard",
            "module.iam.aws_iam_role.notifications",
            "module.iam.aws_iam_role.orders",
            "module.iam.aws_iam_role.products",
            "module.iam.aws_iam_role.stores",
            "module.iam.aws_iam_role.users",
            "module.iam.data.aws_iam_policy_document.lambda_assume_role"
          ]
        },
        {
          "index_key": "products",
          "schema_version": 0,
          "attributes": {
            "id": "cloudshop-armando-lambda-products-20260726050106881500000008",
            "policy_arn": "arn:aws:iam::aws:policy/service-role/AWSLambdaBasicExecutionRole",
            "role": "cloudshop-armando-lambda-products"
          },
          "sensitive_attributes": [],
          "identity_schema_version": 0,
          "private": "bnVsbA==",
          "dependencies": [
            "module.iam.aws_iam_role.audit",
            "module.iam.aws_iam_role.carts",
            "module.iam.aws_iam_role.dashboard",
            "module.iam.aws_iam_role.notifications",
            "module.iam.aws_iam_role.orders",
            "module.iam.aws_iam_role.products",
            "module.iam.aws_iam_role.stores",
            "module.iam.aws_iam_role.users",
            "module.iam.data.aws_iam_policy_document.lambda_assume_role"
          ]
        },
        {
          "index_key": "stores",
          "schema_version": 0,
          "attributes": {
            "id": "cloudshop-armando-lambda-stores-20260726050106313700000001",
            "policy_arn": "arn:aws:iam::aws:policy/service-role/AWSLambdaBasicExecutionRole",
            "role": "cloudshop-armando-lambda-stores"
          },
          "sensitive_attributes": [],
          "identity_schema_version": 0,
          "private": "bnVsbA==",
          "dependencies": [
            "module.iam.aws_iam_role.audit",
            "module.iam.aws_iam_role.carts",
            "module.iam.aws_iam_role.dashboard",
            "module.iam.aws_iam_role.notifications",
            "module.iam.aws_iam_role.orders",
            "module.iam.aws_iam_role.products",
            "module.iam.aws_iam_role.stores",
            "module.iam.aws_iam_role.users",
            "module.iam.data.aws_iam_policy_document.lambda_assume_role"
          ]
        },
        {
          "index_key": "users",
          "schema_version": 0,
          "attributes": {
            "id": "cloudshop-armando-lambda-users-20260726050106354400000002",
            "policy_arn": "arn:aws:iam::aws:policy/service-role/AWSLambdaBasicExecutionRole",
            "role": "cloudshop-armando-lambda-users"
          },
          "sensitive_attributes": [],
          "identity_schema_version": 0,
          "private": "bnVsbA==",
          "dependencies": [
            "module.iam.aws_iam_role.audit",
            "module.iam.aws_iam_role.carts",
            "module.iam.aws_iam_role.dashboard",
            "module.iam.aws_iam_role.notifications",
            "module.iam.aws_iam_role.orders",
            "module.iam.aws_iam_role.products",
            "module.iam.aws_iam_role.stores",
            "module.iam.aws_iam_role.users",
            "module.iam.data.aws_iam_policy_document.lambda_assume_role"
          ]
        }
      ]
    },
    {
      "module": "module.lambdas",
      "mode": "data",
      "type": "archive_file",
      "name": "this",
      "provider": "provider[\"registry.terraform.io/hashicorp/archive\"]",
      "instances": [
        {
          "index_key": "audit_get",
          "schema_version": 0,
          "attributes": {
            "exclude_symlink_directories": null,
            "excludes": null,
            "id": "f935f7b945df41493449614b58cea6aabaa3792e",
            "output_base64sha256": "rqi5AYAWExg9L7Qe/lTEIMky1dVKF0PRvefkdpQiqJg=",
            "output_base64sha512": "X9Ht4olO8v/FGhFLwC+FAZpEDz37zDbCEpeVjW+1mBYEB04Byp+M6OncJ1nVjL8d4EwWfLRGPYFlM3xrBgfJRQ==",
            "output_file_mode": null,
            "output_md5": "bcafd3240db09045547db04ec176022e",
            "output_path": "./.terraform-build/audit_get.zip",
            "output_sha": "f935f7b945df41493449614b58cea6aabaa3792e",
            "output_sha256": "aea8b901801613183d2fb41efe54c420c932d5d54a1743d1bde7e4769422a898",
            "output_sha512": "5fd1ede2894ef2ffc51a114bc02f85019a440f3dfbcc36c21297958d6fb5981604074e01ca9f8ce8e9dc2759d58cbf1de04c167cb4463d8165337c6b0607c945",
            "output_size": 1640,
            "source": [],
            "source_content": null,
            "source_content_filename": null,
            "source_dir": "./backend/lambdas/audit/get_audit_logs",
            "source_file": null,
            "type": "zip"
          },
          "sensitive_attributes": [],
          "identity_schema_version": 0
        },
        {
          "index_key": "carts_add_product",
          "schema_version": 0,
          "attributes": {
            "exclude_symlink_directories": null,
            "excludes": null,
            "id": "6fe4dfc963c4d851ec5e565c1ec972057a1509ca",
            "output_base64sha256": "6vxqSBllM1k4XA4y4+Qv5iqgmmwbJZIwx7KXjZSiDlI=",
            "output_base64sha512": "w+nPlChzGw2/07L+a2sRWDRjraqnZDhM/bS8KXF//wTqoxKDytSWMk+NMVZ+cpuFZf1q92rltU+lxyZ00KvsqA==",
            "output_file_mode": null,
            "output_md5": "e6df0702f217a9b527e1534b27dd233a",
            "output_path": "./.terraform-build/carts_add_product.zip",
            "output_sha": "6fe4dfc963c4d851ec5e565c1ec972057a1509ca",
            "output_sha256": "eafc6a4819653359385c0e32e3e42fe62aa09a6c1b259230c7b2978d94a20e52",
            "output_sha512": "c3e9cf9428731b0dbfd3b2fe6b6b11583463adaaa764384cfdb4bc29717fff04eaa31283cad496324f8d31567e729b8565fd6af76ae5b54fa5c72674d0abeca8",
            "output_size": 7096,
            "source": [],
            "source_content": null,
            "source_content_filename": null,
            "source_dir": "./backend/lambdas/carts/add_product",
            "source_file": null,
            "type": "zip"
          },
          "sensitive_attributes": [],
          "identity_schema_version": 0
        },
        {
          "index_key": "carts_clear",
          "schema_version": 0,
          "attributes": {
            "exclude_symlink_directories": null,
            "excludes": null,
            "id": "d3eb99ed7bece0bdf5659a3ec999be688c6e3eea",
            "output_base64sha256": "y99DZCH2SEQ2BCshHml+GVbToSLhPY0kPN4z538c25s=",
            "output_base64sha512": "XEC0eYjX+HKLFZCKmKKB2cZWmlfztoTz6NefDlZqh151oQdxPaNuw2IGIB/GXe+OB6s456KPdF+kFCyojuH+BA==",
            "output_file_mode": null,
            "output_md5": "9e4e084ac88bdbaab159151673a953ba",
            "output_path": "./.terraform-build/carts_clear.zip",
            "output_sha": "d3eb99ed7bece0bdf5659a3ec999be688c6e3eea",
            "output_sha256": "cbdf436421f6484436042b211e697e1956d3a122e13d8d243cde33e77f1cdb9b",
            "output_sha512": "5c40b47988d7f8728b15908a98a281d9c6569a57f3b684f3e8d79f0e566a875e75a107713da36ec36206201fc65def8e07ab38e7a28f745fa4142ca88ee1fe04",
            "output_size": 5809,
            "source": [],
            "source_content": null,
            "source_content_filename": null,
            "source_dir": "./backend/lambdas/carts/clear_cart",
            "source_file": null,
            "type": "zip"
          },
          "sensitive_attributes": [],
          "identity_schema_version": 0
        },
        {
          "index_key": "carts_get",
          "schema_version": 0,
          "attributes": {
            "exclude_symlink_directories": null,
            "excludes": null,
            "id": "0ab555630773642292a137e1e191ca8aebd13894",
            "output_base64sha256": "OtGTvuxbiLvO5NRUfOSPZKWjVKBaq9AmaGYDT4Uj4qg=",
            "output_base64sha512": "VvbR83ACMUu7xUWK6Dh32Xs8JCAm7O+OuedfInOGAVsMP1eHVusR5F1zXeEeFCvDiC/iD4Z5rP6kEaRbw16t4A==",
            "output_file_mode": null,
            "output_md5": "b6a0b5474078e26ac735211bbe446fd3",
            "output_path": "./.terraform-build/carts_get.zip",
            "output_sha": "0ab555630773642292a137e1e191ca8aebd13894",
            "output_sha256": "3ad193beec5b88bbcee4d4547ce48f64a5a354a05aabd0266866034f8523e2a8",
            "output_sha512": "56f6d1f37002314bbbc5458ae83877d97b3c242026ecef8eb9e75f227386015b0c3f578756eb11e45d735de11e142bc3882fe20f8679acfea411a45bc35eade0",
            "output_size": 886,
            "source": [],
            "source_content": null,
            "source_content_filename": null,
            "source_dir": "./backend/lambdas/carts/get_cart",
            "source_file": null,
            "type": "zip"
          },
          "sensitive_attributes": [],
          "identity_schema_version": 0
        },
        {
          "index_key": "carts_modify_quantity",
          "schema_version": 0,
          "attributes": {
            "exclude_symlink_directories": null,
            "excludes": null,
            "id": "57a13ae7fe23b0b7e3c24f89a28713b3d4b77e13",
            "output_base64sha256": "cA83kbdLBAVNfa1jChannxxt9hIxDQfwBUV0KowT/V4=",
            "output_base64sha512": "XWRd2l1yh+1P0bHf2X5CoZ1E/cBUrBk59nxbSceOOIRZtZsWq9kNkbh1qUJD7iRdh3KbN/PEp7z15aKyEqe0HA==",
            "output_file_mode": null,
            "output_md5": "b8028601013a97d5d9b36e2cfbb4cccc",
            "output_path": "./.terraform-build/carts_modify_quantity.zip",
            "output_sha": "57a13ae7fe23b0b7e3c24f89a28713b3d4b77e13",
            "output_sha256": "700f3791b74b04054d7dad630a16a79f1c6df612310d07f00545742a8c13fd5e",
            "output_sha512": "5d645dda5d7287ed4fd1b1dfd97e42a19d44fdc054ac1939f67c5b49c78e388459b59b16abd90d91b875a94243ee245d87729b37f3c4a7bcf5e5a2b212a7b41c",
            "output_size": 6960,
            "source": [],
            "source_content": null,
            "source_content_filename": null,
            "source_dir": "./backend/lambdas/carts/modify_quantity",
            "source_file": null,
            "type": "zip"
          },
          "sensitive_attributes": [],
          "identity_schema_version": 0
        },
        {
          "index_key": "carts_remove_product",
          "schema_version": 0,
          "attributes": {
            "exclude_symlink_directories": null,
            "excludes": null,
            "id": "abcb33921a9a1abfeacb27b19c28d3d020bc716e",
            "output_base64sha256": "r+spHiDNck/j29QV5hF9e2n33l4/xH4SIAr94tDv6U0=",
            "output_base64sha512": "c0afLecWUIdy7EuEnfAf781JhJH8nkK49G/npQ2xCJf98I5xhyng6BR6PAO1lLB2bucDPPnhgPGiGB+nHVUXFw==",
            "output_file_mode": null,
            "output_md5": "24673ede9c33cc6bda9ca11a9fcbcfdd",
            "output_path": "./.terraform-build/carts_remove_product.zip",
            "output_sha": "abcb33921a9a1abfeacb27b19c28d3d020bc716e",
            "output_sha256": "afeb291e20cd724fe3dbd415e6117d7b69f7de5e3fc47e12200afde2d0efe94d",
            "output_sha512": "73469f2de716508772ec4b849df01fefcd498491fc9e42b8f46fe7a50db10897fdf08e718729e0e8147a3c03b594b0766ee7033cf9e180f1a2181fa71d551717",
            "output_size": 7004,
            "source": [],
            "source_content": null,
            "source_content_filename": null,
            "source_dir": "./backend/lambdas/carts/remove_product",
            "source_file": null,
            "type": "zip"
          },
          "sensitive_attributes": [],
          "identity_schema_version": 0
        },
        {
          "index_key": "dashboard_get",
          "schema_version": 0,
          "attributes": {
            "exclude_symlink_directories": null,
            "excludes": null,
            "id": "0edfe181b0fb0ff33365f7b2959fbd7bb8f6176b",
            "output_base64sha256": "2+R3hw1wJ7k7+AwgEwECBRHwNgupOOENNknrP8QVPrs=",
            "output_base64sha512": "jmlPeXnn9IyV9l07kc1PmGBuRbFJrassQYnB5R3wcx1eKUULsRe+nCFuDro4PFvZSIZPkDIGZLDJrviT6wUdsQ==",
            "output_file_mode": null,
            "output_md5": "fb49ce6b174248477d32df5985d7ca01",
            "output_path": "./.terraform-build/dashboard_get.zip",
            "output_sha": "0edfe181b0fb0ff33365f7b2959fbd7bb8f6176b",
            "output_sha256": "dbe477870d7027b93bf80c201301020511f0360ba938e10d3649eb3fc4153ebb",
            "output_sha512": "8e694f7979e7f48c95f65d3b91cd4f98606e45b149adab2c4189c1e51df0731d5e29450bb117be9c216e0eba383c5bd948864f90320664b0c9aef893eb051db1",
            "output_size": 1933,
            "source": [],
            "source_content": null,
            "source_content_filename": null,
            "source_dir": "./backend/lambdas/dashboard/get_dashboard",
            "source_file": null,
            "type": "zip"
          },
          "sensitive_attributes": [],
          "identity_schema_version": 0
        },
        {
          "index_key": "events_audit",
          "schema_version": 0,
          "attributes": {
            "exclude_symlink_directories": null,
            "excludes": null,
            "id": "1725e55ddcb5ee3b46102879df0811b21a92cec3",
            "output_base64sha256": "rwT8xCQ8ZRysyME9DI5y4OUU1KSGogcvv0kIimx1/JI=",
            "output_base64sha512": "2m0H4ibAiYHW+5QHAvZqDIaC/OpeWOueBVUfRxjdvWWnwcPbIBt1X2/zkBMUgYps2BQ2kTh07vBGMLUZuVCLEg==",
            "output_file_mode": null,
            "output_md5": "6bfb7462d50d6c590a5d7a12c590e4e7",
            "output_path": "./.terraform-build/events_audit.zip",
            "output_sha": "1725e55ddcb5ee3b46102879df0811b21a92cec3",
            "output_sha256": "af04fcc4243c651cacc8c13d0c8e72e0e514d4a486a2072fbf49088a6c75fc92",
            "output_sha512": "da6d07e226c08981d6fb940702f66a0c8682fcea5e58eb9e05551f4718ddbd65a7c1c3db201b755f6ff3901314818a6cd81436913874eef04630b519b9508b12",
            "output_size": 4997,
            "source": [],
            "source_content": null,
            "source_content_filename": null,
            "source_dir": "./backend/lambdas/events/audit_handler",
            "source_file": null,
            "type": "zip"
          },
          "sensitive_attributes": [],
          "identity_schema_version": 0
        },
        {
          "index_key": "notifications_send_order",
          "schema_version": 0,
          "attributes": {
            "exclude_symlink_directories": null,
            "excludes": null,
            "id": "f0cd5af1501b61f8acdce167142fd13ad91c2b73",
            "output_base64sha256": "cuUf+ZDJxbSb/bZNXgRXrI2XPZo+22vHiKtuGoGoDXI=",
            "output_base64sha512": "H8gKoFar/yftpDM/xdW+LnDKV9RXDbvzglgcaNFUSDpwsBzF3HMpligaaVa05qYBn3GzkJE0zn/48X2vN1E6rw==",
            "output_file_mode": null,
            "output_md5": "79f6dc46ab0f1bbfdf4a8888b4d68709",
            "output_path": "./.terraform-build/notifications_send_order.zip",
            "output_sha": "f0cd5af1501b61f8acdce167142fd13ad91c2b73",
            "output_sha256": "72e51ff990c9c5b49bfdb64d5e0457ac8d973d9a3edb6bc788ab6e1a81a80d72",
            "output_sha512": "1fc80aa056abff27eda4333fc5d5be2e70ca57d4570dbbf382581c68d154483a70b01cc5dc732996281a6956b4e6a6019f71b3909134ce7ff8f17daf37513aaf",
            "output_size": 5906,
            "source": [],
            "source_content": null,
            "source_content_filename": null,
            "source_dir": "./backend/lambdas/notifications/send-order-notification",
            "source_file": null,
            "type": "zip"
          },
          "sensitive_attributes": [],
          "identity_schema_version": 0
        },
        {
          "index_key": "orders_cancel",
          "schema_version": 0,
          "attributes": {
            "exclude_symlink_directories": null,
            "excludes": null,
            "id": "df5ed81aa18f866bcfbcbaf6fc539a45916f4425",
            "output_base64sha256": "atb+rpDT6T+1MMOGTVybx1Z0O763cOPUmQF7BycrlNk=",
            "output_base64sha512": "qd24Ymani/gytrNN8hMdnbacxf6qiW0kd3Vfv1bXw7Jgk6Q6Pb3WBL4UhJ1njQCykvy7y+2HcALoUo8MfpgdrA==",
            "output_file_mode": null,
            "output_md5": "b032abf29eaa9aba4949d9a19e1e874d",
            "output_path": "./.terraform-build/orders_cancel.zip",
            "output_sha": "df5ed81aa18f866bcfbcbaf6fc539a45916f4425",
            "output_sha256": "6ad6feae90d3e93fb530c3864d5c9bc756743bbeb770e3d499017b07272b94d9",
            "output_sha512": "a9ddb86266a78bf832b6b34df2131d9db69cc5feaa896d2477755fbf56d7c3b26093a43a3dbdd604be14849d678d00b292fcbbcbed877002e8528f0c7e981dac",
            "output_size": 5229,
            "source": [],
            "source_content": null,
            "source_content_filename": null,
            "source_dir": "./backend/lambdas/orders/cancel_order",
            "source_file": null,
            "type": "zip"
          },
          "sensitive_attributes": [],
          "identity_schema_version": 0
        },
        {
          "index_key": "orders_create",
          "schema_version": 0,
          "attributes": {
            "exclude_symlink_directories": null,
            "excludes": null,
            "id": "a0e403ff74314fe4244baa866078a593159bacb0",
            "output_base64sha256": "MbFk1atjHeHp7YRBOrIlIOrusE8lA3Uqet29Lpgpkoc=",
            "output_base64sha512": "41xSfqFrygHdAVHWVXF4B0CQ5LQ2/pT48U2dYMYxpn+ZxMdW6KfC9HgbSZYobAMmMC98JRRgqSiDfELg1X+V2A==",
            "output_file_mode": null,
            "output_md5": "dcd4d1aa599542d1f272c4ab173ae15f",
            "output_path": "./.terraform-build/orders_create.zip",
            "output_sha": "a0e403ff74314fe4244baa866078a593159bacb0",
            "output_sha256": "31b164d5ab631de1e9ed84413ab22520eaeeb04f2503752a7addbd2e98299287",
            "output_sha512": "e35c527ea16bca01dd0151d6557178074090e4b436fe94f8f14d9d60c631a67f99c4c756e8a7c2f4781b4996286c0326302f7c251460a928837c42e0d57f95d8",
            "output_size": 9238,
            "source": [],
            "source_content": null,
            "source_content_filename": null,
            "source_dir": "./backend/lambdas/orders/create_order",
            "source_file": null,
            "type": "zip"
          },
          "sensitive_attributes": [],
          "identity_schema_version": 0
        },
        {
          "index_key": "orders_get",
          "schema_version": 0,
          "attributes": {
            "exclude_symlink_directories": null,
            "excludes": null,
            "id": "ad2a210f1916fa4a3e4efa5bc08a72f9178208de",
            "output_base64sha256": "Y0nnXYfUJtoDCdB3Jvtz5/SrMd8ZftLdck6Xxr612O4=",
            "output_base64sha512": "KyZ6TILGTDq+FePzDDsLnFIEg85T5Ch8DvIdAB4xvH1Lw5HozsrnXBsrIf5um9VCPqL7VQJAQy9FReVBcgFZIw==",
            "output_file_mode": null,
            "output_md5": "9d3d43dca73de76271aa83e902326e3e",
            "output_path": "./.terraform-build/orders_get.zip",
            "output_sha": "ad2a210f1916fa4a3e4efa5bc08a72f9178208de",
            "output_sha256": "6349e75d87d426da0309d07726fb73e7f4ab31df197ed2dd724e97c6beb5d8ee",
            "output_sha512": "2b267a4c82c64c3abe15e3f30c3b0b9c520483ce53e4287c0ef21d001e31bc7d4bc391e8cecae75c1b2b21fe6e9bd5423ea2fb550240432f4545e54172015923",
            "output_size": 3275,
            "source": [],
            "source_content": null,
            "source_content_filename": null,
            "source_dir": "./backend/lambdas/orders/get_order_by_id",
            "source_file": null,
            "type": "zip"
          },
          "sensitive_attributes": [],
          "identity_schema_version": 0
        },
        {
          "index_key": "orders_list",
          "schema_version": 0,
          "attributes": {
            "exclude_symlink_directories": null,
            "excludes": null,
            "id": "c7f2d21e4820b9935f45e76e0ca73d4945638384",
            "output_base64sha256": "FFex0eHt3RMupmEte6I2zd4K1esbbishDJPPEtcRgUk=",
            "output_base64sha512": "p0LnBkknsF4mDFkPXfgxhcdSZrVApBC8qlu2vcGsPUINUl1+ZPRYzowrcSv6f+/oxpLgfQKV36fD84rIOhMcHQ==",
            "output_file_mode": null,
            "output_md5": "71302add716c4f0582b257c257a7ae03",
            "output_path": "./.terraform-build/orders_list.zip",
            "output_sha": "c7f2d21e4820b9935f45e76e0ca73d4945638384",
            "output_sha256": "1457b1d1e1eddd132ea6612d7ba236cdde0ad5eb1b6e2b210c93cf12d7118149",
            "output_sha512": "a742e7064927b05e260c590f5df83185c75266b540a410bcaa5bb6bdc1ac3d420d525d7e64f458ce8c2b712bfa7fefe8c692e07d0295dfa7c3f38ac83a131c1d",
            "output_size": 4170,
            "source": [],
            "source_content": null,
            "source_content_filename": null,
            "source_dir": "./backend/lambdas/orders/get_orders",
            "source_file": null,
            "type": "zip"
          },
          "sensitive_attributes": [],
          "identity_schema_version": 0
        },
        {
          "index_key": "orders_update_status",
          "schema_version": 0,
          "attributes": {
            "exclude_symlink_directories": null,
            "excludes": null,
            "id": "cdb672e22e86917ed9720380f782a24978dea731",
            "output_base64sha256": "aCpoFI3/kvVYvfP3qmPn7L71EEAPFO+b8xCJ70Lh/M0=",
            "output_base64sha512": "cgzs8X1rl5JmCcJBn9YjyRA0xqUbjnxWuPG7oMTg4zH8xU960oS7EjlyWHnR5mn0A/UfChY/qWtWIMR45t4ZkA==",
            "output_file_mode": null,
            "output_md5": "2a088b464ae1c0ecf6e69f9dd384d564",
            "output_path": "./.terraform-build/orders_update_status.zip",
            "output_sha": "cdb672e22e86917ed9720380f782a24978dea731",
            "output_sha256": "682a68148dff92f558bdf3f7aa63e7ecbef510400f14ef9bf31089ef42e1fccd",
            "output_sha512": "720cecf17d6b97926609c2419fd623c91034c6a51b8e7c56b8f1bba0c4e0e331fcc54f7ad284bb1239725879d1e669f403f51f0a163fa96b5620c478e6de1990",
            "output_size": 5394,
            "source": [],
            "source_content": null,
            "source_content_filename": null,
            "source_dir": "./backend/lambdas/orders/update_order_status",
            "source_file": null,
            "type": "zip"
          },
          "sensitive_attributes": [],
          "identity_schema_version": 0
        },
        {
          "index_key": "products_create",
          "schema_version": 0,
          "attributes": {
            "exclude_symlink_directories": null,
            "excludes": null,
            "id": "a99526ebbf3615927d3d8e43fec7a3c176ce601d",
            "output_base64sha256": "brlZ/ZpMHXJkaLal+IGztqZ8A0BBvT4swF+tTR3w4FI=",
            "output_base64sha512": "uZ8pyX1REyeXDO+75OXLnGaAf3ul5VcmDLkRkHXi0Rx8GKuNPrZBGSTpTkX/nKA/58/27ndGd/MnzbdTgSTsAw==",
            "output_file_mode": null,
            "output_md5": "64a8fed1bd280ceae042d51ffa968ab7",
            "output_path": "./.terraform-build/products_create.zip",
            "output_sha": "a99526ebbf3615927d3d8e43fec7a3c176ce601d",
            "output_sha256": "6eb959fd9a4c1d726468b6a5f881b3b6a67c034041bd3e2cc05fad4d1df0e052",
            "output_sha512": "b99f29c97d511327970cefbbe4e5cb9c66807f7ba5e557260cb9119075e2d11c7c18ab8d3eb6411924e94e45ff9ca03fe7cff6ee774677f327cdb7538124ec03",
            "output_size": 4198,
            "source": [],
            "source_content": null,
            "source_content_filename": null,
            "source_dir": "./backend/lambdas/products/create_product",
            "source_file": null,
            "type": "zip"
          },
          "sensitive_attributes": [],
          "identity_schema_version": 0
        },
        {
          "index_key": "products_delete",
          "schema_version": 0,
          "attributes": {
            "exclude_symlink_directories": null,
            "excludes": null,
            "id": "b7278d25636813545e94a4688211b526e4b42235",
            "output_base64sha256": "94++o8/jLIyB+ZqfBxPsUT326qxp6TgyAMPzlNfgdtU=",
            "output_base64sha512": "X7usxXcTdJTJqfIEzhp/0IqlfML0PSqTNweV8oIMlwlnmYo9IpIydjMFZ+2IkubZV79OeCiZ/C6q9AIFGuJXMg==",
            "output_file_mode": null,
            "output_md5": "cdd8434eb0b19cd9292dfd40f0c152d3",
            "output_path": "./.terraform-build/products_delete.zip",
            "output_sha": "b7278d25636813545e94a4688211b526e4b42235",
            "output_sha256": "f78fbea3cfe32c8c81f99a9f0713ec513df6eaac69e9383200c3f394d7e076d5",
            "output_sha512": "5fbbacc577137494c9a9f204ce1a7fd08aa57cc2f43d2a93370795f2820c970967998a3d22923276330567ed8892e6d957bf4e782899fc2eaaf402051ae25732",
            "output_size": 4263,
            "source": [],
            "source_content": null,
            "source_content_filename": null,
            "source_dir": "./backend/lambdas/products/delete_product",
            "source_file": null,
            "type": "zip"
          },
          "sensitive_attributes": [],
          "identity_schema_version": 0
        },
        {
          "index_key": "products_get",
          "schema_version": 0,
          "attributes": {
            "exclude_symlink_directories": null,
            "excludes": null,
            "id": "be65634fcbe355439b7d46ebf4bc424e90178fc9",
            "output_base64sha256": "aP38knRA08WRpmlJ278QcruCXA0MF6wu2K25Sy3J5nA=",
            "output_base64sha512": "4c3QiIZ4ZaFuw3QwH/pKHH3F7SjH4BIQWsFD9juI7U20JZ4HhSqNpOogy1z/sEovske1uR6riWfmgMeUnVtt2w==",
            "output_file_mode": null,
            "output_md5": "d7e6c263f98b24045a3ca4d5dfe1fdc3",
            "output_path": "./.terraform-build/products_get.zip",
            "output_sha": "be65634fcbe355439b7d46ebf4bc424e90178fc9",
            "output_sha256": "68fdfc927440d3c591a66949dbbf1072bb825c0d0c17ac2ed8adb94b2dc9e670",
            "output_sha512": "e1cdd088867865a16ec374301ffa4a1c7dc5ed28c7e012105ac143f63b88ed4db4259e07852a8da4ea20cb5cffb04a2fb247b5b91eab8967e680c7949d5b6ddb",
            "output_size": 3065,
            "source": [],
            "source_content": null,
            "source_content_filename": null,
            "source_dir": "./backend/lambdas/products/get_product_by_id",
            "source_file": null,
            "type": "zip"
          },
          "sensitive_attributes": [],
          "identity_schema_version": 0
        },
        {
          "index_key": "products_list",
          "schema_version": 0,
          "attributes": {
            "exclude_symlink_directories": null,
            "excludes": null,
            "id": "05cca17874ca0830722df81b1925a8d3b048c041",
            "output_base64sha256": "R3VDD9cQ9uZr6ooAI7+HNURitewL1yWbthUOWVY2jS0=",
            "output_base64sha512": "rv7mpS0dj3jg2MqGcDTN9VEr48uhm92M5XhbfL6eM3bIYT6OShyMpRQ2Pl0T3ASgj9Ze+3StlpIUlcXMLjrDtg==",
            "output_file_mode": null,
            "output_md5": "62a4654341a960105c1b0ebbab9797eb",
            "output_path": "./.terraform-build/products_list.zip",
            "output_sha": "05cca17874ca0830722df81b1925a8d3b048c041",
            "output_sha256": "4775430fd710f6e66bea8a0023bf87354462b5ec0bd7259bb6150e5956368d2d",
            "output_sha512": "aefee6a52d1d8f78e0d8ca867034cdf5512be3cba19bdd8ce5785b7cbe9e3376c8613e8e4a1c8ca514363e5d13dc04a08fd65efb74ad96921495c5cc2e3ac3b6",
            "output_size": 3590,
            "source": [],
            "source_content": null,
            "source_content_filename": null,
            "source_dir": "./backend/lambdas/products/get_products",
            "source_file": null,
            "type": "zip"
          },
          "sensitive_attributes": [],
          "identity_schema_version": 0
        },
        {
          "index_key": "products_update",
          "schema_version": 0,
          "attributes": {
            "exclude_symlink_directories": null,
            "excludes": null,
            "id": "2a26e6cb0460d694855ffb41102b8f55e827dcc4",
            "output_base64sha256": "g8yZiuJQ9ptnXQdIGO1a07+MZAaj2dpsNdnbsakbQh8=",
            "output_base64sha512": "KV01svPCk2SRD2XzxxUZG0/mjL/gpqKaBrvBTgmT2Ury6O/yGWVwA0iYfg73fg9MVqcnjulIu9byUDOLynebJg==",
            "output_file_mode": null,
            "output_md5": "1b1518b02cf582da7fbc1d89ed1a554d",
            "output_path": "./.terraform-build/products_update.zip",
            "output_sha": "2a26e6cb0460d694855ffb41102b8f55e827dcc4",
            "output_sha256": "83cc998ae250f69b675d074818ed5ad3bf8c6406a3d9da6c35d9dbb1a91b421f",
            "output_sha512": "295d35b2f3c29364910f65f3c715191b4fe68cbfe0a6a29a06bbc14e0993d94af2e8eff21965700348987e0ef77e0f4c56a7278ee948bbd6f250338bca779b26",
            "output_size": 5212,
            "source": [],
            "source_content": null,
            "source_content_filename": null,
            "source_dir": "./backend/lambdas/products/update_product",
            "source_file": null,
            "type": "zip"
          },
          "sensitive_attributes": [],
          "identity_schema_version": 0
        },
        {
          "index_key": "stores_create",
          "schema_version": 0,
          "attributes": {
            "exclude_symlink_directories": null,
            "excludes": null,
            "id": "f199891eabc3a797977138cfcb3bf3b4a8e3a82f",
            "output_base64sha256": "eJSDpaSSjCBlTdyhDTbZSVLRPo+HOiDfnwxMVlNI7wE=",
            "output_base64sha512": "IaGAInfrING6t8uibvFoc+65uMt/g109QVLcFsAMqwi84WrVEmTIm0MS24gzpt7SpHr5Juk3tdKbOTnp7qEBRw==",
            "output_file_mode": null,
            "output_md5": "6da4d1b012507e8a1573d8307de57d4d",
            "output_path": "./.terraform-build/stores_create.zip",
            "output_sha": "f199891eabc3a797977138cfcb3bf3b4a8e3a82f",
            "output_sha256": "789483a5a4928c20654ddca10d36d94952d13e8f873a20df9f0c4c565348ef01",
            "output_sha512": "21a1802277eb20d1bab7cba26ef16873eeb9b8cb7f835d3d4152dc16c00cab08bce16ad51264c89b4312db8833a6ded2a47af926e937b5d29b3939e9eea10147",
            "output_size": 4687,
            "source": [],
            "source_content": null,
            "source_content_filename": null,
            "source_dir": "./backend/lambdas/stores/create_store",
            "source_file": null,
            "type": "zip"
          },
          "sensitive_attributes": [],
          "identity_schema_version": 0
        },
        {
          "index_key": "stores_delete",
          "schema_version": 0,
          "attributes": {
            "exclude_symlink_directories": null,
            "excludes": null,
            "id": "6524dd8e5e486743ed46da17c41d1e012a718e77",
            "output_base64sha256": "AInJ9OFBu/V6tIy45/g0lCVMuz4C1YMaThKmIkaDLhg=",
            "output_base64sha512": "irmvyaiGCatDCyJ9IkAUFl8a8xfjbMGrx11K5fOzz2ezMe3BCGbmEzGJRJdmrtqqxe+Gjf0vWDGkThLEsLY/3g==",
            "output_file_mode": null,
            "output_md5": "63aca4087217ecdcbbb353acb8556295",
            "output_path": "./.terraform-build/stores_delete.zip",
            "output_sha": "6524dd8e5e486743ed46da17c41d1e012a718e77",
            "output_sha256": "0089c9f4e141bbf57ab48cb8e7f83494254cbb3e02d5831a4e12a62246832e18",
            "output_sha512": "8ab9afc9a88609ab430b227d224014165f1af317e36cc1abc75d4ae5f3b3cf67b331edc10866e6133189449766aedaaac5ef868dfd2f5831a44e12c4b0b63fde",
            "output_size": 4390,
            "source": [],
            "source_content": null,
            "source_content_filename": null,
            "source_dir": "./backend/lambdas/stores/delete_store",
            "source_file": null,
            "type": "zip"
          },
          "sensitive_attributes": [],
          "identity_schema_version": 0
        },
        {
          "index_key": "stores_get",
          "schema_version": 0,
          "attributes": {
            "exclude_symlink_directories": null,
            "excludes": null,
            "id": "a8cb73cd2cf49b794fbbc29e2bfc92d38cc21531",
            "output_base64sha256": "cIO0rMeCVJ2cH9ekV4MSdiU4JWnrfCOCZ4Kzv/Q1cxE=",
            "output_base64sha512": "GtAKk4XQ23hG+e2CGl3iQiw04JxQ+cOLKMK8V7c3Kfwn8RPxCPVUe289r/EjPtWa/VfDPqhYYujxIeP+dZfe8Q==",
            "output_file_mode": null,
            "output_md5": "cd34fb603da89819dfd97469d19a6188",
            "output_path": "./.terraform-build/stores_get.zip",
            "output_sha": "a8cb73cd2cf49b794fbbc29e2bfc92d38cc21531",
            "output_sha256": "7083b4acc782549d9c1fd7a45783127625382569eb7c23826782b3bff4357311",
            "output_sha512": "1ad00a9385d0db7846f9ed821a5de2422c34e09c50f9c38b28c2bc57b73729fc27f113f108f5547b6f3daff1233ed59afd57c33ea85862e8f121e3fe7597def1",
            "output_size": 3528,
            "source": [],
            "source_content": null,
            "source_content_filename": null,
            "source_dir": "./backend/lambdas/stores/get_store_by_id",
            "source_file": null,
            "type": "zip"
          },
          "sensitive_attributes": [],
          "identity_schema_version": 0
        },
        {
          "index_key": "stores_list",
          "schema_version": 0,
          "attributes": {
            "exclude_symlink_directories": null,
            "excludes": null,
            "id": "200b3e7b0c5e111aa9f4de181784d7c6b8747749",
            "output_base64sha256": "sNWdCnb3ux/m6CsOgxD3ejPwumqGyOGyxG6SH5nyWLE=",
            "output_base64sha512": "XeL5bCDPNOjb9Hg69/zIY+FwgOGQiTlMENV+aucBlbyDBVP3n7uTByxPLYEchLt+wL1mOBkhAwelCrEizJbEpg==",
            "output_file_mode": null,
            "output_md5": "ee0e8795e33172c10d1fa38c15212988",
            "output_path": "./.terraform-build/stores_list.zip",
            "output_sha": "200b3e7b0c5e111aa9f4de181784d7c6b8747749",
            "output_sha256": "b0d59d0a76f7bb1fe6e82b0e8310f77a33f0ba6a86c8e1b2c46e921f99f258b1",
            "output_sha512": "5de2f96c20cf34e8dbf4783af7fcc863e17080e19089394c10d57e6ae70195bc830553f79fbb93072c4f2d811c84bb7ec0bd663819210307a50ab122cc96c4a6",
            "output_size": 4466,
            "source": [],
            "source_content": null,
            "source_content_filename": null,
            "source_dir": "./backend/lambdas/stores/get_stores",
            "source_file": null,
            "type": "zip"
          },
          "sensitive_attributes": [],
          "identity_schema_version": 0
        },
        {
          "index_key": "stores_update",
          "schema_version": 0,
          "attributes": {
            "exclude_symlink_directories": null,
            "excludes": null,
            "id": "9a14702c0b40691eab87642e83d7b3e99a2d68b7",
            "output_base64sha256": "jcyU0IBLD4wN+aY0BBevUyY9Px0x9PylDG44U/gAWUg=",
            "output_base64sha512": "hLW0/MHibjxiqkDzJH1cJ3C6TuLDBkGySDD1yfhkuLcJsAJVBd3BWu8aBSPMK/niZBhWG1wMa1raSNsLBlO4nw==",
            "output_file_mode": null,
            "output_md5": "7f2e26ec2e8642bce0a99220f3777fa2",
            "output_path": "./.terraform-build/stores_update.zip",
            "output_sha": "9a14702c0b40691eab87642e83d7b3e99a2d68b7",
            "output_sha256": "8dcc94d0804b0f8c0df9a6340417af53263d3f1d31f4fca50c6e3853f8005948",
            "output_sha512": "84b5b4fcc1e26e3c62aa40f3247d5c2770ba4ee2c30641b24830f5c9f864b8b709b0025505ddc15aef1a0523cc2bf9e26418561b5c0c6b5ada48db0b0653b89f",
            "output_size": 5572,
            "source": [],
            "source_content": null,
            "source_content_filename": null,
            "source_dir": "./backend/lambdas/stores/update_store",
            "source_file": null,
            "type": "zip"
          },
          "sensitive_attributes": [],
          "identity_schema_version": 0
        },
        {
          "index_key": "users_delete",
          "schema_version": 0,
          "attributes": {
            "exclude_symlink_directories": null,
            "excludes": null,
            "id": "b686d274ae151aba97c495851e6c3f40c9d34875",
            "output_base64sha256": "I22E/RcBE1FyCXZGKRCF+zgLKARkoonbipzEYNd44js=",
            "output_base64sha512": "Mh4uIppfiI/MgQbqLFqmNd5/lwvpf3Zg6bmUwBt4qpqPgvlv6O6bCCAyywW6mXXAxxkg6fkm6rAzDINj6sbeqw==",
            "output_file_mode": null,
            "output_md5": "950eb4d083cfc7b840e96c7967bf0f30",
            "output_path": "./.terraform-build/users_delete.zip",
            "output_sha": "b686d274ae151aba97c495851e6c3f40c9d34875",
            "output_sha256": "236d84fd1701135172097646291085fb380b280464a289db8a9cc460d778e23b",
            "output_sha512": "321e2e229a5f888fcc8106ea2c5aa635de7f970be97f7660e9b994c01b78aa9a8f82f96fe8ee9b082032cb05ba9975c0c71920e9f926eab0330c8363eac6deab",
            "output_size": 4857,
            "source": [],
            "source_content": null,
            "source_content_filename": null,
            "source_dir": "./backend/lambdas/users/delete-user",
            "source_file": null,
            "type": "zip"
          },
          "sensitive_attributes": [],
          "identity_schema_version": 0
        },
        {
          "index_key": "users_list",
          "schema_version": 0,
          "attributes": {
            "exclude_symlink_directories": null,
            "excludes": null,
            "id": "8f2896249ee4695f02bfbc2aa15a46a8722b4303",
            "output_base64sha256": "nwIiupqWVycIYhXby7UZWfrpsb4KVWR5uXHF9Z0S6Hs=",
            "output_base64sha512": "UjPxIPP+o9zaFYttq0Uh/uO4bVR07+253kqEPBHEdGcUJKW/9sM8bDxYuHQh4vKbsrj84qgZa75OeuCeMzRS5Q==",
            "output_file_mode": null,
            "output_md5": "4e310ee3d3318f464751346ea78bceee",
            "output_path": "./.terraform-build/users_list.zip",
            "output_sha": "8f2896249ee4695f02bfbc2aa15a46a8722b4303",
            "output_sha256": "9f0222ba9a965727086215dbcbb51959fae9b1be0a556479b971c5f59d12e87b",
            "output_sha512": "5233f120f3fea3dcda158b6dab4521fee3b86d5474efedb9de4a843c11c474671424a5bff6c33c6c3c58b87421e2f29bb2b8fce2a8196bbe4e7ae09e333452e5",
            "output_size": 4665,
            "source": [],
            "source_content": null,
            "source_content_filename": null,
            "source_dir": "./backend/lambdas/users/get-users",
            "source_file": null,
            "type": "zip"
          },
          "sensitive_attributes": [],
          "identity_schema_version": 0
        },
        {
          "index_key": "users_register",
          "schema_version": 0,
          "attributes": {
            "exclude_symlink_directories": null,
            "excludes": null,
            "id": "80627ad4fdb6155566b9813f7ae193b486d3a273",
            "output_base64sha256": "+UTbRqOC4JypFYjjUqsDvAA7Nht8itxi38ACjBK3IlI=",
            "output_base64sha512": "LWPlW1vmw8bpjBrgSKzYjWFcaZPHvhMfvXoVHmPmenKO0/vz44ivzzOTqS7JWdRqZ8MD3M0+MfPcyZuzDiuk0w==",
            "output_file_mode": null,
            "output_md5": "13e51b7165f54e2d2d30573ba8c0b539",
            "output_path": "./.terraform-build/users_register.zip",
            "output_sha": "80627ad4fdb6155566b9813f7ae193b486d3a273",
            "output_sha256": "f944db46a382e09ca91588e352ab03bc003b361b7c8adc62dfc0028c12b72252",
            "output_sha512": "2d63e55b5be6c3c6e98c1ae048acd88d615c6993c7be131fbd7a151e63e67a728ed3fbf3e388afcf3393a92ec959d46a67c303dccd3e31f3dcc99bb30e2ba4d3",
            "output_size": 9607,
            "source": [],
            "source_content": null,
            "source_content_filename": null,
            "source_dir": "./backend/lambdas/users/register-user",
            "source_file": null,
            "type": "zip"
          },
          "sensitive_attributes": [],
          "identity_schema_version": 0
        },
        {
          "index_key": "users_update",
          "schema_version": 0,
          "attributes": {
            "exclude_symlink_directories": null,
            "excludes": null,
            "id": "1164d8fe19d4c40a54c38647c09e8ccf75bbdd12",
            "output_base64sha256": "Y+Q7A/13+6HQz4u7n1nxJaqNq7WQDo61gWhGm8lYfQA=",
            "output_base64sha512": "psQZcIgeLI5HtnxzsXPoGNhF2HSBwCfHlmqcRQSwwePd3IjerWacKDqthycuCLVqsl+eATWol7MTYrZ7TkPkBQ==",
            "output_file_mode": null,
            "output_md5": "3467b678eacce4ffcdde12d063b780c9",
            "output_path": "./.terraform-build/users_update.zip",
            "output_sha": "1164d8fe19d4c40a54c38647c09e8ccf75bbdd12",
            "output_sha256": "63e43b03fd77fba1d0cf8bbb9f59f125aa8dabb5900e8eb58168469bc9587d00",
            "output_sha512": "a6c41970881e2c8e47b67c73b173e818d845d87481c027c7966a9c4504b0c1e3dddc88dead669c283aad87272e08b56ab25f9e0135a897b31362b67b4e43e405",
            "output_size": 6006,
            "source": [],
            "source_content": null,
            "source_content_filename": null,
            "source_dir": "./backend/lambdas/users/update-user",
            "source_file": null,
            "type": "zip"
          },
          "sensitive_attributes": [],
          "identity_schema_version": 0
        }
      ]
    },
    {
      "module": "module.lambdas",
      "mode": "managed",
      "type": "aws_cloudwatch_log_group",
      "name": "this",
      "provider": "provider[\"registry.terraform.io/hashicorp/aws\"]",
      "instances": [
        {
          "index_key": "audit_get",
          "schema_version": 0,
          "attributes": {
            "arn": "arn:aws:logs:us-east-1:970290366615:log-group:/aws/lambda/cloudshop-armando-audit-get",
            "id": "/aws/lambda/cloudshop-armando-audit-get",
            "kms_key_id": "",
            "log_group_class": "STANDARD",
            "name": "/aws/lambda/cloudshop-armando-audit-get",
            "name_prefix": "",
            "retention_in_days": 14,
            "skip_destroy": false,
            "tags": {},
            "tags_all": {
              "Environment": "dev-armando",
              "ManagedBy": "Terraform",
              "Project": "CloudShop"
            }
          },
          "sensitive_attributes": [],
          "identity_schema_version": 0,
          "private": "bnVsbA==",
          "dependencies": [
            "module.dynamodb.aws_dynamodb_table.audit",
            "module.dynamodb.aws_dynamodb_table.carts",
            "module.dynamodb.aws_dynamodb_table.orders",
            "module.dynamodb.aws_dynamodb_table.products",
            "module.dynamodb.aws_dynamodb_table.stores"
          ],
          "create_before_destroy": true
        },
        {
          "index_key": "carts_add_product",
          "schema_version": 0,
          "attributes": {
            "arn": "arn:aws:logs:us-east-1:970290366615:log-group:/aws/lambda/cloudshop-armando-carts-add-product",
            "id": "/aws/lambda/cloudshop-armando-carts-add-product",
            "kms_key_id": "",
            "log_group_class": "STANDARD",
            "name": "/aws/lambda/cloudshop-armando-carts-add-product",
            "name_prefix": "",
            "retention_in_days": 14,
            "skip_destroy": false,
            "tags": {},
            "tags_all": {
              "Environment": "dev-armando",
              "ManagedBy": "Terraform",
              "Project": "CloudShop"
            }
          },
          "sensitive_attributes": [],
          "identity_schema_version": 0,
          "private": "bnVsbA==",
          "dependencies": [
            "module.dynamodb.aws_dynamodb_table.audit",
            "module.dynamodb.aws_dynamodb_table.carts",
            "module.dynamodb.aws_dynamodb_table.orders",
            "module.dynamodb.aws_dynamodb_table.products",
            "module.dynamodb.aws_dynamodb_table.stores"
          ],
          "create_before_destroy": true
        },
        {
          "index_key": "carts_clear",
          "schema_version": 0,
          "attributes": {
            "arn": "arn:aws:logs:us-east-1:970290366615:log-group:/aws/lambda/cloudshop-armando-carts-clear",
            "id": "/aws/lambda/cloudshop-armando-carts-clear",
            "kms_key_id": "",
            "log_group_class": "STANDARD",
            "name": "/aws/lambda/cloudshop-armando-carts-clear",
            "name_prefix": "",
            "retention_in_days": 14,
            "skip_destroy": false,
            "tags": {},
            "tags_all": {
              "Environment": "dev-armando",
              "ManagedBy": "Terraform",
              "Project": "CloudShop"
            }
          },
          "sensitive_attributes": [],
          "identity_schema_version": 0,
          "private": "bnVsbA==",
          "dependencies": [
            "module.dynamodb.aws_dynamodb_table.audit",
            "module.dynamodb.aws_dynamodb_table.carts",
            "module.dynamodb.aws_dynamodb_table.orders",
            "module.dynamodb.aws_dynamodb_table.products",
            "module.dynamodb.aws_dynamodb_table.stores"
          ],
          "create_before_destroy": true
        },
        {
          "index_key": "carts_get",
          "schema_version": 0,
          "attributes": {
            "arn": "arn:aws:logs:us-east-1:970290366615:log-group:/aws/lambda/cloudshop-armando-carts-get",
            "id": "/aws/lambda/cloudshop-armando-carts-get",
            "kms_key_id": "",
            "log_group_class": "STANDARD",
            "name": "/aws/lambda/cloudshop-armando-carts-get",
            "name_prefix": "",
            "retention_in_days": 14,
            "skip_destroy": false,
            "tags": {},
            "tags_all": {
              "Environment": "dev-armando",
              "ManagedBy": "Terraform",
              "Project": "CloudShop"
            }
          },
          "sensitive_attributes": [],
          "identity_schema_version": 0,
          "private": "bnVsbA==",
          "dependencies": [
            "module.dynamodb.aws_dynamodb_table.audit",
            "module.dynamodb.aws_dynamodb_table.carts",
            "module.dynamodb.aws_dynamodb_table.orders",
            "module.dynamodb.aws_dynamodb_table.products",
            "module.dynamodb.aws_dynamodb_table.stores"
          ],
          "create_before_destroy": true
        },
        {
          "index_key": "carts_modify_quantity",
          "schema_version": 0,
          "attributes": {
            "arn": "arn:aws:logs:us-east-1:970290366615:log-group:/aws/lambda/cloudshop-armando-carts-modify-quantity",
            "id": "/aws/lambda/cloudshop-armando-carts-modify-quantity",
            "kms_key_id": "",
            "log_group_class": "STANDARD",
            "name": "/aws/lambda/cloudshop-armando-carts-modify-quantity",
            "name_prefix": "",
            "retention_in_days": 14,
            "skip_destroy": false,
            "tags": {},
            "tags_all": {
              "Environment": "dev-armando",
              "ManagedBy": "Terraform",
              "Project": "CloudShop"
            }
          },
          "sensitive_attributes": [],
          "identity_schema_version": 0,
          "private": "bnVsbA==",
          "dependencies": [
            "module.dynamodb.aws_dynamodb_table.audit",
            "module.dynamodb.aws_dynamodb_table.carts",
            "module.dynamodb.aws_dynamodb_table.orders",
            "module.dynamodb.aws_dynamodb_table.products",
            "module.dynamodb.aws_dynamodb_table.stores"
          ],
          "create_before_destroy": true
        },
        {
          "index_key": "carts_remove_product",
          "schema_version": 0,
          "attributes": {
            "arn": "arn:aws:logs:us-east-1:970290366615:log-group:/aws/lambda/cloudshop-armando-carts-remove-product",
            "id": "/aws/lambda/cloudshop-armando-carts-remove-product",
            "kms_key_id": "",
            "log_group_class": "STANDARD",
            "name": "/aws/lambda/cloudshop-armando-carts-remove-product",
            "name_prefix": "",
            "retention_in_days": 14,
            "skip_destroy": false,
            "tags": {},
            "tags_all": {
              "Environment": "dev-armando",
              "ManagedBy": "Terraform",
              "Project": "CloudShop"
            }
          },
          "sensitive_attributes": [],
          "identity_schema_version": 0,
          "private": "bnVsbA==",
          "dependencies": [
            "module.dynamodb.aws_dynamodb_table.audit",
            "module.dynamodb.aws_dynamodb_table.carts",
            "module.dynamodb.aws_dynamodb_table.orders",
            "module.dynamodb.aws_dynamodb_table.products",
            "module.dynamodb.aws_dynamodb_table.stores"
          ],
          "create_before_destroy": true
        },
        {
          "index_key": "dashboard_get",
          "schema_version": 0,
          "attributes": {
            "arn": "arn:aws:logs:us-east-1:970290366615:log-group:/aws/lambda/cloudshop-armando-dashboard-get",
            "id": "/aws/lambda/cloudshop-armando-dashboard-get",
            "kms_key_id": "",
            "log_group_class": "STANDARD",
            "name": "/aws/lambda/cloudshop-armando-dashboard-get",
            "name_prefix": "",
            "retention_in_days": 14,
            "skip_destroy": false,
            "tags": {},
            "tags_all": {
              "Environment": "dev-armando",
              "ManagedBy": "Terraform",
              "Project": "CloudShop"
            }
          },
          "sensitive_attributes": [],
          "identity_schema_version": 0,
          "private": "bnVsbA==",
          "dependencies": [
            "module.dynamodb.aws_dynamodb_table.audit",
            "module.dynamodb.aws_dynamodb_table.carts",
            "module.dynamodb.aws_dynamodb_table.orders",
            "module.dynamodb.aws_dynamodb_table.products",
            "module.dynamodb.aws_dynamodb_table.stores"
          ],
          "create_before_destroy": true
        },
        {
          "index_key": "events_audit",
          "schema_version": 0,
          "attributes": {
            "arn": "arn:aws:logs:us-east-1:970290366615:log-group:/aws/lambda/cloudshop-armando-events-audit",
            "id": "/aws/lambda/cloudshop-armando-events-audit",
            "kms_key_id": "",
            "log_group_class": "STANDARD",
            "name": "/aws/lambda/cloudshop-armando-events-audit",
            "name_prefix": "",
            "retention_in_days": 14,
            "skip_destroy": false,
            "tags": {},
            "tags_all": {
              "Environment": "dev-armando",
              "ManagedBy": "Terraform",
              "Project": "CloudShop"
            }
          },
          "sensitive_attributes": [],
          "identity_schema_version": 0,
          "private": "bnVsbA==",
          "dependencies": [
            "module.dynamodb.aws_dynamodb_table.audit",
            "module.dynamodb.aws_dynamodb_table.carts",
            "module.dynamodb.aws_dynamodb_table.orders",
            "module.dynamodb.aws_dynamodb_table.products",
            "module.dynamodb.aws_dynamodb_table.stores"
          ],
          "create_before_destroy": true
        },
        {
          "index_key": "notifications_send_order",
          "schema_version": 0,
          "attributes": {
            "arn": "arn:aws:logs:us-east-1:970290366615:log-group:/aws/lambda/cloudshop-armando-notifications-send-order",
            "id": "/aws/lambda/cloudshop-armando-notifications-send-order",
            "kms_key_id": "",
            "log_group_class": "STANDARD",
            "name": "/aws/lambda/cloudshop-armando-notifications-send-order",
            "name_prefix": "",
            "retention_in_days": 14,
            "skip_destroy": false,
            "tags": {},
            "tags_all": {
              "Environment": "dev-armando",
              "ManagedBy": "Terraform",
              "Project": "CloudShop"
            }
          },
          "sensitive_attributes": [],
          "identity_schema_version": 0,
          "private": "bnVsbA==",
          "dependencies": [
            "module.dynamodb.aws_dynamodb_table.audit",
            "module.dynamodb.aws_dynamodb_table.carts",
            "module.dynamodb.aws_dynamodb_table.orders",
            "module.dynamodb.aws_dynamodb_table.products",
            "module.dynamodb.aws_dynamodb_table.stores"
          ],
          "create_before_destroy": true
        },
        {
          "index_key": "orders_cancel",
          "schema_version": 0,
          "attributes": {
            "arn": "arn:aws:logs:us-east-1:970290366615:log-group:/aws/lambda/cloudshop-armando-orders-cancel",
            "id": "/aws/lambda/cloudshop-armando-orders-cancel",
            "kms_key_id": "",
            "log_group_class": "STANDARD",
            "name": "/aws/lambda/cloudshop-armando-orders-cancel",
            "name_prefix": "",
            "retention_in_days": 14,
            "skip_destroy": false,
            "tags": {},
            "tags_all": {
              "Environment": "dev-armando",
              "ManagedBy": "Terraform",
              "Project": "CloudShop"
            }
          },
          "sensitive_attributes": [],
          "identity_schema_version": 0,
          "private": "bnVsbA==",
          "dependencies": [
            "module.dynamodb.aws_dynamodb_table.audit",
            "module.dynamodb.aws_dynamodb_table.carts",
            "module.dynamodb.aws_dynamodb_table.orders",
            "module.dynamodb.aws_dynamodb_table.products",
            "module.dynamodb.aws_dynamodb_table.stores"
          ],
          "create_before_destroy": true
        },
        {
          "index_key": "orders_create",
          "schema_version": 0,
          "attributes": {
            "arn": "arn:aws:logs:us-east-1:970290366615:log-group:/aws/lambda/cloudshop-armando-orders-create",
            "id": "/aws/lambda/cloudshop-armando-orders-create",
            "kms_key_id": "",
            "log_group_class": "STANDARD",
            "name": "/aws/lambda/cloudshop-armando-orders-create",
            "name_prefix": "",
            "retention_in_days": 14,
            "skip_destroy": false,
            "tags": {},
            "tags_all": {
              "Environment": "dev-armando",
              "ManagedBy": "Terraform",
              "Project": "CloudShop"
            }
          },
          "sensitive_attributes": [],
          "identity_schema_version": 0,
          "private": "bnVsbA==",
          "dependencies": [
            "module.dynamodb.aws_dynamodb_table.audit",
            "module.dynamodb.aws_dynamodb_table.carts",
            "module.dynamodb.aws_dynamodb_table.orders",
            "module.dynamodb.aws_dynamodb_table.products",
            "module.dynamodb.aws_dynamodb_table.stores"
          ],
          "create_before_destroy": true
        },
        {
          "index_key": "orders_get",
          "schema_version": 0,
          "attributes": {
            "arn": "arn:aws:logs:us-east-1:970290366615:log-group:/aws/lambda/cloudshop-armando-orders-get",
            "id": "/aws/lambda/cloudshop-armando-orders-get",
            "kms_key_id": "",
            "log_group_class": "STANDARD",
            "name": "/aws/lambda/cloudshop-armando-orders-get",
            "name_prefix": "",
            "retention_in_days": 14,
            "skip_destroy": false,
            "tags": {},
            "tags_all": {
              "Environment": "dev-armando",
              "ManagedBy": "Terraform",
              "Project": "CloudShop"
            }
          },
          "sensitive_attributes": [],
          "identity_schema_version": 0,
          "private": "bnVsbA==",
          "dependencies": [
            "module.dynamodb.aws_dynamodb_table.audit",
            "module.dynamodb.aws_dynamodb_table.carts",
            "module.dynamodb.aws_dynamodb_table.orders",
            "module.dynamodb.aws_dynamodb_table.products",
            "module.dynamodb.aws_dynamodb_table.stores"
          ],
          "create_before_destroy": true
        },
        {
          "index_key": "orders_list",
          "schema_version": 0,
          "attributes": {
            "arn": "arn:aws:logs:us-east-1:970290366615:log-group:/aws/lambda/cloudshop-armando-orders-list",
            "id": "/aws/lambda/cloudshop-armando-orders-list",
            "kms_key_id": "",
            "log_group_class": "STANDARD",
            "name": "/aws/lambda/cloudshop-armando-orders-list",
            "name_prefix": "",
            "retention_in_days": 14,
            "skip_destroy": false,
            "tags": {},
            "tags_all": {
              "Environment": "dev-armando",
              "ManagedBy": "Terraform",
              "Project": "CloudShop"
            }
          },
          "sensitive_attributes": [],
          "identity_schema_version": 0,
          "private": "bnVsbA==",
          "dependencies": [
            "module.dynamodb.aws_dynamodb_table.audit",
            "module.dynamodb.aws_dynamodb_table.carts",
            "module.dynamodb.aws_dynamodb_table.orders",
            "module.dynamodb.aws_dynamodb_table.products",
            "module.dynamodb.aws_dynamodb_table.stores"
          ],
          "create_before_destroy": true
        },
        {
          "index_key": "orders_update_status",
          "schema_version": 0,
          "attributes": {
            "arn": "arn:aws:logs:us-east-1:970290366615:log-group:/aws/lambda/cloudshop-armando-orders-update-status",
            "id": "/aws/lambda/cloudshop-armando-orders-update-status",
            "kms_key_id": "",
            "log_group_class": "STANDARD",
            "name": "/aws/lambda/cloudshop-armando-orders-update-status",
            "name_prefix": "",
            "retention_in_days": 14,
            "skip_destroy": false,
            "tags": {},
            "tags_all": {
              "Environment": "dev-armando",
              "ManagedBy": "Terraform",
              "Project": "CloudShop"
            }
          },
          "sensitive_attributes": [],
          "identity_schema_version": 0,
          "private": "bnVsbA==",
          "dependencies": [
            "module.dynamodb.aws_dynamodb_table.audit",
            "module.dynamodb.aws_dynamodb_table.carts",
            "module.dynamodb.aws_dynamodb_table.orders",
            "module.dynamodb.aws_dynamodb_table.products",
            "module.dynamodb.aws_dynamodb_table.stores"
          ],
          "create_before_destroy": true
        },
        {
          "index_key": "products_create",
          "schema_version": 0,
          "attributes": {
            "arn": "arn:aws:logs:us-east-1:970290366615:log-group:/aws/lambda/cloudshop-armando-products-create",
            "id": "/aws/lambda/cloudshop-armando-products-create",
            "kms_key_id": "",
            "log_group_class": "STANDARD",
            "name": "/aws/lambda/cloudshop-armando-products-create",
            "name_prefix": "",
            "retention_in_days": 14,
            "skip_destroy": false,
            "tags": {},
            "tags_all": {
              "Environment": "dev-armando",
              "ManagedBy": "Terraform",
              "Project": "CloudShop"
            }
          },
          "sensitive_attributes": [],
          "identity_schema_version": 0,
          "private": "bnVsbA==",
          "dependencies": [
            "module.dynamodb.aws_dynamodb_table.audit",
            "module.dynamodb.aws_dynamodb_table.carts",
            "module.dynamodb.aws_dynamodb_table.orders",
            "module.dynamodb.aws_dynamodb_table.products",
            "module.dynamodb.aws_dynamodb_table.stores"
          ],
          "create_before_destroy": true
        },
        {
          "index_key": "products_delete",
          "schema_version": 0,
          "attributes": {
            "arn": "arn:aws:logs:us-east-1:970290366615:log-group:/aws/lambda/cloudshop-armando-products-delete",
            "id": "/aws/lambda/cloudshop-armando-products-delete",
            "kms_key_id": "",
            "log_group_class": "STANDARD",
            "name": "/aws/lambda/cloudshop-armando-products-delete",
            "name_prefix": "",
            "retention_in_days": 14,
            "skip_destroy": false,
            "tags": {},
            "tags_all": {
              "Environment": "dev-armando",
              "ManagedBy": "Terraform",
              "Project": "CloudShop"
            }
          },
          "sensitive_attributes": [],
          "identity_schema_version": 0,
          "private": "bnVsbA==",
          "dependencies": [
            "module.dynamodb.aws_dynamodb_table.audit",
            "module.dynamodb.aws_dynamodb_table.carts",
            "module.dynamodb.aws_dynamodb_table.orders",
            "module.dynamodb.aws_dynamodb_table.products",
            "module.dynamodb.aws_dynamodb_table.stores"
          ],
          "create_before_destroy": true
        },
        {
          "index_key": "products_get",
          "schema_version": 0,
          "attributes": {
            "arn": "arn:aws:logs:us-east-1:970290366615:log-group:/aws/lambda/cloudshop-armando-products-get",
            "id": "/aws/lambda/cloudshop-armando-products-get",
            "kms_key_id": "",
            "log_group_class": "STANDARD",
            "name": "/aws/lambda/cloudshop-armando-products-get",
            "name_prefix": "",
            "retention_in_days": 14,
            "skip_destroy": false,
            "tags": {},
            "tags_all": {
              "Environment": "dev-armando",
              "ManagedBy": "Terraform",
              "Project": "CloudShop"
            }
          },
          "sensitive_attributes": [],
          "identity_schema_version": 0,
          "private": "bnVsbA==",
          "dependencies": [
            "module.dynamodb.aws_dynamodb_table.audit",
            "module.dynamodb.aws_dynamodb_table.carts",
            "module.dynamodb.aws_dynamodb_table.orders",
            "module.dynamodb.aws_dynamodb_table.products",
            "module.dynamodb.aws_dynamodb_table.stores"
          ],
          "create_before_destroy": true
        },
        {
          "index_key": "products_list",
          "schema_version": 0,
          "attributes": {
            "arn": "arn:aws:logs:us-east-1:970290366615:log-group:/aws/lambda/cloudshop-armando-products-list",
            "id": "/aws/lambda/cloudshop-armando-products-list",
            "kms_key_id": "",
            "log_group_class": "STANDARD",
            "name": "/aws/lambda/cloudshop-armando-products-list",
            "name_prefix": "",
            "retention_in_days": 14,
            "skip_destroy": false,
            "tags": {},
            "tags_all": {
              "Environment": "dev-armando",
              "ManagedBy": "Terraform",
              "Project": "CloudShop"
            }
          },
          "sensitive_attributes": [],
          "identity_schema_version": 0,
          "private": "bnVsbA==",
          "dependencies": [
            "module.dynamodb.aws_dynamodb_table.audit",
            "module.dynamodb.aws_dynamodb_table.carts",
            "module.dynamodb.aws_dynamodb_table.orders",
            "module.dynamodb.aws_dynamodb_table.products",
            "module.dynamodb.aws_dynamodb_table.stores"
          ],
          "create_before_destroy": true
        },
        {
          "index_key": "products_update",
          "schema_version": 0,
          "attributes": {
            "arn": "arn:aws:logs:us-east-1:970290366615:log-group:/aws/lambda/cloudshop-armando-products-update",
            "id": "/aws/lambda/cloudshop-armando-products-update",
            "kms_key_id": "",
            "log_group_class": "STANDARD",
            "name": "/aws/lambda/cloudshop-armando-products-update",
            "name_prefix": "",
            "retention_in_days": 14,
            "skip_destroy": false,
            "tags": {},
            "tags_all": {
              "Environment": "dev-armando",
              "ManagedBy": "Terraform",
              "Project": "CloudShop"
            }
          },
          "sensitive_attributes": [],
          "identity_schema_version": 0,
          "private": "bnVsbA==",
          "dependencies": [
            "module.dynamodb.aws_dynamodb_table.audit",
            "module.dynamodb.aws_dynamodb_table.carts",
            "module.dynamodb.aws_dynamodb_table.orders",
            "module.dynamodb.aws_dynamodb_table.products",
            "module.dynamodb.aws_dynamodb_table.stores"
          ],
          "create_before_destroy": true
        },
        {
          "index_key": "stores_create",
          "schema_version": 0,
          "attributes": {
            "arn": "arn:aws:logs:us-east-1:970290366615:log-group:/aws/lambda/cloudshop-armando-stores-create",
            "id": "/aws/lambda/cloudshop-armando-stores-create",
            "kms_key_id": "",
            "log_group_class": "STANDARD",
            "name": "/aws/lambda/cloudshop-armando-stores-create",
            "name_prefix": "",
            "retention_in_days": 14,
            "skip_destroy": false,
            "tags": {},
            "tags_all": {
              "Environment": "dev-armando",
              "ManagedBy": "Terraform",
              "Project": "CloudShop"
            }
          },
          "sensitive_attributes": [],
          "identity_schema_version": 0,
          "private": "bnVsbA==",
          "dependencies": [
            "module.dynamodb.aws_dynamodb_table.audit",
            "module.dynamodb.aws_dynamodb_table.carts",
            "module.dynamodb.aws_dynamodb_table.orders",
            "module.dynamodb.aws_dynamodb_table.products",
            "module.dynamodb.aws_dynamodb_table.stores"
          ],
          "create_before_destroy": true
        },
        {
          "index_key": "stores_delete",
          "schema_version": 0,
          "attributes": {
            "arn": "arn:aws:logs:us-east-1:970290366615:log-group:/aws/lambda/cloudshop-armando-stores-delete",
            "id": "/aws/lambda/cloudshop-armando-stores-delete",
            "kms_key_id": "",
            "log_group_class": "STANDARD",
            "name": "/aws/lambda/cloudshop-armando-stores-delete",
            "name_prefix": "",
            "retention_in_days": 14,
            "skip_destroy": false,
            "tags": {},
            "tags_all": {
              "Environment": "dev-armando",
              "ManagedBy": "Terraform",
              "Project": "CloudShop"
            }
          },
          "sensitive_attributes": [],
          "identity_schema_version": 0,
          "private": "bnVsbA==",
          "dependencies": [
            "module.dynamodb.aws_dynamodb_table.audit",
            "module.dynamodb.aws_dynamodb_table.carts",
            "module.dynamodb.aws_dynamodb_table.orders",
            "module.dynamodb.aws_dynamodb_table.products",
            "module.dynamodb.aws_dynamodb_table.stores"
          ],
          "create_before_destroy": true
        },
        {
          "index_key": "stores_get",
          "schema_version": 0,
          "attributes": {
            "arn": "arn:aws:logs:us-east-1:970290366615:log-group:/aws/lambda/cloudshop-armando-stores-get",
            "id": "/aws/lambda/cloudshop-armando-stores-get",
            "kms_key_id": "",
            "log_group_class": "STANDARD",
            "name": "/aws/lambda/cloudshop-armando-stores-get",
            "name_prefix": "",
            "retention_in_days": 14,
            "skip_destroy": false,
            "tags": {},
            "tags_all": {
              "Environment": "dev-armando",
              "ManagedBy": "Terraform",
              "Project": "CloudShop"
            }
          },
          "sensitive_attributes": [],
          "identity_schema_version": 0,
          "private": "bnVsbA==",
          "dependencies": [
            "module.dynamodb.aws_dynamodb_table.audit",
            "module.dynamodb.aws_dynamodb_table.carts",
            "module.dynamodb.aws_dynamodb_table.orders",
            "module.dynamodb.aws_dynamodb_table.products",
            "module.dynamodb.aws_dynamodb_table.stores"
          ],
          "create_before_destroy": true
        },
        {
          "index_key": "stores_list",
          "schema_version": 0,
          "attributes": {
            "arn": "arn:aws:logs:us-east-1:970290366615:log-group:/aws/lambda/cloudshop-armando-stores-list",
            "id": "/aws/lambda/cloudshop-armando-stores-list",
            "kms_key_id": "",
            "log_group_class": "STANDARD",
            "name": "/aws/lambda/cloudshop-armando-stores-list",
            "name_prefix": "",
            "retention_in_days": 14,
            "skip_destroy": false,
            "tags": {},
            "tags_all": {
              "Environment": "dev-armando",
              "ManagedBy": "Terraform",
              "Project": "CloudShop"
            }
          },
          "sensitive_attributes": [],
          "identity_schema_version": 0,
          "private": "bnVsbA==",
          "dependencies": [
            "module.dynamodb.aws_dynamodb_table.audit",
            "module.dynamodb.aws_dynamodb_table.carts",
            "module.dynamodb.aws_dynamodb_table.orders",
            "module.dynamodb.aws_dynamodb_table.products",
            "module.dynamodb.aws_dynamodb_table.stores"
          ],
          "create_before_destroy": true
        },
        {
          "index_key": "stores_update",
          "schema_version": 0,
          "attributes": {
            "arn": "arn:aws:logs:us-east-1:970290366615:log-group:/aws/lambda/cloudshop-armando-stores-update",
            "id": "/aws/lambda/cloudshop-armando-stores-update",
            "kms_key_id": "",
            "log_group_class": "STANDARD",
            "name": "/aws/lambda/cloudshop-armando-stores-update",
            "name_prefix": "",
            "retention_in_days": 14,
            "skip_destroy": false,
            "tags": {},
            "tags_all": {
              "Environment": "dev-armando",
              "ManagedBy": "Terraform",
              "Project": "CloudShop"
            }
          },
          "sensitive_attributes": [],
          "identity_schema_version": 0,
          "private": "bnVsbA==",
          "dependencies": [
            "module.dynamodb.aws_dynamodb_table.audit",
            "module.dynamodb.aws_dynamodb_table.carts",
            "module.dynamodb.aws_dynamodb_table.orders",
            "module.dynamodb.aws_dynamodb_table.products",
            "module.dynamodb.aws_dynamodb_table.stores"
          ],
          "create_before_destroy": true
        },
        {
          "index_key": "users_delete",
          "schema_version": 0,
          "attributes": {
            "arn": "arn:aws:logs:us-east-1:970290366615:log-group:/aws/lambda/cloudshop-armando-users-delete",
            "id": "/aws/lambda/cloudshop-armando-users-delete",
            "kms_key_id": "",
            "log_group_class": "STANDARD",
            "name": "/aws/lambda/cloudshop-armando-users-delete",
            "name_prefix": "",
            "retention_in_days": 14,
            "skip_destroy": false,
            "tags": {},
            "tags_all": {
              "Environment": "dev-armando",
              "ManagedBy": "Terraform",
              "Project": "CloudShop"
            }
          },
          "sensitive_attributes": [],
          "identity_schema_version": 0,
          "private": "bnVsbA==",
          "dependencies": [
            "module.dynamodb.aws_dynamodb_table.audit",
            "module.dynamodb.aws_dynamodb_table.carts",
            "module.dynamodb.aws_dynamodb_table.orders",
            "module.dynamodb.aws_dynamodb_table.products",
            "module.dynamodb.aws_dynamodb_table.stores"
          ],
          "create_before_destroy": true
        },
        {
          "index_key": "users_list",
          "schema_version": 0,
          "attributes": {
            "arn": "arn:aws:logs:us-east-1:970290366615:log-group:/aws/lambda/cloudshop-armando-users-list",
            "id": "/aws/lambda/cloudshop-armando-users-list",
            "kms_key_id": "",
            "log_group_class": "STANDARD",
            "name": "/aws/lambda/cloudshop-armando-users-list",
            "name_prefix": "",
            "retention_in_days": 14,
            "skip_destroy": false,
            "tags": {},
            "tags_all": {
              "Environment": "dev-armando",
              "ManagedBy": "Terraform",
              "Project": "CloudShop"
            }
          },
          "sensitive_attributes": [],
          "identity_schema_version": 0,
          "private": "bnVsbA==",
          "dependencies": [
            "module.dynamodb.aws_dynamodb_table.audit",
            "module.dynamodb.aws_dynamodb_table.carts",
            "module.dynamodb.aws_dynamodb_table.orders",
            "module.dynamodb.aws_dynamodb_table.products",
            "module.dynamodb.aws_dynamodb_table.stores"
          ],
          "create_before_destroy": true
        },
        {
          "index_key": "users_register",
          "schema_version": 0,
          "attributes": {
            "arn": "arn:aws:logs:us-east-1:970290366615:log-group:/aws/lambda/cloudshop-armando-users-register",
            "id": "/aws/lambda/cloudshop-armando-users-register",
            "kms_key_id": "",
            "log_group_class": "STANDARD",
            "name": "/aws/lambda/cloudshop-armando-users-register",
            "name_prefix": "",
            "retention_in_days": 14,
            "skip_destroy": false,
            "tags": {},
            "tags_all": {
              "Environment": "dev-armando",
              "ManagedBy": "Terraform",
              "Project": "CloudShop"
            }
          },
          "sensitive_attributes": [],
          "identity_schema_version": 0,
          "private": "bnVsbA==",
          "dependencies": [
            "module.dynamodb.aws_dynamodb_table.audit",
            "module.dynamodb.aws_dynamodb_table.carts",
            "module.dynamodb.aws_dynamodb_table.orders",
            "module.dynamodb.aws_dynamodb_table.products",
            "module.dynamodb.aws_dynamodb_table.stores"
          ],
          "create_before_destroy": true
        },
        {
          "index_key": "users_update",
          "schema_version": 0,
          "attributes": {
            "arn": "arn:aws:logs:us-east-1:970290366615:log-group:/aws/lambda/cloudshop-armando-users-update",
            "id": "/aws/lambda/cloudshop-armando-users-update",
            "kms_key_id": "",
            "log_group_class": "STANDARD",
            "name": "/aws/lambda/cloudshop-armando-users-update",
            "name_prefix": "",
            "retention_in_days": 14,
            "skip_destroy": false,
            "tags": {},
            "tags_all": {
              "Environment": "dev-armando",
              "ManagedBy": "Terraform",
              "Project": "CloudShop"
            }
          },
          "sensitive_attributes": [],
          "identity_schema_version": 0,
          "private": "bnVsbA==",
          "dependencies": [
            "module.dynamodb.aws_dynamodb_table.audit",
            "module.dynamodb.aws_dynamodb_table.carts",
            "module.dynamodb.aws_dynamodb_table.orders",
            "module.dynamodb.aws_dynamodb_table.products",
            "module.dynamodb.aws_dynamodb_table.stores"
          ],
          "create_before_destroy": true
        }
      ]
    },
    {
      "module": "module.lambdas",
      "mode": "managed",
      "type": "aws_lambda_function",
      "name": "this",
      "provider": "provider[\"registry.terraform.io/hashicorp/aws\"]",
      "instances": [
        {
          "index_key": "audit_get",
          "schema_version": 0,
          "attributes": {
            "architectures": [
              "x86_64"
            ],
            "arn": "arn:aws:lambda:us-east-1:970290366615:function:cloudshop-armando-audit-get",
            "code_sha256": "rqi5AYAWExg9L7Qe/lTEIMky1dVKF0PRvefkdpQiqJg=",
            "code_signing_config_arn": "",
            "dead_letter_config": [],
            "description": "",
            "environment": [
              {
                "variables": {
                  "AUDIT_TABLE_NAME": "cloudshop-armando-audit"
                }
              }
            ],
            "ephemeral_storage": [
              {
                "size": 512
              }
            ],
            "file_system_config": [],
            "filename": "./.terraform-build/audit_get.zip",
            "function_name": "cloudshop-armando-audit-get",
            "handler": "lambda_function.lambda_handler",
            "id": "cloudshop-armando-audit-get",
            "image_config": [],
            "image_uri": "",
            "invoke_arn": "arn:aws:apigateway:us-east-1:lambda:path/2015-03-31/functions/arn:aws:lambda:us-east-1:970290366615:function:cloudshop-armando-audit-get/invocations",
            "kms_key_arn": "",
            "last_modified": "2026-07-26T05:01:53.177+0000",
            "layers": [],
            "logging_config": [
              {
                "application_log_level": "",
                "log_format": "Text",
                "log_group": "/aws/lambda/cloudshop-armando-audit-get",
                "system_log_level": ""
              }
            ],
            "memory_size": 128,
            "package_type": "Zip",
            "publish": false,
            "qualified_arn": "arn:aws:lambda:us-east-1:970290366615:function:cloudshop-armando-audit-get:$LATEST",
            "qualified_invoke_arn": "arn:aws:apigateway:us-east-1:lambda:path/2015-03-31/functions/arn:aws:lambda:us-east-1:970290366615:function:cloudshop-armando-audit-get:$LATEST/invocations",
            "replace_security_groups_on_destroy": null,
            "replacement_security_group_ids": null,
            "reserved_concurrent_executions": -1,
            "role": "arn:aws:iam::970290366615:role/cloudshop/cloudshop-armando-lambda-audit",
            "runtime": "python3.12",
            "s3_bucket": null,
            "s3_key": null,
            "s3_object_version": null,
            "signing_job_arn": "",
            "signing_profile_version_arn": "",
            "skip_destroy": false,
            "snap_start": [],
            "source_code_hash": "rqi5AYAWExg9L7Qe/lTEIMky1dVKF0PRvefkdpQiqJg=",
            "source_code_size": 1640,
            "tags": {},
            "tags_all": {
              "Environment": "dev-armando",
              "ManagedBy": "Terraform",
              "Project": "CloudShop"
            },
            "timeout": 10,
            "timeouts": null,
            "tracing_config": [
              {
                "mode": "PassThrough"
              }
            ],
            "version": "$LATEST",
            "vpc_config": []
          },
          "sensitive_attributes": [],
          "identity_schema_version": 0,
          "private": "eyJlMmJmYjczMC1lY2FhLTExZTYtOGY4OC0zNDM2M2JjN2M0YzAiOnsiY3JlYXRlIjo2MDAwMDAwMDAwMDAsImRlbGV0ZSI6NjAwMDAwMDAwMDAwLCJ1cGRhdGUiOjYwMDAwMDAwMDAwMH19",
          "dependencies": [
            "module.dynamodb.aws_dynamodb_table.audit",
            "module.dynamodb.aws_dynamodb_table.carts",
            "module.dynamodb.aws_dynamodb_table.orders",
            "module.dynamodb.aws_dynamodb_table.products",
            "module.dynamodb.aws_dynamodb_table.stores",
            "module.iam.aws_iam_role.audit",
            "module.iam.aws_iam_role.carts",
            "module.iam.aws_iam_role.dashboard",
            "module.iam.aws_iam_role.notifications",
            "module.iam.aws_iam_role.orders",
            "module.iam.aws_iam_role.products",
            "module.iam.aws_iam_role.stores",
            "module.iam.aws_iam_role.users",
            "module.iam.data.aws_iam_policy_document.lambda_assume_role",
            "module.lambdas.aws_cloudwatch_log_group.this",
            "module.lambdas.data.archive_file.this",
            "module.lambdas.null_resource.copy_utils"
          ],
          "create_before_destroy": true
        },
        {
          "index_key": "carts_add_product",
          "schema_version": 0,
          "attributes": {
            "architectures": [
              "x86_64"
            ],
            "arn": "arn:aws:lambda:us-east-1:970290366615:function:cloudshop-armando-carts-add-product",
            "code_sha256": "6vxqSBllM1k4XA4y4+Qv5iqgmmwbJZIwx7KXjZSiDlI=",
            "code_signing_config_arn": "",
            "dead_letter_config": [],
            "description": "",
            "environment": [
              {
                "variables": {
                  "CARTS_TABLE_NAME": "cloudshop-armando-carts"
                }
              }
            ],
            "ephemeral_storage": [
              {
                "size": 512
              }
            ],
            "file_system_config": [],
            "filename": "./.terraform-build/carts_add_product.zip",
            "function_name": "cloudshop-armando-carts-add-product",
            "handler": "lambda_function.lambda_handler",
            "id": "cloudshop-armando-carts-add-product",
            "image_config": [],
            "image_uri": "",
            "invoke_arn": "arn:aws:apigateway:us-east-1:lambda:path/2015-03-31/functions/arn:aws:lambda:us-east-1:970290366615:function:cloudshop-armando-carts-add-product/invocations",
            "kms_key_arn": "",
            "last_modified": "2026-07-26T05:02:30.830+0000",
            "layers": [],
            "logging_config": [
              {
                "application_log_level": "",
                "log_format": "Text",
                "log_group": "/aws/lambda/cloudshop-armando-carts-add-product",
                "system_log_level": ""
              }
            ],
            "memory_size": 128,
            "package_type": "Zip",
            "publish": false,
            "qualified_arn": "arn:aws:lambda:us-east-1:970290366615:function:cloudshop-armando-carts-add-product:$LATEST",
            "qualified_invoke_arn": "arn:aws:apigateway:us-east-1:lambda:path/2015-03-31/functions/arn:aws:lambda:us-east-1:970290366615:function:cloudshop-armando-carts-add-product:$LATEST/invocations",
            "replace_security_groups_on_destroy": null,
            "replacement_security_group_ids": null,
            "reserved_concurrent_executions": -1,
            "role": "arn:aws:iam::970290366615:role/cloudshop/cloudshop-armando-lambda-carts",
            "runtime": "python3.12",
            "s3_bucket": null,
            "s3_key": null,
            "s3_object_version": null,
            "signing_job_arn": "",
            "signing_profile_version_arn": "",
            "skip_destroy": false,
            "snap_start": [],
            "source_code_hash": "6vxqSBllM1k4XA4y4+Qv5iqgmmwbJZIwx7KXjZSiDlI=",
            "source_code_size": 7096,
            "tags": {},
            "tags_all": {
              "Environment": "dev-armando",
              "ManagedBy": "Terraform",
              "Project": "CloudShop"
            },
            "timeout": 10,
            "timeouts": null,
            "tracing_config": [
              {
                "mode": "PassThrough"
              }
            ],
            "version": "$LATEST",
            "vpc_config": []
          },
          "sensitive_attributes": [],
          "identity_schema_version": 0,
          "private": "eyJlMmJmYjczMC1lY2FhLTExZTYtOGY4OC0zNDM2M2JjN2M0YzAiOnsiY3JlYXRlIjo2MDAwMDAwMDAwMDAsImRlbGV0ZSI6NjAwMDAwMDAwMDAwLCJ1cGRhdGUiOjYwMDAwMDAwMDAwMH19",
          "dependencies": [
            "module.dynamodb.aws_dynamodb_table.audit",
            "module.dynamodb.aws_dynamodb_table.carts",
            "module.dynamodb.aws_dynamodb_table.orders",
            "module.dynamodb.aws_dynamodb_table.products",
            "module.dynamodb.aws_dynamodb_table.stores",
            "module.iam.aws_iam_role.audit",
            "module.iam.aws_iam_role.carts",
            "module.iam.aws_iam_role.dashboard",
            "module.iam.aws_iam_role.notifications",
            "module.iam.aws_iam_role.orders",
            "module.iam.aws_iam_role.products",
            "module.iam.aws_iam_role.stores",
            "module.iam.aws_iam_role.users",
            "module.iam.data.aws_iam_policy_document.lambda_assume_role",
            "module.lambdas.aws_cloudwatch_log_group.this",
            "module.lambdas.data.archive_file.this",
            "module.lambdas.null_resource.copy_utils"
          ],
          "create_before_destroy": true
        },
        {
          "index_key": "carts_clear",
          "schema_version": 0,
          "attributes": {
            "architectures": [
              "x86_64"
            ],
            "arn": "arn:aws:lambda:us-east-1:970290366615:function:cloudshop-armando-carts-clear",
            "code_sha256": "y99DZCH2SEQ2BCshHml+GVbToSLhPY0kPN4z538c25s=",
            "code_signing_config_arn": "",
            "dead_letter_config": [],
            "description": "",
            "environment": [
              {
                "variables": {
                  "CARTS_TABLE_NAME": "cloudshop-armando-carts"
                }
              }
            ],
            "ephemeral_storage": [
              {
                "size": 512
              }
            ],
            "file_system_config": [],
            "filename": "./.terraform-build/carts_clear.zip",
            "function_name": "cloudshop-armando-carts-clear",
            "handler": "lambda_function.lambda_handler",
            "id": "cloudshop-armando-carts-clear",
            "image_config": [],
            "image_uri": "",
            "invoke_arn": "arn:aws:apigateway:us-east-1:lambda:path/2015-03-31/functions/arn:aws:lambda:us-east-1:970290366615:function:cloudshop-armando-carts-clear/invocations",
            "kms_key_arn": "",
            "last_modified": "2026-07-26T05:03:26.803+0000",
            "layers": [],
            "logging_config": [
              {
                "application_log_level": "",
                "log_format": "Text",
                "log_group": "/aws/lambda/cloudshop-armando-carts-clear",
                "system_log_level": ""
              }
            ],
            "memory_size": 128,
            "package_type": "Zip",
            "publish": false,
            "qualified_arn": "arn:aws:lambda:us-east-1:970290366615:function:cloudshop-armando-carts-clear:$LATEST",
            "qualified_invoke_arn": "arn:aws:apigateway:us-east-1:lambda:path/2015-03-31/functions/arn:aws:lambda:us-east-1:970290366615:function:cloudshop-armando-carts-clear:$LATEST/invocations",
            "replace_security_groups_on_destroy": null,
            "replacement_security_group_ids": null,
            "reserved_concurrent_executions": -1,
            "role": "arn:aws:iam::970290366615:role/cloudshop/cloudshop-armando-lambda-carts",
            "runtime": "python3.12",
            "s3_bucket": null,
            "s3_key": null,
            "s3_object_version": null,
            "signing_job_arn": "",
            "signing_profile_version_arn": "",
            "skip_destroy": false,
            "snap_start": [],
            "source_code_hash": "y99DZCH2SEQ2BCshHml+GVbToSLhPY0kPN4z538c25s=",
            "source_code_size": 5809,
            "tags": {},
            "tags_all": {
              "Environment": "dev-armando",
              "ManagedBy": "Terraform",
              "Project": "CloudShop"
            },
            "timeout": 10,
            "timeouts": null,
            "tracing_config": [
              {
                "mode": "PassThrough"
              }
            ],
            "version": "$LATEST",
            "vpc_config": []
          },
          "sensitive_attributes": [],
          "identity_schema_version": 0,
          "private": "eyJlMmJmYjczMC1lY2FhLTExZTYtOGY4OC0zNDM2M2JjN2M0YzAiOnsiY3JlYXRlIjo2MDAwMDAwMDAwMDAsImRlbGV0ZSI6NjAwMDAwMDAwMDAwLCJ1cGRhdGUiOjYwMDAwMDAwMDAwMH19",
          "dependencies": [
            "module.dynamodb.aws_dynamodb_table.audit",
            "module.dynamodb.aws_dynamodb_table.carts",
            "module.dynamodb.aws_dynamodb_table.orders",
            "module.dynamodb.aws_dynamodb_table.products",
            "module.dynamodb.aws_dynamodb_table.stores",
            "module.iam.aws_iam_role.audit",
            "module.iam.aws_iam_role.carts",
            "module.iam.aws_iam_role.dashboard",
            "module.iam.aws_iam_role.notifications",
            "module.iam.aws_iam_role.orders",
            "module.iam.aws_iam_role.products",
            "module.iam.aws_iam_role.stores",
            "module.iam.aws_iam_role.users",
            "module.iam.data.aws_iam_policy_document.lambda_assume_role",
            "module.lambdas.aws_cloudwatch_log_group.this",
            "module.lambdas.data.archive_file.this",
            "module.lambdas.null_resource.copy_utils"
          ],
          "create_before_destroy": true
        },
        {
          "index_key": "carts_get",
          "schema_version": 0,
          "attributes": {
            "architectures": [
              "x86_64"
            ],
            "arn": "arn:aws:lambda:us-east-1:970290366615:function:cloudshop-armando-carts-get",
            "code_sha256": "OtGTvuxbiLvO5NRUfOSPZKWjVKBaq9AmaGYDT4Uj4qg=",
            "code_signing_config_arn": "",
            "dead_letter_config": [],
            "description": "",
            "environment": [
              {
                "variables": {
                  "CARTS_TABLE_NAME": "cloudshop-armando-carts"
                }
              }
            ],
            "ephemeral_storage": [
              {
                "size": 512
              }
            ],
            "file_system_config": [],
            "filename": "./.terraform-build/carts_get.zip",
            "function_name": "cloudshop-armando-carts-get",
            "handler": "lambda_function.lambda_handler",
            "id": "cloudshop-armando-carts-get",
            "image_config": [],
            "image_uri": "",
            "invoke_arn": "arn:aws:apigateway:us-east-1:lambda:path/2015-03-31/functions/arn:aws:lambda:us-east-1:970290366615:function:cloudshop-armando-carts-get/invocations",
            "kms_key_arn": "",
            "last_modified": "2026-07-26T05:03:14.350+0000",
            "layers": [],
            "logging_config": [
              {
                "application_log_level": "",
                "log_format": "Text",
                "log_group": "/aws/lambda/cloudshop-armando-carts-get",
                "system_log_level": ""
              }
            ],
            "memory_size": 128,
            "package_type": "Zip",
            "publish": false,
            "qualified_arn": "arn:aws:lambda:us-east-1:970290366615:function:cloudshop-armando-carts-get:$LATEST",
            "qualified_invoke_arn": "arn:aws:apigateway:us-east-1:lambda:path/2015-03-31/functions/arn:aws:lambda:us-east-1:970290366615:function:cloudshop-armando-carts-get:$LATEST/invocations",
            "replace_security_groups_on_destroy": null,
            "replacement_security_group_ids": null,
            "reserved_concurrent_executions": -1,
            "role": "arn:aws:iam::970290366615:role/cloudshop/cloudshop-armando-lambda-carts",
            "runtime": "python3.12",
            "s3_bucket": null,
            "s3_key": null,
            "s3_object_version": null,
            "signing_job_arn": "",
            "signing_profile_version_arn": "",
            "skip_destroy": false,
            "snap_start": [],
            "source_code_hash": "OtGTvuxbiLvO5NRUfOSPZKWjVKBaq9AmaGYDT4Uj4qg=",
            "source_code_size": 886,
            "tags": {},
            "tags_all": {
              "Environment": "dev-armando",
              "ManagedBy": "Terraform",
              "Project": "CloudShop"
            },
            "timeout": 10,
            "timeouts": null,
            "tracing_config": [
              {
                "mode": "PassThrough"
              }
            ],
            "version": "$LATEST",
            "vpc_config": []
          },
          "sensitive_attributes": [],
          "identity_schema_version": 0,
          "private": "eyJlMmJmYjczMC1lY2FhLTExZTYtOGY4OC0zNDM2M2JjN2M0YzAiOnsiY3JlYXRlIjo2MDAwMDAwMDAwMDAsImRlbGV0ZSI6NjAwMDAwMDAwMDAwLCJ1cGRhdGUiOjYwMDAwMDAwMDAwMH19",
          "dependencies": [
            "module.dynamodb.aws_dynamodb_table.audit",
            "module.dynamodb.aws_dynamodb_table.carts",
            "module.dynamodb.aws_dynamodb_table.orders",
            "module.dynamodb.aws_dynamodb_table.products",
            "module.dynamodb.aws_dynamodb_table.stores",
            "module.iam.aws_iam_role.audit",
            "module.iam.aws_iam_role.carts",
            "module.iam.aws_iam_role.dashboard",
            "module.iam.aws_iam_role.notifications",
            "module.iam.aws_iam_role.orders",
            "module.iam.aws_iam_role.products",
            "module.iam.aws_iam_role.stores",
            "module.iam.aws_iam_role.users",
            "module.iam.data.aws_iam_policy_document.lambda_assume_role",
            "module.lambdas.aws_cloudwatch_log_group.this",
            "module.lambdas.data.archive_file.this",
            "module.lambdas.null_resource.copy_utils"
          ],
          "create_before_destroy": true
        },
        {
          "index_key": "carts_modify_quantity",
          "schema_version": 0,
          "attributes": {
            "architectures": [
              "x86_64"
            ],
            "arn": "arn:aws:lambda:us-east-1:970290366615:function:cloudshop-armando-carts-modify-quantity",
            "code_sha256": "cA83kbdLBAVNfa1jChannxxt9hIxDQfwBUV0KowT/V4=",
            "code_signing_config_arn": "",
            "dead_letter_config": [],
            "description": "",
            "environment": [
              {
                "variables": {
                  "CARTS_TABLE_NAME": "cloudshop-armando-carts"
                }
              }
            ],
            "ephemeral_storage": [
              {
                "size": 512
              }
            ],
            "file_system_config": [],
            "filename": "./.terraform-build/carts_modify_quantity.zip",
            "function_name": "cloudshop-armando-carts-modify-quantity",
            "handler": "lambda_function.lambda_handler",
            "id": "cloudshop-armando-carts-modify-quantity",
            "image_config": [],
            "image_uri": "",
            "invoke_arn": "arn:aws:apigateway:us-east-1:lambda:path/2015-03-31/functions/arn:aws:lambda:us-east-1:970290366615:function:cloudshop-armando-carts-modify-quantity/invocations",
            "kms_key_arn": "",
            "last_modified": "2026-07-26T05:02:43.314+0000",
            "layers": [],
            "logging_config": [
              {
                "application_log_level": "",
                "log_format": "Text",
                "log_group": "/aws/lambda/cloudshop-armando-carts-modify-quantity",
                "system_log_level": ""
              }
            ],
            "memory_size": 128,
            "package_type": "Zip",
            "publish": false,
            "qualified_arn": "arn:aws:lambda:us-east-1:970290366615:function:cloudshop-armando-carts-modify-quantity:$LATEST",
            "qualified_invoke_arn": "arn:aws:apigateway:us-east-1:lambda:path/2015-03-31/functions/arn:aws:lambda:us-east-1:970290366615:function:cloudshop-armando-carts-modify-quantity:$LATEST/invocations",
            "replace_security_groups_on_destroy": null,
            "replacement_security_group_ids": null,
            "reserved_concurrent_executions": -1,
            "role": "arn:aws:iam::970290366615:role/cloudshop/cloudshop-armando-lambda-carts",
            "runtime": "python3.12",
            "s3_bucket": null,
            "s3_key": null,
            "s3_object_version": null,
            "signing_job_arn": "",
            "signing_profile_version_arn": "",
            "skip_destroy": false,
            "snap_start": [],
            "source_code_hash": "cA83kbdLBAVNfa1jChannxxt9hIxDQfwBUV0KowT/V4=",
            "source_code_size": 6960,
            "tags": {},
            "tags_all": {
              "Environment": "dev-armando",
              "ManagedBy": "Terraform",
              "Project": "CloudShop"
            },
            "timeout": 10,
            "timeouts": null,
            "tracing_config": [
              {
                "mode": "PassThrough"
              }
            ],
            "version": "$LATEST",
            "vpc_config": []
          },
          "sensitive_attributes": [],
          "identity_schema_version": 0,
          "private": "eyJlMmJmYjczMC1lY2FhLTExZTYtOGY4OC0zNDM2M2JjN2M0YzAiOnsiY3JlYXRlIjo2MDAwMDAwMDAwMDAsImRlbGV0ZSI6NjAwMDAwMDAwMDAwLCJ1cGRhdGUiOjYwMDAwMDAwMDAwMH19",
          "dependencies": [
            "module.dynamodb.aws_dynamodb_table.audit",
            "module.dynamodb.aws_dynamodb_table.carts",
            "module.dynamodb.aws_dynamodb_table.orders",
            "module.dynamodb.aws_dynamodb_table.products",
            "module.dynamodb.aws_dynamodb_table.stores",
            "module.iam.aws_iam_role.audit",
            "module.iam.aws_iam_role.carts",
            "module.iam.aws_iam_role.dashboard",
            "module.iam.aws_iam_role.notifications",
            "module.iam.aws_iam_role.orders",
            "module.iam.aws_iam_role.products",
            "module.iam.aws_iam_role.stores",
            "module.iam.aws_iam_role.users",
            "module.iam.data.aws_iam_policy_document.lambda_assume_role",
            "module.lambdas.aws_cloudwatch_log_group.this",
            "module.lambdas.data.archive_file.this",
            "module.lambdas.null_resource.copy_utils"
          ],
          "create_before_destroy": true
        },
        {
          "index_key": "carts_remove_product",
          "schema_version": 0,
          "attributes": {
            "architectures": [
              "x86_64"
            ],
            "arn": "arn:aws:lambda:us-east-1:970290366615:function:cloudshop-armando-carts-remove-product",
            "code_sha256": "r+spHiDNck/j29QV5hF9e2n33l4/xH4SIAr94tDv6U0=",
            "code_signing_config_arn": "",
            "dead_letter_config": [],
            "description": "",
            "environment": [
              {
                "variables": {
                  "CARTS_TABLE_NAME": "cloudshop-armando-carts"
                }
              }
            ],
            "ephemeral_storage": [
              {
                "size": 512
              }
            ],
            "file_system_config": [],
            "filename": "./.terraform-build/carts_remove_product.zip",
            "function_name": "cloudshop-armando-carts-remove-product",
            "handler": "lambda_function.lambda_handler",
            "id": "cloudshop-armando-carts-remove-product",
            "image_config": [],
            "image_uri": "",
            "invoke_arn": "arn:aws:apigateway:us-east-1:lambda:path/2015-03-31/functions/arn:aws:lambda:us-east-1:970290366615:function:cloudshop-armando-carts-remove-product/invocations",
            "kms_key_arn": "",
            "last_modified": "2026-07-26T05:02:24.520+0000",
            "layers": [],
            "logging_config": [
              {
                "application_log_level": "",
                "log_format": "Text",
                "log_group": "/aws/lambda/cloudshop-armando-carts-remove-product",
                "system_log_level": ""
              }
            ],
            "memory_size": 128,
            "package_type": "Zip",
            "publish": false,
            "qualified_arn": "arn:aws:lambda:us-east-1:970290366615:function:cloudshop-armando-carts-remove-product:$LATEST",
            "qualified_invoke_arn": "arn:aws:apigateway:us-east-1:lambda:path/2015-03-31/functions/arn:aws:lambda:us-east-1:970290366615:function:cloudshop-armando-carts-remove-product:$LATEST/invocations",
            "replace_security_groups_on_destroy": null,
            "replacement_security_group_ids": null,
            "reserved_concurrent_executions": -1,
            "role": "arn:aws:iam::970290366615:role/cloudshop/cloudshop-armando-lambda-carts",
            "runtime": "python3.12",
            "s3_bucket": null,
            "s3_key": null,
            "s3_object_version": null,
            "signing_job_arn": "",
            "signing_profile_version_arn": "",
            "skip_destroy": false,
            "snap_start": [],
            "source_code_hash": "r+spHiDNck/j29QV5hF9e2n33l4/xH4SIAr94tDv6U0=",
            "source_code_size": 7004,
            "tags": {},
            "tags_all": {
              "Environment": "dev-armando",
              "ManagedBy": "Terraform",
              "Project": "CloudShop"
            },
            "timeout": 10,
            "timeouts": null,
            "tracing_config": [
              {
                "mode": "PassThrough"
              }
            ],
            "version": "$LATEST",
            "vpc_config": []
          },
          "sensitive_attributes": [],
          "identity_schema_version": 0,
          "private": "eyJlMmJmYjczMC1lY2FhLTExZTYtOGY4OC0zNDM2M2JjN2M0YzAiOnsiY3JlYXRlIjo2MDAwMDAwMDAwMDAsImRlbGV0ZSI6NjAwMDAwMDAwMDAwLCJ1cGRhdGUiOjYwMDAwMDAwMDAwMH19",
          "dependencies": [
            "module.dynamodb.aws_dynamodb_table.audit",
            "module.dynamodb.aws_dynamodb_table.carts",
            "module.dynamodb.aws_dynamodb_table.orders",
            "module.dynamodb.aws_dynamodb_table.products",
            "module.dynamodb.aws_dynamodb_table.stores",
            "module.iam.aws_iam_role.audit",
            "module.iam.aws_iam_role.carts",
            "module.iam.aws_iam_role.dashboard",
            "module.iam.aws_iam_role.notifications",
            "module.iam.aws_iam_role.orders",
            "module.iam.aws_iam_role.products",
            "module.iam.aws_iam_role.stores",
            "module.iam.aws_iam_role.users",
            "module.iam.data.aws_iam_policy_document.lambda_assume_role",
            "module.lambdas.aws_cloudwatch_log_group.this",
            "module.lambdas.data.archive_file.this",
            "module.lambdas.null_resource.copy_utils"
          ],
          "create_before_destroy": true
        },
        {
          "index_key": "dashboard_get",
          "schema_version": 0,
          "attributes": {
            "architectures": [
              "x86_64"
            ],
            "arn": "arn:aws:lambda:us-east-1:970290366615:function:cloudshop-armando-dashboard-get",
            "code_sha256": "2+R3hw1wJ7k7+AwgEwECBRHwNgupOOENNknrP8QVPrs=",
            "code_signing_config_arn": "",
            "dead_letter_config": [],
            "description": "",
            "environment": [
              {
                "variables": {
                  "ORDERS_TABLE_NAME": "cloudshop-armando-orders",
                  "PRODUCTS_TABLE_NAME": "cloudshop-armando-products"
                }
              }
            ],
            "ephemeral_storage": [
              {
                "size": 512
              }
            ],
            "file_system_config": [],
            "filename": "./.terraform-build/dashboard_get.zip",
            "function_name": "cloudshop-armando-dashboard-get",
            "handler": "lambda_function.lambda_handler",
            "id": "cloudshop-armando-dashboard-get",
            "image_config": [],
            "image_uri": "",
            "invoke_arn": "arn:aws:apigateway:us-east-1:lambda:path/2015-03-31/functions/arn:aws:lambda:us-east-1:970290366615:function:cloudshop-armando-dashboard-get/invocations",
            "kms_key_arn": "",
            "last_modified": "2026-07-26T05:03:01.907+0000",
            "layers": [],
            "logging_config": [
              {
                "application_log_level": "",
                "log_format": "Text",
                "log_group": "/aws/lambda/cloudshop-armando-dashboard-get",
                "system_log_level": ""
              }
            ],
            "memory_size": 128,
            "package_type": "Zip",
            "publish": false,
            "qualified_arn": "arn:aws:lambda:us-east-1:970290366615:function:cloudshop-armando-dashboard-get:$LATEST",
            "qualified_invoke_arn": "arn:aws:apigateway:us-east-1:lambda:path/2015-03-31/functions/arn:aws:lambda:us-east-1:970290366615:function:cloudshop-armando-dashboard-get:$LATEST/invocations",
            "replace_security_groups_on_destroy": null,
            "replacement_security_group_ids": null,
            "reserved_concurrent_executions": -1,
            "role": "arn:aws:iam::970290366615:role/cloudshop/cloudshop-armando-lambda-dashboard",
            "runtime": "python3.12",
            "s3_bucket": null,
            "s3_key": null,
            "s3_object_version": null,
            "signing_job_arn": "",
            "signing_profile_version_arn": "",
            "skip_destroy": false,
            "snap_start": [],
            "source_code_hash": "2+R3hw1wJ7k7+AwgEwECBRHwNgupOOENNknrP8QVPrs=",
            "source_code_size": 1933,
            "tags": {},
            "tags_all": {
              "Environment": "dev-armando",
              "ManagedBy": "Terraform",
              "Project": "CloudShop"
            },
            "timeout": 10,
            "timeouts": null,
            "tracing_config": [
              {
                "mode": "PassThrough"
              }
            ],
            "version": "$LATEST",
            "vpc_config": []
          },
          "sensitive_attributes": [],
          "identity_schema_version": 0,
          "private": "eyJlMmJmYjczMC1lY2FhLTExZTYtOGY4OC0zNDM2M2JjN2M0YzAiOnsiY3JlYXRlIjo2MDAwMDAwMDAwMDAsImRlbGV0ZSI6NjAwMDAwMDAwMDAwLCJ1cGRhdGUiOjYwMDAwMDAwMDAwMH19",
          "dependencies": [
            "module.dynamodb.aws_dynamodb_table.audit",
            "module.dynamodb.aws_dynamodb_table.carts",
            "module.dynamodb.aws_dynamodb_table.orders",
            "module.dynamodb.aws_dynamodb_table.products",
            "module.dynamodb.aws_dynamodb_table.stores",
            "module.iam.aws_iam_role.audit",
            "module.iam.aws_iam_role.carts",
            "module.iam.aws_iam_role.dashboard",
            "module.iam.aws_iam_role.notifications",
            "module.iam.aws_iam_role.orders",
            "module.iam.aws_iam_role.products",
            "module.iam.aws_iam_role.stores",
            "module.iam.aws_iam_role.users",
            "module.iam.data.aws_iam_policy_document.lambda_assume_role",
            "module.lambdas.aws_cloudwatch_log_group.this",
            "module.lambdas.data.archive_file.this",
            "module.lambdas.null_resource.copy_utils"
          ],
          "create_before_destroy": true
        },
        {
          "index_key": "events_audit",
          "schema_version": 0,
          "attributes": {
            "architectures": [
              "x86_64"
            ],
            "arn": "arn:aws:lambda:us-east-1:970290366615:function:cloudshop-armando-events-audit",
            "code_sha256": "rwT8xCQ8ZRysyME9DI5y4OUU1KSGogcvv0kIimx1/JI=",
            "code_signing_config_arn": "",
            "dead_letter_config": [],
            "description": "",
            "environment": [
              {
                "variables": {
                  "AUDIT_TABLE_NAME": "cloudshop-armando-audit"
                }
              }
            ],
            "ephemeral_storage": [
              {
                "size": 512
              }
            ],
            "file_system_config": [],
            "filename": "./.terraform-build/events_audit.zip",
            "function_name": "cloudshop-armando-events-audit",
            "handler": "lambda_function.lambda_handler",
            "id": "cloudshop-armando-events-audit",
            "image_config": [],
            "image_uri": "",
            "invoke_arn": "arn:aws:apigateway:us-east-1:lambda:path/2015-03-31/functions/arn:aws:lambda:us-east-1:970290366615:function:cloudshop-armando-events-audit/invocations",
            "kms_key_arn": "",
            "last_modified": "2026-07-26T05:02:05.675+0000",
            "layers": [],
            "logging_config": [
              {
                "application_log_level": "",
                "log_format": "Text",
                "log_group": "/aws/lambda/cloudshop-armando-events-audit",
                "system_log_level": ""
              }
            ],
            "memory_size": 128,
            "package_type": "Zip",
            "publish": false,
            "qualified_arn": "arn:aws:lambda:us-east-1:970290366615:function:cloudshop-armando-events-audit:$LATEST",
            "qualified_invoke_arn": "arn:aws:apigateway:us-east-1:lambda:path/2015-03-31/functions/arn:aws:lambda:us-east-1:970290366615:function:cloudshop-armando-events-audit:$LATEST/invocations",
            "replace_security_groups_on_destroy": null,
            "replacement_security_group_ids": null,
            "reserved_concurrent_executions": -1,
            "role": "arn:aws:iam::970290366615:role/cloudshop/cloudshop-armando-lambda-audit",
            "runtime": "python3.12",
            "s3_bucket": null,
            "s3_key": null,
            "s3_object_version": null,
            "signing_job_arn": "",
            "signing_profile_version_arn": "",
            "skip_destroy": false,
            "snap_start": [],
            "source_code_hash": "rwT8xCQ8ZRysyME9DI5y4OUU1KSGogcvv0kIimx1/JI=",
            "source_code_size": 4997,
            "tags": {},
            "tags_all": {
              "Environment": "dev-armando",
              "ManagedBy": "Terraform",
              "Project": "CloudShop"
            },
            "timeout": 10,
            "timeouts": null,
            "tracing_config": [
              {
                "mode": "PassThrough"
              }
            ],
            "version": "$LATEST",
            "vpc_config": []
          },
          "sensitive_attributes": [],
          "identity_schema_version": 0,
          "private": "eyJlMmJmYjczMC1lY2FhLTExZTYtOGY4OC0zNDM2M2JjN2M0YzAiOnsiY3JlYXRlIjo2MDAwMDAwMDAwMDAsImRlbGV0ZSI6NjAwMDAwMDAwMDAwLCJ1cGRhdGUiOjYwMDAwMDAwMDAwMH19",
          "dependencies": [
            "module.dynamodb.aws_dynamodb_table.audit",
            "module.dynamodb.aws_dynamodb_table.carts",
            "module.dynamodb.aws_dynamodb_table.orders",
            "module.dynamodb.aws_dynamodb_table.products",
            "module.dynamodb.aws_dynamodb_table.stores",
            "module.iam.aws_iam_role.audit",
            "module.iam.aws_iam_role.carts",
            "module.iam.aws_iam_role.dashboard",
            "module.iam.aws_iam_role.notifications",
            "module.iam.aws_iam_role.orders",
            "module.iam.aws_iam_role.products",
            "module.iam.aws_iam_role.stores",
            "module.iam.aws_iam_role.users",
            "module.iam.data.aws_iam_policy_document.lambda_assume_role",
            "module.lambdas.aws_cloudwatch_log_group.this",
            "module.lambdas.data.archive_file.this",
            "module.lambdas.null_resource.copy_utils"
          ],
          "create_before_destroy": true
        },
        {
          "index_key": "notifications_send_order",
          "schema_version": 0,
          "attributes": {
            "architectures": [
              "x86_64"
            ],
            "arn": "arn:aws:lambda:us-east-1:970290366615:function:cloudshop-armando-notifications-send-order",
            "code_sha256": "cuUf+ZDJxbSb/bZNXgRXrI2XPZo+22vHiKtuGoGoDXI=",
            "code_signing_config_arn": "",
            "dead_letter_config": [],
            "description": "",
            "environment": [],
            "ephemeral_storage": [
              {
                "size": 512
              }
            ],
            "file_system_config": [],
            "filename": "./.terraform-build/notifications_send_order.zip",
            "function_name": "cloudshop-armando-notifications-send-order",
            "handler": "handler.lambda_handler",
            "id": "cloudshop-armando-notifications-send-order",
            "image_config": [],
            "image_uri": "",
            "invoke_arn": "arn:aws:apigateway:us-east-1:lambda:path/2015-03-31/functions/arn:aws:lambda:us-east-1:970290366615:function:cloudshop-armando-notifications-send-order/invocations",
            "kms_key_arn": "",
            "last_modified": "2026-07-26T05:04:10.390+0000",
            "layers": [],
            "logging_config": [
              {
                "application_log_level": "",
                "log_format": "Text",
                "log_group": "/aws/lambda/cloudshop-armando-notifications-send-order",
                "system_log_level": ""
              }
            ],
            "memory_size": 128,
            "package_type": "Zip",
            "publish": false,
            "qualified_arn": "arn:aws:lambda:us-east-1:970290366615:function:cloudshop-armando-notifications-send-order:$LATEST",
            "qualified_invoke_arn": "arn:aws:apigateway:us-east-1:lambda:path/2015-03-31/functions/arn:aws:lambda:us-east-1:970290366615:function:cloudshop-armando-notifications-send-order:$LATEST/invocations",
            "replace_security_groups_on_destroy": null,
            "replacement_security_group_ids": null,
            "reserved_concurrent_executions": -1,
            "role": "arn:aws:iam::970290366615:role/cloudshop/cloudshop-armando-lambda-notifications",
            "runtime": "python3.12",
            "s3_bucket": null,
            "s3_key": null,
            "s3_object_version": null,
            "signing_job_arn": "",
            "signing_profile_version_arn": "",
            "skip_destroy": false,
            "snap_start": [],
            "source_code_hash": "cuUf+ZDJxbSb/bZNXgRXrI2XPZo+22vHiKtuGoGoDXI=",
            "source_code_size": 5906,
            "tags": {},
            "tags_all": {
              "Environment": "dev-armando",
              "ManagedBy": "Terraform",
              "Project": "CloudShop"
            },
            "timeout": 10,
            "timeouts": null,
            "tracing_config": [
              {
                "mode": "PassThrough"
              }
            ],
            "version": "$LATEST",
            "vpc_config": []
          },
          "sensitive_attributes": [],
          "identity_schema_version": 0,
          "private": "eyJlMmJmYjczMC1lY2FhLTExZTYtOGY4OC0zNDM2M2JjN2M0YzAiOnsiY3JlYXRlIjo2MDAwMDAwMDAwMDAsImRlbGV0ZSI6NjAwMDAwMDAwMDAwLCJ1cGRhdGUiOjYwMDAwMDAwMDAwMH19",
          "dependencies": [
            "module.dynamodb.aws_dynamodb_table.audit",
            "module.dynamodb.aws_dynamodb_table.carts",
            "module.dynamodb.aws_dynamodb_table.orders",
            "module.dynamodb.aws_dynamodb_table.products",
            "module.dynamodb.aws_dynamodb_table.stores",
            "module.iam.aws_iam_role.audit",
            "module.iam.aws_iam_role.carts",
            "module.iam.aws_iam_role.dashboard",
            "module.iam.aws_iam_role.notifications",
            "module.iam.aws_iam_role.orders",
            "module.iam.aws_iam_role.products",
            "module.iam.aws_iam_role.stores",
            "module.iam.aws_iam_role.users",
            "module.iam.data.aws_iam_policy_document.lambda_assume_role",
            "module.lambdas.aws_cloudwatch_log_group.this",
            "module.lambdas.data.archive_file.this",
            "module.lambdas.null_resource.copy_utils"
          ],
          "create_before_destroy": true
        },
        {
          "index_key": "orders_cancel",
          "schema_version": 0,
          "attributes": {
            "architectures": [
              "x86_64"
            ],
            "arn": "arn:aws:lambda:us-east-1:970290366615:function:cloudshop-armando-orders-cancel",
            "code_sha256": "atb+rpDT6T+1MMOGTVybx1Z0O763cOPUmQF7BycrlNk=",
            "code_signing_config_arn": "",
            "dead_letter_config": [],
            "description": "",
            "environment": [
              {
                "variables": {
                  "EVENT_BUS_NAME": "cloudshop-armando-events",
                  "ORDERS_TABLE_NAME": "cloudshop-armando-orders",
                  "PRODUCTS_TABLE_NAME": "cloudshop-armando-products"
                }
              }
            ],
            "ephemeral_storage": [
              {
                "size": 512
              }
            ],
            "file_system_config": [],
            "filename": "./.terraform-build/orders_cancel.zip",
            "function_name": "cloudshop-armando-orders-cancel",
            "handler": "lambda_function.lambda_handler",
            "id": "cloudshop-armando-orders-cancel",
            "image_config": [],
            "image_uri": "",
            "invoke_arn": "arn:aws:apigateway:us-east-1:lambda:path/2015-03-31/functions/arn:aws:lambda:us-east-1:970290366615:function:cloudshop-armando-orders-cancel/invocations",
            "kms_key_arn": "",
            "last_modified": "2026-07-26T05:03:33.021+0000",
            "layers": [],
            "logging_config": [
              {
                "application_log_level": "",
                "log_format": "Text",
                "log_group": "/aws/lambda/cloudshop-armando-orders-cancel",
                "system_log_level": ""
              }
            ],
            "memory_size": 128,
            "package_type": "Zip",
            "publish": false,
            "qualified_arn": "arn:aws:lambda:us-east-1:970290366615:function:cloudshop-armando-orders-cancel:$LATEST",
            "qualified_invoke_arn": "arn:aws:apigateway:us-east-1:lambda:path/2015-03-31/functions/arn:aws:lambda:us-east-1:970290366615:function:cloudshop-armando-orders-cancel:$LATEST/invocations",
            "replace_security_groups_on_destroy": null,
            "replacement_security_group_ids": null,
            "reserved_concurrent_executions": -1,
            "role": "arn:aws:iam::970290366615:role/cloudshop/cloudshop-armando-lambda-orders",
            "runtime": "python3.12",
            "s3_bucket": null,
            "s3_key": null,
            "s3_object_version": null,
            "signing_job_arn": "",
            "signing_profile_version_arn": "",
            "skip_destroy": false,
            "snap_start": [],
            "source_code_hash": "atb+rpDT6T+1MMOGTVybx1Z0O763cOPUmQF7BycrlNk=",
            "source_code_size": 5229,
            "tags": {},
            "tags_all": {
              "Environment": "dev-armando",
              "ManagedBy": "Terraform",
              "Project": "CloudShop"
            },
            "timeout": 10,
            "timeouts": null,
            "tracing_config": [
              {
                "mode": "PassThrough"
              }
            ],
            "version": "$LATEST",
            "vpc_config": []
          },
          "sensitive_attributes": [],
          "identity_schema_version": 0,
          "private": "eyJlMmJmYjczMC1lY2FhLTExZTYtOGY4OC0zNDM2M2JjN2M0YzAiOnsiY3JlYXRlIjo2MDAwMDAwMDAwMDAsImRlbGV0ZSI6NjAwMDAwMDAwMDAwLCJ1cGRhdGUiOjYwMDAwMDAwMDAwMH19",
          "dependencies": [
            "module.dynamodb.aws_dynamodb_table.audit",
            "module.dynamodb.aws_dynamodb_table.carts",
            "module.dynamodb.aws_dynamodb_table.orders",
            "module.dynamodb.aws_dynamodb_table.products",
            "module.dynamodb.aws_dynamodb_table.stores",
            "module.iam.aws_iam_role.audit",
            "module.iam.aws_iam_role.carts",
            "module.iam.aws_iam_role.dashboard",
            "module.iam.aws_iam_role.notifications",
            "module.iam.aws_iam_role.orders",
            "module.iam.aws_iam_role.products",
            "module.iam.aws_iam_role.stores",
            "module.iam.aws_iam_role.users",
            "module.iam.data.aws_iam_policy_document.lambda_assume_role",
            "module.lambdas.aws_cloudwatch_log_group.this",
            "module.lambdas.data.archive_file.this",
            "module.lambdas.null_resource.copy_utils"
          ],
          "create_before_destroy": true
        },
        {
          "index_key": "orders_create",
          "schema_version": 0,
          "attributes": {
            "architectures": [
              "x86_64"
            ],
            "arn": "arn:aws:lambda:us-east-1:970290366615:function:cloudshop-armando-orders-create",
            "code_sha256": "MbFk1atjHeHp7YRBOrIlIOrusE8lA3Uqet29Lpgpkoc=",
            "code_signing_config_arn": "",
            "dead_letter_config": [],
            "description": "",
            "environment": [
              {
                "variables": {
                  "CARTS_TABLE_NAME": "cloudshop-armando-carts",
                  "EVENT_BUS_NAME": "cloudshop-armando-events",
                  "ORDERS_TABLE_NAME": "cloudshop-armando-orders",
                  "PRODUCTS_TABLE_NAME": "cloudshop-armando-products"
                }
              }
            ],
            "ephemeral_storage": [
              {
                "size": 512
              }
            ],
            "file_system_config": [],
            "filename": "./.terraform-build/orders_create.zip",
            "function_name": "cloudshop-armando-orders-create",
            "handler": "lambda_function.lambda_handler",
            "id": "cloudshop-armando-orders-create",
            "image_config": [],
            "image_uri": "",
            "invoke_arn": "arn:aws:apigateway:us-east-1:lambda:path/2015-03-31/functions/arn:aws:lambda:us-east-1:970290366615:function:cloudshop-armando-orders-create/invocations",
            "kms_key_arn": "",
            "last_modified": "2026-07-26T05:03:39.282+0000",
            "layers": [],
            "logging_config": [
              {
                "application_log_level": "",
                "log_format": "Text",
                "log_group": "/aws/lambda/cloudshop-armando-orders-create",
                "system_log_level": ""
              }
            ],
            "memory_size": 128,
            "package_type": "Zip",
            "publish": false,
            "qualified_arn": "arn:aws:lambda:us-east-1:970290366615:function:cloudshop-armando-orders-create:$LATEST",
            "qualified_invoke_arn": "arn:aws:apigateway:us-east-1:lambda:path/2015-03-31/functions/arn:aws:lambda:us-east-1:970290366615:function:cloudshop-armando-orders-create:$LATEST/invocations",
            "replace_security_groups_on_destroy": null,
            "replacement_security_group_ids": null,
            "reserved_concurrent_executions": -1,
            "role": "arn:aws:iam::970290366615:role/cloudshop/cloudshop-armando-lambda-orders",
            "runtime": "python3.12",
            "s3_bucket": null,
            "s3_key": null,
            "s3_object_version": null,
            "signing_job_arn": "",
            "signing_profile_version_arn": "",
            "skip_destroy": false,
            "snap_start": [],
            "source_code_hash": "MbFk1atjHeHp7YRBOrIlIOrusE8lA3Uqet29Lpgpkoc=",
            "source_code_size": 9238,
            "tags": {},
            "tags_all": {
              "Environment": "dev-armando",
              "ManagedBy": "Terraform",
              "Project": "CloudShop"
            },
            "timeout": 10,
            "timeouts": null,
            "tracing_config": [
              {
                "mode": "PassThrough"
              }
            ],
            "version": "$LATEST",
            "vpc_config": []
          },
          "sensitive_attributes": [],
          "identity_schema_version": 0,
          "private": "eyJlMmJmYjczMC1lY2FhLTExZTYtOGY4OC0zNDM2M2JjN2M0YzAiOnsiY3JlYXRlIjo2MDAwMDAwMDAwMDAsImRlbGV0ZSI6NjAwMDAwMDAwMDAwLCJ1cGRhdGUiOjYwMDAwMDAwMDAwMH19",
          "dependencies": [
            "module.dynamodb.aws_dynamodb_table.audit",
            "module.dynamodb.aws_dynamodb_table.carts",
            "module.dynamodb.aws_dynamodb_table.orders",
            "module.dynamodb.aws_dynamodb_table.products",
            "module.dynamodb.aws_dynamodb_table.stores",
            "module.iam.aws_iam_role.audit",
            "module.iam.aws_iam_role.carts",
            "module.iam.aws_iam_role.dashboard",
            "module.iam.aws_iam_role.notifications",
            "module.iam.aws_iam_role.orders",
            "module.iam.aws_iam_role.products",
            "module.iam.aws_iam_role.stores",
            "module.iam.aws_iam_role.users",
            "module.iam.data.aws_iam_policy_document.lambda_assume_role",
            "module.lambdas.aws_cloudwatch_log_group.this",
            "module.lambdas.data.archive_file.this",
            "module.lambdas.null_resource.copy_utils"
          ],
          "create_before_destroy": true
        },
        {
          "index_key": "orders_get",
          "schema_version": 0,
          "attributes": {
            "architectures": [
              "x86_64"
            ],
            "arn": "arn:aws:lambda:us-east-1:970290366615:function:cloudshop-armando-orders-get",
            "code_sha256": "Y0nnXYfUJtoDCdB3Jvtz5/SrMd8ZftLdck6Xxr612O4=",
            "code_signing_config_arn": "",
            "dead_letter_config": [],
            "description": "",
            "environment": [
              {
                "variables": {
                  "ORDERS_TABLE_NAME": "cloudshop-armando-orders"
                }
              }
            ],
            "ephemeral_storage": [
              {
                "size": 512
              }
            ],
            "file_system_config": [],
            "filename": "./.terraform-build/orders_get.zip",
            "function_name": "cloudshop-armando-orders-get",
            "handler": "lambda_function.lambda_handler",
            "id": "cloudshop-armando-orders-get",
            "image_config": [],
            "image_uri": "",
            "invoke_arn": "arn:aws:apigateway:us-east-1:lambda:path/2015-03-31/functions/arn:aws:lambda:us-east-1:970290366615:function:cloudshop-armando-orders-get/invocations",
            "kms_key_arn": "",
            "last_modified": "2026-07-26T05:01:28.127+0000",
            "layers": [],
            "logging_config": [
              {
                "application_log_level": "",
                "log_format": "Text",
                "log_group": "/aws/lambda/cloudshop-armando-orders-get",
                "system_log_level": ""
              }
            ],
            "memory_size": 128,
            "package_type": "Zip",
            "publish": false,
            "qualified_arn": "arn:aws:lambda:us-east-1:970290366615:function:cloudshop-armando-orders-get:$LATEST",
            "qualified_invoke_arn": "arn:aws:apigateway:us-east-1:lambda:path/2015-03-31/functions/arn:aws:lambda:us-east-1:970290366615:function:cloudshop-armando-orders-get:$LATEST/invocations",
            "replace_security_groups_on_destroy": null,
            "replacement_security_group_ids": null,
            "reserved_concurrent_executions": -1,
            "role": "arn:aws:iam::970290366615:role/cloudshop/cloudshop-armando-lambda-orders",
            "runtime": "python3.12",
            "s3_bucket": null,
            "s3_key": null,
            "s3_object_version": null,
            "signing_job_arn": "",
            "signing_profile_version_arn": "",
            "skip_destroy": false,
            "snap_start": [],
            "source_code_hash": "Y0nnXYfUJtoDCdB3Jvtz5/SrMd8ZftLdck6Xxr612O4=",
            "source_code_size": 3275,
            "tags": {},
            "tags_all": {
              "Environment": "dev-armando",
              "ManagedBy": "Terraform",
              "Project": "CloudShop"
            },
            "timeout": 10,
            "timeouts": null,
            "tracing_config": [
              {
                "mode": "PassThrough"
              }
            ],
            "version": "$LATEST",
            "vpc_config": []
          },
          "sensitive_attributes": [],
          "identity_schema_version": 0,
          "private": "eyJlMmJmYjczMC1lY2FhLTExZTYtOGY4OC0zNDM2M2JjN2M0YzAiOnsiY3JlYXRlIjo2MDAwMDAwMDAwMDAsImRlbGV0ZSI6NjAwMDAwMDAwMDAwLCJ1cGRhdGUiOjYwMDAwMDAwMDAwMH19",
          "dependencies": [
            "module.dynamodb.aws_dynamodb_table.audit",
            "module.dynamodb.aws_dynamodb_table.carts",
            "module.dynamodb.aws_dynamodb_table.orders",
            "module.dynamodb.aws_dynamodb_table.products",
            "module.dynamodb.aws_dynamodb_table.stores",
            "module.iam.aws_iam_role.audit",
            "module.iam.aws_iam_role.carts",
            "module.iam.aws_iam_role.dashboard",
            "module.iam.aws_iam_role.notifications",
            "module.iam.aws_iam_role.orders",
            "module.iam.aws_iam_role.products",
            "module.iam.aws_iam_role.stores",
            "module.iam.aws_iam_role.users",
            "module.iam.data.aws_iam_policy_document.lambda_assume_role",
            "module.lambdas.aws_cloudwatch_log_group.this",
            "module.lambdas.data.archive_file.this",
            "module.lambdas.null_resource.copy_utils"
          ],
          "create_before_destroy": true
        },
        {
          "index_key": "orders_list",
          "schema_version": 0,
          "attributes": {
            "architectures": [
              "x86_64"
            ],
            "arn": "arn:aws:lambda:us-east-1:970290366615:function:cloudshop-armando-orders-list",
            "code_sha256": "FFex0eHt3RMupmEte6I2zd4K1esbbishDJPPEtcRgUk=",
            "code_signing_config_arn": "",
            "dead_letter_config": [],
            "description": "",
            "environment": [
              {
                "variables": {
                  "ORDERS_TABLE_NAME": "cloudshop-armando-orders"
                }
              }
            ],
            "ephemeral_storage": [
              {
                "size": 512
              }
            ],
            "file_system_config": [],
            "filename": "./.terraform-build/orders_list.zip",
            "function_name": "cloudshop-armando-orders-list",
            "handler": "lambda_function.lambda_handler",
            "id": "cloudshop-armando-orders-list",
            "image_config": [],
            "image_uri": "",
            "invoke_arn": "arn:aws:apigateway:us-east-1:lambda:path/2015-03-31/functions/arn:aws:lambda:us-east-1:970290366615:function:cloudshop-armando-orders-list/invocations",
            "kms_key_arn": "",
            "last_modified": "2026-07-26T05:02:18.275+0000",
            "layers": [],
            "logging_config": [
              {
                "application_log_level": "",
                "log_format": "Text",
                "log_group": "/aws/lambda/cloudshop-armando-orders-list",
                "system_log_level": ""
              }
            ],
            "memory_size": 128,
            "package_type": "Zip",
            "publish": false,
            "qualified_arn": "arn:aws:lambda:us-east-1:970290366615:function:cloudshop-armando-orders-list:$LATEST",
            "qualified_invoke_arn": "arn:aws:apigateway:us-east-1:lambda:path/2015-03-31/functions/arn:aws:lambda:us-east-1:970290366615:function:cloudshop-armando-orders-list:$LATEST/invocations",
            "replace_security_groups_on_destroy": null,
            "replacement_security_group_ids": null,
            "reserved_concurrent_executions": -1,
            "role": "arn:aws:iam::970290366615:role/cloudshop/cloudshop-armando-lambda-orders",
            "runtime": "python3.12",
            "s3_bucket": null,
            "s3_key": null,
            "s3_object_version": null,
            "signing_job_arn": "",
            "signing_profile_version_arn": "",
            "skip_destroy": false,
            "snap_start": [],
            "source_code_hash": "FFex0eHt3RMupmEte6I2zd4K1esbbishDJPPEtcRgUk=",
            "source_code_size": 4170,
            "tags": {},
            "tags_all": {
              "Environment": "dev-armando",
              "ManagedBy": "Terraform",
              "Project": "CloudShop"
            },
            "timeout": 10,
            "timeouts": null,
            "tracing_config": [
              {
                "mode": "PassThrough"
              }
            ],
            "version": "$LATEST",
            "vpc_config": []
          },
          "sensitive_attributes": [],
          "identity_schema_version": 0,
          "private": "eyJlMmJmYjczMC1lY2FhLTExZTYtOGY4OC0zNDM2M2JjN2M0YzAiOnsiY3JlYXRlIjo2MDAwMDAwMDAwMDAsImRlbGV0ZSI6NjAwMDAwMDAwMDAwLCJ1cGRhdGUiOjYwMDAwMDAwMDAwMH19",
          "dependencies": [
            "module.dynamodb.aws_dynamodb_table.audit",
            "module.dynamodb.aws_dynamodb_table.carts",
            "module.dynamodb.aws_dynamodb_table.orders",
            "module.dynamodb.aws_dynamodb_table.products",
            "module.dynamodb.aws_dynamodb_table.stores",
            "module.iam.aws_iam_role.audit",
            "module.iam.aws_iam_role.carts",
            "module.iam.aws_iam_role.dashboard",
            "module.iam.aws_iam_role.notifications",
            "module.iam.aws_iam_role.orders",
            "module.iam.aws_iam_role.products",
            "module.iam.aws_iam_role.stores",
            "module.iam.aws_iam_role.users",
            "module.iam.data.aws_iam_policy_document.lambda_assume_role",
            "module.lambdas.aws_cloudwatch_log_group.this",
            "module.lambdas.data.archive_file.this",
            "module.lambdas.null_resource.copy_utils"
          ],
          "create_before_destroy": true
        },
        {
          "index_key": "orders_update_status",
          "schema_version": 0,
          "attributes": {
            "architectures": [
              "x86_64"
            ],
            "arn": "arn:aws:lambda:us-east-1:970290366615:function:cloudshop-armando-orders-update-status",
            "code_sha256": "aCpoFI3/kvVYvfP3qmPn7L71EEAPFO+b8xCJ70Lh/M0=",
            "code_signing_config_arn": "",
            "dead_letter_config": [],
            "description": "",
            "environment": [
              {
                "variables": {
                  "EVENT_BUS_NAME": "cloudshop-armando-events",
                  "ORDERS_TABLE_NAME": "cloudshop-armando-orders"
                }
              }
            ],
            "ephemeral_storage": [
              {
                "size": 512
              }
            ],
            "file_system_config": [],
            "filename": "./.terraform-build/orders_update_status.zip",
            "function_name": "cloudshop-armando-orders-update-status",
            "handler": "lambda_function.lambda_handler",
            "id": "cloudshop-armando-orders-update-status",
            "image_config": [],
            "image_uri": "",
            "invoke_arn": "arn:aws:apigateway:us-east-1:lambda:path/2015-03-31/functions/arn:aws:lambda:us-east-1:970290366615:function:cloudshop-armando-orders-update-status/invocations",
            "kms_key_arn": "",
            "last_modified": "2026-07-26T05:01:59.433+0000",
            "layers": [],
            "logging_config": [
              {
                "application_log_level": "",
                "log_format": "Text",
                "log_group": "/aws/lambda/cloudshop-armando-orders-update-status",
                "system_log_level": ""
              }
            ],
            "memory_size": 128,
            "package_type": "Zip",
            "publish": false,
            "qualified_arn": "arn:aws:lambda:us-east-1:970290366615:function:cloudshop-armando-orders-update-status:$LATEST",
            "qualified_invoke_arn": "arn:aws:apigateway:us-east-1:lambda:path/2015-03-31/functions/arn:aws:lambda:us-east-1:970290366615:function:cloudshop-armando-orders-update-status:$LATEST/invocations",
            "replace_security_groups_on_destroy": null,
            "replacement_security_group_ids": null,
            "reserved_concurrent_executions": -1,
            "role": "arn:aws:iam::970290366615:role/cloudshop/cloudshop-armando-lambda-orders",
            "runtime": "python3.12",
            "s3_bucket": null,
            "s3_key": null,
            "s3_object_version": null,
            "signing_job_arn": "",
            "signing_profile_version_arn": "",
            "skip_destroy": false,
            "snap_start": [],
            "source_code_hash": "aCpoFI3/kvVYvfP3qmPn7L71EEAPFO+b8xCJ70Lh/M0=",
            "source_code_size": 5394,
            "tags": {},
            "tags_all": {
              "Environment": "dev-armando",
              "ManagedBy": "Terraform",
              "Project": "CloudShop"
            },
            "timeout": 10,
            "timeouts": null,
            "tracing_config": [
              {
                "mode": "PassThrough"
              }
            ],
            "version": "$LATEST",
            "vpc_config": []
          },
          "sensitive_attributes": [],
          "identity_schema_version": 0,
          "private": "eyJlMmJmYjczMC1lY2FhLTExZTYtOGY4OC0zNDM2M2JjN2M0YzAiOnsiY3JlYXRlIjo2MDAwMDAwMDAwMDAsImRlbGV0ZSI6NjAwMDAwMDAwMDAwLCJ1cGRhdGUiOjYwMDAwMDAwMDAwMH19",
          "dependencies": [
            "module.dynamodb.aws_dynamodb_table.audit",
            "module.dynamodb.aws_dynamodb_table.carts",
            "module.dynamodb.aws_dynamodb_table.orders",
            "module.dynamodb.aws_dynamodb_table.products",
            "module.dynamodb.aws_dynamodb_table.stores",
            "module.iam.aws_iam_role.audit",
            "module.iam.aws_iam_role.carts",
            "module.iam.aws_iam_role.dashboard",
            "module.iam.aws_iam_role.notifications",
            "module.iam.aws_iam_role.orders",
            "module.iam.aws_iam_role.products",
            "module.iam.aws_iam_role.stores",
            "module.iam.aws_iam_role.users",
            "module.iam.data.aws_iam_policy_document.lambda_assume_role",
            "module.lambdas.aws_cloudwatch_log_group.this",
            "module.lambdas.data.archive_file.this",
            "module.lambdas.null_resource.copy_utils"
          ],
          "create_before_destroy": true
        },
        {
          "index_key": "products_create",
          "schema_version": 0,
          "attributes": {
            "architectures": [
              "x86_64"
            ],
            "arn": "arn:aws:lambda:us-east-1:970290366615:function:cloudshop-armando-products-create",
            "code_sha256": "brlZ/ZpMHXJkaLal+IGztqZ8A0BBvT4swF+tTR3w4FI=",
            "code_signing_config_arn": "",
            "dead_letter_config": [],
            "description": "",
            "environment": [
              {
                "variables": {
                  "PRODUCTS_TABLE_NAME": "cloudshop-armando-products"
                }
              }
            ],
            "ephemeral_storage": [
              {
                "size": 512
              }
            ],
            "file_system_config": [],
            "filename": "./.terraform-build/products_create.zip",
            "function_name": "cloudshop-armando-products-create",
            "handler": "lambda_function.lambda_handler",
            "id": "cloudshop-armando-products-create",
            "image_config": [],
            "image_uri": "",
            "invoke_arn": "arn:aws:apigateway:us-east-1:lambda:path/2015-03-31/functions/arn:aws:lambda:us-east-1:970290366615:function:cloudshop-armando-products-create/invocations",
            "kms_key_arn": "",
            "last_modified": "2026-07-26T05:02:11.960+0000",
            "layers": [],
            "logging_config": [
              {
                "application_log_level": "",
                "log_format": "Text",
                "log_group": "/aws/lambda/cloudshop-armando-products-create",
                "system_log_level": ""
              }
            ],
            "memory_size": 128,
            "package_type": "Zip",
            "publish": false,
            "qualified_arn": "arn:aws:lambda:us-east-1:970290366615:function:cloudshop-armando-products-create:$LATEST",
            "qualified_invoke_arn": "arn:aws:apigateway:us-east-1:lambda:path/2015-03-31/functions/arn:aws:lambda:us-east-1:970290366615:function:cloudshop-armando-products-create:$LATEST/invocations",
            "replace_security_groups_on_destroy": null,
            "replacement_security_group_ids": null,
            "reserved_concurrent_executions": -1,
            "role": "arn:aws:iam::970290366615:role/cloudshop/cloudshop-armando-lambda-products",
            "runtime": "python3.12",
            "s3_bucket": null,
            "s3_key": null,
            "s3_object_version": null,
            "signing_job_arn": "",
            "signing_profile_version_arn": "",
            "skip_destroy": false,
            "snap_start": [],
            "source_code_hash": "brlZ/ZpMHXJkaLal+IGztqZ8A0BBvT4swF+tTR3w4FI=",
            "source_code_size": 4198,
            "tags": {},
            "tags_all": {
              "Environment": "dev-armando",
              "ManagedBy": "Terraform",
              "Project": "CloudShop"
            },
            "timeout": 10,
            "timeouts": null,
            "tracing_config": [
              {
                "mode": "PassThrough"
              }
            ],
            "version": "$LATEST",
            "vpc_config": []
          },
          "sensitive_attributes": [],
          "identity_schema_version": 0,
          "private": "eyJlMmJmYjczMC1lY2FhLTExZTYtOGY4OC0zNDM2M2JjN2M0YzAiOnsiY3JlYXRlIjo2MDAwMDAwMDAwMDAsImRlbGV0ZSI6NjAwMDAwMDAwMDAwLCJ1cGRhdGUiOjYwMDAwMDAwMDAwMH19",
          "dependencies": [
            "module.dynamodb.aws_dynamodb_table.audit",
            "module.dynamodb.aws_dynamodb_table.carts",
            "module.dynamodb.aws_dynamodb_table.orders",
            "module.dynamodb.aws_dynamodb_table.products",
            "module.dynamodb.aws_dynamodb_table.stores",
            "module.iam.aws_iam_role.audit",
            "module.iam.aws_iam_role.carts",
            "module.iam.aws_iam_role.dashboard",
            "module.iam.aws_iam_role.notifications",
            "module.iam.aws_iam_role.orders",
            "module.iam.aws_iam_role.products",
            "module.iam.aws_iam_role.stores",
            "module.iam.aws_iam_role.users",
            "module.iam.data.aws_iam_policy_document.lambda_assume_role",
            "module.lambdas.aws_cloudwatch_log_group.this",
            "module.lambdas.data.archive_file.this",
            "module.lambdas.null_resource.copy_utils"
          ],
          "create_before_destroy": true
        },
        {
          "index_key": "products_delete",
          "schema_version": 0,
          "attributes": {
            "architectures": [
              "x86_64"
            ],
            "arn": "arn:aws:lambda:us-east-1:970290366615:function:cloudshop-armando-products-delete",
            "code_sha256": "94++o8/jLIyB+ZqfBxPsUT326qxp6TgyAMPzlNfgdtU=",
            "code_signing_config_arn": "",
            "dead_letter_config": [],
            "description": "",
            "environment": [
              {
                "variables": {
                  "PRODUCTS_TABLE_NAME": "cloudshop-armando-products"
                }
              }
            ],
            "ephemeral_storage": [
              {
                "size": 512
              }
            ],
            "file_system_config": [],
            "filename": "./.terraform-build/products_delete.zip",
            "function_name": "cloudshop-armando-products-delete",
            "handler": "lambda_function.lambda_handler",
            "id": "cloudshop-armando-products-delete",
            "image_config": [],
            "image_uri": "",
            "invoke_arn": "arn:aws:apigateway:us-east-1:lambda:path/2015-03-31/functions/arn:aws:lambda:us-east-1:970290366615:function:cloudshop-armando-products-delete/invocations",
            "kms_key_arn": "",
            "last_modified": "2026-07-26T05:03:08.173+0000",
            "layers": [],
            "logging_config": [
              {
                "application_log_level": "",
                "log_format": "Text",
                "log_group": "/aws/lambda/cloudshop-armando-products-delete",
                "system_log_level": ""
              }
            ],
            "memory_size": 128,
            "package_type": "Zip",
            "publish": false,
            "qualified_arn": "arn:aws:lambda:us-east-1:970290366615:function:cloudshop-armando-products-delete:$LATEST",
            "qualified_invoke_arn": "arn:aws:apigateway:us-east-1:lambda:path/2015-03-31/functions/arn:aws:lambda:us-east-1:970290366615:function:cloudshop-armando-products-delete:$LATEST/invocations",
            "replace_security_groups_on_destroy": null,
            "replacement_security_group_ids": null,
            "reserved_concurrent_executions": -1,
            "role": "arn:aws:iam::970290366615:role/cloudshop/cloudshop-armando-lambda-products",
            "runtime": "python3.12",
            "s3_bucket": null,
            "s3_key": null,
            "s3_object_version": null,
            "signing_job_arn": "",
            "signing_profile_version_arn": "",
            "skip_destroy": false,
            "snap_start": [],
            "source_code_hash": "94++o8/jLIyB+ZqfBxPsUT326qxp6TgyAMPzlNfgdtU=",
            "source_code_size": 4263,
            "tags": {},
            "tags_all": {
              "Environment": "dev-armando",
              "ManagedBy": "Terraform",
              "Project": "CloudShop"
            },
            "timeout": 10,
            "timeouts": null,
            "tracing_config": [
              {
                "mode": "PassThrough"
              }
            ],
            "version": "$LATEST",
            "vpc_config": []
          },
          "sensitive_attributes": [],
          "identity_schema_version": 0,
          "private": "eyJlMmJmYjczMC1lY2FhLTExZTYtOGY4OC0zNDM2M2JjN2M0YzAiOnsiY3JlYXRlIjo2MDAwMDAwMDAwMDAsImRlbGV0ZSI6NjAwMDAwMDAwMDAwLCJ1cGRhdGUiOjYwMDAwMDAwMDAwMH19",
          "dependencies": [
            "module.dynamodb.aws_dynamodb_table.audit",
            "module.dynamodb.aws_dynamodb_table.carts",
            "module.dynamodb.aws_dynamodb_table.orders",
            "module.dynamodb.aws_dynamodb_table.products",
            "module.dynamodb.aws_dynamodb_table.stores",
            "module.iam.aws_iam_role.audit",
            "module.iam.aws_iam_role.carts",
            "module.iam.aws_iam_role.dashboard",
            "module.iam.aws_iam_role.notifications",
            "module.iam.aws_iam_role.orders",
            "module.iam.aws_iam_role.products",
            "module.iam.aws_iam_role.stores",
            "module.iam.aws_iam_role.users",
            "module.iam.data.aws_iam_policy_document.lambda_assume_role",
            "module.lambdas.aws_cloudwatch_log_group.this",
            "module.lambdas.data.archive_file.this",
            "module.lambdas.null_resource.copy_utils"
          ],
          "create_before_destroy": true
        },
        {
          "index_key": "products_get",
          "schema_version": 0,
          "attributes": {
            "architectures": [
              "x86_64"
            ],
            "arn": "arn:aws:lambda:us-east-1:970290366615:function:cloudshop-armando-products-get",
            "code_sha256": "aP38knRA08WRpmlJ278QcruCXA0MF6wu2K25Sy3J5nA=",
            "code_signing_config_arn": "",
            "dead_letter_config": [],
            "description": "",
            "environment": [
              {
                "variables": {
                  "PRODUCTS_TABLE_NAME": "cloudshop-armando-products"
                }
              }
            ],
            "ephemeral_storage": [
              {
                "size": 512
              }
            ],
            "file_system_config": [],
            "filename": "./.terraform-build/products_get.zip",
            "function_name": "cloudshop-armando-products-get",
            "handler": "lambda_function.lambda_handler",
            "id": "cloudshop-armando-products-get",
            "image_config": [],
            "image_uri": "",
            "invoke_arn": "arn:aws:apigateway:us-east-1:lambda:path/2015-03-31/functions/arn:aws:lambda:us-east-1:970290366615:function:cloudshop-armando-products-get/invocations",
            "kms_key_arn": "",
            "last_modified": "2026-07-26T05:02:55.704+0000",
            "layers": [],
            "logging_config": [
              {
                "application_log_level": "",
                "log_format": "Text",
                "log_group": "/aws/lambda/cloudshop-armando-products-get",
                "system_log_level": ""
              }
            ],
            "memory_size": 128,
            "package_type": "Zip",
            "publish": false,
            "qualified_arn": "arn:aws:lambda:us-east-1:970290366615:function:cloudshop-armando-products-get:$LATEST",
            "qualified_invoke_arn": "arn:aws:apigateway:us-east-1:lambda:path/2015-03-31/functions/arn:aws:lambda:us-east-1:970290366615:function:cloudshop-armando-products-get:$LATEST/invocations",
            "replace_security_groups_on_destroy": null,
            "replacement_security_group_ids": null,
            "reserved_concurrent_executions": -1,
            "role": "arn:aws:iam::970290366615:role/cloudshop/cloudshop-armando-lambda-products",
            "runtime": "python3.12",
            "s3_bucket": null,
            "s3_key": null,
            "s3_object_version": null,
            "signing_job_arn": "",
            "signing_profile_version_arn": "",
            "skip_destroy": false,
            "snap_start": [],
            "source_code_hash": "aP38knRA08WRpmlJ278QcruCXA0MF6wu2K25Sy3J5nA=",
            "source_code_size": 3065,
            "tags": {},
            "tags_all": {
              "Environment": "dev-armando",
              "ManagedBy": "Terraform",
              "Project": "CloudShop"
            },
            "timeout": 10,
            "timeouts": null,
            "tracing_config": [
              {
                "mode": "PassThrough"
              }
            ],
            "version": "$LATEST",
            "vpc_config": []
          },
          "sensitive_attributes": [],
          "identity_schema_version": 0,
          "private": "eyJlMmJmYjczMC1lY2FhLTExZTYtOGY4OC0zNDM2M2JjN2M0YzAiOnsiY3JlYXRlIjo2MDAwMDAwMDAwMDAsImRlbGV0ZSI6NjAwMDAwMDAwMDAwLCJ1cGRhdGUiOjYwMDAwMDAwMDAwMH19",
          "dependencies": [
            "module.dynamodb.aws_dynamodb_table.audit",
            "module.dynamodb.aws_dynamodb_table.carts",
            "module.dynamodb.aws_dynamodb_table.orders",
            "module.dynamodb.aws_dynamodb_table.products",
            "module.dynamodb.aws_dynamodb_table.stores",
            "module.iam.aws_iam_role.audit",
            "module.iam.aws_iam_role.carts",
            "module.iam.aws_iam_role.dashboard",
            "module.iam.aws_iam_role.notifications",
            "module.iam.aws_iam_role.orders",
            "module.iam.aws_iam_role.products",
            "module.iam.aws_iam_role.stores",
            "module.iam.aws_iam_role.users",
            "module.iam.data.aws_iam_policy_document.lambda_assume_role",
            "module.lambdas.aws_cloudwatch_log_group.this",
            "module.lambdas.data.archive_file.this",
            "module.lambdas.null_resource.copy_utils"
          ],
          "create_before_destroy": true
        },
        {
          "index_key": "products_list",
          "schema_version": 0,
          "attributes": {
            "architectures": [
              "x86_64"
            ],
            "arn": "arn:aws:lambda:us-east-1:970290366615:function:cloudshop-armando-products-list",
            "code_sha256": "R3VDD9cQ9uZr6ooAI7+HNURitewL1yWbthUOWVY2jS0=",
            "code_signing_config_arn": "",
            "dead_letter_config": [],
            "description": "",
            "environment": [
              {
                "variables": {
                  "PRODUCTS_TABLE_NAME": "cloudshop-armando-products"
                }
              }
            ],
            "ephemeral_storage": [
              {
                "size": 512
              }
            ],
            "file_system_config": [],
            "filename": "./.terraform-build/products_list.zip",
            "function_name": "cloudshop-armando-products-list",
            "handler": "lambda_function.lambda_handler",
            "id": "cloudshop-armando-products-list",
            "image_config": [],
            "image_uri": "",
            "invoke_arn": "arn:aws:apigateway:us-east-1:lambda:path/2015-03-31/functions/arn:aws:lambda:us-east-1:970290366615:function:cloudshop-armando-products-list/invocations",
            "kms_key_arn": "",
            "last_modified": "2026-07-26T05:03:51.596+0000",
            "layers": [],
            "logging_config": [
              {
                "application_log_level": "",
                "log_format": "Text",
                "log_group": "/aws/lambda/cloudshop-armando-products-list",
                "system_log_level": ""
              }
            ],
            "memory_size": 128,
            "package_type": "Zip",
            "publish": false,
            "qualified_arn": "arn:aws:lambda:us-east-1:970290366615:function:cloudshop-armando-products-list:$LATEST",
            "qualified_invoke_arn": "arn:aws:apigateway:us-east-1:lambda:path/2015-03-31/functions/arn:aws:lambda:us-east-1:970290366615:function:cloudshop-armando-products-list:$LATEST/invocations",
            "replace_security_groups_on_destroy": null,
            "replacement_security_group_ids": null,
            "reserved_concurrent_executions": -1,
            "role": "arn:aws:iam::970290366615:role/cloudshop/cloudshop-armando-lambda-products",
            "runtime": "python3.12",
            "s3_bucket": null,
            "s3_key": null,
            "s3_object_version": null,
            "signing_job_arn": "",
            "signing_profile_version_arn": "",
            "skip_destroy": false,
            "snap_start": [],
            "source_code_hash": "R3VDD9cQ9uZr6ooAI7+HNURitewL1yWbthUOWVY2jS0=",
            "source_code_size": 3590,
            "tags": {},
            "tags_all": {
              "Environment": "dev-armando",
              "ManagedBy": "Terraform",
              "Project": "CloudShop"
            },
            "timeout": 10,
            "timeouts": null,
            "tracing_config": [
              {
                "mode": "PassThrough"
              }
            ],
            "version": "$LATEST",
            "vpc_config": []
          },
          "sensitive_attributes": [],
          "identity_schema_version": 0,
          "private": "eyJlMmJmYjczMC1lY2FhLTExZTYtOGY4OC0zNDM2M2JjN2M0YzAiOnsiY3JlYXRlIjo2MDAwMDAwMDAwMDAsImRlbGV0ZSI6NjAwMDAwMDAwMDAwLCJ1cGRhdGUiOjYwMDAwMDAwMDAwMH19",
          "dependencies": [
            "module.dynamodb.aws_dynamodb_table.audit",
            "module.dynamodb.aws_dynamodb_table.carts",
            "module.dynamodb.aws_dynamodb_table.orders",
            "module.dynamodb.aws_dynamodb_table.products",
            "module.dynamodb.aws_dynamodb_table.stores",
            "module.iam.aws_iam_role.audit",
            "module.iam.aws_iam_role.carts",
            "module.iam.aws_iam_role.dashboard",
            "module.iam.aws_iam_role.notifications",
            "module.iam.aws_iam_role.orders",
            "module.iam.aws_iam_role.products",
            "module.iam.aws_iam_role.stores",
            "module.iam.aws_iam_role.users",
            "module.iam.data.aws_iam_policy_document.lambda_assume_role",
            "module.lambdas.aws_cloudwatch_log_group.this",
            "module.lambdas.data.archive_file.this",
            "module.lambdas.null_resource.copy_utils"
          ],
          "create_before_destroy": true
        },
        {
          "index_key": "products_update",
          "schema_version": 0,
          "attributes": {
            "architectures": [
              "x86_64"
            ],
            "arn": "arn:aws:lambda:us-east-1:970290366615:function:cloudshop-armando-products-update",
            "code_sha256": "g8yZiuJQ9ptnXQdIGO1a07+MZAaj2dpsNdnbsakbQh8=",
            "code_signing_config_arn": "",
            "dead_letter_config": [],
            "description": "",
            "environment": [
              {
                "variables": {
                  "PRODUCTS_TABLE_NAME": "cloudshop-armando-products"
                }
              }
            ],
            "ephemeral_storage": [
              {
                "size": 512
              }
            ],
            "file_system_config": [],
            "filename": "./.terraform-build/products_update.zip",
            "function_name": "cloudshop-armando-products-update",
            "handler": "lambda_function.lambda_handler",
            "id": "cloudshop-armando-products-update",
            "image_config": [],
            "image_uri": "",
            "invoke_arn": "arn:aws:apigateway:us-east-1:lambda:path/2015-03-31/functions/arn:aws:lambda:us-east-1:970290366615:function:cloudshop-armando-products-update/invocations",
            "kms_key_arn": "",
            "last_modified": "2026-07-26T05:01:46.846+0000",
            "layers": [],
            "logging_config": [
              {
                "application_log_level": "",
                "log_format": "Text",
                "log_group": "/aws/lambda/cloudshop-armando-products-update",
                "system_log_level": ""
              }
            ],
            "memory_size": 128,
            "package_type": "Zip",
            "publish": false,
            "qualified_arn": "arn:aws:lambda:us-east-1:970290366615:function:cloudshop-armando-products-update:$LATEST",
            "qualified_invoke_arn": "arn:aws:apigateway:us-east-1:lambda:path/2015-03-31/functions/arn:aws:lambda:us-east-1:970290366615:function:cloudshop-armando-products-update:$LATEST/invocations",
            "replace_security_groups_on_destroy": null,
            "replacement_security_group_ids": null,
            "reserved_concurrent_executions": -1,
            "role": "arn:aws:iam::970290366615:role/cloudshop/cloudshop-armando-lambda-products",
            "runtime": "python3.12",
            "s3_bucket": null,
            "s3_key": null,
            "s3_object_version": null,
            "signing_job_arn": "",
            "signing_profile_version_arn": "",
            "skip_destroy": false,
            "snap_start": [],
            "source_code_hash": "g8yZiuJQ9ptnXQdIGO1a07+MZAaj2dpsNdnbsakbQh8=",
            "source_code_size": 5212,
            "tags": {},
            "tags_all": {
              "Environment": "dev-armando",
              "ManagedBy": "Terraform",
              "Project": "CloudShop"
            },
            "timeout": 10,
            "timeouts": null,
            "tracing_config": [
              {
                "mode": "PassThrough"
              }
            ],
            "version": "$LATEST",
            "vpc_config": []
          },
          "sensitive_attributes": [],
          "identity_schema_version": 0,
          "private": "eyJlMmJmYjczMC1lY2FhLTExZTYtOGY4OC0zNDM2M2JjN2M0YzAiOnsiY3JlYXRlIjo2MDAwMDAwMDAwMDAsImRlbGV0ZSI6NjAwMDAwMDAwMDAwLCJ1cGRhdGUiOjYwMDAwMDAwMDAwMH19",
          "dependencies": [
            "module.dynamodb.aws_dynamodb_table.audit",
            "module.dynamodb.aws_dynamodb_table.carts",
            "module.dynamodb.aws_dynamodb_table.orders",
            "module.dynamodb.aws_dynamodb_table.products",
            "module.dynamodb.aws_dynamodb_table.stores",
            "module.iam.aws_iam_role.audit",
            "module.iam.aws_iam_role.carts",
            "module.iam.aws_iam_role.dashboard",
            "module.iam.aws_iam_role.notifications",
            "module.iam.aws_iam_role.orders",
            "module.iam.aws_iam_role.products",
            "module.iam.aws_iam_role.stores",
            "module.iam.aws_iam_role.users",
            "module.iam.data.aws_iam_policy_document.lambda_assume_role",
            "module.lambdas.aws_cloudwatch_log_group.this",
            "module.lambdas.data.archive_file.this",
            "module.lambdas.null_resource.copy_utils"
          ],
          "create_before_destroy": true
        },
        {
          "index_key": "stores_create",
          "schema_version": 0,
          "attributes": {
            "architectures": [
              "x86_64"
            ],
            "arn": "arn:aws:lambda:us-east-1:970290366615:function:cloudshop-armando-stores-create",
            "code_sha256": "eJSDpaSSjCBlTdyhDTbZSVLRPo+HOiDfnwxMVlNI7wE=",
            "code_signing_config_arn": "",
            "dead_letter_config": [],
            "description": "",
            "environment": [
              {
                "variables": {
                  "STORES_TABLE_NAME": "cloudshop-armando-stores"
                }
              }
            ],
            "ephemeral_storage": [
              {
                "size": 512
              }
            ],
            "file_system_config": [],
            "filename": "./.terraform-build/stores_create.zip",
            "function_name": "cloudshop-armando-stores-create",
            "handler": "lambda_function.lambda_handler",
            "id": "cloudshop-armando-stores-create",
            "image_config": [],
            "image_uri": "",
            "invoke_arn": "arn:aws:apigateway:us-east-1:lambda:path/2015-03-31/functions/arn:aws:lambda:us-east-1:970290366615:function:cloudshop-armando-stores-create/invocations",
            "kms_key_arn": "",
            "last_modified": "2026-07-26T05:01:34.421+0000",
            "layers": [],
            "logging_config": [
              {
                "application_log_level": "",
                "log_format": "Text",
                "log_group": "/aws/lambda/cloudshop-armando-stores-create",
                "system_log_level": ""
              }
            ],
            "memory_size": 128,
            "package_type": "Zip",
            "publish": false,
            "qualified_arn": "arn:aws:lambda:us-east-1:970290366615:function:cloudshop-armando-stores-create:$LATEST",
            "qualified_invoke_arn": "arn:aws:apigateway:us-east-1:lambda:path/2015-03-31/functions/arn:aws:lambda:us-east-1:970290366615:function:cloudshop-armando-stores-create:$LATEST/invocations",
            "replace_security_groups_on_destroy": null,
            "replacement_security_group_ids": null,
            "reserved_concurrent_executions": -1,
            "role": "arn:aws:iam::970290366615:role/cloudshop/cloudshop-armando-lambda-stores",
            "runtime": "python3.12",
            "s3_bucket": null,
            "s3_key": null,
            "s3_object_version": null,
            "signing_job_arn": "",
            "signing_profile_version_arn": "",
            "skip_destroy": false,
            "snap_start": [],
            "source_code_hash": "eJSDpaSSjCBlTdyhDTbZSVLRPo+HOiDfnwxMVlNI7wE=",
            "source_code_size": 4687,
            "tags": {},
            "tags_all": {
              "Environment": "dev-armando",
              "ManagedBy": "Terraform",
              "Project": "CloudShop"
            },
            "timeout": 10,
            "timeouts": null,
            "tracing_config": [
              {
                "mode": "PassThrough"
              }
            ],
            "version": "$LATEST",
            "vpc_config": []
          },
          "sensitive_attributes": [],
          "identity_schema_version": 0,
          "private": "eyJlMmJmYjczMC1lY2FhLTExZTYtOGY4OC0zNDM2M2JjN2M0YzAiOnsiY3JlYXRlIjo2MDAwMDAwMDAwMDAsImRlbGV0ZSI6NjAwMDAwMDAwMDAwLCJ1cGRhdGUiOjYwMDAwMDAwMDAwMH19",
          "dependencies": [
            "module.dynamodb.aws_dynamodb_table.audit",
            "module.dynamodb.aws_dynamodb_table.carts",
            "module.dynamodb.aws_dynamodb_table.orders",
            "module.dynamodb.aws_dynamodb_table.products",
            "module.dynamodb.aws_dynamodb_table.stores",
            "module.iam.aws_iam_role.audit",
            "module.iam.aws_iam_role.carts",
            "module.iam.aws_iam_role.dashboard",
            "module.iam.aws_iam_role.notifications",
            "module.iam.aws_iam_role.orders",
            "module.iam.aws_iam_role.products",
            "module.iam.aws_iam_role.stores",
            "module.iam.aws_iam_role.users",
            "module.iam.data.aws_iam_policy_document.lambda_assume_role",
            "module.lambdas.aws_cloudwatch_log_group.this",
            "module.lambdas.data.archive_file.this",
            "module.lambdas.null_resource.copy_utils"
          ],
          "create_before_destroy": true
        },
        {
          "index_key": "stores_delete",
          "schema_version": 0,
          "attributes": {
            "architectures": [
              "x86_64"
            ],
            "arn": "arn:aws:lambda:us-east-1:970290366615:function:cloudshop-armando-stores-delete",
            "code_sha256": "AInJ9OFBu/V6tIy45/g0lCVMuz4C1YMaThKmIkaDLhg=",
            "code_signing_config_arn": "",
            "dead_letter_config": [],
            "description": "",
            "environment": [
              {
                "variables": {
                  "STORES_TABLE_NAME": "cloudshop-armando-stores"
                }
              }
            ],
            "ephemeral_storage": [
              {
                "size": 512
              }
            ],
            "file_system_config": [],
            "filename": "./.terraform-build/stores_delete.zip",
            "function_name": "cloudshop-armando-stores-delete",
            "handler": "lambda_function.lambda_handler",
            "id": "cloudshop-armando-stores-delete",
            "image_config": [],
            "image_uri": "",
            "invoke_arn": "arn:aws:apigateway:us-east-1:lambda:path/2015-03-31/functions/arn:aws:lambda:us-east-1:970290366615:function:cloudshop-armando-stores-delete/invocations",
            "kms_key_arn": "",
            "last_modified": "2026-07-26T05:02:37.110+0000",
            "layers": [],
            "logging_config": [
              {
                "application_log_level": "",
                "log_format": "Text",
                "log_group": "/aws/lambda/cloudshop-armando-stores-delete",
                "system_log_level": ""
              }
            ],
            "memory_size": 128,
            "package_type": "Zip",
            "publish": false,
            "qualified_arn": "arn:aws:lambda:us-east-1:970290366615:function:cloudshop-armando-stores-delete:$LATEST",
            "qualified_invoke_arn": "arn:aws:apigateway:us-east-1:lambda:path/2015-03-31/functions/arn:aws:lambda:us-east-1:970290366615:function:cloudshop-armando-stores-delete:$LATEST/invocations",
            "replace_security_groups_on_destroy": null,
            "replacement_security_group_ids": null,
            "reserved_concurrent_executions": -1,
            "role": "arn:aws:iam::970290366615:role/cloudshop/cloudshop-armando-lambda-stores",
            "runtime": "python3.12",
            "s3_bucket": null,
            "s3_key": null,
            "s3_object_version": null,
            "signing_job_arn": "",
            "signing_profile_version_arn": "",
            "skip_destroy": false,
            "snap_start": [],
            "source_code_hash": "AInJ9OFBu/V6tIy45/g0lCVMuz4C1YMaThKmIkaDLhg=",
            "source_code_size": 4390,
            "tags": {},
            "tags_all": {
              "Environment": "dev-armando",
              "ManagedBy": "Terraform",
              "Project": "CloudShop"
            },
            "timeout": 10,
            "timeouts": null,
            "tracing_config": [
              {
                "mode": "PassThrough"
              }
            ],
            "version": "$LATEST",
            "vpc_config": []
          },
          "sensitive_attributes": [],
          "identity_schema_version": 0,
          "private": "eyJlMmJmYjczMC1lY2FhLTExZTYtOGY4OC0zNDM2M2JjN2M0YzAiOnsiY3JlYXRlIjo2MDAwMDAwMDAwMDAsImRlbGV0ZSI6NjAwMDAwMDAwMDAwLCJ1cGRhdGUiOjYwMDAwMDAwMDAwMH19",
          "dependencies": [
            "module.dynamodb.aws_dynamodb_table.audit",
            "module.dynamodb.aws_dynamodb_table.carts",
            "module.dynamodb.aws_dynamodb_table.orders",
            "module.dynamodb.aws_dynamodb_table.products",
            "module.dynamodb.aws_dynamodb_table.stores",
            "module.iam.aws_iam_role.audit",
            "module.iam.aws_iam_role.carts",
            "module.iam.aws_iam_role.dashboard",
            "module.iam.aws_iam_role.notifications",
            "module.iam.aws_iam_role.orders",
            "module.iam.aws_iam_role.products",
            "module.iam.aws_iam_role.stores",
            "module.iam.aws_iam_role.users",
            "module.iam.data.aws_iam_policy_document.lambda_assume_role",
            "module.lambdas.aws_cloudwatch_log_group.this",
            "module.lambdas.data.archive_file.this",
            "module.lambdas.null_resource.copy_utils"
          ],
          "create_before_destroy": true
        },
        {
          "index_key": "stores_get",
          "schema_version": 0,
          "attributes": {
            "architectures": [
              "x86_64"
            ],
            "arn": "arn:aws:lambda:us-east-1:970290366615:function:cloudshop-armando-stores-get",
            "code_sha256": "cIO0rMeCVJ2cH9ekV4MSdiU4JWnrfCOCZ4Kzv/Q1cxE=",
            "code_signing_config_arn": "",
            "dead_letter_config": [],
            "description": "",
            "environment": [
              {
                "variables": {
                  "STORES_TABLE_NAME": "cloudshop-armando-stores"
                }
              }
            ],
            "ephemeral_storage": [
              {
                "size": 512
              }
            ],
            "file_system_config": [],
            "filename": "./.terraform-build/stores_get.zip",
            "function_name": "cloudshop-armando-stores-get",
            "handler": "lambda_function.lambda_handler",
            "id": "cloudshop-armando-stores-get",
            "image_config": [],
            "image_uri": "",
            "invoke_arn": "arn:aws:apigateway:us-east-1:lambda:path/2015-03-31/functions/arn:aws:lambda:us-east-1:970290366615:function:cloudshop-armando-stores-get/invocations",
            "kms_key_arn": "",
            "last_modified": "2026-07-26T05:04:16.551+0000",
            "layers": [],
            "logging_config": [
              {
                "application_log_level": "",
                "log_format": "Text",
                "log_group": "/aws/lambda/cloudshop-armando-stores-get",
                "system_log_level": ""
              }
            ],
            "memory_size": 128,
            "package_type": "Zip",
            "publish": false,
            "qualified_arn": "arn:aws:lambda:us-east-1:970290366615:function:cloudshop-armando-stores-get:$LATEST",
            "qualified_invoke_arn": "arn:aws:apigateway:us-east-1:lambda:path/2015-03-31/functions/arn:aws:lambda:us-east-1:970290366615:function:cloudshop-armando-stores-get:$LATEST/invocations",
            "replace_security_groups_on_destroy": null,
            "replacement_security_group_ids": null,
            "reserved_concurrent_executions": -1,
            "role": "arn:aws:iam::970290366615:role/cloudshop/cloudshop-armando-lambda-stores",
            "runtime": "python3.12",
            "s3_bucket": null,
            "s3_key": null,
            "s3_object_version": null,
            "signing_job_arn": "",
            "signing_profile_version_arn": "",
            "skip_destroy": false,
            "snap_start": [],
            "source_code_hash": "cIO0rMeCVJ2cH9ekV4MSdiU4JWnrfCOCZ4Kzv/Q1cxE=",
            "source_code_size": 3528,
            "tags": {},
            "tags_all": {
              "Environment": "dev-armando",
              "ManagedBy": "Terraform",
              "Project": "CloudShop"
            },
            "timeout": 10,
            "timeouts": null,
            "tracing_config": [
              {
                "mode": "PassThrough"
              }
            ],
            "version": "$LATEST",
            "vpc_config": []
          },
          "sensitive_attributes": [],
          "identity_schema_version": 0,
          "private": "eyJlMmJmYjczMC1lY2FhLTExZTYtOGY4OC0zNDM2M2JjN2M0YzAiOnsiY3JlYXRlIjo2MDAwMDAwMDAwMDAsImRlbGV0ZSI6NjAwMDAwMDAwMDAwLCJ1cGRhdGUiOjYwMDAwMDAwMDAwMH19",
          "dependencies": [
            "module.dynamodb.aws_dynamodb_table.audit",
            "module.dynamodb.aws_dynamodb_table.carts",
            "module.dynamodb.aws_dynamodb_table.orders",
            "module.dynamodb.aws_dynamodb_table.products",
            "module.dynamodb.aws_dynamodb_table.stores",
            "module.iam.aws_iam_role.audit",
            "module.iam.aws_iam_role.carts",
            "module.iam.aws_iam_role.dashboard",
            "module.iam.aws_iam_role.notifications",
            "module.iam.aws_iam_role.orders",
            "module.iam.aws_iam_role.products",
            "module.iam.aws_iam_role.stores",
            "module.iam.aws_iam_role.users",
            "module.iam.data.aws_iam_policy_document.lambda_assume_role",
            "module.lambdas.aws_cloudwatch_log_group.this",
            "module.lambdas.data.archive_file.this",
            "module.lambdas.null_resource.copy_utils"
          ],
          "create_before_destroy": true
        },
        {
          "index_key": "stores_list",
          "schema_version": 0,
          "attributes": {
            "architectures": [
              "x86_64"
            ],
            "arn": "arn:aws:lambda:us-east-1:970290366615:function:cloudshop-armando-stores-list",
            "code_sha256": "sNWdCnb3ux/m6CsOgxD3ejPwumqGyOGyxG6SH5nyWLE=",
            "code_signing_config_arn": "",
            "dead_letter_config": [],
            "description": "",
            "environment": [
              {
                "variables": {
                  "STORES_TABLE_NAME": "cloudshop-armando-stores"
                }
              }
            ],
            "ephemeral_storage": [
              {
                "size": 512
              }
            ],
            "file_system_config": [],
            "filename": "./.terraform-build/stores_list.zip",
            "function_name": "cloudshop-armando-stores-list",
            "handler": "lambda_function.lambda_handler",
            "id": "cloudshop-armando-stores-list",
            "image_config": [],
            "image_uri": "",
            "invoke_arn": "arn:aws:apigateway:us-east-1:lambda:path/2015-03-31/functions/arn:aws:lambda:us-east-1:970290366615:function:cloudshop-armando-stores-list/invocations",
            "kms_key_arn": "",
            "last_modified": "2026-07-26T05:03:57.888+0000",
            "layers": [],
            "logging_config": [
              {
                "application_log_level": "",
                "log_format": "Text",
                "log_group": "/aws/lambda/cloudshop-armando-stores-list",
                "system_log_level": ""
              }
            ],
            "memory_size": 128,
            "package_type": "Zip",
            "publish": false,
            "qualified_arn": "arn:aws:lambda:us-east-1:970290366615:function:cloudshop-armando-stores-list:$LATEST",
            "qualified_invoke_arn": "arn:aws:apigateway:us-east-1:lambda:path/2015-03-31/functions/arn:aws:lambda:us-east-1:970290366615:function:cloudshop-armando-stores-list:$LATEST/invocations",
            "replace_security_groups_on_destroy": null,
            "replacement_security_group_ids": null,
            "reserved_concurrent_executions": -1,
            "role": "arn:aws:iam::970290366615:role/cloudshop/cloudshop-armando-lambda-stores",
            "runtime": "python3.12",
            "s3_bucket": null,
            "s3_key": null,
            "s3_object_version": null,
            "signing_job_arn": "",
            "signing_profile_version_arn": "",
            "skip_destroy": false,
            "snap_start": [],
            "source_code_hash": "sNWdCnb3ux/m6CsOgxD3ejPwumqGyOGyxG6SH5nyWLE=",
            "source_code_size": 4466,
            "tags": {},
            "tags_all": {
              "Environment": "dev-armando",
              "ManagedBy": "Terraform",
              "Project": "CloudShop"
            },
            "timeout": 10,
            "timeouts": null,
            "tracing_config": [
              {
                "mode": "PassThrough"
              }
            ],
            "version": "$LATEST",
            "vpc_config": []
          },
          "sensitive_attributes": [],
          "identity_schema_version": 0,
          "private": "eyJlMmJmYjczMC1lY2FhLTExZTYtOGY4OC0zNDM2M2JjN2M0YzAiOnsiY3JlYXRlIjo2MDAwMDAwMDAwMDAsImRlbGV0ZSI6NjAwMDAwMDAwMDAwLCJ1cGRhdGUiOjYwMDAwMDAwMDAwMH19",
          "dependencies": [
            "module.dynamodb.aws_dynamodb_table.audit",
            "module.dynamodb.aws_dynamodb_table.carts",
            "module.dynamodb.aws_dynamodb_table.orders",
            "module.dynamodb.aws_dynamodb_table.products",
            "module.dynamodb.aws_dynamodb_table.stores",
            "module.iam.aws_iam_role.audit",
            "module.iam.aws_iam_role.carts",
            "module.iam.aws_iam_role.dashboard",
            "module.iam.aws_iam_role.notifications",
            "module.iam.aws_iam_role.orders",
            "module.iam.aws_iam_role.products",
            "module.iam.aws_iam_role.stores",
            "module.iam.aws_iam_role.users",
            "module.iam.data.aws_iam_policy_document.lambda_assume_role",
            "module.lambdas.aws_cloudwatch_log_group.this",
            "module.lambdas.data.archive_file.this",
            "module.lambdas.null_resource.copy_utils"
          ],
          "create_before_destroy": true
        },
        {
          "index_key": "stores_update",
          "schema_version": 0,
          "attributes": {
            "architectures": [
              "x86_64"
            ],
            "arn": "arn:aws:lambda:us-east-1:970290366615:function:cloudshop-armando-stores-update",
            "code_sha256": "jcyU0IBLD4wN+aY0BBevUyY9Px0x9PylDG44U/gAWUg=",
            "code_signing_config_arn": "",
            "dead_letter_config": [],
            "description": "",
            "environment": [
              {
                "variables": {
                  "STORES_TABLE_NAME": "cloudshop-armando-stores"
                }
              }
            ],
            "ephemeral_storage": [
              {
                "size": 512
              }
            ],
            "file_system_config": [],
            "filename": "./.terraform-build/stores_update.zip",
            "function_name": "cloudshop-armando-stores-update",
            "handler": "lambda_function.lambda_handler",
            "id": "cloudshop-armando-stores-update",
            "image_config": [],
            "image_uri": "",
            "invoke_arn": "arn:aws:apigateway:us-east-1:lambda:path/2015-03-31/functions/arn:aws:lambda:us-east-1:970290366615:function:cloudshop-armando-stores-update/invocations",
            "kms_key_arn": "",
            "last_modified": "2026-07-26T05:03:20.531+0000",
            "layers": [],
            "logging_config": [
              {
                "application_log_level": "",
                "log_format": "Text",
                "log_group": "/aws/lambda/cloudshop-armando-stores-update",
                "system_log_level": ""
              }
            ],
            "memory_size": 128,
            "package_type": "Zip",
            "publish": false,
            "qualified_arn": "arn:aws:lambda:us-east-1:970290366615:function:cloudshop-armando-stores-update:$LATEST",
            "qualified_invoke_arn": "arn:aws:apigateway:us-east-1:lambda:path/2015-03-31/functions/arn:aws:lambda:us-east-1:970290366615:function:cloudshop-armando-stores-update:$LATEST/invocations",
            "replace_security_groups_on_destroy": null,
            "replacement_security_group_ids": null,
            "reserved_concurrent_executions": -1,
            "role": "arn:aws:iam::970290366615:role/cloudshop/cloudshop-armando-lambda-stores",
            "runtime": "python3.12",
            "s3_bucket": null,
            "s3_key": null,
            "s3_object_version": null,
            "signing_job_arn": "",
            "signing_profile_version_arn": "",
            "skip_destroy": false,
            "snap_start": [],
            "source_code_hash": "jcyU0IBLD4wN+aY0BBevUyY9Px0x9PylDG44U/gAWUg=",
            "source_code_size": 5572,
            "tags": {},
            "tags_all": {
              "Environment": "dev-armando",
              "ManagedBy": "Terraform",
              "Project": "CloudShop"
            },
            "timeout": 10,
            "timeouts": null,
            "tracing_config": [
              {
                "mode": "PassThrough"
              }
            ],
            "version": "$LATEST",
            "vpc_config": []
          },
          "sensitive_attributes": [],
          "identity_schema_version": 0,
          "private": "eyJlMmJmYjczMC1lY2FhLTExZTYtOGY4OC0zNDM2M2JjN2M0YzAiOnsiY3JlYXRlIjo2MDAwMDAwMDAwMDAsImRlbGV0ZSI6NjAwMDAwMDAwMDAwLCJ1cGRhdGUiOjYwMDAwMDAwMDAwMH19",
          "dependencies": [
            "module.dynamodb.aws_dynamodb_table.audit",
            "module.dynamodb.aws_dynamodb_table.carts",
            "module.dynamodb.aws_dynamodb_table.orders",
            "module.dynamodb.aws_dynamodb_table.products",
            "module.dynamodb.aws_dynamodb_table.stores",
            "module.iam.aws_iam_role.audit",
            "module.iam.aws_iam_role.carts",
            "module.iam.aws_iam_role.dashboard",
            "module.iam.aws_iam_role.notifications",
            "module.iam.aws_iam_role.orders",
            "module.iam.aws_iam_role.products",
            "module.iam.aws_iam_role.stores",
            "module.iam.aws_iam_role.users",
            "module.iam.data.aws_iam_policy_document.lambda_assume_role",
            "module.lambdas.aws_cloudwatch_log_group.this",
            "module.lambdas.data.archive_file.this",
            "module.lambdas.null_resource.copy_utils"
          ],
          "create_before_destroy": true
        },
        {
          "index_key": "users_delete",
          "schema_version": 0,
          "attributes": {
            "architectures": [
              "x86_64"
            ],
            "arn": "arn:aws:lambda:us-east-1:970290366615:function:cloudshop-armando-users-delete",
            "code_sha256": "I22E/RcBE1FyCXZGKRCF+zgLKARkoonbipzEYNd44js=",
            "code_signing_config_arn": "",
            "dead_letter_config": [],
            "description": "",
            "environment": [],
            "ephemeral_storage": [
              {
                "size": 512
              }
            ],
            "file_system_config": [],
            "filename": "./.terraform-build/users_delete.zip",
            "function_name": "cloudshop-armando-users-delete",
            "handler": "handler.lambda_handler",
            "id": "cloudshop-armando-users-delete",
            "image_config": [],
            "image_uri": "",
            "invoke_arn": "arn:aws:apigateway:us-east-1:lambda:path/2015-03-31/functions/arn:aws:lambda:us-east-1:970290366615:function:cloudshop-armando-users-delete/invocations",
            "kms_key_arn": "",
            "last_modified": "2026-07-26T05:03:45.520+0000",
            "layers": [],
            "logging_config": [
              {
                "application_log_level": "",
                "log_format": "Text",
                "log_group": "/aws/lambda/cloudshop-armando-users-delete",
                "system_log_level": ""
              }
            ],
            "memory_size": 128,
            "package_type": "Zip",
            "publish": false,
            "qualified_arn": "arn:aws:lambda:us-east-1:970290366615:function:cloudshop-armando-users-delete:$LATEST",
            "qualified_invoke_arn": "arn:aws:apigateway:us-east-1:lambda:path/2015-03-31/functions/arn:aws:lambda:us-east-1:970290366615:function:cloudshop-armando-users-delete:$LATEST/invocations",
            "replace_security_groups_on_destroy": null,
            "replacement_security_group_ids": null,
            "reserved_concurrent_executions": -1,
            "role": "arn:aws:iam::970290366615:role/cloudshop/cloudshop-armando-lambda-users",
            "runtime": "python3.12",
            "s3_bucket": null,
            "s3_key": null,
            "s3_object_version": null,
            "signing_job_arn": "",
            "signing_profile_version_arn": "",
            "skip_destroy": false,
            "snap_start": [],
            "source_code_hash": "I22E/RcBE1FyCXZGKRCF+zgLKARkoonbipzEYNd44js=",
            "source_code_size": 4857,
            "tags": {},
            "tags_all": {
              "Environment": "dev-armando",
              "ManagedBy": "Terraform",
              "Project": "CloudShop"
            },
            "timeout": 10,
            "timeouts": null,
            "tracing_config": [
              {
                "mode": "PassThrough"
              }
            ],
            "version": "$LATEST",
            "vpc_config": []
          },
          "sensitive_attributes": [],
          "identity_schema_version": 0,
          "private": "eyJlMmJmYjczMC1lY2FhLTExZTYtOGY4OC0zNDM2M2JjN2M0YzAiOnsiY3JlYXRlIjo2MDAwMDAwMDAwMDAsImRlbGV0ZSI6NjAwMDAwMDAwMDAwLCJ1cGRhdGUiOjYwMDAwMDAwMDAwMH19",
          "dependencies": [
            "module.dynamodb.aws_dynamodb_table.audit",
            "module.dynamodb.aws_dynamodb_table.carts",
            "module.dynamodb.aws_dynamodb_table.orders",
            "module.dynamodb.aws_dynamodb_table.products",
            "module.dynamodb.aws_dynamodb_table.stores",
            "module.iam.aws_iam_role.audit",
            "module.iam.aws_iam_role.carts",
            "module.iam.aws_iam_role.dashboard",
            "module.iam.aws_iam_role.notifications",
            "module.iam.aws_iam_role.orders",
            "module.iam.aws_iam_role.products",
            "module.iam.aws_iam_role.stores",
            "module.iam.aws_iam_role.users",
            "module.iam.data.aws_iam_policy_document.lambda_assume_role",
            "module.lambdas.aws_cloudwatch_log_group.this",
            "module.lambdas.data.archive_file.this",
            "module.lambdas.null_resource.copy_utils"
          ],
          "create_before_destroy": true
        },
        {
          "index_key": "users_list",
          "schema_version": 0,
          "attributes": {
            "architectures": [
              "x86_64"
            ],
            "arn": "arn:aws:lambda:us-east-1:970290366615:function:cloudshop-armando-users-list",
            "code_sha256": "nwIiupqWVycIYhXby7UZWfrpsb4KVWR5uXHF9Z0S6Hs=",
            "code_signing_config_arn": "",
            "dead_letter_config": [],
            "description": "",
            "environment": [],
            "ephemeral_storage": [
              {
                "size": 512
              }
            ],
            "file_system_config": [],
            "filename": "./.terraform-build/users_list.zip",
            "function_name": "cloudshop-armando-users-list",
            "handler": "handler.lambda_handler",
            "id": "cloudshop-armando-users-list",
            "image_config": [],
            "image_uri": "",
            "invoke_arn": "arn:aws:apigateway:us-east-1:lambda:path/2015-03-31/functions/arn:aws:lambda:us-east-1:970290366615:function:cloudshop-armando-users-list/invocations",
            "kms_key_arn": "",
            "last_modified": "2026-07-26T05:02:49.615+0000",
            "layers": [],
            "logging_config": [
              {
                "application_log_level": "",
                "log_format": "Text",
                "log_group": "/aws/lambda/cloudshop-armando-users-list",
                "system_log_level": ""
              }
            ],
            "memory_size": 128,
            "package_type": "Zip",
            "publish": false,
            "qualified_arn": "arn:aws:lambda:us-east-1:970290366615:function:cloudshop-armando-users-list:$LATEST",
            "qualified_invoke_arn": "arn:aws:apigateway:us-east-1:lambda:path/2015-03-31/functions/arn:aws:lambda:us-east-1:970290366615:function:cloudshop-armando-users-list:$LATEST/invocations",
            "replace_security_groups_on_destroy": null,
            "replacement_security_group_ids": null,
            "reserved_concurrent_executions": -1,
            "role": "arn:aws:iam::970290366615:role/cloudshop/cloudshop-armando-lambda-users",
            "runtime": "python3.12",
            "s3_bucket": null,
            "s3_key": null,
            "s3_object_version": null,
            "signing_job_arn": "",
            "signing_profile_version_arn": "",
            "skip_destroy": false,
            "snap_start": [],
            "source_code_hash": "nwIiupqWVycIYhXby7UZWfrpsb4KVWR5uXHF9Z0S6Hs=",
            "source_code_size": 4665,
            "tags": {},
            "tags_all": {
              "Environment": "dev-armando",
              "ManagedBy": "Terraform",
              "Project": "CloudShop"
            },
            "timeout": 10,
            "timeouts": null,
            "tracing_config": [
              {
                "mode": "PassThrough"
              }
            ],
            "version": "$LATEST",
            "vpc_config": []
          },
          "sensitive_attributes": [],
          "identity_schema_version": 0,
          "private": "eyJlMmJmYjczMC1lY2FhLTExZTYtOGY4OC0zNDM2M2JjN2M0YzAiOnsiY3JlYXRlIjo2MDAwMDAwMDAwMDAsImRlbGV0ZSI6NjAwMDAwMDAwMDAwLCJ1cGRhdGUiOjYwMDAwMDAwMDAwMH19",
          "dependencies": [
            "module.dynamodb.aws_dynamodb_table.audit",
            "module.dynamodb.aws_dynamodb_table.carts",
            "module.dynamodb.aws_dynamodb_table.orders",
            "module.dynamodb.aws_dynamodb_table.products",
            "module.dynamodb.aws_dynamodb_table.stores",
            "module.iam.aws_iam_role.audit",
            "module.iam.aws_iam_role.carts",
            "module.iam.aws_iam_role.dashboard",
            "module.iam.aws_iam_role.notifications",
            "module.iam.aws_iam_role.orders",
            "module.iam.aws_iam_role.products",
            "module.iam.aws_iam_role.stores",
            "module.iam.aws_iam_role.users",
            "module.iam.data.aws_iam_policy_document.lambda_assume_role",
            "module.lambdas.aws_cloudwatch_log_group.this",
            "module.lambdas.data.archive_file.this",
            "module.lambdas.null_resource.copy_utils"
          ],
          "create_before_destroy": true
        },
        {
          "index_key": "users_register",
          "schema_version": 0,
          "attributes": {
            "architectures": [
              "x86_64"
            ],
            "arn": "arn:aws:lambda:us-east-1:970290366615:function:cloudshop-armando-users-register",
            "code_sha256": "+UTbRqOC4JypFYjjUqsDvAA7Nht8itxi38ACjBK3IlI=",
            "code_signing_config_arn": "",
            "dead_letter_config": [],
            "description": "",
            "environment": [],
            "ephemeral_storage": [
              {
                "size": 512
              }
            ],
            "file_system_config": [],
            "filename": "./.terraform-build/users_register.zip",
            "function_name": "cloudshop-armando-users-register",
            "handler": "handler.lambda_handler",
            "id": "cloudshop-armando-users-register",
            "image_config": [],
            "image_uri": "",
            "invoke_arn": "arn:aws:apigateway:us-east-1:lambda:path/2015-03-31/functions/arn:aws:lambda:us-east-1:970290366615:function:cloudshop-armando-users-register/invocations",
            "kms_key_arn": "",
            "last_modified": "2026-07-26T05:53:50.000+0000",
            "layers": [],
            "logging_config": [
              {
                "application_log_level": "",
                "log_format": "Text",
                "log_group": "/aws/lambda/cloudshop-armando-users-register",
                "system_log_level": ""
              }
            ],
            "memory_size": 128,
            "package_type": "Zip",
            "publish": false,
            "qualified_arn": "arn:aws:lambda:us-east-1:970290366615:function:cloudshop-armando-users-register:$LATEST",
            "qualified_invoke_arn": "arn:aws:apigateway:us-east-1:lambda:path/2015-03-31/functions/arn:aws:lambda:us-east-1:970290366615:function:cloudshop-armando-users-register:$LATEST/invocations",
            "replace_security_groups_on_destroy": null,
            "replacement_security_group_ids": null,
            "reserved_concurrent_executions": -1,
            "role": "arn:aws:iam::970290366615:role/cloudshop/cloudshop-armando-lambda-users",
            "runtime": "python3.12",
            "s3_bucket": null,
            "s3_key": null,
            "s3_object_version": null,
            "signing_job_arn": "",
            "signing_profile_version_arn": "",
            "skip_destroy": false,
            "snap_start": [],
            "source_code_hash": "+UTbRqOC4JypFYjjUqsDvAA7Nht8itxi38ACjBK3IlI=",
            "source_code_size": 9607,
            "tags": {},
            "tags_all": {
              "Environment": "dev-armando",
              "ManagedBy": "Terraform",
              "Project": "CloudShop"
            },
            "timeout": 10,
            "timeouts": null,
            "tracing_config": [
              {
                "mode": "PassThrough"
              }
            ],
            "version": "$LATEST",
            "vpc_config": []
          },
          "sensitive_attributes": [],
          "identity_schema_version": 0,
          "private": "eyJlMmJmYjczMC1lY2FhLTExZTYtOGY4OC0zNDM2M2JjN2M0YzAiOnsiY3JlYXRlIjo2MDAwMDAwMDAwMDAsImRlbGV0ZSI6NjAwMDAwMDAwMDAwLCJ1cGRhdGUiOjYwMDAwMDAwMDAwMH19",
          "dependencies": [
            "module.dynamodb.aws_dynamodb_table.audit",
            "module.dynamodb.aws_dynamodb_table.carts",
            "module.dynamodb.aws_dynamodb_table.orders",
            "module.dynamodb.aws_dynamodb_table.products",
            "module.dynamodb.aws_dynamodb_table.stores",
            "module.iam.aws_iam_role.audit",
            "module.iam.aws_iam_role.carts",
            "module.iam.aws_iam_role.dashboard",
            "module.iam.aws_iam_role.notifications",
            "module.iam.aws_iam_role.orders",
            "module.iam.aws_iam_role.products",
            "module.iam.aws_iam_role.stores",
            "module.iam.aws_iam_role.users",
            "module.iam.data.aws_iam_policy_document.lambda_assume_role",
            "module.lambdas.aws_cloudwatch_log_group.this",
            "module.lambdas.data.archive_file.this",
            "module.lambdas.null_resource.copy_utils"
          ],
          "create_before_destroy": true
        },
        {
          "index_key": "users_update",
          "schema_version": 0,
          "attributes": {
            "architectures": [
              "x86_64"
            ],
            "arn": "arn:aws:lambda:us-east-1:970290366615:function:cloudshop-armando-users-update",
            "code_sha256": "Y+Q7A/13+6HQz4u7n1nxJaqNq7WQDo61gWhGm8lYfQA=",
            "code_signing_config_arn": "",
            "dead_letter_config": [],
            "description": "",
            "environment": [],
            "ephemeral_storage": [
              {
                "size": 512
              }
            ],
            "file_system_config": [],
            "filename": "./.terraform-build/users_update.zip",
            "function_name": "cloudshop-armando-users-update",
            "handler": "handler.lambda_handler",
            "id": "cloudshop-armando-users-update",
            "image_config": [],
            "image_uri": "",
            "invoke_arn": "arn:aws:apigateway:us-east-1:lambda:path/2015-03-31/functions/arn:aws:lambda:us-east-1:970290366615:function:cloudshop-armando-users-update/invocations",
            "kms_key_arn": "",
            "last_modified": "2026-07-26T05:04:04.277+0000",
            "layers": [],
            "logging_config": [
              {
                "application_log_level": "",
                "log_format": "Text",
                "log_group": "/aws/lambda/cloudshop-armando-users-update",
                "system_log_level": ""
              }
            ],
            "memory_size": 128,
            "package_type": "Zip",
            "publish": false,
            "qualified_arn": "arn:aws:lambda:us-east-1:970290366615:function:cloudshop-armando-users-update:$LATEST",
            "qualified_invoke_arn": "arn:aws:apigateway:us-east-1:lambda:path/2015-03-31/functions/arn:aws:lambda:us-east-1:970290366615:function:cloudshop-armando-users-update:$LATEST/invocations",
            "replace_security_groups_on_destroy": null,
            "replacement_security_group_ids": null,
            "reserved_concurrent_executions": -1,
            "role": "arn:aws:iam::970290366615:role/cloudshop/cloudshop-armando-lambda-users",
            "runtime": "python3.12",
            "s3_bucket": null,
            "s3_key": null,
            "s3_object_version": null,
            "signing_job_arn": "",
            "signing_profile_version_arn": "",
            "skip_destroy": false,
            "snap_start": [],
            "source_code_hash": "Y+Q7A/13+6HQz4u7n1nxJaqNq7WQDo61gWhGm8lYfQA=",
            "source_code_size": 6006,
            "tags": {},
            "tags_all": {
              "Environment": "dev-armando",
              "ManagedBy": "Terraform",
              "Project": "CloudShop"
            },
            "timeout": 10,
            "timeouts": null,
            "tracing_config": [
              {
                "mode": "PassThrough"
              }
            ],
            "version": "$LATEST",
            "vpc_config": []
          },
          "sensitive_attributes": [],
          "identity_schema_version": 0,
          "private": "eyJlMmJmYjczMC1lY2FhLTExZTYtOGY4OC0zNDM2M2JjN2M0YzAiOnsiY3JlYXRlIjo2MDAwMDAwMDAwMDAsImRlbGV0ZSI6NjAwMDAwMDAwMDAwLCJ1cGRhdGUiOjYwMDAwMDAwMDAwMH19",
          "dependencies": [
            "module.dynamodb.aws_dynamodb_table.audit",
            "module.dynamodb.aws_dynamodb_table.carts",
            "module.dynamodb.aws_dynamodb_table.orders",
            "module.dynamodb.aws_dynamodb_table.products",
            "module.dynamodb.aws_dynamodb_table.stores",
            "module.iam.aws_iam_role.audit",
            "module.iam.aws_iam_role.carts",
            "module.iam.aws_iam_role.dashboard",
            "module.iam.aws_iam_role.notifications",
            "module.iam.aws_iam_role.orders",
            "module.iam.aws_iam_role.products",
            "module.iam.aws_iam_role.stores",
            "module.iam.aws_iam_role.users",
            "module.iam.data.aws_iam_policy_document.lambda_assume_role",
            "module.lambdas.aws_cloudwatch_log_group.this",
            "module.lambdas.data.archive_file.this",
            "module.lambdas.null_resource.copy_utils"
          ],
          "create_before_destroy": true
        }
      ]
    },
    {
      "module": "module.lambdas",
      "mode": "managed",
      "type": "null_resource",
      "name": "copy_utils",
      "provider": "provider[\"registry.terraform.io/hashicorp/null\"]",
      "instances": [
        {
          "index_key": "audit_get",
          "schema_version": 0,
          "attributes": {
            "id": "2160477977801988158",
            "triggers": {
              "source_dir": "./backend/lambdas/audit/get_audit_logs",
              "utils_src": "./backend/utils",
              "zip_path": "./.terraform-build/audit_get.zip"
            }
          },
          "sensitive_attributes": [],
          "identity_schema_version": 0,
          "dependencies": [
            "module.dynamodb.aws_dynamodb_table.audit",
            "module.dynamodb.aws_dynamodb_table.carts",
            "module.dynamodb.aws_dynamodb_table.orders",
            "module.dynamodb.aws_dynamodb_table.products",
            "module.dynamodb.aws_dynamodb_table.stores"
          ],
          "create_before_destroy": true
        },
        {
          "index_key": "carts_add_product",
          "schema_version": 0,
          "attributes": {
            "id": "2257940794192631606",
            "triggers": {
              "source_dir": "./backend/lambdas/carts/add_product",
              "utils_src": "./backend/utils",
              "zip_path": "./.terraform-build/carts_add_product.zip"
            }
          },
          "sensitive_attributes": [],
          "identity_schema_version": 0,
          "dependencies": [
            "module.dynamodb.aws_dynamodb_table.audit",
            "module.dynamodb.aws_dynamodb_table.carts",
            "module.dynamodb.aws_dynamodb_table.orders",
            "module.dynamodb.aws_dynamodb_table.products",
            "module.dynamodb.aws_dynamodb_table.stores"
          ],
          "create_before_destroy": true
        },
        {
          "index_key": "carts_clear",
          "schema_version": 0,
          "attributes": {
            "id": "1914356654261789404",
            "triggers": {
              "source_dir": "./backend/lambdas/carts/clear_cart",
              "utils_src": "./backend/utils",
              "zip_path": "./.terraform-build/carts_clear.zip"
            }
          },
          "sensitive_attributes": [],
          "identity_schema_version": 0,
          "dependencies": [
            "module.dynamodb.aws_dynamodb_table.audit",
            "module.dynamodb.aws_dynamodb_table.carts",
            "module.dynamodb.aws_dynamodb_table.orders",
            "module.dynamodb.aws_dynamodb_table.products",
            "module.dynamodb.aws_dynamodb_table.stores"
          ],
          "create_before_destroy": true
        },
        {
          "index_key": "carts_get",
          "schema_version": 0,
          "attributes": {
            "id": "6267117375534211256",
            "triggers": {
              "source_dir": "./backend/lambdas/carts/get_cart",
              "utils_src": "./backend/utils",
              "zip_path": "./.terraform-build/carts_get.zip"
            }
          },
          "sensitive_attributes": [],
          "identity_schema_version": 0,
          "dependencies": [
            "module.dynamodb.aws_dynamodb_table.audit",
            "module.dynamodb.aws_dynamodb_table.carts",
            "module.dynamodb.aws_dynamodb_table.orders",
            "module.dynamodb.aws_dynamodb_table.products",
            "module.dynamodb.aws_dynamodb_table.stores"
          ],
          "create_before_destroy": true
        },
        {
          "index_key": "carts_modify_quantity",
          "schema_version": 0,
          "attributes": {
            "id": "2047983426320920244",
            "triggers": {
              "source_dir": "./backend/lambdas/carts/modify_quantity",
              "utils_src": "./backend/utils",
              "zip_path": "./.terraform-build/carts_modify_quantity.zip"
            }
          },
          "sensitive_attributes": [],
          "identity_schema_version": 0,
          "dependencies": [
            "module.dynamodb.aws_dynamodb_table.audit",
            "module.dynamodb.aws_dynamodb_table.carts",
            "module.dynamodb.aws_dynamodb_table.orders",
            "module.dynamodb.aws_dynamodb_table.products",
            "module.dynamodb.aws_dynamodb_table.stores"
          ],
          "create_before_destroy": true
        },
        {
          "index_key": "carts_remove_product",
          "schema_version": 0,
          "attributes": {
            "id": "6543622582227719480",
            "triggers": {
              "source_dir": "./backend/lambdas/carts/remove_product",
              "utils_src": "./backend/utils",
              "zip_path": "./.terraform-build/carts_remove_product.zip"
            }
          },
          "sensitive_attributes": [],
          "identity_schema_version": 0,
          "dependencies": [
            "module.dynamodb.aws_dynamodb_table.audit",
            "module.dynamodb.aws_dynamodb_table.carts",
            "module.dynamodb.aws_dynamodb_table.orders",
            "module.dynamodb.aws_dynamodb_table.products",
            "module.dynamodb.aws_dynamodb_table.stores"
          ],
          "create_before_destroy": true
        },
        {
          "index_key": "dashboard_get",
          "schema_version": 0,
          "attributes": {
            "id": "5642402646305474274",
            "triggers": {
              "source_dir": "./backend/lambdas/dashboard/get_dashboard",
              "utils_src": "./backend/utils",
              "zip_path": "./.terraform-build/dashboard_get.zip"
            }
          },
          "sensitive_attributes": [],
          "identity_schema_version": 0,
          "dependencies": [
            "module.dynamodb.aws_dynamodb_table.audit",
            "module.dynamodb.aws_dynamodb_table.carts",
            "module.dynamodb.aws_dynamodb_table.orders",
            "module.dynamodb.aws_dynamodb_table.products",
            "module.dynamodb.aws_dynamodb_table.stores"
          ],
          "create_before_destroy": true
        },
        {
          "index_key": "events_audit",
          "schema_version": 0,
          "attributes": {
            "id": "9043638163463913221",
            "triggers": {
              "source_dir": "./backend/lambdas/events/audit_handler",
              "utils_src": "./backend/utils",
              "zip_path": "./.terraform-build/events_audit.zip"
            }
          },
          "sensitive_attributes": [],
          "identity_schema_version": 0,
          "dependencies": [
            "module.dynamodb.aws_dynamodb_table.audit",
            "module.dynamodb.aws_dynamodb_table.carts",
            "module.dynamodb.aws_dynamodb_table.orders",
            "module.dynamodb.aws_dynamodb_table.products",
            "module.dynamodb.aws_dynamodb_table.stores"
          ],
          "create_before_destroy": true
        },
        {
          "index_key": "notifications_send_order",
          "schema_version": 0,
          "attributes": {
            "id": "3546238589054958175",
            "triggers": {
              "source_dir": "./backend/lambdas/notifications/send-order-notification",
              "utils_src": "./backend/utils",
              "zip_path": "./.terraform-build/notifications_send_order.zip"
            }
          },
          "sensitive_attributes": [],
          "identity_schema_version": 0,
          "dependencies": [
            "module.dynamodb.aws_dynamodb_table.audit",
            "module.dynamodb.aws_dynamodb_table.carts",
            "module.dynamodb.aws_dynamodb_table.orders",
            "module.dynamodb.aws_dynamodb_table.products",
            "module.dynamodb.aws_dynamodb_table.stores"
          ],
          "create_before_destroy": true
        },
        {
          "index_key": "orders_cancel",
          "schema_version": 0,
          "attributes": {
            "id": "986502322387656529",
            "triggers": {
              "source_dir": "./backend/lambdas/orders/cancel_order",
              "utils_src": "./backend/utils",
              "zip_path": "./.terraform-build/orders_cancel.zip"
            }
          },
          "sensitive_attributes": [],
          "identity_schema_version": 0,
          "dependencies": [
            "module.dynamodb.aws_dynamodb_table.audit",
            "module.dynamodb.aws_dynamodb_table.carts",
            "module.dynamodb.aws_dynamodb_table.orders",
            "module.dynamodb.aws_dynamodb_table.products",
            "module.dynamodb.aws_dynamodb_table.stores"
          ],
          "create_before_destroy": true
        },
        {
          "index_key": "orders_create",
          "schema_version": 0,
          "attributes": {
            "id": "7969977891370512217",
            "triggers": {
              "source_dir": "./backend/lambdas/orders/create_order",
              "utils_src": "./backend/utils",
              "zip_path": "./.terraform-build/orders_create.zip"
            }
          },
          "sensitive_attributes": [],
          "identity_schema_version": 0,
          "dependencies": [
            "module.dynamodb.aws_dynamodb_table.audit",
            "module.dynamodb.aws_dynamodb_table.carts",
            "module.dynamodb.aws_dynamodb_table.orders",
            "module.dynamodb.aws_dynamodb_table.products",
            "module.dynamodb.aws_dynamodb_table.stores"
          ],
          "create_before_destroy": true
        },
        {
          "index_key": "orders_get",
          "schema_version": 0,
          "attributes": {
            "id": "7742566485031695967",
            "triggers": {
              "source_dir": "./backend/lambdas/orders/get_order_by_id",
              "utils_src": "./backend/utils",
              "zip_path": "./.terraform-build/orders_get.zip"
            }
          },
          "sensitive_attributes": [],
          "identity_schema_version": 0,
          "dependencies": [
            "module.dynamodb.aws_dynamodb_table.audit",
            "module.dynamodb.aws_dynamodb_table.carts",
            "module.dynamodb.aws_dynamodb_table.orders",
            "module.dynamodb.aws_dynamodb_table.products",
            "module.dynamodb.aws_dynamodb_table.stores"
          ],
          "create_before_destroy": true
        },
        {
          "index_key": "orders_list",
          "schema_version": 0,
          "attributes": {
            "id": "8962975683050650263",
            "triggers": {
              "source_dir": "./backend/lambdas/orders/get_orders",
              "utils_src": "./backend/utils",
              "zip_path": "./.terraform-build/orders_list.zip"
            }
          },
          "sensitive_attributes": [],
          "identity_schema_version": 0,
          "dependencies": [
            "module.dynamodb.aws_dynamodb_table.audit",
            "module.dynamodb.aws_dynamodb_table.carts",
            "module.dynamodb.aws_dynamodb_table.orders",
            "module.dynamodb.aws_dynamodb_table.products",
            "module.dynamodb.aws_dynamodb_table.stores"
          ],
          "create_before_destroy": true
        },
        {
          "index_key": "orders_update_status",
          "schema_version": 0,
          "attributes": {
            "id": "5485600630192590814",
            "triggers": {
              "source_dir": "./backend/lambdas/orders/update_order_status",
              "utils_src": "./backend/utils",
              "zip_path": "./.terraform-build/orders_update_status.zip"
            }
          },
          "sensitive_attributes": [],
          "identity_schema_version": 0,
          "dependencies": [
            "module.dynamodb.aws_dynamodb_table.audit",
            "module.dynamodb.aws_dynamodb_table.carts",
            "module.dynamodb.aws_dynamodb_table.orders",
            "module.dynamodb.aws_dynamodb_table.products",
            "module.dynamodb.aws_dynamodb_table.stores"
          ],
          "create_before_destroy": true
        },
        {
          "index_key": "products_create",
          "schema_version": 0,
          "attributes": {
            "id": "7667294638880742234",
            "triggers": {
              "source_dir": "./backend/lambdas/products/create_product",
              "utils_src": "./backend/utils",
              "zip_path": "./.terraform-build/products_create.zip"
            }
          },
          "sensitive_attributes": [],
          "identity_schema_version": 0,
          "dependencies": [
            "module.dynamodb.aws_dynamodb_table.audit",
            "module.dynamodb.aws_dynamodb_table.carts",
            "module.dynamodb.aws_dynamodb_table.orders",
            "module.dynamodb.aws_dynamodb_table.products",
            "module.dynamodb.aws_dynamodb_table.stores"
          ],
          "create_before_destroy": true
        },
        {
          "index_key": "products_delete",
          "schema_version": 0,
          "attributes": {
            "id": "4721936808942359780",
            "triggers": {
              "source_dir": "./backend/lambdas/products/delete_product",
              "utils_src": "./backend/utils",
              "zip_path": "./.terraform-build/products_delete.zip"
            }
          },
          "sensitive_attributes": [],
          "identity_schema_version": 0,
          "dependencies": [
            "module.dynamodb.aws_dynamodb_table.audit",
            "module.dynamodb.aws_dynamodb_table.carts",
            "module.dynamodb.aws_dynamodb_table.orders",
            "module.dynamodb.aws_dynamodb_table.products",
            "module.dynamodb.aws_dynamodb_table.stores"
          ],
          "create_before_destroy": true
        },
        {
          "index_key": "products_get",
          "schema_version": 0,
          "attributes": {
            "id": "2960013144927335249",
            "triggers": {
              "source_dir": "./backend/lambdas/products/get_product_by_id",
              "utils_src": "./backend/utils",
              "zip_path": "./.terraform-build/products_get.zip"
            }
          },
          "sensitive_attributes": [],
          "identity_schema_version": 0,
          "dependencies": [
            "module.dynamodb.aws_dynamodb_table.audit",
            "module.dynamodb.aws_dynamodb_table.carts",
            "module.dynamodb.aws_dynamodb_table.orders",
            "module.dynamodb.aws_dynamodb_table.products",
            "module.dynamodb.aws_dynamodb_table.stores"
          ],
          "create_before_destroy": true
        },
        {
          "index_key": "products_list",
          "schema_version": 0,
          "attributes": {
            "id": "3401604817139579076",
            "triggers": {
              "source_dir": "./backend/lambdas/products/get_products",
              "utils_src": "./backend/utils",
              "zip_path": "./.terraform-build/products_list.zip"
            }
          },
          "sensitive_attributes": [],
          "identity_schema_version": 0,
          "dependencies": [
            "module.dynamodb.aws_dynamodb_table.audit",
            "module.dynamodb.aws_dynamodb_table.carts",
            "module.dynamodb.aws_dynamodb_table.orders",
            "module.dynamodb.aws_dynamodb_table.products",
            "module.dynamodb.aws_dynamodb_table.stores"
          ],
          "create_before_destroy": true
        },
        {
          "index_key": "products_update",
          "schema_version": 0,
          "attributes": {
            "id": "2939317011346521029",
            "triggers": {
              "source_dir": "./backend/lambdas/products/update_product",
              "utils_src": "./backend/utils",
              "zip_path": "./.terraform-build/products_update.zip"
            }
          },
          "sensitive_attributes": [],
          "identity_schema_version": 0,
          "dependencies": [
            "module.dynamodb.aws_dynamodb_table.audit",
            "module.dynamodb.aws_dynamodb_table.carts",
            "module.dynamodb.aws_dynamodb_table.orders",
            "module.dynamodb.aws_dynamodb_table.products",
            "module.dynamodb.aws_dynamodb_table.stores"
          ],
          "create_before_destroy": true
        },
        {
          "index_key": "stores_create",
          "schema_version": 0,
          "attributes": {
            "id": "1082837612883370161",
            "triggers": {
              "source_dir": "./backend/lambdas/stores/create_store",
              "utils_src": "./backend/utils",
              "zip_path": "./.terraform-build/stores_create.zip"
            }
          },
          "sensitive_attributes": [],
          "identity_schema_version": 0,
          "dependencies": [
            "module.dynamodb.aws_dynamodb_table.audit",
            "module.dynamodb.aws_dynamodb_table.carts",
            "module.dynamodb.aws_dynamodb_table.orders",
            "module.dynamodb.aws_dynamodb_table.products",
            "module.dynamodb.aws_dynamodb_table.stores"
          ],
          "create_before_destroy": true
        },
        {
          "index_key": "stores_delete",
          "schema_version": 0,
          "attributes": {
            "id": "7257830639934690233",
            "triggers": {
              "source_dir": "./backend/lambdas/stores/delete_store",
              "utils_src": "./backend/utils",
              "zip_path": "./.terraform-build/stores_delete.zip"
            }
          },
          "sensitive_attributes": [],
          "identity_schema_version": 0,
          "dependencies": [
            "module.dynamodb.aws_dynamodb_table.audit",
            "module.dynamodb.aws_dynamodb_table.carts",
            "module.dynamodb.aws_dynamodb_table.orders",
            "module.dynamodb.aws_dynamodb_table.products",
            "module.dynamodb.aws_dynamodb_table.stores"
          ],
          "create_before_destroy": true
        },
        {
          "index_key": "stores_get",
          "schema_version": 0,
          "attributes": {
            "id": "8894136832492990986",
            "triggers": {
              "source_dir": "./backend/lambdas/stores/get_store_by_id",
              "utils_src": "./backend/utils",
              "zip_path": "./.terraform-build/stores_get.zip"
            }
          },
          "sensitive_attributes": [],
          "identity_schema_version": 0,
          "dependencies": [
            "module.dynamodb.aws_dynamodb_table.audit",
            "module.dynamodb.aws_dynamodb_table.carts",
            "module.dynamodb.aws_dynamodb_table.orders",
            "module.dynamodb.aws_dynamodb_table.products",
            "module.dynamodb.aws_dynamodb_table.stores"
          ],
          "create_before_destroy": true
        },
        {
          "index_key": "stores_list",
          "schema_version": 0,
          "attributes": {
            "id": "5808103475982189423",
            "triggers": {
              "source_dir": "./backend/lambdas/stores/get_stores",
              "utils_src": "./backend/utils",
              "zip_path": "./.terraform-build/stores_list.zip"
            }
          },
          "sensitive_attributes": [],
          "identity_schema_version": 0,
          "dependencies": [
            "module.dynamodb.aws_dynamodb_table.audit",
            "module.dynamodb.aws_dynamodb_table.carts",
            "module.dynamodb.aws_dynamodb_table.orders",
            "module.dynamodb.aws_dynamodb_table.products",
            "module.dynamodb.aws_dynamodb_table.stores"
          ],
          "create_before_destroy": true
        },
        {
          "index_key": "stores_update",
          "schema_version": 0,
          "attributes": {
            "id": "2474354312676719990",
            "triggers": {
              "source_dir": "./backend/lambdas/stores/update_store",
              "utils_src": "./backend/utils",
              "zip_path": "./.terraform-build/stores_update.zip"
            }
          },
          "sensitive_attributes": [],
          "identity_schema_version": 0,
          "dependencies": [
            "module.dynamodb.aws_dynamodb_table.audit",
            "module.dynamodb.aws_dynamodb_table.carts",
            "module.dynamodb.aws_dynamodb_table.orders",
            "module.dynamodb.aws_dynamodb_table.products",
            "module.dynamodb.aws_dynamodb_table.stores"
          ],
          "create_before_destroy": true
        },
        {
          "index_key": "users_delete",
          "schema_version": 0,
          "attributes": {
            "id": "4882046094494254988",
            "triggers": {
              "source_dir": "./backend/lambdas/users/delete-user",
              "utils_src": "./backend/utils",
              "zip_path": "./.terraform-build/users_delete.zip"
            }
          },
          "sensitive_attributes": [],
          "identity_schema_version": 0,
          "dependencies": [
            "module.dynamodb.aws_dynamodb_table.audit",
            "module.dynamodb.aws_dynamodb_table.carts",
            "module.dynamodb.aws_dynamodb_table.orders",
            "module.dynamodb.aws_dynamodb_table.products",
            "module.dynamodb.aws_dynamodb_table.stores"
          ],
          "create_before_destroy": true
        },
        {
          "index_key": "users_list",
          "schema_version": 0,
          "attributes": {
            "id": "8778176438336403818",
            "triggers": {
              "source_dir": "./backend/lambdas/users/get-users",
              "utils_src": "./backend/utils",
              "zip_path": "./.terraform-build/users_list.zip"
            }
          },
          "sensitive_attributes": [],
          "identity_schema_version": 0,
          "dependencies": [
            "module.dynamodb.aws_dynamodb_table.audit",
            "module.dynamodb.aws_dynamodb_table.carts",
            "module.dynamodb.aws_dynamodb_table.orders",
            "module.dynamodb.aws_dynamodb_table.products",
            "module.dynamodb.aws_dynamodb_table.stores"
          ],
          "create_before_destroy": true
        },
        {
          "index_key": "users_register",
          "schema_version": 0,
          "attributes": {
            "id": "3865175445152522280",
            "triggers": {
              "source_dir": "./backend/lambdas/users/register-user",
              "utils_src": "./backend/utils",
              "zip_path": "./.terraform-build/users_register.zip"
            }
          },
          "sensitive_attributes": [],
          "identity_schema_version": 0,
          "dependencies": [
            "module.dynamodb.aws_dynamodb_table.audit",
            "module.dynamodb.aws_dynamodb_table.carts",
            "module.dynamodb.aws_dynamodb_table.orders",
            "module.dynamodb.aws_dynamodb_table.products",
            "module.dynamodb.aws_dynamodb_table.stores"
          ],
          "create_before_destroy": true
        },
        {
          "index_key": "users_update",
          "schema_version": 0,
          "attributes": {
            "id": "535175266123877486",
            "triggers": {
              "source_dir": "./backend/lambdas/users/update-user",
              "utils_src": "./backend/utils",
              "zip_path": "./.terraform-build/users_update.zip"
            }
          },
          "sensitive_attributes": [],
          "identity_schema_version": 0,
          "dependencies": [
            "module.dynamodb.aws_dynamodb_table.audit",
            "module.dynamodb.aws_dynamodb_table.carts",
            "module.dynamodb.aws_dynamodb_table.orders",
            "module.dynamodb.aws_dynamodb_table.products",
            "module.dynamodb.aws_dynamodb_table.stores"
          ],
          "create_before_destroy": true
        }
      ]
    },
    {
      "module": "module.s3",
      "mode": "managed",
      "type": "aws_s3_bucket",
      "name": "frontend",
      "provider": "provider[\"registry.terraform.io/hashicorp/aws\"]",
      "instances": [
        {
          "schema_version": 0,
          "attributes": {
            "acceleration_status": "",
            "acl": null,
            "arn": "arn:aws:s3:::cloudshop-armando-frontend-4m32fo",
            "bucket": "cloudshop-armando-frontend-4m32fo",
            "bucket_domain_name": "cloudshop-armando-frontend-4m32fo.s3.amazonaws.com",
            "bucket_prefix": "",
            "bucket_regional_domain_name": "cloudshop-armando-frontend-4m32fo.s3.us-east-1.amazonaws.com",
            "cors_rule": [],
            "force_destroy": false,
            "grant": [
              {
                "id": "f74fb705f822db67aceea72875e1bfffc00fabee8754fc06e292e074fc641673",
                "permissions": [
                  "FULL_CONTROL"
                ],
                "type": "CanonicalUser",
                "uri": ""
              }
            ],
            "hosted_zone_id": "Z3AQBSTGFYJSTF",
            "id": "cloudshop-armando-frontend-4m32fo",
            "lifecycle_rule": [],
            "logging": [],
            "object_lock_configuration": [],
            "object_lock_enabled": false,
            "policy": "{\"Statement\":[{\"Action\":\"s3:GetObject\",\"Condition\":{\"StringEquals\":{\"AWS:SourceArn\":\"arn:aws:cloudfront::970290366615:distribution/E3I3WZGUPPLU59\"}},\"Effect\":\"Allow\",\"Principal\":{\"Service\":\"cloudfront.amazonaws.com\"},\"Resource\":\"arn:aws:s3:::cloudshop-armando-frontend-4m32fo/*\",\"Sid\":\"AllowCloudFrontServicePrincipalReadOnly\"}],\"Version\":\"2012-10-17\"}",
            "region": "us-east-1",
            "replication_configuration": [],
            "request_payer": "BucketOwner",
            "server_side_encryption_configuration": [
              {
                "rule": [
                  {
                    "apply_server_side_encryption_by_default": [
                      {
                        "kms_master_key_id": "",
                        "sse_algorithm": "AES256"
                      }
                    ],
                    "bucket_key_enabled": false
                  }
                ]
              }
            ],
            "tags": {},
            "tags_all": {
              "Environment": "dev-armando",
              "ManagedBy": "Terraform",
              "Project": "CloudShop"
            },
            "timeouts": null,
            "versioning": [
              {
                "enabled": true,
                "mfa_delete": false
              }
            ],
            "website": [],
            "website_domain": null,
            "website_endpoint": null
          },
          "sensitive_attributes": [],
          "identity_schema_version": 0,
          "private": "eyJlMmJmYjczMC1lY2FhLTExZTYtOGY4OC0zNDM2M2JjN2M0YzAiOnsiY3JlYXRlIjoxMjAwMDAwMDAwMDAwLCJkZWxldGUiOjM2MDAwMDAwMDAwMDAsInJlYWQiOjEyMDAwMDAwMDAwMDAsInVwZGF0ZSI6MTIwMDAwMDAwMDAwMH19",
          "dependencies": [
            "module.s3.random_string.suffix"
          ]
        }
      ]
    },
    {
      "module": "module.s3",
      "mode": "managed",
      "type": "aws_s3_bucket_public_access_block",
      "name": "frontend",
      "provider": "provider[\"registry.terraform.io/hashicorp/aws\"]",
      "instances": [
        {
          "schema_version": 0,
          "attributes": {
            "block_public_acls": true,
            "block_public_policy": true,
            "bucket": "cloudshop-armando-frontend-4m32fo",
            "id": "cloudshop-armando-frontend-4m32fo",
            "ignore_public_acls": true,
            "restrict_public_buckets": true
          },
          "sensitive_attributes": [],
          "identity_schema_version": 0,
          "private": "bnVsbA==",
          "dependencies": [
            "module.s3.aws_s3_bucket.frontend",
            "module.s3.random_string.suffix"
          ]
        }
      ]
    },
    {
      "module": "module.s3",
      "mode": "managed",
      "type": "aws_s3_bucket_server_side_encryption_configuration",
      "name": "frontend",
      "provider": "provider[\"registry.terraform.io/hashicorp/aws\"]",
      "instances": [
        {
          "schema_version": 0,
          "attributes": {
            "bucket": "cloudshop-armando-frontend-4m32fo",
            "expected_bucket_owner": "",
            "id": "cloudshop-armando-frontend-4m32fo",
            "rule": [
              {
                "apply_server_side_encryption_by_default": [
                  {
                    "kms_master_key_id": "",
                    "sse_algorithm": "AES256"
                  }
                ],
                "bucket_key_enabled": false
              }
            ]
          },
          "sensitive_attributes": [],
          "identity_schema_version": 0,
          "private": "bnVsbA==",
          "dependencies": [
            "module.s3.aws_s3_bucket.frontend",
            "module.s3.random_string.suffix"
          ]
        }
      ]
    },
    {
      "module": "module.s3",
      "mode": "managed",
      "type": "aws_s3_bucket_versioning",
      "name": "frontend",
      "provider": "provider[\"registry.terraform.io/hashicorp/aws\"]",
      "instances": [
        {
          "schema_version": 0,
          "attributes": {
            "bucket": "cloudshop-armando-frontend-4m32fo",
            "expected_bucket_owner": "",
            "id": "cloudshop-armando-frontend-4m32fo",
            "mfa": null,
            "versioning_configuration": [
              {
                "mfa_delete": "",
                "status": "Enabled"
              }
            ]
          },
          "sensitive_attributes": [],
          "identity_schema_version": 0,
          "private": "bnVsbA==",
          "dependencies": [
            "module.s3.aws_s3_bucket.frontend",
            "module.s3.random_string.suffix"
          ]
        }
      ]
    },
    {
      "module": "module.s3",
      "mode": "managed",
      "type": "random_string",
      "name": "suffix",
      "provider": "provider[\"registry.terraform.io/hashicorp/random\"]",
      "instances": [
        {
          "schema_version": 2,
          "attributes": {
            "id": "4m32fo",
            "keepers": null,
            "length": 6,
            "lower": true,
            "min_lower": 0,
            "min_numeric": 0,
            "min_special": 0,
            "min_upper": 0,
            "number": true,
            "numeric": true,
            "override_special": null,
            "result": "4m32fo",
            "special": false,
            "upper": false
          },
          "sensitive_attributes": [],
          "identity_schema_version": 0
        }
      ]
    },
    {
      "module": "module.ses",
      "mode": "managed",
      "type": "aws_ses_email_identity",
      "name": "source",
      "provider": "provider[\"registry.terraform.io/hashicorp/aws\"]",
      "instances": [
        {
          "schema_version": 0,
          "attributes": {
            "arn": "arn:aws:ses:us-east-1:970290366615:identity/20245138cloudshop@esen.edu.sv",
            "email": "20245138cloudshop@esen.edu.sv",
            "id": "20245138cloudshop@esen.edu.sv"
          },
          "sensitive_attributes": [],
          "identity_schema_version": 0,
          "private": "bnVsbA=="
        }
      ]
    },
    {
      "module": "module.ses",
      "mode": "managed",
      "type": "aws_ses_template",
      "name": "order",
      "provider": "provider[\"registry.terraform.io/hashicorp/aws\"]",
      "instances": [
        {
          "schema_version": 0,
          "attributes": {
            "arn": "arn:aws:ses:us-east-1:970290366615:template/cloudshop-armando-order-template",
            "html": "\u003chtml\u003e\r\n  \u003cbody\u003e\r\n    \u003ch2\u003eConfirmación de pedido\u003c/h2\u003e\r\n    \u003cp\u003ePedido: \u003cstrong\u003e{{order_id}}\u003c/strong\u003e\u003c/p\u003e\r\n    \u003cp\u003eCliente: {{customer_id}}\u003c/p\u003e\r\n    \u003cp\u003eEstado: {{status}}\u003c/p\u003e\r\n    \u003cul\u003e\r\n      {{#each items}}\r\n      \u003cli\u003e{{this.product_id}} x{{this.quantity}} - ${{this.price}}\u003c/li\u003e\r\n      {{/each}}\r\n    \u003c/ul\u003e\r\n    \u003cp\u003eTotal: ${{total}}\u003c/p\u003e\r\n  \u003c/body\u003e\r\n\u003c/html\u003e\r\n",
            "id": "cloudshop-armando-order-template",
            "name": "cloudshop-armando-order-template",
            "subject": "CloudShop - Pedido {{order_id}}",
            "text": "Confirmación de pedido {{order_id}}\r\nCliente: {{customer_id}}\r\nEstado: {{status}}\r\nTotal: ${{total}}\r\n"
          },
          "sensitive_attributes": [],
          "identity_schema_version": 0,
          "private": "bnVsbA=="
        }
      ]
    },
    {
      "module": "module.ses",
      "mode": "managed",
      "type": "aws_ssm_parameter",
      "name": "cognito_user_pool_id",
      "provider": "provider[\"registry.terraform.io/hashicorp/aws\"]",
      "instances": [
        {
          "schema_version": 0,
          "attributes": {
            "allowed_pattern": "",
            "arn": "arn:aws:ssm:us-east-1:970290366615:parameter/app/cognito/user-pool-id",
            "data_type": "text",
            "description": "",
            "has_value_wo": null,
            "id": "/app/cognito/user-pool-id",
            "insecure_value": null,
            "key_id": "",
            "name": "/app/cognito/user-pool-id",
            "overwrite": null,
            "tags": {},
            "tags_all": {
              "Environment": "dev-armando",
              "ManagedBy": "Terraform",
              "Project": "CloudShop"
            },
            "tier": "Standard",
            "type": "String",
            "value": "us-east-1_s2wYaKTzb",
            "value_wo": null,
            "value_wo_version": null,
            "version": 1
          },
          "sensitive_attributes": [
            [
              {
                "type": "get_attr",
                "value": "value"
              }
            ],
            [
              {
                "type": "get_attr",
                "value": "value_wo"
              }
            ]
          ],
          "identity_schema_version": 0,
          "private": "bnVsbA==",
          "dependencies": [
            "module.cognito.aws_cognito_user_pool.users"
          ]
        }
      ]
    },
    {
      "module": "module.ses",
      "mode": "managed",
      "type": "aws_ssm_parameter",
      "name": "ses_source_email",
      "provider": "provider[\"registry.terraform.io/hashicorp/aws\"]",
      "instances": [
        {
          "schema_version": 0,
          "attributes": {
            "allowed_pattern": "",
            "arn": "arn:aws:ssm:us-east-1:970290366615:parameter/app/ses/source-email",
            "data_type": "text",
            "description": "",
            "has_value_wo": null,
            "id": "/app/ses/source-email",
            "insecure_value": null,
            "key_id": "",
            "name": "/app/ses/source-email",
            "overwrite": null,
            "tags": {},
            "tags_all": {
              "Environment": "dev-armando",
              "ManagedBy": "Terraform",
              "Project": "CloudShop"
            },
            "tier": "Standard",
            "type": "String",
            "value": "20245138cloudshop@esen.edu.sv",
            "value_wo": null,
            "value_wo_version": null,
            "version": 1
          },
          "sensitive_attributes": [
            [
              {
                "type": "get_attr",
                "value": "value"
              }
            ],
            [
              {
                "type": "get_attr",
                "value": "value_wo"
              }
            ]
          ],
          "identity_schema_version": 0,
          "private": "bnVsbA=="
        }
      ]
    },
    {
      "module": "module.ses",
      "mode": "managed",
      "type": "aws_ssm_parameter",
      "name": "ses_template_name",
      "provider": "provider[\"registry.terraform.io/hashicorp/aws\"]",
      "instances": [
        {
          "schema_version": 0,
          "attributes": {
            "allowed_pattern": "",
            "arn": "arn:aws:ssm:us-east-1:970290366615:parameter/app/ses/order-template-name",
            "data_type": "text",
            "description": "",
            "has_value_wo": null,
            "id": "/app/ses/order-template-name",
            "insecure_value": null,
            "key_id": "",
            "name": "/app/ses/order-template-name",
            "overwrite": null,
            "tags": {},
            "tags_all": {
              "Environment": "dev-armando",
              "ManagedBy": "Terraform",
              "Project": "CloudShop"
            },
            "tier": "Standard",
            "type": "String",
            "value": "cloudshop-armando-order-template",
            "value_wo": null,
            "value_wo_version": null,
            "version": 1
          },
          "sensitive_attributes": [
            [
              {
                "type": "get_attr",
                "value": "value"
              }
            ],
            [
              {
                "type": "get_attr",
                "value": "value_wo"
              }
            ]
          ],
          "identity_schema_version": 0,
          "private": "bnVsbA==",
          "dependencies": [
            "module.ses.aws_ses_template.order"
          ]
        }
      ]
    },
    {
      "module": "module.waf",
      "mode": "managed",
      "type": "aws_wafv2_web_acl",
      "name": "api",
      "provider": "provider[\"registry.terraform.io/hashicorp/aws\"]",
      "instances": [
        {
          "schema_version": 0,
          "attributes": {
            "application_integration_url": "",
            "arn": "arn:aws:wafv2:us-east-1:970290366615:regional/webacl/cloudshop-armando-api-waf/fb835a0f-4e0e-43e2-898c-54dd2f39647c",
            "association_config": [],
            "capacity": 902,
            "captcha_config": [],
            "challenge_config": [],
            "custom_response_body": [],
            "data_protection_config": [],
            "default_action": [
              {
                "allow": [
                  {
                    "custom_request_handling": []
                  }
                ],
                "block": []
              }
            ],
            "description": "",
            "id": "fb835a0f-4e0e-43e2-898c-54dd2f39647c",
            "lock_token": "2bad7467-6568-4e13-bd9f-2840d01efc2d",
            "name": "cloudshop-armando-api-waf",
            "name_prefix": "",
            "rule": [
              {
                "action": [
                  {
                    "allow": [],
                    "block": [
                      {
                        "custom_response": []
                      }
                    ],
                    "captcha": [],
                    "challenge": [],
                    "count": []
                  }
                ],
                "captcha_config": [],
                "challenge_config": [],
                "name": "RateLimit",
                "override_action": [],
                "priority": 3,
                "rule_label": [],
                "statement": [
                  {
                    "and_statement": [],
                    "asn_match_statement": [],
                    "byte_match_statement": [],
                    "geo_match_statement": [],
                    "ip_set_reference_statement": [],
                    "label_match_statement": [],
                    "managed_rule_group_statement": [],
                    "not_statement": [],
                    "or_statement": [],
                    "rate_based_statement": [
                      {
                        "aggregate_key_type": "IP",
                        "custom_key": [],
                        "evaluation_window_sec": 300,
                        "forwarded_ip_config": [],
                        "limit": 2000,
                        "scope_down_statement": []
                      }
                    ],
                    "regex_match_statement": [],
                    "regex_pattern_set_reference_statement": [],
                    "rule_group_reference_statement": [],
                    "size_constraint_statement": [],
                    "sqli_match_statement": [],
                    "xss_match_statement": []
                  }
                ],
                "visibility_config": [
                  {
                    "cloudwatch_metrics_enabled": true,
                    "metric_name": "cloudshop-armando-api-ratelimit",
                    "sampled_requests_enabled": true
                  }
                ]
              },
              {
                "action": [],
                "captcha_config": [],
                "challenge_config": [],
                "name": "AWSManagedRulesCommonRuleSet",
                "override_action": [
                  {
                    "count": [],
                    "none": [
                      {}
                    ]
                  }
                ],
                "priority": 1,
                "rule_label": [],
                "statement": [
                  {
                    "and_statement": [],
                    "asn_match_statement": [],
                    "byte_match_statement": [],
                    "geo_match_statement": [],
                    "ip_set_reference_statement": [],
                    "label_match_statement": [],
                    "managed_rule_group_statement": [
                      {
                        "managed_rule_group_configs": [],
                        "name": "AWSManagedRulesCommonRuleSet",
                        "rule_action_override": [],
                        "scope_down_statement": [],
                        "vendor_name": "AWS",
                        "version": ""
                      }
                    ],
                    "not_statement": [],
                    "or_statement": [],
                    "rate_based_statement": [],
                    "regex_match_statement": [],
                    "regex_pattern_set_reference_statement": [],
                    "rule_group_reference_statement": [],
                    "size_constraint_statement": [],
                    "sqli_match_statement": [],
                    "xss_match_statement": []
                  }
                ],
                "visibility_config": [
                  {
                    "cloudwatch_metrics_enabled": true,
                    "metric_name": "cloudshop-armando-api-common",
                    "sampled_requests_enabled": true
                  }
                ]
              },
              {
                "action": [],
                "captcha_config": [],
                "challenge_config": [],
                "name": "AWSManagedRulesKnownBadInputsRuleSet",
                "override_action": [
                  {
                    "count": [],
                    "none": [
                      {}
                    ]
                  }
                ],
                "priority": 2,
                "rule_label": [],
                "statement": [
                  {
                    "and_statement": [],
                    "asn_match_statement": [],
                    "byte_match_statement": [],
                    "geo_match_statement": [],
                    "ip_set_reference_statement": [],
                    "label_match_statement": [],
                    "managed_rule_group_statement": [
                      {
                        "managed_rule_group_configs": [],
                        "name": "AWSManagedRulesKnownBadInputsRuleSet",
                        "rule_action_override": [],
                        "scope_down_statement": [],
                        "vendor_name": "AWS",
                        "version": ""
                      }
                    ],
                    "not_statement": [],
                    "or_statement": [],
                    "rate_based_statement": [],
                    "regex_match_statement": [],
                    "regex_pattern_set_reference_statement": [],
                    "rule_group_reference_statement": [],
                    "size_constraint_statement": [],
                    "sqli_match_statement": [],
                    "xss_match_statement": []
                  }
                ],
                "visibility_config": [
                  {
                    "cloudwatch_metrics_enabled": true,
                    "metric_name": "cloudshop-armando-api-badinputs",
                    "sampled_requests_enabled": true
                  }
                ]
              }
            ],
            "rule_json": null,
            "scope": "REGIONAL",
            "tags": {},
            "tags_all": {
              "Environment": "dev-armando",
              "ManagedBy": "Terraform",
              "Project": "CloudShop"
            },
            "token_domains": [],
            "visibility_config": [
              {
                "cloudwatch_metrics_enabled": true,
                "metric_name": "cloudshop-armando-api-waf",
                "sampled_requests_enabled": true
              }
            ]
          },
          "sensitive_attributes": [],
          "identity_schema_version": 0,
          "private": "bnVsbA=="
        }
      ]
    },
    {
      "module": "module.waf",
      "mode": "managed",
      "type": "aws_wafv2_web_acl",
      "name": "cdn",
      "provider": "provider[\"registry.terraform.io/hashicorp/aws\"]",
      "instances": [
        {
          "schema_version": 0,
          "attributes": {
            "application_integration_url": "",
            "arn": "arn:aws:wafv2:us-east-1:970290366615:global/webacl/cloudshop-armando-cdn-waf/683952ad-d7be-4f3c-ae5d-767dc1a36686",
            "association_config": [],
            "capacity": 902,
            "captcha_config": [],
            "challenge_config": [],
            "custom_response_body": [],
            "data_protection_config": [],
            "default_action": [
              {
                "allow": [
                  {
                    "custom_request_handling": []
                  }
                ],
                "block": []
              }
            ],
            "description": "",
            "id": "683952ad-d7be-4f3c-ae5d-767dc1a36686",
            "lock_token": "ee0768e9-22d6-427d-aced-24e697d8af66",
            "name": "cloudshop-armando-cdn-waf",
            "name_prefix": "",
            "rule": [
              {
                "action": [
                  {
                    "allow": [],
                    "block": [
                      {
                        "custom_response": []
                      }
                    ],
                    "captcha": [],
                    "challenge": [],
                    "count": []
                  }
                ],
                "captcha_config": [],
                "challenge_config": [],
                "name": "RateLimit",
                "override_action": [],
                "priority": 3,
                "rule_label": [],
                "statement": [
                  {
                    "and_statement": [],
                    "asn_match_statement": [],
                    "byte_match_statement": [],
                    "geo_match_statement": [],
                    "ip_set_reference_statement": [],
                    "label_match_statement": [],
                    "managed_rule_group_statement": [],
                    "not_statement": [],
                    "or_statement": [],
                    "rate_based_statement": [
                      {
                        "aggregate_key_type": "IP",
                        "custom_key": [],
                        "evaluation_window_sec": 300,
                        "forwarded_ip_config": [],
                        "limit": 2000,
                        "scope_down_statement": []
                      }
                    ],
                    "regex_match_statement": [],
                    "regex_pattern_set_reference_statement": [],
                    "rule_group_reference_statement": [],
                    "size_constraint_statement": [],
                    "sqli_match_statement": [],
                    "xss_match_statement": []
                  }
                ],
                "visibility_config": [
                  {
                    "cloudwatch_metrics_enabled": true,
                    "metric_name": "cloudshop-armando-cdn-ratelimit",
                    "sampled_requests_enabled": true
                  }
                ]
              },
              {
                "action": [],
                "captcha_config": [],
                "challenge_config": [],
                "name": "AWSManagedRulesCommonRuleSet",
                "override_action": [
                  {
                    "count": [],
                    "none": [
                      {}
                    ]
                  }
                ],
                "priority": 1,
                "rule_label": [],
                "statement": [
                  {
                    "and_statement": [],
                    "asn_match_statement": [],
                    "byte_match_statement": [],
                    "geo_match_statement": [],
                    "ip_set_reference_statement": [],
                    "label_match_statement": [],
                    "managed_rule_group_statement": [
                      {
                        "managed_rule_group_configs": [],
                        "name": "AWSManagedRulesCommonRuleSet",
                        "rule_action_override": [],
                        "scope_down_statement": [],
                        "vendor_name": "AWS",
                        "version": ""
                      }
                    ],
                    "not_statement": [],
                    "or_statement": [],
                    "rate_based_statement": [],
                    "regex_match_statement": [],
                    "regex_pattern_set_reference_statement": [],
                    "rule_group_reference_statement": [],
                    "size_constraint_statement": [],
                    "sqli_match_statement": [],
                    "xss_match_statement": []
                  }
                ],
                "visibility_config": [
                  {
                    "cloudwatch_metrics_enabled": true,
                    "metric_name": "cloudshop-armando-cdn-common",
                    "sampled_requests_enabled": true
                  }
                ]
              },
              {
                "action": [],
                "captcha_config": [],
                "challenge_config": [],
                "name": "AWSManagedRulesKnownBadInputsRuleSet",
                "override_action": [
                  {
                    "count": [],
                    "none": [
                      {}
                    ]
                  }
                ],
                "priority": 2,
                "rule_label": [],
                "statement": [
                  {
                    "and_statement": [],
                    "asn_match_statement": [],
                    "byte_match_statement": [],
                    "geo_match_statement": [],
                    "ip_set_reference_statement": [],
                    "label_match_statement": [],
                    "managed_rule_group_statement": [
                      {
                        "managed_rule_group_configs": [],
                        "name": "AWSManagedRulesKnownBadInputsRuleSet",
                        "rule_action_override": [],
                        "scope_down_statement": [],
                        "vendor_name": "AWS",
                        "version": ""
                      }
                    ],
                    "not_statement": [],
                    "or_statement": [],
                    "rate_based_statement": [],
                    "regex_match_statement": [],
                    "regex_pattern_set_reference_statement": [],
                    "rule_group_reference_statement": [],
                    "size_constraint_statement": [],
                    "sqli_match_statement": [],
                    "xss_match_statement": []
                  }
                ],
                "visibility_config": [
                  {
                    "cloudwatch_metrics_enabled": true,
                    "metric_name": "cloudshop-armando-cdn-badinputs",
                    "sampled_requests_enabled": true
                  }
                ]
              }
            ],
            "rule_json": null,
            "scope": "CLOUDFRONT",
            "tags": {},
            "tags_all": {
              "Environment": "dev-armando",
              "ManagedBy": "Terraform",
              "Project": "CloudShop"
            },
            "token_domains": [],
            "visibility_config": [
              {
                "cloudwatch_metrics_enabled": true,
                "metric_name": "cloudshop-armando-cdn-waf",
                "sampled_requests_enabled": true
              }
            ]
          },
          "sensitive_attributes": [],
          "identity_schema_version": 0,
          "private": "bnVsbA=="
        }
      ]
    },
    {
      "module": "module.waf",
      "mode": "managed",
      "type": "aws_wafv2_web_acl_association",
      "name": "api",
      "provider": "provider[\"registry.terraform.io/hashicorp/aws\"]",
      "instances": [
        {
          "schema_version": 0,
          "attributes": {
            "id": "arn:aws:wafv2:us-east-1:970290366615:regional/webacl/cloudshop-armando-api-waf/fb835a0f-4e0e-43e2-898c-54dd2f39647c,arn:aws:apigateway:us-east-1::/restapis/pe5etk8on8/stages/dev-armando",
            "resource_arn": "arn:aws:apigateway:us-east-1::/restapis/pe5etk8on8/stages/dev-armando",
            "timeouts": null,
            "web_acl_arn": "arn:aws:wafv2:us-east-1:970290366615:regional/webacl/cloudshop-armando-api-waf/fb835a0f-4e0e-43e2-898c-54dd2f39647c"
          },
          "sensitive_attributes": [],
          "identity_schema_version": 0,
          "private": "eyJlMmJmYjczMC1lY2FhLTExZTYtOGY4OC0zNDM2M2JjN2M0YzAiOnsiY3JlYXRlIjo2MDAwMDAwMDAwMDB9fQ==",
          "dependencies": [
            "module.api_gateway.aws_api_gateway_authorizer.cognito",
            "module.api_gateway.aws_api_gateway_deployment.this",
            "module.api_gateway.aws_api_gateway_integration.options",
            "module.api_gateway.aws_api_gateway_integration.route",
            "module.api_gateway.aws_api_gateway_integration_response.options",
            "module.api_gateway.aws_api_gateway_method.options",
            "module.api_gateway.aws_api_gateway_method.route",
            "module.api_gateway.aws_api_gateway_method_response.options",
            "module.api_gateway.aws_api_gateway_resource.audit",
            "module.api_gateway.aws_api_gateway_resource.carts",
            "module.api_gateway.aws_api_gateway_resource.carts_id",
            "module.api_gateway.aws_api_gateway_resource.carts_id_products",
            "module.api_gateway.aws_api_gateway_resource.carts_id_products_id",
            "module.api_gateway.aws_api_gateway_resource.dashboard",
            "module.api_gateway.aws_api_gateway_resource.orders",
            "module.api_gateway.aws_api_gateway_resource.orders_id",
            "module.api_gateway.aws_api_gateway_resource.products",
            "module.api_gateway.aws_api_gateway_resource.products_id",
            "module.api_gateway.aws_api_gateway_resource.registrations",
            "module.api_gateway.aws_api_gateway_resource.stores",
            "module.api_gateway.aws_api_gateway_resource.stores_id",
            "module.api_gateway.aws_api_gateway_resource.users",
            "module.api_gateway.aws_api_gateway_resource.users_id",
            "module.api_gateway.aws_api_gateway_rest_api.this",
            "module.api_gateway.aws_api_gateway_stage.this",
            "module.cognito.aws_cognito_user_pool.users",
            "module.dynamodb.aws_dynamodb_table.audit",
            "module.dynamodb.aws_dynamodb_table.carts",
            "module.dynamodb.aws_dynamodb_table.orders",
            "module.dynamodb.aws_dynamodb_table.products",
            "module.dynamodb.aws_dynamodb_table.stores",
            "module.iam.aws_iam_role.audit",
            "module.iam.aws_iam_role.carts",
            "module.iam.aws_iam_role.dashboard",
            "module.iam.aws_iam_role.notifications",
            "module.iam.aws_iam_role.orders",
            "module.iam.aws_iam_role.products",
            "module.iam.aws_iam_role.stores",
            "module.iam.aws_iam_role.users",
            "module.iam.data.aws_iam_policy_document.lambda_assume_role",
            "module.lambdas.aws_cloudwatch_log_group.this",
            "module.lambdas.aws_lambda_function.this",
            "module.lambdas.data.archive_file.this",
            "module.lambdas.null_resource.copy_utils",
            "module.waf.aws_wafv2_web_acl.api"
          ]
        }
      ]
    }
  ],
  "check_results": null
}
